{
  "version": 4,
  "terraform_version": "0.13.5",
  "serial": 815,
  "lineage": "8bdcdc8f-3b4a-3fc0-78df-7488f141e349",
  "outputs": {},
  "resources": [
    {
      "module": "module.acm",
      "mode": "managed",
      "type": "aws_acm_certificate",
      "name": "web_cert",
      "provider": "provider[\"registry.terraform.io/hashicorp/aws\"]",
      "instances": [
        {
          "schema_version": 0,
          "attributes": {
            "arn": "arn:aws:acm:us-east-1:273259652503:certificate/725c90de-119b-4b35-9b3a-6bbf83897309",
            "certificate_authority_arn": "",
            "certificate_body": "-----BEGIN CERTIFICATE-----\r\nMIIJFTCCB/2gAwIBAgIQBKhnjPAnP+NEcGWt86It4zANBgkqhkiG9w0BAQsFADBP\r\nMQswCQYDVQQGEwJVUzEVMBMGA1UEChMMRGlnaUNlcnQgSW5jMSkwJwYDVQQDEyBE\r\naWdpQ2VydCBUTFMgUlNBIFNIQTI1NiAyMDIwIENBMTAeFw0yMTA2MjUwMDAwMDBa\r\nFw0yMjA2MzAyMzU5NTlaMH0xCzAJBgNVBAYTAlVTMREwDwYDVQQIEwhOZXcgWW9y\r\nazERMA8GA1UEBxMITmV3IFlvcmsxITAfBgNVBAoTGFN0YXRlIFN0cmVldCBDb3Jw\r\nb3JhdGlvbjElMCMGA1UEAxMcc2VhaG9yc2UtdWF0Mi5nbG9iYWxsaW5rLmNvbTCC\r\nASIwDQYJKoZIhvcNAQEBBQADggEPADCCAQoCggEBAKaicK+FghWKG4YfBEBrpETV\r\n4Ngn4MoGm8YF70r/he7rT3Ndw//LsSDHGOSkDTtgaR4NailKi5kpNDRmZgvOo+N9\r\nzsNx4RGr9SrGuMKUqPPy7VhbHOsneDPgCezGueIZn6p3BcU/atUS1ZUshmbRXGBA\r\n6BsbnvOBHukwDpLGlJzbhX2OllEfjesI2tC7PFRgwvGrNfY8XdEAVh02Q5Hk9Lp5\r\nYXFFTHmUtAVnNe8KHcHu0hmQ2EZBuOcL/6KamFegUTfjDMAAvbeoKezYgiXjY7Ld\r\n8QQdlyElrl9DRYNKame8lsGmOJQmfsqKQITazMH/7LXAXhzL28Xn0lQgbgdxmcMC\r\nAwEAAaOCBb0wggW5MB8GA1UdIwQYMBaAFLdrouqoqoSMeeq02g+YssWVdrn0MB0G\r\nA1UdDgQWBBTMla/z4F60Etpe8wgT7kGKeYhduDCCAmIGA1UdEQSCAlkwggJVghxz\r\nZWFob3JzZS11YXQyLmdsb2JhbGxpbmsuY29tgiZzdG9yeWJvb2suc2VhaG9yc2Ut\r\ndWF0Mi5nbG9iYWxsaW5rLmNvbYIhZG9jcy5zZWFob3JzZS11YXQyLmdsb2JhbGxp\r\nbmsuY29tgiZjb250YWluZXIuc2VhaG9yc2UtdWF0Mi5nbG9iYWxsaW5rLmNvbYIk\r\nc3RyZWFtcy5zZWFob3JzZS11YXQyLmdsb2JhbGxpbmsuY29tgiN3ZWJhcGkuc2Vh\r\naG9yc2UtdWF0Mi5nbG9iYWxsaW5rLmNvbYIlYWRtaW5hcGkuc2VhaG9yc2UtdWF0\r\nMi5nbG9iYWxsaW5rLmNvbYIkZXhhbXBsZS5zZWFob3JzZS11YXQyLmdsb2JhbGxp\r\nbmsuY29tgidzaW1wbGUtYXBwLnNlYWhvcnNlLXVhdDIuZ2xvYmFsbGluay5jb22C\r\nIWF1dGguc2VhaG9yc2UtdWF0Mi5nbG9iYWxsaW5rLmNvbYIgd2ViLnNlYWhvcnNl\r\nLXVhdDIuZ2xvYmFsbGluay5jb22CIGFwaS5zZWFob3JzZS11YXQyLmdsb2JhbGxp\r\nbmsuY29tgidkb2N1c2F1cnVzLnNlYWhvcnNlLXVhdDIuZ2xvYmFsbGluay5jb22C\r\nJGZ4cmF0ZXMuc2VhaG9yc2UtdWF0Mi5nbG9iYWxsaW5rLmNvbYInZnhyYXRlc2Fw\r\naS5zZWFob3JzZS11YXQyLmdsb2JhbGxpbmsuY29tgiJsb2dpbi5zZWFob3JzZS11\r\nYXQyLmdsb2JhbGxpbmsuY29tMA4GA1UdDwEB/wQEAwIFoDAdBgNVHSUEFjAUBggr\r\nBgEFBQcDAQYIKwYBBQUHAwIwgY8GA1UdHwSBhzCBhDBAoD6gPIY6aHR0cDovL2Ny\r\nbDMuZGlnaWNlcnQuY29tL0RpZ2lDZXJ0VExTUlNBU0hBMjU2MjAyMENBMS0xLmNy\r\nbDBAoD6gPIY6aHR0cDovL2NybDQuZGlnaWNlcnQuY29tL0RpZ2lDZXJ0VExTUlNB\r\nU0hBMjU2MjAyMENBMS0xLmNybDA+BgNVHSAENzA1MDMGBmeBDAECAjApMCcGCCsG\r\nAQUFBwIBFhtodHRwOi8vd3d3LmRpZ2ljZXJ0LmNvbS9DUFMwfwYIKwYBBQUHAQEE\r\nczBxMCQGCCsGAQUFBzABhhhodHRwOi8vb2NzcC5kaWdpY2VydC5jb20wSQYIKwYB\r\nBQUHMAKGPWh0dHA6Ly9jYWNlcnRzLmRpZ2ljZXJ0LmNvbS9EaWdpQ2VydFRMU1JT\r\nQVNIQTI1NjIwMjBDQTEtMS5jcnQwDAYDVR0TAQH/BAIwADCCAX8GCisGAQQB1nkC\r\nBAIEggFvBIIBawFpAHYAKXm+8J45OSHwVnOfY6V35b5XfZxgCvj5TV0mXCVdx4QA\r\nAAF6Qy9GvgAABAMARzBFAiEAuxqcsttbms6qYT1zmlQrvxhIgCZcUfSSDd7FyUsp\r\nX9ICIFVJige6DSsQGlRoNm5AqGX6sCHRsS0xEqB4fuEuTnygAHYAIkVFB1lVJFaW\r\nP6Ev8fdthuAjJmOtwEt/XcaDXG7iDwIAAAF6Qy9GzAAABAMARzBFAiBIXFLFaeZq\r\nJ0/i8sNlL35s8KQmmOX7gVS9cF1Xygn25wIhAJf0HXE6PdYkdg+8hO7hONTtZ8Sr\r\nwvaXi07/pPIxNVzyAHcAQcjKsd8iRkoQxqE6CUKHXk4xixsD6+tLx2jwkGKWBvYA\r\nAAF6Qy9G6wAABAMASDBGAiEAjeGDObXJdHoD3669zAivBo8TgZAYZMDGTFxhMT/x\r\nW/wCIQDIA15rCS2DLG2I2qD4pgF7IYajtUFn87d4EkNysCkJ/jANBgkqhkiG9w0B\r\nAQsFAAOCAQEACEs0KowciQ86bhtvXr35/WSVV1KJFMSUhKdEXKc+y3LQJ9PXiRsU\r\nFJXvIkDoPALQnOD4D8zU6KvDci5K28dBkpptoFiG7BuCS0HZFFHU/SZGwy6lYLSu\r\nkAYrFOSOCJgNEVU50KuEwK6Cj8JJY23jpR5hoVGokbmOBhuSrUCbTwrWwwinpjvF\r\ndAbKFGzttB4SN1jlwz4jfqk0GnJGSbkxyuqadd4qUG6z0ofZlSLeqJYzISO8J3WH\r\n/ILnfYfO4pbJnS0atX0rWAInuZ/k52ItneeGuxI0PT+lHJpYhGwutxv9EGSacrM/\r\nOgNvEIG1RHvxcZ2EAIT0l0G2+Y8Bn0408g==\r\n-----END CERTIFICATE-----\r\n",
            "certificate_chain": "-----BEGIN CERTIFICATE-----\r\nMIIEvjCCA6agAwIBAgIQBtjZBNVYQ0b2ii+nVCJ+xDANBgkqhkiG9w0BAQsFADBh\r\nMQswCQYDVQQGEwJVUzEVMBMGA1UEChMMRGlnaUNlcnQgSW5jMRkwFwYDVQQLExB3\r\nd3cuZGlnaWNlcnQuY29tMSAwHgYDVQQDExdEaWdpQ2VydCBHbG9iYWwgUm9vdCBD\r\nQTAeFw0yMTA0MTQwMDAwMDBaFw0zMTA0MTMyMzU5NTlaME8xCzAJBgNVBAYTAlVT\r\nMRUwEwYDVQQKEwxEaWdpQ2VydCBJbmMxKTAnBgNVBAMTIERpZ2lDZXJ0IFRMUyBS\r\nU0EgU0hBMjU2IDIwMjAgQ0ExMIIBIjANBgkqhkiG9w0BAQEFAAOCAQ8AMIIBCgKC\r\nAQEAwUuzZUdwvN1PWNvsnO3DZuUfMRNUrUpmRh8sCuxkB+Uu3Ny5CiDt3+PE0J6a\r\nqXodgojlEVbbHp9YwlHnLDQNLtKS4VbL8Xlfs7uHyiUDe5pSQWYQYE9XE0nw6Ddn\r\ng9/n00tnTCJRpt8OmRDtV1F0JuJ9x8piLhMbfyOIJVNvwTRYAIuE//i+p1hJInuW\r\nraKImxW8oHzf6VGo1bDtN+I2tIJLYrVJmuzHZ9bjPvXj1hJeRPG/cUJ9WIQDgLGB\r\nAfr5yjK7tI4nhyfFK3TUqNaX3sNk+crOU6JWvHgXjkkDKa77SU+kFbnO8lwZV21r\r\neacroicgE7XQPUDTITAHk+qZ9QIDAQABo4IBgjCCAX4wEgYDVR0TAQH/BAgwBgEB\r\n/wIBADAdBgNVHQ4EFgQUt2ui6qiqhIx56rTaD5iyxZV2ufQwHwYDVR0jBBgwFoAU\r\nA95QNVbRTLtm8KPiGxvDl7I90VUwDgYDVR0PAQH/BAQDAgGGMB0GA1UdJQQWMBQG\r\nCCsGAQUFBwMBBggrBgEFBQcDAjB2BggrBgEFBQcBAQRqMGgwJAYIKwYBBQUHMAGG\r\nGGh0dHA6Ly9vY3NwLmRpZ2ljZXJ0LmNvbTBABggrBgEFBQcwAoY0aHR0cDovL2Nh\r\nY2VydHMuZGlnaWNlcnQuY29tL0RpZ2lDZXJ0R2xvYmFsUm9vdENBLmNydDBCBgNV\r\nHR8EOzA5MDegNaAzhjFodHRwOi8vY3JsMy5kaWdpY2VydC5jb20vRGlnaUNlcnRH\r\nbG9iYWxSb290Q0EuY3JsMD0GA1UdIAQ2MDQwCwYJYIZIAYb9bAIBMAcGBWeBDAEB\r\nMAgGBmeBDAECATAIBgZngQwBAgIwCAYGZ4EMAQIDMA0GCSqGSIb3DQEBCwUAA4IB\r\nAQCAMs5eC91uWg0Kr+HWhMvAjvqFcO3aXbMM9yt1QP6FCvrzMXi3cEsaiVi6gL3z\r\nax3pfs8LulicWdSQ0/1s/dCYbbdxglvPbQtaCdB73sRD2Cqk3p5BJl+7j5nL3a7h\r\nqG+fh/50tx8bIKuxT8b1Z11dmzzp/2n3YWzW2fP9NsarA4h20ksudYbj/NhVfSbC\r\nEXffPgK2fPOre3qGNm+499iTcc+G33Mw+nur7SpZyEKEOxEXGlLzyQ4UfaJbcme6\r\nce1XR2bFuAJKZTRei9AqPCCcUZlM51Ke92sRKw2Sfh3oius2FkOH6ipjv3U/697E\r\nA7sKPPcw7+uvTPyLNhBzPvOk\r\n-----END CERTIFICATE-----\r\n",
            "domain_name": "seahorse-uat2.globallink.com",
            "domain_validation_options": [],
            "id": "arn:aws:acm:us-east-1:273259652503:certificate/725c90de-119b-4b35-9b3a-6bbf83897309",
            "options": [
              {
                "certificate_transparency_logging_preference": "DISABLED"
              }
            ],
            "private_key": "-----BEGIN PRIVATE KEY-----\nMIIEvgIBADANBgkqhkiG9w0BAQEFAASCBKgwggSkAgEAAoIBAQCmonCvhYIVihuG\nHwRAa6RE1eDYJ+DKBpvGBe9K/4Xu609zXcP/y7EgxxjkpA07YGkeDWopSouZKTQ0\nZmYLzqPjfc7DceERq/UqxrjClKjz8u1YWxzrJ3gz4AnsxrniGZ+qdwXFP2rVEtWV\nLIZm0VxgQOgbG57zgR7pMA6SxpSc24V9jpZRH43rCNrQuzxUYMLxqzX2PF3RAFYd\nNkOR5PS6eWFxRUx5lLQFZzXvCh3B7tIZkNhGQbjnC/+imphXoFE34wzAAL23qCns\n2IIl42Oy3fEEHZchJa5fQ0WDSmpnvJbBpjiUJn7KikCE2szB/+y1wF4cy9vF59JU\nIG4HcZnDAgMBAAECggEAQlLjcSk9lp8qx15vDckKUA+k98Qfl6m7tLzF+t7riyYD\nsJKAob6MWNSGFvMpBRohnMGQILE4ERUyXyzmrwpndvOrKWWZRLRh183S2jfba4Wk\nbIePYhWKpXMl4CVU9SZnw6yuEk1kkzx04HQhZqksEG+lMqzyvk8FY6EqG8eIfUnK\nM3bgbAPmPz9K2/YIoj0JDx3seyZTvTCSh6jJSqSYmKif580iT0b5040HTUFD2PkJ\nofwGj0Jb2AqomaqgTGWmWwqRmcDUGdWlHJV0IWsQbskqzLxhGBBAkKq9rykFem9q\nu0OBZutBLU1j/Gz2GK5pdZFBt7nDaVSknpZ49Pi50QKBgQDW6lR0TScIZogItc2c\nRZnw6rQc9dXYdE5T703FzzLl/3NZXz5AY83bTLk6NpxXyAIL4I4mZIUfdcKDfacT\nocVNbtpnOVAhLgKbANxVXQXnFo3cgCH3YatOTTHBjlGC0DAiTSJrjdq5UuTXR2SW\noSYq0+EsVAs5cinMoVsqrRzqKQKBgQDGfU++nB/9vQ5vy5AZ4wxjsil6K4F4smYH\n3oThAYk/kBg7KIVfcRWD36SVNa4iDK5DNudjA1xK/CQx6tcEyKPhu8aU7+wEeNPw\nqu6OSeYOT85mrg3XMW+DxmOd0+lc2xcRMuLGYFVoZ6dIYmcGIZdsNKgEWGBs6IDf\nDFo8Pjx6CwKBgQCPWepPUQ8SGWHvfWTSMdLG0aamEow7PwjoD5zurpAivctw94iM\nZoXvGzQJ0ldibfR/e58VmML7Aw9lqbCB9cunJKPlamM6Xng6b86H2e6P/4lMZOND\nIRCkv/TKSGWyPa99kbm9x/b22oXt2p8Loh3VP1LYwI5kGPQsnAw1YRcCUQKBgDP5\nkk0eQr5FqCccDcLJkm/0sim8hK2fQVpkKTVmGpNbXwz2ol4IlZKvmEA+Czf9TBBr\nqxFhSuSTu8KadO1awJcWfXx4irvtC8pkaA04SpaKzUhT4WntFv9RjrpASEY5VIP7\naCh8B0FMiyBILCQN3cHG1Aw3PCCojT5a1LIbtehbAoGBAMJ5F1vKxOoWXOIs9PRX\n8YtyzIM7LpA+2M6/EjynRrR1pNvVh44vx6ajGshHuzVGtVkoXOO77tW0HCJB4XiN\n/5zfkMe2cPnzVcl5O+m+indsY49sDLLWIh9my2+N9GQjWEQU7ieNPK9xU5ocdggN\nlEEmZ/zxt2DvzYGmoTPn7Ord\n-----END PRIVATE KEY-----\n",
            "status": "ISSUED",
            "subject_alternative_names": [
              "adminapi.seahorse-uat2.globallink.com",
              "api.seahorse-uat2.globallink.com",
              "auth.seahorse-uat2.globallink.com",
              "container.seahorse-uat2.globallink.com",
              "docs.seahorse-uat2.globallink.com",
              "docusaurus.seahorse-uat2.globallink.com",
              "example.seahorse-uat2.globallink.com",
              "fxrates.seahorse-uat2.globallink.com",
              "fxratesapi.seahorse-uat2.globallink.com",
              "login.seahorse-uat2.globallink.com",
              "simple-app.seahorse-uat2.globallink.com",
              "storybook.seahorse-uat2.globallink.com",
              "streams.seahorse-uat2.globallink.com",
              "web.seahorse-uat2.globallink.com",
              "webapi.seahorse-uat2.globallink.com"
            ],
            "tags": null,
            "validation_emails": [],
            "validation_method": "NONE"
          },
          "private": "bnVsbA=="
        }
      ]
    },
    {
      "module": "module.admin_lambdas",
      "mode": "managed",
      "type": "aws_cloudwatch_event_rule",
      "name": "app_definition_ping",
      "provider": "provider[\"registry.terraform.io/hashicorp/aws\"]",
      "instances": [
        {
          "schema_version": 0,
          "attributes": {
            "arn": "arn:aws:events:us-east-1:273259652503:rule/app_definition_ping",
            "description": "Pings app definition lambdas every one minute",
            "event_bus_name": "default",
            "event_pattern": null,
            "id": "app_definition_ping",
            "is_enabled": true,
            "name": "app_definition_ping",
            "name_prefix": "",
            "role_arn": "",
            "schedule_expression": "rate(1 minute)",
            "tags": null
          },
          "private": "bnVsbA=="
        }
      ]
    },
    {
      "module": "module.admin_lambdas",
      "mode": "managed",
      "type": "aws_cloudwatch_event_rule",
      "name": "user_preference_ping",
      "provider": "provider[\"registry.terraform.io/hashicorp/aws\"]",
      "instances": [
        {
          "schema_version": 0,
          "attributes": {
            "arn": "arn:aws:events:us-east-1:273259652503:rule/user_preference_ping",
            "description": "Pings user preference lambdas every one minute",
            "event_bus_name": "default",
            "event_pattern": null,
            "id": "user_preference_ping",
            "is_enabled": true,
            "name": "user_preference_ping",
            "name_prefix": "",
            "role_arn": "",
            "schedule_expression": "rate(1 minute)",
            "tags": null
          },
          "private": "bnVsbA=="
        }
      ]
    },
    {
      "module": "module.admin_lambdas",
      "mode": "managed",
      "type": "aws_cloudwatch_event_target",
      "name": "ping_create_preference_lambda",
      "provider": "provider[\"registry.terraform.io/hashicorp/aws\"]",
      "instances": [
        {
          "schema_version": 1,
          "attributes": {
            "arn": "arn:aws:lambda:us-east-1:273259652503:function:SaveUserPreference",
            "batch_target": [],
            "dead_letter_config": [],
            "ecs_target": [],
            "event_bus_name": "default",
            "id": "user_preference_ping-create-preference-ping",
            "input": "",
            "input_path": "",
            "input_transformer": [],
            "kinesis_target": [],
            "retry_policy": [],
            "role_arn": "",
            "rule": "user_preference_ping",
            "run_command_targets": [],
            "sqs_target": [],
            "target_id": "create-preference-ping"
          },
          "private": "eyJzY2hlbWFfdmVyc2lvbiI6IjEifQ==",
          "dependencies": [
            "module.admin_lambdas.aws_cloudwatch_event_rule.user_preference_ping",
            "module.admin_lambdas.aws_iam_role.seahorse_iam_role_for_lambdas",
            "module.admin_lambdas.aws_lambda_function.CreatePreferenceLambda"
          ]
        }
      ]
    },
    {
      "module": "module.admin_lambdas",
      "mode": "managed",
      "type": "aws_cloudwatch_event_target",
      "name": "ping_delete_lambda",
      "provider": "provider[\"registry.terraform.io/hashicorp/aws\"]",
      "instances": [
        {
          "schema_version": 1,
          "attributes": {
            "arn": "arn:aws:lambda:us-east-1:273259652503:function:DeleteRegisteredComponent",
            "batch_target": [],
            "dead_letter_config": [],
            "ecs_target": [],
            "event_bus_name": "default",
            "id": "app_definition_ping-delete-ping",
            "input": "",
            "input_path": "",
            "input_transformer": [],
            "kinesis_target": [],
            "retry_policy": [],
            "role_arn": "",
            "rule": "app_definition_ping",
            "run_command_targets": [],
            "sqs_target": [],
            "target_id": "delete-ping"
          },
          "private": "eyJzY2hlbWFfdmVyc2lvbiI6IjEifQ==",
          "dependencies": [
            "module.admin_lambdas.aws_cloudwatch_event_rule.app_definition_ping",
            "module.admin_lambdas.aws_iam_role.seahorse_iam_role_for_lambdas",
            "module.admin_lambdas.aws_lambda_function.DeleteRegisteredComponent"
          ]
        }
      ]
    },
    {
      "module": "module.admin_lambdas",
      "mode": "managed",
      "type": "aws_cloudwatch_event_target",
      "name": "ping_delete_preference",
      "provider": "provider[\"registry.terraform.io/hashicorp/aws\"]",
      "instances": [
        {
          "schema_version": 1,
          "attributes": {
            "arn": "arn:aws:lambda:us-east-1:273259652503:function:DeleteUserPreference",
            "batch_target": [],
            "dead_letter_config": [],
            "ecs_target": [],
            "event_bus_name": "default",
            "id": "user_preference_ping-delete-preference",
            "input": "",
            "input_path": "",
            "input_transformer": [],
            "kinesis_target": [],
            "retry_policy": [],
            "role_arn": "",
            "rule": "user_preference_ping",
            "run_command_targets": [],
            "sqs_target": [],
            "target_id": "delete-preference"
          },
          "private": "eyJzY2hlbWFfdmVyc2lvbiI6IjEifQ==",
          "dependencies": [
            "module.admin_lambdas.aws_cloudwatch_event_rule.user_preference_ping",
            "module.admin_lambdas.aws_iam_role.seahorse_iam_role_for_lambdas",
            "module.admin_lambdas.aws_lambda_function.DeletePreferenceLambda"
          ]
        }
      ]
    },
    {
      "module": "module.admin_lambdas",
      "mode": "managed",
      "type": "aws_cloudwatch_event_target",
      "name": "ping_get_lambda",
      "provider": "provider[\"registry.terraform.io/hashicorp/aws\"]",
      "instances": [
        {
          "schema_version": 1,
          "attributes": {
            "arn": "arn:aws:lambda:us-east-1:273259652503:function:GetRegisteredComponents",
            "batch_target": [],
            "dead_letter_config": [],
            "ecs_target": [],
            "event_bus_name": "default",
            "id": "app_definition_ping-get-ping",
            "input": "",
            "input_path": "",
            "input_transformer": [],
            "kinesis_target": [],
            "retry_policy": [],
            "role_arn": "",
            "rule": "app_definition_ping",
            "run_command_targets": [],
            "sqs_target": [],
            "target_id": "get-ping"
          },
          "private": "eyJzY2hlbWFfdmVyc2lvbiI6IjEifQ==",
          "dependencies": [
            "module.admin_lambdas.aws_cloudwatch_event_rule.app_definition_ping",
            "module.admin_lambdas.aws_iam_role.seahorse_iam_role_for_lambdas",
            "module.admin_lambdas.aws_lambda_function.GetRegisteredComponents"
          ]
        }
      ]
    },
    {
      "module": "module.admin_lambdas",
      "mode": "managed",
      "type": "aws_cloudwatch_event_target",
      "name": "ping_get_preference",
      "provider": "provider[\"registry.terraform.io/hashicorp/aws\"]",
      "instances": [
        {
          "schema_version": 1,
          "attributes": {
            "arn": "arn:aws:lambda:us-east-1:273259652503:function:GetUserPreference",
            "batch_target": [],
            "dead_letter_config": [],
            "ecs_target": [],
            "event_bus_name": "default",
            "id": "user_preference_ping-get-preference",
            "input": "",
            "input_path": "",
            "input_transformer": [],
            "kinesis_target": [],
            "retry_policy": [],
            "role_arn": "",
            "rule": "user_preference_ping",
            "run_command_targets": [],
            "sqs_target": [],
            "target_id": "get-preference"
          },
          "private": "eyJzY2hlbWFfdmVyc2lvbiI6IjEifQ==",
          "dependencies": [
            "module.admin_lambdas.aws_cloudwatch_event_rule.user_preference_ping",
            "module.admin_lambdas.aws_iam_role.seahorse_iam_role_for_lambdas",
            "module.admin_lambdas.aws_lambda_function.GetPreferenceLambda"
          ]
        }
      ]
    },
    {
      "module": "module.admin_lambdas",
      "mode": "managed",
      "type": "aws_cloudwatch_event_target",
      "name": "ping_register_lambda",
      "provider": "provider[\"registry.terraform.io/hashicorp/aws\"]",
      "instances": [
        {
          "schema_version": 1,
          "attributes": {
            "arn": "arn:aws:lambda:us-east-1:273259652503:function:RegisterComponent",
            "batch_target": [],
            "dead_letter_config": [],
            "ecs_target": [],
            "event_bus_name": "default",
            "id": "app_definition_ping-register-ping",
            "input": "",
            "input_path": "",
            "input_transformer": [],
            "kinesis_target": [],
            "retry_policy": [],
            "role_arn": "",
            "rule": "app_definition_ping",
            "run_command_targets": [],
            "sqs_target": [],
            "target_id": "register-ping"
          },
          "private": "eyJzY2hlbWFfdmVyc2lvbiI6IjEifQ==",
          "dependencies": [
            "module.admin_lambdas.aws_cloudwatch_event_rule.app_definition_ping",
            "module.admin_lambdas.aws_iam_role.seahorse_iam_role_for_lambdas",
            "module.admin_lambdas.aws_lambda_function.RegisterComponentLambda"
          ]
        }
      ]
    },
    {
      "module": "module.admin_lambdas",
      "mode": "managed",
      "type": "aws_iam_policy",
      "name": "create_definition_lambdas_exec_policy",
      "provider": "provider[\"registry.terraform.io/hashicorp/aws\"]",
      "instances": [
        {
          "schema_version": 0,
          "attributes": {
            "arn": "arn:aws:iam::273259652503:policy/seahorse_admin_lambdas_exec_policy",
            "description": "",
            "id": "arn:aws:iam::273259652503:policy/seahorse_admin_lambdas_exec_policy",
            "name": "seahorse_admin_lambdas_exec_policy",
            "name_prefix": null,
            "path": "/",
            "policy": "{\n    \"Version\": \"2012-10-17\",\n    \"Statement\": [\n        {\n            \"Effect\": \"Allow\",\n            \"Action\": \"logs:CreateLogGroup\",\n            \"Resource\": \"arn:aws:logs:us-east-1:273259652503:*\"\n        },\n        {\n            \"Effect\": \"Allow\",\n            \"Action\": [\n                \"logs:CreateLogStream\",\n                \"logs:PutLogEvents\"\n            ],\n            \"Resource\": [\n                \"arn:aws:logs:us-east-1:273259652503:log-group:/aws/lambda/RegisterComponent:*\"\n            ]\n        }\n    ]\n}"
          },
          "private": "bnVsbA=="
        }
      ]
    },
    {
      "module": "module.admin_lambdas",
      "mode": "managed",
      "type": "aws_iam_policy",
      "name": "create_preference_lambdas_exec_policy",
      "provider": "provider[\"registry.terraform.io/hashicorp/aws\"]",
      "instances": [
        {
          "schema_version": 0,
          "attributes": {
            "arn": "arn:aws:iam::273259652503:policy/create_preference_lambdas_exec_policy",
            "description": "",
            "id": "arn:aws:iam::273259652503:policy/create_preference_lambdas_exec_policy",
            "name": "create_preference_lambdas_exec_policy",
            "name_prefix": null,
            "path": "/",
            "policy": "{\n    \"Version\": \"2012-10-17\",\n    \"Statement\": [\n        {\n            \"Effect\": \"Allow\",\n            \"Action\": \"logs:CreateLogGroup\",\n            \"Resource\": \"arn:aws:logs:us-east-1:273259652503:*\"\n        },\n        {\n            \"Effect\": \"Allow\",\n            \"Action\": [\n                \"logs:CreateLogStream\",\n                \"logs:PutLogEvents\"\n            ],\n            \"Resource\": [\n                \"arn:aws:logs:us-east-1:273259652503:log-group:/aws/lambda/SaveUserPreference:*\"\n            ]\n        }\n    ]\n}"
          },
          "private": "bnVsbA=="
        }
      ]
    },
    {
      "module": "module.admin_lambdas",
      "mode": "managed",
      "type": "aws_iam_policy",
      "name": "delete_definition_lambdas_exec_policy",
      "provider": "provider[\"registry.terraform.io/hashicorp/aws\"]",
      "instances": [
        {
          "schema_version": 0,
          "attributes": {
            "arn": "arn:aws:iam::273259652503:policy/delete_definition_lambdas_exec_policy",
            "description": "",
            "id": "arn:aws:iam::273259652503:policy/delete_definition_lambdas_exec_policy",
            "name": "delete_definition_lambdas_exec_policy",
            "name_prefix": null,
            "path": "/",
            "policy": "{\n    \"Version\": \"2012-10-17\",\n    \"Statement\": [\n        {\n            \"Effect\": \"Allow\",\n            \"Action\": \"logs:CreateLogGroup\",\n            \"Resource\": \"arn:aws:logs:us-east-1:273259652503:*\"\n        },\n        {\n            \"Effect\": \"Allow\",\n            \"Action\": [\n                \"logs:CreateLogStream\",\n                \"logs:PutLogEvents\"\n            ],\n            \"Resource\": [\n                \"arn:aws:logs:us-east-1:273259652503:log-group:/aws/lambda/DeleteRegisteredComponent:*\"\n            ]\n        }\n    ]\n}"
          },
          "private": "bnVsbA=="
        }
      ]
    },
    {
      "module": "module.admin_lambdas",
      "mode": "managed",
      "type": "aws_iam_policy",
      "name": "delete_preference_lambdas_exec_policy",
      "provider": "provider[\"registry.terraform.io/hashicorp/aws\"]",
      "instances": [
        {
          "schema_version": 0,
          "attributes": {
            "arn": "arn:aws:iam::273259652503:policy/delete_preference_lambdas_exec_policy",
            "description": "",
            "id": "arn:aws:iam::273259652503:policy/delete_preference_lambdas_exec_policy",
            "name": "delete_preference_lambdas_exec_policy",
            "name_prefix": null,
            "path": "/",
            "policy": "{\n    \"Version\": \"2012-10-17\",\n    \"Statement\": [\n        {\n            \"Effect\": \"Allow\",\n            \"Action\": \"logs:CreateLogGroup\",\n            \"Resource\": \"arn:aws:logs:us-east-1:273259652503:*\"\n        },\n        {\n            \"Effect\": \"Allow\",\n            \"Action\": [\n                \"logs:CreateLogStream\",\n                \"logs:PutLogEvents\"\n            ],\n            \"Resource\": [\n                \"arn:aws:logs:us-east-1:273259652503:log-group:/aws/lambda/DeleteUserPreference:*\"\n            ]\n        }\n    ]\n}"
          },
          "private": "bnVsbA=="
        }
      ]
    },
    {
      "module": "module.admin_lambdas",
      "mode": "managed",
      "type": "aws_iam_policy",
      "name": "get_definition_lambda_exec_policy",
      "provider": "provider[\"registry.terraform.io/hashicorp/aws\"]",
      "instances": [
        {
          "schema_version": 0,
          "attributes": {
            "arn": "arn:aws:iam::273259652503:policy/get_definition_lambda_exec_policy",
            "description": "",
            "id": "arn:aws:iam::273259652503:policy/get_definition_lambda_exec_policy",
            "name": "get_definition_lambda_exec_policy",
            "name_prefix": null,
            "path": "/",
            "policy": "{\n    \"Version\": \"2012-10-17\",\n    \"Statement\": [\n        {\n            \"Effect\": \"Allow\",\n            \"Action\": \"logs:CreateLogGroup\",\n            \"Resource\": \"arn:aws:logs:us-east-1:273259652503:*\"\n        },\n        {\n            \"Effect\": \"Allow\",\n            \"Action\": [\n                \"logs:CreateLogStream\",\n                \"logs:PutLogEvents\"\n            ],\n            \"Resource\": [\n                \"arn:aws:logs:us-east-1:273259652503:log-group:/aws/lambda/GetRegisteredComponents:*\"\n            ]\n        }\n    ]\n}"
          },
          "private": "bnVsbA=="
        }
      ]
    },
    {
      "module": "module.admin_lambdas",
      "mode": "managed",
      "type": "aws_iam_policy",
      "name": "get_preference_lambda_exec_policy",
      "provider": "provider[\"registry.terraform.io/hashicorp/aws\"]",
      "instances": [
        {
          "schema_version": 0,
          "attributes": {
            "arn": "arn:aws:iam::273259652503:policy/get_preference_lambda_exec_policy",
            "description": "",
            "id": "arn:aws:iam::273259652503:policy/get_preference_lambda_exec_policy",
            "name": "get_preference_lambda_exec_policy",
            "name_prefix": null,
            "path": "/",
            "policy": "{\n    \"Version\": \"2012-10-17\",\n    \"Statement\": [\n        {\n            \"Effect\": \"Allow\",\n            \"Action\": \"logs:CreateLogGroup\",\n            \"Resource\": \"arn:aws:logs:us-east-1:273259652503:*\"\n        },\n        {\n            \"Effect\": \"Allow\",\n            \"Action\": [\n                \"logs:CreateLogStream\",\n                \"logs:PutLogEvents\"\n            ],\n            \"Resource\": [\n                \"arn:aws:logs:us-east-1:273259652503:log-group:/aws/lambda/GetUserPreference:*\"\n            ]\n        }\n    ]\n}"
          },
          "private": "bnVsbA=="
        }
      ]
    },
    {
      "module": "module.admin_lambdas",
      "mode": "managed",
      "type": "aws_iam_role",
      "name": "seahorse_iam_role_for_lambdas",
      "provider": "provider[\"registry.terraform.io/hashicorp/aws\"]",
      "instances": [
        {
          "schema_version": 0,
          "attributes": {
            "arn": "arn:aws:iam::273259652503:role/seahorse_iam_role_for_lambdas",
            "assume_role_policy": "{\"Version\":\"2012-10-17\",\"Statement\":[{\"Sid\":\"\",\"Effect\":\"Allow\",\"Principal\":{\"Service\":\"lambda.amazonaws.com\"},\"Action\":\"sts:AssumeRole\"}]}",
            "create_date": "2021-06-25T13:54:22Z",
            "description": "",
            "force_detach_policies": false,
            "id": "seahorse_iam_role_for_lambdas",
            "inline_policy": [
              {
                "name": "",
                "policy": ""
              }
            ],
            "managed_policy_arns": [],
            "max_session_duration": 3600,
            "name": "seahorse_iam_role_for_lambdas",
            "name_prefix": null,
            "path": "/",
            "permissions_boundary": null,
            "tags": null,
            "unique_id": "AROAT7H4LMWL4MON6ZC5J"
          },
          "private": "bnVsbA=="
        }
      ]
    },
    {
      "module": "module.admin_lambdas",
      "mode": "managed",
      "type": "aws_iam_role_policy_attachment",
      "name": "create_preference_exec",
      "provider": "provider[\"registry.terraform.io/hashicorp/aws\"]",
      "instances": [
        {
          "schema_version": 0,
          "attributes": {
            "id": "seahorse_iam_role_for_lambdas-20210625135429001400000007",
            "policy_arn": "arn:aws:iam::273259652503:policy/create_preference_lambdas_exec_policy",
            "role": "seahorse_iam_role_for_lambdas"
          },
          "private": "bnVsbA==",
          "dependencies": [
            "module.admin_lambdas.aws_iam_policy.create_preference_lambdas_exec_policy",
            "module.admin_lambdas.aws_iam_role.seahorse_iam_role_for_lambdas"
          ]
        }
      ]
    },
    {
      "module": "module.admin_lambdas",
      "mode": "managed",
      "type": "aws_iam_role_policy_attachment",
      "name": "delete_definition_exec",
      "provider": "provider[\"registry.terraform.io/hashicorp/aws\"]",
      "instances": [
        {
          "schema_version": 0,
          "attributes": {
            "id": "seahorse_iam_role_for_lambdas-2021062513543247770000000a",
            "policy_arn": "arn:aws:iam::273259652503:policy/delete_definition_lambdas_exec_policy",
            "role": "seahorse_iam_role_for_lambdas"
          },
          "private": "bnVsbA==",
          "dependencies": [
            "module.admin_lambdas.aws_iam_policy.delete_definition_lambdas_exec_policy",
            "module.admin_lambdas.aws_iam_role.seahorse_iam_role_for_lambdas"
          ]
        }
      ]
    },
    {
      "module": "module.admin_lambdas",
      "mode": "managed",
      "type": "aws_iam_role_policy_attachment",
      "name": "delete_preference_exec",
      "provider": "provider[\"registry.terraform.io/hashicorp/aws\"]",
      "instances": [
        {
          "schema_version": 0,
          "attributes": {
            "id": "seahorse_iam_role_for_lambdas-20210625135427220900000005",
            "policy_arn": "arn:aws:iam::273259652503:policy/delete_preference_lambdas_exec_policy",
            "role": "seahorse_iam_role_for_lambdas"
          },
          "private": "bnVsbA==",
          "dependencies": [
            "module.admin_lambdas.aws_iam_policy.delete_preference_lambdas_exec_policy",
            "module.admin_lambdas.aws_iam_role.seahorse_iam_role_for_lambdas"
          ]
        }
      ]
    },
    {
      "module": "module.admin_lambdas",
      "mode": "managed",
      "type": "aws_iam_role_policy_attachment",
      "name": "get_definition_exec",
      "provider": "provider[\"registry.terraform.io/hashicorp/aws\"]",
      "instances": [
        {
          "schema_version": 0,
          "attributes": {
            "id": "seahorse_iam_role_for_lambdas-20210625135429739500000008",
            "policy_arn": "arn:aws:iam::273259652503:policy/get_definition_lambda_exec_policy",
            "role": "seahorse_iam_role_for_lambdas"
          },
          "private": "bnVsbA==",
          "dependencies": [
            "module.admin_lambdas.aws_iam_policy.get_definition_lambda_exec_policy",
            "module.admin_lambdas.aws_iam_role.seahorse_iam_role_for_lambdas"
          ]
        }
      ]
    },
    {
      "module": "module.admin_lambdas",
      "mode": "managed",
      "type": "aws_iam_role_policy_attachment",
      "name": "get_preference_exec",
      "provider": "provider[\"registry.terraform.io/hashicorp/aws\"]",
      "instances": [
        {
          "schema_version": 0,
          "attributes": {
            "id": "seahorse_iam_role_for_lambdas-2021062513544666650000000b",
            "policy_arn": "arn:aws:iam::273259652503:policy/get_preference_lambda_exec_policy",
            "role": "seahorse_iam_role_for_lambdas"
          },
          "private": "bnVsbA==",
          "dependencies": [
            "module.admin_lambdas.aws_iam_policy.get_preference_lambda_exec_policy",
            "module.admin_lambdas.aws_iam_role.seahorse_iam_role_for_lambdas"
          ]
        }
      ]
    },
    {
      "module": "module.admin_lambdas",
      "mode": "managed",
      "type": "aws_iam_role_policy_attachment",
      "name": "lambda_dynamodb",
      "provider": "provider[\"registry.terraform.io/hashicorp/aws\"]",
      "instances": [
        {
          "schema_version": 0,
          "attributes": {
            "id": "seahorse_iam_role_for_lambdas-20210625135430864200000009",
            "policy_arn": "arn:aws:iam::aws:policy/AmazonDynamoDBFullAccess",
            "role": "seahorse_iam_role_for_lambdas"
          },
          "private": "bnVsbA==",
          "dependencies": [
            "module.admin_lambdas.aws_iam_role.seahorse_iam_role_for_lambdas"
          ]
        }
      ]
    },
    {
      "module": "module.admin_lambdas",
      "mode": "managed",
      "type": "aws_iam_role_policy_attachment",
      "name": "register_definition_exec",
      "provider": "provider[\"registry.terraform.io/hashicorp/aws\"]",
      "instances": [
        {
          "schema_version": 0,
          "attributes": {
            "id": "seahorse_iam_role_for_lambdas-20210625135428052100000006",
            "policy_arn": "arn:aws:iam::273259652503:policy/seahorse_admin_lambdas_exec_policy",
            "role": "seahorse_iam_role_for_lambdas"
          },
          "private": "bnVsbA==",
          "dependencies": [
            "module.admin_lambdas.aws_iam_policy.create_definition_lambdas_exec_policy",
            "module.admin_lambdas.aws_iam_role.seahorse_iam_role_for_lambdas"
          ]
        }
      ]
    },
    {
      "module": "module.admin_lambdas",
      "mode": "managed",
      "type": "aws_lambda_alias",
      "name": "CreatePreferenceLambda",
      "provider": "provider[\"registry.terraform.io/hashicorp/aws\"]",
      "instances": [
        {
          "schema_version": 0,
          "attributes": {
            "arn": "arn:aws:lambda:us-east-1:273259652503:function:SaveUserPreference:CreatePreferenceLambda",
            "description": "CreatePreferenceLambda",
            "function_name": "arn:aws:lambda:us-east-1:273259652503:function:SaveUserPreference",
            "function_version": "$LATEST",
            "id": "arn:aws:lambda:us-east-1:273259652503:function:SaveUserPreference:CreatePreferenceLambda",
            "invoke_arn": "arn:aws:apigateway:us-east-1:lambda:path/2015-03-31/functions/arn:aws:lambda:us-east-1:273259652503:function:SaveUserPreference:CreatePreferenceLambda/invocations",
            "name": "CreatePreferenceLambda",
            "routing_config": []
          },
          "private": "bnVsbA==",
          "dependencies": [
            "module.admin_lambdas.aws_iam_role.seahorse_iam_role_for_lambdas",
            "module.admin_lambdas.aws_lambda_function.CreatePreferenceLambda"
          ]
        }
      ]
    },
    {
      "module": "module.admin_lambdas",
      "mode": "managed",
      "type": "aws_lambda_alias",
      "name": "DeletePreferenceLambda",
      "provider": "provider[\"registry.terraform.io/hashicorp/aws\"]",
      "instances": [
        {
          "schema_version": 0,
          "attributes": {
            "arn": "arn:aws:lambda:us-east-1:273259652503:function:DeleteUserPreference:DeletePreferenceLambda",
            "description": "DeletePreferenceLambda",
            "function_name": "arn:aws:lambda:us-east-1:273259652503:function:DeleteUserPreference",
            "function_version": "$LATEST",
            "id": "arn:aws:lambda:us-east-1:273259652503:function:DeleteUserPreference:DeletePreferenceLambda",
            "invoke_arn": "arn:aws:apigateway:us-east-1:lambda:path/2015-03-31/functions/arn:aws:lambda:us-east-1:273259652503:function:DeleteUserPreference:DeletePreferenceLambda/invocations",
            "name": "DeletePreferenceLambda",
            "routing_config": []
          },
          "private": "bnVsbA==",
          "dependencies": [
            "module.admin_lambdas.aws_iam_role.seahorse_iam_role_for_lambdas",
            "module.admin_lambdas.aws_lambda_function.DeletePreferenceLambda"
          ]
        }
      ]
    },
    {
      "module": "module.admin_lambdas",
      "mode": "managed",
      "type": "aws_lambda_alias",
      "name": "DeleteRegisteredComponent",
      "provider": "provider[\"registry.terraform.io/hashicorp/aws\"]",
      "instances": [
        {
          "schema_version": 0,
          "attributes": {
            "arn": "arn:aws:lambda:us-east-1:273259652503:function:DeleteRegisteredComponent:DeleteRegisteredComponent",
            "description": "DeleteRegisteredComponent",
            "function_name": "arn:aws:lambda:us-east-1:273259652503:function:DeleteRegisteredComponent",
            "function_version": "$LATEST",
            "id": "arn:aws:lambda:us-east-1:273259652503:function:DeleteRegisteredComponent:DeleteRegisteredComponent",
            "invoke_arn": "arn:aws:apigateway:us-east-1:lambda:path/2015-03-31/functions/arn:aws:lambda:us-east-1:273259652503:function:DeleteRegisteredComponent:DeleteRegisteredComponent/invocations",
            "name": "DeleteRegisteredComponent",
            "routing_config": []
          },
          "private": "bnVsbA==",
          "dependencies": [
            "module.admin_lambdas.aws_iam_role.seahorse_iam_role_for_lambdas",
            "module.admin_lambdas.aws_lambda_function.DeleteRegisteredComponent"
          ]
        }
      ]
    },
    {
      "module": "module.admin_lambdas",
      "mode": "managed",
      "type": "aws_lambda_alias",
      "name": "GetPreferenceLambda",
      "provider": "provider[\"registry.terraform.io/hashicorp/aws\"]",
      "instances": [
        {
          "schema_version": 0,
          "attributes": {
            "arn": "arn:aws:lambda:us-east-1:273259652503:function:GetUserPreference:GetPreferenceLambda",
            "description": "GetPreferenceLambda",
            "function_name": "arn:aws:lambda:us-east-1:273259652503:function:GetUserPreference",
            "function_version": "$LATEST",
            "id": "arn:aws:lambda:us-east-1:273259652503:function:GetUserPreference:GetPreferenceLambda",
            "invoke_arn": "arn:aws:apigateway:us-east-1:lambda:path/2015-03-31/functions/arn:aws:lambda:us-east-1:273259652503:function:GetUserPreference:GetPreferenceLambda/invocations",
            "name": "GetPreferenceLambda",
            "routing_config": []
          },
          "private": "bnVsbA==",
          "dependencies": [
            "module.admin_lambdas.aws_iam_role.seahorse_iam_role_for_lambdas",
            "module.admin_lambdas.aws_lambda_function.GetPreferenceLambda"
          ]
        }
      ]
    },
    {
      "module": "module.admin_lambdas",
      "mode": "managed",
      "type": "aws_lambda_alias",
      "name": "GetRegisteredComponents",
      "provider": "provider[\"registry.terraform.io/hashicorp/aws\"]",
      "instances": [
        {
          "schema_version": 0,
          "attributes": {
            "arn": "arn:aws:lambda:us-east-1:273259652503:function:GetRegisteredComponents:GetRegisteredComponents",
            "description": "GetRegisteredComponents",
            "function_name": "arn:aws:lambda:us-east-1:273259652503:function:GetRegisteredComponents",
            "function_version": "$LATEST",
            "id": "arn:aws:lambda:us-east-1:273259652503:function:GetRegisteredComponents:GetRegisteredComponents",
            "invoke_arn": "arn:aws:apigateway:us-east-1:lambda:path/2015-03-31/functions/arn:aws:lambda:us-east-1:273259652503:function:GetRegisteredComponents:GetRegisteredComponents/invocations",
            "name": "GetRegisteredComponents",
            "routing_config": []
          },
          "private": "bnVsbA==",
          "dependencies": [
            "module.admin_lambdas.aws_iam_role.seahorse_iam_role_for_lambdas",
            "module.admin_lambdas.aws_lambda_function.GetRegisteredComponents"
          ]
        }
      ]
    },
    {
      "module": "module.admin_lambdas",
      "mode": "managed",
      "type": "aws_lambda_alias",
      "name": "RegisterComponentLambda",
      "provider": "provider[\"registry.terraform.io/hashicorp/aws\"]",
      "instances": [
        {
          "schema_version": 0,
          "attributes": {
            "arn": "arn:aws:lambda:us-east-1:273259652503:function:RegisterComponent:RegisterComponentLambda",
            "description": "RegisterComponentLambda",
            "function_name": "arn:aws:lambda:us-east-1:273259652503:function:RegisterComponent",
            "function_version": "$LATEST",
            "id": "arn:aws:lambda:us-east-1:273259652503:function:RegisterComponent:RegisterComponentLambda",
            "invoke_arn": "arn:aws:apigateway:us-east-1:lambda:path/2015-03-31/functions/arn:aws:lambda:us-east-1:273259652503:function:RegisterComponent:RegisterComponentLambda/invocations",
            "name": "RegisterComponentLambda",
            "routing_config": []
          },
          "private": "bnVsbA==",
          "dependencies": [
            "module.admin_lambdas.aws_iam_role.seahorse_iam_role_for_lambdas",
            "module.admin_lambdas.aws_lambda_function.RegisterComponentLambda"
          ]
        }
      ]
    },
    {
      "module": "module.admin_lambdas",
      "mode": "managed",
      "type": "aws_lambda_function",
      "name": "CreatePreferenceLambda",
      "provider": "provider[\"registry.terraform.io/hashicorp/aws\"]",
      "instances": [
        {
          "schema_version": 0,
          "attributes": {
            "arn": "arn:aws:lambda:us-east-1:273259652503:function:SaveUserPreference",
            "code_signing_config_arn": "",
            "dead_letter_config": [],
            "description": "",
            "environment": [
              {
                "variables": {
                  "environment": "uat2"
                }
              }
            ],
            "file_system_config": [],
            "filename": "../../seahorse/server/app.services/target/seahorse-services-1.0.jar",
            "function_name": "SaveUserPreference",
            "handler": "com.globallink.services.preference.CreateUserPreferenceService::handleRequest",
            "id": "SaveUserPreference",
            "image_config": [],
            "image_uri": "",
            "invoke_arn": "arn:aws:apigateway:us-east-1:lambda:path/2015-03-31/functions/arn:aws:lambda:us-east-1:273259652503:function:SaveUserPreference/invocations",
            "kms_key_arn": "",
            "last_modified": "2021-06-25T13:56:54.260+0000",
            "layers": null,
            "memory_size": 4096,
            "package_type": "Zip",
            "publish": true,
            "qualified_arn": "arn:aws:lambda:us-east-1:273259652503:function:SaveUserPreference:3",
            "reserved_concurrent_executions": -1,
            "role": "arn:aws:iam::273259652503:role/seahorse_iam_role_for_lambdas",
            "runtime": "java8",
            "s3_bucket": null,
            "s3_key": null,
            "s3_object_version": null,
            "signing_job_arn": "",
            "signing_profile_version_arn": "",
            "source_code_hash": "OC4n6Hv/Iu4gS/jzIPGq/UPeRzHTMGcH9jZuneoYeeU=",
            "source_code_size": 20374608,
            "tags": null,
            "timeout": 15,
            "timeouts": null,
            "tracing_config": [
              {
                "mode": "PassThrough"
              }
            ],
            "version": "3",
            "vpc_config": []
          },
          "private": "eyJlMmJmYjczMC1lY2FhLTExZTYtOGY4OC0zNDM2M2JjN2M0YzAiOnsiY3JlYXRlIjo2MDAwMDAwMDAwMDB9fQ==",
          "dependencies": [
            "module.admin_lambdas.aws_iam_role.seahorse_iam_role_for_lambdas"
          ]
        }
      ]
    },
    {
      "module": "module.admin_lambdas",
      "mode": "managed",
      "type": "aws_lambda_function",
      "name": "DeletePreferenceLambda",
      "provider": "provider[\"registry.terraform.io/hashicorp/aws\"]",
      "instances": [
        {
          "schema_version": 0,
          "attributes": {
            "arn": "arn:aws:lambda:us-east-1:273259652503:function:DeleteUserPreference",
            "code_signing_config_arn": "",
            "dead_letter_config": [],
            "description": "",
            "environment": [
              {
                "variables": {
                  "environment": "uat2"
                }
              }
            ],
            "file_system_config": [],
            "filename": "../../seahorse/server/app.services/target/seahorse-services-1.0.jar",
            "function_name": "DeleteUserPreference",
            "handler": "com.globallink.services.preference.DeleteUserPreferenceService::handleRequest",
            "id": "DeleteUserPreference",
            "image_config": [],
            "image_uri": "",
            "invoke_arn": "arn:aws:apigateway:us-east-1:lambda:path/2015-03-31/functions/arn:aws:lambda:us-east-1:273259652503:function:DeleteUserPreference/invocations",
            "kms_key_arn": "",
            "last_modified": "2021-06-25T13:59:33.110+0000",
            "layers": null,
            "memory_size": 4096,
            "package_type": "Zip",
            "publish": true,
            "qualified_arn": "arn:aws:lambda:us-east-1:273259652503:function:DeleteUserPreference:3",
            "reserved_concurrent_executions": -1,
            "role": "arn:aws:iam::273259652503:role/seahorse_iam_role_for_lambdas",
            "runtime": "java8",
            "s3_bucket": null,
            "s3_key": null,
            "s3_object_version": null,
            "signing_job_arn": "",
            "signing_profile_version_arn": "",
            "source_code_hash": "OC4n6Hv/Iu4gS/jzIPGq/UPeRzHTMGcH9jZuneoYeeU=",
            "source_code_size": 20374608,
            "tags": null,
            "timeout": 15,
            "timeouts": null,
            "tracing_config": [
              {
                "mode": "PassThrough"
              }
            ],
            "version": "3",
            "vpc_config": []
          },
          "private": "eyJlMmJmYjczMC1lY2FhLTExZTYtOGY4OC0zNDM2M2JjN2M0YzAiOnsiY3JlYXRlIjo2MDAwMDAwMDAwMDB9fQ==",
          "dependencies": [
            "module.admin_lambdas.aws_iam_role.seahorse_iam_role_for_lambdas"
          ]
        }
      ]
    },
    {
      "module": "module.admin_lambdas",
      "mode": "managed",
      "type": "aws_lambda_function",
      "name": "DeleteRegisteredComponent",
      "provider": "provider[\"registry.terraform.io/hashicorp/aws\"]",
      "instances": [
        {
          "schema_version": 0,
          "attributes": {
            "arn": "arn:aws:lambda:us-east-1:273259652503:function:DeleteRegisteredComponent",
            "code_signing_config_arn": "",
            "dead_letter_config": [],
            "description": "",
            "environment": [
              {
                "variables": {
                  "environment": "uat2"
                }
              }
            ],
            "file_system_config": [],
            "filename": "../../seahorse/server/app.services/target/seahorse-services-1.0.jar",
            "function_name": "DeleteRegisteredComponent",
            "handler": "com.globallink.services.components.DeleteComponentService::handleRequest",
            "id": "DeleteRegisteredComponent",
            "image_config": [],
            "image_uri": "",
            "invoke_arn": "arn:aws:apigateway:us-east-1:lambda:path/2015-03-31/functions/arn:aws:lambda:us-east-1:273259652503:function:DeleteRegisteredComponent/invocations",
            "kms_key_arn": "",
            "last_modified": "2021-06-25T13:55:10.655+0000",
            "layers": null,
            "memory_size": 4096,
            "package_type": "Zip",
            "publish": true,
            "qualified_arn": "arn:aws:lambda:us-east-1:273259652503:function:DeleteRegisteredComponent:3",
            "reserved_concurrent_executions": -1,
            "role": "arn:aws:iam::273259652503:role/seahorse_iam_role_for_lambdas",
            "runtime": "java8",
            "s3_bucket": null,
            "s3_key": null,
            "s3_object_version": null,
            "signing_job_arn": "",
            "signing_profile_version_arn": "",
            "source_code_hash": "OC4n6Hv/Iu4gS/jzIPGq/UPeRzHTMGcH9jZuneoYeeU=",
            "source_code_size": 20374608,
            "tags": null,
            "timeout": 15,
            "timeouts": null,
            "tracing_config": [
              {
                "mode": "PassThrough"
              }
            ],
            "version": "3",
            "vpc_config": []
          },
          "private": "eyJlMmJmYjczMC1lY2FhLTExZTYtOGY4OC0zNDM2M2JjN2M0YzAiOnsiY3JlYXRlIjo2MDAwMDAwMDAwMDB9fQ==",
          "dependencies": [
            "module.admin_lambdas.aws_iam_role.seahorse_iam_role_for_lambdas"
          ]
        }
      ]
    },
    {
      "module": "module.admin_lambdas",
      "mode": "managed",
      "type": "aws_lambda_function",
      "name": "GetPreferenceLambda",
      "provider": "provider[\"registry.terraform.io/hashicorp/aws\"]",
      "instances": [
        {
          "schema_version": 0,
          "attributes": {
            "arn": "arn:aws:lambda:us-east-1:273259652503:function:GetUserPreference",
            "code_signing_config_arn": "",
            "dead_letter_config": [],
            "description": "",
            "environment": [
              {
                "variables": {
                  "environment": "uat2"
                }
              }
            ],
            "file_system_config": [],
            "filename": "../../seahorse/server/app.services/target/seahorse-services-1.0.jar",
            "function_name": "GetUserPreference",
            "handler": "com.globallink.services.preference.GetUserPreferenceService::handleRequest",
            "id": "GetUserPreference",
            "image_config": [],
            "image_uri": "",
            "invoke_arn": "arn:aws:apigateway:us-east-1:lambda:path/2015-03-31/functions/arn:aws:lambda:us-east-1:273259652503:function:GetUserPreference/invocations",
            "kms_key_arn": "",
            "last_modified": "2021-06-25T13:58:41.033+0000",
            "layers": null,
            "memory_size": 4096,
            "package_type": "Zip",
            "publish": true,
            "qualified_arn": "arn:aws:lambda:us-east-1:273259652503:function:GetUserPreference:3",
            "reserved_concurrent_executions": -1,
            "role": "arn:aws:iam::273259652503:role/seahorse_iam_role_for_lambdas",
            "runtime": "java8",
            "s3_bucket": null,
            "s3_key": null,
            "s3_object_version": null,
            "signing_job_arn": "",
            "signing_profile_version_arn": "",
            "source_code_hash": "OC4n6Hv/Iu4gS/jzIPGq/UPeRzHTMGcH9jZuneoYeeU=",
            "source_code_size": 20374608,
            "tags": null,
            "timeout": 15,
            "timeouts": null,
            "tracing_config": [
              {
                "mode": "PassThrough"
              }
            ],
            "version": "3",
            "vpc_config": []
          },
          "private": "eyJlMmJmYjczMC1lY2FhLTExZTYtOGY4OC0zNDM2M2JjN2M0YzAiOnsiY3JlYXRlIjo2MDAwMDAwMDAwMDB9fQ==",
          "dependencies": [
            "module.admin_lambdas.aws_iam_role.seahorse_iam_role_for_lambdas"
          ]
        }
      ]
    },
    {
      "module": "module.admin_lambdas",
      "mode": "managed",
      "type": "aws_lambda_function",
      "name": "GetRegisteredComponents",
      "provider": "provider[\"registry.terraform.io/hashicorp/aws\"]",
      "instances": [
        {
          "schema_version": 0,
          "attributes": {
            "arn": "arn:aws:lambda:us-east-1:273259652503:function:GetRegisteredComponents",
            "code_signing_config_arn": "",
            "dead_letter_config": [],
            "description": "",
            "environment": [
              {
                "variables": {
                  "environment": "uat2"
                }
              }
            ],
            "file_system_config": [],
            "filename": "../../seahorse/server/app.services/target/seahorse-services-1.0.jar",
            "function_name": "GetRegisteredComponents",
            "handler": "com.globallink.services.components.GetComponentService::handleRequest",
            "id": "GetRegisteredComponents",
            "image_config": [],
            "image_uri": "",
            "invoke_arn": "arn:aws:apigateway:us-east-1:lambda:path/2015-03-31/functions/arn:aws:lambda:us-east-1:273259652503:function:GetRegisteredComponents/invocations",
            "kms_key_arn": "",
            "last_modified": "2021-06-25T13:57:49.713+0000",
            "layers": null,
            "memory_size": 4096,
            "package_type": "Zip",
            "publish": true,
            "qualified_arn": "arn:aws:lambda:us-east-1:273259652503:function:GetRegisteredComponents:3",
            "reserved_concurrent_executions": -1,
            "role": "arn:aws:iam::273259652503:role/seahorse_iam_role_for_lambdas",
            "runtime": "java8",
            "s3_bucket": null,
            "s3_key": null,
            "s3_object_version": null,
            "signing_job_arn": "",
            "signing_profile_version_arn": "",
            "source_code_hash": "OC4n6Hv/Iu4gS/jzIPGq/UPeRzHTMGcH9jZuneoYeeU=",
            "source_code_size": 20374608,
            "tags": null,
            "timeout": 15,
            "timeouts": null,
            "tracing_config": [
              {
                "mode": "PassThrough"
              }
            ],
            "version": "3",
            "vpc_config": []
          },
          "private": "eyJlMmJmYjczMC1lY2FhLTExZTYtOGY4OC0zNDM2M2JjN2M0YzAiOnsiY3JlYXRlIjo2MDAwMDAwMDAwMDB9fQ==",
          "dependencies": [
            "module.admin_lambdas.aws_iam_role.seahorse_iam_role_for_lambdas"
          ]
        }
      ]
    },
    {
      "module": "module.admin_lambdas",
      "mode": "managed",
      "type": "aws_lambda_function",
      "name": "RegisterComponentLambda",
      "provider": "provider[\"registry.terraform.io/hashicorp/aws\"]",
      "instances": [
        {
          "schema_version": 0,
          "attributes": {
            "arn": "arn:aws:lambda:us-east-1:273259652503:function:RegisterComponent",
            "code_signing_config_arn": "",
            "dead_letter_config": [],
            "description": "",
            "environment": [
              {
                "variables": {
                  "environment": "uat2"
                }
              }
            ],
            "file_system_config": [],
            "filename": "../../seahorse/server/app.services/target/seahorse-services-1.0.jar",
            "function_name": "RegisterComponent",
            "handler": "com.globallink.services.components.RegisterComponentService::handleRequest",
            "id": "RegisterComponent",
            "image_config": [],
            "image_uri": "",
            "invoke_arn": "arn:aws:apigateway:us-east-1:lambda:path/2015-03-31/functions/arn:aws:lambda:us-east-1:273259652503:function:RegisterComponent/invocations",
            "kms_key_arn": "",
            "last_modified": "2021-06-25T13:56:02.320+0000",
            "layers": null,
            "memory_size": 4096,
            "package_type": "Zip",
            "publish": true,
            "qualified_arn": "arn:aws:lambda:us-east-1:273259652503:function:RegisterComponent:3",
            "reserved_concurrent_executions": -1,
            "role": "arn:aws:iam::273259652503:role/seahorse_iam_role_for_lambdas",
            "runtime": "java8",
            "s3_bucket": null,
            "s3_key": null,
            "s3_object_version": null,
            "signing_job_arn": "",
            "signing_profile_version_arn": "",
            "source_code_hash": "OC4n6Hv/Iu4gS/jzIPGq/UPeRzHTMGcH9jZuneoYeeU=",
            "source_code_size": 20374608,
            "tags": null,
            "timeout": 15,
            "timeouts": null,
            "tracing_config": [
              {
                "mode": "PassThrough"
              }
            ],
            "version": "3",
            "vpc_config": []
          },
          "private": "eyJlMmJmYjczMC1lY2FhLTExZTYtOGY4OC0zNDM2M2JjN2M0YzAiOnsiY3JlYXRlIjo2MDAwMDAwMDAwMDB9fQ==",
          "dependencies": [
            "module.admin_lambdas.aws_iam_role.seahorse_iam_role_for_lambdas"
          ]
        }
      ]
    },
    {
      "module": "module.admin_lambdas",
      "mode": "managed",
      "type": "aws_lambda_permission",
      "name": "allow_cloudwatch_to_ping_delete_lambda",
      "provider": "provider[\"registry.terraform.io/hashicorp/aws\"]",
      "instances": [
        {
          "schema_version": 0,
          "attributes": {
            "action": "lambda:InvokeFunction",
            "event_source_token": null,
            "function_name": "DeleteRegisteredComponent",
            "id": "AllowExecutionFromCloudWatch",
            "principal": "events.amazonaws.com",
            "qualifier": "",
            "source_account": null,
            "source_arn": "arn:aws:events:us-east-1:273259652503:rule/app_definition_ping",
            "statement_id": "AllowExecutionFromCloudWatch",
            "statement_id_prefix": null
          },
          "private": "bnVsbA==",
          "dependencies": [
            "module.admin_lambdas.aws_cloudwatch_event_rule.app_definition_ping",
            "module.admin_lambdas.aws_iam_role.seahorse_iam_role_for_lambdas",
            "module.admin_lambdas.aws_lambda_function.DeleteRegisteredComponent"
          ]
        }
      ]
    },
    {
      "module": "module.admin_lambdas",
      "mode": "managed",
      "type": "aws_lambda_permission",
      "name": "allow_cloudwatch_to_ping_delete_preference_lambda",
      "provider": "provider[\"registry.terraform.io/hashicorp/aws\"]",
      "instances": [
        {
          "schema_version": 0,
          "attributes": {
            "action": "lambda:InvokeFunction",
            "event_source_token": null,
            "function_name": "DeleteUserPreference",
            "id": "AllowExecutionFromCloudWatch",
            "principal": "events.amazonaws.com",
            "qualifier": "",
            "source_account": null,
            "source_arn": "arn:aws:events:us-east-1:273259652503:rule/user_preference_ping",
            "statement_id": "AllowExecutionFromCloudWatch",
            "statement_id_prefix": null
          },
          "private": "bnVsbA==",
          "dependencies": [
            "module.admin_lambdas.aws_cloudwatch_event_rule.user_preference_ping",
            "module.admin_lambdas.aws_iam_role.seahorse_iam_role_for_lambdas",
            "module.admin_lambdas.aws_lambda_function.DeletePreferenceLambda"
          ]
        }
      ]
    },
    {
      "module": "module.admin_lambdas",
      "mode": "managed",
      "type": "aws_lambda_permission",
      "name": "allow_cloudwatch_to_ping_get_lambda",
      "provider": "provider[\"registry.terraform.io/hashicorp/aws\"]",
      "instances": [
        {
          "schema_version": 0,
          "attributes": {
            "action": "lambda:InvokeFunction",
            "event_source_token": null,
            "function_name": "GetRegisteredComponents",
            "id": "AllowExecutionFromCloudWatch",
            "principal": "events.amazonaws.com",
            "qualifier": "",
            "source_account": null,
            "source_arn": "arn:aws:events:us-east-1:273259652503:rule/app_definition_ping",
            "statement_id": "AllowExecutionFromCloudWatch",
            "statement_id_prefix": null
          },
          "private": "bnVsbA==",
          "dependencies": [
            "module.admin_lambdas.aws_cloudwatch_event_rule.app_definition_ping",
            "module.admin_lambdas.aws_iam_role.seahorse_iam_role_for_lambdas",
            "module.admin_lambdas.aws_lambda_function.GetRegisteredComponents"
          ]
        }
      ]
    },
    {
      "module": "module.admin_lambdas",
      "mode": "managed",
      "type": "aws_lambda_permission",
      "name": "allow_cloudwatch_to_ping_get_preference_lambda",
      "provider": "provider[\"registry.terraform.io/hashicorp/aws\"]",
      "instances": [
        {
          "schema_version": 0,
          "attributes": {
            "action": "lambda:InvokeFunction",
            "event_source_token": null,
            "function_name": "GetUserPreference",
            "id": "AllowExecutionFromCloudWatch",
            "principal": "events.amazonaws.com",
            "qualifier": "",
            "source_account": null,
            "source_arn": "arn:aws:events:us-east-1:273259652503:rule/user_preference_ping",
            "statement_id": "AllowExecutionFromCloudWatch",
            "statement_id_prefix": null
          },
          "private": "bnVsbA==",
          "dependencies": [
            "module.admin_lambdas.aws_cloudwatch_event_rule.user_preference_ping",
            "module.admin_lambdas.aws_iam_role.seahorse_iam_role_for_lambdas",
            "module.admin_lambdas.aws_lambda_function.GetPreferenceLambda"
          ]
        }
      ]
    },
    {
      "module": "module.admin_lambdas",
      "mode": "managed",
      "type": "aws_lambda_permission",
      "name": "allow_cloudwatch_to_ping_preference_lambda",
      "provider": "provider[\"registry.terraform.io/hashicorp/aws\"]",
      "instances": [
        {
          "schema_version": 0,
          "attributes": {
            "action": "lambda:InvokeFunction",
            "event_source_token": null,
            "function_name": "SaveUserPreference",
            "id": "AllowExecutionFromCloudWatch",
            "principal": "events.amazonaws.com",
            "qualifier": "",
            "source_account": null,
            "source_arn": "arn:aws:events:us-east-1:273259652503:rule/user_preference_ping",
            "statement_id": "AllowExecutionFromCloudWatch",
            "statement_id_prefix": null
          },
          "private": "bnVsbA==",
          "dependencies": [
            "module.admin_lambdas.aws_cloudwatch_event_rule.user_preference_ping",
            "module.admin_lambdas.aws_iam_role.seahorse_iam_role_for_lambdas",
            "module.admin_lambdas.aws_lambda_function.CreatePreferenceLambda"
          ]
        }
      ]
    },
    {
      "module": "module.admin_lambdas",
      "mode": "managed",
      "type": "aws_lambda_permission",
      "name": "allow_cloudwatch_to_ping_register_lambda",
      "provider": "provider[\"registry.terraform.io/hashicorp/aws\"]",
      "instances": [
        {
          "schema_version": 0,
          "attributes": {
            "action": "lambda:InvokeFunction",
            "event_source_token": null,
            "function_name": "RegisterComponent",
            "id": "AllowExecutionFromCloudWatch",
            "principal": "events.amazonaws.com",
            "qualifier": "",
            "source_account": null,
            "source_arn": "arn:aws:events:us-east-1:273259652503:rule/app_definition_ping",
            "statement_id": "AllowExecutionFromCloudWatch",
            "statement_id_prefix": null
          },
          "private": "bnVsbA==",
          "dependencies": [
            "module.admin_lambdas.aws_cloudwatch_event_rule.app_definition_ping",
            "module.admin_lambdas.aws_iam_role.seahorse_iam_role_for_lambdas",
            "module.admin_lambdas.aws_lambda_function.RegisterComponentLambda"
          ]
        }
      ]
    },
    {
      "module": "module.admin_lambdas",
      "mode": "managed",
      "type": "aws_lambda_provisioned_concurrency_config",
      "name": "CreatePreferenceLambda",
      "provider": "provider[\"registry.terraform.io/hashicorp/aws\"]",
      "instances": [
        {
          "schema_version": 0,
          "attributes": {
            "function_name": "SaveUserPreference",
            "id": "SaveUserPreference:3",
            "provisioned_concurrent_executions": 15,
            "qualifier": "3",
            "timeouts": null
          },
          "private": "eyJlMmJmYjczMC1lY2FhLTExZTYtOGY4OC0zNDM2M2JjN2M0YzAiOnsiY3JlYXRlIjo5MDAwMDAwMDAwMDAsInVwZGF0ZSI6OTAwMDAwMDAwMDAwfX0=",
          "dependencies": [
            "module.admin_lambdas.aws_iam_role.seahorse_iam_role_for_lambdas",
            "module.admin_lambdas.aws_lambda_function.CreatePreferenceLambda"
          ]
        }
      ]
    },
    {
      "module": "module.admin_lambdas",
      "mode": "managed",
      "type": "aws_lambda_provisioned_concurrency_config",
      "name": "DeletePreferenceLambda",
      "provider": "provider[\"registry.terraform.io/hashicorp/aws\"]",
      "instances": [
        {
          "schema_version": 0,
          "attributes": {
            "function_name": "DeleteUserPreference",
            "id": "DeleteUserPreference:3",
            "provisioned_concurrent_executions": 15,
            "qualifier": "3",
            "timeouts": null
          },
          "private": "eyJlMmJmYjczMC1lY2FhLTExZTYtOGY4OC0zNDM2M2JjN2M0YzAiOnsiY3JlYXRlIjo5MDAwMDAwMDAwMDAsInVwZGF0ZSI6OTAwMDAwMDAwMDAwfX0=",
          "dependencies": [
            "module.admin_lambdas.aws_iam_role.seahorse_iam_role_for_lambdas",
            "module.admin_lambdas.aws_lambda_function.DeletePreferenceLambda"
          ]
        }
      ]
    },
    {
      "module": "module.admin_lambdas",
      "mode": "managed",
      "type": "aws_lambda_provisioned_concurrency_config",
      "name": "DeleteRegisteredComponent",
      "provider": "provider[\"registry.terraform.io/hashicorp/aws\"]",
      "instances": [
        {
          "schema_version": 0,
          "attributes": {
            "function_name": "DeleteRegisteredComponent",
            "id": "DeleteRegisteredComponent:3",
            "provisioned_concurrent_executions": 3,
            "qualifier": "3",
            "timeouts": null
          },
          "private": "eyJlMmJmYjczMC1lY2FhLTExZTYtOGY4OC0zNDM2M2JjN2M0YzAiOnsiY3JlYXRlIjo5MDAwMDAwMDAwMDAsInVwZGF0ZSI6OTAwMDAwMDAwMDAwfX0=",
          "dependencies": [
            "module.admin_lambdas.aws_iam_role.seahorse_iam_role_for_lambdas",
            "module.admin_lambdas.aws_lambda_function.DeleteRegisteredComponent"
          ]
        }
      ]
    },
    {
      "module": "module.admin_lambdas",
      "mode": "managed",
      "type": "aws_lambda_provisioned_concurrency_config",
      "name": "GetPreferenceLambda",
      "provider": "provider[\"registry.terraform.io/hashicorp/aws\"]",
      "instances": [
        {
          "schema_version": 0,
          "attributes": {
            "function_name": "GetUserPreference",
            "id": "GetUserPreference:3",
            "provisioned_concurrent_executions": 15,
            "qualifier": "3",
            "timeouts": null
          },
          "private": "eyJlMmJmYjczMC1lY2FhLTExZTYtOGY4OC0zNDM2M2JjN2M0YzAiOnsiY3JlYXRlIjo5MDAwMDAwMDAwMDAsInVwZGF0ZSI6OTAwMDAwMDAwMDAwfX0=",
          "dependencies": [
            "module.admin_lambdas.aws_iam_role.seahorse_iam_role_for_lambdas",
            "module.admin_lambdas.aws_lambda_function.GetPreferenceLambda"
          ]
        }
      ]
    },
    {
      "module": "module.admin_lambdas",
      "mode": "managed",
      "type": "aws_lambda_provisioned_concurrency_config",
      "name": "GetRegisteredComponents",
      "provider": "provider[\"registry.terraform.io/hashicorp/aws\"]",
      "instances": [
        {
          "schema_version": 0,
          "attributes": {
            "function_name": "GetRegisteredComponents",
            "id": "GetRegisteredComponents:3",
            "provisioned_concurrent_executions": 15,
            "qualifier": "3",
            "timeouts": null
          },
          "private": "eyJlMmJmYjczMC1lY2FhLTExZTYtOGY4OC0zNDM2M2JjN2M0YzAiOnsiY3JlYXRlIjo5MDAwMDAwMDAwMDAsInVwZGF0ZSI6OTAwMDAwMDAwMDAwfX0=",
          "dependencies": [
            "module.admin_lambdas.aws_iam_role.seahorse_iam_role_for_lambdas",
            "module.admin_lambdas.aws_lambda_function.GetRegisteredComponents"
          ]
        }
      ]
    },
    {
      "module": "module.admin_lambdas",
      "mode": "managed",
      "type": "aws_lambda_provisioned_concurrency_config",
      "name": "RegisterComponentLambda",
      "provider": "provider[\"registry.terraform.io/hashicorp/aws\"]",
      "instances": [
        {
          "schema_version": 0,
          "attributes": {
            "function_name": "RegisterComponent",
            "id": "RegisterComponent:3",
            "provisioned_concurrent_executions": 3,
            "qualifier": "3",
            "timeouts": null
          },
          "private": "eyJlMmJmYjczMC1lY2FhLTExZTYtOGY4OC0zNDM2M2JjN2M0YzAiOnsiY3JlYXRlIjo5MDAwMDAwMDAwMDAsInVwZGF0ZSI6OTAwMDAwMDAwMDAwfX0=",
          "dependencies": [
            "module.admin_lambdas.aws_iam_role.seahorse_iam_role_for_lambdas",
            "module.admin_lambdas.aws_lambda_function.RegisterComponentLambda"
          ]
        }
      ]
    },
    {
      "module": "module.auth",
      "mode": "managed",
      "type": "aws_cognito_identity_pool",
      "name": "seahorse_identity_pool",
      "provider": "provider[\"registry.terraform.io/hashicorp/aws\"]",
      "instances": [
        {
          "index_key": 0,
          "schema_version": 0,
          "attributes": {
            "allow_unauthenticated_identities": false,
            "arn": "arn:aws:cognito-identity:us-east-1:273259652503:identitypool/us-east-1:a68820c7-3016-40e4-a431-c27df32df1f2",
            "cognito_identity_providers": [
              {
                "client_id": "7po344jm3740dbrmgqsb2dqlkm",
                "provider_name": "cognito-idp.us-east-1.amazonaws.com/us-east-1_Q45fYv9V4",
                "server_side_token_check": false
              }
            ],
            "developer_provider_name": "",
            "id": "us-east-1:a68820c7-3016-40e4-a431-c27df32df1f2",
            "identity_pool_name": "SeaHorse Identity Pool",
            "openid_connect_provider_arns": null,
            "saml_provider_arns": null,
            "supported_login_providers": null,
            "tags": null
          },
          "private": "bnVsbA==",
          "dependencies": [
            "module.auth.aws_cognito_identity_provider.identity_provider_sso",
            "module.auth.aws_cognito_user_pool.seahorse_user_pool",
            "module.auth.aws_cognito_user_pool_client.seahorse_web_client"
          ]
        }
      ]
    },
    {
      "module": "module.auth",
      "mode": "managed",
      "type": "aws_cognito_identity_pool_roles_attachment",
      "name": "seahorse_identity_pool_roles",
      "provider": "provider[\"registry.terraform.io/hashicorp/aws\"]",
      "instances": [
        {
          "index_key": 0,
          "schema_version": 0,
          "attributes": {
            "id": "us-east-1:a68820c7-3016-40e4-a431-c27df32df1f2",
            "identity_pool_id": "us-east-1:a68820c7-3016-40e4-a431-c27df32df1f2",
            "role_mapping": [],
            "roles": {
              "authenticated": "arn:aws:iam::273259652503:role/auth_web_iam_role",
              "unauthenticated": "arn:aws:iam::273259652503:role/unauth_web_iam_role"
            }
          },
          "private": "bnVsbA==",
          "dependencies": [
            "module.auth.aws_cognito_identity_pool.seahorse_identity_pool",
            "module.auth.aws_cognito_identity_provider.identity_provider_sso",
            "module.auth.aws_cognito_user_pool.seahorse_user_pool",
            "module.auth.aws_cognito_user_pool_client.seahorse_web_client",
            "module.auth.aws_iam_role.auth_web_iam_role",
            "module.auth.aws_iam_role.unauth_web_iam_role"
          ]
        }
      ]
    },
    {
      "module": "module.auth",
      "mode": "managed",
      "type": "aws_cognito_identity_provider",
      "name": "identity_provider_sso",
      "provider": "provider[\"registry.terraform.io/hashicorp/aws\"]",
      "instances": [
        {
          "index_key": 0,
          "schema_version": 0,
          "attributes": {
            "attribute_mapping": {
              "email": "emailaddress",
              "profile": "glauth"
            },
            "id": "us-east-1_Q45fYv9V4:Globallink",
            "idp_identifiers": null,
            "provider_details": {
              "MetadataFile": "\u003cEntityDescriptor ID=\"SM122fc70037041e91f39fc4cbe650b7829f41c11ad94\" entityID=\"https://my.qa3.globallink.com/glawsshdev3qa3\" xmlns=\"urn:oasis:names:tc:SAML:2.0:metadata\"\u003e\n    \u003cIDPSSODescriptor WantAuthnRequestsSigned=\"false\" ID=\"SMeb510e885d1bc2bfeb3c5703b0652d9e9ca6a87e\" protocolSupportEnumeration=\"urn:oasis:names:tc:SAML:2.0:protocol\"\u003e\n        \u003cKeyDescriptor use=\"signing\"\u003e\n            \u003cns1:KeyInfo Id=\"SM3d82182bb6cc5de4ae1bf07141fb47fa32223739d3\" xmlns:ns1=\"http://www.w3.org/2000/09/xmldsig#\"\u003e\n                \u003cns1:X509Data\u003e\n                    \u003cns1:X509IssuerSerial\u003e\n                        \u003cns1:X509IssuerName\u003eCN=glawsshdev3qa3,OU=Global Link,O=SSOProvider,L=Boston,ST=Massachusetts,C=US\u003c/ns1:X509IssuerName\u003e\n                        \u003cns1:X509SerialNumber\u003e356182851\u003c/ns1:X509SerialNumber\u003e\n                    \u003c/ns1:X509IssuerSerial\u003e\n                    \u003cns1:X509Certificate\u003eMIIDcjCCAlqgAwIBAgIEFTrrQzANBgkqhkiG9w0BAQsFADB7MQswCQYDVQQGEwJVUzEWMBQGA1UECBMNTWFzc2FjaHVzZXR0czEPMA0GA1UEBxMGQm9zdG9uMRQwEgYDVQQKEwtTU09Qcm92aWRlcjEUMBIGA1UECxMLR2xvYmFsIExpbmsxFzAVBgNVBAMTDmdsYXdzc2hkZXYzcWEzMB4XDTIxMDQxNTE5NDA1MVoXDTMxMDQxMzE5NDA1MVowezELMAkGA1UEBhMCVVMxFjAUBgNVBAgTDU1hc3NhY2h1c2V0dHMxDzANBgNVBAcTBkJvc3RvbjEUMBIGA1UEChMLU1NPUHJvdmlkZXIxFDASBgNVBAsTC0dsb2JhbCBMaW5rMRcwFQYDVQQDEw5nbGF3c3NoZGV2M3FhMzCCASIwDQYJKoZIhvcNAQEBBQADggEPADCCAQoCggEBANZv1wYixsgqgjOruPIxeCH47YMDX4OXJ1s7nJVcF+Yp9vZFfIC5BaJk2BxDx+nj3GNLYrmaZkMARssUGjrM/uAHHZp5QjDA1bBDcv0aiMDXxX64ffRwoWzELfRgwUYkj8d6UUi3Psz34WCgEGtIcX0mEq3tjSHMrCKVQH5zEK++6N+Pj5fWGCz6uSsq3kLYh8FZD2Ct/eyVB+Pfl0sJMdb9z/jBYj3uB5yWW2HDXr3zzwto+dRdo2YmiHPxTYB8M/P2l1LNpHEAVLShhWdW+pDTSuzpC673cpZCClxfJP5s6OHi7l3tZp5novZSzthO/E9XTOjGlfpDdG9qwtLBjFECAwEAATANBgkqhkiG9w0BAQsFAAOCAQEAmuAt8TBIXivtuXwfDsc0pD2g+wtmgzp6xjBhGHEijgeZ1Bmd76Omo760klIHn7mO1h59LPxaRnP+OW2TVhZH8tCxr3vYZ7plQssI1T944RSHkvROh3/PL+yes4rWKN0iL5aSR7r1alfeSy7uMJiODGdqh+yhfCzKhGh54lWWxvL+AuqSEL1P24z1Pp38OY97iH2XUXoCvvfFbbb5ECFBxPeKUlJPb9lrHdT9yC+6dlEmINoZHG/I44lf7Ytf4RdyU1M6CaFIiTf7YqBgxBhcgVMSiDyH9mdYw2qtyL4T3L2hmilKGv5EIx1ZgoExaKUEEkGnZremDdORSpLXXjNH7Q==\u003c/ns1:X509Certificate\u003e\n                    \u003cns1:X509SubjectName\u003eCN=glawsshdev3qa3,OU=Global Link,O=SSOProvider,L=Boston,ST=Massachusetts,C=US\u003c/ns1:X509SubjectName\u003e\n                \u003c/ns1:X509Data\u003e\n            \u003c/ns1:KeyInfo\u003e\n        \u003c/KeyDescriptor\u003e\n        \u003cNameIDFormat\u003eurn:oasis:names:tc:SAML:2.0:nameid-format:persistent\u003c/NameIDFormat\u003e\n        \u003cSingleSignOnService Binding=\"urn:oasis:names:tc:SAML:2.0:bindings:HTTP-Redirect\" Location=\"https://my.qa3.globallink.com/affwebservices/public/saml2sso\"/\u003e\n        \u003cSingleSignOnService Binding=\"urn:oasis:names:tc:SAML:2.0:bindings:HTTP-POST\" Location=\"https://my.qa3.globallink.com/affwebservices/public/saml2sso\"/\u003e\n        \u003cns2:Attribute Name=\"givenname\" NameFormat=\"urn:oasis:names:tc:SAML:2.0:attrname-format:unspecified\" xmlns:ns2=\"urn:oasis:names:tc:SAML:2.0:assertion\"/\u003e\n        \u003cns3:Attribute Name=\"surname\" NameFormat=\"urn:oasis:names:tc:SAML:2.0:attrname-format:unspecified\" xmlns:ns3=\"urn:oasis:names:tc:SAML:2.0:assertion\"/\u003e\n        \u003cns4:Attribute Name=\"emailaddress\" NameFormat=\"urn:oasis:names:tc:SAML:2.0:attrname-format:unspecified\" xmlns:ns4=\"urn:oasis:names:tc:SAML:2.0:assertion\"/\u003e\n        \u003cns5:Attribute Name=\"name\" NameFormat=\"urn:oasis:names:tc:SAML:2.0:attrname-format:unspecified\" xmlns:ns5=\"urn:oasis:names:tc:SAML:2.0:assertion\"/\u003e\n        \u003cns6:Attribute Name=\"glauth\" NameFormat=\"urn:oasis:names:tc:SAML:2.0:attrname-format:unspecified\" xmlns:ns6=\"urn:oasis:names:tc:SAML:2.0:assertion\"/\u003e\n    \u003c/IDPSSODescriptor\u003e\n\u003c/EntityDescriptor\u003e",
              "SSORedirectBindingURI": "https://my.qa3.globallink.com/affwebservices/public/saml2sso"
            },
            "provider_name": "Globallink",
            "provider_type": "SAML",
            "user_pool_id": "us-east-1_Q45fYv9V4"
          },
          "private": "bnVsbA==",
          "dependencies": [
            "module.auth.aws_cognito_user_pool.seahorse_user_pool"
          ]
        }
      ]
    },
    {
      "module": "module.auth",
      "mode": "managed",
      "type": "aws_cognito_user_pool",
      "name": "seahorse_user_pool",
      "provider": "provider[\"registry.terraform.io/hashicorp/aws\"]",
      "instances": [
        {
          "index_key": 0,
          "schema_version": 0,
          "attributes": {
            "account_recovery_setting": [],
            "admin_create_user_config": [
              {
                "allow_admin_create_user_only": false,
                "invite_message_template": []
              }
            ],
            "alias_attributes": null,
            "arn": "arn:aws:cognito-idp:us-east-1:273259652503:userpool/us-east-1_Q45fYv9V4",
            "auto_verified_attributes": null,
            "creation_date": "2021-06-25T13:54:21Z",
            "device_configuration": [],
            "email_configuration": [
              {
                "email_sending_account": "COGNITO_DEFAULT",
                "from_email_address": "",
                "reply_to_email_address": "",
                "source_arn": ""
              }
            ],
            "email_verification_message": null,
            "email_verification_subject": null,
            "endpoint": "cognito-idp.us-east-1.amazonaws.com/us-east-1_Q45fYv9V4",
            "id": "us-east-1_Q45fYv9V4",
            "lambda_config": [],
            "last_modified_date": "2021-06-25T13:54:21Z",
            "mfa_configuration": "OFF",
            "name": "SeaHorse User Pool",
            "password_policy": [
              {
                "minimum_length": 8,
                "require_lowercase": true,
                "require_numbers": true,
                "require_symbols": true,
                "require_uppercase": true,
                "temporary_password_validity_days": 7
              }
            ],
            "schema": [
              {
                "attribute_data_type": "String",
                "developer_only_attribute": null,
                "mutable": true,
                "name": "email",
                "number_attribute_constraints": [],
                "required": true,
                "string_attribute_constraints": []
              }
            ],
            "sms_authentication_message": null,
            "sms_configuration": [],
            "sms_verification_message": null,
            "software_token_mfa_configuration": [],
            "tags": null,
            "user_pool_add_ons": [],
            "username_attributes": [
              "email"
            ],
            "username_configuration": [],
            "verification_message_template": [
              {
                "default_email_option": "CONFIRM_WITH_CODE",
                "email_message": "",
                "email_message_by_link": "",
                "email_subject": "",
                "email_subject_by_link": "",
                "sms_message": ""
              }
            ]
          },
          "private": "bnVsbA=="
        }
      ]
    },
    {
      "module": "module.auth",
      "mode": "managed",
      "type": "aws_cognito_user_pool_client",
      "name": "seahorse_web_client",
      "provider": "provider[\"registry.terraform.io/hashicorp/aws\"]",
      "instances": [
        {
          "index_key": 0,
          "schema_version": 0,
          "attributes": {
            "allowed_oauth_flows": [
              "code",
              "implicit"
            ],
            "allowed_oauth_flows_user_pool_client": true,
            "allowed_oauth_scopes": [
              "aws.cognito.signin.user.admin",
              "email",
              "openid",
              "phone",
              "profile"
            ],
            "analytics_configuration": [],
            "callback_urls": [
              "https://web.seahorse-uat.globallink.com/components/seahorseAuthentication/SeahorseAuthentication.html"
            ],
            "client_secret": "",
            "default_redirect_uri": "",
            "explicit_auth_flows": [
              "ADMIN_NO_SRP_AUTH"
            ],
            "generate_secret": false,
            "id": "7po344jm3740dbrmgqsb2dqlkm",
            "logout_urls": [
              "https://web.seahorse-uat.globallink.com/components/seahorseAuthentication/SeahorseAuthentication.html"
            ],
            "name": "seahorse_web_client",
            "prevent_user_existence_errors": "",
            "read_attributes": null,
            "refresh_token_validity": 30,
            "supported_identity_providers": [
              "COGNITO",
              "Globallink"
            ],
            "user_pool_id": "us-east-1_Q45fYv9V4",
            "write_attributes": null
          },
          "private": "bnVsbA==",
          "dependencies": [
            "module.auth.aws_cognito_identity_provider.identity_provider_sso",
            "module.auth.aws_cognito_user_pool.seahorse_user_pool"
          ]
        }
      ]
    },
    {
      "module": "module.auth",
      "mode": "managed",
      "type": "aws_cognito_user_pool_domain",
      "name": "domain",
      "provider": "provider[\"registry.terraform.io/hashicorp/aws\"]",
      "instances": [
        {
          "index_key": 0,
          "schema_version": 0,
          "attributes": {
            "aws_account_id": "273259652503",
            "certificate_arn": "arn:aws:acm:us-east-1:273259652503:certificate/725c90de-119b-4b35-9b3a-6bbf83897309",
            "cloudfront_distribution_arn": "d5rikbokma17a.cloudfront.net",
            "domain": "seahorse-uat2.globallink.com",
            "id": "seahorse-uat2.globallink.com",
            "s3_bucket": "aws-cognito-prod-iad-assets",
            "user_pool_id": "us-east-1_Q45fYv9V4",
            "version": "20210625135458"
          },
          "private": "bnVsbA==",
          "dependencies": [
            "module.acm.aws_acm_certificate.web_cert",
            "module.auth.aws_cognito_identity_provider.identity_provider_sso",
            "module.auth.aws_cognito_user_pool.seahorse_user_pool"
          ]
        }
      ]
    },
    {
      "module": "module.auth",
      "mode": "managed",
      "type": "aws_iam_role",
      "name": "auth_web_iam_role",
      "provider": "provider[\"registry.terraform.io/hashicorp/aws\"]",
      "instances": [
        {
          "index_key": 0,
          "schema_version": 0,
          "attributes": {
            "arn": "arn:aws:iam::273259652503:role/auth_web_iam_role",
            "assume_role_policy": "{\"Version\":\"2012-10-17\",\"Statement\":[{\"Sid\":\"\",\"Effect\":\"Allow\",\"Principal\":{\"Federated\":\"cognito-identity.amazonaws.com\"},\"Action\":\"sts:AssumeRoleWithWebIdentity\",\"Condition\":{\"StringEquals\":{\"cognito-identity.amazonaws.com:aud\":\"us-east-1:a68820c7-3016-40e4-a431-c27df32df1f2\"},\"ForAnyValue:StringLike\":{\"cognito-identity.amazonaws.com:amr\":\"authenticated\"}}}]}",
            "create_date": "2021-06-25T13:54:51Z",
            "description": "",
            "force_detach_policies": false,
            "id": "auth_web_iam_role",
            "inline_policy": [
              {
                "name": "",
                "policy": ""
              }
            ],
            "managed_policy_arns": [],
            "max_session_duration": 3600,
            "name": "auth_web_iam_role",
            "name_prefix": null,
            "path": "/",
            "permissions_boundary": null,
            "tags": null,
            "unique_id": "AROAT7H4LMWLUDOT74IFQ"
          },
          "private": "bnVsbA==",
          "dependencies": [
            "module.auth.aws_cognito_identity_pool.seahorse_identity_pool",
            "module.auth.aws_cognito_identity_provider.identity_provider_sso",
            "module.auth.aws_cognito_user_pool.seahorse_user_pool",
            "module.auth.aws_cognito_user_pool_client.seahorse_web_client"
          ]
        }
      ]
    },
    {
      "module": "module.auth",
      "mode": "managed",
      "type": "aws_iam_role",
      "name": "unauth_web_iam_role",
      "provider": "provider[\"registry.terraform.io/hashicorp/aws\"]",
      "instances": [
        {
          "index_key": 0,
          "schema_version": 0,
          "attributes": {
            "arn": "arn:aws:iam::273259652503:role/unauth_web_iam_role",
            "assume_role_policy": "{\"Version\":\"2012-10-17\",\"Statement\":[{\"Sid\":\"\",\"Effect\":\"Allow\",\"Principal\":{\"Federated\":\"cognito-identity.amazonaws.com\"},\"Action\":\"sts:AssumeRoleWithWebIdentity\",\"Condition\":{\"StringEquals\":{\"cognito-identity.amazonaws.com:aud\":\"us-east-1:a68820c7-3016-40e4-a431-c27df32df1f2\"},\"ForAnyValue:StringLike\":{\"cognito-identity.amazonaws.com:amr\":\"unauthenticated\"}}}]}",
            "create_date": "2021-06-25T13:54:54Z",
            "description": "",
            "force_detach_policies": false,
            "id": "unauth_web_iam_role",
            "inline_policy": [
              {
                "name": "",
                "policy": ""
              }
            ],
            "managed_policy_arns": [],
            "max_session_duration": 3600,
            "name": "unauth_web_iam_role",
            "name_prefix": null,
            "path": "/",
            "permissions_boundary": null,
            "tags": null,
            "unique_id": "AROAT7H4LMWLQKXPCVI6V"
          },
          "private": "bnVsbA==",
          "dependencies": [
            "module.auth.aws_cognito_identity_pool.seahorse_identity_pool",
            "module.auth.aws_cognito_identity_provider.identity_provider_sso",
            "module.auth.aws_cognito_user_pool.seahorse_user_pool",
            "module.auth.aws_cognito_user_pool_client.seahorse_web_client"
          ]
        }
      ]
    },
    {
      "module": "module.auth",
      "mode": "managed",
      "type": "aws_iam_role_policy",
      "name": "web_iam_unauth_role_policy",
      "provider": "provider[\"registry.terraform.io/hashicorp/aws\"]",
      "instances": [
        {
          "index_key": 0,
          "schema_version": 0,
          "attributes": {
            "id": "unauth_web_iam_role:web_iam_unauth_role_policy",
            "name": "web_iam_unauth_role_policy",
            "name_prefix": null,
            "policy": "{\n    \"Version\": \"2012-10-17\",\n    \"Statement\": [\n         {\n              \"Sid\": \"\",\n              \"Action\": \"*\",\n              \"Effect\": \"Deny\",\n              \"Resource\": \"*\"\n         }\n    ]\n}",
            "role": "unauth_web_iam_role"
          },
          "private": "bnVsbA==",
          "dependencies": [
            "module.auth.aws_cognito_identity_pool.seahorse_identity_pool",
            "module.auth.aws_cognito_identity_provider.identity_provider_sso",
            "module.auth.aws_cognito_user_pool.seahorse_user_pool",
            "module.auth.aws_cognito_user_pool_client.seahorse_web_client",
            "module.auth.aws_iam_role.unauth_web_iam_role"
          ]
        }
      ]
    },
    {
      "module": "module.dynamo_db",
      "mode": "managed",
      "type": "aws_dynamodb_table",
      "name": "component-table",
      "provider": "provider[\"registry.terraform.io/hashicorp/aws\"]",
      "instances": [
        {
          "schema_version": 1,
          "attributes": {
            "arn": "arn:aws:dynamodb:us-east-1:273259652503:table/FSBL_COMPONENTS",
            "attribute": [
              {
                "name": "GROUP_ID",
                "type": "S"
              }
            ],
            "billing_mode": "PROVISIONED",
            "global_secondary_index": [],
            "hash_key": "GROUP_ID",
            "id": "FSBL_COMPONENTS",
            "local_secondary_index": [],
            "name": "FSBL_COMPONENTS",
            "point_in_time_recovery": [
              {
                "enabled": false
              }
            ],
            "range_key": null,
            "read_capacity": 50,
            "replica": [],
            "server_side_encryption": [],
            "stream_arn": "",
            "stream_enabled": false,
            "stream_label": "",
            "stream_view_type": "",
            "tags": {
              "Environment": "uat2"
            },
            "timeouts": null,
            "ttl": [
              {
                "attribute_name": "",
                "enabled": false
              }
            ],
            "write_capacity": 50
          },
          "private": "eyJlMmJmYjczMC1lY2FhLTExZTYtOGY4OC0zNDM2M2JjN2M0YzAiOnsiY3JlYXRlIjo2MDAwMDAwMDAwMDAsImRlbGV0ZSI6NjAwMDAwMDAwMDAwLCJ1cGRhdGUiOjM2MDAwMDAwMDAwMDB9LCJzY2hlbWFfdmVyc2lvbiI6IjEifQ=="
        }
      ]
    },
    {
      "module": "module.dynamo_db",
      "mode": "managed",
      "type": "aws_dynamodb_table",
      "name": "user-preferences-table",
      "provider": "provider[\"registry.terraform.io/hashicorp/aws\"]",
      "instances": [
        {
          "schema_version": 1,
          "attributes": {
            "arn": "arn:aws:dynamodb:us-east-1:273259652503:table/USER_PREFERENCES",
            "attribute": [
              {
                "name": "preference_id",
                "type": "S"
              },
              {
                "name": "user_id",
                "type": "S"
              }
            ],
            "billing_mode": "PROVISIONED",
            "global_secondary_index": [],
            "hash_key": "user_id",
            "id": "USER_PREFERENCES",
            "local_secondary_index": [],
            "name": "USER_PREFERENCES",
            "point_in_time_recovery": [
              {
                "enabled": false
              }
            ],
            "range_key": "preference_id",
            "read_capacity": 50,
            "replica": [],
            "server_side_encryption": [],
            "stream_arn": "",
            "stream_enabled": false,
            "stream_label": "",
            "stream_view_type": "",
            "tags": {
              "Environment": "uat2"
            },
            "timeouts": null,
            "ttl": [
              {
                "attribute_name": "",
                "enabled": false
              }
            ],
            "write_capacity": 50
          },
          "private": "eyJlMmJmYjczMC1lY2FhLTExZTYtOGY4OC0zNDM2M2JjN2M0YzAiOnsiY3JlYXRlIjo2MDAwMDAwMDAwMDAsImRlbGV0ZSI6NjAwMDAwMDAwMDAwLCJ1cGRhdGUiOjM2MDAwMDAwMDAwMDB9LCJzY2hlbWFfdmVyc2lvbiI6IjEifQ=="
        }
      ]
    },
    {
      "module": "module.iam_group_and_policies",
      "mode": "managed",
      "type": "aws_iam_group",
      "name": "seahorse_admin",
      "provider": "provider[\"registry.terraform.io/hashicorp/aws\"]",
      "instances": [
        {
          "schema_version": 0,
          "attributes": {
            "arn": "arn:aws:iam::273259652503:group/users/seahorse_admin",
            "id": "seahorse_admin",
            "name": "seahorse_admin",
            "path": "/users/",
            "unique_id": "AGPAT7H4LMWLX252Q4CWS"
          },
          "private": "bnVsbA=="
        }
      ]
    },
    {
      "module": "module.iam_group_and_policies",
      "mode": "managed",
      "type": "aws_iam_group",
      "name": "seahorse_bestx",
      "provider": "provider[\"registry.terraform.io/hashicorp/aws\"]",
      "instances": [
        {
          "schema_version": 0,
          "attributes": {
            "arn": "arn:aws:iam::273259652503:group/users/seahorse_bestx",
            "id": "seahorse_bestx",
            "name": "seahorse_bestx",
            "path": "/users/",
            "unique_id": "AGPAT7H4LMWLSFFQPF5PG"
          },
          "private": "bnVsbA=="
        }
      ]
    },
    {
      "module": "module.iam_group_and_policies",
      "mode": "managed",
      "type": "aws_iam_group",
      "name": "seahorse_fxconnect",
      "provider": "provider[\"registry.terraform.io/hashicorp/aws\"]",
      "instances": [
        {
          "schema_version": 0,
          "attributes": {
            "arn": "arn:aws:iam::273259652503:group/users/seahorse_fxconnect",
            "id": "seahorse_fxconnect",
            "name": "seahorse_fxconnect",
            "path": "/users/",
            "unique_id": "AGPAT7H4LMWLZYGOYVMQU"
          },
          "private": "bnVsbA=="
        }
      ]
    },
    {
      "module": "module.iam_group_and_policies",
      "mode": "managed",
      "type": "aws_iam_group",
      "name": "seahorse_ssa",
      "provider": "provider[\"registry.terraform.io/hashicorp/aws\"]",
      "instances": [
        {
          "schema_version": 0,
          "attributes": {
            "arn": "arn:aws:iam::273259652503:group/users/seahorse_ssa",
            "id": "seahorse_ssa",
            "name": "seahorse_ssa",
            "path": "/users/",
            "unique_id": "AGPAT7H4LMWLSFMQUOFRV"
          },
          "private": "bnVsbA=="
        }
      ]
    },
    {
      "module": "module.iam_group_and_policies",
      "mode": "managed",
      "type": "aws_iam_group",
      "name": "seahorse_tradenexus",
      "provider": "provider[\"registry.terraform.io/hashicorp/aws\"]",
      "instances": [
        {
          "schema_version": 0,
          "attributes": {
            "arn": "arn:aws:iam::273259652503:group/users/seahorse_tradenexus",
            "id": "seahorse_tradenexus",
            "name": "seahorse_tradenexus",
            "path": "/users/",
            "unique_id": "AGPAT7H4LMWL2TYLAOZN2"
          },
          "private": "bnVsbA=="
        }
      ]
    },
    {
      "module": "module.iam_group_and_policies",
      "mode": "managed",
      "type": "aws_iam_group_policy",
      "name": "seahorse_admin_policy",
      "provider": "provider[\"registry.terraform.io/hashicorp/aws\"]",
      "instances": [
        {
          "schema_version": 0,
          "attributes": {
            "group": "seahorse_admin",
            "id": "seahorse_admin:seahorse_admin_policy",
            "name": "seahorse_admin_policy",
            "name_prefix": null,
            "policy": "{\n    \"Version\": \"2012-10-17\",\n    \"Statement\": [\n        {\n            \"Sid\": \"SeahorseDev\",\n            \"Effect\": \"Allow\",\n            \"Action\": [\n                \"execute-api:Invoke\"\n            ],\n            \"Resource\": [\n                \"arn:aws:execute-api:us-east-1:273259652503:/*/*/apps/group/*\"\n            ]\n        },\n        {\n            \"Sid\": \"ListSeahorseApps\",\n            \"Effect\": \"Allow\",\n            \"Action\": [\n                \"execute-api:Invoke\"\n            ],\n            \"Resource\": [\n                \"arn:aws:execute-api:us-east-1:273259652503:/*/*/apps/group\"\n            ]\n        }\n    ]\n}"
          },
          "private": "bnVsbA==",
          "dependencies": [
            "module.iam_group_and_policies.aws_iam_group.seahorse_admin"
          ]
        }
      ]
    },
    {
      "module": "module.iam_group_and_policies",
      "mode": "managed",
      "type": "aws_iam_group_policy",
      "name": "seahorse_bestx_policy",
      "provider": "provider[\"registry.terraform.io/hashicorp/aws\"]",
      "instances": [
        {
          "schema_version": 0,
          "attributes": {
            "group": "seahorse_bestx",
            "id": "seahorse_bestx:seahorse_bestx_policy",
            "name": "seahorse_bestx_policy",
            "name_prefix": null,
            "policy": "{\n    \"Version\": \"2012-10-17\",\n    \"Statement\": [\n        {\n            \"Sid\": \"bestxDev\",\n            \"Effect\": \"Allow\",\n            \"Action\": [\n                \"execute-api:Invoke\"\n            ],\n            \"Resource\": [\n                \"arn:aws:execute-api:us-east-1:273259652503:/*/*/apps/group/bestx\"\n            ]\n        }\n    ]\n}"
          },
          "private": "bnVsbA==",
          "dependencies": [
            "module.iam_group_and_policies.aws_iam_group.seahorse_bestx"
          ]
        }
      ]
    },
    {
      "module": "module.iam_group_and_policies",
      "mode": "managed",
      "type": "aws_iam_group_policy",
      "name": "seahorse_fxconnect_policy",
      "provider": "provider[\"registry.terraform.io/hashicorp/aws\"]",
      "instances": [
        {
          "schema_version": 0,
          "attributes": {
            "group": "seahorse_fxconnect",
            "id": "seahorse_fxconnect:seahorse_fxconnect_policy",
            "name": "seahorse_fxconnect_policy",
            "name_prefix": null,
            "policy": "{\n    \"Version\": \"2012-10-17\",\n    \"Statement\": [\n        {\n            \"Sid\": \"fxconnectDev\",\n            \"Effect\": \"Allow\",\n            \"Action\": [\n                \"execute-api:Invoke\"\n            ],\n            \"Resource\": [\n                \"arn:aws:execute-api:us-east-1:fxconnect:/*/*/apps/group/fxconnect\"\n            ]\n        }\n    ]\n}"
          },
          "private": "bnVsbA==",
          "dependencies": [
            "module.iam_group_and_policies.aws_iam_group.seahorse_fxconnect"
          ]
        }
      ]
    },
    {
      "module": "module.iam_group_and_policies",
      "mode": "managed",
      "type": "aws_iam_group_policy",
      "name": "seahorse_ssa_policy",
      "provider": "provider[\"registry.terraform.io/hashicorp/aws\"]",
      "instances": [
        {
          "schema_version": 0,
          "attributes": {
            "group": "seahorse_ssa",
            "id": "seahorse_ssa:seahorse_ssa_policy",
            "name": "seahorse_ssa_policy",
            "name_prefix": null,
            "policy": "{\n    \"Version\": \"2012-10-17\",\n    \"Statement\": [\n        {\n            \"Sid\": \"ssaDev\",\n            \"Effect\": \"Allow\",\n            \"Action\": [\n                \"execute-api:Invoke\"\n            ],\n            \"Resource\": [\n                \"arn:aws:execute-api:us-east-1:273259652503:/*/*/apps/group/ssa\"\n            ]\n        }\n    ]\n}"
          },
          "private": "bnVsbA==",
          "dependencies": [
            "module.iam_group_and_policies.aws_iam_group.seahorse_ssa"
          ]
        }
      ]
    },
    {
      "module": "module.iam_group_and_policies",
      "mode": "managed",
      "type": "aws_iam_group_policy",
      "name": "seahorse_tradenexus_policy",
      "provider": "provider[\"registry.terraform.io/hashicorp/aws\"]",
      "instances": [
        {
          "schema_version": 0,
          "attributes": {
            "group": "seahorse_tradenexus",
            "id": "seahorse_tradenexus:seahorse_tradenexus_policy",
            "name": "seahorse_tradenexus_policy",
            "name_prefix": null,
            "policy": "{\n    \"Version\": \"2012-10-17\",\n    \"Statement\": [\n        {\n            \"Sid\": \"tradenexusDev\",\n            \"Effect\": \"Allow\",\n            \"Action\": [\n                \"execute-api:Invoke\"\n            ],\n            \"Resource\": [\n                \"arn:aws:execute-api:us-east-1:273259652503:/*/*/apps/group/tradenexus\"\n            ]\n        }\n    ]\n}"
          },
          "private": "bnVsbA==",
          "dependencies": [
            "module.iam_group_and_policies.aws_iam_group.seahorse_tradenexus"
          ]
        }
      ]
    },
    {
      "module": "module.route53_setup",
      "mode": "managed",
      "type": "aws_route53_record",
      "name": "admin-api",
      "provider": "provider[\"registry.terraform.io/hashicorp/aws\"]",
      "instances": [
        {
          "schema_version": 2,
          "attributes": {
            "alias": [
              {
                "evaluate_target_health": true,
                "name": "d3g5tqrgmks35x.cloudfront.net",
                "zone_id": "Z2FDTNDATAQYW2"
              }
            ],
            "allow_overwrite": null,
            "failover_routing_policy": [],
            "fqdn": "adminapi.seahorse-uat2.globallink.com",
            "geolocation_routing_policy": [],
            "health_check_id": null,
            "id": "Z06427136R2LPJ7XXJT5_adminapi.seahorse-uat2.globallink.com_A",
            "latency_routing_policy": [],
            "multivalue_answer_routing_policy": null,
            "name": "adminapi.seahorse-uat2.globallink.com",
            "records": null,
            "set_identifier": null,
            "ttl": null,
            "type": "A",
            "weighted_routing_policy": [],
            "zone_id": "Z06427136R2LPJ7XXJT5"
          },
          "private": "eyJzY2hlbWFfdmVyc2lvbiI6IjIifQ==",
          "dependencies": [
            "module.acm.aws_acm_certificate.web_cert",
            "module.admin_lambdas.aws_cloudwatch_event_rule.app_definition_ping",
            "module.admin_lambdas.aws_cloudwatch_event_rule.user_preference_ping",
            "module.admin_lambdas.aws_cloudwatch_event_target.ping_create_preference_lambda",
            "module.admin_lambdas.aws_cloudwatch_event_target.ping_delete_lambda",
            "module.admin_lambdas.aws_cloudwatch_event_target.ping_delete_preference",
            "module.admin_lambdas.aws_cloudwatch_event_target.ping_get_lambda",
            "module.admin_lambdas.aws_cloudwatch_event_target.ping_get_preference",
            "module.admin_lambdas.aws_cloudwatch_event_target.ping_register_lambda",
            "module.admin_lambdas.aws_iam_policy.create_definition_lambdas_exec_policy",
            "module.admin_lambdas.aws_iam_policy.create_preference_lambdas_exec_policy",
            "module.admin_lambdas.aws_iam_policy.delete_definition_lambdas_exec_policy",
            "module.admin_lambdas.aws_iam_policy.delete_preference_lambdas_exec_policy",
            "module.admin_lambdas.aws_iam_policy.get_definition_lambda_exec_policy",
            "module.admin_lambdas.aws_iam_policy.get_preference_lambda_exec_policy",
            "module.admin_lambdas.aws_iam_role.seahorse_iam_role_for_lambdas",
            "module.admin_lambdas.aws_iam_role_policy_attachment.create_preference_exec",
            "module.admin_lambdas.aws_iam_role_policy_attachment.delete_definition_exec",
            "module.admin_lambdas.aws_iam_role_policy_attachment.delete_preference_exec",
            "module.admin_lambdas.aws_iam_role_policy_attachment.get_definition_exec",
            "module.admin_lambdas.aws_iam_role_policy_attachment.get_preference_exec",
            "module.admin_lambdas.aws_iam_role_policy_attachment.lambda_dynamodb",
            "module.admin_lambdas.aws_iam_role_policy_attachment.register_definition_exec",
            "module.admin_lambdas.aws_lambda_alias.CreatePreferenceLambda",
            "module.admin_lambdas.aws_lambda_alias.DeletePreferenceLambda",
            "module.admin_lambdas.aws_lambda_alias.DeleteRegisteredComponent",
            "module.admin_lambdas.aws_lambda_alias.GetPreferenceLambda",
            "module.admin_lambdas.aws_lambda_alias.GetRegisteredComponents",
            "module.admin_lambdas.aws_lambda_alias.RegisterComponentLambda",
            "module.admin_lambdas.aws_lambda_function.CreatePreferenceLambda",
            "module.admin_lambdas.aws_lambda_function.DeletePreferenceLambda",
            "module.admin_lambdas.aws_lambda_function.DeleteRegisteredComponent",
            "module.admin_lambdas.aws_lambda_function.GetPreferenceLambda",
            "module.admin_lambdas.aws_lambda_function.GetRegisteredComponents",
            "module.admin_lambdas.aws_lambda_function.RegisterComponentLambda",
            "module.admin_lambdas.aws_lambda_permission.allow_cloudwatch_to_ping_delete_lambda",
            "module.admin_lambdas.aws_lambda_permission.allow_cloudwatch_to_ping_delete_preference_lambda",
            "module.admin_lambdas.aws_lambda_permission.allow_cloudwatch_to_ping_get_lambda",
            "module.admin_lambdas.aws_lambda_permission.allow_cloudwatch_to_ping_get_preference_lambda",
            "module.admin_lambdas.aws_lambda_permission.allow_cloudwatch_to_ping_preference_lambda",
            "module.admin_lambdas.aws_lambda_permission.allow_cloudwatch_to_ping_register_lambda",
            "module.admin_lambdas.aws_lambda_provisioned_concurrency_config.CreatePreferenceLambda",
            "module.admin_lambdas.aws_lambda_provisioned_concurrency_config.DeletePreferenceLambda",
            "module.admin_lambdas.aws_lambda_provisioned_concurrency_config.DeleteRegisteredComponent",
            "module.admin_lambdas.aws_lambda_provisioned_concurrency_config.GetPreferenceLambda",
            "module.admin_lambdas.aws_lambda_provisioned_concurrency_config.GetRegisteredComponents",
            "module.admin_lambdas.aws_lambda_provisioned_concurrency_config.RegisterComponentLambda",
            "module.waf.aws_waf_ipset.ipset",
            "module.waf.aws_waf_rule.wafrule",
            "module.waf.aws_waf_web_acl.waf_acl",
            "module.web_admin_api.aws_api_gateway_base_path_mapping.admin_api_path_mapping",
            "module.web_admin_api.aws_api_gateway_deployment.admin_api_deployment",
            "module.web_admin_api.aws_api_gateway_domain_name.admin_api_domain_name",
            "module.web_admin_api.aws_api_gateway_integration.admin_api_delete_method_integration",
            "module.web_admin_api.aws_api_gateway_integration.admin_api_get_method_integration",
            "module.web_admin_api.aws_api_gateway_integration.admin_api_register_method_integration",
            "module.web_admin_api.aws_api_gateway_integration.mock_options_integration",
            "module.web_admin_api.aws_api_gateway_integration_response.admin_api_delete_integration_response",
            "module.web_admin_api.aws_api_gateway_integration_response.admin_api_get_integration_response",
            "module.web_admin_api.aws_api_gateway_integration_response.admin_api_register_integration_response",
            "module.web_admin_api.aws_api_gateway_integration_response.mock_options_integration_response",
            "module.web_admin_api.aws_api_gateway_method.admin_api_delete_method",
            "module.web_admin_api.aws_api_gateway_method.admin_api_get_method",
            "module.web_admin_api.aws_api_gateway_method.admin_api_register_method",
            "module.web_admin_api.aws_api_gateway_method.mock_options_method",
            "module.web_admin_api.aws_api_gateway_method_response.admin_api_delete_method_response",
            "module.web_admin_api.aws_api_gateway_method_response.admin_api_get_method_response",
            "module.web_admin_api.aws_api_gateway_method_response.admin_api_register_method_response",
            "module.web_admin_api.aws_api_gateway_method_response.mock_options_response",
            "module.web_admin_api.aws_api_gateway_resource.admin_api_resource",
            "module.web_admin_api.aws_api_gateway_rest_api.admin_api",
            "module.web_admin_api.aws_api_gateway_rest_api_policy.admin_api_policy",
            "module.web_admin_api.aws_lambda_permission.admin-delete-lambda-permission",
            "module.web_admin_api.aws_lambda_permission.admin-get-lambda-permission",
            "module.web_admin_api.aws_lambda_permission.admin-register-lambda-permission",
            "module.web_static.aws_cloudfront_distribution.docs_distribution",
            "module.web_static.aws_cloudfront_distribution.example_distribution",
            "module.web_static.aws_cloudfront_distribution.finsemble_distribution",
            "module.web_static.aws_cloudfront_distribution.storybook_distribution",
            "module.web_static.aws_cloudfront_origin_access_identity.docusaurus_origin_access_identity",
            "module.web_static.aws_cloudfront_origin_access_identity.example_origin_access_identity",
            "module.web_static.aws_cloudfront_origin_access_identity.finsemble_origin_access_identity",
            "module.web_static.aws_cloudfront_origin_access_identity.storybook_origin_access_identity",
            "module.web_static.aws_s3_bucket.apps",
            "module.web_static.aws_s3_bucket.docusaurus",
            "module.web_static.aws_s3_bucket.examples",
            "module.web_static.aws_s3_bucket.finsemble",
            "module.web_static.aws_s3_bucket.storybook"
          ]
        }
      ]
    },
    {
      "module": "module.route53_setup",
      "mode": "managed",
      "type": "aws_route53_record",
      "name": "auth",
      "provider": "provider[\"registry.terraform.io/hashicorp/aws\"]",
      "instances": [
        {
          "schema_version": 2,
          "attributes": {
            "alias": [
              {
                "evaluate_target_health": true,
                "name": "d5rikbokma17a.cloudfront.net",
                "zone_id": "Z2FDTNDATAQYW2"
              }
            ],
            "allow_overwrite": null,
            "failover_routing_policy": [],
            "fqdn": "auth.seahorse-uat2.globallink.com",
            "geolocation_routing_policy": [],
            "health_check_id": null,
            "id": "Z06427136R2LPJ7XXJT5_auth.seahorse-uat2.globallink.com_A",
            "latency_routing_policy": [],
            "multivalue_answer_routing_policy": null,
            "name": "auth.seahorse-uat2.globallink.com",
            "records": null,
            "set_identifier": null,
            "ttl": null,
            "type": "A",
            "weighted_routing_policy": [],
            "zone_id": "Z06427136R2LPJ7XXJT5"
          },
          "private": "eyJzY2hlbWFfdmVyc2lvbiI6IjIifQ==",
          "dependencies": [
            "module.acm.aws_acm_certificate.web_cert",
            "module.admin_lambdas.aws_cloudwatch_event_rule.app_definition_ping",
            "module.admin_lambdas.aws_cloudwatch_event_rule.user_preference_ping",
            "module.admin_lambdas.aws_cloudwatch_event_target.ping_create_preference_lambda",
            "module.admin_lambdas.aws_cloudwatch_event_target.ping_delete_lambda",
            "module.admin_lambdas.aws_cloudwatch_event_target.ping_delete_preference",
            "module.admin_lambdas.aws_cloudwatch_event_target.ping_get_lambda",
            "module.admin_lambdas.aws_cloudwatch_event_target.ping_get_preference",
            "module.admin_lambdas.aws_cloudwatch_event_target.ping_register_lambda",
            "module.admin_lambdas.aws_iam_policy.create_definition_lambdas_exec_policy",
            "module.admin_lambdas.aws_iam_policy.create_preference_lambdas_exec_policy",
            "module.admin_lambdas.aws_iam_policy.delete_definition_lambdas_exec_policy",
            "module.admin_lambdas.aws_iam_policy.delete_preference_lambdas_exec_policy",
            "module.admin_lambdas.aws_iam_policy.get_definition_lambda_exec_policy",
            "module.admin_lambdas.aws_iam_policy.get_preference_lambda_exec_policy",
            "module.admin_lambdas.aws_iam_role.seahorse_iam_role_for_lambdas",
            "module.admin_lambdas.aws_iam_role_policy_attachment.create_preference_exec",
            "module.admin_lambdas.aws_iam_role_policy_attachment.delete_definition_exec",
            "module.admin_lambdas.aws_iam_role_policy_attachment.delete_preference_exec",
            "module.admin_lambdas.aws_iam_role_policy_attachment.get_definition_exec",
            "module.admin_lambdas.aws_iam_role_policy_attachment.get_preference_exec",
            "module.admin_lambdas.aws_iam_role_policy_attachment.lambda_dynamodb",
            "module.admin_lambdas.aws_iam_role_policy_attachment.register_definition_exec",
            "module.admin_lambdas.aws_lambda_alias.CreatePreferenceLambda",
            "module.admin_lambdas.aws_lambda_alias.DeletePreferenceLambda",
            "module.admin_lambdas.aws_lambda_alias.DeleteRegisteredComponent",
            "module.admin_lambdas.aws_lambda_alias.GetPreferenceLambda",
            "module.admin_lambdas.aws_lambda_alias.GetRegisteredComponents",
            "module.admin_lambdas.aws_lambda_alias.RegisterComponentLambda",
            "module.admin_lambdas.aws_lambda_function.CreatePreferenceLambda",
            "module.admin_lambdas.aws_lambda_function.DeletePreferenceLambda",
            "module.admin_lambdas.aws_lambda_function.DeleteRegisteredComponent",
            "module.admin_lambdas.aws_lambda_function.GetPreferenceLambda",
            "module.admin_lambdas.aws_lambda_function.GetRegisteredComponents",
            "module.admin_lambdas.aws_lambda_function.RegisterComponentLambda",
            "module.admin_lambdas.aws_lambda_permission.allow_cloudwatch_to_ping_delete_lambda",
            "module.admin_lambdas.aws_lambda_permission.allow_cloudwatch_to_ping_delete_preference_lambda",
            "module.admin_lambdas.aws_lambda_permission.allow_cloudwatch_to_ping_get_lambda",
            "module.admin_lambdas.aws_lambda_permission.allow_cloudwatch_to_ping_get_preference_lambda",
            "module.admin_lambdas.aws_lambda_permission.allow_cloudwatch_to_ping_preference_lambda",
            "module.admin_lambdas.aws_lambda_permission.allow_cloudwatch_to_ping_register_lambda",
            "module.admin_lambdas.aws_lambda_provisioned_concurrency_config.CreatePreferenceLambda",
            "module.admin_lambdas.aws_lambda_provisioned_concurrency_config.DeletePreferenceLambda",
            "module.admin_lambdas.aws_lambda_provisioned_concurrency_config.DeleteRegisteredComponent",
            "module.admin_lambdas.aws_lambda_provisioned_concurrency_config.GetPreferenceLambda",
            "module.admin_lambdas.aws_lambda_provisioned_concurrency_config.GetRegisteredComponents",
            "module.admin_lambdas.aws_lambda_provisioned_concurrency_config.RegisterComponentLambda",
            "module.auth.aws_cognito_identity_provider.identity_provider_sso",
            "module.auth.aws_cognito_user_pool.seahorse_user_pool",
            "module.auth.aws_cognito_user_pool_domain.domain",
            "module.waf.aws_waf_ipset.ipset",
            "module.waf.aws_waf_rule.wafrule",
            "module.waf.aws_waf_web_acl.waf_acl",
            "module.web_admin_api.aws_api_gateway_base_path_mapping.admin_api_path_mapping",
            "module.web_admin_api.aws_api_gateway_deployment.admin_api_deployment",
            "module.web_admin_api.aws_api_gateway_domain_name.admin_api_domain_name",
            "module.web_admin_api.aws_api_gateway_integration.admin_api_delete_method_integration",
            "module.web_admin_api.aws_api_gateway_integration.admin_api_get_method_integration",
            "module.web_admin_api.aws_api_gateway_integration.admin_api_register_method_integration",
            "module.web_admin_api.aws_api_gateway_integration.mock_options_integration",
            "module.web_admin_api.aws_api_gateway_integration_response.admin_api_delete_integration_response",
            "module.web_admin_api.aws_api_gateway_integration_response.admin_api_get_integration_response",
            "module.web_admin_api.aws_api_gateway_integration_response.admin_api_register_integration_response",
            "module.web_admin_api.aws_api_gateway_integration_response.mock_options_integration_response",
            "module.web_admin_api.aws_api_gateway_method.admin_api_delete_method",
            "module.web_admin_api.aws_api_gateway_method.admin_api_get_method",
            "module.web_admin_api.aws_api_gateway_method.admin_api_register_method",
            "module.web_admin_api.aws_api_gateway_method.mock_options_method",
            "module.web_admin_api.aws_api_gateway_method_response.admin_api_delete_method_response",
            "module.web_admin_api.aws_api_gateway_method_response.admin_api_get_method_response",
            "module.web_admin_api.aws_api_gateway_method_response.admin_api_register_method_response",
            "module.web_admin_api.aws_api_gateway_method_response.mock_options_response",
            "module.web_admin_api.aws_api_gateway_resource.admin_api_resource",
            "module.web_admin_api.aws_api_gateway_rest_api.admin_api",
            "module.web_admin_api.aws_api_gateway_rest_api_policy.admin_api_policy",
            "module.web_admin_api.aws_lambda_permission.admin-delete-lambda-permission",
            "module.web_admin_api.aws_lambda_permission.admin-get-lambda-permission",
            "module.web_admin_api.aws_lambda_permission.admin-register-lambda-permission",
            "module.web_static.aws_cloudfront_distribution.docs_distribution",
            "module.web_static.aws_cloudfront_distribution.example_distribution",
            "module.web_static.aws_cloudfront_distribution.finsemble_distribution",
            "module.web_static.aws_cloudfront_distribution.storybook_distribution",
            "module.web_static.aws_cloudfront_origin_access_identity.docusaurus_origin_access_identity",
            "module.web_static.aws_cloudfront_origin_access_identity.example_origin_access_identity",
            "module.web_static.aws_cloudfront_origin_access_identity.finsemble_origin_access_identity",
            "module.web_static.aws_cloudfront_origin_access_identity.storybook_origin_access_identity",
            "module.web_static.aws_s3_bucket.apps",
            "module.web_static.aws_s3_bucket.docusaurus",
            "module.web_static.aws_s3_bucket.examples",
            "module.web_static.aws_s3_bucket.finsemble",
            "module.web_static.aws_s3_bucket.storybook"
          ]
        }
      ]
    },
    {
      "module": "module.route53_setup",
      "mode": "managed",
      "type": "aws_route53_record",
      "name": "docusaurus",
      "provider": "provider[\"registry.terraform.io/hashicorp/aws\"]",
      "instances": [
        {
          "schema_version": 2,
          "attributes": {
            "alias": [
              {
                "evaluate_target_health": true,
                "name": "dku4mqb7qckn7.cloudfront.net",
                "zone_id": "Z2FDTNDATAQYW2"
              }
            ],
            "allow_overwrite": null,
            "failover_routing_policy": [],
            "fqdn": "docusaurus.d3qruxhfy99boe.cloudfront.net.seahorse-uat2.globallink.com",
            "geolocation_routing_policy": [],
            "health_check_id": null,
            "id": "Z06427136R2LPJ7XXJT5_docusaurus.d3qruxhfy99boe.cloudfront.net_A",
            "latency_routing_policy": [],
            "multivalue_answer_routing_policy": null,
            "name": "docusaurus.d3qruxhfy99boe.cloudfront.net",
            "records": null,
            "set_identifier": null,
            "ttl": null,
            "type": "A",
            "weighted_routing_policy": [],
            "zone_id": "Z06427136R2LPJ7XXJT5"
          },
          "private": "eyJzY2hlbWFfdmVyc2lvbiI6IjIifQ==",
          "dependencies": [
            "module.acm.aws_acm_certificate.web_cert",
            "module.admin_lambdas.aws_cloudwatch_event_rule.app_definition_ping",
            "module.admin_lambdas.aws_cloudwatch_event_rule.user_preference_ping",
            "module.admin_lambdas.aws_cloudwatch_event_target.ping_create_preference_lambda",
            "module.admin_lambdas.aws_cloudwatch_event_target.ping_delete_lambda",
            "module.admin_lambdas.aws_cloudwatch_event_target.ping_delete_preference",
            "module.admin_lambdas.aws_cloudwatch_event_target.ping_get_lambda",
            "module.admin_lambdas.aws_cloudwatch_event_target.ping_get_preference",
            "module.admin_lambdas.aws_cloudwatch_event_target.ping_register_lambda",
            "module.admin_lambdas.aws_iam_policy.create_definition_lambdas_exec_policy",
            "module.admin_lambdas.aws_iam_policy.create_preference_lambdas_exec_policy",
            "module.admin_lambdas.aws_iam_policy.delete_definition_lambdas_exec_policy",
            "module.admin_lambdas.aws_iam_policy.delete_preference_lambdas_exec_policy",
            "module.admin_lambdas.aws_iam_policy.get_definition_lambda_exec_policy",
            "module.admin_lambdas.aws_iam_policy.get_preference_lambda_exec_policy",
            "module.admin_lambdas.aws_iam_role.seahorse_iam_role_for_lambdas",
            "module.admin_lambdas.aws_iam_role_policy_attachment.create_preference_exec",
            "module.admin_lambdas.aws_iam_role_policy_attachment.delete_definition_exec",
            "module.admin_lambdas.aws_iam_role_policy_attachment.delete_preference_exec",
            "module.admin_lambdas.aws_iam_role_policy_attachment.get_definition_exec",
            "module.admin_lambdas.aws_iam_role_policy_attachment.get_preference_exec",
            "module.admin_lambdas.aws_iam_role_policy_attachment.lambda_dynamodb",
            "module.admin_lambdas.aws_iam_role_policy_attachment.register_definition_exec",
            "module.admin_lambdas.aws_lambda_alias.CreatePreferenceLambda",
            "module.admin_lambdas.aws_lambda_alias.DeletePreferenceLambda",
            "module.admin_lambdas.aws_lambda_alias.DeleteRegisteredComponent",
            "module.admin_lambdas.aws_lambda_alias.GetPreferenceLambda",
            "module.admin_lambdas.aws_lambda_alias.GetRegisteredComponents",
            "module.admin_lambdas.aws_lambda_alias.RegisterComponentLambda",
            "module.admin_lambdas.aws_lambda_function.CreatePreferenceLambda",
            "module.admin_lambdas.aws_lambda_function.DeletePreferenceLambda",
            "module.admin_lambdas.aws_lambda_function.DeleteRegisteredComponent",
            "module.admin_lambdas.aws_lambda_function.GetPreferenceLambda",
            "module.admin_lambdas.aws_lambda_function.GetRegisteredComponents",
            "module.admin_lambdas.aws_lambda_function.RegisterComponentLambda",
            "module.admin_lambdas.aws_lambda_permission.allow_cloudwatch_to_ping_delete_lambda",
            "module.admin_lambdas.aws_lambda_permission.allow_cloudwatch_to_ping_delete_preference_lambda",
            "module.admin_lambdas.aws_lambda_permission.allow_cloudwatch_to_ping_get_lambda",
            "module.admin_lambdas.aws_lambda_permission.allow_cloudwatch_to_ping_get_preference_lambda",
            "module.admin_lambdas.aws_lambda_permission.allow_cloudwatch_to_ping_preference_lambda",
            "module.admin_lambdas.aws_lambda_permission.allow_cloudwatch_to_ping_register_lambda",
            "module.admin_lambdas.aws_lambda_provisioned_concurrency_config.CreatePreferenceLambda",
            "module.admin_lambdas.aws_lambda_provisioned_concurrency_config.DeletePreferenceLambda",
            "module.admin_lambdas.aws_lambda_provisioned_concurrency_config.DeleteRegisteredComponent",
            "module.admin_lambdas.aws_lambda_provisioned_concurrency_config.GetPreferenceLambda",
            "module.admin_lambdas.aws_lambda_provisioned_concurrency_config.GetRegisteredComponents",
            "module.admin_lambdas.aws_lambda_provisioned_concurrency_config.RegisterComponentLambda",
            "module.waf.aws_waf_ipset.ipset",
            "module.waf.aws_waf_rule.wafrule",
            "module.waf.aws_waf_web_acl.waf_acl",
            "module.web_admin_api.aws_api_gateway_base_path_mapping.admin_api_path_mapping",
            "module.web_admin_api.aws_api_gateway_deployment.admin_api_deployment",
            "module.web_admin_api.aws_api_gateway_domain_name.admin_api_domain_name",
            "module.web_admin_api.aws_api_gateway_integration.admin_api_delete_method_integration",
            "module.web_admin_api.aws_api_gateway_integration.admin_api_get_method_integration",
            "module.web_admin_api.aws_api_gateway_integration.admin_api_register_method_integration",
            "module.web_admin_api.aws_api_gateway_integration.mock_options_integration",
            "module.web_admin_api.aws_api_gateway_integration_response.admin_api_delete_integration_response",
            "module.web_admin_api.aws_api_gateway_integration_response.admin_api_get_integration_response",
            "module.web_admin_api.aws_api_gateway_integration_response.admin_api_register_integration_response",
            "module.web_admin_api.aws_api_gateway_integration_response.mock_options_integration_response",
            "module.web_admin_api.aws_api_gateway_method.admin_api_delete_method",
            "module.web_admin_api.aws_api_gateway_method.admin_api_get_method",
            "module.web_admin_api.aws_api_gateway_method.admin_api_register_method",
            "module.web_admin_api.aws_api_gateway_method.mock_options_method",
            "module.web_admin_api.aws_api_gateway_method_response.admin_api_delete_method_response",
            "module.web_admin_api.aws_api_gateway_method_response.admin_api_get_method_response",
            "module.web_admin_api.aws_api_gateway_method_response.admin_api_register_method_response",
            "module.web_admin_api.aws_api_gateway_method_response.mock_options_response",
            "module.web_admin_api.aws_api_gateway_resource.admin_api_resource",
            "module.web_admin_api.aws_api_gateway_rest_api.admin_api",
            "module.web_admin_api.aws_api_gateway_rest_api_policy.admin_api_policy",
            "module.web_admin_api.aws_lambda_permission.admin-delete-lambda-permission",
            "module.web_admin_api.aws_lambda_permission.admin-get-lambda-permission",
            "module.web_admin_api.aws_lambda_permission.admin-register-lambda-permission",
            "module.web_static.aws_cloudfront_distribution.docs_distribution",
            "module.web_static.aws_cloudfront_distribution.example_distribution",
            "module.web_static.aws_cloudfront_distribution.finsemble_distribution",
            "module.web_static.aws_cloudfront_distribution.storybook_distribution",
            "module.web_static.aws_cloudfront_origin_access_identity.docusaurus_origin_access_identity",
            "module.web_static.aws_cloudfront_origin_access_identity.example_origin_access_identity",
            "module.web_static.aws_cloudfront_origin_access_identity.finsemble_origin_access_identity",
            "module.web_static.aws_cloudfront_origin_access_identity.storybook_origin_access_identity",
            "module.web_static.aws_s3_bucket.apps",
            "module.web_static.aws_s3_bucket.docusaurus",
            "module.web_static.aws_s3_bucket.examples",
            "module.web_static.aws_s3_bucket.finsemble",
            "module.web_static.aws_s3_bucket.storybook"
          ]
        }
      ]
    },
    {
      "module": "module.route53_setup",
      "mode": "managed",
      "type": "aws_route53_record",
      "name": "example-app",
      "provider": "provider[\"registry.terraform.io/hashicorp/aws\"]",
      "instances": [
        {
          "schema_version": 2,
          "attributes": {
            "alias": [
              {
                "evaluate_target_health": true,
                "name": "d1o7uleha6ddtf.cloudfront.net",
                "zone_id": "Z2FDTNDATAQYW2"
              }
            ],
            "allow_overwrite": null,
            "failover_routing_policy": [],
            "fqdn": "simple-app.seahorse-uat2.globallink.com",
            "geolocation_routing_policy": [],
            "health_check_id": null,
            "id": "Z06427136R2LPJ7XXJT5_simple-app.seahorse-uat2.globallink.com_A",
            "latency_routing_policy": [],
            "multivalue_answer_routing_policy": null,
            "name": "simple-app.seahorse-uat2.globallink.com",
            "records": null,
            "set_identifier": null,
            "ttl": null,
            "type": "A",
            "weighted_routing_policy": [],
            "zone_id": "Z06427136R2LPJ7XXJT5"
          },
          "private": "eyJzY2hlbWFfdmVyc2lvbiI6IjIifQ==",
          "dependencies": [
            "module.acm.aws_acm_certificate.web_cert",
            "module.admin_lambdas.aws_cloudwatch_event_rule.app_definition_ping",
            "module.admin_lambdas.aws_cloudwatch_event_rule.user_preference_ping",
            "module.admin_lambdas.aws_cloudwatch_event_target.ping_create_preference_lambda",
            "module.admin_lambdas.aws_cloudwatch_event_target.ping_delete_lambda",
            "module.admin_lambdas.aws_cloudwatch_event_target.ping_delete_preference",
            "module.admin_lambdas.aws_cloudwatch_event_target.ping_get_lambda",
            "module.admin_lambdas.aws_cloudwatch_event_target.ping_get_preference",
            "module.admin_lambdas.aws_cloudwatch_event_target.ping_register_lambda",
            "module.admin_lambdas.aws_iam_policy.create_definition_lambdas_exec_policy",
            "module.admin_lambdas.aws_iam_policy.create_preference_lambdas_exec_policy",
            "module.admin_lambdas.aws_iam_policy.delete_definition_lambdas_exec_policy",
            "module.admin_lambdas.aws_iam_policy.delete_preference_lambdas_exec_policy",
            "module.admin_lambdas.aws_iam_policy.get_definition_lambda_exec_policy",
            "module.admin_lambdas.aws_iam_policy.get_preference_lambda_exec_policy",
            "module.admin_lambdas.aws_iam_role.seahorse_iam_role_for_lambdas",
            "module.admin_lambdas.aws_iam_role_policy_attachment.create_preference_exec",
            "module.admin_lambdas.aws_iam_role_policy_attachment.delete_definition_exec",
            "module.admin_lambdas.aws_iam_role_policy_attachment.delete_preference_exec",
            "module.admin_lambdas.aws_iam_role_policy_attachment.get_definition_exec",
            "module.admin_lambdas.aws_iam_role_policy_attachment.get_preference_exec",
            "module.admin_lambdas.aws_iam_role_policy_attachment.lambda_dynamodb",
            "module.admin_lambdas.aws_iam_role_policy_attachment.register_definition_exec",
            "module.admin_lambdas.aws_lambda_alias.CreatePreferenceLambda",
            "module.admin_lambdas.aws_lambda_alias.DeletePreferenceLambda",
            "module.admin_lambdas.aws_lambda_alias.DeleteRegisteredComponent",
            "module.admin_lambdas.aws_lambda_alias.GetPreferenceLambda",
            "module.admin_lambdas.aws_lambda_alias.GetRegisteredComponents",
            "module.admin_lambdas.aws_lambda_alias.RegisterComponentLambda",
            "module.admin_lambdas.aws_lambda_function.CreatePreferenceLambda",
            "module.admin_lambdas.aws_lambda_function.DeletePreferenceLambda",
            "module.admin_lambdas.aws_lambda_function.DeleteRegisteredComponent",
            "module.admin_lambdas.aws_lambda_function.GetPreferenceLambda",
            "module.admin_lambdas.aws_lambda_function.GetRegisteredComponents",
            "module.admin_lambdas.aws_lambda_function.RegisterComponentLambda",
            "module.admin_lambdas.aws_lambda_permission.allow_cloudwatch_to_ping_delete_lambda",
            "module.admin_lambdas.aws_lambda_permission.allow_cloudwatch_to_ping_delete_preference_lambda",
            "module.admin_lambdas.aws_lambda_permission.allow_cloudwatch_to_ping_get_lambda",
            "module.admin_lambdas.aws_lambda_permission.allow_cloudwatch_to_ping_get_preference_lambda",
            "module.admin_lambdas.aws_lambda_permission.allow_cloudwatch_to_ping_preference_lambda",
            "module.admin_lambdas.aws_lambda_permission.allow_cloudwatch_to_ping_register_lambda",
            "module.admin_lambdas.aws_lambda_provisioned_concurrency_config.CreatePreferenceLambda",
            "module.admin_lambdas.aws_lambda_provisioned_concurrency_config.DeletePreferenceLambda",
            "module.admin_lambdas.aws_lambda_provisioned_concurrency_config.DeleteRegisteredComponent",
            "module.admin_lambdas.aws_lambda_provisioned_concurrency_config.GetPreferenceLambda",
            "module.admin_lambdas.aws_lambda_provisioned_concurrency_config.GetRegisteredComponents",
            "module.admin_lambdas.aws_lambda_provisioned_concurrency_config.RegisterComponentLambda",
            "module.waf.aws_waf_ipset.ipset",
            "module.waf.aws_waf_rule.wafrule",
            "module.waf.aws_waf_web_acl.waf_acl",
            "module.web_admin_api.aws_api_gateway_base_path_mapping.admin_api_path_mapping",
            "module.web_admin_api.aws_api_gateway_deployment.admin_api_deployment",
            "module.web_admin_api.aws_api_gateway_domain_name.admin_api_domain_name",
            "module.web_admin_api.aws_api_gateway_integration.admin_api_delete_method_integration",
            "module.web_admin_api.aws_api_gateway_integration.admin_api_get_method_integration",
            "module.web_admin_api.aws_api_gateway_integration.admin_api_register_method_integration",
            "module.web_admin_api.aws_api_gateway_integration.mock_options_integration",
            "module.web_admin_api.aws_api_gateway_integration_response.admin_api_delete_integration_response",
            "module.web_admin_api.aws_api_gateway_integration_response.admin_api_get_integration_response",
            "module.web_admin_api.aws_api_gateway_integration_response.admin_api_register_integration_response",
            "module.web_admin_api.aws_api_gateway_integration_response.mock_options_integration_response",
            "module.web_admin_api.aws_api_gateway_method.admin_api_delete_method",
            "module.web_admin_api.aws_api_gateway_method.admin_api_get_method",
            "module.web_admin_api.aws_api_gateway_method.admin_api_register_method",
            "module.web_admin_api.aws_api_gateway_method.mock_options_method",
            "module.web_admin_api.aws_api_gateway_method_response.admin_api_delete_method_response",
            "module.web_admin_api.aws_api_gateway_method_response.admin_api_get_method_response",
            "module.web_admin_api.aws_api_gateway_method_response.admin_api_register_method_response",
            "module.web_admin_api.aws_api_gateway_method_response.mock_options_response",
            "module.web_admin_api.aws_api_gateway_resource.admin_api_resource",
            "module.web_admin_api.aws_api_gateway_rest_api.admin_api",
            "module.web_admin_api.aws_api_gateway_rest_api_policy.admin_api_policy",
            "module.web_admin_api.aws_lambda_permission.admin-delete-lambda-permission",
            "module.web_admin_api.aws_lambda_permission.admin-get-lambda-permission",
            "module.web_admin_api.aws_lambda_permission.admin-register-lambda-permission",
            "module.web_static.aws_cloudfront_distribution.docs_distribution",
            "module.web_static.aws_cloudfront_distribution.example_distribution",
            "module.web_static.aws_cloudfront_distribution.finsemble_distribution",
            "module.web_static.aws_cloudfront_distribution.storybook_distribution",
            "module.web_static.aws_cloudfront_origin_access_identity.docusaurus_origin_access_identity",
            "module.web_static.aws_cloudfront_origin_access_identity.example_origin_access_identity",
            "module.web_static.aws_cloudfront_origin_access_identity.finsemble_origin_access_identity",
            "module.web_static.aws_cloudfront_origin_access_identity.storybook_origin_access_identity",
            "module.web_static.aws_s3_bucket.apps",
            "module.web_static.aws_s3_bucket.docusaurus",
            "module.web_static.aws_s3_bucket.examples",
            "module.web_static.aws_s3_bucket.finsemble",
            "module.web_static.aws_s3_bucket.storybook"
          ]
        }
      ]
    },
    {
      "module": "module.route53_setup",
      "mode": "managed",
      "type": "aws_route53_record",
      "name": "finsemble",
      "provider": "provider[\"registry.terraform.io/hashicorp/aws\"]",
      "instances": [
        {
          "schema_version": 2,
          "attributes": {
            "alias": [
              {
                "evaluate_target_health": true,
                "name": "d3qruxhfy99boe.cloudfront.net",
                "zone_id": "Z2FDTNDATAQYW2"
              }
            ],
            "allow_overwrite": null,
            "failover_routing_policy": [],
            "fqdn": "web.seahorse-uat2.globallink.com",
            "geolocation_routing_policy": [],
            "health_check_id": null,
            "id": "Z06427136R2LPJ7XXJT5_web.seahorse-uat2.globallink.com_A",
            "latency_routing_policy": [],
            "multivalue_answer_routing_policy": null,
            "name": "web.seahorse-uat2.globallink.com",
            "records": null,
            "set_identifier": null,
            "ttl": null,
            "type": "A",
            "weighted_routing_policy": [],
            "zone_id": "Z06427136R2LPJ7XXJT5"
          },
          "private": "eyJzY2hlbWFfdmVyc2lvbiI6IjIifQ==",
          "dependencies": [
            "module.acm.aws_acm_certificate.web_cert",
            "module.admin_lambdas.aws_cloudwatch_event_rule.app_definition_ping",
            "module.admin_lambdas.aws_cloudwatch_event_rule.user_preference_ping",
            "module.admin_lambdas.aws_cloudwatch_event_target.ping_create_preference_lambda",
            "module.admin_lambdas.aws_cloudwatch_event_target.ping_delete_lambda",
            "module.admin_lambdas.aws_cloudwatch_event_target.ping_delete_preference",
            "module.admin_lambdas.aws_cloudwatch_event_target.ping_get_lambda",
            "module.admin_lambdas.aws_cloudwatch_event_target.ping_get_preference",
            "module.admin_lambdas.aws_cloudwatch_event_target.ping_register_lambda",
            "module.admin_lambdas.aws_iam_policy.create_definition_lambdas_exec_policy",
            "module.admin_lambdas.aws_iam_policy.create_preference_lambdas_exec_policy",
            "module.admin_lambdas.aws_iam_policy.delete_definition_lambdas_exec_policy",
            "module.admin_lambdas.aws_iam_policy.delete_preference_lambdas_exec_policy",
            "module.admin_lambdas.aws_iam_policy.get_definition_lambda_exec_policy",
            "module.admin_lambdas.aws_iam_policy.get_preference_lambda_exec_policy",
            "module.admin_lambdas.aws_iam_role.seahorse_iam_role_for_lambdas",
            "module.admin_lambdas.aws_iam_role_policy_attachment.create_preference_exec",
            "module.admin_lambdas.aws_iam_role_policy_attachment.delete_definition_exec",
            "module.admin_lambdas.aws_iam_role_policy_attachment.delete_preference_exec",
            "module.admin_lambdas.aws_iam_role_policy_attachment.get_definition_exec",
            "module.admin_lambdas.aws_iam_role_policy_attachment.get_preference_exec",
            "module.admin_lambdas.aws_iam_role_policy_attachment.lambda_dynamodb",
            "module.admin_lambdas.aws_iam_role_policy_attachment.register_definition_exec",
            "module.admin_lambdas.aws_lambda_alias.CreatePreferenceLambda",
            "module.admin_lambdas.aws_lambda_alias.DeletePreferenceLambda",
            "module.admin_lambdas.aws_lambda_alias.DeleteRegisteredComponent",
            "module.admin_lambdas.aws_lambda_alias.GetPreferenceLambda",
            "module.admin_lambdas.aws_lambda_alias.GetRegisteredComponents",
            "module.admin_lambdas.aws_lambda_alias.RegisterComponentLambda",
            "module.admin_lambdas.aws_lambda_function.CreatePreferenceLambda",
            "module.admin_lambdas.aws_lambda_function.DeletePreferenceLambda",
            "module.admin_lambdas.aws_lambda_function.DeleteRegisteredComponent",
            "module.admin_lambdas.aws_lambda_function.GetPreferenceLambda",
            "module.admin_lambdas.aws_lambda_function.GetRegisteredComponents",
            "module.admin_lambdas.aws_lambda_function.RegisterComponentLambda",
            "module.admin_lambdas.aws_lambda_permission.allow_cloudwatch_to_ping_delete_lambda",
            "module.admin_lambdas.aws_lambda_permission.allow_cloudwatch_to_ping_delete_preference_lambda",
            "module.admin_lambdas.aws_lambda_permission.allow_cloudwatch_to_ping_get_lambda",
            "module.admin_lambdas.aws_lambda_permission.allow_cloudwatch_to_ping_get_preference_lambda",
            "module.admin_lambdas.aws_lambda_permission.allow_cloudwatch_to_ping_preference_lambda",
            "module.admin_lambdas.aws_lambda_permission.allow_cloudwatch_to_ping_register_lambda",
            "module.admin_lambdas.aws_lambda_provisioned_concurrency_config.CreatePreferenceLambda",
            "module.admin_lambdas.aws_lambda_provisioned_concurrency_config.DeletePreferenceLambda",
            "module.admin_lambdas.aws_lambda_provisioned_concurrency_config.DeleteRegisteredComponent",
            "module.admin_lambdas.aws_lambda_provisioned_concurrency_config.GetPreferenceLambda",
            "module.admin_lambdas.aws_lambda_provisioned_concurrency_config.GetRegisteredComponents",
            "module.admin_lambdas.aws_lambda_provisioned_concurrency_config.RegisterComponentLambda",
            "module.waf.aws_waf_ipset.ipset",
            "module.waf.aws_waf_rule.wafrule",
            "module.waf.aws_waf_web_acl.waf_acl",
            "module.web_admin_api.aws_api_gateway_base_path_mapping.admin_api_path_mapping",
            "module.web_admin_api.aws_api_gateway_deployment.admin_api_deployment",
            "module.web_admin_api.aws_api_gateway_domain_name.admin_api_domain_name",
            "module.web_admin_api.aws_api_gateway_integration.admin_api_delete_method_integration",
            "module.web_admin_api.aws_api_gateway_integration.admin_api_get_method_integration",
            "module.web_admin_api.aws_api_gateway_integration.admin_api_register_method_integration",
            "module.web_admin_api.aws_api_gateway_integration.mock_options_integration",
            "module.web_admin_api.aws_api_gateway_integration_response.admin_api_delete_integration_response",
            "module.web_admin_api.aws_api_gateway_integration_response.admin_api_get_integration_response",
            "module.web_admin_api.aws_api_gateway_integration_response.admin_api_register_integration_response",
            "module.web_admin_api.aws_api_gateway_integration_response.mock_options_integration_response",
            "module.web_admin_api.aws_api_gateway_method.admin_api_delete_method",
            "module.web_admin_api.aws_api_gateway_method.admin_api_get_method",
            "module.web_admin_api.aws_api_gateway_method.admin_api_register_method",
            "module.web_admin_api.aws_api_gateway_method.mock_options_method",
            "module.web_admin_api.aws_api_gateway_method_response.admin_api_delete_method_response",
            "module.web_admin_api.aws_api_gateway_method_response.admin_api_get_method_response",
            "module.web_admin_api.aws_api_gateway_method_response.admin_api_register_method_response",
            "module.web_admin_api.aws_api_gateway_method_response.mock_options_response",
            "module.web_admin_api.aws_api_gateway_resource.admin_api_resource",
            "module.web_admin_api.aws_api_gateway_rest_api.admin_api",
            "module.web_admin_api.aws_api_gateway_rest_api_policy.admin_api_policy",
            "module.web_admin_api.aws_lambda_permission.admin-delete-lambda-permission",
            "module.web_admin_api.aws_lambda_permission.admin-get-lambda-permission",
            "module.web_admin_api.aws_lambda_permission.admin-register-lambda-permission",
            "module.web_static.aws_cloudfront_distribution.docs_distribution",
            "module.web_static.aws_cloudfront_distribution.example_distribution",
            "module.web_static.aws_cloudfront_distribution.finsemble_distribution",
            "module.web_static.aws_cloudfront_distribution.storybook_distribution",
            "module.web_static.aws_cloudfront_origin_access_identity.docusaurus_origin_access_identity",
            "module.web_static.aws_cloudfront_origin_access_identity.example_origin_access_identity",
            "module.web_static.aws_cloudfront_origin_access_identity.finsemble_origin_access_identity",
            "module.web_static.aws_cloudfront_origin_access_identity.storybook_origin_access_identity",
            "module.web_static.aws_s3_bucket.apps",
            "module.web_static.aws_s3_bucket.docusaurus",
            "module.web_static.aws_s3_bucket.examples",
            "module.web_static.aws_s3_bucket.finsemble",
            "module.web_static.aws_s3_bucket.storybook"
          ]
        }
      ]
    },
    {
      "module": "module.route53_setup",
      "mode": "managed",
      "type": "aws_route53_record",
      "name": "storybook",
      "provider": "provider[\"registry.terraform.io/hashicorp/aws\"]",
      "instances": [
        {
          "schema_version": 2,
          "attributes": {
            "alias": [
              {
                "evaluate_target_health": true,
                "name": "d1lvno61af6s63.cloudfront.net",
                "zone_id": "Z2FDTNDATAQYW2"
              }
            ],
            "allow_overwrite": null,
            "failover_routing_policy": [],
            "fqdn": "storybook.seahorse-uat2.globallink.com",
            "geolocation_routing_policy": [],
            "health_check_id": null,
            "id": "Z06427136R2LPJ7XXJT5_storybook.seahorse-uat2.globallink.com_A",
            "latency_routing_policy": [],
            "multivalue_answer_routing_policy": null,
            "name": "storybook.seahorse-uat2.globallink.com",
            "records": null,
            "set_identifier": null,
            "ttl": null,
            "type": "A",
            "weighted_routing_policy": [],
            "zone_id": "Z06427136R2LPJ7XXJT5"
          },
          "private": "eyJzY2hlbWFfdmVyc2lvbiI6IjIifQ==",
          "dependencies": [
            "module.acm.aws_acm_certificate.web_cert",
            "module.admin_lambdas.aws_cloudwatch_event_rule.app_definition_ping",
            "module.admin_lambdas.aws_cloudwatch_event_rule.user_preference_ping",
            "module.admin_lambdas.aws_cloudwatch_event_target.ping_create_preference_lambda",
            "module.admin_lambdas.aws_cloudwatch_event_target.ping_delete_lambda",
            "module.admin_lambdas.aws_cloudwatch_event_target.ping_delete_preference",
            "module.admin_lambdas.aws_cloudwatch_event_target.ping_get_lambda",
            "module.admin_lambdas.aws_cloudwatch_event_target.ping_get_preference",
            "module.admin_lambdas.aws_cloudwatch_event_target.ping_register_lambda",
            "module.admin_lambdas.aws_iam_policy.create_definition_lambdas_exec_policy",
            "module.admin_lambdas.aws_iam_policy.create_preference_lambdas_exec_policy",
            "module.admin_lambdas.aws_iam_policy.delete_definition_lambdas_exec_policy",
            "module.admin_lambdas.aws_iam_policy.delete_preference_lambdas_exec_policy",
            "module.admin_lambdas.aws_iam_policy.get_definition_lambda_exec_policy",
            "module.admin_lambdas.aws_iam_policy.get_preference_lambda_exec_policy",
            "module.admin_lambdas.aws_iam_role.seahorse_iam_role_for_lambdas",
            "module.admin_lambdas.aws_iam_role_policy_attachment.create_preference_exec",
            "module.admin_lambdas.aws_iam_role_policy_attachment.delete_definition_exec",
            "module.admin_lambdas.aws_iam_role_policy_attachment.delete_preference_exec",
            "module.admin_lambdas.aws_iam_role_policy_attachment.get_definition_exec",
            "module.admin_lambdas.aws_iam_role_policy_attachment.get_preference_exec",
            "module.admin_lambdas.aws_iam_role_policy_attachment.lambda_dynamodb",
            "module.admin_lambdas.aws_iam_role_policy_attachment.register_definition_exec",
            "module.admin_lambdas.aws_lambda_alias.CreatePreferenceLambda",
            "module.admin_lambdas.aws_lambda_alias.DeletePreferenceLambda",
            "module.admin_lambdas.aws_lambda_alias.DeleteRegisteredComponent",
            "module.admin_lambdas.aws_lambda_alias.GetPreferenceLambda",
            "module.admin_lambdas.aws_lambda_alias.GetRegisteredComponents",
            "module.admin_lambdas.aws_lambda_alias.RegisterComponentLambda",
            "module.admin_lambdas.aws_lambda_function.CreatePreferenceLambda",
            "module.admin_lambdas.aws_lambda_function.DeletePreferenceLambda",
            "module.admin_lambdas.aws_lambda_function.DeleteRegisteredComponent",
            "module.admin_lambdas.aws_lambda_function.GetPreferenceLambda",
            "module.admin_lambdas.aws_lambda_function.GetRegisteredComponents",
            "module.admin_lambdas.aws_lambda_function.RegisterComponentLambda",
            "module.admin_lambdas.aws_lambda_permission.allow_cloudwatch_to_ping_delete_lambda",
            "module.admin_lambdas.aws_lambda_permission.allow_cloudwatch_to_ping_delete_preference_lambda",
            "module.admin_lambdas.aws_lambda_permission.allow_cloudwatch_to_ping_get_lambda",
            "module.admin_lambdas.aws_lambda_permission.allow_cloudwatch_to_ping_get_preference_lambda",
            "module.admin_lambdas.aws_lambda_permission.allow_cloudwatch_to_ping_preference_lambda",
            "module.admin_lambdas.aws_lambda_permission.allow_cloudwatch_to_ping_register_lambda",
            "module.admin_lambdas.aws_lambda_provisioned_concurrency_config.CreatePreferenceLambda",
            "module.admin_lambdas.aws_lambda_provisioned_concurrency_config.DeletePreferenceLambda",
            "module.admin_lambdas.aws_lambda_provisioned_concurrency_config.DeleteRegisteredComponent",
            "module.admin_lambdas.aws_lambda_provisioned_concurrency_config.GetPreferenceLambda",
            "module.admin_lambdas.aws_lambda_provisioned_concurrency_config.GetRegisteredComponents",
            "module.admin_lambdas.aws_lambda_provisioned_concurrency_config.RegisterComponentLambda",
            "module.waf.aws_waf_ipset.ipset",
            "module.waf.aws_waf_rule.wafrule",
            "module.waf.aws_waf_web_acl.waf_acl",
            "module.web_admin_api.aws_api_gateway_base_path_mapping.admin_api_path_mapping",
            "module.web_admin_api.aws_api_gateway_deployment.admin_api_deployment",
            "module.web_admin_api.aws_api_gateway_domain_name.admin_api_domain_name",
            "module.web_admin_api.aws_api_gateway_integration.admin_api_delete_method_integration",
            "module.web_admin_api.aws_api_gateway_integration.admin_api_get_method_integration",
            "module.web_admin_api.aws_api_gateway_integration.admin_api_register_method_integration",
            "module.web_admin_api.aws_api_gateway_integration.mock_options_integration",
            "module.web_admin_api.aws_api_gateway_integration_response.admin_api_delete_integration_response",
            "module.web_admin_api.aws_api_gateway_integration_response.admin_api_get_integration_response",
            "module.web_admin_api.aws_api_gateway_integration_response.admin_api_register_integration_response",
            "module.web_admin_api.aws_api_gateway_integration_response.mock_options_integration_response",
            "module.web_admin_api.aws_api_gateway_method.admin_api_delete_method",
            "module.web_admin_api.aws_api_gateway_method.admin_api_get_method",
            "module.web_admin_api.aws_api_gateway_method.admin_api_register_method",
            "module.web_admin_api.aws_api_gateway_method.mock_options_method",
            "module.web_admin_api.aws_api_gateway_method_response.admin_api_delete_method_response",
            "module.web_admin_api.aws_api_gateway_method_response.admin_api_get_method_response",
            "module.web_admin_api.aws_api_gateway_method_response.admin_api_register_method_response",
            "module.web_admin_api.aws_api_gateway_method_response.mock_options_response",
            "module.web_admin_api.aws_api_gateway_resource.admin_api_resource",
            "module.web_admin_api.aws_api_gateway_rest_api.admin_api",
            "module.web_admin_api.aws_api_gateway_rest_api_policy.admin_api_policy",
            "module.web_admin_api.aws_lambda_permission.admin-delete-lambda-permission",
            "module.web_admin_api.aws_lambda_permission.admin-get-lambda-permission",
            "module.web_admin_api.aws_lambda_permission.admin-register-lambda-permission",
            "module.web_static.aws_cloudfront_distribution.docs_distribution",
            "module.web_static.aws_cloudfront_distribution.example_distribution",
            "module.web_static.aws_cloudfront_distribution.finsemble_distribution",
            "module.web_static.aws_cloudfront_distribution.storybook_distribution",
            "module.web_static.aws_cloudfront_origin_access_identity.docusaurus_origin_access_identity",
            "module.web_static.aws_cloudfront_origin_access_identity.example_origin_access_identity",
            "module.web_static.aws_cloudfront_origin_access_identity.finsemble_origin_access_identity",
            "module.web_static.aws_cloudfront_origin_access_identity.storybook_origin_access_identity",
            "module.web_static.aws_s3_bucket.apps",
            "module.web_static.aws_s3_bucket.docusaurus",
            "module.web_static.aws_s3_bucket.examples",
            "module.web_static.aws_s3_bucket.finsemble",
            "module.web_static.aws_s3_bucket.storybook"
          ]
        }
      ]
    },
    {
      "module": "module.route53_setup",
      "mode": "managed",
      "type": "aws_route53_record",
      "name": "web-api",
      "provider": "provider[\"registry.terraform.io/hashicorp/aws\"]",
      "instances": [
        {
          "schema_version": 2,
          "attributes": {
            "alias": [
              {
                "evaluate_target_health": true,
                "name": "d3vf6uk5wld6zs.cloudfront.net",
                "zone_id": "Z2FDTNDATAQYW2"
              }
            ],
            "allow_overwrite": null,
            "failover_routing_policy": [],
            "fqdn": "webapi.seahorse-uat2.globallink.com",
            "geolocation_routing_policy": [],
            "health_check_id": null,
            "id": "Z06427136R2LPJ7XXJT5_webapi.seahorse-uat2.globallink.com_A",
            "latency_routing_policy": [],
            "multivalue_answer_routing_policy": null,
            "name": "webapi.seahorse-uat2.globallink.com",
            "records": null,
            "set_identifier": null,
            "ttl": null,
            "type": "A",
            "weighted_routing_policy": [],
            "zone_id": "Z06427136R2LPJ7XXJT5"
          },
          "private": "eyJzY2hlbWFfdmVyc2lvbiI6IjIifQ==",
          "dependencies": [
            "module.acm.aws_acm_certificate.web_cert",
            "module.admin_lambdas.aws_cloudwatch_event_rule.app_definition_ping",
            "module.admin_lambdas.aws_cloudwatch_event_rule.user_preference_ping",
            "module.admin_lambdas.aws_cloudwatch_event_target.ping_create_preference_lambda",
            "module.admin_lambdas.aws_cloudwatch_event_target.ping_delete_lambda",
            "module.admin_lambdas.aws_cloudwatch_event_target.ping_delete_preference",
            "module.admin_lambdas.aws_cloudwatch_event_target.ping_get_lambda",
            "module.admin_lambdas.aws_cloudwatch_event_target.ping_get_preference",
            "module.admin_lambdas.aws_cloudwatch_event_target.ping_register_lambda",
            "module.admin_lambdas.aws_iam_policy.create_definition_lambdas_exec_policy",
            "module.admin_lambdas.aws_iam_policy.create_preference_lambdas_exec_policy",
            "module.admin_lambdas.aws_iam_policy.delete_definition_lambdas_exec_policy",
            "module.admin_lambdas.aws_iam_policy.delete_preference_lambdas_exec_policy",
            "module.admin_lambdas.aws_iam_policy.get_definition_lambda_exec_policy",
            "module.admin_lambdas.aws_iam_policy.get_preference_lambda_exec_policy",
            "module.admin_lambdas.aws_iam_role.seahorse_iam_role_for_lambdas",
            "module.admin_lambdas.aws_iam_role_policy_attachment.create_preference_exec",
            "module.admin_lambdas.aws_iam_role_policy_attachment.delete_definition_exec",
            "module.admin_lambdas.aws_iam_role_policy_attachment.delete_preference_exec",
            "module.admin_lambdas.aws_iam_role_policy_attachment.get_definition_exec",
            "module.admin_lambdas.aws_iam_role_policy_attachment.get_preference_exec",
            "module.admin_lambdas.aws_iam_role_policy_attachment.lambda_dynamodb",
            "module.admin_lambdas.aws_iam_role_policy_attachment.register_definition_exec",
            "module.admin_lambdas.aws_lambda_alias.CreatePreferenceLambda",
            "module.admin_lambdas.aws_lambda_alias.DeletePreferenceLambda",
            "module.admin_lambdas.aws_lambda_alias.DeleteRegisteredComponent",
            "module.admin_lambdas.aws_lambda_alias.GetPreferenceLambda",
            "module.admin_lambdas.aws_lambda_alias.GetRegisteredComponents",
            "module.admin_lambdas.aws_lambda_alias.RegisterComponentLambda",
            "module.admin_lambdas.aws_lambda_function.CreatePreferenceLambda",
            "module.admin_lambdas.aws_lambda_function.DeletePreferenceLambda",
            "module.admin_lambdas.aws_lambda_function.DeleteRegisteredComponent",
            "module.admin_lambdas.aws_lambda_function.GetPreferenceLambda",
            "module.admin_lambdas.aws_lambda_function.GetRegisteredComponents",
            "module.admin_lambdas.aws_lambda_function.RegisterComponentLambda",
            "module.admin_lambdas.aws_lambda_permission.allow_cloudwatch_to_ping_delete_lambda",
            "module.admin_lambdas.aws_lambda_permission.allow_cloudwatch_to_ping_delete_preference_lambda",
            "module.admin_lambdas.aws_lambda_permission.allow_cloudwatch_to_ping_get_lambda",
            "module.admin_lambdas.aws_lambda_permission.allow_cloudwatch_to_ping_get_preference_lambda",
            "module.admin_lambdas.aws_lambda_permission.allow_cloudwatch_to_ping_preference_lambda",
            "module.admin_lambdas.aws_lambda_permission.allow_cloudwatch_to_ping_register_lambda",
            "module.admin_lambdas.aws_lambda_provisioned_concurrency_config.CreatePreferenceLambda",
            "module.admin_lambdas.aws_lambda_provisioned_concurrency_config.DeletePreferenceLambda",
            "module.admin_lambdas.aws_lambda_provisioned_concurrency_config.DeleteRegisteredComponent",
            "module.admin_lambdas.aws_lambda_provisioned_concurrency_config.GetPreferenceLambda",
            "module.admin_lambdas.aws_lambda_provisioned_concurrency_config.GetRegisteredComponents",
            "module.admin_lambdas.aws_lambda_provisioned_concurrency_config.RegisterComponentLambda",
            "module.auth.aws_cognito_identity_pool.seahorse_identity_pool",
            "module.auth.aws_cognito_identity_pool_roles_attachment.seahorse_identity_pool_roles",
            "module.auth.aws_cognito_identity_provider.identity_provider_sso",
            "module.auth.aws_cognito_user_pool.seahorse_user_pool",
            "module.auth.aws_cognito_user_pool_client.seahorse_web_client",
            "module.auth.aws_cognito_user_pool_domain.domain",
            "module.auth.aws_iam_role.auth_web_iam_role",
            "module.auth.aws_iam_role.unauth_web_iam_role",
            "module.auth.aws_iam_role_policy.web_iam_unauth_role_policy",
            "module.waf.aws_waf_ipset.ipset",
            "module.waf.aws_waf_rule.wafrule",
            "module.waf.aws_waf_web_acl.waf_acl",
            "module.web_admin_api.aws_api_gateway_base_path_mapping.admin_api_path_mapping",
            "module.web_admin_api.aws_api_gateway_deployment.admin_api_deployment",
            "module.web_admin_api.aws_api_gateway_domain_name.admin_api_domain_name",
            "module.web_admin_api.aws_api_gateway_integration.admin_api_delete_method_integration",
            "module.web_admin_api.aws_api_gateway_integration.admin_api_get_method_integration",
            "module.web_admin_api.aws_api_gateway_integration.admin_api_register_method_integration",
            "module.web_admin_api.aws_api_gateway_integration.mock_options_integration",
            "module.web_admin_api.aws_api_gateway_integration_response.admin_api_delete_integration_response",
            "module.web_admin_api.aws_api_gateway_integration_response.admin_api_get_integration_response",
            "module.web_admin_api.aws_api_gateway_integration_response.admin_api_register_integration_response",
            "module.web_admin_api.aws_api_gateway_integration_response.mock_options_integration_response",
            "module.web_admin_api.aws_api_gateway_method.admin_api_delete_method",
            "module.web_admin_api.aws_api_gateway_method.admin_api_get_method",
            "module.web_admin_api.aws_api_gateway_method.admin_api_register_method",
            "module.web_admin_api.aws_api_gateway_method.mock_options_method",
            "module.web_admin_api.aws_api_gateway_method_response.admin_api_delete_method_response",
            "module.web_admin_api.aws_api_gateway_method_response.admin_api_get_method_response",
            "module.web_admin_api.aws_api_gateway_method_response.admin_api_register_method_response",
            "module.web_admin_api.aws_api_gateway_method_response.mock_options_response",
            "module.web_admin_api.aws_api_gateway_resource.admin_api_resource",
            "module.web_admin_api.aws_api_gateway_rest_api.admin_api",
            "module.web_admin_api.aws_api_gateway_rest_api_policy.admin_api_policy",
            "module.web_admin_api.aws_lambda_permission.admin-delete-lambda-permission",
            "module.web_admin_api.aws_lambda_permission.admin-get-lambda-permission",
            "module.web_admin_api.aws_lambda_permission.admin-register-lambda-permission",
            "module.web_backend_api.aws_api_gateway_authorizer.web_authorizer",
            "module.web_backend_api.aws_api_gateway_deployment.web_backend_api_deployment",
            "module.web_backend_api.aws_api_gateway_domain_name.web_api_domain_name",
            "module.web_backend_api.aws_api_gateway_integration.get_all_options_integration",
            "module.web_backend_api.aws_api_gateway_integration.mock_options_integration",
            "module.web_backend_api.aws_api_gateway_integration.preferences_api_create_method_integration",
            "module.web_backend_api.aws_api_gateway_integration.preferences_api_delete_method_integration",
            "module.web_backend_api.aws_api_gateway_integration.preferences_api_get_all_method_integration",
            "module.web_backend_api.aws_api_gateway_integration.preferences_api_get_method_integration",
            "module.web_backend_api.aws_api_gateway_integration.web_backend_api_get_method_integration",
            "module.web_backend_api.aws_api_gateway_integration_response.get_all_options_integration_response",
            "module.web_backend_api.aws_api_gateway_integration_response.mock_options_integration_response",
            "module.web_backend_api.aws_api_gateway_integration_response.preferences_api_create_integration_response",
            "module.web_backend_api.aws_api_gateway_integration_response.preferences_api_delete_integration_response",
            "module.web_backend_api.aws_api_gateway_integration_response.preferences_get_all_integration_response",
            "module.web_backend_api.aws_api_gateway_integration_response.preferences_get_integration_response",
            "module.web_backend_api.aws_api_gateway_integration_response.web_backend_api_get_integration_response",
            "module.web_backend_api.aws_api_gateway_method.get_all_options_method",
            "module.web_backend_api.aws_api_gateway_method.mock_options_method",
            "module.web_backend_api.aws_api_gateway_method.preferences_api_create_method",
            "module.web_backend_api.aws_api_gateway_method.preferences_api_delete_method",
            "module.web_backend_api.aws_api_gateway_method.preferences_api_get_all_method",
            "module.web_backend_api.aws_api_gateway_method.preferences_api_get_method",
            "module.web_backend_api.aws_api_gateway_method.web_backend_api_get_method",
            "module.web_backend_api.aws_api_gateway_method_response.get_all_options_response",
            "module.web_backend_api.aws_api_gateway_method_response.mock_options_response",
            "module.web_backend_api.aws_api_gateway_method_response.preferences_api_create_method_response",
            "module.web_backend_api.aws_api_gateway_method_response.preferences_api_delete_method_response",
            "module.web_backend_api.aws_api_gateway_method_response.preferences_api_get_all_method_response",
            "module.web_backend_api.aws_api_gateway_method_response.preferences_api_get_method_response",
            "module.web_backend_api.aws_api_gateway_method_response.web_backend_api_get_method_response",
            "module.web_backend_api.aws_api_gateway_resource.preferences_api_app_resource",
            "module.web_backend_api.aws_api_gateway_resource.preferences_api_get_all_resource",
            "module.web_backend_api.aws_api_gateway_resource.preferences_api_path_resource",
            "module.web_backend_api.aws_api_gateway_resource.preferences_api_resource",
            "module.web_backend_api.aws_api_gateway_resource.preferences_api_userid_resource",
            "module.web_backend_api.aws_api_gateway_resource.preferences_storage_path_resource",
            "module.web_backend_api.aws_api_gateway_resource.web_backend_api_resource",
            "module.web_backend_api.aws_api_gateway_rest_api.web_backend_api",
            "module.web_static.aws_cloudfront_distribution.docs_distribution",
            "module.web_static.aws_cloudfront_distribution.example_distribution",
            "module.web_static.aws_cloudfront_distribution.finsemble_distribution",
            "module.web_static.aws_cloudfront_distribution.storybook_distribution",
            "module.web_static.aws_cloudfront_origin_access_identity.docusaurus_origin_access_identity",
            "module.web_static.aws_cloudfront_origin_access_identity.example_origin_access_identity",
            "module.web_static.aws_cloudfront_origin_access_identity.finsemble_origin_access_identity",
            "module.web_static.aws_cloudfront_origin_access_identity.storybook_origin_access_identity",
            "module.web_static.aws_s3_bucket.apps",
            "module.web_static.aws_s3_bucket.docusaurus",
            "module.web_static.aws_s3_bucket.examples",
            "module.web_static.aws_s3_bucket.finsemble",
            "module.web_static.aws_s3_bucket.storybook"
          ]
        }
      ]
    },
    {
      "module": "module.waf",
      "mode": "managed",
      "type": "aws_waf_ipset",
      "name": "ipset",
      "provider": "provider[\"registry.terraform.io/hashicorp/aws\"]",
      "instances": [
        {
          "schema_version": 0,
          "attributes": {
            "arn": "arn:aws:waf::273259652503:ipset/a65f984e-9bcf-4849-a723-09ae9beab3a9",
            "id": "a65f984e-9bcf-4849-a723-09ae9beab3a9",
            "ip_set_descriptors": [
              {
                "type": "IPV4",
                "value": "10.20.54.0/24"
              },
              {
                "type": "IPV4",
                "value": "118.238.204.120/32"
              },
              {
                "type": "IPV4",
                "value": "147.161.166.0/24"
              },
              {
                "type": "IPV4",
                "value": "159.18.234.12/32"
              },
              {
                "type": "IPV4",
                "value": "159.18.234.5/32"
              },
              {
                "type": "IPV4",
                "value": "165.225.220.0/24"
              },
              {
                "type": "IPV4",
                "value": "165.225.38.0/24"
              },
              {
                "type": "IPV4",
                "value": "165.225.39.0/24"
              },
              {
                "type": "IPV4",
                "value": "185.84.23.5/32"
              },
              {
                "type": "IPV4",
                "value": "203.80.6.50/32"
              },
              {
                "type": "IPV4",
                "value": "208.89.236.196/32"
              },
              {
                "type": "IPV4",
                "value": "208.89.239.4/32"
              },
              {
                "type": "IPV4",
                "value": "208.89.239.5/32"
              },
              {
                "type": "IPV4",
                "value": "213.249.226.56/32"
              },
              {
                "type": "IPV4",
                "value": "219.164.207.18/32"
              },
              {
                "type": "IPV4",
                "value": "63.106.110.14/32"
              },
              {
                "type": "IPV4",
                "value": "63.106.110.9/32"
              },
              {
                "type": "IPV4",
                "value": "74.204.251.4/32"
              },
              {
                "type": "IPV4",
                "value": "80.192.239.232/32"
              },
              {
                "type": "IPV4",
                "value": "81.196.151.13/32"
              }
            ],
            "name": "uat2.seahorse.ipset"
          },
          "private": "bnVsbA=="
        }
      ]
    },
    {
      "module": "module.waf",
      "mode": "managed",
      "type": "aws_waf_rule",
      "name": "wafrule",
      "provider": "provider[\"registry.terraform.io/hashicorp/aws\"]",
      "instances": [
        {
          "schema_version": 0,
          "attributes": {
            "arn": "arn:aws:waf::273259652503:rule/336a65ff-bbdb-45ca-9208-ce5fca30d9a3",
            "id": "336a65ff-bbdb-45ca-9208-ce5fca30d9a3",
            "metric_name": "IPMatchRule",
            "name": "IPMatchRule",
            "predicates": [
              {
                "data_id": "a65f984e-9bcf-4849-a723-09ae9beab3a9",
                "negated": false,
                "type": "IPMatch"
              }
            ],
            "tags": null
          },
          "private": "bnVsbA==",
          "dependencies": [
            "module.waf.aws_waf_ipset.ipset"
          ]
        }
      ]
    },
    {
      "module": "module.waf",
      "mode": "managed",
      "type": "aws_waf_web_acl",
      "name": "waf_acl",
      "provider": "provider[\"registry.terraform.io/hashicorp/aws\"]",
      "instances": [
        {
          "schema_version": 0,
          "attributes": {
            "arn": "arn:aws:waf::273259652503:webacl/9bf9998e-41ce-44a3-a0c4-6d569b770be6",
            "default_action": [
              {
                "type": "BLOCK"
              }
            ],
            "id": "9bf9998e-41ce-44a3-a0c4-6d569b770be6",
            "logging_configuration": [],
            "metric_name": "AllowSourceIPs",
            "name": "AllowSourceIPs",
            "rules": [
              {
                "action": [
                  {
                    "type": "ALLOW"
                  }
                ],
                "override_action": [],
                "priority": 1,
                "rule_id": "336a65ff-bbdb-45ca-9208-ce5fca30d9a3",
                "type": "REGULAR"
              }
            ],
            "tags": null
          },
          "private": "bnVsbA==",
          "dependencies": [
            "module.waf.aws_waf_ipset.ipset",
            "module.waf.aws_waf_rule.wafrule"
          ]
        }
      ]
    },
    {
      "module": "module.web_admin_api",
      "mode": "managed",
      "type": "aws_api_gateway_base_path_mapping",
      "name": "admin_api_path_mapping",
      "provider": "provider[\"registry.terraform.io/hashicorp/aws\"]",
      "instances": [
        {
          "schema_version": 0,
          "attributes": {
            "api_id": "hjav7hjxcb",
            "base_path": "",
            "domain_name": "adminapi.seahorse-uat2.globallink.com",
            "id": "adminapi.seahorse-uat2.globallink.com/",
            "stage_name": "uat2"
          },
          "private": "bnVsbA==",
          "dependencies": [
            "module.acm.aws_acm_certificate.web_cert",
            "module.admin_lambdas.aws_cloudwatch_event_rule.app_definition_ping",
            "module.admin_lambdas.aws_cloudwatch_event_rule.user_preference_ping",
            "module.admin_lambdas.aws_cloudwatch_event_target.ping_create_preference_lambda",
            "module.admin_lambdas.aws_cloudwatch_event_target.ping_delete_lambda",
            "module.admin_lambdas.aws_cloudwatch_event_target.ping_delete_preference",
            "module.admin_lambdas.aws_cloudwatch_event_target.ping_get_lambda",
            "module.admin_lambdas.aws_cloudwatch_event_target.ping_get_preference",
            "module.admin_lambdas.aws_cloudwatch_event_target.ping_register_lambda",
            "module.admin_lambdas.aws_iam_policy.create_definition_lambdas_exec_policy",
            "module.admin_lambdas.aws_iam_policy.create_preference_lambdas_exec_policy",
            "module.admin_lambdas.aws_iam_policy.delete_definition_lambdas_exec_policy",
            "module.admin_lambdas.aws_iam_policy.delete_preference_lambdas_exec_policy",
            "module.admin_lambdas.aws_iam_policy.get_definition_lambda_exec_policy",
            "module.admin_lambdas.aws_iam_policy.get_preference_lambda_exec_policy",
            "module.admin_lambdas.aws_iam_role.seahorse_iam_role_for_lambdas",
            "module.admin_lambdas.aws_iam_role_policy_attachment.create_preference_exec",
            "module.admin_lambdas.aws_iam_role_policy_attachment.delete_definition_exec",
            "module.admin_lambdas.aws_iam_role_policy_attachment.delete_preference_exec",
            "module.admin_lambdas.aws_iam_role_policy_attachment.get_definition_exec",
            "module.admin_lambdas.aws_iam_role_policy_attachment.get_preference_exec",
            "module.admin_lambdas.aws_iam_role_policy_attachment.lambda_dynamodb",
            "module.admin_lambdas.aws_iam_role_policy_attachment.register_definition_exec",
            "module.admin_lambdas.aws_lambda_alias.CreatePreferenceLambda",
            "module.admin_lambdas.aws_lambda_alias.DeletePreferenceLambda",
            "module.admin_lambdas.aws_lambda_alias.DeleteRegisteredComponent",
            "module.admin_lambdas.aws_lambda_alias.GetPreferenceLambda",
            "module.admin_lambdas.aws_lambda_alias.GetRegisteredComponents",
            "module.admin_lambdas.aws_lambda_alias.RegisterComponentLambda",
            "module.admin_lambdas.aws_lambda_function.CreatePreferenceLambda",
            "module.admin_lambdas.aws_lambda_function.DeletePreferenceLambda",
            "module.admin_lambdas.aws_lambda_function.DeleteRegisteredComponent",
            "module.admin_lambdas.aws_lambda_function.GetPreferenceLambda",
            "module.admin_lambdas.aws_lambda_function.GetRegisteredComponents",
            "module.admin_lambdas.aws_lambda_function.RegisterComponentLambda",
            "module.admin_lambdas.aws_lambda_permission.allow_cloudwatch_to_ping_delete_lambda",
            "module.admin_lambdas.aws_lambda_permission.allow_cloudwatch_to_ping_delete_preference_lambda",
            "module.admin_lambdas.aws_lambda_permission.allow_cloudwatch_to_ping_get_lambda",
            "module.admin_lambdas.aws_lambda_permission.allow_cloudwatch_to_ping_get_preference_lambda",
            "module.admin_lambdas.aws_lambda_permission.allow_cloudwatch_to_ping_preference_lambda",
            "module.admin_lambdas.aws_lambda_permission.allow_cloudwatch_to_ping_register_lambda",
            "module.admin_lambdas.aws_lambda_provisioned_concurrency_config.CreatePreferenceLambda",
            "module.admin_lambdas.aws_lambda_provisioned_concurrency_config.DeletePreferenceLambda",
            "module.admin_lambdas.aws_lambda_provisioned_concurrency_config.DeleteRegisteredComponent",
            "module.admin_lambdas.aws_lambda_provisioned_concurrency_config.GetPreferenceLambda",
            "module.admin_lambdas.aws_lambda_provisioned_concurrency_config.GetRegisteredComponents",
            "module.admin_lambdas.aws_lambda_provisioned_concurrency_config.RegisterComponentLambda",
            "module.web_admin_api.aws_api_gateway_deployment.admin_api_deployment",
            "module.web_admin_api.aws_api_gateway_domain_name.admin_api_domain_name",
            "module.web_admin_api.aws_api_gateway_integration.admin_api_get_method_integration",
            "module.web_admin_api.aws_api_gateway_integration.admin_api_register_method_integration",
            "module.web_admin_api.aws_api_gateway_integration.mock_options_integration",
            "module.web_admin_api.aws_api_gateway_integration_response.admin_api_get_integration_response",
            "module.web_admin_api.aws_api_gateway_integration_response.admin_api_register_integration_response",
            "module.web_admin_api.aws_api_gateway_integration_response.mock_options_integration_response",
            "module.web_admin_api.aws_api_gateway_method.admin_api_get_method",
            "module.web_admin_api.aws_api_gateway_method.admin_api_register_method",
            "module.web_admin_api.aws_api_gateway_method.mock_options_method",
            "module.web_admin_api.aws_api_gateway_method_response.admin_api_get_method_response",
            "module.web_admin_api.aws_api_gateway_method_response.admin_api_register_method_response",
            "module.web_admin_api.aws_api_gateway_method_response.mock_options_response",
            "module.web_admin_api.aws_api_gateway_resource.admin_api_resource",
            "module.web_admin_api.aws_api_gateway_rest_api.admin_api"
          ]
        }
      ]
    },
    {
      "module": "module.web_admin_api",
      "mode": "managed",
      "type": "aws_api_gateway_deployment",
      "name": "admin_api_deployment",
      "provider": "provider[\"registry.terraform.io/hashicorp/aws\"]",
      "instances": [
        {
          "schema_version": 0,
          "attributes": {
            "created_date": "2021-06-25T14:03:17Z",
            "description": "",
            "execution_arn": "arn:aws:execute-api:us-east-1:273259652503:hjav7hjxcb/uat2",
            "id": "2c2p7o",
            "invoke_url": "https://hjav7hjxcb.execute-api.us-east-1.amazonaws.com/uat2",
            "rest_api_id": "hjav7hjxcb",
            "stage_description": null,
            "stage_name": "uat2",
            "triggers": null,
            "variables": null
          },
          "private": "bnVsbA==",
          "dependencies": [
            "module.admin_lambdas.aws_cloudwatch_event_rule.app_definition_ping",
            "module.admin_lambdas.aws_cloudwatch_event_rule.user_preference_ping",
            "module.admin_lambdas.aws_cloudwatch_event_target.ping_create_preference_lambda",
            "module.admin_lambdas.aws_cloudwatch_event_target.ping_delete_lambda",
            "module.admin_lambdas.aws_cloudwatch_event_target.ping_delete_preference",
            "module.admin_lambdas.aws_cloudwatch_event_target.ping_get_lambda",
            "module.admin_lambdas.aws_cloudwatch_event_target.ping_get_preference",
            "module.admin_lambdas.aws_cloudwatch_event_target.ping_register_lambda",
            "module.admin_lambdas.aws_iam_policy.create_definition_lambdas_exec_policy",
            "module.admin_lambdas.aws_iam_policy.create_preference_lambdas_exec_policy",
            "module.admin_lambdas.aws_iam_policy.delete_definition_lambdas_exec_policy",
            "module.admin_lambdas.aws_iam_policy.delete_preference_lambdas_exec_policy",
            "module.admin_lambdas.aws_iam_policy.get_definition_lambda_exec_policy",
            "module.admin_lambdas.aws_iam_policy.get_preference_lambda_exec_policy",
            "module.admin_lambdas.aws_iam_role.seahorse_iam_role_for_lambdas",
            "module.admin_lambdas.aws_iam_role_policy_attachment.create_preference_exec",
            "module.admin_lambdas.aws_iam_role_policy_attachment.delete_definition_exec",
            "module.admin_lambdas.aws_iam_role_policy_attachment.delete_preference_exec",
            "module.admin_lambdas.aws_iam_role_policy_attachment.get_definition_exec",
            "module.admin_lambdas.aws_iam_role_policy_attachment.get_preference_exec",
            "module.admin_lambdas.aws_iam_role_policy_attachment.lambda_dynamodb",
            "module.admin_lambdas.aws_iam_role_policy_attachment.register_definition_exec",
            "module.admin_lambdas.aws_lambda_alias.CreatePreferenceLambda",
            "module.admin_lambdas.aws_lambda_alias.DeletePreferenceLambda",
            "module.admin_lambdas.aws_lambda_alias.DeleteRegisteredComponent",
            "module.admin_lambdas.aws_lambda_alias.GetPreferenceLambda",
            "module.admin_lambdas.aws_lambda_alias.GetRegisteredComponents",
            "module.admin_lambdas.aws_lambda_alias.RegisterComponentLambda",
            "module.admin_lambdas.aws_lambda_function.CreatePreferenceLambda",
            "module.admin_lambdas.aws_lambda_function.DeletePreferenceLambda",
            "module.admin_lambdas.aws_lambda_function.DeleteRegisteredComponent",
            "module.admin_lambdas.aws_lambda_function.GetPreferenceLambda",
            "module.admin_lambdas.aws_lambda_function.GetRegisteredComponents",
            "module.admin_lambdas.aws_lambda_function.RegisterComponentLambda",
            "module.admin_lambdas.aws_lambda_permission.allow_cloudwatch_to_ping_delete_lambda",
            "module.admin_lambdas.aws_lambda_permission.allow_cloudwatch_to_ping_delete_preference_lambda",
            "module.admin_lambdas.aws_lambda_permission.allow_cloudwatch_to_ping_get_lambda",
            "module.admin_lambdas.aws_lambda_permission.allow_cloudwatch_to_ping_get_preference_lambda",
            "module.admin_lambdas.aws_lambda_permission.allow_cloudwatch_to_ping_preference_lambda",
            "module.admin_lambdas.aws_lambda_permission.allow_cloudwatch_to_ping_register_lambda",
            "module.admin_lambdas.aws_lambda_provisioned_concurrency_config.CreatePreferenceLambda",
            "module.admin_lambdas.aws_lambda_provisioned_concurrency_config.DeletePreferenceLambda",
            "module.admin_lambdas.aws_lambda_provisioned_concurrency_config.DeleteRegisteredComponent",
            "module.admin_lambdas.aws_lambda_provisioned_concurrency_config.GetPreferenceLambda",
            "module.admin_lambdas.aws_lambda_provisioned_concurrency_config.GetRegisteredComponents",
            "module.admin_lambdas.aws_lambda_provisioned_concurrency_config.RegisterComponentLambda",
            "module.web_admin_api.aws_api_gateway_integration.admin_api_get_method_integration",
            "module.web_admin_api.aws_api_gateway_integration.admin_api_register_method_integration",
            "module.web_admin_api.aws_api_gateway_integration.mock_options_integration",
            "module.web_admin_api.aws_api_gateway_integration_response.admin_api_get_integration_response",
            "module.web_admin_api.aws_api_gateway_integration_response.admin_api_register_integration_response",
            "module.web_admin_api.aws_api_gateway_integration_response.mock_options_integration_response",
            "module.web_admin_api.aws_api_gateway_method.admin_api_get_method",
            "module.web_admin_api.aws_api_gateway_method.admin_api_register_method",
            "module.web_admin_api.aws_api_gateway_method.mock_options_method",
            "module.web_admin_api.aws_api_gateway_method_response.admin_api_get_method_response",
            "module.web_admin_api.aws_api_gateway_method_response.admin_api_register_method_response",
            "module.web_admin_api.aws_api_gateway_method_response.mock_options_response",
            "module.web_admin_api.aws_api_gateway_resource.admin_api_resource",
            "module.web_admin_api.aws_api_gateway_rest_api.admin_api"
          ]
        }
      ]
    },
    {
      "module": "module.web_admin_api",
      "mode": "managed",
      "type": "aws_api_gateway_domain_name",
      "name": "admin_api_domain_name",
      "provider": "provider[\"registry.terraform.io/hashicorp/aws\"]",
      "instances": [
        {
          "schema_version": 0,
          "attributes": {
            "arn": "arn:aws:apigateway:us-east-1::/domainnames/adminapi.seahorse-uat2.globallink.com",
            "certificate_arn": "arn:aws:acm:us-east-1:273259652503:certificate/725c90de-119b-4b35-9b3a-6bbf83897309",
            "certificate_body": null,
            "certificate_chain": null,
            "certificate_name": "",
            "certificate_private_key": null,
            "certificate_upload_date": "2021-06-25T14:03:21Z",
            "cloudfront_domain_name": "d3g5tqrgmks35x.cloudfront.net",
            "cloudfront_zone_id": "Z2FDTNDATAQYW2",
            "domain_name": "adminapi.seahorse-uat2.globallink.com",
            "endpoint_configuration": [
              {
                "types": [
                  "EDGE"
                ]
              }
            ],
            "id": "adminapi.seahorse-uat2.globallink.com",
            "mutual_tls_authentication": [],
            "regional_certificate_arn": "",
            "regional_certificate_name": "",
            "regional_domain_name": "",
            "regional_zone_id": "",
            "security_policy": "TLS_1_0",
            "tags": null
          },
          "private": "bnVsbA==",
          "dependencies": [
            "module.acm.aws_acm_certificate.web_cert",
            "module.admin_lambdas.aws_cloudwatch_event_rule.app_definition_ping",
            "module.admin_lambdas.aws_cloudwatch_event_rule.user_preference_ping",
            "module.admin_lambdas.aws_cloudwatch_event_target.ping_create_preference_lambda",
            "module.admin_lambdas.aws_cloudwatch_event_target.ping_delete_lambda",
            "module.admin_lambdas.aws_cloudwatch_event_target.ping_delete_preference",
            "module.admin_lambdas.aws_cloudwatch_event_target.ping_get_lambda",
            "module.admin_lambdas.aws_cloudwatch_event_target.ping_get_preference",
            "module.admin_lambdas.aws_cloudwatch_event_target.ping_register_lambda",
            "module.admin_lambdas.aws_iam_policy.create_definition_lambdas_exec_policy",
            "module.admin_lambdas.aws_iam_policy.create_preference_lambdas_exec_policy",
            "module.admin_lambdas.aws_iam_policy.delete_definition_lambdas_exec_policy",
            "module.admin_lambdas.aws_iam_policy.delete_preference_lambdas_exec_policy",
            "module.admin_lambdas.aws_iam_policy.get_definition_lambda_exec_policy",
            "module.admin_lambdas.aws_iam_policy.get_preference_lambda_exec_policy",
            "module.admin_lambdas.aws_iam_role.seahorse_iam_role_for_lambdas",
            "module.admin_lambdas.aws_iam_role_policy_attachment.create_preference_exec",
            "module.admin_lambdas.aws_iam_role_policy_attachment.delete_definition_exec",
            "module.admin_lambdas.aws_iam_role_policy_attachment.delete_preference_exec",
            "module.admin_lambdas.aws_iam_role_policy_attachment.get_definition_exec",
            "module.admin_lambdas.aws_iam_role_policy_attachment.get_preference_exec",
            "module.admin_lambdas.aws_iam_role_policy_attachment.lambda_dynamodb",
            "module.admin_lambdas.aws_iam_role_policy_attachment.register_definition_exec",
            "module.admin_lambdas.aws_lambda_alias.CreatePreferenceLambda",
            "module.admin_lambdas.aws_lambda_alias.DeletePreferenceLambda",
            "module.admin_lambdas.aws_lambda_alias.DeleteRegisteredComponent",
            "module.admin_lambdas.aws_lambda_alias.GetPreferenceLambda",
            "module.admin_lambdas.aws_lambda_alias.GetRegisteredComponents",
            "module.admin_lambdas.aws_lambda_alias.RegisterComponentLambda",
            "module.admin_lambdas.aws_lambda_function.CreatePreferenceLambda",
            "module.admin_lambdas.aws_lambda_function.DeletePreferenceLambda",
            "module.admin_lambdas.aws_lambda_function.DeleteRegisteredComponent",
            "module.admin_lambdas.aws_lambda_function.GetPreferenceLambda",
            "module.admin_lambdas.aws_lambda_function.GetRegisteredComponents",
            "module.admin_lambdas.aws_lambda_function.RegisterComponentLambda",
            "module.admin_lambdas.aws_lambda_permission.allow_cloudwatch_to_ping_delete_lambda",
            "module.admin_lambdas.aws_lambda_permission.allow_cloudwatch_to_ping_delete_preference_lambda",
            "module.admin_lambdas.aws_lambda_permission.allow_cloudwatch_to_ping_get_lambda",
            "module.admin_lambdas.aws_lambda_permission.allow_cloudwatch_to_ping_get_preference_lambda",
            "module.admin_lambdas.aws_lambda_permission.allow_cloudwatch_to_ping_preference_lambda",
            "module.admin_lambdas.aws_lambda_permission.allow_cloudwatch_to_ping_register_lambda",
            "module.admin_lambdas.aws_lambda_provisioned_concurrency_config.CreatePreferenceLambda",
            "module.admin_lambdas.aws_lambda_provisioned_concurrency_config.DeletePreferenceLambda",
            "module.admin_lambdas.aws_lambda_provisioned_concurrency_config.DeleteRegisteredComponent",
            "module.admin_lambdas.aws_lambda_provisioned_concurrency_config.GetPreferenceLambda",
            "module.admin_lambdas.aws_lambda_provisioned_concurrency_config.GetRegisteredComponents",
            "module.admin_lambdas.aws_lambda_provisioned_concurrency_config.RegisterComponentLambda",
            "module.web_admin_api.aws_api_gateway_deployment.admin_api_deployment",
            "module.web_admin_api.aws_api_gateway_integration.admin_api_get_method_integration",
            "module.web_admin_api.aws_api_gateway_integration.admin_api_register_method_integration",
            "module.web_admin_api.aws_api_gateway_integration.mock_options_integration",
            "module.web_admin_api.aws_api_gateway_integration_response.admin_api_get_integration_response",
            "module.web_admin_api.aws_api_gateway_integration_response.admin_api_register_integration_response",
            "module.web_admin_api.aws_api_gateway_integration_response.mock_options_integration_response",
            "module.web_admin_api.aws_api_gateway_method.admin_api_get_method",
            "module.web_admin_api.aws_api_gateway_method.admin_api_register_method",
            "module.web_admin_api.aws_api_gateway_method.mock_options_method",
            "module.web_admin_api.aws_api_gateway_method_response.admin_api_get_method_response",
            "module.web_admin_api.aws_api_gateway_method_response.admin_api_register_method_response",
            "module.web_admin_api.aws_api_gateway_method_response.mock_options_response",
            "module.web_admin_api.aws_api_gateway_resource.admin_api_resource",
            "module.web_admin_api.aws_api_gateway_rest_api.admin_api"
          ]
        }
      ]
    },
    {
      "module": "module.web_admin_api",
      "mode": "managed",
      "type": "aws_api_gateway_integration",
      "name": "admin_api_delete_method_integration",
      "provider": "provider[\"registry.terraform.io/hashicorp/aws\"]",
      "instances": [
        {
          "schema_version": 0,
          "attributes": {
            "cache_key_parameters": null,
            "cache_namespace": "3nyke5",
            "connection_id": "",
            "connection_type": "INTERNET",
            "content_handling": "",
            "credentials": "",
            "http_method": "DELETE",
            "id": "agi-hjav7hjxcb-3nyke5-DELETE",
            "integration_http_method": "POST",
            "passthrough_behavior": "WHEN_NO_MATCH",
            "request_parameters": null,
            "request_templates": null,
            "resource_id": "3nyke5",
            "rest_api_id": "hjav7hjxcb",
            "timeout_milliseconds": 29000,
            "tls_config": [],
            "type": "AWS_PROXY",
            "uri": "arn:aws:apigateway:us-east-1:lambda:path/2015-03-31/functions/arn:aws:lambda:us-east-1:273259652503:function:DeleteRegisteredComponent/invocations"
          },
          "private": "bnVsbA==",
          "dependencies": [
            "module.admin_lambdas.aws_cloudwatch_event_rule.app_definition_ping",
            "module.admin_lambdas.aws_cloudwatch_event_rule.user_preference_ping",
            "module.admin_lambdas.aws_cloudwatch_event_target.ping_create_preference_lambda",
            "module.admin_lambdas.aws_cloudwatch_event_target.ping_delete_lambda",
            "module.admin_lambdas.aws_cloudwatch_event_target.ping_delete_preference",
            "module.admin_lambdas.aws_cloudwatch_event_target.ping_get_lambda",
            "module.admin_lambdas.aws_cloudwatch_event_target.ping_get_preference",
            "module.admin_lambdas.aws_cloudwatch_event_target.ping_register_lambda",
            "module.admin_lambdas.aws_iam_policy.create_definition_lambdas_exec_policy",
            "module.admin_lambdas.aws_iam_policy.create_preference_lambdas_exec_policy",
            "module.admin_lambdas.aws_iam_policy.delete_definition_lambdas_exec_policy",
            "module.admin_lambdas.aws_iam_policy.delete_preference_lambdas_exec_policy",
            "module.admin_lambdas.aws_iam_policy.get_definition_lambda_exec_policy",
            "module.admin_lambdas.aws_iam_policy.get_preference_lambda_exec_policy",
            "module.admin_lambdas.aws_iam_role.seahorse_iam_role_for_lambdas",
            "module.admin_lambdas.aws_iam_role_policy_attachment.create_preference_exec",
            "module.admin_lambdas.aws_iam_role_policy_attachment.delete_definition_exec",
            "module.admin_lambdas.aws_iam_role_policy_attachment.delete_preference_exec",
            "module.admin_lambdas.aws_iam_role_policy_attachment.get_definition_exec",
            "module.admin_lambdas.aws_iam_role_policy_attachment.get_preference_exec",
            "module.admin_lambdas.aws_iam_role_policy_attachment.lambda_dynamodb",
            "module.admin_lambdas.aws_iam_role_policy_attachment.register_definition_exec",
            "module.admin_lambdas.aws_lambda_alias.CreatePreferenceLambda",
            "module.admin_lambdas.aws_lambda_alias.DeletePreferenceLambda",
            "module.admin_lambdas.aws_lambda_alias.DeleteRegisteredComponent",
            "module.admin_lambdas.aws_lambda_alias.GetPreferenceLambda",
            "module.admin_lambdas.aws_lambda_alias.GetRegisteredComponents",
            "module.admin_lambdas.aws_lambda_alias.RegisterComponentLambda",
            "module.admin_lambdas.aws_lambda_function.CreatePreferenceLambda",
            "module.admin_lambdas.aws_lambda_function.DeletePreferenceLambda",
            "module.admin_lambdas.aws_lambda_function.DeleteRegisteredComponent",
            "module.admin_lambdas.aws_lambda_function.GetPreferenceLambda",
            "module.admin_lambdas.aws_lambda_function.GetRegisteredComponents",
            "module.admin_lambdas.aws_lambda_function.RegisterComponentLambda",
            "module.admin_lambdas.aws_lambda_permission.allow_cloudwatch_to_ping_delete_lambda",
            "module.admin_lambdas.aws_lambda_permission.allow_cloudwatch_to_ping_delete_preference_lambda",
            "module.admin_lambdas.aws_lambda_permission.allow_cloudwatch_to_ping_get_lambda",
            "module.admin_lambdas.aws_lambda_permission.allow_cloudwatch_to_ping_get_preference_lambda",
            "module.admin_lambdas.aws_lambda_permission.allow_cloudwatch_to_ping_preference_lambda",
            "module.admin_lambdas.aws_lambda_permission.allow_cloudwatch_to_ping_register_lambda",
            "module.admin_lambdas.aws_lambda_provisioned_concurrency_config.CreatePreferenceLambda",
            "module.admin_lambdas.aws_lambda_provisioned_concurrency_config.DeletePreferenceLambda",
            "module.admin_lambdas.aws_lambda_provisioned_concurrency_config.DeleteRegisteredComponent",
            "module.admin_lambdas.aws_lambda_provisioned_concurrency_config.GetPreferenceLambda",
            "module.admin_lambdas.aws_lambda_provisioned_concurrency_config.GetRegisteredComponents",
            "module.admin_lambdas.aws_lambda_provisioned_concurrency_config.RegisterComponentLambda",
            "module.web_admin_api.aws_api_gateway_method.admin_api_delete_method",
            "module.web_admin_api.aws_api_gateway_resource.admin_api_resource",
            "module.web_admin_api.aws_api_gateway_rest_api.admin_api"
          ]
        }
      ]
    },
    {
      "module": "module.web_admin_api",
      "mode": "managed",
      "type": "aws_api_gateway_integration",
      "name": "admin_api_get_method_integration",
      "provider": "provider[\"registry.terraform.io/hashicorp/aws\"]",
      "instances": [
        {
          "schema_version": 0,
          "attributes": {
            "cache_key_parameters": null,
            "cache_namespace": "3nyke5",
            "connection_id": "",
            "connection_type": "INTERNET",
            "content_handling": "",
            "credentials": "",
            "http_method": "GET",
            "id": "agi-hjav7hjxcb-3nyke5-GET",
            "integration_http_method": "POST",
            "passthrough_behavior": "WHEN_NO_MATCH",
            "request_parameters": null,
            "request_templates": null,
            "resource_id": "3nyke5",
            "rest_api_id": "hjav7hjxcb",
            "timeout_milliseconds": 29000,
            "tls_config": [],
            "type": "AWS_PROXY",
            "uri": "arn:aws:apigateway:us-east-1:lambda:path/2015-03-31/functions/arn:aws:lambda:us-east-1:273259652503:function:GetRegisteredComponents/invocations"
          },
          "private": "bnVsbA==",
          "dependencies": [
            "module.admin_lambdas.aws_cloudwatch_event_rule.app_definition_ping",
            "module.admin_lambdas.aws_cloudwatch_event_rule.user_preference_ping",
            "module.admin_lambdas.aws_cloudwatch_event_target.ping_create_preference_lambda",
            "module.admin_lambdas.aws_cloudwatch_event_target.ping_delete_lambda",
            "module.admin_lambdas.aws_cloudwatch_event_target.ping_delete_preference",
            "module.admin_lambdas.aws_cloudwatch_event_target.ping_get_lambda",
            "module.admin_lambdas.aws_cloudwatch_event_target.ping_get_preference",
            "module.admin_lambdas.aws_cloudwatch_event_target.ping_register_lambda",
            "module.admin_lambdas.aws_iam_policy.create_definition_lambdas_exec_policy",
            "module.admin_lambdas.aws_iam_policy.create_preference_lambdas_exec_policy",
            "module.admin_lambdas.aws_iam_policy.delete_definition_lambdas_exec_policy",
            "module.admin_lambdas.aws_iam_policy.delete_preference_lambdas_exec_policy",
            "module.admin_lambdas.aws_iam_policy.get_definition_lambda_exec_policy",
            "module.admin_lambdas.aws_iam_policy.get_preference_lambda_exec_policy",
            "module.admin_lambdas.aws_iam_role.seahorse_iam_role_for_lambdas",
            "module.admin_lambdas.aws_iam_role_policy_attachment.create_preference_exec",
            "module.admin_lambdas.aws_iam_role_policy_attachment.delete_definition_exec",
            "module.admin_lambdas.aws_iam_role_policy_attachment.delete_preference_exec",
            "module.admin_lambdas.aws_iam_role_policy_attachment.get_definition_exec",
            "module.admin_lambdas.aws_iam_role_policy_attachment.get_preference_exec",
            "module.admin_lambdas.aws_iam_role_policy_attachment.lambda_dynamodb",
            "module.admin_lambdas.aws_iam_role_policy_attachment.register_definition_exec",
            "module.admin_lambdas.aws_lambda_alias.CreatePreferenceLambda",
            "module.admin_lambdas.aws_lambda_alias.DeletePreferenceLambda",
            "module.admin_lambdas.aws_lambda_alias.DeleteRegisteredComponent",
            "module.admin_lambdas.aws_lambda_alias.GetPreferenceLambda",
            "module.admin_lambdas.aws_lambda_alias.GetRegisteredComponents",
            "module.admin_lambdas.aws_lambda_alias.RegisterComponentLambda",
            "module.admin_lambdas.aws_lambda_function.CreatePreferenceLambda",
            "module.admin_lambdas.aws_lambda_function.DeletePreferenceLambda",
            "module.admin_lambdas.aws_lambda_function.DeleteRegisteredComponent",
            "module.admin_lambdas.aws_lambda_function.GetPreferenceLambda",
            "module.admin_lambdas.aws_lambda_function.GetRegisteredComponents",
            "module.admin_lambdas.aws_lambda_function.RegisterComponentLambda",
            "module.admin_lambdas.aws_lambda_permission.allow_cloudwatch_to_ping_delete_lambda",
            "module.admin_lambdas.aws_lambda_permission.allow_cloudwatch_to_ping_delete_preference_lambda",
            "module.admin_lambdas.aws_lambda_permission.allow_cloudwatch_to_ping_get_lambda",
            "module.admin_lambdas.aws_lambda_permission.allow_cloudwatch_to_ping_get_preference_lambda",
            "module.admin_lambdas.aws_lambda_permission.allow_cloudwatch_to_ping_preference_lambda",
            "module.admin_lambdas.aws_lambda_permission.allow_cloudwatch_to_ping_register_lambda",
            "module.admin_lambdas.aws_lambda_provisioned_concurrency_config.CreatePreferenceLambda",
            "module.admin_lambdas.aws_lambda_provisioned_concurrency_config.DeletePreferenceLambda",
            "module.admin_lambdas.aws_lambda_provisioned_concurrency_config.DeleteRegisteredComponent",
            "module.admin_lambdas.aws_lambda_provisioned_concurrency_config.GetPreferenceLambda",
            "module.admin_lambdas.aws_lambda_provisioned_concurrency_config.GetRegisteredComponents",
            "module.admin_lambdas.aws_lambda_provisioned_concurrency_config.RegisterComponentLambda",
            "module.web_admin_api.aws_api_gateway_method.admin_api_get_method",
            "module.web_admin_api.aws_api_gateway_resource.admin_api_resource",
            "module.web_admin_api.aws_api_gateway_rest_api.admin_api"
          ]
        }
      ]
    },
    {
      "module": "module.web_admin_api",
      "mode": "managed",
      "type": "aws_api_gateway_integration",
      "name": "admin_api_register_method_integration",
      "provider": "provider[\"registry.terraform.io/hashicorp/aws\"]",
      "instances": [
        {
          "schema_version": 0,
          "attributes": {
            "cache_key_parameters": null,
            "cache_namespace": "3nyke5",
            "connection_id": "",
            "connection_type": "INTERNET",
            "content_handling": "",
            "credentials": "",
            "http_method": "POST",
            "id": "agi-hjav7hjxcb-3nyke5-POST",
            "integration_http_method": "POST",
            "passthrough_behavior": "WHEN_NO_MATCH",
            "request_parameters": null,
            "request_templates": null,
            "resource_id": "3nyke5",
            "rest_api_id": "hjav7hjxcb",
            "timeout_milliseconds": 29000,
            "tls_config": [],
            "type": "AWS_PROXY",
            "uri": "arn:aws:apigateway:us-east-1:lambda:path/2015-03-31/functions/arn:aws:lambda:us-east-1:273259652503:function:RegisterComponent/invocations"
          },
          "private": "bnVsbA==",
          "dependencies": [
            "module.admin_lambdas.aws_cloudwatch_event_rule.app_definition_ping",
            "module.admin_lambdas.aws_cloudwatch_event_rule.user_preference_ping",
            "module.admin_lambdas.aws_cloudwatch_event_target.ping_create_preference_lambda",
            "module.admin_lambdas.aws_cloudwatch_event_target.ping_delete_lambda",
            "module.admin_lambdas.aws_cloudwatch_event_target.ping_delete_preference",
            "module.admin_lambdas.aws_cloudwatch_event_target.ping_get_lambda",
            "module.admin_lambdas.aws_cloudwatch_event_target.ping_get_preference",
            "module.admin_lambdas.aws_cloudwatch_event_target.ping_register_lambda",
            "module.admin_lambdas.aws_iam_policy.create_definition_lambdas_exec_policy",
            "module.admin_lambdas.aws_iam_policy.create_preference_lambdas_exec_policy",
            "module.admin_lambdas.aws_iam_policy.delete_definition_lambdas_exec_policy",
            "module.admin_lambdas.aws_iam_policy.delete_preference_lambdas_exec_policy",
            "module.admin_lambdas.aws_iam_policy.get_definition_lambda_exec_policy",
            "module.admin_lambdas.aws_iam_policy.get_preference_lambda_exec_policy",
            "module.admin_lambdas.aws_iam_role.seahorse_iam_role_for_lambdas",
            "module.admin_lambdas.aws_iam_role_policy_attachment.create_preference_exec",
            "module.admin_lambdas.aws_iam_role_policy_attachment.delete_definition_exec",
            "module.admin_lambdas.aws_iam_role_policy_attachment.delete_preference_exec",
            "module.admin_lambdas.aws_iam_role_policy_attachment.get_definition_exec",
            "module.admin_lambdas.aws_iam_role_policy_attachment.get_preference_exec",
            "module.admin_lambdas.aws_iam_role_policy_attachment.lambda_dynamodb",
            "module.admin_lambdas.aws_iam_role_policy_attachment.register_definition_exec",
            "module.admin_lambdas.aws_lambda_alias.CreatePreferenceLambda",
            "module.admin_lambdas.aws_lambda_alias.DeletePreferenceLambda",
            "module.admin_lambdas.aws_lambda_alias.DeleteRegisteredComponent",
            "module.admin_lambdas.aws_lambda_alias.GetPreferenceLambda",
            "module.admin_lambdas.aws_lambda_alias.GetRegisteredComponents",
            "module.admin_lambdas.aws_lambda_alias.RegisterComponentLambda",
            "module.admin_lambdas.aws_lambda_function.CreatePreferenceLambda",
            "module.admin_lambdas.aws_lambda_function.DeletePreferenceLambda",
            "module.admin_lambdas.aws_lambda_function.DeleteRegisteredComponent",
            "module.admin_lambdas.aws_lambda_function.GetPreferenceLambda",
            "module.admin_lambdas.aws_lambda_function.GetRegisteredComponents",
            "module.admin_lambdas.aws_lambda_function.RegisterComponentLambda",
            "module.admin_lambdas.aws_lambda_permission.allow_cloudwatch_to_ping_delete_lambda",
            "module.admin_lambdas.aws_lambda_permission.allow_cloudwatch_to_ping_delete_preference_lambda",
            "module.admin_lambdas.aws_lambda_permission.allow_cloudwatch_to_ping_get_lambda",
            "module.admin_lambdas.aws_lambda_permission.allow_cloudwatch_to_ping_get_preference_lambda",
            "module.admin_lambdas.aws_lambda_permission.allow_cloudwatch_to_ping_preference_lambda",
            "module.admin_lambdas.aws_lambda_permission.allow_cloudwatch_to_ping_register_lambda",
            "module.admin_lambdas.aws_lambda_provisioned_concurrency_config.CreatePreferenceLambda",
            "module.admin_lambdas.aws_lambda_provisioned_concurrency_config.DeletePreferenceLambda",
            "module.admin_lambdas.aws_lambda_provisioned_concurrency_config.DeleteRegisteredComponent",
            "module.admin_lambdas.aws_lambda_provisioned_concurrency_config.GetPreferenceLambda",
            "module.admin_lambdas.aws_lambda_provisioned_concurrency_config.GetRegisteredComponents",
            "module.admin_lambdas.aws_lambda_provisioned_concurrency_config.RegisterComponentLambda",
            "module.web_admin_api.aws_api_gateway_method.admin_api_register_method",
            "module.web_admin_api.aws_api_gateway_resource.admin_api_resource",
            "module.web_admin_api.aws_api_gateway_rest_api.admin_api"
          ]
        }
      ]
    },
    {
      "module": "module.web_admin_api",
      "mode": "managed",
      "type": "aws_api_gateway_integration",
      "name": "mock_options_integration",
      "provider": "provider[\"registry.terraform.io/hashicorp/aws\"]",
      "instances": [
        {
          "schema_version": 0,
          "attributes": {
            "cache_key_parameters": null,
            "cache_namespace": "3nyke5",
            "connection_id": "",
            "connection_type": "INTERNET",
            "content_handling": "",
            "credentials": "",
            "http_method": "OPTIONS",
            "id": "agi-hjav7hjxcb-3nyke5-OPTIONS",
            "integration_http_method": "",
            "passthrough_behavior": "WHEN_NO_MATCH",
            "request_parameters": null,
            "request_templates": null,
            "resource_id": "3nyke5",
            "rest_api_id": "hjav7hjxcb",
            "timeout_milliseconds": 29000,
            "tls_config": [],
            "type": "MOCK",
            "uri": ""
          },
          "private": "bnVsbA==",
          "dependencies": [
            "module.admin_lambdas.aws_cloudwatch_event_rule.app_definition_ping",
            "module.admin_lambdas.aws_cloudwatch_event_rule.user_preference_ping",
            "module.admin_lambdas.aws_cloudwatch_event_target.ping_create_preference_lambda",
            "module.admin_lambdas.aws_cloudwatch_event_target.ping_delete_lambda",
            "module.admin_lambdas.aws_cloudwatch_event_target.ping_delete_preference",
            "module.admin_lambdas.aws_cloudwatch_event_target.ping_get_lambda",
            "module.admin_lambdas.aws_cloudwatch_event_target.ping_get_preference",
            "module.admin_lambdas.aws_cloudwatch_event_target.ping_register_lambda",
            "module.admin_lambdas.aws_iam_policy.create_definition_lambdas_exec_policy",
            "module.admin_lambdas.aws_iam_policy.create_preference_lambdas_exec_policy",
            "module.admin_lambdas.aws_iam_policy.delete_definition_lambdas_exec_policy",
            "module.admin_lambdas.aws_iam_policy.delete_preference_lambdas_exec_policy",
            "module.admin_lambdas.aws_iam_policy.get_definition_lambda_exec_policy",
            "module.admin_lambdas.aws_iam_policy.get_preference_lambda_exec_policy",
            "module.admin_lambdas.aws_iam_role.seahorse_iam_role_for_lambdas",
            "module.admin_lambdas.aws_iam_role_policy_attachment.create_preference_exec",
            "module.admin_lambdas.aws_iam_role_policy_attachment.delete_definition_exec",
            "module.admin_lambdas.aws_iam_role_policy_attachment.delete_preference_exec",
            "module.admin_lambdas.aws_iam_role_policy_attachment.get_definition_exec",
            "module.admin_lambdas.aws_iam_role_policy_attachment.get_preference_exec",
            "module.admin_lambdas.aws_iam_role_policy_attachment.lambda_dynamodb",
            "module.admin_lambdas.aws_iam_role_policy_attachment.register_definition_exec",
            "module.admin_lambdas.aws_lambda_alias.CreatePreferenceLambda",
            "module.admin_lambdas.aws_lambda_alias.DeletePreferenceLambda",
            "module.admin_lambdas.aws_lambda_alias.DeleteRegisteredComponent",
            "module.admin_lambdas.aws_lambda_alias.GetPreferenceLambda",
            "module.admin_lambdas.aws_lambda_alias.GetRegisteredComponents",
            "module.admin_lambdas.aws_lambda_alias.RegisterComponentLambda",
            "module.admin_lambdas.aws_lambda_function.CreatePreferenceLambda",
            "module.admin_lambdas.aws_lambda_function.DeletePreferenceLambda",
            "module.admin_lambdas.aws_lambda_function.DeleteRegisteredComponent",
            "module.admin_lambdas.aws_lambda_function.GetPreferenceLambda",
            "module.admin_lambdas.aws_lambda_function.GetRegisteredComponents",
            "module.admin_lambdas.aws_lambda_function.RegisterComponentLambda",
            "module.admin_lambdas.aws_lambda_permission.allow_cloudwatch_to_ping_delete_lambda",
            "module.admin_lambdas.aws_lambda_permission.allow_cloudwatch_to_ping_delete_preference_lambda",
            "module.admin_lambdas.aws_lambda_permission.allow_cloudwatch_to_ping_get_lambda",
            "module.admin_lambdas.aws_lambda_permission.allow_cloudwatch_to_ping_get_preference_lambda",
            "module.admin_lambdas.aws_lambda_permission.allow_cloudwatch_to_ping_preference_lambda",
            "module.admin_lambdas.aws_lambda_permission.allow_cloudwatch_to_ping_register_lambda",
            "module.admin_lambdas.aws_lambda_provisioned_concurrency_config.CreatePreferenceLambda",
            "module.admin_lambdas.aws_lambda_provisioned_concurrency_config.DeletePreferenceLambda",
            "module.admin_lambdas.aws_lambda_provisioned_concurrency_config.DeleteRegisteredComponent",
            "module.admin_lambdas.aws_lambda_provisioned_concurrency_config.GetPreferenceLambda",
            "module.admin_lambdas.aws_lambda_provisioned_concurrency_config.GetRegisteredComponents",
            "module.admin_lambdas.aws_lambda_provisioned_concurrency_config.RegisterComponentLambda",
            "module.web_admin_api.aws_api_gateway_method.mock_options_method",
            "module.web_admin_api.aws_api_gateway_resource.admin_api_resource",
            "module.web_admin_api.aws_api_gateway_rest_api.admin_api"
          ]
        }
      ]
    },
    {
      "module": "module.web_admin_api",
      "mode": "managed",
      "type": "aws_api_gateway_integration_response",
      "name": "admin_api_delete_integration_response",
      "provider": "provider[\"registry.terraform.io/hashicorp/aws\"]",
      "instances": [
        {
          "schema_version": 0,
          "attributes": {
            "content_handling": "",
            "http_method": "DELETE",
            "id": "agir-hjav7hjxcb-3nyke5-DELETE-200",
            "resource_id": "3nyke5",
            "response_parameters": {
              "method.response.header.Access-Control-Allow-Origin": "'*'"
            },
            "response_templates": null,
            "rest_api_id": "hjav7hjxcb",
            "selection_pattern": "",
            "status_code": "200"
          },
          "private": "bnVsbA==",
          "dependencies": [
            "module.admin_lambdas.aws_cloudwatch_event_rule.app_definition_ping",
            "module.admin_lambdas.aws_cloudwatch_event_rule.user_preference_ping",
            "module.admin_lambdas.aws_cloudwatch_event_target.ping_create_preference_lambda",
            "module.admin_lambdas.aws_cloudwatch_event_target.ping_delete_lambda",
            "module.admin_lambdas.aws_cloudwatch_event_target.ping_delete_preference",
            "module.admin_lambdas.aws_cloudwatch_event_target.ping_get_lambda",
            "module.admin_lambdas.aws_cloudwatch_event_target.ping_get_preference",
            "module.admin_lambdas.aws_cloudwatch_event_target.ping_register_lambda",
            "module.admin_lambdas.aws_iam_policy.create_definition_lambdas_exec_policy",
            "module.admin_lambdas.aws_iam_policy.create_preference_lambdas_exec_policy",
            "module.admin_lambdas.aws_iam_policy.delete_definition_lambdas_exec_policy",
            "module.admin_lambdas.aws_iam_policy.delete_preference_lambdas_exec_policy",
            "module.admin_lambdas.aws_iam_policy.get_definition_lambda_exec_policy",
            "module.admin_lambdas.aws_iam_policy.get_preference_lambda_exec_policy",
            "module.admin_lambdas.aws_iam_role.seahorse_iam_role_for_lambdas",
            "module.admin_lambdas.aws_iam_role_policy_attachment.create_preference_exec",
            "module.admin_lambdas.aws_iam_role_policy_attachment.delete_definition_exec",
            "module.admin_lambdas.aws_iam_role_policy_attachment.delete_preference_exec",
            "module.admin_lambdas.aws_iam_role_policy_attachment.get_definition_exec",
            "module.admin_lambdas.aws_iam_role_policy_attachment.get_preference_exec",
            "module.admin_lambdas.aws_iam_role_policy_attachment.lambda_dynamodb",
            "module.admin_lambdas.aws_iam_role_policy_attachment.register_definition_exec",
            "module.admin_lambdas.aws_lambda_alias.CreatePreferenceLambda",
            "module.admin_lambdas.aws_lambda_alias.DeletePreferenceLambda",
            "module.admin_lambdas.aws_lambda_alias.DeleteRegisteredComponent",
            "module.admin_lambdas.aws_lambda_alias.GetPreferenceLambda",
            "module.admin_lambdas.aws_lambda_alias.GetRegisteredComponents",
            "module.admin_lambdas.aws_lambda_alias.RegisterComponentLambda",
            "module.admin_lambdas.aws_lambda_function.CreatePreferenceLambda",
            "module.admin_lambdas.aws_lambda_function.DeletePreferenceLambda",
            "module.admin_lambdas.aws_lambda_function.DeleteRegisteredComponent",
            "module.admin_lambdas.aws_lambda_function.GetPreferenceLambda",
            "module.admin_lambdas.aws_lambda_function.GetRegisteredComponents",
            "module.admin_lambdas.aws_lambda_function.RegisterComponentLambda",
            "module.admin_lambdas.aws_lambda_permission.allow_cloudwatch_to_ping_delete_lambda",
            "module.admin_lambdas.aws_lambda_permission.allow_cloudwatch_to_ping_delete_preference_lambda",
            "module.admin_lambdas.aws_lambda_permission.allow_cloudwatch_to_ping_get_lambda",
            "module.admin_lambdas.aws_lambda_permission.allow_cloudwatch_to_ping_get_preference_lambda",
            "module.admin_lambdas.aws_lambda_permission.allow_cloudwatch_to_ping_preference_lambda",
            "module.admin_lambdas.aws_lambda_permission.allow_cloudwatch_to_ping_register_lambda",
            "module.admin_lambdas.aws_lambda_provisioned_concurrency_config.CreatePreferenceLambda",
            "module.admin_lambdas.aws_lambda_provisioned_concurrency_config.DeletePreferenceLambda",
            "module.admin_lambdas.aws_lambda_provisioned_concurrency_config.DeleteRegisteredComponent",
            "module.admin_lambdas.aws_lambda_provisioned_concurrency_config.GetPreferenceLambda",
            "module.admin_lambdas.aws_lambda_provisioned_concurrency_config.GetRegisteredComponents",
            "module.admin_lambdas.aws_lambda_provisioned_concurrency_config.RegisterComponentLambda",
            "module.web_admin_api.aws_api_gateway_integration.admin_api_delete_method_integration",
            "module.web_admin_api.aws_api_gateway_method.admin_api_delete_method",
            "module.web_admin_api.aws_api_gateway_method_response.admin_api_delete_method_response",
            "module.web_admin_api.aws_api_gateway_resource.admin_api_resource",
            "module.web_admin_api.aws_api_gateway_rest_api.admin_api"
          ]
        }
      ]
    },
    {
      "module": "module.web_admin_api",
      "mode": "managed",
      "type": "aws_api_gateway_integration_response",
      "name": "admin_api_get_integration_response",
      "provider": "provider[\"registry.terraform.io/hashicorp/aws\"]",
      "instances": [
        {
          "schema_version": 0,
          "attributes": {
            "content_handling": "",
            "http_method": "GET",
            "id": "agir-hjav7hjxcb-3nyke5-GET-200",
            "resource_id": "3nyke5",
            "response_parameters": {
              "method.response.header.Access-Control-Allow-Origin": "'*'"
            },
            "response_templates": null,
            "rest_api_id": "hjav7hjxcb",
            "selection_pattern": "",
            "status_code": "200"
          },
          "private": "bnVsbA==",
          "dependencies": [
            "module.admin_lambdas.aws_cloudwatch_event_rule.app_definition_ping",
            "module.admin_lambdas.aws_cloudwatch_event_rule.user_preference_ping",
            "module.admin_lambdas.aws_cloudwatch_event_target.ping_create_preference_lambda",
            "module.admin_lambdas.aws_cloudwatch_event_target.ping_delete_lambda",
            "module.admin_lambdas.aws_cloudwatch_event_target.ping_delete_preference",
            "module.admin_lambdas.aws_cloudwatch_event_target.ping_get_lambda",
            "module.admin_lambdas.aws_cloudwatch_event_target.ping_get_preference",
            "module.admin_lambdas.aws_cloudwatch_event_target.ping_register_lambda",
            "module.admin_lambdas.aws_iam_policy.create_definition_lambdas_exec_policy",
            "module.admin_lambdas.aws_iam_policy.create_preference_lambdas_exec_policy",
            "module.admin_lambdas.aws_iam_policy.delete_definition_lambdas_exec_policy",
            "module.admin_lambdas.aws_iam_policy.delete_preference_lambdas_exec_policy",
            "module.admin_lambdas.aws_iam_policy.get_definition_lambda_exec_policy",
            "module.admin_lambdas.aws_iam_policy.get_preference_lambda_exec_policy",
            "module.admin_lambdas.aws_iam_role.seahorse_iam_role_for_lambdas",
            "module.admin_lambdas.aws_iam_role_policy_attachment.create_preference_exec",
            "module.admin_lambdas.aws_iam_role_policy_attachment.delete_definition_exec",
            "module.admin_lambdas.aws_iam_role_policy_attachment.delete_preference_exec",
            "module.admin_lambdas.aws_iam_role_policy_attachment.get_definition_exec",
            "module.admin_lambdas.aws_iam_role_policy_attachment.get_preference_exec",
            "module.admin_lambdas.aws_iam_role_policy_attachment.lambda_dynamodb",
            "module.admin_lambdas.aws_iam_role_policy_attachment.register_definition_exec",
            "module.admin_lambdas.aws_lambda_alias.CreatePreferenceLambda",
            "module.admin_lambdas.aws_lambda_alias.DeletePreferenceLambda",
            "module.admin_lambdas.aws_lambda_alias.DeleteRegisteredComponent",
            "module.admin_lambdas.aws_lambda_alias.GetPreferenceLambda",
            "module.admin_lambdas.aws_lambda_alias.GetRegisteredComponents",
            "module.admin_lambdas.aws_lambda_alias.RegisterComponentLambda",
            "module.admin_lambdas.aws_lambda_function.CreatePreferenceLambda",
            "module.admin_lambdas.aws_lambda_function.DeletePreferenceLambda",
            "module.admin_lambdas.aws_lambda_function.DeleteRegisteredComponent",
            "module.admin_lambdas.aws_lambda_function.GetPreferenceLambda",
            "module.admin_lambdas.aws_lambda_function.GetRegisteredComponents",
            "module.admin_lambdas.aws_lambda_function.RegisterComponentLambda",
            "module.admin_lambdas.aws_lambda_permission.allow_cloudwatch_to_ping_delete_lambda",
            "module.admin_lambdas.aws_lambda_permission.allow_cloudwatch_to_ping_delete_preference_lambda",
            "module.admin_lambdas.aws_lambda_permission.allow_cloudwatch_to_ping_get_lambda",
            "module.admin_lambdas.aws_lambda_permission.allow_cloudwatch_to_ping_get_preference_lambda",
            "module.admin_lambdas.aws_lambda_permission.allow_cloudwatch_to_ping_preference_lambda",
            "module.admin_lambdas.aws_lambda_permission.allow_cloudwatch_to_ping_register_lambda",
            "module.admin_lambdas.aws_lambda_provisioned_concurrency_config.CreatePreferenceLambda",
            "module.admin_lambdas.aws_lambda_provisioned_concurrency_config.DeletePreferenceLambda",
            "module.admin_lambdas.aws_lambda_provisioned_concurrency_config.DeleteRegisteredComponent",
            "module.admin_lambdas.aws_lambda_provisioned_concurrency_config.GetPreferenceLambda",
            "module.admin_lambdas.aws_lambda_provisioned_concurrency_config.GetRegisteredComponents",
            "module.admin_lambdas.aws_lambda_provisioned_concurrency_config.RegisterComponentLambda",
            "module.web_admin_api.aws_api_gateway_integration.admin_api_get_method_integration",
            "module.web_admin_api.aws_api_gateway_method.admin_api_get_method",
            "module.web_admin_api.aws_api_gateway_method_response.admin_api_get_method_response",
            "module.web_admin_api.aws_api_gateway_resource.admin_api_resource",
            "module.web_admin_api.aws_api_gateway_rest_api.admin_api"
          ]
        }
      ]
    },
    {
      "module": "module.web_admin_api",
      "mode": "managed",
      "type": "aws_api_gateway_integration_response",
      "name": "admin_api_register_integration_response",
      "provider": "provider[\"registry.terraform.io/hashicorp/aws\"]",
      "instances": [
        {
          "schema_version": 0,
          "attributes": {
            "content_handling": "",
            "http_method": "POST",
            "id": "agir-hjav7hjxcb-3nyke5-POST-200",
            "resource_id": "3nyke5",
            "response_parameters": {
              "method.response.header.Access-Control-Allow-Origin": "'*'"
            },
            "response_templates": null,
            "rest_api_id": "hjav7hjxcb",
            "selection_pattern": "",
            "status_code": "200"
          },
          "private": "bnVsbA==",
          "dependencies": [
            "module.admin_lambdas.aws_cloudwatch_event_rule.app_definition_ping",
            "module.admin_lambdas.aws_cloudwatch_event_rule.user_preference_ping",
            "module.admin_lambdas.aws_cloudwatch_event_target.ping_create_preference_lambda",
            "module.admin_lambdas.aws_cloudwatch_event_target.ping_delete_lambda",
            "module.admin_lambdas.aws_cloudwatch_event_target.ping_delete_preference",
            "module.admin_lambdas.aws_cloudwatch_event_target.ping_get_lambda",
            "module.admin_lambdas.aws_cloudwatch_event_target.ping_get_preference",
            "module.admin_lambdas.aws_cloudwatch_event_target.ping_register_lambda",
            "module.admin_lambdas.aws_iam_policy.create_definition_lambdas_exec_policy",
            "module.admin_lambdas.aws_iam_policy.create_preference_lambdas_exec_policy",
            "module.admin_lambdas.aws_iam_policy.delete_definition_lambdas_exec_policy",
            "module.admin_lambdas.aws_iam_policy.delete_preference_lambdas_exec_policy",
            "module.admin_lambdas.aws_iam_policy.get_definition_lambda_exec_policy",
            "module.admin_lambdas.aws_iam_policy.get_preference_lambda_exec_policy",
            "module.admin_lambdas.aws_iam_role.seahorse_iam_role_for_lambdas",
            "module.admin_lambdas.aws_iam_role_policy_attachment.create_preference_exec",
            "module.admin_lambdas.aws_iam_role_policy_attachment.delete_definition_exec",
            "module.admin_lambdas.aws_iam_role_policy_attachment.delete_preference_exec",
            "module.admin_lambdas.aws_iam_role_policy_attachment.get_definition_exec",
            "module.admin_lambdas.aws_iam_role_policy_attachment.get_preference_exec",
            "module.admin_lambdas.aws_iam_role_policy_attachment.lambda_dynamodb",
            "module.admin_lambdas.aws_iam_role_policy_attachment.register_definition_exec",
            "module.admin_lambdas.aws_lambda_alias.CreatePreferenceLambda",
            "module.admin_lambdas.aws_lambda_alias.DeletePreferenceLambda",
            "module.admin_lambdas.aws_lambda_alias.DeleteRegisteredComponent",
            "module.admin_lambdas.aws_lambda_alias.GetPreferenceLambda",
            "module.admin_lambdas.aws_lambda_alias.GetRegisteredComponents",
            "module.admin_lambdas.aws_lambda_alias.RegisterComponentLambda",
            "module.admin_lambdas.aws_lambda_function.CreatePreferenceLambda",
            "module.admin_lambdas.aws_lambda_function.DeletePreferenceLambda",
            "module.admin_lambdas.aws_lambda_function.DeleteRegisteredComponent",
            "module.admin_lambdas.aws_lambda_function.GetPreferenceLambda",
            "module.admin_lambdas.aws_lambda_function.GetRegisteredComponents",
            "module.admin_lambdas.aws_lambda_function.RegisterComponentLambda",
            "module.admin_lambdas.aws_lambda_permission.allow_cloudwatch_to_ping_delete_lambda",
            "module.admin_lambdas.aws_lambda_permission.allow_cloudwatch_to_ping_delete_preference_lambda",
            "module.admin_lambdas.aws_lambda_permission.allow_cloudwatch_to_ping_get_lambda",
            "module.admin_lambdas.aws_lambda_permission.allow_cloudwatch_to_ping_get_preference_lambda",
            "module.admin_lambdas.aws_lambda_permission.allow_cloudwatch_to_ping_preference_lambda",
            "module.admin_lambdas.aws_lambda_permission.allow_cloudwatch_to_ping_register_lambda",
            "module.admin_lambdas.aws_lambda_provisioned_concurrency_config.CreatePreferenceLambda",
            "module.admin_lambdas.aws_lambda_provisioned_concurrency_config.DeletePreferenceLambda",
            "module.admin_lambdas.aws_lambda_provisioned_concurrency_config.DeleteRegisteredComponent",
            "module.admin_lambdas.aws_lambda_provisioned_concurrency_config.GetPreferenceLambda",
            "module.admin_lambdas.aws_lambda_provisioned_concurrency_config.GetRegisteredComponents",
            "module.admin_lambdas.aws_lambda_provisioned_concurrency_config.RegisterComponentLambda",
            "module.web_admin_api.aws_api_gateway_integration.admin_api_register_method_integration",
            "module.web_admin_api.aws_api_gateway_method.admin_api_register_method",
            "module.web_admin_api.aws_api_gateway_method_response.admin_api_register_method_response",
            "module.web_admin_api.aws_api_gateway_resource.admin_api_resource",
            "module.web_admin_api.aws_api_gateway_rest_api.admin_api"
          ]
        }
      ]
    },
    {
      "module": "module.web_admin_api",
      "mode": "managed",
      "type": "aws_api_gateway_integration_response",
      "name": "mock_options_integration_response",
      "provider": "provider[\"registry.terraform.io/hashicorp/aws\"]",
      "instances": [
        {
          "schema_version": 0,
          "attributes": {
            "content_handling": "",
            "http_method": "OPTIONS",
            "id": "agir-hjav7hjxcb-3nyke5-OPTIONS-200",
            "resource_id": "3nyke5",
            "response_parameters": {
              "method.response.header.Access-Control-Allow-Headers": "'Content-Type,X-Amz-Date,Authorization,X-Api-Key,X-Amz-Security-Token'",
              "method.response.header.Access-Control-Allow-Methods": "'GET, OPTIONS, POST'",
              "method.response.header.Access-Control-Allow-Origin": "'*'"
            },
            "response_templates": null,
            "rest_api_id": "hjav7hjxcb",
            "selection_pattern": "",
            "status_code": "200"
          },
          "private": "bnVsbA==",
          "dependencies": [
            "module.admin_lambdas.aws_cloudwatch_event_rule.app_definition_ping",
            "module.admin_lambdas.aws_cloudwatch_event_rule.user_preference_ping",
            "module.admin_lambdas.aws_cloudwatch_event_target.ping_create_preference_lambda",
            "module.admin_lambdas.aws_cloudwatch_event_target.ping_delete_lambda",
            "module.admin_lambdas.aws_cloudwatch_event_target.ping_delete_preference",
            "module.admin_lambdas.aws_cloudwatch_event_target.ping_get_lambda",
            "module.admin_lambdas.aws_cloudwatch_event_target.ping_get_preference",
            "module.admin_lambdas.aws_cloudwatch_event_target.ping_register_lambda",
            "module.admin_lambdas.aws_iam_policy.create_definition_lambdas_exec_policy",
            "module.admin_lambdas.aws_iam_policy.create_preference_lambdas_exec_policy",
            "module.admin_lambdas.aws_iam_policy.delete_definition_lambdas_exec_policy",
            "module.admin_lambdas.aws_iam_policy.delete_preference_lambdas_exec_policy",
            "module.admin_lambdas.aws_iam_policy.get_definition_lambda_exec_policy",
            "module.admin_lambdas.aws_iam_policy.get_preference_lambda_exec_policy",
            "module.admin_lambdas.aws_iam_role.seahorse_iam_role_for_lambdas",
            "module.admin_lambdas.aws_iam_role_policy_attachment.create_preference_exec",
            "module.admin_lambdas.aws_iam_role_policy_attachment.delete_definition_exec",
            "module.admin_lambdas.aws_iam_role_policy_attachment.delete_preference_exec",
            "module.admin_lambdas.aws_iam_role_policy_attachment.get_definition_exec",
            "module.admin_lambdas.aws_iam_role_policy_attachment.get_preference_exec",
            "module.admin_lambdas.aws_iam_role_policy_attachment.lambda_dynamodb",
            "module.admin_lambdas.aws_iam_role_policy_attachment.register_definition_exec",
            "module.admin_lambdas.aws_lambda_alias.CreatePreferenceLambda",
            "module.admin_lambdas.aws_lambda_alias.DeletePreferenceLambda",
            "module.admin_lambdas.aws_lambda_alias.DeleteRegisteredComponent",
            "module.admin_lambdas.aws_lambda_alias.GetPreferenceLambda",
            "module.admin_lambdas.aws_lambda_alias.GetRegisteredComponents",
            "module.admin_lambdas.aws_lambda_alias.RegisterComponentLambda",
            "module.admin_lambdas.aws_lambda_function.CreatePreferenceLambda",
            "module.admin_lambdas.aws_lambda_function.DeletePreferenceLambda",
            "module.admin_lambdas.aws_lambda_function.DeleteRegisteredComponent",
            "module.admin_lambdas.aws_lambda_function.GetPreferenceLambda",
            "module.admin_lambdas.aws_lambda_function.GetRegisteredComponents",
            "module.admin_lambdas.aws_lambda_function.RegisterComponentLambda",
            "module.admin_lambdas.aws_lambda_permission.allow_cloudwatch_to_ping_delete_lambda",
            "module.admin_lambdas.aws_lambda_permission.allow_cloudwatch_to_ping_delete_preference_lambda",
            "module.admin_lambdas.aws_lambda_permission.allow_cloudwatch_to_ping_get_lambda",
            "module.admin_lambdas.aws_lambda_permission.allow_cloudwatch_to_ping_get_preference_lambda",
            "module.admin_lambdas.aws_lambda_permission.allow_cloudwatch_to_ping_preference_lambda",
            "module.admin_lambdas.aws_lambda_permission.allow_cloudwatch_to_ping_register_lambda",
            "module.admin_lambdas.aws_lambda_provisioned_concurrency_config.CreatePreferenceLambda",
            "module.admin_lambdas.aws_lambda_provisioned_concurrency_config.DeletePreferenceLambda",
            "module.admin_lambdas.aws_lambda_provisioned_concurrency_config.DeleteRegisteredComponent",
            "module.admin_lambdas.aws_lambda_provisioned_concurrency_config.GetPreferenceLambda",
            "module.admin_lambdas.aws_lambda_provisioned_concurrency_config.GetRegisteredComponents",
            "module.admin_lambdas.aws_lambda_provisioned_concurrency_config.RegisterComponentLambda",
            "module.web_admin_api.aws_api_gateway_integration.mock_options_integration",
            "module.web_admin_api.aws_api_gateway_method.mock_options_method",
            "module.web_admin_api.aws_api_gateway_method_response.mock_options_response",
            "module.web_admin_api.aws_api_gateway_resource.admin_api_resource",
            "module.web_admin_api.aws_api_gateway_rest_api.admin_api"
          ]
        }
      ]
    },
    {
      "module": "module.web_admin_api",
      "mode": "managed",
      "type": "aws_api_gateway_method",
      "name": "admin_api_delete_method",
      "provider": "provider[\"registry.terraform.io/hashicorp/aws\"]",
      "instances": [
        {
          "schema_version": 0,
          "attributes": {
            "api_key_required": false,
            "authorization": "AWS_IAM",
            "authorization_scopes": null,
            "authorizer_id": null,
            "http_method": "DELETE",
            "id": "agm-hjav7hjxcb-3nyke5-DELETE",
            "operation_name": null,
            "request_models": {
              "application/json": "Empty"
            },
            "request_parameters": {
              "method.request.header.Content-Type": true
            },
            "request_validator_id": null,
            "resource_id": "3nyke5",
            "rest_api_id": "hjav7hjxcb"
          },
          "private": "bnVsbA==",
          "dependencies": [
            "module.admin_lambdas.aws_cloudwatch_event_rule.app_definition_ping",
            "module.admin_lambdas.aws_cloudwatch_event_rule.user_preference_ping",
            "module.admin_lambdas.aws_cloudwatch_event_target.ping_create_preference_lambda",
            "module.admin_lambdas.aws_cloudwatch_event_target.ping_delete_lambda",
            "module.admin_lambdas.aws_cloudwatch_event_target.ping_delete_preference",
            "module.admin_lambdas.aws_cloudwatch_event_target.ping_get_lambda",
            "module.admin_lambdas.aws_cloudwatch_event_target.ping_get_preference",
            "module.admin_lambdas.aws_cloudwatch_event_target.ping_register_lambda",
            "module.admin_lambdas.aws_iam_policy.create_definition_lambdas_exec_policy",
            "module.admin_lambdas.aws_iam_policy.create_preference_lambdas_exec_policy",
            "module.admin_lambdas.aws_iam_policy.delete_definition_lambdas_exec_policy",
            "module.admin_lambdas.aws_iam_policy.delete_preference_lambdas_exec_policy",
            "module.admin_lambdas.aws_iam_policy.get_definition_lambda_exec_policy",
            "module.admin_lambdas.aws_iam_policy.get_preference_lambda_exec_policy",
            "module.admin_lambdas.aws_iam_role.seahorse_iam_role_for_lambdas",
            "module.admin_lambdas.aws_iam_role_policy_attachment.create_preference_exec",
            "module.admin_lambdas.aws_iam_role_policy_attachment.delete_definition_exec",
            "module.admin_lambdas.aws_iam_role_policy_attachment.delete_preference_exec",
            "module.admin_lambdas.aws_iam_role_policy_attachment.get_definition_exec",
            "module.admin_lambdas.aws_iam_role_policy_attachment.get_preference_exec",
            "module.admin_lambdas.aws_iam_role_policy_attachment.lambda_dynamodb",
            "module.admin_lambdas.aws_iam_role_policy_attachment.register_definition_exec",
            "module.admin_lambdas.aws_lambda_alias.CreatePreferenceLambda",
            "module.admin_lambdas.aws_lambda_alias.DeletePreferenceLambda",
            "module.admin_lambdas.aws_lambda_alias.DeleteRegisteredComponent",
            "module.admin_lambdas.aws_lambda_alias.GetPreferenceLambda",
            "module.admin_lambdas.aws_lambda_alias.GetRegisteredComponents",
            "module.admin_lambdas.aws_lambda_alias.RegisterComponentLambda",
            "module.admin_lambdas.aws_lambda_function.CreatePreferenceLambda",
            "module.admin_lambdas.aws_lambda_function.DeletePreferenceLambda",
            "module.admin_lambdas.aws_lambda_function.DeleteRegisteredComponent",
            "module.admin_lambdas.aws_lambda_function.GetPreferenceLambda",
            "module.admin_lambdas.aws_lambda_function.GetRegisteredComponents",
            "module.admin_lambdas.aws_lambda_function.RegisterComponentLambda",
            "module.admin_lambdas.aws_lambda_permission.allow_cloudwatch_to_ping_delete_lambda",
            "module.admin_lambdas.aws_lambda_permission.allow_cloudwatch_to_ping_delete_preference_lambda",
            "module.admin_lambdas.aws_lambda_permission.allow_cloudwatch_to_ping_get_lambda",
            "module.admin_lambdas.aws_lambda_permission.allow_cloudwatch_to_ping_get_preference_lambda",
            "module.admin_lambdas.aws_lambda_permission.allow_cloudwatch_to_ping_preference_lambda",
            "module.admin_lambdas.aws_lambda_permission.allow_cloudwatch_to_ping_register_lambda",
            "module.admin_lambdas.aws_lambda_provisioned_concurrency_config.CreatePreferenceLambda",
            "module.admin_lambdas.aws_lambda_provisioned_concurrency_config.DeletePreferenceLambda",
            "module.admin_lambdas.aws_lambda_provisioned_concurrency_config.DeleteRegisteredComponent",
            "module.admin_lambdas.aws_lambda_provisioned_concurrency_config.GetPreferenceLambda",
            "module.admin_lambdas.aws_lambda_provisioned_concurrency_config.GetRegisteredComponents",
            "module.admin_lambdas.aws_lambda_provisioned_concurrency_config.RegisterComponentLambda",
            "module.web_admin_api.aws_api_gateway_resource.admin_api_resource",
            "module.web_admin_api.aws_api_gateway_rest_api.admin_api"
          ]
        }
      ]
    },
    {
      "module": "module.web_admin_api",
      "mode": "managed",
      "type": "aws_api_gateway_method",
      "name": "admin_api_get_method",
      "provider": "provider[\"registry.terraform.io/hashicorp/aws\"]",
      "instances": [
        {
          "schema_version": 0,
          "attributes": {
            "api_key_required": false,
            "authorization": "AWS_IAM",
            "authorization_scopes": null,
            "authorizer_id": null,
            "http_method": "GET",
            "id": "agm-hjav7hjxcb-3nyke5-GET",
            "operation_name": null,
            "request_models": {
              "application/json": "Empty"
            },
            "request_parameters": {
              "method.request.header.Content-Type": true
            },
            "request_validator_id": null,
            "resource_id": "3nyke5",
            "rest_api_id": "hjav7hjxcb"
          },
          "private": "bnVsbA==",
          "dependencies": [
            "module.admin_lambdas.aws_cloudwatch_event_rule.app_definition_ping",
            "module.admin_lambdas.aws_cloudwatch_event_rule.user_preference_ping",
            "module.admin_lambdas.aws_cloudwatch_event_target.ping_create_preference_lambda",
            "module.admin_lambdas.aws_cloudwatch_event_target.ping_delete_lambda",
            "module.admin_lambdas.aws_cloudwatch_event_target.ping_delete_preference",
            "module.admin_lambdas.aws_cloudwatch_event_target.ping_get_lambda",
            "module.admin_lambdas.aws_cloudwatch_event_target.ping_get_preference",
            "module.admin_lambdas.aws_cloudwatch_event_target.ping_register_lambda",
            "module.admin_lambdas.aws_iam_policy.create_definition_lambdas_exec_policy",
            "module.admin_lambdas.aws_iam_policy.create_preference_lambdas_exec_policy",
            "module.admin_lambdas.aws_iam_policy.delete_definition_lambdas_exec_policy",
            "module.admin_lambdas.aws_iam_policy.delete_preference_lambdas_exec_policy",
            "module.admin_lambdas.aws_iam_policy.get_definition_lambda_exec_policy",
            "module.admin_lambdas.aws_iam_policy.get_preference_lambda_exec_policy",
            "module.admin_lambdas.aws_iam_role.seahorse_iam_role_for_lambdas",
            "module.admin_lambdas.aws_iam_role_policy_attachment.create_preference_exec",
            "module.admin_lambdas.aws_iam_role_policy_attachment.delete_definition_exec",
            "module.admin_lambdas.aws_iam_role_policy_attachment.delete_preference_exec",
            "module.admin_lambdas.aws_iam_role_policy_attachment.get_definition_exec",
            "module.admin_lambdas.aws_iam_role_policy_attachment.get_preference_exec",
            "module.admin_lambdas.aws_iam_role_policy_attachment.lambda_dynamodb",
            "module.admin_lambdas.aws_iam_role_policy_attachment.register_definition_exec",
            "module.admin_lambdas.aws_lambda_alias.CreatePreferenceLambda",
            "module.admin_lambdas.aws_lambda_alias.DeletePreferenceLambda",
            "module.admin_lambdas.aws_lambda_alias.DeleteRegisteredComponent",
            "module.admin_lambdas.aws_lambda_alias.GetPreferenceLambda",
            "module.admin_lambdas.aws_lambda_alias.GetRegisteredComponents",
            "module.admin_lambdas.aws_lambda_alias.RegisterComponentLambda",
            "module.admin_lambdas.aws_lambda_function.CreatePreferenceLambda",
            "module.admin_lambdas.aws_lambda_function.DeletePreferenceLambda",
            "module.admin_lambdas.aws_lambda_function.DeleteRegisteredComponent",
            "module.admin_lambdas.aws_lambda_function.GetPreferenceLambda",
            "module.admin_lambdas.aws_lambda_function.GetRegisteredComponents",
            "module.admin_lambdas.aws_lambda_function.RegisterComponentLambda",
            "module.admin_lambdas.aws_lambda_permission.allow_cloudwatch_to_ping_delete_lambda",
            "module.admin_lambdas.aws_lambda_permission.allow_cloudwatch_to_ping_delete_preference_lambda",
            "module.admin_lambdas.aws_lambda_permission.allow_cloudwatch_to_ping_get_lambda",
            "module.admin_lambdas.aws_lambda_permission.allow_cloudwatch_to_ping_get_preference_lambda",
            "module.admin_lambdas.aws_lambda_permission.allow_cloudwatch_to_ping_preference_lambda",
            "module.admin_lambdas.aws_lambda_permission.allow_cloudwatch_to_ping_register_lambda",
            "module.admin_lambdas.aws_lambda_provisioned_concurrency_config.CreatePreferenceLambda",
            "module.admin_lambdas.aws_lambda_provisioned_concurrency_config.DeletePreferenceLambda",
            "module.admin_lambdas.aws_lambda_provisioned_concurrency_config.DeleteRegisteredComponent",
            "module.admin_lambdas.aws_lambda_provisioned_concurrency_config.GetPreferenceLambda",
            "module.admin_lambdas.aws_lambda_provisioned_concurrency_config.GetRegisteredComponents",
            "module.admin_lambdas.aws_lambda_provisioned_concurrency_config.RegisterComponentLambda",
            "module.web_admin_api.aws_api_gateway_resource.admin_api_resource",
            "module.web_admin_api.aws_api_gateway_rest_api.admin_api"
          ]
        }
      ]
    },
    {
      "module": "module.web_admin_api",
      "mode": "managed",
      "type": "aws_api_gateway_method",
      "name": "admin_api_register_method",
      "provider": "provider[\"registry.terraform.io/hashicorp/aws\"]",
      "instances": [
        {
          "schema_version": 0,
          "attributes": {
            "api_key_required": false,
            "authorization": "AWS_IAM",
            "authorization_scopes": null,
            "authorizer_id": null,
            "http_method": "POST",
            "id": "agm-hjav7hjxcb-3nyke5-POST",
            "operation_name": null,
            "request_models": {
              "application/json": "Empty"
            },
            "request_parameters": {
              "method.request.header.Content-Type": true
            },
            "request_validator_id": null,
            "resource_id": "3nyke5",
            "rest_api_id": "hjav7hjxcb"
          },
          "private": "bnVsbA==",
          "dependencies": [
            "module.admin_lambdas.aws_cloudwatch_event_rule.app_definition_ping",
            "module.admin_lambdas.aws_cloudwatch_event_rule.user_preference_ping",
            "module.admin_lambdas.aws_cloudwatch_event_target.ping_create_preference_lambda",
            "module.admin_lambdas.aws_cloudwatch_event_target.ping_delete_lambda",
            "module.admin_lambdas.aws_cloudwatch_event_target.ping_delete_preference",
            "module.admin_lambdas.aws_cloudwatch_event_target.ping_get_lambda",
            "module.admin_lambdas.aws_cloudwatch_event_target.ping_get_preference",
            "module.admin_lambdas.aws_cloudwatch_event_target.ping_register_lambda",
            "module.admin_lambdas.aws_iam_policy.create_definition_lambdas_exec_policy",
            "module.admin_lambdas.aws_iam_policy.create_preference_lambdas_exec_policy",
            "module.admin_lambdas.aws_iam_policy.delete_definition_lambdas_exec_policy",
            "module.admin_lambdas.aws_iam_policy.delete_preference_lambdas_exec_policy",
            "module.admin_lambdas.aws_iam_policy.get_definition_lambda_exec_policy",
            "module.admin_lambdas.aws_iam_policy.get_preference_lambda_exec_policy",
            "module.admin_lambdas.aws_iam_role.seahorse_iam_role_for_lambdas",
            "module.admin_lambdas.aws_iam_role_policy_attachment.create_preference_exec",
            "module.admin_lambdas.aws_iam_role_policy_attachment.delete_definition_exec",
            "module.admin_lambdas.aws_iam_role_policy_attachment.delete_preference_exec",
            "module.admin_lambdas.aws_iam_role_policy_attachment.get_definition_exec",
            "module.admin_lambdas.aws_iam_role_policy_attachment.get_preference_exec",
            "module.admin_lambdas.aws_iam_role_policy_attachment.lambda_dynamodb",
            "module.admin_lambdas.aws_iam_role_policy_attachment.register_definition_exec",
            "module.admin_lambdas.aws_lambda_alias.CreatePreferenceLambda",
            "module.admin_lambdas.aws_lambda_alias.DeletePreferenceLambda",
            "module.admin_lambdas.aws_lambda_alias.DeleteRegisteredComponent",
            "module.admin_lambdas.aws_lambda_alias.GetPreferenceLambda",
            "module.admin_lambdas.aws_lambda_alias.GetRegisteredComponents",
            "module.admin_lambdas.aws_lambda_alias.RegisterComponentLambda",
            "module.admin_lambdas.aws_lambda_function.CreatePreferenceLambda",
            "module.admin_lambdas.aws_lambda_function.DeletePreferenceLambda",
            "module.admin_lambdas.aws_lambda_function.DeleteRegisteredComponent",
            "module.admin_lambdas.aws_lambda_function.GetPreferenceLambda",
            "module.admin_lambdas.aws_lambda_function.GetRegisteredComponents",
            "module.admin_lambdas.aws_lambda_function.RegisterComponentLambda",
            "module.admin_lambdas.aws_lambda_permission.allow_cloudwatch_to_ping_delete_lambda",
            "module.admin_lambdas.aws_lambda_permission.allow_cloudwatch_to_ping_delete_preference_lambda",
            "module.admin_lambdas.aws_lambda_permission.allow_cloudwatch_to_ping_get_lambda",
            "module.admin_lambdas.aws_lambda_permission.allow_cloudwatch_to_ping_get_preference_lambda",
            "module.admin_lambdas.aws_lambda_permission.allow_cloudwatch_to_ping_preference_lambda",
            "module.admin_lambdas.aws_lambda_permission.allow_cloudwatch_to_ping_register_lambda",
            "module.admin_lambdas.aws_lambda_provisioned_concurrency_config.CreatePreferenceLambda",
            "module.admin_lambdas.aws_lambda_provisioned_concurrency_config.DeletePreferenceLambda",
            "module.admin_lambdas.aws_lambda_provisioned_concurrency_config.DeleteRegisteredComponent",
            "module.admin_lambdas.aws_lambda_provisioned_concurrency_config.GetPreferenceLambda",
            "module.admin_lambdas.aws_lambda_provisioned_concurrency_config.GetRegisteredComponents",
            "module.admin_lambdas.aws_lambda_provisioned_concurrency_config.RegisterComponentLambda",
            "module.web_admin_api.aws_api_gateway_resource.admin_api_resource",
            "module.web_admin_api.aws_api_gateway_rest_api.admin_api"
          ]
        }
      ]
    },
    {
      "module": "module.web_admin_api",
      "mode": "managed",
      "type": "aws_api_gateway_method",
      "name": "mock_options_method",
      "provider": "provider[\"registry.terraform.io/hashicorp/aws\"]",
      "instances": [
        {
          "schema_version": 0,
          "attributes": {
            "api_key_required": false,
            "authorization": "NONE",
            "authorization_scopes": null,
            "authorizer_id": null,
            "http_method": "OPTIONS",
            "id": "agm-hjav7hjxcb-3nyke5-OPTIONS",
            "operation_name": null,
            "request_models": null,
            "request_parameters": null,
            "request_validator_id": null,
            "resource_id": "3nyke5",
            "rest_api_id": "hjav7hjxcb"
          },
          "private": "bnVsbA==",
          "dependencies": [
            "module.admin_lambdas.aws_cloudwatch_event_rule.app_definition_ping",
            "module.admin_lambdas.aws_cloudwatch_event_rule.user_preference_ping",
            "module.admin_lambdas.aws_cloudwatch_event_target.ping_create_preference_lambda",
            "module.admin_lambdas.aws_cloudwatch_event_target.ping_delete_lambda",
            "module.admin_lambdas.aws_cloudwatch_event_target.ping_delete_preference",
            "module.admin_lambdas.aws_cloudwatch_event_target.ping_get_lambda",
            "module.admin_lambdas.aws_cloudwatch_event_target.ping_get_preference",
            "module.admin_lambdas.aws_cloudwatch_event_target.ping_register_lambda",
            "module.admin_lambdas.aws_iam_policy.create_definition_lambdas_exec_policy",
            "module.admin_lambdas.aws_iam_policy.create_preference_lambdas_exec_policy",
            "module.admin_lambdas.aws_iam_policy.delete_definition_lambdas_exec_policy",
            "module.admin_lambdas.aws_iam_policy.delete_preference_lambdas_exec_policy",
            "module.admin_lambdas.aws_iam_policy.get_definition_lambda_exec_policy",
            "module.admin_lambdas.aws_iam_policy.get_preference_lambda_exec_policy",
            "module.admin_lambdas.aws_iam_role.seahorse_iam_role_for_lambdas",
            "module.admin_lambdas.aws_iam_role_policy_attachment.create_preference_exec",
            "module.admin_lambdas.aws_iam_role_policy_attachment.delete_definition_exec",
            "module.admin_lambdas.aws_iam_role_policy_attachment.delete_preference_exec",
            "module.admin_lambdas.aws_iam_role_policy_attachment.get_definition_exec",
            "module.admin_lambdas.aws_iam_role_policy_attachment.get_preference_exec",
            "module.admin_lambdas.aws_iam_role_policy_attachment.lambda_dynamodb",
            "module.admin_lambdas.aws_iam_role_policy_attachment.register_definition_exec",
            "module.admin_lambdas.aws_lambda_alias.CreatePreferenceLambda",
            "module.admin_lambdas.aws_lambda_alias.DeletePreferenceLambda",
            "module.admin_lambdas.aws_lambda_alias.DeleteRegisteredComponent",
            "module.admin_lambdas.aws_lambda_alias.GetPreferenceLambda",
            "module.admin_lambdas.aws_lambda_alias.GetRegisteredComponents",
            "module.admin_lambdas.aws_lambda_alias.RegisterComponentLambda",
            "module.admin_lambdas.aws_lambda_function.CreatePreferenceLambda",
            "module.admin_lambdas.aws_lambda_function.DeletePreferenceLambda",
            "module.admin_lambdas.aws_lambda_function.DeleteRegisteredComponent",
            "module.admin_lambdas.aws_lambda_function.GetPreferenceLambda",
            "module.admin_lambdas.aws_lambda_function.GetRegisteredComponents",
            "module.admin_lambdas.aws_lambda_function.RegisterComponentLambda",
            "module.admin_lambdas.aws_lambda_permission.allow_cloudwatch_to_ping_delete_lambda",
            "module.admin_lambdas.aws_lambda_permission.allow_cloudwatch_to_ping_delete_preference_lambda",
            "module.admin_lambdas.aws_lambda_permission.allow_cloudwatch_to_ping_get_lambda",
            "module.admin_lambdas.aws_lambda_permission.allow_cloudwatch_to_ping_get_preference_lambda",
            "module.admin_lambdas.aws_lambda_permission.allow_cloudwatch_to_ping_preference_lambda",
            "module.admin_lambdas.aws_lambda_permission.allow_cloudwatch_to_ping_register_lambda",
            "module.admin_lambdas.aws_lambda_provisioned_concurrency_config.CreatePreferenceLambda",
            "module.admin_lambdas.aws_lambda_provisioned_concurrency_config.DeletePreferenceLambda",
            "module.admin_lambdas.aws_lambda_provisioned_concurrency_config.DeleteRegisteredComponent",
            "module.admin_lambdas.aws_lambda_provisioned_concurrency_config.GetPreferenceLambda",
            "module.admin_lambdas.aws_lambda_provisioned_concurrency_config.GetRegisteredComponents",
            "module.admin_lambdas.aws_lambda_provisioned_concurrency_config.RegisterComponentLambda",
            "module.web_admin_api.aws_api_gateway_resource.admin_api_resource",
            "module.web_admin_api.aws_api_gateway_rest_api.admin_api"
          ]
        }
      ]
    },
    {
      "module": "module.web_admin_api",
      "mode": "managed",
      "type": "aws_api_gateway_method_response",
      "name": "admin_api_delete_method_response",
      "provider": "provider[\"registry.terraform.io/hashicorp/aws\"]",
      "instances": [
        {
          "schema_version": 0,
          "attributes": {
            "http_method": "DELETE",
            "id": "agmr-hjav7hjxcb-3nyke5-DELETE-200",
            "resource_id": "3nyke5",
            "response_models": null,
            "response_parameters": {
              "method.response.header.Access-Control-Allow-Origin": true
            },
            "rest_api_id": "hjav7hjxcb",
            "status_code": "200"
          },
          "private": "bnVsbA==",
          "dependencies": [
            "module.admin_lambdas.aws_cloudwatch_event_rule.app_definition_ping",
            "module.admin_lambdas.aws_cloudwatch_event_rule.user_preference_ping",
            "module.admin_lambdas.aws_cloudwatch_event_target.ping_create_preference_lambda",
            "module.admin_lambdas.aws_cloudwatch_event_target.ping_delete_lambda",
            "module.admin_lambdas.aws_cloudwatch_event_target.ping_delete_preference",
            "module.admin_lambdas.aws_cloudwatch_event_target.ping_get_lambda",
            "module.admin_lambdas.aws_cloudwatch_event_target.ping_get_preference",
            "module.admin_lambdas.aws_cloudwatch_event_target.ping_register_lambda",
            "module.admin_lambdas.aws_iam_policy.create_definition_lambdas_exec_policy",
            "module.admin_lambdas.aws_iam_policy.create_preference_lambdas_exec_policy",
            "module.admin_lambdas.aws_iam_policy.delete_definition_lambdas_exec_policy",
            "module.admin_lambdas.aws_iam_policy.delete_preference_lambdas_exec_policy",
            "module.admin_lambdas.aws_iam_policy.get_definition_lambda_exec_policy",
            "module.admin_lambdas.aws_iam_policy.get_preference_lambda_exec_policy",
            "module.admin_lambdas.aws_iam_role.seahorse_iam_role_for_lambdas",
            "module.admin_lambdas.aws_iam_role_policy_attachment.create_preference_exec",
            "module.admin_lambdas.aws_iam_role_policy_attachment.delete_definition_exec",
            "module.admin_lambdas.aws_iam_role_policy_attachment.delete_preference_exec",
            "module.admin_lambdas.aws_iam_role_policy_attachment.get_definition_exec",
            "module.admin_lambdas.aws_iam_role_policy_attachment.get_preference_exec",
            "module.admin_lambdas.aws_iam_role_policy_attachment.lambda_dynamodb",
            "module.admin_lambdas.aws_iam_role_policy_attachment.register_definition_exec",
            "module.admin_lambdas.aws_lambda_alias.CreatePreferenceLambda",
            "module.admin_lambdas.aws_lambda_alias.DeletePreferenceLambda",
            "module.admin_lambdas.aws_lambda_alias.DeleteRegisteredComponent",
            "module.admin_lambdas.aws_lambda_alias.GetPreferenceLambda",
            "module.admin_lambdas.aws_lambda_alias.GetRegisteredComponents",
            "module.admin_lambdas.aws_lambda_alias.RegisterComponentLambda",
            "module.admin_lambdas.aws_lambda_function.CreatePreferenceLambda",
            "module.admin_lambdas.aws_lambda_function.DeletePreferenceLambda",
            "module.admin_lambdas.aws_lambda_function.DeleteRegisteredComponent",
            "module.admin_lambdas.aws_lambda_function.GetPreferenceLambda",
            "module.admin_lambdas.aws_lambda_function.GetRegisteredComponents",
            "module.admin_lambdas.aws_lambda_function.RegisterComponentLambda",
            "module.admin_lambdas.aws_lambda_permission.allow_cloudwatch_to_ping_delete_lambda",
            "module.admin_lambdas.aws_lambda_permission.allow_cloudwatch_to_ping_delete_preference_lambda",
            "module.admin_lambdas.aws_lambda_permission.allow_cloudwatch_to_ping_get_lambda",
            "module.admin_lambdas.aws_lambda_permission.allow_cloudwatch_to_ping_get_preference_lambda",
            "module.admin_lambdas.aws_lambda_permission.allow_cloudwatch_to_ping_preference_lambda",
            "module.admin_lambdas.aws_lambda_permission.allow_cloudwatch_to_ping_register_lambda",
            "module.admin_lambdas.aws_lambda_provisioned_concurrency_config.CreatePreferenceLambda",
            "module.admin_lambdas.aws_lambda_provisioned_concurrency_config.DeletePreferenceLambda",
            "module.admin_lambdas.aws_lambda_provisioned_concurrency_config.DeleteRegisteredComponent",
            "module.admin_lambdas.aws_lambda_provisioned_concurrency_config.GetPreferenceLambda",
            "module.admin_lambdas.aws_lambda_provisioned_concurrency_config.GetRegisteredComponents",
            "module.admin_lambdas.aws_lambda_provisioned_concurrency_config.RegisterComponentLambda",
            "module.web_admin_api.aws_api_gateway_method.admin_api_delete_method",
            "module.web_admin_api.aws_api_gateway_resource.admin_api_resource",
            "module.web_admin_api.aws_api_gateway_rest_api.admin_api"
          ]
        }
      ]
    },
    {
      "module": "module.web_admin_api",
      "mode": "managed",
      "type": "aws_api_gateway_method_response",
      "name": "admin_api_get_method_response",
      "provider": "provider[\"registry.terraform.io/hashicorp/aws\"]",
      "instances": [
        {
          "schema_version": 0,
          "attributes": {
            "http_method": "GET",
            "id": "agmr-hjav7hjxcb-3nyke5-GET-200",
            "resource_id": "3nyke5",
            "response_models": null,
            "response_parameters": {
              "method.response.header.Access-Control-Allow-Origin": true
            },
            "rest_api_id": "hjav7hjxcb",
            "status_code": "200"
          },
          "private": "bnVsbA==",
          "dependencies": [
            "module.admin_lambdas.aws_cloudwatch_event_rule.app_definition_ping",
            "module.admin_lambdas.aws_cloudwatch_event_rule.user_preference_ping",
            "module.admin_lambdas.aws_cloudwatch_event_target.ping_create_preference_lambda",
            "module.admin_lambdas.aws_cloudwatch_event_target.ping_delete_lambda",
            "module.admin_lambdas.aws_cloudwatch_event_target.ping_delete_preference",
            "module.admin_lambdas.aws_cloudwatch_event_target.ping_get_lambda",
            "module.admin_lambdas.aws_cloudwatch_event_target.ping_get_preference",
            "module.admin_lambdas.aws_cloudwatch_event_target.ping_register_lambda",
            "module.admin_lambdas.aws_iam_policy.create_definition_lambdas_exec_policy",
            "module.admin_lambdas.aws_iam_policy.create_preference_lambdas_exec_policy",
            "module.admin_lambdas.aws_iam_policy.delete_definition_lambdas_exec_policy",
            "module.admin_lambdas.aws_iam_policy.delete_preference_lambdas_exec_policy",
            "module.admin_lambdas.aws_iam_policy.get_definition_lambda_exec_policy",
            "module.admin_lambdas.aws_iam_policy.get_preference_lambda_exec_policy",
            "module.admin_lambdas.aws_iam_role.seahorse_iam_role_for_lambdas",
            "module.admin_lambdas.aws_iam_role_policy_attachment.create_preference_exec",
            "module.admin_lambdas.aws_iam_role_policy_attachment.delete_definition_exec",
            "module.admin_lambdas.aws_iam_role_policy_attachment.delete_preference_exec",
            "module.admin_lambdas.aws_iam_role_policy_attachment.get_definition_exec",
            "module.admin_lambdas.aws_iam_role_policy_attachment.get_preference_exec",
            "module.admin_lambdas.aws_iam_role_policy_attachment.lambda_dynamodb",
            "module.admin_lambdas.aws_iam_role_policy_attachment.register_definition_exec",
            "module.admin_lambdas.aws_lambda_alias.CreatePreferenceLambda",
            "module.admin_lambdas.aws_lambda_alias.DeletePreferenceLambda",
            "module.admin_lambdas.aws_lambda_alias.DeleteRegisteredComponent",
            "module.admin_lambdas.aws_lambda_alias.GetPreferenceLambda",
            "module.admin_lambdas.aws_lambda_alias.GetRegisteredComponents",
            "module.admin_lambdas.aws_lambda_alias.RegisterComponentLambda",
            "module.admin_lambdas.aws_lambda_function.CreatePreferenceLambda",
            "module.admin_lambdas.aws_lambda_function.DeletePreferenceLambda",
            "module.admin_lambdas.aws_lambda_function.DeleteRegisteredComponent",
            "module.admin_lambdas.aws_lambda_function.GetPreferenceLambda",
            "module.admin_lambdas.aws_lambda_function.GetRegisteredComponents",
            "module.admin_lambdas.aws_lambda_function.RegisterComponentLambda",
            "module.admin_lambdas.aws_lambda_permission.allow_cloudwatch_to_ping_delete_lambda",
            "module.admin_lambdas.aws_lambda_permission.allow_cloudwatch_to_ping_delete_preference_lambda",
            "module.admin_lambdas.aws_lambda_permission.allow_cloudwatch_to_ping_get_lambda",
            "module.admin_lambdas.aws_lambda_permission.allow_cloudwatch_to_ping_get_preference_lambda",
            "module.admin_lambdas.aws_lambda_permission.allow_cloudwatch_to_ping_preference_lambda",
            "module.admin_lambdas.aws_lambda_permission.allow_cloudwatch_to_ping_register_lambda",
            "module.admin_lambdas.aws_lambda_provisioned_concurrency_config.CreatePreferenceLambda",
            "module.admin_lambdas.aws_lambda_provisioned_concurrency_config.DeletePreferenceLambda",
            "module.admin_lambdas.aws_lambda_provisioned_concurrency_config.DeleteRegisteredComponent",
            "module.admin_lambdas.aws_lambda_provisioned_concurrency_config.GetPreferenceLambda",
            "module.admin_lambdas.aws_lambda_provisioned_concurrency_config.GetRegisteredComponents",
            "module.admin_lambdas.aws_lambda_provisioned_concurrency_config.RegisterComponentLambda",
            "module.web_admin_api.aws_api_gateway_method.admin_api_get_method",
            "module.web_admin_api.aws_api_gateway_resource.admin_api_resource",
            "module.web_admin_api.aws_api_gateway_rest_api.admin_api"
          ]
        }
      ]
    },
    {
      "module": "module.web_admin_api",
      "mode": "managed",
      "type": "aws_api_gateway_method_response",
      "name": "admin_api_register_method_response",
      "provider": "provider[\"registry.terraform.io/hashicorp/aws\"]",
      "instances": [
        {
          "schema_version": 0,
          "attributes": {
            "http_method": "POST",
            "id": "agmr-hjav7hjxcb-3nyke5-POST-200",
            "resource_id": "3nyke5",
            "response_models": null,
            "response_parameters": {
              "method.response.header.Access-Control-Allow-Origin": true
            },
            "rest_api_id": "hjav7hjxcb",
            "status_code": "200"
          },
          "private": "bnVsbA==",
          "dependencies": [
            "module.admin_lambdas.aws_cloudwatch_event_rule.app_definition_ping",
            "module.admin_lambdas.aws_cloudwatch_event_rule.user_preference_ping",
            "module.admin_lambdas.aws_cloudwatch_event_target.ping_create_preference_lambda",
            "module.admin_lambdas.aws_cloudwatch_event_target.ping_delete_lambda",
            "module.admin_lambdas.aws_cloudwatch_event_target.ping_delete_preference",
            "module.admin_lambdas.aws_cloudwatch_event_target.ping_get_lambda",
            "module.admin_lambdas.aws_cloudwatch_event_target.ping_get_preference",
            "module.admin_lambdas.aws_cloudwatch_event_target.ping_register_lambda",
            "module.admin_lambdas.aws_iam_policy.create_definition_lambdas_exec_policy",
            "module.admin_lambdas.aws_iam_policy.create_preference_lambdas_exec_policy",
            "module.admin_lambdas.aws_iam_policy.delete_definition_lambdas_exec_policy",
            "module.admin_lambdas.aws_iam_policy.delete_preference_lambdas_exec_policy",
            "module.admin_lambdas.aws_iam_policy.get_definition_lambda_exec_policy",
            "module.admin_lambdas.aws_iam_policy.get_preference_lambda_exec_policy",
            "module.admin_lambdas.aws_iam_role.seahorse_iam_role_for_lambdas",
            "module.admin_lambdas.aws_iam_role_policy_attachment.create_preference_exec",
            "module.admin_lambdas.aws_iam_role_policy_attachment.delete_definition_exec",
            "module.admin_lambdas.aws_iam_role_policy_attachment.delete_preference_exec",
            "module.admin_lambdas.aws_iam_role_policy_attachment.get_definition_exec",
            "module.admin_lambdas.aws_iam_role_policy_attachment.get_preference_exec",
            "module.admin_lambdas.aws_iam_role_policy_attachment.lambda_dynamodb",
            "module.admin_lambdas.aws_iam_role_policy_attachment.register_definition_exec",
            "module.admin_lambdas.aws_lambda_alias.CreatePreferenceLambda",
            "module.admin_lambdas.aws_lambda_alias.DeletePreferenceLambda",
            "module.admin_lambdas.aws_lambda_alias.DeleteRegisteredComponent",
            "module.admin_lambdas.aws_lambda_alias.GetPreferenceLambda",
            "module.admin_lambdas.aws_lambda_alias.GetRegisteredComponents",
            "module.admin_lambdas.aws_lambda_alias.RegisterComponentLambda",
            "module.admin_lambdas.aws_lambda_function.CreatePreferenceLambda",
            "module.admin_lambdas.aws_lambda_function.DeletePreferenceLambda",
            "module.admin_lambdas.aws_lambda_function.DeleteRegisteredComponent",
            "module.admin_lambdas.aws_lambda_function.GetPreferenceLambda",
            "module.admin_lambdas.aws_lambda_function.GetRegisteredComponents",
            "module.admin_lambdas.aws_lambda_function.RegisterComponentLambda",
            "module.admin_lambdas.aws_lambda_permission.allow_cloudwatch_to_ping_delete_lambda",
            "module.admin_lambdas.aws_lambda_permission.allow_cloudwatch_to_ping_delete_preference_lambda",
            "module.admin_lambdas.aws_lambda_permission.allow_cloudwatch_to_ping_get_lambda",
            "module.admin_lambdas.aws_lambda_permission.allow_cloudwatch_to_ping_get_preference_lambda",
            "module.admin_lambdas.aws_lambda_permission.allow_cloudwatch_to_ping_preference_lambda",
            "module.admin_lambdas.aws_lambda_permission.allow_cloudwatch_to_ping_register_lambda",
            "module.admin_lambdas.aws_lambda_provisioned_concurrency_config.CreatePreferenceLambda",
            "module.admin_lambdas.aws_lambda_provisioned_concurrency_config.DeletePreferenceLambda",
            "module.admin_lambdas.aws_lambda_provisioned_concurrency_config.DeleteRegisteredComponent",
            "module.admin_lambdas.aws_lambda_provisioned_concurrency_config.GetPreferenceLambda",
            "module.admin_lambdas.aws_lambda_provisioned_concurrency_config.GetRegisteredComponents",
            "module.admin_lambdas.aws_lambda_provisioned_concurrency_config.RegisterComponentLambda",
            "module.web_admin_api.aws_api_gateway_method.admin_api_register_method",
            "module.web_admin_api.aws_api_gateway_resource.admin_api_resource",
            "module.web_admin_api.aws_api_gateway_rest_api.admin_api"
          ]
        }
      ]
    },
    {
      "module": "module.web_admin_api",
      "mode": "managed",
      "type": "aws_api_gateway_method_response",
      "name": "mock_options_response",
      "provider": "provider[\"registry.terraform.io/hashicorp/aws\"]",
      "instances": [
        {
          "schema_version": 0,
          "attributes": {
            "http_method": "OPTIONS",
            "id": "agmr-hjav7hjxcb-3nyke5-OPTIONS-200",
            "resource_id": "3nyke5",
            "response_models": {
              "application/json": "Empty"
            },
            "response_parameters": {
              "method.response.header.Access-Control-Allow-Headers": true,
              "method.response.header.Access-Control-Allow-Methods": true,
              "method.response.header.Access-Control-Allow-Origin": true
            },
            "rest_api_id": "hjav7hjxcb",
            "status_code": "200"
          },
          "private": "bnVsbA==",
          "dependencies": [
            "module.admin_lambdas.aws_cloudwatch_event_rule.app_definition_ping",
            "module.admin_lambdas.aws_cloudwatch_event_rule.user_preference_ping",
            "module.admin_lambdas.aws_cloudwatch_event_target.ping_create_preference_lambda",
            "module.admin_lambdas.aws_cloudwatch_event_target.ping_delete_lambda",
            "module.admin_lambdas.aws_cloudwatch_event_target.ping_delete_preference",
            "module.admin_lambdas.aws_cloudwatch_event_target.ping_get_lambda",
            "module.admin_lambdas.aws_cloudwatch_event_target.ping_get_preference",
            "module.admin_lambdas.aws_cloudwatch_event_target.ping_register_lambda",
            "module.admin_lambdas.aws_iam_policy.create_definition_lambdas_exec_policy",
            "module.admin_lambdas.aws_iam_policy.create_preference_lambdas_exec_policy",
            "module.admin_lambdas.aws_iam_policy.delete_definition_lambdas_exec_policy",
            "module.admin_lambdas.aws_iam_policy.delete_preference_lambdas_exec_policy",
            "module.admin_lambdas.aws_iam_policy.get_definition_lambda_exec_policy",
            "module.admin_lambdas.aws_iam_policy.get_preference_lambda_exec_policy",
            "module.admin_lambdas.aws_iam_role.seahorse_iam_role_for_lambdas",
            "module.admin_lambdas.aws_iam_role_policy_attachment.create_preference_exec",
            "module.admin_lambdas.aws_iam_role_policy_attachment.delete_definition_exec",
            "module.admin_lambdas.aws_iam_role_policy_attachment.delete_preference_exec",
            "module.admin_lambdas.aws_iam_role_policy_attachment.get_definition_exec",
            "module.admin_lambdas.aws_iam_role_policy_attachment.get_preference_exec",
            "module.admin_lambdas.aws_iam_role_policy_attachment.lambda_dynamodb",
            "module.admin_lambdas.aws_iam_role_policy_attachment.register_definition_exec",
            "module.admin_lambdas.aws_lambda_alias.CreatePreferenceLambda",
            "module.admin_lambdas.aws_lambda_alias.DeletePreferenceLambda",
            "module.admin_lambdas.aws_lambda_alias.DeleteRegisteredComponent",
            "module.admin_lambdas.aws_lambda_alias.GetPreferenceLambda",
            "module.admin_lambdas.aws_lambda_alias.GetRegisteredComponents",
            "module.admin_lambdas.aws_lambda_alias.RegisterComponentLambda",
            "module.admin_lambdas.aws_lambda_function.CreatePreferenceLambda",
            "module.admin_lambdas.aws_lambda_function.DeletePreferenceLambda",
            "module.admin_lambdas.aws_lambda_function.DeleteRegisteredComponent",
            "module.admin_lambdas.aws_lambda_function.GetPreferenceLambda",
            "module.admin_lambdas.aws_lambda_function.GetRegisteredComponents",
            "module.admin_lambdas.aws_lambda_function.RegisterComponentLambda",
            "module.admin_lambdas.aws_lambda_permission.allow_cloudwatch_to_ping_delete_lambda",
            "module.admin_lambdas.aws_lambda_permission.allow_cloudwatch_to_ping_delete_preference_lambda",
            "module.admin_lambdas.aws_lambda_permission.allow_cloudwatch_to_ping_get_lambda",
            "module.admin_lambdas.aws_lambda_permission.allow_cloudwatch_to_ping_get_preference_lambda",
            "module.admin_lambdas.aws_lambda_permission.allow_cloudwatch_to_ping_preference_lambda",
            "module.admin_lambdas.aws_lambda_permission.allow_cloudwatch_to_ping_register_lambda",
            "module.admin_lambdas.aws_lambda_provisioned_concurrency_config.CreatePreferenceLambda",
            "module.admin_lambdas.aws_lambda_provisioned_concurrency_config.DeletePreferenceLambda",
            "module.admin_lambdas.aws_lambda_provisioned_concurrency_config.DeleteRegisteredComponent",
            "module.admin_lambdas.aws_lambda_provisioned_concurrency_config.GetPreferenceLambda",
            "module.admin_lambdas.aws_lambda_provisioned_concurrency_config.GetRegisteredComponents",
            "module.admin_lambdas.aws_lambda_provisioned_concurrency_config.RegisterComponentLambda",
            "module.web_admin_api.aws_api_gateway_method.mock_options_method",
            "module.web_admin_api.aws_api_gateway_resource.admin_api_resource",
            "module.web_admin_api.aws_api_gateway_rest_api.admin_api"
          ]
        }
      ]
    },
    {
      "module": "module.web_admin_api",
      "mode": "managed",
      "type": "aws_api_gateway_resource",
      "name": "admin_api_resource",
      "provider": "provider[\"registry.terraform.io/hashicorp/aws\"]",
      "instances": [
        {
          "schema_version": 0,
          "attributes": {
            "id": "3nyke5",
            "parent_id": "g4soadh0b9",
            "path": "/{proxy+}",
            "path_part": "{proxy+}",
            "rest_api_id": "hjav7hjxcb"
          },
          "private": "bnVsbA==",
          "dependencies": [
            "module.admin_lambdas.aws_cloudwatch_event_rule.app_definition_ping",
            "module.admin_lambdas.aws_cloudwatch_event_rule.user_preference_ping",
            "module.admin_lambdas.aws_cloudwatch_event_target.ping_create_preference_lambda",
            "module.admin_lambdas.aws_cloudwatch_event_target.ping_delete_lambda",
            "module.admin_lambdas.aws_cloudwatch_event_target.ping_delete_preference",
            "module.admin_lambdas.aws_cloudwatch_event_target.ping_get_lambda",
            "module.admin_lambdas.aws_cloudwatch_event_target.ping_get_preference",
            "module.admin_lambdas.aws_cloudwatch_event_target.ping_register_lambda",
            "module.admin_lambdas.aws_iam_policy.create_definition_lambdas_exec_policy",
            "module.admin_lambdas.aws_iam_policy.create_preference_lambdas_exec_policy",
            "module.admin_lambdas.aws_iam_policy.delete_definition_lambdas_exec_policy",
            "module.admin_lambdas.aws_iam_policy.delete_preference_lambdas_exec_policy",
            "module.admin_lambdas.aws_iam_policy.get_definition_lambda_exec_policy",
            "module.admin_lambdas.aws_iam_policy.get_preference_lambda_exec_policy",
            "module.admin_lambdas.aws_iam_role.seahorse_iam_role_for_lambdas",
            "module.admin_lambdas.aws_iam_role_policy_attachment.create_preference_exec",
            "module.admin_lambdas.aws_iam_role_policy_attachment.delete_definition_exec",
            "module.admin_lambdas.aws_iam_role_policy_attachment.delete_preference_exec",
            "module.admin_lambdas.aws_iam_role_policy_attachment.get_definition_exec",
            "module.admin_lambdas.aws_iam_role_policy_attachment.get_preference_exec",
            "module.admin_lambdas.aws_iam_role_policy_attachment.lambda_dynamodb",
            "module.admin_lambdas.aws_iam_role_policy_attachment.register_definition_exec",
            "module.admin_lambdas.aws_lambda_alias.CreatePreferenceLambda",
            "module.admin_lambdas.aws_lambda_alias.DeletePreferenceLambda",
            "module.admin_lambdas.aws_lambda_alias.DeleteRegisteredComponent",
            "module.admin_lambdas.aws_lambda_alias.GetPreferenceLambda",
            "module.admin_lambdas.aws_lambda_alias.GetRegisteredComponents",
            "module.admin_lambdas.aws_lambda_alias.RegisterComponentLambda",
            "module.admin_lambdas.aws_lambda_function.CreatePreferenceLambda",
            "module.admin_lambdas.aws_lambda_function.DeletePreferenceLambda",
            "module.admin_lambdas.aws_lambda_function.DeleteRegisteredComponent",
            "module.admin_lambdas.aws_lambda_function.GetPreferenceLambda",
            "module.admin_lambdas.aws_lambda_function.GetRegisteredComponents",
            "module.admin_lambdas.aws_lambda_function.RegisterComponentLambda",
            "module.admin_lambdas.aws_lambda_permission.allow_cloudwatch_to_ping_delete_lambda",
            "module.admin_lambdas.aws_lambda_permission.allow_cloudwatch_to_ping_delete_preference_lambda",
            "module.admin_lambdas.aws_lambda_permission.allow_cloudwatch_to_ping_get_lambda",
            "module.admin_lambdas.aws_lambda_permission.allow_cloudwatch_to_ping_get_preference_lambda",
            "module.admin_lambdas.aws_lambda_permission.allow_cloudwatch_to_ping_preference_lambda",
            "module.admin_lambdas.aws_lambda_permission.allow_cloudwatch_to_ping_register_lambda",
            "module.admin_lambdas.aws_lambda_provisioned_concurrency_config.CreatePreferenceLambda",
            "module.admin_lambdas.aws_lambda_provisioned_concurrency_config.DeletePreferenceLambda",
            "module.admin_lambdas.aws_lambda_provisioned_concurrency_config.DeleteRegisteredComponent",
            "module.admin_lambdas.aws_lambda_provisioned_concurrency_config.GetPreferenceLambda",
            "module.admin_lambdas.aws_lambda_provisioned_concurrency_config.GetRegisteredComponents",
            "module.admin_lambdas.aws_lambda_provisioned_concurrency_config.RegisterComponentLambda",
            "module.web_admin_api.aws_api_gateway_rest_api.admin_api"
          ]
        }
      ]
    },
    {
      "module": "module.web_admin_api",
      "mode": "managed",
      "type": "aws_api_gateway_rest_api",
      "name": "admin_api",
      "provider": "provider[\"registry.terraform.io/hashicorp/aws\"]",
      "instances": [
        {
          "schema_version": 0,
          "attributes": {
            "api_key_source": "HEADER",
            "arn": "arn:aws:apigateway:us-east-1::/restapis/hjav7hjxcb",
            "binary_media_types": [],
            "body": null,
            "created_date": "2021-06-25T14:03:06Z",
            "description": "",
            "disable_execute_api_endpoint": false,
            "endpoint_configuration": [
              {
                "types": [
                  "EDGE"
                ],
                "vpc_endpoint_ids": []
              }
            ],
            "execution_arn": "arn:aws:execute-api:us-east-1:273259652503:hjav7hjxcb",
            "id": "hjav7hjxcb",
            "minimum_compression_size": -1,
            "name": "seahorse-admin-api",
            "parameters": null,
            "policy": "",
            "root_resource_id": "g4soadh0b9",
            "tags": null
          },
          "private": "bnVsbA==",
          "dependencies": [
            "module.admin_lambdas.aws_cloudwatch_event_rule.app_definition_ping",
            "module.admin_lambdas.aws_cloudwatch_event_rule.user_preference_ping",
            "module.admin_lambdas.aws_cloudwatch_event_target.ping_create_preference_lambda",
            "module.admin_lambdas.aws_cloudwatch_event_target.ping_delete_lambda",
            "module.admin_lambdas.aws_cloudwatch_event_target.ping_delete_preference",
            "module.admin_lambdas.aws_cloudwatch_event_target.ping_get_lambda",
            "module.admin_lambdas.aws_cloudwatch_event_target.ping_get_preference",
            "module.admin_lambdas.aws_cloudwatch_event_target.ping_register_lambda",
            "module.admin_lambdas.aws_iam_policy.create_definition_lambdas_exec_policy",
            "module.admin_lambdas.aws_iam_policy.create_preference_lambdas_exec_policy",
            "module.admin_lambdas.aws_iam_policy.delete_definition_lambdas_exec_policy",
            "module.admin_lambdas.aws_iam_policy.delete_preference_lambdas_exec_policy",
            "module.admin_lambdas.aws_iam_policy.get_definition_lambda_exec_policy",
            "module.admin_lambdas.aws_iam_policy.get_preference_lambda_exec_policy",
            "module.admin_lambdas.aws_iam_role.seahorse_iam_role_for_lambdas",
            "module.admin_lambdas.aws_iam_role_policy_attachment.create_preference_exec",
            "module.admin_lambdas.aws_iam_role_policy_attachment.delete_definition_exec",
            "module.admin_lambdas.aws_iam_role_policy_attachment.delete_preference_exec",
            "module.admin_lambdas.aws_iam_role_policy_attachment.get_definition_exec",
            "module.admin_lambdas.aws_iam_role_policy_attachment.get_preference_exec",
            "module.admin_lambdas.aws_iam_role_policy_attachment.lambda_dynamodb",
            "module.admin_lambdas.aws_iam_role_policy_attachment.register_definition_exec",
            "module.admin_lambdas.aws_lambda_alias.CreatePreferenceLambda",
            "module.admin_lambdas.aws_lambda_alias.DeletePreferenceLambda",
            "module.admin_lambdas.aws_lambda_alias.DeleteRegisteredComponent",
            "module.admin_lambdas.aws_lambda_alias.GetPreferenceLambda",
            "module.admin_lambdas.aws_lambda_alias.GetRegisteredComponents",
            "module.admin_lambdas.aws_lambda_alias.RegisterComponentLambda",
            "module.admin_lambdas.aws_lambda_function.CreatePreferenceLambda",
            "module.admin_lambdas.aws_lambda_function.DeletePreferenceLambda",
            "module.admin_lambdas.aws_lambda_function.DeleteRegisteredComponent",
            "module.admin_lambdas.aws_lambda_function.GetPreferenceLambda",
            "module.admin_lambdas.aws_lambda_function.GetRegisteredComponents",
            "module.admin_lambdas.aws_lambda_function.RegisterComponentLambda",
            "module.admin_lambdas.aws_lambda_permission.allow_cloudwatch_to_ping_delete_lambda",
            "module.admin_lambdas.aws_lambda_permission.allow_cloudwatch_to_ping_delete_preference_lambda",
            "module.admin_lambdas.aws_lambda_permission.allow_cloudwatch_to_ping_get_lambda",
            "module.admin_lambdas.aws_lambda_permission.allow_cloudwatch_to_ping_get_preference_lambda",
            "module.admin_lambdas.aws_lambda_permission.allow_cloudwatch_to_ping_preference_lambda",
            "module.admin_lambdas.aws_lambda_permission.allow_cloudwatch_to_ping_register_lambda",
            "module.admin_lambdas.aws_lambda_provisioned_concurrency_config.CreatePreferenceLambda",
            "module.admin_lambdas.aws_lambda_provisioned_concurrency_config.DeletePreferenceLambda",
            "module.admin_lambdas.aws_lambda_provisioned_concurrency_config.DeleteRegisteredComponent",
            "module.admin_lambdas.aws_lambda_provisioned_concurrency_config.GetPreferenceLambda",
            "module.admin_lambdas.aws_lambda_provisioned_concurrency_config.GetRegisteredComponents",
            "module.admin_lambdas.aws_lambda_provisioned_concurrency_config.RegisterComponentLambda"
          ]
        }
      ]
    },
    {
      "module": "module.web_admin_api",
      "mode": "managed",
      "type": "aws_api_gateway_rest_api_policy",
      "name": "admin_api_policy",
      "provider": "provider[\"registry.terraform.io/hashicorp/aws\"]",
      "instances": [
        {
          "schema_version": 0,
          "attributes": {
            "id": "hjav7hjxcb",
            "policy": "{\"Version\":\"2012-10-17\",\"Statement\":[{\"Effect\":\"Allow\",\"Principal\":\"*\",\"Action\":\"execute-api:Invoke\",\"Resource\":\"arn:aws:execute-api:us-east-1:273259652503:hjav7hjxcb/*/*/*\"},{\"Effect\":\"Deny\",\"Principal\":\"*\",\"Action\":\"execute-api:Invoke\",\"Resource\":\"arn:aws:execute-api:us-east-1:273259652503:hjav7hjxcb/*/*/*\",\"Condition\":{\"NotIpAddress\":{\"aws:SourceIp\":[\"208.89.236.196/32\",\"74.204.251.4/32\",\"74.204.251.5/32\",\"159.18.234.5/32\",\"159.18.234.12/32\",\"208.89.239.4/32\",\"208.89.239.5/32\",\"63.106.110.9/32\",\"63.106.110.14/32\",\"185.84.23.5/32\",\"165.225.39.0/23\",\"165.225.38.0/23\",\"165.225.220.0/23\",\"147.161.166.0/23\"]}}}]}",
            "rest_api_id": "hjav7hjxcb"
          },
          "private": "bnVsbA==",
          "dependencies": [
            "module.admin_lambdas.aws_cloudwatch_event_rule.app_definition_ping",
            "module.admin_lambdas.aws_cloudwatch_event_rule.user_preference_ping",
            "module.admin_lambdas.aws_cloudwatch_event_target.ping_create_preference_lambda",
            "module.admin_lambdas.aws_cloudwatch_event_target.ping_delete_lambda",
            "module.admin_lambdas.aws_cloudwatch_event_target.ping_delete_preference",
            "module.admin_lambdas.aws_cloudwatch_event_target.ping_get_lambda",
            "module.admin_lambdas.aws_cloudwatch_event_target.ping_get_preference",
            "module.admin_lambdas.aws_cloudwatch_event_target.ping_register_lambda",
            "module.admin_lambdas.aws_iam_policy.create_definition_lambdas_exec_policy",
            "module.admin_lambdas.aws_iam_policy.create_preference_lambdas_exec_policy",
            "module.admin_lambdas.aws_iam_policy.delete_definition_lambdas_exec_policy",
            "module.admin_lambdas.aws_iam_policy.delete_preference_lambdas_exec_policy",
            "module.admin_lambdas.aws_iam_policy.get_definition_lambda_exec_policy",
            "module.admin_lambdas.aws_iam_policy.get_preference_lambda_exec_policy",
            "module.admin_lambdas.aws_iam_role.seahorse_iam_role_for_lambdas",
            "module.admin_lambdas.aws_iam_role_policy_attachment.create_preference_exec",
            "module.admin_lambdas.aws_iam_role_policy_attachment.delete_definition_exec",
            "module.admin_lambdas.aws_iam_role_policy_attachment.delete_preference_exec",
            "module.admin_lambdas.aws_iam_role_policy_attachment.get_definition_exec",
            "module.admin_lambdas.aws_iam_role_policy_attachment.get_preference_exec",
            "module.admin_lambdas.aws_iam_role_policy_attachment.lambda_dynamodb",
            "module.admin_lambdas.aws_iam_role_policy_attachment.register_definition_exec",
            "module.admin_lambdas.aws_lambda_alias.CreatePreferenceLambda",
            "module.admin_lambdas.aws_lambda_alias.DeletePreferenceLambda",
            "module.admin_lambdas.aws_lambda_alias.DeleteRegisteredComponent",
            "module.admin_lambdas.aws_lambda_alias.GetPreferenceLambda",
            "module.admin_lambdas.aws_lambda_alias.GetRegisteredComponents",
            "module.admin_lambdas.aws_lambda_alias.RegisterComponentLambda",
            "module.admin_lambdas.aws_lambda_function.CreatePreferenceLambda",
            "module.admin_lambdas.aws_lambda_function.DeletePreferenceLambda",
            "module.admin_lambdas.aws_lambda_function.DeleteRegisteredComponent",
            "module.admin_lambdas.aws_lambda_function.GetPreferenceLambda",
            "module.admin_lambdas.aws_lambda_function.GetRegisteredComponents",
            "module.admin_lambdas.aws_lambda_function.RegisterComponentLambda",
            "module.admin_lambdas.aws_lambda_permission.allow_cloudwatch_to_ping_delete_lambda",
            "module.admin_lambdas.aws_lambda_permission.allow_cloudwatch_to_ping_delete_preference_lambda",
            "module.admin_lambdas.aws_lambda_permission.allow_cloudwatch_to_ping_get_lambda",
            "module.admin_lambdas.aws_lambda_permission.allow_cloudwatch_to_ping_get_preference_lambda",
            "module.admin_lambdas.aws_lambda_permission.allow_cloudwatch_to_ping_preference_lambda",
            "module.admin_lambdas.aws_lambda_permission.allow_cloudwatch_to_ping_register_lambda",
            "module.admin_lambdas.aws_lambda_provisioned_concurrency_config.CreatePreferenceLambda",
            "module.admin_lambdas.aws_lambda_provisioned_concurrency_config.DeletePreferenceLambda",
            "module.admin_lambdas.aws_lambda_provisioned_concurrency_config.DeleteRegisteredComponent",
            "module.admin_lambdas.aws_lambda_provisioned_concurrency_config.GetPreferenceLambda",
            "module.admin_lambdas.aws_lambda_provisioned_concurrency_config.GetRegisteredComponents",
            "module.admin_lambdas.aws_lambda_provisioned_concurrency_config.RegisterComponentLambda",
            "module.web_admin_api.aws_api_gateway_rest_api.admin_api"
          ]
        }
      ]
    },
    {
      "module": "module.web_admin_api",
      "mode": "managed",
      "type": "aws_lambda_permission",
      "name": "admin-delete-lambda-permission",
      "provider": "provider[\"registry.terraform.io/hashicorp/aws\"]",
      "instances": [
        {
          "schema_version": 0,
          "attributes": {
            "action": "lambda:InvokeFunction",
            "event_source_token": null,
            "function_name": "DeleteRegisteredComponent",
            "id": "AllowAPIGatewayInvokeGet",
            "principal": "apigateway.amazonaws.com",
            "qualifier": "",
            "source_account": null,
            "source_arn": "arn:aws:execute-api:us-east-1:273259652503:hjav7hjxcb/*/*/*",
            "statement_id": "AllowAPIGatewayInvokeGet",
            "statement_id_prefix": null
          },
          "private": "bnVsbA==",
          "dependencies": [
            "module.admin_lambdas.aws_cloudwatch_event_rule.app_definition_ping",
            "module.admin_lambdas.aws_cloudwatch_event_rule.user_preference_ping",
            "module.admin_lambdas.aws_cloudwatch_event_target.ping_create_preference_lambda",
            "module.admin_lambdas.aws_cloudwatch_event_target.ping_delete_lambda",
            "module.admin_lambdas.aws_cloudwatch_event_target.ping_delete_preference",
            "module.admin_lambdas.aws_cloudwatch_event_target.ping_get_lambda",
            "module.admin_lambdas.aws_cloudwatch_event_target.ping_get_preference",
            "module.admin_lambdas.aws_cloudwatch_event_target.ping_register_lambda",
            "module.admin_lambdas.aws_iam_policy.create_definition_lambdas_exec_policy",
            "module.admin_lambdas.aws_iam_policy.create_preference_lambdas_exec_policy",
            "module.admin_lambdas.aws_iam_policy.delete_definition_lambdas_exec_policy",
            "module.admin_lambdas.aws_iam_policy.delete_preference_lambdas_exec_policy",
            "module.admin_lambdas.aws_iam_policy.get_definition_lambda_exec_policy",
            "module.admin_lambdas.aws_iam_policy.get_preference_lambda_exec_policy",
            "module.admin_lambdas.aws_iam_role.seahorse_iam_role_for_lambdas",
            "module.admin_lambdas.aws_iam_role_policy_attachment.create_preference_exec",
            "module.admin_lambdas.aws_iam_role_policy_attachment.delete_definition_exec",
            "module.admin_lambdas.aws_iam_role_policy_attachment.delete_preference_exec",
            "module.admin_lambdas.aws_iam_role_policy_attachment.get_definition_exec",
            "module.admin_lambdas.aws_iam_role_policy_attachment.get_preference_exec",
            "module.admin_lambdas.aws_iam_role_policy_attachment.lambda_dynamodb",
            "module.admin_lambdas.aws_iam_role_policy_attachment.register_definition_exec",
            "module.admin_lambdas.aws_lambda_alias.CreatePreferenceLambda",
            "module.admin_lambdas.aws_lambda_alias.DeletePreferenceLambda",
            "module.admin_lambdas.aws_lambda_alias.DeleteRegisteredComponent",
            "module.admin_lambdas.aws_lambda_alias.GetPreferenceLambda",
            "module.admin_lambdas.aws_lambda_alias.GetRegisteredComponents",
            "module.admin_lambdas.aws_lambda_alias.RegisterComponentLambda",
            "module.admin_lambdas.aws_lambda_function.CreatePreferenceLambda",
            "module.admin_lambdas.aws_lambda_function.DeletePreferenceLambda",
            "module.admin_lambdas.aws_lambda_function.DeleteRegisteredComponent",
            "module.admin_lambdas.aws_lambda_function.GetPreferenceLambda",
            "module.admin_lambdas.aws_lambda_function.GetRegisteredComponents",
            "module.admin_lambdas.aws_lambda_function.RegisterComponentLambda",
            "module.admin_lambdas.aws_lambda_permission.allow_cloudwatch_to_ping_delete_lambda",
            "module.admin_lambdas.aws_lambda_permission.allow_cloudwatch_to_ping_delete_preference_lambda",
            "module.admin_lambdas.aws_lambda_permission.allow_cloudwatch_to_ping_get_lambda",
            "module.admin_lambdas.aws_lambda_permission.allow_cloudwatch_to_ping_get_preference_lambda",
            "module.admin_lambdas.aws_lambda_permission.allow_cloudwatch_to_ping_preference_lambda",
            "module.admin_lambdas.aws_lambda_permission.allow_cloudwatch_to_ping_register_lambda",
            "module.admin_lambdas.aws_lambda_provisioned_concurrency_config.CreatePreferenceLambda",
            "module.admin_lambdas.aws_lambda_provisioned_concurrency_config.DeletePreferenceLambda",
            "module.admin_lambdas.aws_lambda_provisioned_concurrency_config.DeleteRegisteredComponent",
            "module.admin_lambdas.aws_lambda_provisioned_concurrency_config.GetPreferenceLambda",
            "module.admin_lambdas.aws_lambda_provisioned_concurrency_config.GetRegisteredComponents",
            "module.admin_lambdas.aws_lambda_provisioned_concurrency_config.RegisterComponentLambda",
            "module.web_admin_api.aws_api_gateway_deployment.admin_api_deployment",
            "module.web_admin_api.aws_api_gateway_integration.admin_api_get_method_integration",
            "module.web_admin_api.aws_api_gateway_integration.admin_api_register_method_integration",
            "module.web_admin_api.aws_api_gateway_integration.mock_options_integration",
            "module.web_admin_api.aws_api_gateway_integration_response.admin_api_get_integration_response",
            "module.web_admin_api.aws_api_gateway_integration_response.admin_api_register_integration_response",
            "module.web_admin_api.aws_api_gateway_integration_response.mock_options_integration_response",
            "module.web_admin_api.aws_api_gateway_method.admin_api_get_method",
            "module.web_admin_api.aws_api_gateway_method.admin_api_register_method",
            "module.web_admin_api.aws_api_gateway_method.mock_options_method",
            "module.web_admin_api.aws_api_gateway_method_response.admin_api_get_method_response",
            "module.web_admin_api.aws_api_gateway_method_response.admin_api_register_method_response",
            "module.web_admin_api.aws_api_gateway_method_response.mock_options_response",
            "module.web_admin_api.aws_api_gateway_resource.admin_api_resource",
            "module.web_admin_api.aws_api_gateway_rest_api.admin_api"
          ]
        }
      ]
    },
    {
      "module": "module.web_admin_api",
      "mode": "managed",
      "type": "aws_lambda_permission",
      "name": "admin-get-lambda-permission",
      "provider": "provider[\"registry.terraform.io/hashicorp/aws\"]",
      "instances": [
        {
          "schema_version": 0,
          "attributes": {
            "action": "lambda:InvokeFunction",
            "event_source_token": null,
            "function_name": "GetRegisteredComponents",
            "id": "AllowAPIGatewayInvokeGet",
            "principal": "apigateway.amazonaws.com",
            "qualifier": "",
            "source_account": null,
            "source_arn": "arn:aws:execute-api:us-east-1:273259652503:hjav7hjxcb/*/*/*",
            "statement_id": "AllowAPIGatewayInvokeGet",
            "statement_id_prefix": null
          },
          "private": "bnVsbA==",
          "dependencies": [
            "module.admin_lambdas.aws_cloudwatch_event_rule.app_definition_ping",
            "module.admin_lambdas.aws_cloudwatch_event_rule.user_preference_ping",
            "module.admin_lambdas.aws_cloudwatch_event_target.ping_create_preference_lambda",
            "module.admin_lambdas.aws_cloudwatch_event_target.ping_delete_lambda",
            "module.admin_lambdas.aws_cloudwatch_event_target.ping_delete_preference",
            "module.admin_lambdas.aws_cloudwatch_event_target.ping_get_lambda",
            "module.admin_lambdas.aws_cloudwatch_event_target.ping_get_preference",
            "module.admin_lambdas.aws_cloudwatch_event_target.ping_register_lambda",
            "module.admin_lambdas.aws_iam_policy.create_definition_lambdas_exec_policy",
            "module.admin_lambdas.aws_iam_policy.create_preference_lambdas_exec_policy",
            "module.admin_lambdas.aws_iam_policy.delete_definition_lambdas_exec_policy",
            "module.admin_lambdas.aws_iam_policy.delete_preference_lambdas_exec_policy",
            "module.admin_lambdas.aws_iam_policy.get_definition_lambda_exec_policy",
            "module.admin_lambdas.aws_iam_policy.get_preference_lambda_exec_policy",
            "module.admin_lambdas.aws_iam_role.seahorse_iam_role_for_lambdas",
            "module.admin_lambdas.aws_iam_role_policy_attachment.create_preference_exec",
            "module.admin_lambdas.aws_iam_role_policy_attachment.delete_definition_exec",
            "module.admin_lambdas.aws_iam_role_policy_attachment.delete_preference_exec",
            "module.admin_lambdas.aws_iam_role_policy_attachment.get_definition_exec",
            "module.admin_lambdas.aws_iam_role_policy_attachment.get_preference_exec",
            "module.admin_lambdas.aws_iam_role_policy_attachment.lambda_dynamodb",
            "module.admin_lambdas.aws_iam_role_policy_attachment.register_definition_exec",
            "module.admin_lambdas.aws_lambda_alias.CreatePreferenceLambda",
            "module.admin_lambdas.aws_lambda_alias.DeletePreferenceLambda",
            "module.admin_lambdas.aws_lambda_alias.DeleteRegisteredComponent",
            "module.admin_lambdas.aws_lambda_alias.GetPreferenceLambda",
            "module.admin_lambdas.aws_lambda_alias.GetRegisteredComponents",
            "module.admin_lambdas.aws_lambda_alias.RegisterComponentLambda",
            "module.admin_lambdas.aws_lambda_function.CreatePreferenceLambda",
            "module.admin_lambdas.aws_lambda_function.DeletePreferenceLambda",
            "module.admin_lambdas.aws_lambda_function.DeleteRegisteredComponent",
            "module.admin_lambdas.aws_lambda_function.GetPreferenceLambda",
            "module.admin_lambdas.aws_lambda_function.GetRegisteredComponents",
            "module.admin_lambdas.aws_lambda_function.RegisterComponentLambda",
            "module.admin_lambdas.aws_lambda_permission.allow_cloudwatch_to_ping_delete_lambda",
            "module.admin_lambdas.aws_lambda_permission.allow_cloudwatch_to_ping_delete_preference_lambda",
            "module.admin_lambdas.aws_lambda_permission.allow_cloudwatch_to_ping_get_lambda",
            "module.admin_lambdas.aws_lambda_permission.allow_cloudwatch_to_ping_get_preference_lambda",
            "module.admin_lambdas.aws_lambda_permission.allow_cloudwatch_to_ping_preference_lambda",
            "module.admin_lambdas.aws_lambda_permission.allow_cloudwatch_to_ping_register_lambda",
            "module.admin_lambdas.aws_lambda_provisioned_concurrency_config.CreatePreferenceLambda",
            "module.admin_lambdas.aws_lambda_provisioned_concurrency_config.DeletePreferenceLambda",
            "module.admin_lambdas.aws_lambda_provisioned_concurrency_config.DeleteRegisteredComponent",
            "module.admin_lambdas.aws_lambda_provisioned_concurrency_config.GetPreferenceLambda",
            "module.admin_lambdas.aws_lambda_provisioned_concurrency_config.GetRegisteredComponents",
            "module.admin_lambdas.aws_lambda_provisioned_concurrency_config.RegisterComponentLambda",
            "module.web_admin_api.aws_api_gateway_deployment.admin_api_deployment",
            "module.web_admin_api.aws_api_gateway_integration.admin_api_get_method_integration",
            "module.web_admin_api.aws_api_gateway_integration.admin_api_register_method_integration",
            "module.web_admin_api.aws_api_gateway_integration.mock_options_integration",
            "module.web_admin_api.aws_api_gateway_integration_response.admin_api_get_integration_response",
            "module.web_admin_api.aws_api_gateway_integration_response.admin_api_register_integration_response",
            "module.web_admin_api.aws_api_gateway_integration_response.mock_options_integration_response",
            "module.web_admin_api.aws_api_gateway_method.admin_api_get_method",
            "module.web_admin_api.aws_api_gateway_method.admin_api_register_method",
            "module.web_admin_api.aws_api_gateway_method.mock_options_method",
            "module.web_admin_api.aws_api_gateway_method_response.admin_api_get_method_response",
            "module.web_admin_api.aws_api_gateway_method_response.admin_api_register_method_response",
            "module.web_admin_api.aws_api_gateway_method_response.mock_options_response",
            "module.web_admin_api.aws_api_gateway_resource.admin_api_resource",
            "module.web_admin_api.aws_api_gateway_rest_api.admin_api"
          ]
        }
      ]
    },
    {
      "module": "module.web_admin_api",
      "mode": "managed",
      "type": "aws_lambda_permission",
      "name": "admin-register-lambda-permission",
      "provider": "provider[\"registry.terraform.io/hashicorp/aws\"]",
      "instances": [
        {
          "schema_version": 0,
          "attributes": {
            "action": "lambda:InvokeFunction",
            "event_source_token": null,
            "function_name": "RegisterComponent",
            "id": "AllowAPIGatewayInvokePost",
            "principal": "apigateway.amazonaws.com",
            "qualifier": "",
            "source_account": null,
            "source_arn": "arn:aws:execute-api:us-east-1:273259652503:hjav7hjxcb/*/*/*",
            "statement_id": "AllowAPIGatewayInvokePost",
            "statement_id_prefix": null
          },
          "private": "bnVsbA==",
          "dependencies": [
            "module.admin_lambdas.aws_cloudwatch_event_rule.app_definition_ping",
            "module.admin_lambdas.aws_cloudwatch_event_rule.user_preference_ping",
            "module.admin_lambdas.aws_cloudwatch_event_target.ping_create_preference_lambda",
            "module.admin_lambdas.aws_cloudwatch_event_target.ping_delete_lambda",
            "module.admin_lambdas.aws_cloudwatch_event_target.ping_delete_preference",
            "module.admin_lambdas.aws_cloudwatch_event_target.ping_get_lambda",
            "module.admin_lambdas.aws_cloudwatch_event_target.ping_get_preference",
            "module.admin_lambdas.aws_cloudwatch_event_target.ping_register_lambda",
            "module.admin_lambdas.aws_iam_policy.create_definition_lambdas_exec_policy",
            "module.admin_lambdas.aws_iam_policy.create_preference_lambdas_exec_policy",
            "module.admin_lambdas.aws_iam_policy.delete_definition_lambdas_exec_policy",
            "module.admin_lambdas.aws_iam_policy.delete_preference_lambdas_exec_policy",
            "module.admin_lambdas.aws_iam_policy.get_definition_lambda_exec_policy",
            "module.admin_lambdas.aws_iam_policy.get_preference_lambda_exec_policy",
            "module.admin_lambdas.aws_iam_role.seahorse_iam_role_for_lambdas",
            "module.admin_lambdas.aws_iam_role_policy_attachment.create_preference_exec",
            "module.admin_lambdas.aws_iam_role_policy_attachment.delete_definition_exec",
            "module.admin_lambdas.aws_iam_role_policy_attachment.delete_preference_exec",
            "module.admin_lambdas.aws_iam_role_policy_attachment.get_definition_exec",
            "module.admin_lambdas.aws_iam_role_policy_attachment.get_preference_exec",
            "module.admin_lambdas.aws_iam_role_policy_attachment.lambda_dynamodb",
            "module.admin_lambdas.aws_iam_role_policy_attachment.register_definition_exec",
            "module.admin_lambdas.aws_lambda_alias.CreatePreferenceLambda",
            "module.admin_lambdas.aws_lambda_alias.DeletePreferenceLambda",
            "module.admin_lambdas.aws_lambda_alias.DeleteRegisteredComponent",
            "module.admin_lambdas.aws_lambda_alias.GetPreferenceLambda",
            "module.admin_lambdas.aws_lambda_alias.GetRegisteredComponents",
            "module.admin_lambdas.aws_lambda_alias.RegisterComponentLambda",
            "module.admin_lambdas.aws_lambda_function.CreatePreferenceLambda",
            "module.admin_lambdas.aws_lambda_function.DeletePreferenceLambda",
            "module.admin_lambdas.aws_lambda_function.DeleteRegisteredComponent",
            "module.admin_lambdas.aws_lambda_function.GetPreferenceLambda",
            "module.admin_lambdas.aws_lambda_function.GetRegisteredComponents",
            "module.admin_lambdas.aws_lambda_function.RegisterComponentLambda",
            "module.admin_lambdas.aws_lambda_permission.allow_cloudwatch_to_ping_delete_lambda",
            "module.admin_lambdas.aws_lambda_permission.allow_cloudwatch_to_ping_delete_preference_lambda",
            "module.admin_lambdas.aws_lambda_permission.allow_cloudwatch_to_ping_get_lambda",
            "module.admin_lambdas.aws_lambda_permission.allow_cloudwatch_to_ping_get_preference_lambda",
            "module.admin_lambdas.aws_lambda_permission.allow_cloudwatch_to_ping_preference_lambda",
            "module.admin_lambdas.aws_lambda_permission.allow_cloudwatch_to_ping_register_lambda",
            "module.admin_lambdas.aws_lambda_provisioned_concurrency_config.CreatePreferenceLambda",
            "module.admin_lambdas.aws_lambda_provisioned_concurrency_config.DeletePreferenceLambda",
            "module.admin_lambdas.aws_lambda_provisioned_concurrency_config.DeleteRegisteredComponent",
            "module.admin_lambdas.aws_lambda_provisioned_concurrency_config.GetPreferenceLambda",
            "module.admin_lambdas.aws_lambda_provisioned_concurrency_config.GetRegisteredComponents",
            "module.admin_lambdas.aws_lambda_provisioned_concurrency_config.RegisterComponentLambda",
            "module.web_admin_api.aws_api_gateway_deployment.admin_api_deployment",
            "module.web_admin_api.aws_api_gateway_integration.admin_api_get_method_integration",
            "module.web_admin_api.aws_api_gateway_integration.admin_api_register_method_integration",
            "module.web_admin_api.aws_api_gateway_integration.mock_options_integration",
            "module.web_admin_api.aws_api_gateway_integration_response.admin_api_get_integration_response",
            "module.web_admin_api.aws_api_gateway_integration_response.admin_api_register_integration_response",
            "module.web_admin_api.aws_api_gateway_integration_response.mock_options_integration_response",
            "module.web_admin_api.aws_api_gateway_method.admin_api_get_method",
            "module.web_admin_api.aws_api_gateway_method.admin_api_register_method",
            "module.web_admin_api.aws_api_gateway_method.mock_options_method",
            "module.web_admin_api.aws_api_gateway_method_response.admin_api_get_method_response",
            "module.web_admin_api.aws_api_gateway_method_response.admin_api_register_method_response",
            "module.web_admin_api.aws_api_gateway_method_response.mock_options_response",
            "module.web_admin_api.aws_api_gateway_resource.admin_api_resource",
            "module.web_admin_api.aws_api_gateway_rest_api.admin_api"
          ]
        }
      ]
    },
    {
      "module": "module.web_backend_api",
      "mode": "managed",
      "type": "aws_api_gateway_authorizer",
      "name": "web_authorizer",
      "provider": "provider[\"registry.terraform.io/hashicorp/aws\"]",
      "instances": [
        {
          "schema_version": 0,
          "attributes": {
            "authorizer_credentials": "",
            "authorizer_result_ttl_in_seconds": 300,
            "authorizer_uri": "",
            "id": "41ad0e",
            "identity_source": "method.request.header.Authorization",
            "identity_validation_expression": "",
            "name": "Seahorse-Authorizer",
            "provider_arns": [
              "arn:aws:cognito-idp:us-east-1:522478937547:userpool/us-east-1_stFcSjlRj"
            ],
            "rest_api_id": "1edhruxhh8",
            "type": "COGNITO_USER_POOLS"
          },
          "private": "bnVsbA==",
          "dependencies": [
            "module.acm.aws_acm_certificate.web_cert",
            "module.admin_lambdas.aws_cloudwatch_event_rule.app_definition_ping",
            "module.admin_lambdas.aws_cloudwatch_event_rule.user_preference_ping",
            "module.admin_lambdas.aws_cloudwatch_event_target.ping_create_preference_lambda",
            "module.admin_lambdas.aws_cloudwatch_event_target.ping_delete_lambda",
            "module.admin_lambdas.aws_cloudwatch_event_target.ping_delete_preference",
            "module.admin_lambdas.aws_cloudwatch_event_target.ping_get_lambda",
            "module.admin_lambdas.aws_cloudwatch_event_target.ping_get_preference",
            "module.admin_lambdas.aws_cloudwatch_event_target.ping_register_lambda",
            "module.admin_lambdas.aws_iam_policy.create_definition_lambdas_exec_policy",
            "module.admin_lambdas.aws_iam_policy.create_preference_lambdas_exec_policy",
            "module.admin_lambdas.aws_iam_policy.delete_definition_lambdas_exec_policy",
            "module.admin_lambdas.aws_iam_policy.delete_preference_lambdas_exec_policy",
            "module.admin_lambdas.aws_iam_policy.get_definition_lambda_exec_policy",
            "module.admin_lambdas.aws_iam_policy.get_preference_lambda_exec_policy",
            "module.admin_lambdas.aws_iam_role.seahorse_iam_role_for_lambdas",
            "module.admin_lambdas.aws_iam_role_policy_attachment.create_preference_exec",
            "module.admin_lambdas.aws_iam_role_policy_attachment.delete_definition_exec",
            "module.admin_lambdas.aws_iam_role_policy_attachment.delete_preference_exec",
            "module.admin_lambdas.aws_iam_role_policy_attachment.get_definition_exec",
            "module.admin_lambdas.aws_iam_role_policy_attachment.get_preference_exec",
            "module.admin_lambdas.aws_iam_role_policy_attachment.lambda_dynamodb",
            "module.admin_lambdas.aws_iam_role_policy_attachment.register_definition_exec",
            "module.admin_lambdas.aws_lambda_alias.CreatePreferenceLambda",
            "module.admin_lambdas.aws_lambda_alias.DeletePreferenceLambda",
            "module.admin_lambdas.aws_lambda_alias.DeleteRegisteredComponent",
            "module.admin_lambdas.aws_lambda_alias.GetPreferenceLambda",
            "module.admin_lambdas.aws_lambda_alias.GetRegisteredComponents",
            "module.admin_lambdas.aws_lambda_alias.RegisterComponentLambda",
            "module.admin_lambdas.aws_lambda_function.CreatePreferenceLambda",
            "module.admin_lambdas.aws_lambda_function.DeletePreferenceLambda",
            "module.admin_lambdas.aws_lambda_function.DeleteRegisteredComponent",
            "module.admin_lambdas.aws_lambda_function.GetPreferenceLambda",
            "module.admin_lambdas.aws_lambda_function.GetRegisteredComponents",
            "module.admin_lambdas.aws_lambda_function.RegisterComponentLambda",
            "module.admin_lambdas.aws_lambda_permission.allow_cloudwatch_to_ping_delete_lambda",
            "module.admin_lambdas.aws_lambda_permission.allow_cloudwatch_to_ping_delete_preference_lambda",
            "module.admin_lambdas.aws_lambda_permission.allow_cloudwatch_to_ping_get_lambda",
            "module.admin_lambdas.aws_lambda_permission.allow_cloudwatch_to_ping_get_preference_lambda",
            "module.admin_lambdas.aws_lambda_permission.allow_cloudwatch_to_ping_preference_lambda",
            "module.admin_lambdas.aws_lambda_permission.allow_cloudwatch_to_ping_register_lambda",
            "module.admin_lambdas.aws_lambda_provisioned_concurrency_config.CreatePreferenceLambda",
            "module.admin_lambdas.aws_lambda_provisioned_concurrency_config.DeletePreferenceLambda",
            "module.admin_lambdas.aws_lambda_provisioned_concurrency_config.DeleteRegisteredComponent",
            "module.admin_lambdas.aws_lambda_provisioned_concurrency_config.GetPreferenceLambda",
            "module.admin_lambdas.aws_lambda_provisioned_concurrency_config.GetRegisteredComponents",
            "module.admin_lambdas.aws_lambda_provisioned_concurrency_config.RegisterComponentLambda",
            "module.auth.aws_cognito_identity_pool.seahorse_identity_pool",
            "module.auth.aws_cognito_identity_pool_roles_attachment.seahorse_identity_pool_roles",
            "module.auth.aws_cognito_identity_provider.identity_provider_sso",
            "module.auth.aws_cognito_user_pool.seahorse_user_pool",
            "module.auth.aws_cognito_user_pool_client.seahorse_web_client",
            "module.auth.aws_cognito_user_pool_domain.domain",
            "module.auth.aws_iam_role.auth_web_iam_role",
            "module.auth.aws_iam_role.unauth_web_iam_role",
            "module.auth.aws_iam_role_policy.web_iam_unauth_role_policy",
            "module.web_backend_api.aws_api_gateway_rest_api.web_backend_api"
          ]
        }
      ]
    },
    {
      "module": "module.web_backend_api",
      "mode": "managed",
      "type": "aws_api_gateway_base_path_mapping",
      "name": "web_api_path_mapping",
      "provider": "provider[\"registry.terraform.io/hashicorp/aws\"]",
      "instances": [
        {
          "schema_version": 0,
          "attributes": {
            "api_id": "1edhruxhh8",
            "base_path": "",
            "domain_name": "webapi.seahorse-uat2.globallink.com",
            "id": "webapi.seahorse-uat2.globallink.com/",
            "stage_name": "uat2"
          },
          "private": "bnVsbA==",
          "dependencies": [
            "module.acm.aws_acm_certificate.web_cert",
            "module.admin_lambdas.aws_cloudwatch_event_rule.app_definition_ping",
            "module.admin_lambdas.aws_cloudwatch_event_rule.user_preference_ping",
            "module.admin_lambdas.aws_cloudwatch_event_target.ping_create_preference_lambda",
            "module.admin_lambdas.aws_cloudwatch_event_target.ping_delete_lambda",
            "module.admin_lambdas.aws_cloudwatch_event_target.ping_delete_preference",
            "module.admin_lambdas.aws_cloudwatch_event_target.ping_get_lambda",
            "module.admin_lambdas.aws_cloudwatch_event_target.ping_get_preference",
            "module.admin_lambdas.aws_cloudwatch_event_target.ping_register_lambda",
            "module.admin_lambdas.aws_iam_policy.create_definition_lambdas_exec_policy",
            "module.admin_lambdas.aws_iam_policy.create_preference_lambdas_exec_policy",
            "module.admin_lambdas.aws_iam_policy.delete_definition_lambdas_exec_policy",
            "module.admin_lambdas.aws_iam_policy.delete_preference_lambdas_exec_policy",
            "module.admin_lambdas.aws_iam_policy.get_definition_lambda_exec_policy",
            "module.admin_lambdas.aws_iam_policy.get_preference_lambda_exec_policy",
            "module.admin_lambdas.aws_iam_role.seahorse_iam_role_for_lambdas",
            "module.admin_lambdas.aws_iam_role_policy_attachment.create_preference_exec",
            "module.admin_lambdas.aws_iam_role_policy_attachment.delete_definition_exec",
            "module.admin_lambdas.aws_iam_role_policy_attachment.delete_preference_exec",
            "module.admin_lambdas.aws_iam_role_policy_attachment.get_definition_exec",
            "module.admin_lambdas.aws_iam_role_policy_attachment.get_preference_exec",
            "module.admin_lambdas.aws_iam_role_policy_attachment.lambda_dynamodb",
            "module.admin_lambdas.aws_iam_role_policy_attachment.register_definition_exec",
            "module.admin_lambdas.aws_lambda_alias.CreatePreferenceLambda",
            "module.admin_lambdas.aws_lambda_alias.DeletePreferenceLambda",
            "module.admin_lambdas.aws_lambda_alias.DeleteRegisteredComponent",
            "module.admin_lambdas.aws_lambda_alias.GetPreferenceLambda",
            "module.admin_lambdas.aws_lambda_alias.GetRegisteredComponents",
            "module.admin_lambdas.aws_lambda_alias.RegisterComponentLambda",
            "module.admin_lambdas.aws_lambda_function.CreatePreferenceLambda",
            "module.admin_lambdas.aws_lambda_function.DeletePreferenceLambda",
            "module.admin_lambdas.aws_lambda_function.DeleteRegisteredComponent",
            "module.admin_lambdas.aws_lambda_function.GetPreferenceLambda",
            "module.admin_lambdas.aws_lambda_function.GetRegisteredComponents",
            "module.admin_lambdas.aws_lambda_function.RegisterComponentLambda",
            "module.admin_lambdas.aws_lambda_permission.allow_cloudwatch_to_ping_delete_lambda",
            "module.admin_lambdas.aws_lambda_permission.allow_cloudwatch_to_ping_delete_preference_lambda",
            "module.admin_lambdas.aws_lambda_permission.allow_cloudwatch_to_ping_get_lambda",
            "module.admin_lambdas.aws_lambda_permission.allow_cloudwatch_to_ping_get_preference_lambda",
            "module.admin_lambdas.aws_lambda_permission.allow_cloudwatch_to_ping_preference_lambda",
            "module.admin_lambdas.aws_lambda_permission.allow_cloudwatch_to_ping_register_lambda",
            "module.admin_lambdas.aws_lambda_provisioned_concurrency_config.CreatePreferenceLambda",
            "module.admin_lambdas.aws_lambda_provisioned_concurrency_config.DeletePreferenceLambda",
            "module.admin_lambdas.aws_lambda_provisioned_concurrency_config.DeleteRegisteredComponent",
            "module.admin_lambdas.aws_lambda_provisioned_concurrency_config.GetPreferenceLambda",
            "module.admin_lambdas.aws_lambda_provisioned_concurrency_config.GetRegisteredComponents",
            "module.admin_lambdas.aws_lambda_provisioned_concurrency_config.RegisterComponentLambda",
            "module.auth.aws_cognito_identity_pool.seahorse_identity_pool",
            "module.auth.aws_cognito_identity_pool_roles_attachment.seahorse_identity_pool_roles",
            "module.auth.aws_cognito_identity_provider.identity_provider_sso",
            "module.auth.aws_cognito_user_pool.seahorse_user_pool",
            "module.auth.aws_cognito_user_pool_client.seahorse_web_client",
            "module.auth.aws_cognito_user_pool_domain.domain",
            "module.auth.aws_iam_role.auth_web_iam_role",
            "module.auth.aws_iam_role.unauth_web_iam_role",
            "module.auth.aws_iam_role_policy.web_iam_unauth_role_policy",
            "module.web_backend_api.aws_api_gateway_authorizer.web_authorizer",
            "module.web_backend_api.aws_api_gateway_deployment.web_backend_api_deployment",
            "module.web_backend_api.aws_api_gateway_domain_name.web_api_domain_name",
            "module.web_backend_api.aws_api_gateway_integration.get_all_options_integration",
            "module.web_backend_api.aws_api_gateway_integration.mock_options_integration",
            "module.web_backend_api.aws_api_gateway_integration.preferences_api_create_method_integration",
            "module.web_backend_api.aws_api_gateway_integration.preferences_api_delete_method_integration",
            "module.web_backend_api.aws_api_gateway_integration.preferences_api_get_all_method_integration",
            "module.web_backend_api.aws_api_gateway_integration.preferences_api_get_method_integration",
            "module.web_backend_api.aws_api_gateway_integration.web_backend_api_get_method_integration",
            "module.web_backend_api.aws_api_gateway_integration_response.get_all_options_integration_response",
            "module.web_backend_api.aws_api_gateway_integration_response.mock_options_integration_response",
            "module.web_backend_api.aws_api_gateway_integration_response.preferences_api_create_integration_response",
            "module.web_backend_api.aws_api_gateway_integration_response.preferences_api_delete_integration_response",
            "module.web_backend_api.aws_api_gateway_integration_response.preferences_get_all_integration_response",
            "module.web_backend_api.aws_api_gateway_integration_response.preferences_get_integration_response",
            "module.web_backend_api.aws_api_gateway_integration_response.web_backend_api_get_integration_response",
            "module.web_backend_api.aws_api_gateway_method.get_all_options_method",
            "module.web_backend_api.aws_api_gateway_method.mock_options_method",
            "module.web_backend_api.aws_api_gateway_method.preferences_api_create_method",
            "module.web_backend_api.aws_api_gateway_method.preferences_api_delete_method",
            "module.web_backend_api.aws_api_gateway_method.preferences_api_get_all_method",
            "module.web_backend_api.aws_api_gateway_method.preferences_api_get_method",
            "module.web_backend_api.aws_api_gateway_method.web_backend_api_get_method",
            "module.web_backend_api.aws_api_gateway_method_response.get_all_options_response",
            "module.web_backend_api.aws_api_gateway_method_response.mock_options_response",
            "module.web_backend_api.aws_api_gateway_method_response.preferences_api_create_method_response",
            "module.web_backend_api.aws_api_gateway_method_response.preferences_api_delete_method_response",
            "module.web_backend_api.aws_api_gateway_method_response.preferences_api_get_all_method_response",
            "module.web_backend_api.aws_api_gateway_method_response.preferences_api_get_method_response",
            "module.web_backend_api.aws_api_gateway_method_response.web_backend_api_get_method_response",
            "module.web_backend_api.aws_api_gateway_resource.preferences_api_app_resource",
            "module.web_backend_api.aws_api_gateway_resource.preferences_api_get_all_resource",
            "module.web_backend_api.aws_api_gateway_resource.preferences_api_path_resource",
            "module.web_backend_api.aws_api_gateway_resource.preferences_api_resource",
            "module.web_backend_api.aws_api_gateway_resource.preferences_api_userid_resource",
            "module.web_backend_api.aws_api_gateway_resource.preferences_storage_path_resource",
            "module.web_backend_api.aws_api_gateway_resource.web_backend_api_resource",
            "module.web_backend_api.aws_api_gateway_rest_api.web_backend_api"
          ]
        }
      ]
    },
    {
      "module": "module.web_backend_api",
      "mode": "managed",
      "type": "aws_api_gateway_deployment",
      "name": "web_backend_api_deployment",
      "provider": "provider[\"registry.terraform.io/hashicorp/aws\"]",
      "instances": [
        {
          "schema_version": 0,
          "attributes": {
            "created_date": "2021-06-25T14:03:27Z",
            "description": "",
            "execution_arn": "arn:aws:execute-api:us-east-1:273259652503:1edhruxhh8/uat2",
            "id": "gnws0k",
            "invoke_url": "https://1edhruxhh8.execute-api.us-east-1.amazonaws.com/uat2",
            "rest_api_id": "1edhruxhh8",
            "stage_description": null,
            "stage_name": "uat2",
            "triggers": null,
            "variables": null
          },
          "private": "bnVsbA==",
          "dependencies": [
            "module.acm.aws_acm_certificate.web_cert",
            "module.admin_lambdas.aws_cloudwatch_event_rule.app_definition_ping",
            "module.admin_lambdas.aws_cloudwatch_event_rule.user_preference_ping",
            "module.admin_lambdas.aws_cloudwatch_event_target.ping_create_preference_lambda",
            "module.admin_lambdas.aws_cloudwatch_event_target.ping_delete_lambda",
            "module.admin_lambdas.aws_cloudwatch_event_target.ping_delete_preference",
            "module.admin_lambdas.aws_cloudwatch_event_target.ping_get_lambda",
            "module.admin_lambdas.aws_cloudwatch_event_target.ping_get_preference",
            "module.admin_lambdas.aws_cloudwatch_event_target.ping_register_lambda",
            "module.admin_lambdas.aws_iam_policy.create_definition_lambdas_exec_policy",
            "module.admin_lambdas.aws_iam_policy.create_preference_lambdas_exec_policy",
            "module.admin_lambdas.aws_iam_policy.delete_definition_lambdas_exec_policy",
            "module.admin_lambdas.aws_iam_policy.delete_preference_lambdas_exec_policy",
            "module.admin_lambdas.aws_iam_policy.get_definition_lambda_exec_policy",
            "module.admin_lambdas.aws_iam_policy.get_preference_lambda_exec_policy",
            "module.admin_lambdas.aws_iam_role.seahorse_iam_role_for_lambdas",
            "module.admin_lambdas.aws_iam_role_policy_attachment.create_preference_exec",
            "module.admin_lambdas.aws_iam_role_policy_attachment.delete_definition_exec",
            "module.admin_lambdas.aws_iam_role_policy_attachment.delete_preference_exec",
            "module.admin_lambdas.aws_iam_role_policy_attachment.get_definition_exec",
            "module.admin_lambdas.aws_iam_role_policy_attachment.get_preference_exec",
            "module.admin_lambdas.aws_iam_role_policy_attachment.lambda_dynamodb",
            "module.admin_lambdas.aws_iam_role_policy_attachment.register_definition_exec",
            "module.admin_lambdas.aws_lambda_alias.CreatePreferenceLambda",
            "module.admin_lambdas.aws_lambda_alias.DeletePreferenceLambda",
            "module.admin_lambdas.aws_lambda_alias.DeleteRegisteredComponent",
            "module.admin_lambdas.aws_lambda_alias.GetPreferenceLambda",
            "module.admin_lambdas.aws_lambda_alias.GetRegisteredComponents",
            "module.admin_lambdas.aws_lambda_alias.RegisterComponentLambda",
            "module.admin_lambdas.aws_lambda_function.CreatePreferenceLambda",
            "module.admin_lambdas.aws_lambda_function.DeletePreferenceLambda",
            "module.admin_lambdas.aws_lambda_function.DeleteRegisteredComponent",
            "module.admin_lambdas.aws_lambda_function.GetPreferenceLambda",
            "module.admin_lambdas.aws_lambda_function.GetRegisteredComponents",
            "module.admin_lambdas.aws_lambda_function.RegisterComponentLambda",
            "module.admin_lambdas.aws_lambda_permission.allow_cloudwatch_to_ping_delete_lambda",
            "module.admin_lambdas.aws_lambda_permission.allow_cloudwatch_to_ping_delete_preference_lambda",
            "module.admin_lambdas.aws_lambda_permission.allow_cloudwatch_to_ping_get_lambda",
            "module.admin_lambdas.aws_lambda_permission.allow_cloudwatch_to_ping_get_preference_lambda",
            "module.admin_lambdas.aws_lambda_permission.allow_cloudwatch_to_ping_preference_lambda",
            "module.admin_lambdas.aws_lambda_permission.allow_cloudwatch_to_ping_register_lambda",
            "module.admin_lambdas.aws_lambda_provisioned_concurrency_config.CreatePreferenceLambda",
            "module.admin_lambdas.aws_lambda_provisioned_concurrency_config.DeletePreferenceLambda",
            "module.admin_lambdas.aws_lambda_provisioned_concurrency_config.DeleteRegisteredComponent",
            "module.admin_lambdas.aws_lambda_provisioned_concurrency_config.GetPreferenceLambda",
            "module.admin_lambdas.aws_lambda_provisioned_concurrency_config.GetRegisteredComponents",
            "module.admin_lambdas.aws_lambda_provisioned_concurrency_config.RegisterComponentLambda",
            "module.auth.aws_cognito_identity_pool.seahorse_identity_pool",
            "module.auth.aws_cognito_identity_pool_roles_attachment.seahorse_identity_pool_roles",
            "module.auth.aws_cognito_identity_provider.identity_provider_sso",
            "module.auth.aws_cognito_user_pool.seahorse_user_pool",
            "module.auth.aws_cognito_user_pool_client.seahorse_web_client",
            "module.auth.aws_cognito_user_pool_domain.domain",
            "module.auth.aws_iam_role.auth_web_iam_role",
            "module.auth.aws_iam_role.unauth_web_iam_role",
            "module.auth.aws_iam_role_policy.web_iam_unauth_role_policy",
            "module.web_backend_api.aws_api_gateway_authorizer.web_authorizer",
            "module.web_backend_api.aws_api_gateway_integration.get_all_options_integration",
            "module.web_backend_api.aws_api_gateway_integration.mock_options_integration",
            "module.web_backend_api.aws_api_gateway_integration.preferences_api_create_method_integration",
            "module.web_backend_api.aws_api_gateway_integration.preferences_api_delete_method_integration",
            "module.web_backend_api.aws_api_gateway_integration.preferences_api_get_all_method_integration",
            "module.web_backend_api.aws_api_gateway_integration.preferences_api_get_method_integration",
            "module.web_backend_api.aws_api_gateway_integration.web_backend_api_get_method_integration",
            "module.web_backend_api.aws_api_gateway_integration_response.get_all_options_integration_response",
            "module.web_backend_api.aws_api_gateway_integration_response.mock_options_integration_response",
            "module.web_backend_api.aws_api_gateway_integration_response.preferences_api_create_integration_response",
            "module.web_backend_api.aws_api_gateway_integration_response.preferences_api_delete_integration_response",
            "module.web_backend_api.aws_api_gateway_integration_response.preferences_get_all_integration_response",
            "module.web_backend_api.aws_api_gateway_integration_response.preferences_get_integration_response",
            "module.web_backend_api.aws_api_gateway_integration_response.web_backend_api_get_integration_response",
            "module.web_backend_api.aws_api_gateway_method.get_all_options_method",
            "module.web_backend_api.aws_api_gateway_method.mock_options_method",
            "module.web_backend_api.aws_api_gateway_method.preferences_api_create_method",
            "module.web_backend_api.aws_api_gateway_method.preferences_api_delete_method",
            "module.web_backend_api.aws_api_gateway_method.preferences_api_get_all_method",
            "module.web_backend_api.aws_api_gateway_method.preferences_api_get_method",
            "module.web_backend_api.aws_api_gateway_method.web_backend_api_get_method",
            "module.web_backend_api.aws_api_gateway_method_response.get_all_options_response",
            "module.web_backend_api.aws_api_gateway_method_response.mock_options_response",
            "module.web_backend_api.aws_api_gateway_method_response.preferences_api_create_method_response",
            "module.web_backend_api.aws_api_gateway_method_response.preferences_api_delete_method_response",
            "module.web_backend_api.aws_api_gateway_method_response.preferences_api_get_all_method_response",
            "module.web_backend_api.aws_api_gateway_method_response.preferences_api_get_method_response",
            "module.web_backend_api.aws_api_gateway_method_response.web_backend_api_get_method_response",
            "module.web_backend_api.aws_api_gateway_resource.preferences_api_app_resource",
            "module.web_backend_api.aws_api_gateway_resource.preferences_api_get_all_resource",
            "module.web_backend_api.aws_api_gateway_resource.preferences_api_path_resource",
            "module.web_backend_api.aws_api_gateway_resource.preferences_api_resource",
            "module.web_backend_api.aws_api_gateway_resource.preferences_api_userid_resource",
            "module.web_backend_api.aws_api_gateway_resource.preferences_storage_path_resource",
            "module.web_backend_api.aws_api_gateway_resource.web_backend_api_resource",
            "module.web_backend_api.aws_api_gateway_rest_api.web_backend_api"
          ]
        }
      ]
    },
    {
      "module": "module.web_backend_api",
      "mode": "managed",
      "type": "aws_api_gateway_domain_name",
      "name": "web_api_domain_name",
      "provider": "provider[\"registry.terraform.io/hashicorp/aws\"]",
      "instances": [
        {
          "schema_version": 0,
          "attributes": {
            "arn": "arn:aws:apigateway:us-east-1::/domainnames/webapi.seahorse-uat2.globallink.com",
            "certificate_arn": "arn:aws:acm:us-east-1:273259652503:certificate/725c90de-119b-4b35-9b3a-6bbf83897309",
            "certificate_body": null,
            "certificate_chain": null,
            "certificate_name": "",
            "certificate_private_key": null,
            "certificate_upload_date": "2021-06-25T14:03:57Z",
            "cloudfront_domain_name": "d3vf6uk5wld6zs.cloudfront.net",
            "cloudfront_zone_id": "Z2FDTNDATAQYW2",
            "domain_name": "webapi.seahorse-uat2.globallink.com",
            "endpoint_configuration": [
              {
                "types": [
                  "EDGE"
                ]
              }
            ],
            "id": "webapi.seahorse-uat2.globallink.com",
            "mutual_tls_authentication": [],
            "regional_certificate_arn": "",
            "regional_certificate_name": "",
            "regional_domain_name": "",
            "regional_zone_id": "",
            "security_policy": "TLS_1_0",
            "tags": null
          },
          "private": "bnVsbA==",
          "dependencies": [
            "module.acm.aws_acm_certificate.web_cert",
            "module.admin_lambdas.aws_cloudwatch_event_rule.app_definition_ping",
            "module.admin_lambdas.aws_cloudwatch_event_rule.user_preference_ping",
            "module.admin_lambdas.aws_cloudwatch_event_target.ping_create_preference_lambda",
            "module.admin_lambdas.aws_cloudwatch_event_target.ping_delete_lambda",
            "module.admin_lambdas.aws_cloudwatch_event_target.ping_delete_preference",
            "module.admin_lambdas.aws_cloudwatch_event_target.ping_get_lambda",
            "module.admin_lambdas.aws_cloudwatch_event_target.ping_get_preference",
            "module.admin_lambdas.aws_cloudwatch_event_target.ping_register_lambda",
            "module.admin_lambdas.aws_iam_policy.create_definition_lambdas_exec_policy",
            "module.admin_lambdas.aws_iam_policy.create_preference_lambdas_exec_policy",
            "module.admin_lambdas.aws_iam_policy.delete_definition_lambdas_exec_policy",
            "module.admin_lambdas.aws_iam_policy.delete_preference_lambdas_exec_policy",
            "module.admin_lambdas.aws_iam_policy.get_definition_lambda_exec_policy",
            "module.admin_lambdas.aws_iam_policy.get_preference_lambda_exec_policy",
            "module.admin_lambdas.aws_iam_role.seahorse_iam_role_for_lambdas",
            "module.admin_lambdas.aws_iam_role_policy_attachment.create_preference_exec",
            "module.admin_lambdas.aws_iam_role_policy_attachment.delete_definition_exec",
            "module.admin_lambdas.aws_iam_role_policy_attachment.delete_preference_exec",
            "module.admin_lambdas.aws_iam_role_policy_attachment.get_definition_exec",
            "module.admin_lambdas.aws_iam_role_policy_attachment.get_preference_exec",
            "module.admin_lambdas.aws_iam_role_policy_attachment.lambda_dynamodb",
            "module.admin_lambdas.aws_iam_role_policy_attachment.register_definition_exec",
            "module.admin_lambdas.aws_lambda_alias.CreatePreferenceLambda",
            "module.admin_lambdas.aws_lambda_alias.DeletePreferenceLambda",
            "module.admin_lambdas.aws_lambda_alias.DeleteRegisteredComponent",
            "module.admin_lambdas.aws_lambda_alias.GetPreferenceLambda",
            "module.admin_lambdas.aws_lambda_alias.GetRegisteredComponents",
            "module.admin_lambdas.aws_lambda_alias.RegisterComponentLambda",
            "module.admin_lambdas.aws_lambda_function.CreatePreferenceLambda",
            "module.admin_lambdas.aws_lambda_function.DeletePreferenceLambda",
            "module.admin_lambdas.aws_lambda_function.DeleteRegisteredComponent",
            "module.admin_lambdas.aws_lambda_function.GetPreferenceLambda",
            "module.admin_lambdas.aws_lambda_function.GetRegisteredComponents",
            "module.admin_lambdas.aws_lambda_function.RegisterComponentLambda",
            "module.admin_lambdas.aws_lambda_permission.allow_cloudwatch_to_ping_delete_lambda",
            "module.admin_lambdas.aws_lambda_permission.allow_cloudwatch_to_ping_delete_preference_lambda",
            "module.admin_lambdas.aws_lambda_permission.allow_cloudwatch_to_ping_get_lambda",
            "module.admin_lambdas.aws_lambda_permission.allow_cloudwatch_to_ping_get_preference_lambda",
            "module.admin_lambdas.aws_lambda_permission.allow_cloudwatch_to_ping_preference_lambda",
            "module.admin_lambdas.aws_lambda_permission.allow_cloudwatch_to_ping_register_lambda",
            "module.admin_lambdas.aws_lambda_provisioned_concurrency_config.CreatePreferenceLambda",
            "module.admin_lambdas.aws_lambda_provisioned_concurrency_config.DeletePreferenceLambda",
            "module.admin_lambdas.aws_lambda_provisioned_concurrency_config.DeleteRegisteredComponent",
            "module.admin_lambdas.aws_lambda_provisioned_concurrency_config.GetPreferenceLambda",
            "module.admin_lambdas.aws_lambda_provisioned_concurrency_config.GetRegisteredComponents",
            "module.admin_lambdas.aws_lambda_provisioned_concurrency_config.RegisterComponentLambda",
            "module.auth.aws_cognito_identity_pool.seahorse_identity_pool",
            "module.auth.aws_cognito_identity_pool_roles_attachment.seahorse_identity_pool_roles",
            "module.auth.aws_cognito_identity_provider.identity_provider_sso",
            "module.auth.aws_cognito_user_pool.seahorse_user_pool",
            "module.auth.aws_cognito_user_pool_client.seahorse_web_client",
            "module.auth.aws_cognito_user_pool_domain.domain",
            "module.auth.aws_iam_role.auth_web_iam_role",
            "module.auth.aws_iam_role.unauth_web_iam_role",
            "module.auth.aws_iam_role_policy.web_iam_unauth_role_policy",
            "module.web_backend_api.aws_api_gateway_authorizer.web_authorizer",
            "module.web_backend_api.aws_api_gateway_deployment.web_backend_api_deployment",
            "module.web_backend_api.aws_api_gateway_integration.get_all_options_integration",
            "module.web_backend_api.aws_api_gateway_integration.mock_options_integration",
            "module.web_backend_api.aws_api_gateway_integration.preferences_api_create_method_integration",
            "module.web_backend_api.aws_api_gateway_integration.preferences_api_delete_method_integration",
            "module.web_backend_api.aws_api_gateway_integration.preferences_api_get_all_method_integration",
            "module.web_backend_api.aws_api_gateway_integration.preferences_api_get_method_integration",
            "module.web_backend_api.aws_api_gateway_integration.web_backend_api_get_method_integration",
            "module.web_backend_api.aws_api_gateway_integration_response.get_all_options_integration_response",
            "module.web_backend_api.aws_api_gateway_integration_response.mock_options_integration_response",
            "module.web_backend_api.aws_api_gateway_integration_response.preferences_api_create_integration_response",
            "module.web_backend_api.aws_api_gateway_integration_response.preferences_api_delete_integration_response",
            "module.web_backend_api.aws_api_gateway_integration_response.preferences_get_all_integration_response",
            "module.web_backend_api.aws_api_gateway_integration_response.preferences_get_integration_response",
            "module.web_backend_api.aws_api_gateway_integration_response.web_backend_api_get_integration_response",
            "module.web_backend_api.aws_api_gateway_method.get_all_options_method",
            "module.web_backend_api.aws_api_gateway_method.mock_options_method",
            "module.web_backend_api.aws_api_gateway_method.preferences_api_create_method",
            "module.web_backend_api.aws_api_gateway_method.preferences_api_delete_method",
            "module.web_backend_api.aws_api_gateway_method.preferences_api_get_all_method",
            "module.web_backend_api.aws_api_gateway_method.preferences_api_get_method",
            "module.web_backend_api.aws_api_gateway_method.web_backend_api_get_method",
            "module.web_backend_api.aws_api_gateway_method_response.get_all_options_response",
            "module.web_backend_api.aws_api_gateway_method_response.mock_options_response",
            "module.web_backend_api.aws_api_gateway_method_response.preferences_api_create_method_response",
            "module.web_backend_api.aws_api_gateway_method_response.preferences_api_delete_method_response",
            "module.web_backend_api.aws_api_gateway_method_response.preferences_api_get_all_method_response",
            "module.web_backend_api.aws_api_gateway_method_response.preferences_api_get_method_response",
            "module.web_backend_api.aws_api_gateway_method_response.web_backend_api_get_method_response",
            "module.web_backend_api.aws_api_gateway_resource.preferences_api_app_resource",
            "module.web_backend_api.aws_api_gateway_resource.preferences_api_get_all_resource",
            "module.web_backend_api.aws_api_gateway_resource.preferences_api_path_resource",
            "module.web_backend_api.aws_api_gateway_resource.preferences_api_resource",
            "module.web_backend_api.aws_api_gateway_resource.preferences_api_userid_resource",
            "module.web_backend_api.aws_api_gateway_resource.preferences_storage_path_resource",
            "module.web_backend_api.aws_api_gateway_resource.web_backend_api_resource",
            "module.web_backend_api.aws_api_gateway_rest_api.web_backend_api"
          ]
        }
      ]
    },
    {
      "module": "module.web_backend_api",
      "mode": "managed",
      "type": "aws_api_gateway_integration",
      "name": "get_all_options_integration",
      "provider": "provider[\"registry.terraform.io/hashicorp/aws\"]",
      "instances": [
        {
          "schema_version": 0,
          "attributes": {
            "cache_key_parameters": null,
            "cache_namespace": "53bgag",
            "connection_id": "",
            "connection_type": "INTERNET",
            "content_handling": "",
            "credentials": "",
            "http_method": "OPTIONS",
            "id": "agi-1edhruxhh8-53bgag-OPTIONS",
            "integration_http_method": "",
            "passthrough_behavior": "WHEN_NO_MATCH",
            "request_parameters": null,
            "request_templates": {
              "application/json": "{\n    \"statusCode\" : 200\n}"
            },
            "resource_id": "53bgag",
            "rest_api_id": "1edhruxhh8",
            "timeout_milliseconds": 29000,
            "tls_config": [],
            "type": "MOCK",
            "uri": ""
          },
          "private": "bnVsbA==",
          "dependencies": [
            "module.acm.aws_acm_certificate.web_cert",
            "module.admin_lambdas.aws_cloudwatch_event_rule.app_definition_ping",
            "module.admin_lambdas.aws_cloudwatch_event_rule.user_preference_ping",
            "module.admin_lambdas.aws_cloudwatch_event_target.ping_create_preference_lambda",
            "module.admin_lambdas.aws_cloudwatch_event_target.ping_delete_lambda",
            "module.admin_lambdas.aws_cloudwatch_event_target.ping_delete_preference",
            "module.admin_lambdas.aws_cloudwatch_event_target.ping_get_lambda",
            "module.admin_lambdas.aws_cloudwatch_event_target.ping_get_preference",
            "module.admin_lambdas.aws_cloudwatch_event_target.ping_register_lambda",
            "module.admin_lambdas.aws_iam_policy.create_definition_lambdas_exec_policy",
            "module.admin_lambdas.aws_iam_policy.create_preference_lambdas_exec_policy",
            "module.admin_lambdas.aws_iam_policy.delete_definition_lambdas_exec_policy",
            "module.admin_lambdas.aws_iam_policy.delete_preference_lambdas_exec_policy",
            "module.admin_lambdas.aws_iam_policy.get_definition_lambda_exec_policy",
            "module.admin_lambdas.aws_iam_policy.get_preference_lambda_exec_policy",
            "module.admin_lambdas.aws_iam_role.seahorse_iam_role_for_lambdas",
            "module.admin_lambdas.aws_iam_role_policy_attachment.create_preference_exec",
            "module.admin_lambdas.aws_iam_role_policy_attachment.delete_definition_exec",
            "module.admin_lambdas.aws_iam_role_policy_attachment.delete_preference_exec",
            "module.admin_lambdas.aws_iam_role_policy_attachment.get_definition_exec",
            "module.admin_lambdas.aws_iam_role_policy_attachment.get_preference_exec",
            "module.admin_lambdas.aws_iam_role_policy_attachment.lambda_dynamodb",
            "module.admin_lambdas.aws_iam_role_policy_attachment.register_definition_exec",
            "module.admin_lambdas.aws_lambda_alias.CreatePreferenceLambda",
            "module.admin_lambdas.aws_lambda_alias.DeletePreferenceLambda",
            "module.admin_lambdas.aws_lambda_alias.DeleteRegisteredComponent",
            "module.admin_lambdas.aws_lambda_alias.GetPreferenceLambda",
            "module.admin_lambdas.aws_lambda_alias.GetRegisteredComponents",
            "module.admin_lambdas.aws_lambda_alias.RegisterComponentLambda",
            "module.admin_lambdas.aws_lambda_function.CreatePreferenceLambda",
            "module.admin_lambdas.aws_lambda_function.DeletePreferenceLambda",
            "module.admin_lambdas.aws_lambda_function.DeleteRegisteredComponent",
            "module.admin_lambdas.aws_lambda_function.GetPreferenceLambda",
            "module.admin_lambdas.aws_lambda_function.GetRegisteredComponents",
            "module.admin_lambdas.aws_lambda_function.RegisterComponentLambda",
            "module.admin_lambdas.aws_lambda_permission.allow_cloudwatch_to_ping_delete_lambda",
            "module.admin_lambdas.aws_lambda_permission.allow_cloudwatch_to_ping_delete_preference_lambda",
            "module.admin_lambdas.aws_lambda_permission.allow_cloudwatch_to_ping_get_lambda",
            "module.admin_lambdas.aws_lambda_permission.allow_cloudwatch_to_ping_get_preference_lambda",
            "module.admin_lambdas.aws_lambda_permission.allow_cloudwatch_to_ping_preference_lambda",
            "module.admin_lambdas.aws_lambda_permission.allow_cloudwatch_to_ping_register_lambda",
            "module.admin_lambdas.aws_lambda_provisioned_concurrency_config.CreatePreferenceLambda",
            "module.admin_lambdas.aws_lambda_provisioned_concurrency_config.DeletePreferenceLambda",
            "module.admin_lambdas.aws_lambda_provisioned_concurrency_config.DeleteRegisteredComponent",
            "module.admin_lambdas.aws_lambda_provisioned_concurrency_config.GetPreferenceLambda",
            "module.admin_lambdas.aws_lambda_provisioned_concurrency_config.GetRegisteredComponents",
            "module.admin_lambdas.aws_lambda_provisioned_concurrency_config.RegisterComponentLambda",
            "module.auth.aws_cognito_identity_pool.seahorse_identity_pool",
            "module.auth.aws_cognito_identity_pool_roles_attachment.seahorse_identity_pool_roles",
            "module.auth.aws_cognito_identity_provider.identity_provider_sso",
            "module.auth.aws_cognito_user_pool.seahorse_user_pool",
            "module.auth.aws_cognito_user_pool_client.seahorse_web_client",
            "module.auth.aws_cognito_user_pool_domain.domain",
            "module.auth.aws_iam_role.auth_web_iam_role",
            "module.auth.aws_iam_role.unauth_web_iam_role",
            "module.auth.aws_iam_role_policy.web_iam_unauth_role_policy",
            "module.web_backend_api.aws_api_gateway_method.get_all_options_method",
            "module.web_backend_api.aws_api_gateway_resource.preferences_api_app_resource",
            "module.web_backend_api.aws_api_gateway_resource.preferences_api_get_all_resource",
            "module.web_backend_api.aws_api_gateway_resource.preferences_api_path_resource",
            "module.web_backend_api.aws_api_gateway_resource.preferences_api_userid_resource",
            "module.web_backend_api.aws_api_gateway_resource.preferences_storage_path_resource",
            "module.web_backend_api.aws_api_gateway_rest_api.web_backend_api"
          ]
        }
      ]
    },
    {
      "module": "module.web_backend_api",
      "mode": "managed",
      "type": "aws_api_gateway_integration",
      "name": "get_options_integration",
      "provider": "provider[\"registry.terraform.io/hashicorp/aws\"]",
      "instances": [
        {
          "schema_version": 0,
          "attributes": {
            "cache_key_parameters": null,
            "cache_namespace": "bahk9s",
            "connection_id": "",
            "connection_type": "INTERNET",
            "content_handling": "",
            "credentials": "",
            "http_method": "OPTIONS",
            "id": "agi-1edhruxhh8-bahk9s-OPTIONS",
            "integration_http_method": "",
            "passthrough_behavior": "WHEN_NO_MATCH",
            "request_parameters": null,
            "request_templates": {
              "application/json": "{\n    \"statusCode\" : 200\n}"
            },
            "resource_id": "bahk9s",
            "rest_api_id": "1edhruxhh8",
            "timeout_milliseconds": 29000,
            "tls_config": [],
            "type": "MOCK",
            "uri": ""
          },
          "private": "bnVsbA==",
          "dependencies": [
            "module.acm.aws_acm_certificate.web_cert",
            "module.admin_lambdas.aws_cloudwatch_event_rule.app_definition_ping",
            "module.admin_lambdas.aws_cloudwatch_event_rule.user_preference_ping",
            "module.admin_lambdas.aws_cloudwatch_event_target.ping_create_preference_lambda",
            "module.admin_lambdas.aws_cloudwatch_event_target.ping_delete_lambda",
            "module.admin_lambdas.aws_cloudwatch_event_target.ping_delete_preference",
            "module.admin_lambdas.aws_cloudwatch_event_target.ping_get_lambda",
            "module.admin_lambdas.aws_cloudwatch_event_target.ping_get_preference",
            "module.admin_lambdas.aws_cloudwatch_event_target.ping_register_lambda",
            "module.admin_lambdas.aws_iam_policy.create_definition_lambdas_exec_policy",
            "module.admin_lambdas.aws_iam_policy.create_preference_lambdas_exec_policy",
            "module.admin_lambdas.aws_iam_policy.delete_definition_lambdas_exec_policy",
            "module.admin_lambdas.aws_iam_policy.delete_preference_lambdas_exec_policy",
            "module.admin_lambdas.aws_iam_policy.get_definition_lambda_exec_policy",
            "module.admin_lambdas.aws_iam_policy.get_preference_lambda_exec_policy",
            "module.admin_lambdas.aws_iam_role.seahorse_iam_role_for_lambdas",
            "module.admin_lambdas.aws_iam_role_policy_attachment.create_preference_exec",
            "module.admin_lambdas.aws_iam_role_policy_attachment.delete_definition_exec",
            "module.admin_lambdas.aws_iam_role_policy_attachment.delete_preference_exec",
            "module.admin_lambdas.aws_iam_role_policy_attachment.get_definition_exec",
            "module.admin_lambdas.aws_iam_role_policy_attachment.get_preference_exec",
            "module.admin_lambdas.aws_iam_role_policy_attachment.lambda_dynamodb",
            "module.admin_lambdas.aws_iam_role_policy_attachment.register_definition_exec",
            "module.admin_lambdas.aws_lambda_alias.CreatePreferenceLambda",
            "module.admin_lambdas.aws_lambda_alias.DeletePreferenceLambda",
            "module.admin_lambdas.aws_lambda_alias.DeleteRegisteredComponent",
            "module.admin_lambdas.aws_lambda_alias.GetPreferenceLambda",
            "module.admin_lambdas.aws_lambda_alias.GetRegisteredComponents",
            "module.admin_lambdas.aws_lambda_alias.RegisterComponentLambda",
            "module.admin_lambdas.aws_lambda_function.CreatePreferenceLambda",
            "module.admin_lambdas.aws_lambda_function.DeletePreferenceLambda",
            "module.admin_lambdas.aws_lambda_function.DeleteRegisteredComponent",
            "module.admin_lambdas.aws_lambda_function.GetPreferenceLambda",
            "module.admin_lambdas.aws_lambda_function.GetRegisteredComponents",
            "module.admin_lambdas.aws_lambda_function.RegisterComponentLambda",
            "module.admin_lambdas.aws_lambda_permission.allow_cloudwatch_to_ping_delete_lambda",
            "module.admin_lambdas.aws_lambda_permission.allow_cloudwatch_to_ping_delete_preference_lambda",
            "module.admin_lambdas.aws_lambda_permission.allow_cloudwatch_to_ping_get_lambda",
            "module.admin_lambdas.aws_lambda_permission.allow_cloudwatch_to_ping_get_preference_lambda",
            "module.admin_lambdas.aws_lambda_permission.allow_cloudwatch_to_ping_preference_lambda",
            "module.admin_lambdas.aws_lambda_permission.allow_cloudwatch_to_ping_register_lambda",
            "module.admin_lambdas.aws_lambda_provisioned_concurrency_config.CreatePreferenceLambda",
            "module.admin_lambdas.aws_lambda_provisioned_concurrency_config.DeletePreferenceLambda",
            "module.admin_lambdas.aws_lambda_provisioned_concurrency_config.DeleteRegisteredComponent",
            "module.admin_lambdas.aws_lambda_provisioned_concurrency_config.GetPreferenceLambda",
            "module.admin_lambdas.aws_lambda_provisioned_concurrency_config.GetRegisteredComponents",
            "module.admin_lambdas.aws_lambda_provisioned_concurrency_config.RegisterComponentLambda",
            "module.auth.aws_cognito_identity_pool.seahorse_identity_pool",
            "module.auth.aws_cognito_identity_pool_roles_attachment.seahorse_identity_pool_roles",
            "module.auth.aws_cognito_identity_provider.identity_provider_sso",
            "module.auth.aws_cognito_user_pool.seahorse_user_pool",
            "module.auth.aws_cognito_user_pool_client.seahorse_web_client",
            "module.auth.aws_cognito_user_pool_domain.domain",
            "module.auth.aws_iam_role.auth_web_iam_role",
            "module.auth.aws_iam_role.unauth_web_iam_role",
            "module.auth.aws_iam_role_policy.web_iam_unauth_role_policy",
            "module.web_backend_api.aws_api_gateway_method.get_options_method",
            "module.web_backend_api.aws_api_gateway_resource.preferences_api_app_resource",
            "module.web_backend_api.aws_api_gateway_resource.preferences_api_get_all_resource",
            "module.web_backend_api.aws_api_gateway_resource.preferences_api_path_resource",
            "module.web_backend_api.aws_api_gateway_resource.preferences_api_resource",
            "module.web_backend_api.aws_api_gateway_resource.preferences_api_userid_resource",
            "module.web_backend_api.aws_api_gateway_resource.preferences_storage_path_resource",
            "module.web_backend_api.aws_api_gateway_rest_api.web_backend_api"
          ]
        }
      ]
    },
    {
      "module": "module.web_backend_api",
      "mode": "managed",
      "type": "aws_api_gateway_integration",
      "name": "mock_options_integration",
      "provider": "provider[\"registry.terraform.io/hashicorp/aws\"]",
      "instances": [
        {
          "schema_version": 0,
          "attributes": {
            "cache_key_parameters": null,
            "cache_namespace": "xzb0gj",
            "connection_id": "",
            "connection_type": "INTERNET",
            "content_handling": "",
            "credentials": "",
            "http_method": "OPTIONS",
            "id": "agi-1edhruxhh8-xzb0gj-OPTIONS",
            "integration_http_method": "",
            "passthrough_behavior": "WHEN_NO_MATCH",
            "request_parameters": null,
            "request_templates": {
              "application/json": "{\n    \"statusCode\" : 200\n}"
            },
            "resource_id": "xzb0gj",
            "rest_api_id": "1edhruxhh8",
            "timeout_milliseconds": 29000,
            "tls_config": [],
            "type": "MOCK",
            "uri": ""
          },
          "private": "bnVsbA==",
          "dependencies": [
            "module.acm.aws_acm_certificate.web_cert",
            "module.admin_lambdas.aws_cloudwatch_event_rule.app_definition_ping",
            "module.admin_lambdas.aws_cloudwatch_event_rule.user_preference_ping",
            "module.admin_lambdas.aws_cloudwatch_event_target.ping_create_preference_lambda",
            "module.admin_lambdas.aws_cloudwatch_event_target.ping_delete_lambda",
            "module.admin_lambdas.aws_cloudwatch_event_target.ping_delete_preference",
            "module.admin_lambdas.aws_cloudwatch_event_target.ping_get_lambda",
            "module.admin_lambdas.aws_cloudwatch_event_target.ping_get_preference",
            "module.admin_lambdas.aws_cloudwatch_event_target.ping_register_lambda",
            "module.admin_lambdas.aws_iam_policy.create_definition_lambdas_exec_policy",
            "module.admin_lambdas.aws_iam_policy.create_preference_lambdas_exec_policy",
            "module.admin_lambdas.aws_iam_policy.delete_definition_lambdas_exec_policy",
            "module.admin_lambdas.aws_iam_policy.delete_preference_lambdas_exec_policy",
            "module.admin_lambdas.aws_iam_policy.get_definition_lambda_exec_policy",
            "module.admin_lambdas.aws_iam_policy.get_preference_lambda_exec_policy",
            "module.admin_lambdas.aws_iam_role.seahorse_iam_role_for_lambdas",
            "module.admin_lambdas.aws_iam_role_policy_attachment.create_preference_exec",
            "module.admin_lambdas.aws_iam_role_policy_attachment.delete_definition_exec",
            "module.admin_lambdas.aws_iam_role_policy_attachment.delete_preference_exec",
            "module.admin_lambdas.aws_iam_role_policy_attachment.get_definition_exec",
            "module.admin_lambdas.aws_iam_role_policy_attachment.get_preference_exec",
            "module.admin_lambdas.aws_iam_role_policy_attachment.lambda_dynamodb",
            "module.admin_lambdas.aws_iam_role_policy_attachment.register_definition_exec",
            "module.admin_lambdas.aws_lambda_alias.CreatePreferenceLambda",
            "module.admin_lambdas.aws_lambda_alias.DeletePreferenceLambda",
            "module.admin_lambdas.aws_lambda_alias.DeleteRegisteredComponent",
            "module.admin_lambdas.aws_lambda_alias.GetPreferenceLambda",
            "module.admin_lambdas.aws_lambda_alias.GetRegisteredComponents",
            "module.admin_lambdas.aws_lambda_alias.RegisterComponentLambda",
            "module.admin_lambdas.aws_lambda_function.CreatePreferenceLambda",
            "module.admin_lambdas.aws_lambda_function.DeletePreferenceLambda",
            "module.admin_lambdas.aws_lambda_function.DeleteRegisteredComponent",
            "module.admin_lambdas.aws_lambda_function.GetPreferenceLambda",
            "module.admin_lambdas.aws_lambda_function.GetRegisteredComponents",
            "module.admin_lambdas.aws_lambda_function.RegisterComponentLambda",
            "module.admin_lambdas.aws_lambda_permission.allow_cloudwatch_to_ping_delete_lambda",
            "module.admin_lambdas.aws_lambda_permission.allow_cloudwatch_to_ping_delete_preference_lambda",
            "module.admin_lambdas.aws_lambda_permission.allow_cloudwatch_to_ping_get_lambda",
            "module.admin_lambdas.aws_lambda_permission.allow_cloudwatch_to_ping_get_preference_lambda",
            "module.admin_lambdas.aws_lambda_permission.allow_cloudwatch_to_ping_preference_lambda",
            "module.admin_lambdas.aws_lambda_permission.allow_cloudwatch_to_ping_register_lambda",
            "module.admin_lambdas.aws_lambda_provisioned_concurrency_config.CreatePreferenceLambda",
            "module.admin_lambdas.aws_lambda_provisioned_concurrency_config.DeletePreferenceLambda",
            "module.admin_lambdas.aws_lambda_provisioned_concurrency_config.DeleteRegisteredComponent",
            "module.admin_lambdas.aws_lambda_provisioned_concurrency_config.GetPreferenceLambda",
            "module.admin_lambdas.aws_lambda_provisioned_concurrency_config.GetRegisteredComponents",
            "module.admin_lambdas.aws_lambda_provisioned_concurrency_config.RegisterComponentLambda",
            "module.auth.aws_cognito_identity_pool.seahorse_identity_pool",
            "module.auth.aws_cognito_identity_pool_roles_attachment.seahorse_identity_pool_roles",
            "module.auth.aws_cognito_identity_provider.identity_provider_sso",
            "module.auth.aws_cognito_user_pool.seahorse_user_pool",
            "module.auth.aws_cognito_user_pool_client.seahorse_web_client",
            "module.auth.aws_cognito_user_pool_domain.domain",
            "module.auth.aws_iam_role.auth_web_iam_role",
            "module.auth.aws_iam_role.unauth_web_iam_role",
            "module.auth.aws_iam_role_policy.web_iam_unauth_role_policy",
            "module.web_backend_api.aws_api_gateway_method.mock_options_method",
            "module.web_backend_api.aws_api_gateway_resource.web_backend_api_resource",
            "module.web_backend_api.aws_api_gateway_rest_api.web_backend_api"
          ]
        }
      ]
    },
    {
      "module": "module.web_backend_api",
      "mode": "managed",
      "type": "aws_api_gateway_integration",
      "name": "preferences_api_create_method_integration",
      "provider": "provider[\"registry.terraform.io/hashicorp/aws\"]",
      "instances": [
        {
          "schema_version": 0,
          "attributes": {
            "cache_key_parameters": null,
            "cache_namespace": "bahk9s",
            "connection_id": "",
            "connection_type": "INTERNET",
            "content_handling": "",
            "credentials": "",
            "http_method": "POST",
            "id": "agi-1edhruxhh8-bahk9s-POST",
            "integration_http_method": "POST",
            "passthrough_behavior": "WHEN_NO_MATCH",
            "request_parameters": null,
            "request_templates": null,
            "resource_id": "bahk9s",
            "rest_api_id": "1edhruxhh8",
            "timeout_milliseconds": 29000,
            "tls_config": [],
            "type": "AWS_PROXY",
            "uri": "arn:aws:apigateway:us-east-1:lambda:path/2015-03-31/functions/arn:aws:lambda:us-east-1:273259652503:function:SaveUserPreference/invocations"
          },
          "private": "bnVsbA==",
          "dependencies": [
            "module.acm.aws_acm_certificate.web_cert",
            "module.admin_lambdas.aws_cloudwatch_event_rule.app_definition_ping",
            "module.admin_lambdas.aws_cloudwatch_event_rule.user_preference_ping",
            "module.admin_lambdas.aws_cloudwatch_event_target.ping_create_preference_lambda",
            "module.admin_lambdas.aws_cloudwatch_event_target.ping_delete_lambda",
            "module.admin_lambdas.aws_cloudwatch_event_target.ping_delete_preference",
            "module.admin_lambdas.aws_cloudwatch_event_target.ping_get_lambda",
            "module.admin_lambdas.aws_cloudwatch_event_target.ping_get_preference",
            "module.admin_lambdas.aws_cloudwatch_event_target.ping_register_lambda",
            "module.admin_lambdas.aws_iam_policy.create_definition_lambdas_exec_policy",
            "module.admin_lambdas.aws_iam_policy.create_preference_lambdas_exec_policy",
            "module.admin_lambdas.aws_iam_policy.delete_definition_lambdas_exec_policy",
            "module.admin_lambdas.aws_iam_policy.delete_preference_lambdas_exec_policy",
            "module.admin_lambdas.aws_iam_policy.get_definition_lambda_exec_policy",
            "module.admin_lambdas.aws_iam_policy.get_preference_lambda_exec_policy",
            "module.admin_lambdas.aws_iam_role.seahorse_iam_role_for_lambdas",
            "module.admin_lambdas.aws_iam_role_policy_attachment.create_preference_exec",
            "module.admin_lambdas.aws_iam_role_policy_attachment.delete_definition_exec",
            "module.admin_lambdas.aws_iam_role_policy_attachment.delete_preference_exec",
            "module.admin_lambdas.aws_iam_role_policy_attachment.get_definition_exec",
            "module.admin_lambdas.aws_iam_role_policy_attachment.get_preference_exec",
            "module.admin_lambdas.aws_iam_role_policy_attachment.lambda_dynamodb",
            "module.admin_lambdas.aws_iam_role_policy_attachment.register_definition_exec",
            "module.admin_lambdas.aws_lambda_alias.CreatePreferenceLambda",
            "module.admin_lambdas.aws_lambda_alias.DeletePreferenceLambda",
            "module.admin_lambdas.aws_lambda_alias.DeleteRegisteredComponent",
            "module.admin_lambdas.aws_lambda_alias.GetPreferenceLambda",
            "module.admin_lambdas.aws_lambda_alias.GetRegisteredComponents",
            "module.admin_lambdas.aws_lambda_alias.RegisterComponentLambda",
            "module.admin_lambdas.aws_lambda_function.CreatePreferenceLambda",
            "module.admin_lambdas.aws_lambda_function.DeletePreferenceLambda",
            "module.admin_lambdas.aws_lambda_function.DeleteRegisteredComponent",
            "module.admin_lambdas.aws_lambda_function.GetPreferenceLambda",
            "module.admin_lambdas.aws_lambda_function.GetRegisteredComponents",
            "module.admin_lambdas.aws_lambda_function.RegisterComponentLambda",
            "module.admin_lambdas.aws_lambda_permission.allow_cloudwatch_to_ping_delete_lambda",
            "module.admin_lambdas.aws_lambda_permission.allow_cloudwatch_to_ping_delete_preference_lambda",
            "module.admin_lambdas.aws_lambda_permission.allow_cloudwatch_to_ping_get_lambda",
            "module.admin_lambdas.aws_lambda_permission.allow_cloudwatch_to_ping_get_preference_lambda",
            "module.admin_lambdas.aws_lambda_permission.allow_cloudwatch_to_ping_preference_lambda",
            "module.admin_lambdas.aws_lambda_permission.allow_cloudwatch_to_ping_register_lambda",
            "module.admin_lambdas.aws_lambda_provisioned_concurrency_config.CreatePreferenceLambda",
            "module.admin_lambdas.aws_lambda_provisioned_concurrency_config.DeletePreferenceLambda",
            "module.admin_lambdas.aws_lambda_provisioned_concurrency_config.DeleteRegisteredComponent",
            "module.admin_lambdas.aws_lambda_provisioned_concurrency_config.GetPreferenceLambda",
            "module.admin_lambdas.aws_lambda_provisioned_concurrency_config.GetRegisteredComponents",
            "module.admin_lambdas.aws_lambda_provisioned_concurrency_config.RegisterComponentLambda",
            "module.auth.aws_cognito_identity_pool.seahorse_identity_pool",
            "module.auth.aws_cognito_identity_pool_roles_attachment.seahorse_identity_pool_roles",
            "module.auth.aws_cognito_identity_provider.identity_provider_sso",
            "module.auth.aws_cognito_user_pool.seahorse_user_pool",
            "module.auth.aws_cognito_user_pool_client.seahorse_web_client",
            "module.auth.aws_cognito_user_pool_domain.domain",
            "module.auth.aws_iam_role.auth_web_iam_role",
            "module.auth.aws_iam_role.unauth_web_iam_role",
            "module.auth.aws_iam_role_policy.web_iam_unauth_role_policy",
            "module.web_backend_api.aws_api_gateway_authorizer.web_authorizer",
            "module.web_backend_api.aws_api_gateway_method.preferences_api_create_method",
            "module.web_backend_api.aws_api_gateway_resource.preferences_api_app_resource",
            "module.web_backend_api.aws_api_gateway_resource.preferences_api_get_all_resource",
            "module.web_backend_api.aws_api_gateway_resource.preferences_api_path_resource",
            "module.web_backend_api.aws_api_gateway_resource.preferences_api_resource",
            "module.web_backend_api.aws_api_gateway_resource.preferences_api_userid_resource",
            "module.web_backend_api.aws_api_gateway_resource.preferences_storage_path_resource",
            "module.web_backend_api.aws_api_gateway_rest_api.web_backend_api"
          ]
        }
      ]
    },
    {
      "module": "module.web_backend_api",
      "mode": "managed",
      "type": "aws_api_gateway_integration",
      "name": "preferences_api_delete_method_integration",
      "provider": "provider[\"registry.terraform.io/hashicorp/aws\"]",
      "instances": [
        {
          "schema_version": 0,
          "attributes": {
            "cache_key_parameters": null,
            "cache_namespace": "bahk9s",
            "connection_id": "",
            "connection_type": "INTERNET",
            "content_handling": "",
            "credentials": "",
            "http_method": "DELETE",
            "id": "agi-1edhruxhh8-bahk9s-DELETE",
            "integration_http_method": "POST",
            "passthrough_behavior": "WHEN_NO_MATCH",
            "request_parameters": null,
            "request_templates": null,
            "resource_id": "bahk9s",
            "rest_api_id": "1edhruxhh8",
            "timeout_milliseconds": 29000,
            "tls_config": [],
            "type": "AWS_PROXY",
            "uri": "arn:aws:apigateway:us-east-1:lambda:path/2015-03-31/functions/arn:aws:lambda:us-east-1:273259652503:function:DeleteUserPreference/invocations"
          },
          "private": "bnVsbA==",
          "dependencies": [
            "module.acm.aws_acm_certificate.web_cert",
            "module.admin_lambdas.aws_cloudwatch_event_rule.app_definition_ping",
            "module.admin_lambdas.aws_cloudwatch_event_rule.user_preference_ping",
            "module.admin_lambdas.aws_cloudwatch_event_target.ping_create_preference_lambda",
            "module.admin_lambdas.aws_cloudwatch_event_target.ping_delete_lambda",
            "module.admin_lambdas.aws_cloudwatch_event_target.ping_delete_preference",
            "module.admin_lambdas.aws_cloudwatch_event_target.ping_get_lambda",
            "module.admin_lambdas.aws_cloudwatch_event_target.ping_get_preference",
            "module.admin_lambdas.aws_cloudwatch_event_target.ping_register_lambda",
            "module.admin_lambdas.aws_iam_policy.create_definition_lambdas_exec_policy",
            "module.admin_lambdas.aws_iam_policy.create_preference_lambdas_exec_policy",
            "module.admin_lambdas.aws_iam_policy.delete_definition_lambdas_exec_policy",
            "module.admin_lambdas.aws_iam_policy.delete_preference_lambdas_exec_policy",
            "module.admin_lambdas.aws_iam_policy.get_definition_lambda_exec_policy",
            "module.admin_lambdas.aws_iam_policy.get_preference_lambda_exec_policy",
            "module.admin_lambdas.aws_iam_role.seahorse_iam_role_for_lambdas",
            "module.admin_lambdas.aws_iam_role_policy_attachment.create_preference_exec",
            "module.admin_lambdas.aws_iam_role_policy_attachment.delete_definition_exec",
            "module.admin_lambdas.aws_iam_role_policy_attachment.delete_preference_exec",
            "module.admin_lambdas.aws_iam_role_policy_attachment.get_definition_exec",
            "module.admin_lambdas.aws_iam_role_policy_attachment.get_preference_exec",
            "module.admin_lambdas.aws_iam_role_policy_attachment.lambda_dynamodb",
            "module.admin_lambdas.aws_iam_role_policy_attachment.register_definition_exec",
            "module.admin_lambdas.aws_lambda_alias.CreatePreferenceLambda",
            "module.admin_lambdas.aws_lambda_alias.DeletePreferenceLambda",
            "module.admin_lambdas.aws_lambda_alias.DeleteRegisteredComponent",
            "module.admin_lambdas.aws_lambda_alias.GetPreferenceLambda",
            "module.admin_lambdas.aws_lambda_alias.GetRegisteredComponents",
            "module.admin_lambdas.aws_lambda_alias.RegisterComponentLambda",
            "module.admin_lambdas.aws_lambda_function.CreatePreferenceLambda",
            "module.admin_lambdas.aws_lambda_function.DeletePreferenceLambda",
            "module.admin_lambdas.aws_lambda_function.DeleteRegisteredComponent",
            "module.admin_lambdas.aws_lambda_function.GetPreferenceLambda",
            "module.admin_lambdas.aws_lambda_function.GetRegisteredComponents",
            "module.admin_lambdas.aws_lambda_function.RegisterComponentLambda",
            "module.admin_lambdas.aws_lambda_permission.allow_cloudwatch_to_ping_delete_lambda",
            "module.admin_lambdas.aws_lambda_permission.allow_cloudwatch_to_ping_delete_preference_lambda",
            "module.admin_lambdas.aws_lambda_permission.allow_cloudwatch_to_ping_get_lambda",
            "module.admin_lambdas.aws_lambda_permission.allow_cloudwatch_to_ping_get_preference_lambda",
            "module.admin_lambdas.aws_lambda_permission.allow_cloudwatch_to_ping_preference_lambda",
            "module.admin_lambdas.aws_lambda_permission.allow_cloudwatch_to_ping_register_lambda",
            "module.admin_lambdas.aws_lambda_provisioned_concurrency_config.CreatePreferenceLambda",
            "module.admin_lambdas.aws_lambda_provisioned_concurrency_config.DeletePreferenceLambda",
            "module.admin_lambdas.aws_lambda_provisioned_concurrency_config.DeleteRegisteredComponent",
            "module.admin_lambdas.aws_lambda_provisioned_concurrency_config.GetPreferenceLambda",
            "module.admin_lambdas.aws_lambda_provisioned_concurrency_config.GetRegisteredComponents",
            "module.admin_lambdas.aws_lambda_provisioned_concurrency_config.RegisterComponentLambda",
            "module.auth.aws_cognito_identity_pool.seahorse_identity_pool",
            "module.auth.aws_cognito_identity_pool_roles_attachment.seahorse_identity_pool_roles",
            "module.auth.aws_cognito_identity_provider.identity_provider_sso",
            "module.auth.aws_cognito_user_pool.seahorse_user_pool",
            "module.auth.aws_cognito_user_pool_client.seahorse_web_client",
            "module.auth.aws_cognito_user_pool_domain.domain",
            "module.auth.aws_iam_role.auth_web_iam_role",
            "module.auth.aws_iam_role.unauth_web_iam_role",
            "module.auth.aws_iam_role_policy.web_iam_unauth_role_policy",
            "module.web_backend_api.aws_api_gateway_authorizer.web_authorizer",
            "module.web_backend_api.aws_api_gateway_method.preferences_api_delete_method",
            "module.web_backend_api.aws_api_gateway_resource.preferences_api_app_resource",
            "module.web_backend_api.aws_api_gateway_resource.preferences_api_get_all_resource",
            "module.web_backend_api.aws_api_gateway_resource.preferences_api_path_resource",
            "module.web_backend_api.aws_api_gateway_resource.preferences_api_resource",
            "module.web_backend_api.aws_api_gateway_resource.preferences_api_userid_resource",
            "module.web_backend_api.aws_api_gateway_resource.preferences_storage_path_resource",
            "module.web_backend_api.aws_api_gateway_rest_api.web_backend_api"
          ]
        }
      ]
    },
    {
      "module": "module.web_backend_api",
      "mode": "managed",
      "type": "aws_api_gateway_integration",
      "name": "preferences_api_get_all_method_integration",
      "provider": "provider[\"registry.terraform.io/hashicorp/aws\"]",
      "instances": [
        {
          "schema_version": 0,
          "attributes": {
            "cache_key_parameters": null,
            "cache_namespace": "53bgag",
            "connection_id": "",
            "connection_type": "INTERNET",
            "content_handling": "",
            "credentials": "",
            "http_method": "GET",
            "id": "agi-1edhruxhh8-53bgag-GET",
            "integration_http_method": "POST",
            "passthrough_behavior": "WHEN_NO_MATCH",
            "request_parameters": null,
            "request_templates": null,
            "resource_id": "53bgag",
            "rest_api_id": "1edhruxhh8",
            "timeout_milliseconds": 29000,
            "tls_config": [],
            "type": "AWS_PROXY",
            "uri": "arn:aws:apigateway:us-east-1:lambda:path/2015-03-31/functions/arn:aws:lambda:us-east-1:273259652503:function:GetUserPreference/invocations"
          },
          "private": "bnVsbA==",
          "dependencies": [
            "module.acm.aws_acm_certificate.web_cert",
            "module.admin_lambdas.aws_cloudwatch_event_rule.app_definition_ping",
            "module.admin_lambdas.aws_cloudwatch_event_rule.user_preference_ping",
            "module.admin_lambdas.aws_cloudwatch_event_target.ping_create_preference_lambda",
            "module.admin_lambdas.aws_cloudwatch_event_target.ping_delete_lambda",
            "module.admin_lambdas.aws_cloudwatch_event_target.ping_delete_preference",
            "module.admin_lambdas.aws_cloudwatch_event_target.ping_get_lambda",
            "module.admin_lambdas.aws_cloudwatch_event_target.ping_get_preference",
            "module.admin_lambdas.aws_cloudwatch_event_target.ping_register_lambda",
            "module.admin_lambdas.aws_iam_policy.create_definition_lambdas_exec_policy",
            "module.admin_lambdas.aws_iam_policy.create_preference_lambdas_exec_policy",
            "module.admin_lambdas.aws_iam_policy.delete_definition_lambdas_exec_policy",
            "module.admin_lambdas.aws_iam_policy.delete_preference_lambdas_exec_policy",
            "module.admin_lambdas.aws_iam_policy.get_definition_lambda_exec_policy",
            "module.admin_lambdas.aws_iam_policy.get_preference_lambda_exec_policy",
            "module.admin_lambdas.aws_iam_role.seahorse_iam_role_for_lambdas",
            "module.admin_lambdas.aws_iam_role_policy_attachment.create_preference_exec",
            "module.admin_lambdas.aws_iam_role_policy_attachment.delete_definition_exec",
            "module.admin_lambdas.aws_iam_role_policy_attachment.delete_preference_exec",
            "module.admin_lambdas.aws_iam_role_policy_attachment.get_definition_exec",
            "module.admin_lambdas.aws_iam_role_policy_attachment.get_preference_exec",
            "module.admin_lambdas.aws_iam_role_policy_attachment.lambda_dynamodb",
            "module.admin_lambdas.aws_iam_role_policy_attachment.register_definition_exec",
            "module.admin_lambdas.aws_lambda_alias.CreatePreferenceLambda",
            "module.admin_lambdas.aws_lambda_alias.DeletePreferenceLambda",
            "module.admin_lambdas.aws_lambda_alias.DeleteRegisteredComponent",
            "module.admin_lambdas.aws_lambda_alias.GetPreferenceLambda",
            "module.admin_lambdas.aws_lambda_alias.GetRegisteredComponents",
            "module.admin_lambdas.aws_lambda_alias.RegisterComponentLambda",
            "module.admin_lambdas.aws_lambda_function.CreatePreferenceLambda",
            "module.admin_lambdas.aws_lambda_function.DeletePreferenceLambda",
            "module.admin_lambdas.aws_lambda_function.DeleteRegisteredComponent",
            "module.admin_lambdas.aws_lambda_function.GetPreferenceLambda",
            "module.admin_lambdas.aws_lambda_function.GetRegisteredComponents",
            "module.admin_lambdas.aws_lambda_function.RegisterComponentLambda",
            "module.admin_lambdas.aws_lambda_permission.allow_cloudwatch_to_ping_delete_lambda",
            "module.admin_lambdas.aws_lambda_permission.allow_cloudwatch_to_ping_delete_preference_lambda",
            "module.admin_lambdas.aws_lambda_permission.allow_cloudwatch_to_ping_get_lambda",
            "module.admin_lambdas.aws_lambda_permission.allow_cloudwatch_to_ping_get_preference_lambda",
            "module.admin_lambdas.aws_lambda_permission.allow_cloudwatch_to_ping_preference_lambda",
            "module.admin_lambdas.aws_lambda_permission.allow_cloudwatch_to_ping_register_lambda",
            "module.admin_lambdas.aws_lambda_provisioned_concurrency_config.CreatePreferenceLambda",
            "module.admin_lambdas.aws_lambda_provisioned_concurrency_config.DeletePreferenceLambda",
            "module.admin_lambdas.aws_lambda_provisioned_concurrency_config.DeleteRegisteredComponent",
            "module.admin_lambdas.aws_lambda_provisioned_concurrency_config.GetPreferenceLambda",
            "module.admin_lambdas.aws_lambda_provisioned_concurrency_config.GetRegisteredComponents",
            "module.admin_lambdas.aws_lambda_provisioned_concurrency_config.RegisterComponentLambda",
            "module.auth.aws_cognito_identity_pool.seahorse_identity_pool",
            "module.auth.aws_cognito_identity_pool_roles_attachment.seahorse_identity_pool_roles",
            "module.auth.aws_cognito_identity_provider.identity_provider_sso",
            "module.auth.aws_cognito_user_pool.seahorse_user_pool",
            "module.auth.aws_cognito_user_pool_client.seahorse_web_client",
            "module.auth.aws_cognito_user_pool_domain.domain",
            "module.auth.aws_iam_role.auth_web_iam_role",
            "module.auth.aws_iam_role.unauth_web_iam_role",
            "module.auth.aws_iam_role_policy.web_iam_unauth_role_policy",
            "module.web_backend_api.aws_api_gateway_authorizer.web_authorizer",
            "module.web_backend_api.aws_api_gateway_method.preferences_api_get_all_method",
            "module.web_backend_api.aws_api_gateway_resource.preferences_api_app_resource",
            "module.web_backend_api.aws_api_gateway_resource.preferences_api_get_all_resource",
            "module.web_backend_api.aws_api_gateway_resource.preferences_api_path_resource",
            "module.web_backend_api.aws_api_gateway_resource.preferences_api_userid_resource",
            "module.web_backend_api.aws_api_gateway_resource.preferences_storage_path_resource",
            "module.web_backend_api.aws_api_gateway_rest_api.web_backend_api"
          ]
        }
      ]
    },
    {
      "module": "module.web_backend_api",
      "mode": "managed",
      "type": "aws_api_gateway_integration",
      "name": "preferences_api_get_method_integration",
      "provider": "provider[\"registry.terraform.io/hashicorp/aws\"]",
      "instances": [
        {
          "schema_version": 0,
          "attributes": {
            "cache_key_parameters": null,
            "cache_namespace": "bahk9s",
            "connection_id": "",
            "connection_type": "INTERNET",
            "content_handling": "",
            "credentials": "",
            "http_method": "GET",
            "id": "agi-1edhruxhh8-bahk9s-GET",
            "integration_http_method": "POST",
            "passthrough_behavior": "WHEN_NO_MATCH",
            "request_parameters": null,
            "request_templates": null,
            "resource_id": "bahk9s",
            "rest_api_id": "1edhruxhh8",
            "timeout_milliseconds": 29000,
            "tls_config": [],
            "type": "AWS_PROXY",
            "uri": "arn:aws:apigateway:us-east-1:lambda:path/2015-03-31/functions/arn:aws:lambda:us-east-1:273259652503:function:GetUserPreference/invocations"
          },
          "private": "bnVsbA==",
          "dependencies": [
            "module.acm.aws_acm_certificate.web_cert",
            "module.admin_lambdas.aws_cloudwatch_event_rule.app_definition_ping",
            "module.admin_lambdas.aws_cloudwatch_event_rule.user_preference_ping",
            "module.admin_lambdas.aws_cloudwatch_event_target.ping_create_preference_lambda",
            "module.admin_lambdas.aws_cloudwatch_event_target.ping_delete_lambda",
            "module.admin_lambdas.aws_cloudwatch_event_target.ping_delete_preference",
            "module.admin_lambdas.aws_cloudwatch_event_target.ping_get_lambda",
            "module.admin_lambdas.aws_cloudwatch_event_target.ping_get_preference",
            "module.admin_lambdas.aws_cloudwatch_event_target.ping_register_lambda",
            "module.admin_lambdas.aws_iam_policy.create_definition_lambdas_exec_policy",
            "module.admin_lambdas.aws_iam_policy.create_preference_lambdas_exec_policy",
            "module.admin_lambdas.aws_iam_policy.delete_definition_lambdas_exec_policy",
            "module.admin_lambdas.aws_iam_policy.delete_preference_lambdas_exec_policy",
            "module.admin_lambdas.aws_iam_policy.get_definition_lambda_exec_policy",
            "module.admin_lambdas.aws_iam_policy.get_preference_lambda_exec_policy",
            "module.admin_lambdas.aws_iam_role.seahorse_iam_role_for_lambdas",
            "module.admin_lambdas.aws_iam_role_policy_attachment.create_preference_exec",
            "module.admin_lambdas.aws_iam_role_policy_attachment.delete_definition_exec",
            "module.admin_lambdas.aws_iam_role_policy_attachment.delete_preference_exec",
            "module.admin_lambdas.aws_iam_role_policy_attachment.get_definition_exec",
            "module.admin_lambdas.aws_iam_role_policy_attachment.get_preference_exec",
            "module.admin_lambdas.aws_iam_role_policy_attachment.lambda_dynamodb",
            "module.admin_lambdas.aws_iam_role_policy_attachment.register_definition_exec",
            "module.admin_lambdas.aws_lambda_alias.CreatePreferenceLambda",
            "module.admin_lambdas.aws_lambda_alias.DeletePreferenceLambda",
            "module.admin_lambdas.aws_lambda_alias.DeleteRegisteredComponent",
            "module.admin_lambdas.aws_lambda_alias.GetPreferenceLambda",
            "module.admin_lambdas.aws_lambda_alias.GetRegisteredComponents",
            "module.admin_lambdas.aws_lambda_alias.RegisterComponentLambda",
            "module.admin_lambdas.aws_lambda_function.CreatePreferenceLambda",
            "module.admin_lambdas.aws_lambda_function.DeletePreferenceLambda",
            "module.admin_lambdas.aws_lambda_function.DeleteRegisteredComponent",
            "module.admin_lambdas.aws_lambda_function.GetPreferenceLambda",
            "module.admin_lambdas.aws_lambda_function.GetRegisteredComponents",
            "module.admin_lambdas.aws_lambda_function.RegisterComponentLambda",
            "module.admin_lambdas.aws_lambda_permission.allow_cloudwatch_to_ping_delete_lambda",
            "module.admin_lambdas.aws_lambda_permission.allow_cloudwatch_to_ping_delete_preference_lambda",
            "module.admin_lambdas.aws_lambda_permission.allow_cloudwatch_to_ping_get_lambda",
            "module.admin_lambdas.aws_lambda_permission.allow_cloudwatch_to_ping_get_preference_lambda",
            "module.admin_lambdas.aws_lambda_permission.allow_cloudwatch_to_ping_preference_lambda",
            "module.admin_lambdas.aws_lambda_permission.allow_cloudwatch_to_ping_register_lambda",
            "module.admin_lambdas.aws_lambda_provisioned_concurrency_config.CreatePreferenceLambda",
            "module.admin_lambdas.aws_lambda_provisioned_concurrency_config.DeletePreferenceLambda",
            "module.admin_lambdas.aws_lambda_provisioned_concurrency_config.DeleteRegisteredComponent",
            "module.admin_lambdas.aws_lambda_provisioned_concurrency_config.GetPreferenceLambda",
            "module.admin_lambdas.aws_lambda_provisioned_concurrency_config.GetRegisteredComponents",
            "module.admin_lambdas.aws_lambda_provisioned_concurrency_config.RegisterComponentLambda",
            "module.auth.aws_cognito_identity_pool.seahorse_identity_pool",
            "module.auth.aws_cognito_identity_pool_roles_attachment.seahorse_identity_pool_roles",
            "module.auth.aws_cognito_identity_provider.identity_provider_sso",
            "module.auth.aws_cognito_user_pool.seahorse_user_pool",
            "module.auth.aws_cognito_user_pool_client.seahorse_web_client",
            "module.auth.aws_cognito_user_pool_domain.domain",
            "module.auth.aws_iam_role.auth_web_iam_role",
            "module.auth.aws_iam_role.unauth_web_iam_role",
            "module.auth.aws_iam_role_policy.web_iam_unauth_role_policy",
            "module.web_backend_api.aws_api_gateway_authorizer.web_authorizer",
            "module.web_backend_api.aws_api_gateway_method.preferences_api_get_method",
            "module.web_backend_api.aws_api_gateway_resource.preferences_api_app_resource",
            "module.web_backend_api.aws_api_gateway_resource.preferences_api_get_all_resource",
            "module.web_backend_api.aws_api_gateway_resource.preferences_api_path_resource",
            "module.web_backend_api.aws_api_gateway_resource.preferences_api_resource",
            "module.web_backend_api.aws_api_gateway_resource.preferences_api_userid_resource",
            "module.web_backend_api.aws_api_gateway_resource.preferences_storage_path_resource",
            "module.web_backend_api.aws_api_gateway_rest_api.web_backend_api"
          ]
        }
      ]
    },
    {
      "module": "module.web_backend_api",
      "mode": "managed",
      "type": "aws_api_gateway_integration",
      "name": "web_backend_api_get_method_integration",
      "provider": "provider[\"registry.terraform.io/hashicorp/aws\"]",
      "instances": [
        {
          "schema_version": 0,
          "attributes": {
            "cache_key_parameters": null,
            "cache_namespace": "xzb0gj",
            "connection_id": "",
            "connection_type": "INTERNET",
            "content_handling": "",
            "credentials": "",
            "http_method": "GET",
            "id": "agi-1edhruxhh8-xzb0gj-GET",
            "integration_http_method": "POST",
            "passthrough_behavior": "WHEN_NO_MATCH",
            "request_parameters": null,
            "request_templates": null,
            "resource_id": "xzb0gj",
            "rest_api_id": "1edhruxhh8",
            "timeout_milliseconds": 29000,
            "tls_config": [],
            "type": "AWS_PROXY",
            "uri": "arn:aws:apigateway:us-east-1:lambda:path/2015-03-31/functions/arn:aws:lambda:us-east-1:273259652503:function:GetRegisteredComponents/invocations"
          },
          "private": "bnVsbA==",
          "dependencies": [
            "module.acm.aws_acm_certificate.web_cert",
            "module.admin_lambdas.aws_cloudwatch_event_rule.app_definition_ping",
            "module.admin_lambdas.aws_cloudwatch_event_rule.user_preference_ping",
            "module.admin_lambdas.aws_cloudwatch_event_target.ping_create_preference_lambda",
            "module.admin_lambdas.aws_cloudwatch_event_target.ping_delete_lambda",
            "module.admin_lambdas.aws_cloudwatch_event_target.ping_delete_preference",
            "module.admin_lambdas.aws_cloudwatch_event_target.ping_get_lambda",
            "module.admin_lambdas.aws_cloudwatch_event_target.ping_get_preference",
            "module.admin_lambdas.aws_cloudwatch_event_target.ping_register_lambda",
            "module.admin_lambdas.aws_iam_policy.create_definition_lambdas_exec_policy",
            "module.admin_lambdas.aws_iam_policy.create_preference_lambdas_exec_policy",
            "module.admin_lambdas.aws_iam_policy.delete_definition_lambdas_exec_policy",
            "module.admin_lambdas.aws_iam_policy.delete_preference_lambdas_exec_policy",
            "module.admin_lambdas.aws_iam_policy.get_definition_lambda_exec_policy",
            "module.admin_lambdas.aws_iam_policy.get_preference_lambda_exec_policy",
            "module.admin_lambdas.aws_iam_role.seahorse_iam_role_for_lambdas",
            "module.admin_lambdas.aws_iam_role_policy_attachment.create_preference_exec",
            "module.admin_lambdas.aws_iam_role_policy_attachment.delete_definition_exec",
            "module.admin_lambdas.aws_iam_role_policy_attachment.delete_preference_exec",
            "module.admin_lambdas.aws_iam_role_policy_attachment.get_definition_exec",
            "module.admin_lambdas.aws_iam_role_policy_attachment.get_preference_exec",
            "module.admin_lambdas.aws_iam_role_policy_attachment.lambda_dynamodb",
            "module.admin_lambdas.aws_iam_role_policy_attachment.register_definition_exec",
            "module.admin_lambdas.aws_lambda_alias.CreatePreferenceLambda",
            "module.admin_lambdas.aws_lambda_alias.DeletePreferenceLambda",
            "module.admin_lambdas.aws_lambda_alias.DeleteRegisteredComponent",
            "module.admin_lambdas.aws_lambda_alias.GetPreferenceLambda",
            "module.admin_lambdas.aws_lambda_alias.GetRegisteredComponents",
            "module.admin_lambdas.aws_lambda_alias.RegisterComponentLambda",
            "module.admin_lambdas.aws_lambda_function.CreatePreferenceLambda",
            "module.admin_lambdas.aws_lambda_function.DeletePreferenceLambda",
            "module.admin_lambdas.aws_lambda_function.DeleteRegisteredComponent",
            "module.admin_lambdas.aws_lambda_function.GetPreferenceLambda",
            "module.admin_lambdas.aws_lambda_function.GetRegisteredComponents",
            "module.admin_lambdas.aws_lambda_function.RegisterComponentLambda",
            "module.admin_lambdas.aws_lambda_permission.allow_cloudwatch_to_ping_delete_lambda",
            "module.admin_lambdas.aws_lambda_permission.allow_cloudwatch_to_ping_delete_preference_lambda",
            "module.admin_lambdas.aws_lambda_permission.allow_cloudwatch_to_ping_get_lambda",
            "module.admin_lambdas.aws_lambda_permission.allow_cloudwatch_to_ping_get_preference_lambda",
            "module.admin_lambdas.aws_lambda_permission.allow_cloudwatch_to_ping_preference_lambda",
            "module.admin_lambdas.aws_lambda_permission.allow_cloudwatch_to_ping_register_lambda",
            "module.admin_lambdas.aws_lambda_provisioned_concurrency_config.CreatePreferenceLambda",
            "module.admin_lambdas.aws_lambda_provisioned_concurrency_config.DeletePreferenceLambda",
            "module.admin_lambdas.aws_lambda_provisioned_concurrency_config.DeleteRegisteredComponent",
            "module.admin_lambdas.aws_lambda_provisioned_concurrency_config.GetPreferenceLambda",
            "module.admin_lambdas.aws_lambda_provisioned_concurrency_config.GetRegisteredComponents",
            "module.admin_lambdas.aws_lambda_provisioned_concurrency_config.RegisterComponentLambda",
            "module.auth.aws_cognito_identity_pool.seahorse_identity_pool",
            "module.auth.aws_cognito_identity_pool_roles_attachment.seahorse_identity_pool_roles",
            "module.auth.aws_cognito_identity_provider.identity_provider_sso",
            "module.auth.aws_cognito_user_pool.seahorse_user_pool",
            "module.auth.aws_cognito_user_pool_client.seahorse_web_client",
            "module.auth.aws_cognito_user_pool_domain.domain",
            "module.auth.aws_iam_role.auth_web_iam_role",
            "module.auth.aws_iam_role.unauth_web_iam_role",
            "module.auth.aws_iam_role_policy.web_iam_unauth_role_policy",
            "module.web_backend_api.aws_api_gateway_authorizer.web_authorizer",
            "module.web_backend_api.aws_api_gateway_method.web_backend_api_get_method",
            "module.web_backend_api.aws_api_gateway_resource.web_backend_api_resource",
            "module.web_backend_api.aws_api_gateway_rest_api.web_backend_api"
          ]
        }
      ]
    },
    {
      "module": "module.web_backend_api",
      "mode": "managed",
      "type": "aws_api_gateway_integration_response",
      "name": "get_all_options_integration_response",
      "provider": "provider[\"registry.terraform.io/hashicorp/aws\"]",
      "instances": [
        {
          "schema_version": 0,
          "attributes": {
            "content_handling": "",
            "http_method": "OPTIONS",
            "id": "agir-1edhruxhh8-53bgag-OPTIONS-200",
            "resource_id": "53bgag",
            "response_parameters": {
              "method.response.header.Access-Control-Allow-Headers": "'Content-Type,X-Amz-Date,Authorization,X-Api-Key,X-Amz-Security-Token'",
              "method.response.header.Access-Control-Allow-Methods": "'GET, OPTIONS, POST'",
              "method.response.header.Access-Control-Allow-Origin": "'*'"
            },
            "response_templates": null,
            "rest_api_id": "1edhruxhh8",
            "selection_pattern": "",
            "status_code": "200"
          },
          "private": "bnVsbA==",
          "dependencies": [
            "module.acm.aws_acm_certificate.web_cert",
            "module.admin_lambdas.aws_cloudwatch_event_rule.app_definition_ping",
            "module.admin_lambdas.aws_cloudwatch_event_rule.user_preference_ping",
            "module.admin_lambdas.aws_cloudwatch_event_target.ping_create_preference_lambda",
            "module.admin_lambdas.aws_cloudwatch_event_target.ping_delete_lambda",
            "module.admin_lambdas.aws_cloudwatch_event_target.ping_delete_preference",
            "module.admin_lambdas.aws_cloudwatch_event_target.ping_get_lambda",
            "module.admin_lambdas.aws_cloudwatch_event_target.ping_get_preference",
            "module.admin_lambdas.aws_cloudwatch_event_target.ping_register_lambda",
            "module.admin_lambdas.aws_iam_policy.create_definition_lambdas_exec_policy",
            "module.admin_lambdas.aws_iam_policy.create_preference_lambdas_exec_policy",
            "module.admin_lambdas.aws_iam_policy.delete_definition_lambdas_exec_policy",
            "module.admin_lambdas.aws_iam_policy.delete_preference_lambdas_exec_policy",
            "module.admin_lambdas.aws_iam_policy.get_definition_lambda_exec_policy",
            "module.admin_lambdas.aws_iam_policy.get_preference_lambda_exec_policy",
            "module.admin_lambdas.aws_iam_role.seahorse_iam_role_for_lambdas",
            "module.admin_lambdas.aws_iam_role_policy_attachment.create_preference_exec",
            "module.admin_lambdas.aws_iam_role_policy_attachment.delete_definition_exec",
            "module.admin_lambdas.aws_iam_role_policy_attachment.delete_preference_exec",
            "module.admin_lambdas.aws_iam_role_policy_attachment.get_definition_exec",
            "module.admin_lambdas.aws_iam_role_policy_attachment.get_preference_exec",
            "module.admin_lambdas.aws_iam_role_policy_attachment.lambda_dynamodb",
            "module.admin_lambdas.aws_iam_role_policy_attachment.register_definition_exec",
            "module.admin_lambdas.aws_lambda_alias.CreatePreferenceLambda",
            "module.admin_lambdas.aws_lambda_alias.DeletePreferenceLambda",
            "module.admin_lambdas.aws_lambda_alias.DeleteRegisteredComponent",
            "module.admin_lambdas.aws_lambda_alias.GetPreferenceLambda",
            "module.admin_lambdas.aws_lambda_alias.GetRegisteredComponents",
            "module.admin_lambdas.aws_lambda_alias.RegisterComponentLambda",
            "module.admin_lambdas.aws_lambda_function.CreatePreferenceLambda",
            "module.admin_lambdas.aws_lambda_function.DeletePreferenceLambda",
            "module.admin_lambdas.aws_lambda_function.DeleteRegisteredComponent",
            "module.admin_lambdas.aws_lambda_function.GetPreferenceLambda",
            "module.admin_lambdas.aws_lambda_function.GetRegisteredComponents",
            "module.admin_lambdas.aws_lambda_function.RegisterComponentLambda",
            "module.admin_lambdas.aws_lambda_permission.allow_cloudwatch_to_ping_delete_lambda",
            "module.admin_lambdas.aws_lambda_permission.allow_cloudwatch_to_ping_delete_preference_lambda",
            "module.admin_lambdas.aws_lambda_permission.allow_cloudwatch_to_ping_get_lambda",
            "module.admin_lambdas.aws_lambda_permission.allow_cloudwatch_to_ping_get_preference_lambda",
            "module.admin_lambdas.aws_lambda_permission.allow_cloudwatch_to_ping_preference_lambda",
            "module.admin_lambdas.aws_lambda_permission.allow_cloudwatch_to_ping_register_lambda",
            "module.admin_lambdas.aws_lambda_provisioned_concurrency_config.CreatePreferenceLambda",
            "module.admin_lambdas.aws_lambda_provisioned_concurrency_config.DeletePreferenceLambda",
            "module.admin_lambdas.aws_lambda_provisioned_concurrency_config.DeleteRegisteredComponent",
            "module.admin_lambdas.aws_lambda_provisioned_concurrency_config.GetPreferenceLambda",
            "module.admin_lambdas.aws_lambda_provisioned_concurrency_config.GetRegisteredComponents",
            "module.admin_lambdas.aws_lambda_provisioned_concurrency_config.RegisterComponentLambda",
            "module.auth.aws_cognito_identity_pool.seahorse_identity_pool",
            "module.auth.aws_cognito_identity_pool_roles_attachment.seahorse_identity_pool_roles",
            "module.auth.aws_cognito_identity_provider.identity_provider_sso",
            "module.auth.aws_cognito_user_pool.seahorse_user_pool",
            "module.auth.aws_cognito_user_pool_client.seahorse_web_client",
            "module.auth.aws_cognito_user_pool_domain.domain",
            "module.auth.aws_iam_role.auth_web_iam_role",
            "module.auth.aws_iam_role.unauth_web_iam_role",
            "module.auth.aws_iam_role_policy.web_iam_unauth_role_policy",
            "module.web_backend_api.aws_api_gateway_integration.get_all_options_integration",
            "module.web_backend_api.aws_api_gateway_method.get_all_options_method",
            "module.web_backend_api.aws_api_gateway_method_response.get_all_options_response",
            "module.web_backend_api.aws_api_gateway_resource.preferences_api_app_resource",
            "module.web_backend_api.aws_api_gateway_resource.preferences_api_get_all_resource",
            "module.web_backend_api.aws_api_gateway_resource.preferences_api_path_resource",
            "module.web_backend_api.aws_api_gateway_resource.preferences_api_userid_resource",
            "module.web_backend_api.aws_api_gateway_resource.preferences_storage_path_resource",
            "module.web_backend_api.aws_api_gateway_rest_api.web_backend_api"
          ]
        }
      ]
    },
    {
      "module": "module.web_backend_api",
      "mode": "managed",
      "type": "aws_api_gateway_integration_response",
      "name": "get_options_integration_response",
      "provider": "provider[\"registry.terraform.io/hashicorp/aws\"]",
      "instances": [
        {
          "schema_version": 0,
          "attributes": {
            "content_handling": "",
            "http_method": "OPTIONS",
            "id": "agir-1edhruxhh8-bahk9s-OPTIONS-200",
            "resource_id": "bahk9s",
            "response_parameters": {
              "method.response.header.Access-Control-Allow-Headers": "'Content-Type,X-Amz-Date,Authorization,X-Api-Key,X-Amz-Security-Token'",
              "method.response.header.Access-Control-Allow-Methods": "'GET, OPTIONS, POST,DELETE'",
              "method.response.header.Access-Control-Allow-Origin": "'*'"
            },
            "response_templates": null,
            "rest_api_id": "1edhruxhh8",
            "selection_pattern": "",
            "status_code": "200"
          },
          "private": "bnVsbA==",
          "dependencies": [
            "module.acm.aws_acm_certificate.web_cert",
            "module.admin_lambdas.aws_cloudwatch_event_rule.app_definition_ping",
            "module.admin_lambdas.aws_cloudwatch_event_rule.user_preference_ping",
            "module.admin_lambdas.aws_cloudwatch_event_target.ping_create_preference_lambda",
            "module.admin_lambdas.aws_cloudwatch_event_target.ping_delete_lambda",
            "module.admin_lambdas.aws_cloudwatch_event_target.ping_delete_preference",
            "module.admin_lambdas.aws_cloudwatch_event_target.ping_get_lambda",
            "module.admin_lambdas.aws_cloudwatch_event_target.ping_get_preference",
            "module.admin_lambdas.aws_cloudwatch_event_target.ping_register_lambda",
            "module.admin_lambdas.aws_iam_policy.create_definition_lambdas_exec_policy",
            "module.admin_lambdas.aws_iam_policy.create_preference_lambdas_exec_policy",
            "module.admin_lambdas.aws_iam_policy.delete_definition_lambdas_exec_policy",
            "module.admin_lambdas.aws_iam_policy.delete_preference_lambdas_exec_policy",
            "module.admin_lambdas.aws_iam_policy.get_definition_lambda_exec_policy",
            "module.admin_lambdas.aws_iam_policy.get_preference_lambda_exec_policy",
            "module.admin_lambdas.aws_iam_role.seahorse_iam_role_for_lambdas",
            "module.admin_lambdas.aws_iam_role_policy_attachment.create_preference_exec",
            "module.admin_lambdas.aws_iam_role_policy_attachment.delete_definition_exec",
            "module.admin_lambdas.aws_iam_role_policy_attachment.delete_preference_exec",
            "module.admin_lambdas.aws_iam_role_policy_attachment.get_definition_exec",
            "module.admin_lambdas.aws_iam_role_policy_attachment.get_preference_exec",
            "module.admin_lambdas.aws_iam_role_policy_attachment.lambda_dynamodb",
            "module.admin_lambdas.aws_iam_role_policy_attachment.register_definition_exec",
            "module.admin_lambdas.aws_lambda_alias.CreatePreferenceLambda",
            "module.admin_lambdas.aws_lambda_alias.DeletePreferenceLambda",
            "module.admin_lambdas.aws_lambda_alias.DeleteRegisteredComponent",
            "module.admin_lambdas.aws_lambda_alias.GetPreferenceLambda",
            "module.admin_lambdas.aws_lambda_alias.GetRegisteredComponents",
            "module.admin_lambdas.aws_lambda_alias.RegisterComponentLambda",
            "module.admin_lambdas.aws_lambda_function.CreatePreferenceLambda",
            "module.admin_lambdas.aws_lambda_function.DeletePreferenceLambda",
            "module.admin_lambdas.aws_lambda_function.DeleteRegisteredComponent",
            "module.admin_lambdas.aws_lambda_function.GetPreferenceLambda",
            "module.admin_lambdas.aws_lambda_function.GetRegisteredComponents",
            "module.admin_lambdas.aws_lambda_function.RegisterComponentLambda",
            "module.admin_lambdas.aws_lambda_permission.allow_cloudwatch_to_ping_delete_lambda",
            "module.admin_lambdas.aws_lambda_permission.allow_cloudwatch_to_ping_delete_preference_lambda",
            "module.admin_lambdas.aws_lambda_permission.allow_cloudwatch_to_ping_get_lambda",
            "module.admin_lambdas.aws_lambda_permission.allow_cloudwatch_to_ping_get_preference_lambda",
            "module.admin_lambdas.aws_lambda_permission.allow_cloudwatch_to_ping_preference_lambda",
            "module.admin_lambdas.aws_lambda_permission.allow_cloudwatch_to_ping_register_lambda",
            "module.admin_lambdas.aws_lambda_provisioned_concurrency_config.CreatePreferenceLambda",
            "module.admin_lambdas.aws_lambda_provisioned_concurrency_config.DeletePreferenceLambda",
            "module.admin_lambdas.aws_lambda_provisioned_concurrency_config.DeleteRegisteredComponent",
            "module.admin_lambdas.aws_lambda_provisioned_concurrency_config.GetPreferenceLambda",
            "module.admin_lambdas.aws_lambda_provisioned_concurrency_config.GetRegisteredComponents",
            "module.admin_lambdas.aws_lambda_provisioned_concurrency_config.RegisterComponentLambda",
            "module.auth.aws_cognito_identity_pool.seahorse_identity_pool",
            "module.auth.aws_cognito_identity_pool_roles_attachment.seahorse_identity_pool_roles",
            "module.auth.aws_cognito_identity_provider.identity_provider_sso",
            "module.auth.aws_cognito_user_pool.seahorse_user_pool",
            "module.auth.aws_cognito_user_pool_client.seahorse_web_client",
            "module.auth.aws_cognito_user_pool_domain.domain",
            "module.auth.aws_iam_role.auth_web_iam_role",
            "module.auth.aws_iam_role.unauth_web_iam_role",
            "module.auth.aws_iam_role_policy.web_iam_unauth_role_policy",
            "module.web_backend_api.aws_api_gateway_integration.get_options_integration",
            "module.web_backend_api.aws_api_gateway_method.get_options_method",
            "module.web_backend_api.aws_api_gateway_method_response.get_options_response",
            "module.web_backend_api.aws_api_gateway_resource.preferences_api_app_resource",
            "module.web_backend_api.aws_api_gateway_resource.preferences_api_get_all_resource",
            "module.web_backend_api.aws_api_gateway_resource.preferences_api_path_resource",
            "module.web_backend_api.aws_api_gateway_resource.preferences_api_resource",
            "module.web_backend_api.aws_api_gateway_resource.preferences_api_userid_resource",
            "module.web_backend_api.aws_api_gateway_resource.preferences_storage_path_resource",
            "module.web_backend_api.aws_api_gateway_rest_api.web_backend_api"
          ]
        }
      ]
    },
    {
      "module": "module.web_backend_api",
      "mode": "managed",
      "type": "aws_api_gateway_integration_response",
      "name": "mock_options_integration_response",
      "provider": "provider[\"registry.terraform.io/hashicorp/aws\"]",
      "instances": [
        {
          "schema_version": 0,
          "attributes": {
            "content_handling": "",
            "http_method": "OPTIONS",
            "id": "agir-1edhruxhh8-xzb0gj-OPTIONS-200",
            "resource_id": "xzb0gj",
            "response_parameters": {
              "method.response.header.Access-Control-Allow-Headers": "'Content-Type,X-Amz-Date,Authorization,X-Api-Key,X-Amz-Security-Token'",
              "method.response.header.Access-Control-Allow-Methods": "'GET, OPTIONS, POST'",
              "method.response.header.Access-Control-Allow-Origin": "'*'"
            },
            "response_templates": null,
            "rest_api_id": "1edhruxhh8",
            "selection_pattern": "",
            "status_code": "200"
          },
          "private": "bnVsbA==",
          "dependencies": [
            "module.acm.aws_acm_certificate.web_cert",
            "module.admin_lambdas.aws_cloudwatch_event_rule.app_definition_ping",
            "module.admin_lambdas.aws_cloudwatch_event_rule.user_preference_ping",
            "module.admin_lambdas.aws_cloudwatch_event_target.ping_create_preference_lambda",
            "module.admin_lambdas.aws_cloudwatch_event_target.ping_delete_lambda",
            "module.admin_lambdas.aws_cloudwatch_event_target.ping_delete_preference",
            "module.admin_lambdas.aws_cloudwatch_event_target.ping_get_lambda",
            "module.admin_lambdas.aws_cloudwatch_event_target.ping_get_preference",
            "module.admin_lambdas.aws_cloudwatch_event_target.ping_register_lambda",
            "module.admin_lambdas.aws_iam_policy.create_definition_lambdas_exec_policy",
            "module.admin_lambdas.aws_iam_policy.create_preference_lambdas_exec_policy",
            "module.admin_lambdas.aws_iam_policy.delete_definition_lambdas_exec_policy",
            "module.admin_lambdas.aws_iam_policy.delete_preference_lambdas_exec_policy",
            "module.admin_lambdas.aws_iam_policy.get_definition_lambda_exec_policy",
            "module.admin_lambdas.aws_iam_policy.get_preference_lambda_exec_policy",
            "module.admin_lambdas.aws_iam_role.seahorse_iam_role_for_lambdas",
            "module.admin_lambdas.aws_iam_role_policy_attachment.create_preference_exec",
            "module.admin_lambdas.aws_iam_role_policy_attachment.delete_definition_exec",
            "module.admin_lambdas.aws_iam_role_policy_attachment.delete_preference_exec",
            "module.admin_lambdas.aws_iam_role_policy_attachment.get_definition_exec",
            "module.admin_lambdas.aws_iam_role_policy_attachment.get_preference_exec",
            "module.admin_lambdas.aws_iam_role_policy_attachment.lambda_dynamodb",
            "module.admin_lambdas.aws_iam_role_policy_attachment.register_definition_exec",
            "module.admin_lambdas.aws_lambda_alias.CreatePreferenceLambda",
            "module.admin_lambdas.aws_lambda_alias.DeletePreferenceLambda",
            "module.admin_lambdas.aws_lambda_alias.DeleteRegisteredComponent",
            "module.admin_lambdas.aws_lambda_alias.GetPreferenceLambda",
            "module.admin_lambdas.aws_lambda_alias.GetRegisteredComponents",
            "module.admin_lambdas.aws_lambda_alias.RegisterComponentLambda",
            "module.admin_lambdas.aws_lambda_function.CreatePreferenceLambda",
            "module.admin_lambdas.aws_lambda_function.DeletePreferenceLambda",
            "module.admin_lambdas.aws_lambda_function.DeleteRegisteredComponent",
            "module.admin_lambdas.aws_lambda_function.GetPreferenceLambda",
            "module.admin_lambdas.aws_lambda_function.GetRegisteredComponents",
            "module.admin_lambdas.aws_lambda_function.RegisterComponentLambda",
            "module.admin_lambdas.aws_lambda_permission.allow_cloudwatch_to_ping_delete_lambda",
            "module.admin_lambdas.aws_lambda_permission.allow_cloudwatch_to_ping_delete_preference_lambda",
            "module.admin_lambdas.aws_lambda_permission.allow_cloudwatch_to_ping_get_lambda",
            "module.admin_lambdas.aws_lambda_permission.allow_cloudwatch_to_ping_get_preference_lambda",
            "module.admin_lambdas.aws_lambda_permission.allow_cloudwatch_to_ping_preference_lambda",
            "module.admin_lambdas.aws_lambda_permission.allow_cloudwatch_to_ping_register_lambda",
            "module.admin_lambdas.aws_lambda_provisioned_concurrency_config.CreatePreferenceLambda",
            "module.admin_lambdas.aws_lambda_provisioned_concurrency_config.DeletePreferenceLambda",
            "module.admin_lambdas.aws_lambda_provisioned_concurrency_config.DeleteRegisteredComponent",
            "module.admin_lambdas.aws_lambda_provisioned_concurrency_config.GetPreferenceLambda",
            "module.admin_lambdas.aws_lambda_provisioned_concurrency_config.GetRegisteredComponents",
            "module.admin_lambdas.aws_lambda_provisioned_concurrency_config.RegisterComponentLambda",
            "module.auth.aws_cognito_identity_pool.seahorse_identity_pool",
            "module.auth.aws_cognito_identity_pool_roles_attachment.seahorse_identity_pool_roles",
            "module.auth.aws_cognito_identity_provider.identity_provider_sso",
            "module.auth.aws_cognito_user_pool.seahorse_user_pool",
            "module.auth.aws_cognito_user_pool_client.seahorse_web_client",
            "module.auth.aws_cognito_user_pool_domain.domain",
            "module.auth.aws_iam_role.auth_web_iam_role",
            "module.auth.aws_iam_role.unauth_web_iam_role",
            "module.auth.aws_iam_role_policy.web_iam_unauth_role_policy",
            "module.web_backend_api.aws_api_gateway_integration.mock_options_integration",
            "module.web_backend_api.aws_api_gateway_method.mock_options_method",
            "module.web_backend_api.aws_api_gateway_method_response.mock_options_response",
            "module.web_backend_api.aws_api_gateway_resource.web_backend_api_resource",
            "module.web_backend_api.aws_api_gateway_rest_api.web_backend_api"
          ]
        }
      ]
    },
    {
      "module": "module.web_backend_api",
      "mode": "managed",
      "type": "aws_api_gateway_integration_response",
      "name": "preferences_api_create_integration_response",
      "provider": "provider[\"registry.terraform.io/hashicorp/aws\"]",
      "instances": [
        {
          "schema_version": 0,
          "attributes": {
            "content_handling": "",
            "http_method": "POST",
            "id": "agir-1edhruxhh8-bahk9s-POST-200",
            "resource_id": "bahk9s",
            "response_parameters": {
              "method.response.header.Access-Control-Allow-Origin": "'*'"
            },
            "response_templates": null,
            "rest_api_id": "1edhruxhh8",
            "selection_pattern": "",
            "status_code": "200"
          },
          "private": "bnVsbA==",
          "dependencies": [
            "module.acm.aws_acm_certificate.web_cert",
            "module.admin_lambdas.aws_cloudwatch_event_rule.app_definition_ping",
            "module.admin_lambdas.aws_cloudwatch_event_rule.user_preference_ping",
            "module.admin_lambdas.aws_cloudwatch_event_target.ping_create_preference_lambda",
            "module.admin_lambdas.aws_cloudwatch_event_target.ping_delete_lambda",
            "module.admin_lambdas.aws_cloudwatch_event_target.ping_delete_preference",
            "module.admin_lambdas.aws_cloudwatch_event_target.ping_get_lambda",
            "module.admin_lambdas.aws_cloudwatch_event_target.ping_get_preference",
            "module.admin_lambdas.aws_cloudwatch_event_target.ping_register_lambda",
            "module.admin_lambdas.aws_iam_policy.create_definition_lambdas_exec_policy",
            "module.admin_lambdas.aws_iam_policy.create_preference_lambdas_exec_policy",
            "module.admin_lambdas.aws_iam_policy.delete_definition_lambdas_exec_policy",
            "module.admin_lambdas.aws_iam_policy.delete_preference_lambdas_exec_policy",
            "module.admin_lambdas.aws_iam_policy.get_definition_lambda_exec_policy",
            "module.admin_lambdas.aws_iam_policy.get_preference_lambda_exec_policy",
            "module.admin_lambdas.aws_iam_role.seahorse_iam_role_for_lambdas",
            "module.admin_lambdas.aws_iam_role_policy_attachment.create_preference_exec",
            "module.admin_lambdas.aws_iam_role_policy_attachment.delete_definition_exec",
            "module.admin_lambdas.aws_iam_role_policy_attachment.delete_preference_exec",
            "module.admin_lambdas.aws_iam_role_policy_attachment.get_definition_exec",
            "module.admin_lambdas.aws_iam_role_policy_attachment.get_preference_exec",
            "module.admin_lambdas.aws_iam_role_policy_attachment.lambda_dynamodb",
            "module.admin_lambdas.aws_iam_role_policy_attachment.register_definition_exec",
            "module.admin_lambdas.aws_lambda_alias.CreatePreferenceLambda",
            "module.admin_lambdas.aws_lambda_alias.DeletePreferenceLambda",
            "module.admin_lambdas.aws_lambda_alias.DeleteRegisteredComponent",
            "module.admin_lambdas.aws_lambda_alias.GetPreferenceLambda",
            "module.admin_lambdas.aws_lambda_alias.GetRegisteredComponents",
            "module.admin_lambdas.aws_lambda_alias.RegisterComponentLambda",
            "module.admin_lambdas.aws_lambda_function.CreatePreferenceLambda",
            "module.admin_lambdas.aws_lambda_function.DeletePreferenceLambda",
            "module.admin_lambdas.aws_lambda_function.DeleteRegisteredComponent",
            "module.admin_lambdas.aws_lambda_function.GetPreferenceLambda",
            "module.admin_lambdas.aws_lambda_function.GetRegisteredComponents",
            "module.admin_lambdas.aws_lambda_function.RegisterComponentLambda",
            "module.admin_lambdas.aws_lambda_permission.allow_cloudwatch_to_ping_delete_lambda",
            "module.admin_lambdas.aws_lambda_permission.allow_cloudwatch_to_ping_delete_preference_lambda",
            "module.admin_lambdas.aws_lambda_permission.allow_cloudwatch_to_ping_get_lambda",
            "module.admin_lambdas.aws_lambda_permission.allow_cloudwatch_to_ping_get_preference_lambda",
            "module.admin_lambdas.aws_lambda_permission.allow_cloudwatch_to_ping_preference_lambda",
            "module.admin_lambdas.aws_lambda_permission.allow_cloudwatch_to_ping_register_lambda",
            "module.admin_lambdas.aws_lambda_provisioned_concurrency_config.CreatePreferenceLambda",
            "module.admin_lambdas.aws_lambda_provisioned_concurrency_config.DeletePreferenceLambda",
            "module.admin_lambdas.aws_lambda_provisioned_concurrency_config.DeleteRegisteredComponent",
            "module.admin_lambdas.aws_lambda_provisioned_concurrency_config.GetPreferenceLambda",
            "module.admin_lambdas.aws_lambda_provisioned_concurrency_config.GetRegisteredComponents",
            "module.admin_lambdas.aws_lambda_provisioned_concurrency_config.RegisterComponentLambda",
            "module.auth.aws_cognito_identity_pool.seahorse_identity_pool",
            "module.auth.aws_cognito_identity_pool_roles_attachment.seahorse_identity_pool_roles",
            "module.auth.aws_cognito_identity_provider.identity_provider_sso",
            "module.auth.aws_cognito_user_pool.seahorse_user_pool",
            "module.auth.aws_cognito_user_pool_client.seahorse_web_client",
            "module.auth.aws_cognito_user_pool_domain.domain",
            "module.auth.aws_iam_role.auth_web_iam_role",
            "module.auth.aws_iam_role.unauth_web_iam_role",
            "module.auth.aws_iam_role_policy.web_iam_unauth_role_policy",
            "module.web_backend_api.aws_api_gateway_authorizer.web_authorizer",
            "module.web_backend_api.aws_api_gateway_integration.preferences_api_create_method_integration",
            "module.web_backend_api.aws_api_gateway_method.preferences_api_create_method",
            "module.web_backend_api.aws_api_gateway_method_response.preferences_api_create_method_response",
            "module.web_backend_api.aws_api_gateway_resource.preferences_api_app_resource",
            "module.web_backend_api.aws_api_gateway_resource.preferences_api_get_all_resource",
            "module.web_backend_api.aws_api_gateway_resource.preferences_api_path_resource",
            "module.web_backend_api.aws_api_gateway_resource.preferences_api_resource",
            "module.web_backend_api.aws_api_gateway_resource.preferences_api_userid_resource",
            "module.web_backend_api.aws_api_gateway_resource.preferences_storage_path_resource",
            "module.web_backend_api.aws_api_gateway_rest_api.web_backend_api"
          ]
        }
      ]
    },
    {
      "module": "module.web_backend_api",
      "mode": "managed",
      "type": "aws_api_gateway_integration_response",
      "name": "preferences_api_delete_integration_response",
      "provider": "provider[\"registry.terraform.io/hashicorp/aws\"]",
      "instances": [
        {
          "schema_version": 0,
          "attributes": {
            "content_handling": "",
            "http_method": "DELETE",
            "id": "agir-1edhruxhh8-bahk9s-DELETE-200",
            "resource_id": "bahk9s",
            "response_parameters": {
              "method.response.header.Access-Control-Allow-Origin": "'*'"
            },
            "response_templates": null,
            "rest_api_id": "1edhruxhh8",
            "selection_pattern": "",
            "status_code": "200"
          },
          "private": "bnVsbA==",
          "dependencies": [
            "module.acm.aws_acm_certificate.web_cert",
            "module.admin_lambdas.aws_cloudwatch_event_rule.app_definition_ping",
            "module.admin_lambdas.aws_cloudwatch_event_rule.user_preference_ping",
            "module.admin_lambdas.aws_cloudwatch_event_target.ping_create_preference_lambda",
            "module.admin_lambdas.aws_cloudwatch_event_target.ping_delete_lambda",
            "module.admin_lambdas.aws_cloudwatch_event_target.ping_delete_preference",
            "module.admin_lambdas.aws_cloudwatch_event_target.ping_get_lambda",
            "module.admin_lambdas.aws_cloudwatch_event_target.ping_get_preference",
            "module.admin_lambdas.aws_cloudwatch_event_target.ping_register_lambda",
            "module.admin_lambdas.aws_iam_policy.create_definition_lambdas_exec_policy",
            "module.admin_lambdas.aws_iam_policy.create_preference_lambdas_exec_policy",
            "module.admin_lambdas.aws_iam_policy.delete_definition_lambdas_exec_policy",
            "module.admin_lambdas.aws_iam_policy.delete_preference_lambdas_exec_policy",
            "module.admin_lambdas.aws_iam_policy.get_definition_lambda_exec_policy",
            "module.admin_lambdas.aws_iam_policy.get_preference_lambda_exec_policy",
            "module.admin_lambdas.aws_iam_role.seahorse_iam_role_for_lambdas",
            "module.admin_lambdas.aws_iam_role_policy_attachment.create_preference_exec",
            "module.admin_lambdas.aws_iam_role_policy_attachment.delete_definition_exec",
            "module.admin_lambdas.aws_iam_role_policy_attachment.delete_preference_exec",
            "module.admin_lambdas.aws_iam_role_policy_attachment.get_definition_exec",
            "module.admin_lambdas.aws_iam_role_policy_attachment.get_preference_exec",
            "module.admin_lambdas.aws_iam_role_policy_attachment.lambda_dynamodb",
            "module.admin_lambdas.aws_iam_role_policy_attachment.register_definition_exec",
            "module.admin_lambdas.aws_lambda_alias.CreatePreferenceLambda",
            "module.admin_lambdas.aws_lambda_alias.DeletePreferenceLambda",
            "module.admin_lambdas.aws_lambda_alias.DeleteRegisteredComponent",
            "module.admin_lambdas.aws_lambda_alias.GetPreferenceLambda",
            "module.admin_lambdas.aws_lambda_alias.GetRegisteredComponents",
            "module.admin_lambdas.aws_lambda_alias.RegisterComponentLambda",
            "module.admin_lambdas.aws_lambda_function.CreatePreferenceLambda",
            "module.admin_lambdas.aws_lambda_function.DeletePreferenceLambda",
            "module.admin_lambdas.aws_lambda_function.DeleteRegisteredComponent",
            "module.admin_lambdas.aws_lambda_function.GetPreferenceLambda",
            "module.admin_lambdas.aws_lambda_function.GetRegisteredComponents",
            "module.admin_lambdas.aws_lambda_function.RegisterComponentLambda",
            "module.admin_lambdas.aws_lambda_permission.allow_cloudwatch_to_ping_delete_lambda",
            "module.admin_lambdas.aws_lambda_permission.allow_cloudwatch_to_ping_delete_preference_lambda",
            "module.admin_lambdas.aws_lambda_permission.allow_cloudwatch_to_ping_get_lambda",
            "module.admin_lambdas.aws_lambda_permission.allow_cloudwatch_to_ping_get_preference_lambda",
            "module.admin_lambdas.aws_lambda_permission.allow_cloudwatch_to_ping_preference_lambda",
            "module.admin_lambdas.aws_lambda_permission.allow_cloudwatch_to_ping_register_lambda",
            "module.admin_lambdas.aws_lambda_provisioned_concurrency_config.CreatePreferenceLambda",
            "module.admin_lambdas.aws_lambda_provisioned_concurrency_config.DeletePreferenceLambda",
            "module.admin_lambdas.aws_lambda_provisioned_concurrency_config.DeleteRegisteredComponent",
            "module.admin_lambdas.aws_lambda_provisioned_concurrency_config.GetPreferenceLambda",
            "module.admin_lambdas.aws_lambda_provisioned_concurrency_config.GetRegisteredComponents",
            "module.admin_lambdas.aws_lambda_provisioned_concurrency_config.RegisterComponentLambda",
            "module.auth.aws_cognito_identity_pool.seahorse_identity_pool",
            "module.auth.aws_cognito_identity_pool_roles_attachment.seahorse_identity_pool_roles",
            "module.auth.aws_cognito_identity_provider.identity_provider_sso",
            "module.auth.aws_cognito_user_pool.seahorse_user_pool",
            "module.auth.aws_cognito_user_pool_client.seahorse_web_client",
            "module.auth.aws_cognito_user_pool_domain.domain",
            "module.auth.aws_iam_role.auth_web_iam_role",
            "module.auth.aws_iam_role.unauth_web_iam_role",
            "module.auth.aws_iam_role_policy.web_iam_unauth_role_policy",
            "module.web_backend_api.aws_api_gateway_authorizer.web_authorizer",
            "module.web_backend_api.aws_api_gateway_integration.preferences_api_delete_method_integration",
            "module.web_backend_api.aws_api_gateway_method.preferences_api_delete_method",
            "module.web_backend_api.aws_api_gateway_method_response.preferences_api_delete_method_response",
            "module.web_backend_api.aws_api_gateway_resource.preferences_api_app_resource",
            "module.web_backend_api.aws_api_gateway_resource.preferences_api_get_all_resource",
            "module.web_backend_api.aws_api_gateway_resource.preferences_api_path_resource",
            "module.web_backend_api.aws_api_gateway_resource.preferences_api_resource",
            "module.web_backend_api.aws_api_gateway_resource.preferences_api_userid_resource",
            "module.web_backend_api.aws_api_gateway_resource.preferences_storage_path_resource",
            "module.web_backend_api.aws_api_gateway_rest_api.web_backend_api"
          ]
        }
      ]
    },
    {
      "module": "module.web_backend_api",
      "mode": "managed",
      "type": "aws_api_gateway_integration_response",
      "name": "preferences_get_all_integration_response",
      "provider": "provider[\"registry.terraform.io/hashicorp/aws\"]",
      "instances": [
        {
          "schema_version": 0,
          "attributes": {
            "content_handling": "",
            "http_method": "GET",
            "id": "agir-1edhruxhh8-53bgag-GET-200",
            "resource_id": "53bgag",
            "response_parameters": {
              "method.response.header.Access-Control-Allow-Origin": "'*'"
            },
            "response_templates": null,
            "rest_api_id": "1edhruxhh8",
            "selection_pattern": "",
            "status_code": "200"
          },
          "private": "bnVsbA==",
          "dependencies": [
            "module.acm.aws_acm_certificate.web_cert",
            "module.admin_lambdas.aws_cloudwatch_event_rule.app_definition_ping",
            "module.admin_lambdas.aws_cloudwatch_event_rule.user_preference_ping",
            "module.admin_lambdas.aws_cloudwatch_event_target.ping_create_preference_lambda",
            "module.admin_lambdas.aws_cloudwatch_event_target.ping_delete_lambda",
            "module.admin_lambdas.aws_cloudwatch_event_target.ping_delete_preference",
            "module.admin_lambdas.aws_cloudwatch_event_target.ping_get_lambda",
            "module.admin_lambdas.aws_cloudwatch_event_target.ping_get_preference",
            "module.admin_lambdas.aws_cloudwatch_event_target.ping_register_lambda",
            "module.admin_lambdas.aws_iam_policy.create_definition_lambdas_exec_policy",
            "module.admin_lambdas.aws_iam_policy.create_preference_lambdas_exec_policy",
            "module.admin_lambdas.aws_iam_policy.delete_definition_lambdas_exec_policy",
            "module.admin_lambdas.aws_iam_policy.delete_preference_lambdas_exec_policy",
            "module.admin_lambdas.aws_iam_policy.get_definition_lambda_exec_policy",
            "module.admin_lambdas.aws_iam_policy.get_preference_lambda_exec_policy",
            "module.admin_lambdas.aws_iam_role.seahorse_iam_role_for_lambdas",
            "module.admin_lambdas.aws_iam_role_policy_attachment.create_preference_exec",
            "module.admin_lambdas.aws_iam_role_policy_attachment.delete_definition_exec",
            "module.admin_lambdas.aws_iam_role_policy_attachment.delete_preference_exec",
            "module.admin_lambdas.aws_iam_role_policy_attachment.get_definition_exec",
            "module.admin_lambdas.aws_iam_role_policy_attachment.get_preference_exec",
            "module.admin_lambdas.aws_iam_role_policy_attachment.lambda_dynamodb",
            "module.admin_lambdas.aws_iam_role_policy_attachment.register_definition_exec",
            "module.admin_lambdas.aws_lambda_alias.CreatePreferenceLambda",
            "module.admin_lambdas.aws_lambda_alias.DeletePreferenceLambda",
            "module.admin_lambdas.aws_lambda_alias.DeleteRegisteredComponent",
            "module.admin_lambdas.aws_lambda_alias.GetPreferenceLambda",
            "module.admin_lambdas.aws_lambda_alias.GetRegisteredComponents",
            "module.admin_lambdas.aws_lambda_alias.RegisterComponentLambda",
            "module.admin_lambdas.aws_lambda_function.CreatePreferenceLambda",
            "module.admin_lambdas.aws_lambda_function.DeletePreferenceLambda",
            "module.admin_lambdas.aws_lambda_function.DeleteRegisteredComponent",
            "module.admin_lambdas.aws_lambda_function.GetPreferenceLambda",
            "module.admin_lambdas.aws_lambda_function.GetRegisteredComponents",
            "module.admin_lambdas.aws_lambda_function.RegisterComponentLambda",
            "module.admin_lambdas.aws_lambda_permission.allow_cloudwatch_to_ping_delete_lambda",
            "module.admin_lambdas.aws_lambda_permission.allow_cloudwatch_to_ping_delete_preference_lambda",
            "module.admin_lambdas.aws_lambda_permission.allow_cloudwatch_to_ping_get_lambda",
            "module.admin_lambdas.aws_lambda_permission.allow_cloudwatch_to_ping_get_preference_lambda",
            "module.admin_lambdas.aws_lambda_permission.allow_cloudwatch_to_ping_preference_lambda",
            "module.admin_lambdas.aws_lambda_permission.allow_cloudwatch_to_ping_register_lambda",
            "module.admin_lambdas.aws_lambda_provisioned_concurrency_config.CreatePreferenceLambda",
            "module.admin_lambdas.aws_lambda_provisioned_concurrency_config.DeletePreferenceLambda",
            "module.admin_lambdas.aws_lambda_provisioned_concurrency_config.DeleteRegisteredComponent",
            "module.admin_lambdas.aws_lambda_provisioned_concurrency_config.GetPreferenceLambda",
            "module.admin_lambdas.aws_lambda_provisioned_concurrency_config.GetRegisteredComponents",
            "module.admin_lambdas.aws_lambda_provisioned_concurrency_config.RegisterComponentLambda",
            "module.auth.aws_cognito_identity_pool.seahorse_identity_pool",
            "module.auth.aws_cognito_identity_pool_roles_attachment.seahorse_identity_pool_roles",
            "module.auth.aws_cognito_identity_provider.identity_provider_sso",
            "module.auth.aws_cognito_user_pool.seahorse_user_pool",
            "module.auth.aws_cognito_user_pool_client.seahorse_web_client",
            "module.auth.aws_cognito_user_pool_domain.domain",
            "module.auth.aws_iam_role.auth_web_iam_role",
            "module.auth.aws_iam_role.unauth_web_iam_role",
            "module.auth.aws_iam_role_policy.web_iam_unauth_role_policy",
            "module.web_backend_api.aws_api_gateway_authorizer.web_authorizer",
            "module.web_backend_api.aws_api_gateway_integration.preferences_api_get_all_method_integration",
            "module.web_backend_api.aws_api_gateway_method.preferences_api_get_all_method",
            "module.web_backend_api.aws_api_gateway_method_response.preferences_api_get_all_method_response",
            "module.web_backend_api.aws_api_gateway_resource.preferences_api_app_resource",
            "module.web_backend_api.aws_api_gateway_resource.preferences_api_get_all_resource",
            "module.web_backend_api.aws_api_gateway_resource.preferences_api_path_resource",
            "module.web_backend_api.aws_api_gateway_resource.preferences_api_userid_resource",
            "module.web_backend_api.aws_api_gateway_resource.preferences_storage_path_resource",
            "module.web_backend_api.aws_api_gateway_rest_api.web_backend_api"
          ]
        }
      ]
    },
    {
      "module": "module.web_backend_api",
      "mode": "managed",
      "type": "aws_api_gateway_integration_response",
      "name": "preferences_get_integration_response",
      "provider": "provider[\"registry.terraform.io/hashicorp/aws\"]",
      "instances": [
        {
          "schema_version": 0,
          "attributes": {
            "content_handling": "",
            "http_method": "GET",
            "id": "agir-1edhruxhh8-bahk9s-GET-200",
            "resource_id": "bahk9s",
            "response_parameters": {
              "method.response.header.Access-Control-Allow-Origin": "'*'"
            },
            "response_templates": null,
            "rest_api_id": "1edhruxhh8",
            "selection_pattern": "",
            "status_code": "200"
          },
          "private": "bnVsbA==",
          "dependencies": [
            "module.acm.aws_acm_certificate.web_cert",
            "module.admin_lambdas.aws_cloudwatch_event_rule.app_definition_ping",
            "module.admin_lambdas.aws_cloudwatch_event_rule.user_preference_ping",
            "module.admin_lambdas.aws_cloudwatch_event_target.ping_create_preference_lambda",
            "module.admin_lambdas.aws_cloudwatch_event_target.ping_delete_lambda",
            "module.admin_lambdas.aws_cloudwatch_event_target.ping_delete_preference",
            "module.admin_lambdas.aws_cloudwatch_event_target.ping_get_lambda",
            "module.admin_lambdas.aws_cloudwatch_event_target.ping_get_preference",
            "module.admin_lambdas.aws_cloudwatch_event_target.ping_register_lambda",
            "module.admin_lambdas.aws_iam_policy.create_definition_lambdas_exec_policy",
            "module.admin_lambdas.aws_iam_policy.create_preference_lambdas_exec_policy",
            "module.admin_lambdas.aws_iam_policy.delete_definition_lambdas_exec_policy",
            "module.admin_lambdas.aws_iam_policy.delete_preference_lambdas_exec_policy",
            "module.admin_lambdas.aws_iam_policy.get_definition_lambda_exec_policy",
            "module.admin_lambdas.aws_iam_policy.get_preference_lambda_exec_policy",
            "module.admin_lambdas.aws_iam_role.seahorse_iam_role_for_lambdas",
            "module.admin_lambdas.aws_iam_role_policy_attachment.create_preference_exec",
            "module.admin_lambdas.aws_iam_role_policy_attachment.delete_definition_exec",
            "module.admin_lambdas.aws_iam_role_policy_attachment.delete_preference_exec",
            "module.admin_lambdas.aws_iam_role_policy_attachment.get_definition_exec",
            "module.admin_lambdas.aws_iam_role_policy_attachment.get_preference_exec",
            "module.admin_lambdas.aws_iam_role_policy_attachment.lambda_dynamodb",
            "module.admin_lambdas.aws_iam_role_policy_attachment.register_definition_exec",
            "module.admin_lambdas.aws_lambda_alias.CreatePreferenceLambda",
            "module.admin_lambdas.aws_lambda_alias.DeletePreferenceLambda",
            "module.admin_lambdas.aws_lambda_alias.DeleteRegisteredComponent",
            "module.admin_lambdas.aws_lambda_alias.GetPreferenceLambda",
            "module.admin_lambdas.aws_lambda_alias.GetRegisteredComponents",
            "module.admin_lambdas.aws_lambda_alias.RegisterComponentLambda",
            "module.admin_lambdas.aws_lambda_function.CreatePreferenceLambda",
            "module.admin_lambdas.aws_lambda_function.DeletePreferenceLambda",
            "module.admin_lambdas.aws_lambda_function.DeleteRegisteredComponent",
            "module.admin_lambdas.aws_lambda_function.GetPreferenceLambda",
            "module.admin_lambdas.aws_lambda_function.GetRegisteredComponents",
            "module.admin_lambdas.aws_lambda_function.RegisterComponentLambda",
            "module.admin_lambdas.aws_lambda_permission.allow_cloudwatch_to_ping_delete_lambda",
            "module.admin_lambdas.aws_lambda_permission.allow_cloudwatch_to_ping_delete_preference_lambda",
            "module.admin_lambdas.aws_lambda_permission.allow_cloudwatch_to_ping_get_lambda",
            "module.admin_lambdas.aws_lambda_permission.allow_cloudwatch_to_ping_get_preference_lambda",
            "module.admin_lambdas.aws_lambda_permission.allow_cloudwatch_to_ping_preference_lambda",
            "module.admin_lambdas.aws_lambda_permission.allow_cloudwatch_to_ping_register_lambda",
            "module.admin_lambdas.aws_lambda_provisioned_concurrency_config.CreatePreferenceLambda",
            "module.admin_lambdas.aws_lambda_provisioned_concurrency_config.DeletePreferenceLambda",
            "module.admin_lambdas.aws_lambda_provisioned_concurrency_config.DeleteRegisteredComponent",
            "module.admin_lambdas.aws_lambda_provisioned_concurrency_config.GetPreferenceLambda",
            "module.admin_lambdas.aws_lambda_provisioned_concurrency_config.GetRegisteredComponents",
            "module.admin_lambdas.aws_lambda_provisioned_concurrency_config.RegisterComponentLambda",
            "module.auth.aws_cognito_identity_pool.seahorse_identity_pool",
            "module.auth.aws_cognito_identity_pool_roles_attachment.seahorse_identity_pool_roles",
            "module.auth.aws_cognito_identity_provider.identity_provider_sso",
            "module.auth.aws_cognito_user_pool.seahorse_user_pool",
            "module.auth.aws_cognito_user_pool_client.seahorse_web_client",
            "module.auth.aws_cognito_user_pool_domain.domain",
            "module.auth.aws_iam_role.auth_web_iam_role",
            "module.auth.aws_iam_role.unauth_web_iam_role",
            "module.auth.aws_iam_role_policy.web_iam_unauth_role_policy",
            "module.web_backend_api.aws_api_gateway_authorizer.web_authorizer",
            "module.web_backend_api.aws_api_gateway_integration.preferences_api_get_method_integration",
            "module.web_backend_api.aws_api_gateway_method.preferences_api_get_method",
            "module.web_backend_api.aws_api_gateway_method_response.preferences_api_get_method_response",
            "module.web_backend_api.aws_api_gateway_resource.preferences_api_app_resource",
            "module.web_backend_api.aws_api_gateway_resource.preferences_api_get_all_resource",
            "module.web_backend_api.aws_api_gateway_resource.preferences_api_path_resource",
            "module.web_backend_api.aws_api_gateway_resource.preferences_api_resource",
            "module.web_backend_api.aws_api_gateway_resource.preferences_api_userid_resource",
            "module.web_backend_api.aws_api_gateway_resource.preferences_storage_path_resource",
            "module.web_backend_api.aws_api_gateway_rest_api.web_backend_api"
          ]
        }
      ]
    },
    {
      "module": "module.web_backend_api",
      "mode": "managed",
      "type": "aws_api_gateway_integration_response",
      "name": "web_backend_api_get_integration_response",
      "provider": "provider[\"registry.terraform.io/hashicorp/aws\"]",
      "instances": [
        {
          "schema_version": 0,
          "attributes": {
            "content_handling": "",
            "http_method": "GET",
            "id": "agir-1edhruxhh8-xzb0gj-GET-200",
            "resource_id": "xzb0gj",
            "response_parameters": {
              "method.response.header.Access-Control-Allow-Origin": "'*'"
            },
            "response_templates": null,
            "rest_api_id": "1edhruxhh8",
            "selection_pattern": "",
            "status_code": "200"
          },
          "private": "bnVsbA==",
          "dependencies": [
            "module.acm.aws_acm_certificate.web_cert",
            "module.admin_lambdas.aws_cloudwatch_event_rule.app_definition_ping",
            "module.admin_lambdas.aws_cloudwatch_event_rule.user_preference_ping",
            "module.admin_lambdas.aws_cloudwatch_event_target.ping_create_preference_lambda",
            "module.admin_lambdas.aws_cloudwatch_event_target.ping_delete_lambda",
            "module.admin_lambdas.aws_cloudwatch_event_target.ping_delete_preference",
            "module.admin_lambdas.aws_cloudwatch_event_target.ping_get_lambda",
            "module.admin_lambdas.aws_cloudwatch_event_target.ping_get_preference",
            "module.admin_lambdas.aws_cloudwatch_event_target.ping_register_lambda",
            "module.admin_lambdas.aws_iam_policy.create_definition_lambdas_exec_policy",
            "module.admin_lambdas.aws_iam_policy.create_preference_lambdas_exec_policy",
            "module.admin_lambdas.aws_iam_policy.delete_definition_lambdas_exec_policy",
            "module.admin_lambdas.aws_iam_policy.delete_preference_lambdas_exec_policy",
            "module.admin_lambdas.aws_iam_policy.get_definition_lambda_exec_policy",
            "module.admin_lambdas.aws_iam_policy.get_preference_lambda_exec_policy",
            "module.admin_lambdas.aws_iam_role.seahorse_iam_role_for_lambdas",
            "module.admin_lambdas.aws_iam_role_policy_attachment.create_preference_exec",
            "module.admin_lambdas.aws_iam_role_policy_attachment.delete_definition_exec",
            "module.admin_lambdas.aws_iam_role_policy_attachment.delete_preference_exec",
            "module.admin_lambdas.aws_iam_role_policy_attachment.get_definition_exec",
            "module.admin_lambdas.aws_iam_role_policy_attachment.get_preference_exec",
            "module.admin_lambdas.aws_iam_role_policy_attachment.lambda_dynamodb",
            "module.admin_lambdas.aws_iam_role_policy_attachment.register_definition_exec",
            "module.admin_lambdas.aws_lambda_alias.CreatePreferenceLambda",
            "module.admin_lambdas.aws_lambda_alias.DeletePreferenceLambda",
            "module.admin_lambdas.aws_lambda_alias.DeleteRegisteredComponent",
            "module.admin_lambdas.aws_lambda_alias.GetPreferenceLambda",
            "module.admin_lambdas.aws_lambda_alias.GetRegisteredComponents",
            "module.admin_lambdas.aws_lambda_alias.RegisterComponentLambda",
            "module.admin_lambdas.aws_lambda_function.CreatePreferenceLambda",
            "module.admin_lambdas.aws_lambda_function.DeletePreferenceLambda",
            "module.admin_lambdas.aws_lambda_function.DeleteRegisteredComponent",
            "module.admin_lambdas.aws_lambda_function.GetPreferenceLambda",
            "module.admin_lambdas.aws_lambda_function.GetRegisteredComponents",
            "module.admin_lambdas.aws_lambda_function.RegisterComponentLambda",
            "module.admin_lambdas.aws_lambda_permission.allow_cloudwatch_to_ping_delete_lambda",
            "module.admin_lambdas.aws_lambda_permission.allow_cloudwatch_to_ping_delete_preference_lambda",
            "module.admin_lambdas.aws_lambda_permission.allow_cloudwatch_to_ping_get_lambda",
            "module.admin_lambdas.aws_lambda_permission.allow_cloudwatch_to_ping_get_preference_lambda",
            "module.admin_lambdas.aws_lambda_permission.allow_cloudwatch_to_ping_preference_lambda",
            "module.admin_lambdas.aws_lambda_permission.allow_cloudwatch_to_ping_register_lambda",
            "module.admin_lambdas.aws_lambda_provisioned_concurrency_config.CreatePreferenceLambda",
            "module.admin_lambdas.aws_lambda_provisioned_concurrency_config.DeletePreferenceLambda",
            "module.admin_lambdas.aws_lambda_provisioned_concurrency_config.DeleteRegisteredComponent",
            "module.admin_lambdas.aws_lambda_provisioned_concurrency_config.GetPreferenceLambda",
            "module.admin_lambdas.aws_lambda_provisioned_concurrency_config.GetRegisteredComponents",
            "module.admin_lambdas.aws_lambda_provisioned_concurrency_config.RegisterComponentLambda",
            "module.auth.aws_cognito_identity_pool.seahorse_identity_pool",
            "module.auth.aws_cognito_identity_pool_roles_attachment.seahorse_identity_pool_roles",
            "module.auth.aws_cognito_identity_provider.identity_provider_sso",
            "module.auth.aws_cognito_user_pool.seahorse_user_pool",
            "module.auth.aws_cognito_user_pool_client.seahorse_web_client",
            "module.auth.aws_cognito_user_pool_domain.domain",
            "module.auth.aws_iam_role.auth_web_iam_role",
            "module.auth.aws_iam_role.unauth_web_iam_role",
            "module.auth.aws_iam_role_policy.web_iam_unauth_role_policy",
            "module.web_backend_api.aws_api_gateway_authorizer.web_authorizer",
            "module.web_backend_api.aws_api_gateway_integration.web_backend_api_get_method_integration",
            "module.web_backend_api.aws_api_gateway_method.web_backend_api_get_method",
            "module.web_backend_api.aws_api_gateway_method_response.web_backend_api_get_method_response",
            "module.web_backend_api.aws_api_gateway_resource.web_backend_api_resource",
            "module.web_backend_api.aws_api_gateway_rest_api.web_backend_api"
          ]
        }
      ]
    },
    {
      "module": "module.web_backend_api",
      "mode": "managed",
      "type": "aws_api_gateway_method",
      "name": "get_all_options_method",
      "provider": "provider[\"registry.terraform.io/hashicorp/aws\"]",
      "instances": [
        {
          "schema_version": 0,
          "attributes": {
            "api_key_required": false,
            "authorization": "NONE",
            "authorization_scopes": null,
            "authorizer_id": null,
            "http_method": "OPTIONS",
            "id": "agm-1edhruxhh8-53bgag-OPTIONS",
            "operation_name": null,
            "request_models": null,
            "request_parameters": null,
            "request_validator_id": null,
            "resource_id": "53bgag",
            "rest_api_id": "1edhruxhh8"
          },
          "private": "bnVsbA==",
          "dependencies": [
            "module.acm.aws_acm_certificate.web_cert",
            "module.admin_lambdas.aws_cloudwatch_event_rule.app_definition_ping",
            "module.admin_lambdas.aws_cloudwatch_event_rule.user_preference_ping",
            "module.admin_lambdas.aws_cloudwatch_event_target.ping_create_preference_lambda",
            "module.admin_lambdas.aws_cloudwatch_event_target.ping_delete_lambda",
            "module.admin_lambdas.aws_cloudwatch_event_target.ping_delete_preference",
            "module.admin_lambdas.aws_cloudwatch_event_target.ping_get_lambda",
            "module.admin_lambdas.aws_cloudwatch_event_target.ping_get_preference",
            "module.admin_lambdas.aws_cloudwatch_event_target.ping_register_lambda",
            "module.admin_lambdas.aws_iam_policy.create_definition_lambdas_exec_policy",
            "module.admin_lambdas.aws_iam_policy.create_preference_lambdas_exec_policy",
            "module.admin_lambdas.aws_iam_policy.delete_definition_lambdas_exec_policy",
            "module.admin_lambdas.aws_iam_policy.delete_preference_lambdas_exec_policy",
            "module.admin_lambdas.aws_iam_policy.get_definition_lambda_exec_policy",
            "module.admin_lambdas.aws_iam_policy.get_preference_lambda_exec_policy",
            "module.admin_lambdas.aws_iam_role.seahorse_iam_role_for_lambdas",
            "module.admin_lambdas.aws_iam_role_policy_attachment.create_preference_exec",
            "module.admin_lambdas.aws_iam_role_policy_attachment.delete_definition_exec",
            "module.admin_lambdas.aws_iam_role_policy_attachment.delete_preference_exec",
            "module.admin_lambdas.aws_iam_role_policy_attachment.get_definition_exec",
            "module.admin_lambdas.aws_iam_role_policy_attachment.get_preference_exec",
            "module.admin_lambdas.aws_iam_role_policy_attachment.lambda_dynamodb",
            "module.admin_lambdas.aws_iam_role_policy_attachment.register_definition_exec",
            "module.admin_lambdas.aws_lambda_alias.CreatePreferenceLambda",
            "module.admin_lambdas.aws_lambda_alias.DeletePreferenceLambda",
            "module.admin_lambdas.aws_lambda_alias.DeleteRegisteredComponent",
            "module.admin_lambdas.aws_lambda_alias.GetPreferenceLambda",
            "module.admin_lambdas.aws_lambda_alias.GetRegisteredComponents",
            "module.admin_lambdas.aws_lambda_alias.RegisterComponentLambda",
            "module.admin_lambdas.aws_lambda_function.CreatePreferenceLambda",
            "module.admin_lambdas.aws_lambda_function.DeletePreferenceLambda",
            "module.admin_lambdas.aws_lambda_function.DeleteRegisteredComponent",
            "module.admin_lambdas.aws_lambda_function.GetPreferenceLambda",
            "module.admin_lambdas.aws_lambda_function.GetRegisteredComponents",
            "module.admin_lambdas.aws_lambda_function.RegisterComponentLambda",
            "module.admin_lambdas.aws_lambda_permission.allow_cloudwatch_to_ping_delete_lambda",
            "module.admin_lambdas.aws_lambda_permission.allow_cloudwatch_to_ping_delete_preference_lambda",
            "module.admin_lambdas.aws_lambda_permission.allow_cloudwatch_to_ping_get_lambda",
            "module.admin_lambdas.aws_lambda_permission.allow_cloudwatch_to_ping_get_preference_lambda",
            "module.admin_lambdas.aws_lambda_permission.allow_cloudwatch_to_ping_preference_lambda",
            "module.admin_lambdas.aws_lambda_permission.allow_cloudwatch_to_ping_register_lambda",
            "module.admin_lambdas.aws_lambda_provisioned_concurrency_config.CreatePreferenceLambda",
            "module.admin_lambdas.aws_lambda_provisioned_concurrency_config.DeletePreferenceLambda",
            "module.admin_lambdas.aws_lambda_provisioned_concurrency_config.DeleteRegisteredComponent",
            "module.admin_lambdas.aws_lambda_provisioned_concurrency_config.GetPreferenceLambda",
            "module.admin_lambdas.aws_lambda_provisioned_concurrency_config.GetRegisteredComponents",
            "module.admin_lambdas.aws_lambda_provisioned_concurrency_config.RegisterComponentLambda",
            "module.auth.aws_cognito_identity_pool.seahorse_identity_pool",
            "module.auth.aws_cognito_identity_pool_roles_attachment.seahorse_identity_pool_roles",
            "module.auth.aws_cognito_identity_provider.identity_provider_sso",
            "module.auth.aws_cognito_user_pool.seahorse_user_pool",
            "module.auth.aws_cognito_user_pool_client.seahorse_web_client",
            "module.auth.aws_cognito_user_pool_domain.domain",
            "module.auth.aws_iam_role.auth_web_iam_role",
            "module.auth.aws_iam_role.unauth_web_iam_role",
            "module.auth.aws_iam_role_policy.web_iam_unauth_role_policy",
            "module.web_backend_api.aws_api_gateway_resource.preferences_api_app_resource",
            "module.web_backend_api.aws_api_gateway_resource.preferences_api_get_all_resource",
            "module.web_backend_api.aws_api_gateway_resource.preferences_api_path_resource",
            "module.web_backend_api.aws_api_gateway_resource.preferences_api_userid_resource",
            "module.web_backend_api.aws_api_gateway_resource.preferences_storage_path_resource",
            "module.web_backend_api.aws_api_gateway_rest_api.web_backend_api"
          ]
        }
      ]
    },
    {
      "module": "module.web_backend_api",
      "mode": "managed",
      "type": "aws_api_gateway_method",
      "name": "get_options_method",
      "provider": "provider[\"registry.terraform.io/hashicorp/aws\"]",
      "instances": [
        {
          "schema_version": 0,
          "attributes": {
            "api_key_required": false,
            "authorization": "NONE",
            "authorization_scopes": null,
            "authorizer_id": null,
            "http_method": "OPTIONS",
            "id": "agm-1edhruxhh8-bahk9s-OPTIONS",
            "operation_name": null,
            "request_models": null,
            "request_parameters": null,
            "request_validator_id": null,
            "resource_id": "bahk9s",
            "rest_api_id": "1edhruxhh8"
          },
          "private": "bnVsbA==",
          "dependencies": [
            "module.acm.aws_acm_certificate.web_cert",
            "module.admin_lambdas.aws_cloudwatch_event_rule.app_definition_ping",
            "module.admin_lambdas.aws_cloudwatch_event_rule.user_preference_ping",
            "module.admin_lambdas.aws_cloudwatch_event_target.ping_create_preference_lambda",
            "module.admin_lambdas.aws_cloudwatch_event_target.ping_delete_lambda",
            "module.admin_lambdas.aws_cloudwatch_event_target.ping_delete_preference",
            "module.admin_lambdas.aws_cloudwatch_event_target.ping_get_lambda",
            "module.admin_lambdas.aws_cloudwatch_event_target.ping_get_preference",
            "module.admin_lambdas.aws_cloudwatch_event_target.ping_register_lambda",
            "module.admin_lambdas.aws_iam_policy.create_definition_lambdas_exec_policy",
            "module.admin_lambdas.aws_iam_policy.create_preference_lambdas_exec_policy",
            "module.admin_lambdas.aws_iam_policy.delete_definition_lambdas_exec_policy",
            "module.admin_lambdas.aws_iam_policy.delete_preference_lambdas_exec_policy",
            "module.admin_lambdas.aws_iam_policy.get_definition_lambda_exec_policy",
            "module.admin_lambdas.aws_iam_policy.get_preference_lambda_exec_policy",
            "module.admin_lambdas.aws_iam_role.seahorse_iam_role_for_lambdas",
            "module.admin_lambdas.aws_iam_role_policy_attachment.create_preference_exec",
            "module.admin_lambdas.aws_iam_role_policy_attachment.delete_definition_exec",
            "module.admin_lambdas.aws_iam_role_policy_attachment.delete_preference_exec",
            "module.admin_lambdas.aws_iam_role_policy_attachment.get_definition_exec",
            "module.admin_lambdas.aws_iam_role_policy_attachment.get_preference_exec",
            "module.admin_lambdas.aws_iam_role_policy_attachment.lambda_dynamodb",
            "module.admin_lambdas.aws_iam_role_policy_attachment.register_definition_exec",
            "module.admin_lambdas.aws_lambda_alias.CreatePreferenceLambda",
            "module.admin_lambdas.aws_lambda_alias.DeletePreferenceLambda",
            "module.admin_lambdas.aws_lambda_alias.DeleteRegisteredComponent",
            "module.admin_lambdas.aws_lambda_alias.GetPreferenceLambda",
            "module.admin_lambdas.aws_lambda_alias.GetRegisteredComponents",
            "module.admin_lambdas.aws_lambda_alias.RegisterComponentLambda",
            "module.admin_lambdas.aws_lambda_function.CreatePreferenceLambda",
            "module.admin_lambdas.aws_lambda_function.DeletePreferenceLambda",
            "module.admin_lambdas.aws_lambda_function.DeleteRegisteredComponent",
            "module.admin_lambdas.aws_lambda_function.GetPreferenceLambda",
            "module.admin_lambdas.aws_lambda_function.GetRegisteredComponents",
            "module.admin_lambdas.aws_lambda_function.RegisterComponentLambda",
            "module.admin_lambdas.aws_lambda_permission.allow_cloudwatch_to_ping_delete_lambda",
            "module.admin_lambdas.aws_lambda_permission.allow_cloudwatch_to_ping_delete_preference_lambda",
            "module.admin_lambdas.aws_lambda_permission.allow_cloudwatch_to_ping_get_lambda",
            "module.admin_lambdas.aws_lambda_permission.allow_cloudwatch_to_ping_get_preference_lambda",
            "module.admin_lambdas.aws_lambda_permission.allow_cloudwatch_to_ping_preference_lambda",
            "module.admin_lambdas.aws_lambda_permission.allow_cloudwatch_to_ping_register_lambda",
            "module.admin_lambdas.aws_lambda_provisioned_concurrency_config.CreatePreferenceLambda",
            "module.admin_lambdas.aws_lambda_provisioned_concurrency_config.DeletePreferenceLambda",
            "module.admin_lambdas.aws_lambda_provisioned_concurrency_config.DeleteRegisteredComponent",
            "module.admin_lambdas.aws_lambda_provisioned_concurrency_config.GetPreferenceLambda",
            "module.admin_lambdas.aws_lambda_provisioned_concurrency_config.GetRegisteredComponents",
            "module.admin_lambdas.aws_lambda_provisioned_concurrency_config.RegisterComponentLambda",
            "module.auth.aws_cognito_identity_pool.seahorse_identity_pool",
            "module.auth.aws_cognito_identity_pool_roles_attachment.seahorse_identity_pool_roles",
            "module.auth.aws_cognito_identity_provider.identity_provider_sso",
            "module.auth.aws_cognito_user_pool.seahorse_user_pool",
            "module.auth.aws_cognito_user_pool_client.seahorse_web_client",
            "module.auth.aws_cognito_user_pool_domain.domain",
            "module.auth.aws_iam_role.auth_web_iam_role",
            "module.auth.aws_iam_role.unauth_web_iam_role",
            "module.auth.aws_iam_role_policy.web_iam_unauth_role_policy",
            "module.web_backend_api.aws_api_gateway_resource.preferences_api_app_resource",
            "module.web_backend_api.aws_api_gateway_resource.preferences_api_get_all_resource",
            "module.web_backend_api.aws_api_gateway_resource.preferences_api_path_resource",
            "module.web_backend_api.aws_api_gateway_resource.preferences_api_resource",
            "module.web_backend_api.aws_api_gateway_resource.preferences_api_userid_resource",
            "module.web_backend_api.aws_api_gateway_resource.preferences_storage_path_resource",
            "module.web_backend_api.aws_api_gateway_rest_api.web_backend_api"
          ]
        }
      ]
    },
    {
      "module": "module.web_backend_api",
      "mode": "managed",
      "type": "aws_api_gateway_method",
      "name": "mock_options_method",
      "provider": "provider[\"registry.terraform.io/hashicorp/aws\"]",
      "instances": [
        {
          "schema_version": 0,
          "attributes": {
            "api_key_required": false,
            "authorization": "NONE",
            "authorization_scopes": null,
            "authorizer_id": null,
            "http_method": "OPTIONS",
            "id": "agm-1edhruxhh8-xzb0gj-OPTIONS",
            "operation_name": null,
            "request_models": null,
            "request_parameters": null,
            "request_validator_id": null,
            "resource_id": "xzb0gj",
            "rest_api_id": "1edhruxhh8"
          },
          "private": "bnVsbA==",
          "dependencies": [
            "module.acm.aws_acm_certificate.web_cert",
            "module.admin_lambdas.aws_cloudwatch_event_rule.app_definition_ping",
            "module.admin_lambdas.aws_cloudwatch_event_rule.user_preference_ping",
            "module.admin_lambdas.aws_cloudwatch_event_target.ping_create_preference_lambda",
            "module.admin_lambdas.aws_cloudwatch_event_target.ping_delete_lambda",
            "module.admin_lambdas.aws_cloudwatch_event_target.ping_delete_preference",
            "module.admin_lambdas.aws_cloudwatch_event_target.ping_get_lambda",
            "module.admin_lambdas.aws_cloudwatch_event_target.ping_get_preference",
            "module.admin_lambdas.aws_cloudwatch_event_target.ping_register_lambda",
            "module.admin_lambdas.aws_iam_policy.create_definition_lambdas_exec_policy",
            "module.admin_lambdas.aws_iam_policy.create_preference_lambdas_exec_policy",
            "module.admin_lambdas.aws_iam_policy.delete_definition_lambdas_exec_policy",
            "module.admin_lambdas.aws_iam_policy.delete_preference_lambdas_exec_policy",
            "module.admin_lambdas.aws_iam_policy.get_definition_lambda_exec_policy",
            "module.admin_lambdas.aws_iam_policy.get_preference_lambda_exec_policy",
            "module.admin_lambdas.aws_iam_role.seahorse_iam_role_for_lambdas",
            "module.admin_lambdas.aws_iam_role_policy_attachment.create_preference_exec",
            "module.admin_lambdas.aws_iam_role_policy_attachment.delete_definition_exec",
            "module.admin_lambdas.aws_iam_role_policy_attachment.delete_preference_exec",
            "module.admin_lambdas.aws_iam_role_policy_attachment.get_definition_exec",
            "module.admin_lambdas.aws_iam_role_policy_attachment.get_preference_exec",
            "module.admin_lambdas.aws_iam_role_policy_attachment.lambda_dynamodb",
            "module.admin_lambdas.aws_iam_role_policy_attachment.register_definition_exec",
            "module.admin_lambdas.aws_lambda_alias.CreatePreferenceLambda",
            "module.admin_lambdas.aws_lambda_alias.DeletePreferenceLambda",
            "module.admin_lambdas.aws_lambda_alias.DeleteRegisteredComponent",
            "module.admin_lambdas.aws_lambda_alias.GetPreferenceLambda",
            "module.admin_lambdas.aws_lambda_alias.GetRegisteredComponents",
            "module.admin_lambdas.aws_lambda_alias.RegisterComponentLambda",
            "module.admin_lambdas.aws_lambda_function.CreatePreferenceLambda",
            "module.admin_lambdas.aws_lambda_function.DeletePreferenceLambda",
            "module.admin_lambdas.aws_lambda_function.DeleteRegisteredComponent",
            "module.admin_lambdas.aws_lambda_function.GetPreferenceLambda",
            "module.admin_lambdas.aws_lambda_function.GetRegisteredComponents",
            "module.admin_lambdas.aws_lambda_function.RegisterComponentLambda",
            "module.admin_lambdas.aws_lambda_permission.allow_cloudwatch_to_ping_delete_lambda",
            "module.admin_lambdas.aws_lambda_permission.allow_cloudwatch_to_ping_delete_preference_lambda",
            "module.admin_lambdas.aws_lambda_permission.allow_cloudwatch_to_ping_get_lambda",
            "module.admin_lambdas.aws_lambda_permission.allow_cloudwatch_to_ping_get_preference_lambda",
            "module.admin_lambdas.aws_lambda_permission.allow_cloudwatch_to_ping_preference_lambda",
            "module.admin_lambdas.aws_lambda_permission.allow_cloudwatch_to_ping_register_lambda",
            "module.admin_lambdas.aws_lambda_provisioned_concurrency_config.CreatePreferenceLambda",
            "module.admin_lambdas.aws_lambda_provisioned_concurrency_config.DeletePreferenceLambda",
            "module.admin_lambdas.aws_lambda_provisioned_concurrency_config.DeleteRegisteredComponent",
            "module.admin_lambdas.aws_lambda_provisioned_concurrency_config.GetPreferenceLambda",
            "module.admin_lambdas.aws_lambda_provisioned_concurrency_config.GetRegisteredComponents",
            "module.admin_lambdas.aws_lambda_provisioned_concurrency_config.RegisterComponentLambda",
            "module.auth.aws_cognito_identity_pool.seahorse_identity_pool",
            "module.auth.aws_cognito_identity_pool_roles_attachment.seahorse_identity_pool_roles",
            "module.auth.aws_cognito_identity_provider.identity_provider_sso",
            "module.auth.aws_cognito_user_pool.seahorse_user_pool",
            "module.auth.aws_cognito_user_pool_client.seahorse_web_client",
            "module.auth.aws_cognito_user_pool_domain.domain",
            "module.auth.aws_iam_role.auth_web_iam_role",
            "module.auth.aws_iam_role.unauth_web_iam_role",
            "module.auth.aws_iam_role_policy.web_iam_unauth_role_policy",
            "module.web_backend_api.aws_api_gateway_resource.web_backend_api_resource",
            "module.web_backend_api.aws_api_gateway_rest_api.web_backend_api"
          ]
        }
      ]
    },
    {
      "module": "module.web_backend_api",
      "mode": "managed",
      "type": "aws_api_gateway_method",
      "name": "preferences_api_create_method",
      "provider": "provider[\"registry.terraform.io/hashicorp/aws\"]",
      "instances": [
        {
          "schema_version": 0,
          "attributes": {
            "api_key_required": false,
            "authorization": "COGNITO_USER_POOLS",
            "authorization_scopes": null,
            "authorizer_id": "41ad0e",
            "http_method": "POST",
            "id": "agm-1edhruxhh8-bahk9s-POST",
            "operation_name": null,
            "request_models": {
              "application/json": "Empty"
            },
            "request_parameters": {
              "method.request.header.Content-Type": true
            },
            "request_validator_id": null,
            "resource_id": "bahk9s",
            "rest_api_id": "1edhruxhh8"
          },
          "private": "bnVsbA==",
          "dependencies": [
            "module.acm.aws_acm_certificate.web_cert",
            "module.admin_lambdas.aws_cloudwatch_event_rule.app_definition_ping",
            "module.admin_lambdas.aws_cloudwatch_event_rule.user_preference_ping",
            "module.admin_lambdas.aws_cloudwatch_event_target.ping_create_preference_lambda",
            "module.admin_lambdas.aws_cloudwatch_event_target.ping_delete_lambda",
            "module.admin_lambdas.aws_cloudwatch_event_target.ping_delete_preference",
            "module.admin_lambdas.aws_cloudwatch_event_target.ping_get_lambda",
            "module.admin_lambdas.aws_cloudwatch_event_target.ping_get_preference",
            "module.admin_lambdas.aws_cloudwatch_event_target.ping_register_lambda",
            "module.admin_lambdas.aws_iam_policy.create_definition_lambdas_exec_policy",
            "module.admin_lambdas.aws_iam_policy.create_preference_lambdas_exec_policy",
            "module.admin_lambdas.aws_iam_policy.delete_definition_lambdas_exec_policy",
            "module.admin_lambdas.aws_iam_policy.delete_preference_lambdas_exec_policy",
            "module.admin_lambdas.aws_iam_policy.get_definition_lambda_exec_policy",
            "module.admin_lambdas.aws_iam_policy.get_preference_lambda_exec_policy",
            "module.admin_lambdas.aws_iam_role.seahorse_iam_role_for_lambdas",
            "module.admin_lambdas.aws_iam_role_policy_attachment.create_preference_exec",
            "module.admin_lambdas.aws_iam_role_policy_attachment.delete_definition_exec",
            "module.admin_lambdas.aws_iam_role_policy_attachment.delete_preference_exec",
            "module.admin_lambdas.aws_iam_role_policy_attachment.get_definition_exec",
            "module.admin_lambdas.aws_iam_role_policy_attachment.get_preference_exec",
            "module.admin_lambdas.aws_iam_role_policy_attachment.lambda_dynamodb",
            "module.admin_lambdas.aws_iam_role_policy_attachment.register_definition_exec",
            "module.admin_lambdas.aws_lambda_alias.CreatePreferenceLambda",
            "module.admin_lambdas.aws_lambda_alias.DeletePreferenceLambda",
            "module.admin_lambdas.aws_lambda_alias.DeleteRegisteredComponent",
            "module.admin_lambdas.aws_lambda_alias.GetPreferenceLambda",
            "module.admin_lambdas.aws_lambda_alias.GetRegisteredComponents",
            "module.admin_lambdas.aws_lambda_alias.RegisterComponentLambda",
            "module.admin_lambdas.aws_lambda_function.CreatePreferenceLambda",
            "module.admin_lambdas.aws_lambda_function.DeletePreferenceLambda",
            "module.admin_lambdas.aws_lambda_function.DeleteRegisteredComponent",
            "module.admin_lambdas.aws_lambda_function.GetPreferenceLambda",
            "module.admin_lambdas.aws_lambda_function.GetRegisteredComponents",
            "module.admin_lambdas.aws_lambda_function.RegisterComponentLambda",
            "module.admin_lambdas.aws_lambda_permission.allow_cloudwatch_to_ping_delete_lambda",
            "module.admin_lambdas.aws_lambda_permission.allow_cloudwatch_to_ping_delete_preference_lambda",
            "module.admin_lambdas.aws_lambda_permission.allow_cloudwatch_to_ping_get_lambda",
            "module.admin_lambdas.aws_lambda_permission.allow_cloudwatch_to_ping_get_preference_lambda",
            "module.admin_lambdas.aws_lambda_permission.allow_cloudwatch_to_ping_preference_lambda",
            "module.admin_lambdas.aws_lambda_permission.allow_cloudwatch_to_ping_register_lambda",
            "module.admin_lambdas.aws_lambda_provisioned_concurrency_config.CreatePreferenceLambda",
            "module.admin_lambdas.aws_lambda_provisioned_concurrency_config.DeletePreferenceLambda",
            "module.admin_lambdas.aws_lambda_provisioned_concurrency_config.DeleteRegisteredComponent",
            "module.admin_lambdas.aws_lambda_provisioned_concurrency_config.GetPreferenceLambda",
            "module.admin_lambdas.aws_lambda_provisioned_concurrency_config.GetRegisteredComponents",
            "module.admin_lambdas.aws_lambda_provisioned_concurrency_config.RegisterComponentLambda",
            "module.auth.aws_cognito_identity_pool.seahorse_identity_pool",
            "module.auth.aws_cognito_identity_pool_roles_attachment.seahorse_identity_pool_roles",
            "module.auth.aws_cognito_identity_provider.identity_provider_sso",
            "module.auth.aws_cognito_user_pool.seahorse_user_pool",
            "module.auth.aws_cognito_user_pool_client.seahorse_web_client",
            "module.auth.aws_cognito_user_pool_domain.domain",
            "module.auth.aws_iam_role.auth_web_iam_role",
            "module.auth.aws_iam_role.unauth_web_iam_role",
            "module.auth.aws_iam_role_policy.web_iam_unauth_role_policy",
            "module.web_backend_api.aws_api_gateway_authorizer.web_authorizer",
            "module.web_backend_api.aws_api_gateway_resource.preferences_api_app_resource",
            "module.web_backend_api.aws_api_gateway_resource.preferences_api_get_all_resource",
            "module.web_backend_api.aws_api_gateway_resource.preferences_api_path_resource",
            "module.web_backend_api.aws_api_gateway_resource.preferences_api_resource",
            "module.web_backend_api.aws_api_gateway_resource.preferences_api_userid_resource",
            "module.web_backend_api.aws_api_gateway_resource.preferences_storage_path_resource",
            "module.web_backend_api.aws_api_gateway_rest_api.web_backend_api"
          ]
        }
      ]
    },
    {
      "module": "module.web_backend_api",
      "mode": "managed",
      "type": "aws_api_gateway_method",
      "name": "preferences_api_delete_method",
      "provider": "provider[\"registry.terraform.io/hashicorp/aws\"]",
      "instances": [
        {
          "schema_version": 0,
          "attributes": {
            "api_key_required": false,
            "authorization": "COGNITO_USER_POOLS",
            "authorization_scopes": null,
            "authorizer_id": "41ad0e",
            "http_method": "DELETE",
            "id": "agm-1edhruxhh8-bahk9s-DELETE",
            "operation_name": null,
            "request_models": {
              "application/json": "Empty"
            },
            "request_parameters": {
              "method.request.header.Content-Type": true
            },
            "request_validator_id": null,
            "resource_id": "bahk9s",
            "rest_api_id": "1edhruxhh8"
          },
          "private": "bnVsbA==",
          "dependencies": [
            "module.acm.aws_acm_certificate.web_cert",
            "module.admin_lambdas.aws_cloudwatch_event_rule.app_definition_ping",
            "module.admin_lambdas.aws_cloudwatch_event_rule.user_preference_ping",
            "module.admin_lambdas.aws_cloudwatch_event_target.ping_create_preference_lambda",
            "module.admin_lambdas.aws_cloudwatch_event_target.ping_delete_lambda",
            "module.admin_lambdas.aws_cloudwatch_event_target.ping_delete_preference",
            "module.admin_lambdas.aws_cloudwatch_event_target.ping_get_lambda",
            "module.admin_lambdas.aws_cloudwatch_event_target.ping_get_preference",
            "module.admin_lambdas.aws_cloudwatch_event_target.ping_register_lambda",
            "module.admin_lambdas.aws_iam_policy.create_definition_lambdas_exec_policy",
            "module.admin_lambdas.aws_iam_policy.create_preference_lambdas_exec_policy",
            "module.admin_lambdas.aws_iam_policy.delete_definition_lambdas_exec_policy",
            "module.admin_lambdas.aws_iam_policy.delete_preference_lambdas_exec_policy",
            "module.admin_lambdas.aws_iam_policy.get_definition_lambda_exec_policy",
            "module.admin_lambdas.aws_iam_policy.get_preference_lambda_exec_policy",
            "module.admin_lambdas.aws_iam_role.seahorse_iam_role_for_lambdas",
            "module.admin_lambdas.aws_iam_role_policy_attachment.create_preference_exec",
            "module.admin_lambdas.aws_iam_role_policy_attachment.delete_definition_exec",
            "module.admin_lambdas.aws_iam_role_policy_attachment.delete_preference_exec",
            "module.admin_lambdas.aws_iam_role_policy_attachment.get_definition_exec",
            "module.admin_lambdas.aws_iam_role_policy_attachment.get_preference_exec",
            "module.admin_lambdas.aws_iam_role_policy_attachment.lambda_dynamodb",
            "module.admin_lambdas.aws_iam_role_policy_attachment.register_definition_exec",
            "module.admin_lambdas.aws_lambda_alias.CreatePreferenceLambda",
            "module.admin_lambdas.aws_lambda_alias.DeletePreferenceLambda",
            "module.admin_lambdas.aws_lambda_alias.DeleteRegisteredComponent",
            "module.admin_lambdas.aws_lambda_alias.GetPreferenceLambda",
            "module.admin_lambdas.aws_lambda_alias.GetRegisteredComponents",
            "module.admin_lambdas.aws_lambda_alias.RegisterComponentLambda",
            "module.admin_lambdas.aws_lambda_function.CreatePreferenceLambda",
            "module.admin_lambdas.aws_lambda_function.DeletePreferenceLambda",
            "module.admin_lambdas.aws_lambda_function.DeleteRegisteredComponent",
            "module.admin_lambdas.aws_lambda_function.GetPreferenceLambda",
            "module.admin_lambdas.aws_lambda_function.GetRegisteredComponents",
            "module.admin_lambdas.aws_lambda_function.RegisterComponentLambda",
            "module.admin_lambdas.aws_lambda_permission.allow_cloudwatch_to_ping_delete_lambda",
            "module.admin_lambdas.aws_lambda_permission.allow_cloudwatch_to_ping_delete_preference_lambda",
            "module.admin_lambdas.aws_lambda_permission.allow_cloudwatch_to_ping_get_lambda",
            "module.admin_lambdas.aws_lambda_permission.allow_cloudwatch_to_ping_get_preference_lambda",
            "module.admin_lambdas.aws_lambda_permission.allow_cloudwatch_to_ping_preference_lambda",
            "module.admin_lambdas.aws_lambda_permission.allow_cloudwatch_to_ping_register_lambda",
            "module.admin_lambdas.aws_lambda_provisioned_concurrency_config.CreatePreferenceLambda",
            "module.admin_lambdas.aws_lambda_provisioned_concurrency_config.DeletePreferenceLambda",
            "module.admin_lambdas.aws_lambda_provisioned_concurrency_config.DeleteRegisteredComponent",
            "module.admin_lambdas.aws_lambda_provisioned_concurrency_config.GetPreferenceLambda",
            "module.admin_lambdas.aws_lambda_provisioned_concurrency_config.GetRegisteredComponents",
            "module.admin_lambdas.aws_lambda_provisioned_concurrency_config.RegisterComponentLambda",
            "module.auth.aws_cognito_identity_pool.seahorse_identity_pool",
            "module.auth.aws_cognito_identity_pool_roles_attachment.seahorse_identity_pool_roles",
            "module.auth.aws_cognito_identity_provider.identity_provider_sso",
            "module.auth.aws_cognito_user_pool.seahorse_user_pool",
            "module.auth.aws_cognito_user_pool_client.seahorse_web_client",
            "module.auth.aws_cognito_user_pool_domain.domain",
            "module.auth.aws_iam_role.auth_web_iam_role",
            "module.auth.aws_iam_role.unauth_web_iam_role",
            "module.auth.aws_iam_role_policy.web_iam_unauth_role_policy",
            "module.web_backend_api.aws_api_gateway_authorizer.web_authorizer",
            "module.web_backend_api.aws_api_gateway_resource.preferences_api_app_resource",
            "module.web_backend_api.aws_api_gateway_resource.preferences_api_get_all_resource",
            "module.web_backend_api.aws_api_gateway_resource.preferences_api_path_resource",
            "module.web_backend_api.aws_api_gateway_resource.preferences_api_resource",
            "module.web_backend_api.aws_api_gateway_resource.preferences_api_userid_resource",
            "module.web_backend_api.aws_api_gateway_resource.preferences_storage_path_resource",
            "module.web_backend_api.aws_api_gateway_rest_api.web_backend_api"
          ]
        }
      ]
    },
    {
      "module": "module.web_backend_api",
      "mode": "managed",
      "type": "aws_api_gateway_method",
      "name": "preferences_api_get_all_method",
      "provider": "provider[\"registry.terraform.io/hashicorp/aws\"]",
      "instances": [
        {
          "schema_version": 0,
          "attributes": {
            "api_key_required": false,
            "authorization": "COGNITO_USER_POOLS",
            "authorization_scopes": null,
            "authorizer_id": "41ad0e",
            "http_method": "GET",
            "id": "agm-1edhruxhh8-53bgag-GET",
            "operation_name": null,
            "request_models": {
              "application/json": "Empty"
            },
            "request_parameters": {
              "method.request.header.Content-Type": true
            },
            "request_validator_id": null,
            "resource_id": "53bgag",
            "rest_api_id": "1edhruxhh8"
          },
          "private": "bnVsbA==",
          "dependencies": [
            "module.acm.aws_acm_certificate.web_cert",
            "module.admin_lambdas.aws_cloudwatch_event_rule.app_definition_ping",
            "module.admin_lambdas.aws_cloudwatch_event_rule.user_preference_ping",
            "module.admin_lambdas.aws_cloudwatch_event_target.ping_create_preference_lambda",
            "module.admin_lambdas.aws_cloudwatch_event_target.ping_delete_lambda",
            "module.admin_lambdas.aws_cloudwatch_event_target.ping_delete_preference",
            "module.admin_lambdas.aws_cloudwatch_event_target.ping_get_lambda",
            "module.admin_lambdas.aws_cloudwatch_event_target.ping_get_preference",
            "module.admin_lambdas.aws_cloudwatch_event_target.ping_register_lambda",
            "module.admin_lambdas.aws_iam_policy.create_definition_lambdas_exec_policy",
            "module.admin_lambdas.aws_iam_policy.create_preference_lambdas_exec_policy",
            "module.admin_lambdas.aws_iam_policy.delete_definition_lambdas_exec_policy",
            "module.admin_lambdas.aws_iam_policy.delete_preference_lambdas_exec_policy",
            "module.admin_lambdas.aws_iam_policy.get_definition_lambda_exec_policy",
            "module.admin_lambdas.aws_iam_policy.get_preference_lambda_exec_policy",
            "module.admin_lambdas.aws_iam_role.seahorse_iam_role_for_lambdas",
            "module.admin_lambdas.aws_iam_role_policy_attachment.create_preference_exec",
            "module.admin_lambdas.aws_iam_role_policy_attachment.delete_definition_exec",
            "module.admin_lambdas.aws_iam_role_policy_attachment.delete_preference_exec",
            "module.admin_lambdas.aws_iam_role_policy_attachment.get_definition_exec",
            "module.admin_lambdas.aws_iam_role_policy_attachment.get_preference_exec",
            "module.admin_lambdas.aws_iam_role_policy_attachment.lambda_dynamodb",
            "module.admin_lambdas.aws_iam_role_policy_attachment.register_definition_exec",
            "module.admin_lambdas.aws_lambda_alias.CreatePreferenceLambda",
            "module.admin_lambdas.aws_lambda_alias.DeletePreferenceLambda",
            "module.admin_lambdas.aws_lambda_alias.DeleteRegisteredComponent",
            "module.admin_lambdas.aws_lambda_alias.GetPreferenceLambda",
            "module.admin_lambdas.aws_lambda_alias.GetRegisteredComponents",
            "module.admin_lambdas.aws_lambda_alias.RegisterComponentLambda",
            "module.admin_lambdas.aws_lambda_function.CreatePreferenceLambda",
            "module.admin_lambdas.aws_lambda_function.DeletePreferenceLambda",
            "module.admin_lambdas.aws_lambda_function.DeleteRegisteredComponent",
            "module.admin_lambdas.aws_lambda_function.GetPreferenceLambda",
            "module.admin_lambdas.aws_lambda_function.GetRegisteredComponents",
            "module.admin_lambdas.aws_lambda_function.RegisterComponentLambda",
            "module.admin_lambdas.aws_lambda_permission.allow_cloudwatch_to_ping_delete_lambda",
            "module.admin_lambdas.aws_lambda_permission.allow_cloudwatch_to_ping_delete_preference_lambda",
            "module.admin_lambdas.aws_lambda_permission.allow_cloudwatch_to_ping_get_lambda",
            "module.admin_lambdas.aws_lambda_permission.allow_cloudwatch_to_ping_get_preference_lambda",
            "module.admin_lambdas.aws_lambda_permission.allow_cloudwatch_to_ping_preference_lambda",
            "module.admin_lambdas.aws_lambda_permission.allow_cloudwatch_to_ping_register_lambda",
            "module.admin_lambdas.aws_lambda_provisioned_concurrency_config.CreatePreferenceLambda",
            "module.admin_lambdas.aws_lambda_provisioned_concurrency_config.DeletePreferenceLambda",
            "module.admin_lambdas.aws_lambda_provisioned_concurrency_config.DeleteRegisteredComponent",
            "module.admin_lambdas.aws_lambda_provisioned_concurrency_config.GetPreferenceLambda",
            "module.admin_lambdas.aws_lambda_provisioned_concurrency_config.GetRegisteredComponents",
            "module.admin_lambdas.aws_lambda_provisioned_concurrency_config.RegisterComponentLambda",
            "module.auth.aws_cognito_identity_pool.seahorse_identity_pool",
            "module.auth.aws_cognito_identity_pool_roles_attachment.seahorse_identity_pool_roles",
            "module.auth.aws_cognito_identity_provider.identity_provider_sso",
            "module.auth.aws_cognito_user_pool.seahorse_user_pool",
            "module.auth.aws_cognito_user_pool_client.seahorse_web_client",
            "module.auth.aws_cognito_user_pool_domain.domain",
            "module.auth.aws_iam_role.auth_web_iam_role",
            "module.auth.aws_iam_role.unauth_web_iam_role",
            "module.auth.aws_iam_role_policy.web_iam_unauth_role_policy",
            "module.web_backend_api.aws_api_gateway_authorizer.web_authorizer",
            "module.web_backend_api.aws_api_gateway_resource.preferences_api_app_resource",
            "module.web_backend_api.aws_api_gateway_resource.preferences_api_get_all_resource",
            "module.web_backend_api.aws_api_gateway_resource.preferences_api_path_resource",
            "module.web_backend_api.aws_api_gateway_resource.preferences_api_userid_resource",
            "module.web_backend_api.aws_api_gateway_resource.preferences_storage_path_resource",
            "module.web_backend_api.aws_api_gateway_rest_api.web_backend_api"
          ]
        }
      ]
    },
    {
      "module": "module.web_backend_api",
      "mode": "managed",
      "type": "aws_api_gateway_method",
      "name": "preferences_api_get_method",
      "provider": "provider[\"registry.terraform.io/hashicorp/aws\"]",
      "instances": [
        {
          "schema_version": 0,
          "attributes": {
            "api_key_required": false,
            "authorization": "COGNITO_USER_POOLS",
            "authorization_scopes": null,
            "authorizer_id": "41ad0e",
            "http_method": "GET",
            "id": "agm-1edhruxhh8-bahk9s-GET",
            "operation_name": null,
            "request_models": {
              "application/json": "Empty"
            },
            "request_parameters": {
              "method.request.header.Content-Type": true
            },
            "request_validator_id": null,
            "resource_id": "bahk9s",
            "rest_api_id": "1edhruxhh8"
          },
          "private": "bnVsbA==",
          "dependencies": [
            "module.acm.aws_acm_certificate.web_cert",
            "module.admin_lambdas.aws_cloudwatch_event_rule.app_definition_ping",
            "module.admin_lambdas.aws_cloudwatch_event_rule.user_preference_ping",
            "module.admin_lambdas.aws_cloudwatch_event_target.ping_create_preference_lambda",
            "module.admin_lambdas.aws_cloudwatch_event_target.ping_delete_lambda",
            "module.admin_lambdas.aws_cloudwatch_event_target.ping_delete_preference",
            "module.admin_lambdas.aws_cloudwatch_event_target.ping_get_lambda",
            "module.admin_lambdas.aws_cloudwatch_event_target.ping_get_preference",
            "module.admin_lambdas.aws_cloudwatch_event_target.ping_register_lambda",
            "module.admin_lambdas.aws_iam_policy.create_definition_lambdas_exec_policy",
            "module.admin_lambdas.aws_iam_policy.create_preference_lambdas_exec_policy",
            "module.admin_lambdas.aws_iam_policy.delete_definition_lambdas_exec_policy",
            "module.admin_lambdas.aws_iam_policy.delete_preference_lambdas_exec_policy",
            "module.admin_lambdas.aws_iam_policy.get_definition_lambda_exec_policy",
            "module.admin_lambdas.aws_iam_policy.get_preference_lambda_exec_policy",
            "module.admin_lambdas.aws_iam_role.seahorse_iam_role_for_lambdas",
            "module.admin_lambdas.aws_iam_role_policy_attachment.create_preference_exec",
            "module.admin_lambdas.aws_iam_role_policy_attachment.delete_definition_exec",
            "module.admin_lambdas.aws_iam_role_policy_attachment.delete_preference_exec",
            "module.admin_lambdas.aws_iam_role_policy_attachment.get_definition_exec",
            "module.admin_lambdas.aws_iam_role_policy_attachment.get_preference_exec",
            "module.admin_lambdas.aws_iam_role_policy_attachment.lambda_dynamodb",
            "module.admin_lambdas.aws_iam_role_policy_attachment.register_definition_exec",
            "module.admin_lambdas.aws_lambda_alias.CreatePreferenceLambda",
            "module.admin_lambdas.aws_lambda_alias.DeletePreferenceLambda",
            "module.admin_lambdas.aws_lambda_alias.DeleteRegisteredComponent",
            "module.admin_lambdas.aws_lambda_alias.GetPreferenceLambda",
            "module.admin_lambdas.aws_lambda_alias.GetRegisteredComponents",
            "module.admin_lambdas.aws_lambda_alias.RegisterComponentLambda",
            "module.admin_lambdas.aws_lambda_function.CreatePreferenceLambda",
            "module.admin_lambdas.aws_lambda_function.DeletePreferenceLambda",
            "module.admin_lambdas.aws_lambda_function.DeleteRegisteredComponent",
            "module.admin_lambdas.aws_lambda_function.GetPreferenceLambda",
            "module.admin_lambdas.aws_lambda_function.GetRegisteredComponents",
            "module.admin_lambdas.aws_lambda_function.RegisterComponentLambda",
            "module.admin_lambdas.aws_lambda_permission.allow_cloudwatch_to_ping_delete_lambda",
            "module.admin_lambdas.aws_lambda_permission.allow_cloudwatch_to_ping_delete_preference_lambda",
            "module.admin_lambdas.aws_lambda_permission.allow_cloudwatch_to_ping_get_lambda",
            "module.admin_lambdas.aws_lambda_permission.allow_cloudwatch_to_ping_get_preference_lambda",
            "module.admin_lambdas.aws_lambda_permission.allow_cloudwatch_to_ping_preference_lambda",
            "module.admin_lambdas.aws_lambda_permission.allow_cloudwatch_to_ping_register_lambda",
            "module.admin_lambdas.aws_lambda_provisioned_concurrency_config.CreatePreferenceLambda",
            "module.admin_lambdas.aws_lambda_provisioned_concurrency_config.DeletePreferenceLambda",
            "module.admin_lambdas.aws_lambda_provisioned_concurrency_config.DeleteRegisteredComponent",
            "module.admin_lambdas.aws_lambda_provisioned_concurrency_config.GetPreferenceLambda",
            "module.admin_lambdas.aws_lambda_provisioned_concurrency_config.GetRegisteredComponents",
            "module.admin_lambdas.aws_lambda_provisioned_concurrency_config.RegisterComponentLambda",
            "module.auth.aws_cognito_identity_pool.seahorse_identity_pool",
            "module.auth.aws_cognito_identity_pool_roles_attachment.seahorse_identity_pool_roles",
            "module.auth.aws_cognito_identity_provider.identity_provider_sso",
            "module.auth.aws_cognito_user_pool.seahorse_user_pool",
            "module.auth.aws_cognito_user_pool_client.seahorse_web_client",
            "module.auth.aws_cognito_user_pool_domain.domain",
            "module.auth.aws_iam_role.auth_web_iam_role",
            "module.auth.aws_iam_role.unauth_web_iam_role",
            "module.auth.aws_iam_role_policy.web_iam_unauth_role_policy",
            "module.web_backend_api.aws_api_gateway_authorizer.web_authorizer",
            "module.web_backend_api.aws_api_gateway_resource.preferences_api_app_resource",
            "module.web_backend_api.aws_api_gateway_resource.preferences_api_get_all_resource",
            "module.web_backend_api.aws_api_gateway_resource.preferences_api_path_resource",
            "module.web_backend_api.aws_api_gateway_resource.preferences_api_resource",
            "module.web_backend_api.aws_api_gateway_resource.preferences_api_userid_resource",
            "module.web_backend_api.aws_api_gateway_resource.preferences_storage_path_resource",
            "module.web_backend_api.aws_api_gateway_rest_api.web_backend_api"
          ]
        }
      ]
    },
    {
      "module": "module.web_backend_api",
      "mode": "managed",
      "type": "aws_api_gateway_method",
      "name": "web_backend_api_get_method",
      "provider": "provider[\"registry.terraform.io/hashicorp/aws\"]",
      "instances": [
        {
          "schema_version": 0,
          "attributes": {
            "api_key_required": false,
            "authorization": "COGNITO_USER_POOLS",
            "authorization_scopes": null,
            "authorizer_id": "41ad0e",
            "http_method": "GET",
            "id": "agm-1edhruxhh8-xzb0gj-GET",
            "operation_name": null,
            "request_models": {
              "application/json": "Empty"
            },
            "request_parameters": {
              "method.request.header.Content-Type": true
            },
            "request_validator_id": null,
            "resource_id": "xzb0gj",
            "rest_api_id": "1edhruxhh8"
          },
          "private": "bnVsbA==",
          "dependencies": [
            "module.acm.aws_acm_certificate.web_cert",
            "module.admin_lambdas.aws_cloudwatch_event_rule.app_definition_ping",
            "module.admin_lambdas.aws_cloudwatch_event_rule.user_preference_ping",
            "module.admin_lambdas.aws_cloudwatch_event_target.ping_create_preference_lambda",
            "module.admin_lambdas.aws_cloudwatch_event_target.ping_delete_lambda",
            "module.admin_lambdas.aws_cloudwatch_event_target.ping_delete_preference",
            "module.admin_lambdas.aws_cloudwatch_event_target.ping_get_lambda",
            "module.admin_lambdas.aws_cloudwatch_event_target.ping_get_preference",
            "module.admin_lambdas.aws_cloudwatch_event_target.ping_register_lambda",
            "module.admin_lambdas.aws_iam_policy.create_definition_lambdas_exec_policy",
            "module.admin_lambdas.aws_iam_policy.create_preference_lambdas_exec_policy",
            "module.admin_lambdas.aws_iam_policy.delete_definition_lambdas_exec_policy",
            "module.admin_lambdas.aws_iam_policy.delete_preference_lambdas_exec_policy",
            "module.admin_lambdas.aws_iam_policy.get_definition_lambda_exec_policy",
            "module.admin_lambdas.aws_iam_policy.get_preference_lambda_exec_policy",
            "module.admin_lambdas.aws_iam_role.seahorse_iam_role_for_lambdas",
            "module.admin_lambdas.aws_iam_role_policy_attachment.create_preference_exec",
            "module.admin_lambdas.aws_iam_role_policy_attachment.delete_definition_exec",
            "module.admin_lambdas.aws_iam_role_policy_attachment.delete_preference_exec",
            "module.admin_lambdas.aws_iam_role_policy_attachment.get_definition_exec",
            "module.admin_lambdas.aws_iam_role_policy_attachment.get_preference_exec",
            "module.admin_lambdas.aws_iam_role_policy_attachment.lambda_dynamodb",
            "module.admin_lambdas.aws_iam_role_policy_attachment.register_definition_exec",
            "module.admin_lambdas.aws_lambda_alias.CreatePreferenceLambda",
            "module.admin_lambdas.aws_lambda_alias.DeletePreferenceLambda",
            "module.admin_lambdas.aws_lambda_alias.DeleteRegisteredComponent",
            "module.admin_lambdas.aws_lambda_alias.GetPreferenceLambda",
            "module.admin_lambdas.aws_lambda_alias.GetRegisteredComponents",
            "module.admin_lambdas.aws_lambda_alias.RegisterComponentLambda",
            "module.admin_lambdas.aws_lambda_function.CreatePreferenceLambda",
            "module.admin_lambdas.aws_lambda_function.DeletePreferenceLambda",
            "module.admin_lambdas.aws_lambda_function.DeleteRegisteredComponent",
            "module.admin_lambdas.aws_lambda_function.GetPreferenceLambda",
            "module.admin_lambdas.aws_lambda_function.GetRegisteredComponents",
            "module.admin_lambdas.aws_lambda_function.RegisterComponentLambda",
            "module.admin_lambdas.aws_lambda_permission.allow_cloudwatch_to_ping_delete_lambda",
            "module.admin_lambdas.aws_lambda_permission.allow_cloudwatch_to_ping_delete_preference_lambda",
            "module.admin_lambdas.aws_lambda_permission.allow_cloudwatch_to_ping_get_lambda",
            "module.admin_lambdas.aws_lambda_permission.allow_cloudwatch_to_ping_get_preference_lambda",
            "module.admin_lambdas.aws_lambda_permission.allow_cloudwatch_to_ping_preference_lambda",
            "module.admin_lambdas.aws_lambda_permission.allow_cloudwatch_to_ping_register_lambda",
            "module.admin_lambdas.aws_lambda_provisioned_concurrency_config.CreatePreferenceLambda",
            "module.admin_lambdas.aws_lambda_provisioned_concurrency_config.DeletePreferenceLambda",
            "module.admin_lambdas.aws_lambda_provisioned_concurrency_config.DeleteRegisteredComponent",
            "module.admin_lambdas.aws_lambda_provisioned_concurrency_config.GetPreferenceLambda",
            "module.admin_lambdas.aws_lambda_provisioned_concurrency_config.GetRegisteredComponents",
            "module.admin_lambdas.aws_lambda_provisioned_concurrency_config.RegisterComponentLambda",
            "module.auth.aws_cognito_identity_pool.seahorse_identity_pool",
            "module.auth.aws_cognito_identity_pool_roles_attachment.seahorse_identity_pool_roles",
            "module.auth.aws_cognito_identity_provider.identity_provider_sso",
            "module.auth.aws_cognito_user_pool.seahorse_user_pool",
            "module.auth.aws_cognito_user_pool_client.seahorse_web_client",
            "module.auth.aws_cognito_user_pool_domain.domain",
            "module.auth.aws_iam_role.auth_web_iam_role",
            "module.auth.aws_iam_role.unauth_web_iam_role",
            "module.auth.aws_iam_role_policy.web_iam_unauth_role_policy",
            "module.web_backend_api.aws_api_gateway_authorizer.web_authorizer",
            "module.web_backend_api.aws_api_gateway_resource.web_backend_api_resource",
            "module.web_backend_api.aws_api_gateway_rest_api.web_backend_api"
          ]
        }
      ]
    },
    {
      "module": "module.web_backend_api",
      "mode": "managed",
      "type": "aws_api_gateway_method_response",
      "name": "get_all_options_response",
      "provider": "provider[\"registry.terraform.io/hashicorp/aws\"]",
      "instances": [
        {
          "schema_version": 0,
          "attributes": {
            "http_method": "OPTIONS",
            "id": "agmr-1edhruxhh8-53bgag-OPTIONS-200",
            "resource_id": "53bgag",
            "response_models": {
              "application/json": "Empty"
            },
            "response_parameters": {
              "method.response.header.Access-Control-Allow-Headers": true,
              "method.response.header.Access-Control-Allow-Methods": true,
              "method.response.header.Access-Control-Allow-Origin": true
            },
            "rest_api_id": "1edhruxhh8",
            "status_code": "200"
          },
          "private": "bnVsbA==",
          "dependencies": [
            "module.acm.aws_acm_certificate.web_cert",
            "module.admin_lambdas.aws_cloudwatch_event_rule.app_definition_ping",
            "module.admin_lambdas.aws_cloudwatch_event_rule.user_preference_ping",
            "module.admin_lambdas.aws_cloudwatch_event_target.ping_create_preference_lambda",
            "module.admin_lambdas.aws_cloudwatch_event_target.ping_delete_lambda",
            "module.admin_lambdas.aws_cloudwatch_event_target.ping_delete_preference",
            "module.admin_lambdas.aws_cloudwatch_event_target.ping_get_lambda",
            "module.admin_lambdas.aws_cloudwatch_event_target.ping_get_preference",
            "module.admin_lambdas.aws_cloudwatch_event_target.ping_register_lambda",
            "module.admin_lambdas.aws_iam_policy.create_definition_lambdas_exec_policy",
            "module.admin_lambdas.aws_iam_policy.create_preference_lambdas_exec_policy",
            "module.admin_lambdas.aws_iam_policy.delete_definition_lambdas_exec_policy",
            "module.admin_lambdas.aws_iam_policy.delete_preference_lambdas_exec_policy",
            "module.admin_lambdas.aws_iam_policy.get_definition_lambda_exec_policy",
            "module.admin_lambdas.aws_iam_policy.get_preference_lambda_exec_policy",
            "module.admin_lambdas.aws_iam_role.seahorse_iam_role_for_lambdas",
            "module.admin_lambdas.aws_iam_role_policy_attachment.create_preference_exec",
            "module.admin_lambdas.aws_iam_role_policy_attachment.delete_definition_exec",
            "module.admin_lambdas.aws_iam_role_policy_attachment.delete_preference_exec",
            "module.admin_lambdas.aws_iam_role_policy_attachment.get_definition_exec",
            "module.admin_lambdas.aws_iam_role_policy_attachment.get_preference_exec",
            "module.admin_lambdas.aws_iam_role_policy_attachment.lambda_dynamodb",
            "module.admin_lambdas.aws_iam_role_policy_attachment.register_definition_exec",
            "module.admin_lambdas.aws_lambda_alias.CreatePreferenceLambda",
            "module.admin_lambdas.aws_lambda_alias.DeletePreferenceLambda",
            "module.admin_lambdas.aws_lambda_alias.DeleteRegisteredComponent",
            "module.admin_lambdas.aws_lambda_alias.GetPreferenceLambda",
            "module.admin_lambdas.aws_lambda_alias.GetRegisteredComponents",
            "module.admin_lambdas.aws_lambda_alias.RegisterComponentLambda",
            "module.admin_lambdas.aws_lambda_function.CreatePreferenceLambda",
            "module.admin_lambdas.aws_lambda_function.DeletePreferenceLambda",
            "module.admin_lambdas.aws_lambda_function.DeleteRegisteredComponent",
            "module.admin_lambdas.aws_lambda_function.GetPreferenceLambda",
            "module.admin_lambdas.aws_lambda_function.GetRegisteredComponents",
            "module.admin_lambdas.aws_lambda_function.RegisterComponentLambda",
            "module.admin_lambdas.aws_lambda_permission.allow_cloudwatch_to_ping_delete_lambda",
            "module.admin_lambdas.aws_lambda_permission.allow_cloudwatch_to_ping_delete_preference_lambda",
            "module.admin_lambdas.aws_lambda_permission.allow_cloudwatch_to_ping_get_lambda",
            "module.admin_lambdas.aws_lambda_permission.allow_cloudwatch_to_ping_get_preference_lambda",
            "module.admin_lambdas.aws_lambda_permission.allow_cloudwatch_to_ping_preference_lambda",
            "module.admin_lambdas.aws_lambda_permission.allow_cloudwatch_to_ping_register_lambda",
            "module.admin_lambdas.aws_lambda_provisioned_concurrency_config.CreatePreferenceLambda",
            "module.admin_lambdas.aws_lambda_provisioned_concurrency_config.DeletePreferenceLambda",
            "module.admin_lambdas.aws_lambda_provisioned_concurrency_config.DeleteRegisteredComponent",
            "module.admin_lambdas.aws_lambda_provisioned_concurrency_config.GetPreferenceLambda",
            "module.admin_lambdas.aws_lambda_provisioned_concurrency_config.GetRegisteredComponents",
            "module.admin_lambdas.aws_lambda_provisioned_concurrency_config.RegisterComponentLambda",
            "module.auth.aws_cognito_identity_pool.seahorse_identity_pool",
            "module.auth.aws_cognito_identity_pool_roles_attachment.seahorse_identity_pool_roles",
            "module.auth.aws_cognito_identity_provider.identity_provider_sso",
            "module.auth.aws_cognito_user_pool.seahorse_user_pool",
            "module.auth.aws_cognito_user_pool_client.seahorse_web_client",
            "module.auth.aws_cognito_user_pool_domain.domain",
            "module.auth.aws_iam_role.auth_web_iam_role",
            "module.auth.aws_iam_role.unauth_web_iam_role",
            "module.auth.aws_iam_role_policy.web_iam_unauth_role_policy",
            "module.web_backend_api.aws_api_gateway_method.get_all_options_method",
            "module.web_backend_api.aws_api_gateway_resource.preferences_api_app_resource",
            "module.web_backend_api.aws_api_gateway_resource.preferences_api_get_all_resource",
            "module.web_backend_api.aws_api_gateway_resource.preferences_api_path_resource",
            "module.web_backend_api.aws_api_gateway_resource.preferences_api_userid_resource",
            "module.web_backend_api.aws_api_gateway_resource.preferences_storage_path_resource",
            "module.web_backend_api.aws_api_gateway_rest_api.web_backend_api"
          ]
        }
      ]
    },
    {
      "module": "module.web_backend_api",
      "mode": "managed",
      "type": "aws_api_gateway_method_response",
      "name": "get_options_response",
      "provider": "provider[\"registry.terraform.io/hashicorp/aws\"]",
      "instances": [
        {
          "schema_version": 0,
          "attributes": {
            "http_method": "OPTIONS",
            "id": "agmr-1edhruxhh8-bahk9s-OPTIONS-200",
            "resource_id": "bahk9s",
            "response_models": {
              "application/json": "Empty"
            },
            "response_parameters": {
              "method.response.header.Access-Control-Allow-Headers": true,
              "method.response.header.Access-Control-Allow-Methods": true,
              "method.response.header.Access-Control-Allow-Origin": true
            },
            "rest_api_id": "1edhruxhh8",
            "status_code": "200"
          },
          "private": "bnVsbA==",
          "dependencies": [
            "module.acm.aws_acm_certificate.web_cert",
            "module.admin_lambdas.aws_cloudwatch_event_rule.app_definition_ping",
            "module.admin_lambdas.aws_cloudwatch_event_rule.user_preference_ping",
            "module.admin_lambdas.aws_cloudwatch_event_target.ping_create_preference_lambda",
            "module.admin_lambdas.aws_cloudwatch_event_target.ping_delete_lambda",
            "module.admin_lambdas.aws_cloudwatch_event_target.ping_delete_preference",
            "module.admin_lambdas.aws_cloudwatch_event_target.ping_get_lambda",
            "module.admin_lambdas.aws_cloudwatch_event_target.ping_get_preference",
            "module.admin_lambdas.aws_cloudwatch_event_target.ping_register_lambda",
            "module.admin_lambdas.aws_iam_policy.create_definition_lambdas_exec_policy",
            "module.admin_lambdas.aws_iam_policy.create_preference_lambdas_exec_policy",
            "module.admin_lambdas.aws_iam_policy.delete_definition_lambdas_exec_policy",
            "module.admin_lambdas.aws_iam_policy.delete_preference_lambdas_exec_policy",
            "module.admin_lambdas.aws_iam_policy.get_definition_lambda_exec_policy",
            "module.admin_lambdas.aws_iam_policy.get_preference_lambda_exec_policy",
            "module.admin_lambdas.aws_iam_role.seahorse_iam_role_for_lambdas",
            "module.admin_lambdas.aws_iam_role_policy_attachment.create_preference_exec",
            "module.admin_lambdas.aws_iam_role_policy_attachment.delete_definition_exec",
            "module.admin_lambdas.aws_iam_role_policy_attachment.delete_preference_exec",
            "module.admin_lambdas.aws_iam_role_policy_attachment.get_definition_exec",
            "module.admin_lambdas.aws_iam_role_policy_attachment.get_preference_exec",
            "module.admin_lambdas.aws_iam_role_policy_attachment.lambda_dynamodb",
            "module.admin_lambdas.aws_iam_role_policy_attachment.register_definition_exec",
            "module.admin_lambdas.aws_lambda_alias.CreatePreferenceLambda",
            "module.admin_lambdas.aws_lambda_alias.DeletePreferenceLambda",
            "module.admin_lambdas.aws_lambda_alias.DeleteRegisteredComponent",
            "module.admin_lambdas.aws_lambda_alias.GetPreferenceLambda",
            "module.admin_lambdas.aws_lambda_alias.GetRegisteredComponents",
            "module.admin_lambdas.aws_lambda_alias.RegisterComponentLambda",
            "module.admin_lambdas.aws_lambda_function.CreatePreferenceLambda",
            "module.admin_lambdas.aws_lambda_function.DeletePreferenceLambda",
            "module.admin_lambdas.aws_lambda_function.DeleteRegisteredComponent",
            "module.admin_lambdas.aws_lambda_function.GetPreferenceLambda",
            "module.admin_lambdas.aws_lambda_function.GetRegisteredComponents",
            "module.admin_lambdas.aws_lambda_function.RegisterComponentLambda",
            "module.admin_lambdas.aws_lambda_permission.allow_cloudwatch_to_ping_delete_lambda",
            "module.admin_lambdas.aws_lambda_permission.allow_cloudwatch_to_ping_delete_preference_lambda",
            "module.admin_lambdas.aws_lambda_permission.allow_cloudwatch_to_ping_get_lambda",
            "module.admin_lambdas.aws_lambda_permission.allow_cloudwatch_to_ping_get_preference_lambda",
            "module.admin_lambdas.aws_lambda_permission.allow_cloudwatch_to_ping_preference_lambda",
            "module.admin_lambdas.aws_lambda_permission.allow_cloudwatch_to_ping_register_lambda",
            "module.admin_lambdas.aws_lambda_provisioned_concurrency_config.CreatePreferenceLambda",
            "module.admin_lambdas.aws_lambda_provisioned_concurrency_config.DeletePreferenceLambda",
            "module.admin_lambdas.aws_lambda_provisioned_concurrency_config.DeleteRegisteredComponent",
            "module.admin_lambdas.aws_lambda_provisioned_concurrency_config.GetPreferenceLambda",
            "module.admin_lambdas.aws_lambda_provisioned_concurrency_config.GetRegisteredComponents",
            "module.admin_lambdas.aws_lambda_provisioned_concurrency_config.RegisterComponentLambda",
            "module.auth.aws_cognito_identity_pool.seahorse_identity_pool",
            "module.auth.aws_cognito_identity_pool_roles_attachment.seahorse_identity_pool_roles",
            "module.auth.aws_cognito_identity_provider.identity_provider_sso",
            "module.auth.aws_cognito_user_pool.seahorse_user_pool",
            "module.auth.aws_cognito_user_pool_client.seahorse_web_client",
            "module.auth.aws_cognito_user_pool_domain.domain",
            "module.auth.aws_iam_role.auth_web_iam_role",
            "module.auth.aws_iam_role.unauth_web_iam_role",
            "module.auth.aws_iam_role_policy.web_iam_unauth_role_policy",
            "module.web_backend_api.aws_api_gateway_method.get_options_method",
            "module.web_backend_api.aws_api_gateway_resource.preferences_api_app_resource",
            "module.web_backend_api.aws_api_gateway_resource.preferences_api_get_all_resource",
            "module.web_backend_api.aws_api_gateway_resource.preferences_api_path_resource",
            "module.web_backend_api.aws_api_gateway_resource.preferences_api_resource",
            "module.web_backend_api.aws_api_gateway_resource.preferences_api_userid_resource",
            "module.web_backend_api.aws_api_gateway_resource.preferences_storage_path_resource",
            "module.web_backend_api.aws_api_gateway_rest_api.web_backend_api"
          ]
        }
      ]
    },
    {
      "module": "module.web_backend_api",
      "mode": "managed",
      "type": "aws_api_gateway_method_response",
      "name": "mock_options_response",
      "provider": "provider[\"registry.terraform.io/hashicorp/aws\"]",
      "instances": [
        {
          "schema_version": 0,
          "attributes": {
            "http_method": "OPTIONS",
            "id": "agmr-1edhruxhh8-xzb0gj-OPTIONS-200",
            "resource_id": "xzb0gj",
            "response_models": {
              "application/json": "Empty"
            },
            "response_parameters": {
              "method.response.header.Access-Control-Allow-Headers": true,
              "method.response.header.Access-Control-Allow-Methods": true,
              "method.response.header.Access-Control-Allow-Origin": true
            },
            "rest_api_id": "1edhruxhh8",
            "status_code": "200"
          },
          "private": "bnVsbA==",
          "dependencies": [
            "module.acm.aws_acm_certificate.web_cert",
            "module.admin_lambdas.aws_cloudwatch_event_rule.app_definition_ping",
            "module.admin_lambdas.aws_cloudwatch_event_rule.user_preference_ping",
            "module.admin_lambdas.aws_cloudwatch_event_target.ping_create_preference_lambda",
            "module.admin_lambdas.aws_cloudwatch_event_target.ping_delete_lambda",
            "module.admin_lambdas.aws_cloudwatch_event_target.ping_delete_preference",
            "module.admin_lambdas.aws_cloudwatch_event_target.ping_get_lambda",
            "module.admin_lambdas.aws_cloudwatch_event_target.ping_get_preference",
            "module.admin_lambdas.aws_cloudwatch_event_target.ping_register_lambda",
            "module.admin_lambdas.aws_iam_policy.create_definition_lambdas_exec_policy",
            "module.admin_lambdas.aws_iam_policy.create_preference_lambdas_exec_policy",
            "module.admin_lambdas.aws_iam_policy.delete_definition_lambdas_exec_policy",
            "module.admin_lambdas.aws_iam_policy.delete_preference_lambdas_exec_policy",
            "module.admin_lambdas.aws_iam_policy.get_definition_lambda_exec_policy",
            "module.admin_lambdas.aws_iam_policy.get_preference_lambda_exec_policy",
            "module.admin_lambdas.aws_iam_role.seahorse_iam_role_for_lambdas",
            "module.admin_lambdas.aws_iam_role_policy_attachment.create_preference_exec",
            "module.admin_lambdas.aws_iam_role_policy_attachment.delete_definition_exec",
            "module.admin_lambdas.aws_iam_role_policy_attachment.delete_preference_exec",
            "module.admin_lambdas.aws_iam_role_policy_attachment.get_definition_exec",
            "module.admin_lambdas.aws_iam_role_policy_attachment.get_preference_exec",
            "module.admin_lambdas.aws_iam_role_policy_attachment.lambda_dynamodb",
            "module.admin_lambdas.aws_iam_role_policy_attachment.register_definition_exec",
            "module.admin_lambdas.aws_lambda_alias.CreatePreferenceLambda",
            "module.admin_lambdas.aws_lambda_alias.DeletePreferenceLambda",
            "module.admin_lambdas.aws_lambda_alias.DeleteRegisteredComponent",
            "module.admin_lambdas.aws_lambda_alias.GetPreferenceLambda",
            "module.admin_lambdas.aws_lambda_alias.GetRegisteredComponents",
            "module.admin_lambdas.aws_lambda_alias.RegisterComponentLambda",
            "module.admin_lambdas.aws_lambda_function.CreatePreferenceLambda",
            "module.admin_lambdas.aws_lambda_function.DeletePreferenceLambda",
            "module.admin_lambdas.aws_lambda_function.DeleteRegisteredComponent",
            "module.admin_lambdas.aws_lambda_function.GetPreferenceLambda",
            "module.admin_lambdas.aws_lambda_function.GetRegisteredComponents",
            "module.admin_lambdas.aws_lambda_function.RegisterComponentLambda",
            "module.admin_lambdas.aws_lambda_permission.allow_cloudwatch_to_ping_delete_lambda",
            "module.admin_lambdas.aws_lambda_permission.allow_cloudwatch_to_ping_delete_preference_lambda",
            "module.admin_lambdas.aws_lambda_permission.allow_cloudwatch_to_ping_get_lambda",
            "module.admin_lambdas.aws_lambda_permission.allow_cloudwatch_to_ping_get_preference_lambda",
            "module.admin_lambdas.aws_lambda_permission.allow_cloudwatch_to_ping_preference_lambda",
            "module.admin_lambdas.aws_lambda_permission.allow_cloudwatch_to_ping_register_lambda",
            "module.admin_lambdas.aws_lambda_provisioned_concurrency_config.CreatePreferenceLambda",
            "module.admin_lambdas.aws_lambda_provisioned_concurrency_config.DeletePreferenceLambda",
            "module.admin_lambdas.aws_lambda_provisioned_concurrency_config.DeleteRegisteredComponent",
            "module.admin_lambdas.aws_lambda_provisioned_concurrency_config.GetPreferenceLambda",
            "module.admin_lambdas.aws_lambda_provisioned_concurrency_config.GetRegisteredComponents",
            "module.admin_lambdas.aws_lambda_provisioned_concurrency_config.RegisterComponentLambda",
            "module.auth.aws_cognito_identity_pool.seahorse_identity_pool",
            "module.auth.aws_cognito_identity_pool_roles_attachment.seahorse_identity_pool_roles",
            "module.auth.aws_cognito_identity_provider.identity_provider_sso",
            "module.auth.aws_cognito_user_pool.seahorse_user_pool",
            "module.auth.aws_cognito_user_pool_client.seahorse_web_client",
            "module.auth.aws_cognito_user_pool_domain.domain",
            "module.auth.aws_iam_role.auth_web_iam_role",
            "module.auth.aws_iam_role.unauth_web_iam_role",
            "module.auth.aws_iam_role_policy.web_iam_unauth_role_policy",
            "module.web_backend_api.aws_api_gateway_method.mock_options_method",
            "module.web_backend_api.aws_api_gateway_resource.web_backend_api_resource",
            "module.web_backend_api.aws_api_gateway_rest_api.web_backend_api"
          ]
        }
      ]
    },
    {
      "module": "module.web_backend_api",
      "mode": "managed",
      "type": "aws_api_gateway_method_response",
      "name": "preferences_api_create_method_response",
      "provider": "provider[\"registry.terraform.io/hashicorp/aws\"]",
      "instances": [
        {
          "schema_version": 0,
          "attributes": {
            "http_method": "POST",
            "id": "agmr-1edhruxhh8-bahk9s-POST-200",
            "resource_id": "bahk9s",
            "response_models": null,
            "response_parameters": {
              "method.response.header.Access-Control-Allow-Origin": true
            },
            "rest_api_id": "1edhruxhh8",
            "status_code": "200"
          },
          "private": "bnVsbA==",
          "dependencies": [
            "module.acm.aws_acm_certificate.web_cert",
            "module.admin_lambdas.aws_cloudwatch_event_rule.app_definition_ping",
            "module.admin_lambdas.aws_cloudwatch_event_rule.user_preference_ping",
            "module.admin_lambdas.aws_cloudwatch_event_target.ping_create_preference_lambda",
            "module.admin_lambdas.aws_cloudwatch_event_target.ping_delete_lambda",
            "module.admin_lambdas.aws_cloudwatch_event_target.ping_delete_preference",
            "module.admin_lambdas.aws_cloudwatch_event_target.ping_get_lambda",
            "module.admin_lambdas.aws_cloudwatch_event_target.ping_get_preference",
            "module.admin_lambdas.aws_cloudwatch_event_target.ping_register_lambda",
            "module.admin_lambdas.aws_iam_policy.create_definition_lambdas_exec_policy",
            "module.admin_lambdas.aws_iam_policy.create_preference_lambdas_exec_policy",
            "module.admin_lambdas.aws_iam_policy.delete_definition_lambdas_exec_policy",
            "module.admin_lambdas.aws_iam_policy.delete_preference_lambdas_exec_policy",
            "module.admin_lambdas.aws_iam_policy.get_definition_lambda_exec_policy",
            "module.admin_lambdas.aws_iam_policy.get_preference_lambda_exec_policy",
            "module.admin_lambdas.aws_iam_role.seahorse_iam_role_for_lambdas",
            "module.admin_lambdas.aws_iam_role_policy_attachment.create_preference_exec",
            "module.admin_lambdas.aws_iam_role_policy_attachment.delete_definition_exec",
            "module.admin_lambdas.aws_iam_role_policy_attachment.delete_preference_exec",
            "module.admin_lambdas.aws_iam_role_policy_attachment.get_definition_exec",
            "module.admin_lambdas.aws_iam_role_policy_attachment.get_preference_exec",
            "module.admin_lambdas.aws_iam_role_policy_attachment.lambda_dynamodb",
            "module.admin_lambdas.aws_iam_role_policy_attachment.register_definition_exec",
            "module.admin_lambdas.aws_lambda_alias.CreatePreferenceLambda",
            "module.admin_lambdas.aws_lambda_alias.DeletePreferenceLambda",
            "module.admin_lambdas.aws_lambda_alias.DeleteRegisteredComponent",
            "module.admin_lambdas.aws_lambda_alias.GetPreferenceLambda",
            "module.admin_lambdas.aws_lambda_alias.GetRegisteredComponents",
            "module.admin_lambdas.aws_lambda_alias.RegisterComponentLambda",
            "module.admin_lambdas.aws_lambda_function.CreatePreferenceLambda",
            "module.admin_lambdas.aws_lambda_function.DeletePreferenceLambda",
            "module.admin_lambdas.aws_lambda_function.DeleteRegisteredComponent",
            "module.admin_lambdas.aws_lambda_function.GetPreferenceLambda",
            "module.admin_lambdas.aws_lambda_function.GetRegisteredComponents",
            "module.admin_lambdas.aws_lambda_function.RegisterComponentLambda",
            "module.admin_lambdas.aws_lambda_permission.allow_cloudwatch_to_ping_delete_lambda",
            "module.admin_lambdas.aws_lambda_permission.allow_cloudwatch_to_ping_delete_preference_lambda",
            "module.admin_lambdas.aws_lambda_permission.allow_cloudwatch_to_ping_get_lambda",
            "module.admin_lambdas.aws_lambda_permission.allow_cloudwatch_to_ping_get_preference_lambda",
            "module.admin_lambdas.aws_lambda_permission.allow_cloudwatch_to_ping_preference_lambda",
            "module.admin_lambdas.aws_lambda_permission.allow_cloudwatch_to_ping_register_lambda",
            "module.admin_lambdas.aws_lambda_provisioned_concurrency_config.CreatePreferenceLambda",
            "module.admin_lambdas.aws_lambda_provisioned_concurrency_config.DeletePreferenceLambda",
            "module.admin_lambdas.aws_lambda_provisioned_concurrency_config.DeleteRegisteredComponent",
            "module.admin_lambdas.aws_lambda_provisioned_concurrency_config.GetPreferenceLambda",
            "module.admin_lambdas.aws_lambda_provisioned_concurrency_config.GetRegisteredComponents",
            "module.admin_lambdas.aws_lambda_provisioned_concurrency_config.RegisterComponentLambda",
            "module.auth.aws_cognito_identity_pool.seahorse_identity_pool",
            "module.auth.aws_cognito_identity_pool_roles_attachment.seahorse_identity_pool_roles",
            "module.auth.aws_cognito_identity_provider.identity_provider_sso",
            "module.auth.aws_cognito_user_pool.seahorse_user_pool",
            "module.auth.aws_cognito_user_pool_client.seahorse_web_client",
            "module.auth.aws_cognito_user_pool_domain.domain",
            "module.auth.aws_iam_role.auth_web_iam_role",
            "module.auth.aws_iam_role.unauth_web_iam_role",
            "module.auth.aws_iam_role_policy.web_iam_unauth_role_policy",
            "module.web_backend_api.aws_api_gateway_authorizer.web_authorizer",
            "module.web_backend_api.aws_api_gateway_method.preferences_api_create_method",
            "module.web_backend_api.aws_api_gateway_resource.preferences_api_app_resource",
            "module.web_backend_api.aws_api_gateway_resource.preferences_api_get_all_resource",
            "module.web_backend_api.aws_api_gateway_resource.preferences_api_path_resource",
            "module.web_backend_api.aws_api_gateway_resource.preferences_api_resource",
            "module.web_backend_api.aws_api_gateway_resource.preferences_api_userid_resource",
            "module.web_backend_api.aws_api_gateway_resource.preferences_storage_path_resource",
            "module.web_backend_api.aws_api_gateway_rest_api.web_backend_api"
          ]
        }
      ]
    },
    {
      "module": "module.web_backend_api",
      "mode": "managed",
      "type": "aws_api_gateway_method_response",
      "name": "preferences_api_delete_method_response",
      "provider": "provider[\"registry.terraform.io/hashicorp/aws\"]",
      "instances": [
        {
          "schema_version": 0,
          "attributes": {
            "http_method": "DELETE",
            "id": "agmr-1edhruxhh8-bahk9s-DELETE-200",
            "resource_id": "bahk9s",
            "response_models": null,
            "response_parameters": {
              "method.response.header.Access-Control-Allow-Origin": true
            },
            "rest_api_id": "1edhruxhh8",
            "status_code": "200"
          },
          "private": "bnVsbA==",
          "dependencies": [
            "module.acm.aws_acm_certificate.web_cert",
            "module.admin_lambdas.aws_cloudwatch_event_rule.app_definition_ping",
            "module.admin_lambdas.aws_cloudwatch_event_rule.user_preference_ping",
            "module.admin_lambdas.aws_cloudwatch_event_target.ping_create_preference_lambda",
            "module.admin_lambdas.aws_cloudwatch_event_target.ping_delete_lambda",
            "module.admin_lambdas.aws_cloudwatch_event_target.ping_delete_preference",
            "module.admin_lambdas.aws_cloudwatch_event_target.ping_get_lambda",
            "module.admin_lambdas.aws_cloudwatch_event_target.ping_get_preference",
            "module.admin_lambdas.aws_cloudwatch_event_target.ping_register_lambda",
            "module.admin_lambdas.aws_iam_policy.create_definition_lambdas_exec_policy",
            "module.admin_lambdas.aws_iam_policy.create_preference_lambdas_exec_policy",
            "module.admin_lambdas.aws_iam_policy.delete_definition_lambdas_exec_policy",
            "module.admin_lambdas.aws_iam_policy.delete_preference_lambdas_exec_policy",
            "module.admin_lambdas.aws_iam_policy.get_definition_lambda_exec_policy",
            "module.admin_lambdas.aws_iam_policy.get_preference_lambda_exec_policy",
            "module.admin_lambdas.aws_iam_role.seahorse_iam_role_for_lambdas",
            "module.admin_lambdas.aws_iam_role_policy_attachment.create_preference_exec",
            "module.admin_lambdas.aws_iam_role_policy_attachment.delete_definition_exec",
            "module.admin_lambdas.aws_iam_role_policy_attachment.delete_preference_exec",
            "module.admin_lambdas.aws_iam_role_policy_attachment.get_definition_exec",
            "module.admin_lambdas.aws_iam_role_policy_attachment.get_preference_exec",
            "module.admin_lambdas.aws_iam_role_policy_attachment.lambda_dynamodb",
            "module.admin_lambdas.aws_iam_role_policy_attachment.register_definition_exec",
            "module.admin_lambdas.aws_lambda_alias.CreatePreferenceLambda",
            "module.admin_lambdas.aws_lambda_alias.DeletePreferenceLambda",
            "module.admin_lambdas.aws_lambda_alias.DeleteRegisteredComponent",
            "module.admin_lambdas.aws_lambda_alias.GetPreferenceLambda",
            "module.admin_lambdas.aws_lambda_alias.GetRegisteredComponents",
            "module.admin_lambdas.aws_lambda_alias.RegisterComponentLambda",
            "module.admin_lambdas.aws_lambda_function.CreatePreferenceLambda",
            "module.admin_lambdas.aws_lambda_function.DeletePreferenceLambda",
            "module.admin_lambdas.aws_lambda_function.DeleteRegisteredComponent",
            "module.admin_lambdas.aws_lambda_function.GetPreferenceLambda",
            "module.admin_lambdas.aws_lambda_function.GetRegisteredComponents",
            "module.admin_lambdas.aws_lambda_function.RegisterComponentLambda",
            "module.admin_lambdas.aws_lambda_permission.allow_cloudwatch_to_ping_delete_lambda",
            "module.admin_lambdas.aws_lambda_permission.allow_cloudwatch_to_ping_delete_preference_lambda",
            "module.admin_lambdas.aws_lambda_permission.allow_cloudwatch_to_ping_get_lambda",
            "module.admin_lambdas.aws_lambda_permission.allow_cloudwatch_to_ping_get_preference_lambda",
            "module.admin_lambdas.aws_lambda_permission.allow_cloudwatch_to_ping_preference_lambda",
            "module.admin_lambdas.aws_lambda_permission.allow_cloudwatch_to_ping_register_lambda",
            "module.admin_lambdas.aws_lambda_provisioned_concurrency_config.CreatePreferenceLambda",
            "module.admin_lambdas.aws_lambda_provisioned_concurrency_config.DeletePreferenceLambda",
            "module.admin_lambdas.aws_lambda_provisioned_concurrency_config.DeleteRegisteredComponent",
            "module.admin_lambdas.aws_lambda_provisioned_concurrency_config.GetPreferenceLambda",
            "module.admin_lambdas.aws_lambda_provisioned_concurrency_config.GetRegisteredComponents",
            "module.admin_lambdas.aws_lambda_provisioned_concurrency_config.RegisterComponentLambda",
            "module.auth.aws_cognito_identity_pool.seahorse_identity_pool",
            "module.auth.aws_cognito_identity_pool_roles_attachment.seahorse_identity_pool_roles",
            "module.auth.aws_cognito_identity_provider.identity_provider_sso",
            "module.auth.aws_cognito_user_pool.seahorse_user_pool",
            "module.auth.aws_cognito_user_pool_client.seahorse_web_client",
            "module.auth.aws_cognito_user_pool_domain.domain",
            "module.auth.aws_iam_role.auth_web_iam_role",
            "module.auth.aws_iam_role.unauth_web_iam_role",
            "module.auth.aws_iam_role_policy.web_iam_unauth_role_policy",
            "module.web_backend_api.aws_api_gateway_authorizer.web_authorizer",
            "module.web_backend_api.aws_api_gateway_method.preferences_api_delete_method",
            "module.web_backend_api.aws_api_gateway_resource.preferences_api_app_resource",
            "module.web_backend_api.aws_api_gateway_resource.preferences_api_get_all_resource",
            "module.web_backend_api.aws_api_gateway_resource.preferences_api_path_resource",
            "module.web_backend_api.aws_api_gateway_resource.preferences_api_resource",
            "module.web_backend_api.aws_api_gateway_resource.preferences_api_userid_resource",
            "module.web_backend_api.aws_api_gateway_resource.preferences_storage_path_resource",
            "module.web_backend_api.aws_api_gateway_rest_api.web_backend_api"
          ]
        }
      ]
    },
    {
      "module": "module.web_backend_api",
      "mode": "managed",
      "type": "aws_api_gateway_method_response",
      "name": "preferences_api_get_all_method_response",
      "provider": "provider[\"registry.terraform.io/hashicorp/aws\"]",
      "instances": [
        {
          "schema_version": 0,
          "attributes": {
            "http_method": "GET",
            "id": "agmr-1edhruxhh8-53bgag-GET-200",
            "resource_id": "53bgag",
            "response_models": null,
            "response_parameters": {
              "method.response.header.Access-Control-Allow-Origin": true
            },
            "rest_api_id": "1edhruxhh8",
            "status_code": "200"
          },
          "private": "bnVsbA==",
          "dependencies": [
            "module.acm.aws_acm_certificate.web_cert",
            "module.admin_lambdas.aws_cloudwatch_event_rule.app_definition_ping",
            "module.admin_lambdas.aws_cloudwatch_event_rule.user_preference_ping",
            "module.admin_lambdas.aws_cloudwatch_event_target.ping_create_preference_lambda",
            "module.admin_lambdas.aws_cloudwatch_event_target.ping_delete_lambda",
            "module.admin_lambdas.aws_cloudwatch_event_target.ping_delete_preference",
            "module.admin_lambdas.aws_cloudwatch_event_target.ping_get_lambda",
            "module.admin_lambdas.aws_cloudwatch_event_target.ping_get_preference",
            "module.admin_lambdas.aws_cloudwatch_event_target.ping_register_lambda",
            "module.admin_lambdas.aws_iam_policy.create_definition_lambdas_exec_policy",
            "module.admin_lambdas.aws_iam_policy.create_preference_lambdas_exec_policy",
            "module.admin_lambdas.aws_iam_policy.delete_definition_lambdas_exec_policy",
            "module.admin_lambdas.aws_iam_policy.delete_preference_lambdas_exec_policy",
            "module.admin_lambdas.aws_iam_policy.get_definition_lambda_exec_policy",
            "module.admin_lambdas.aws_iam_policy.get_preference_lambda_exec_policy",
            "module.admin_lambdas.aws_iam_role.seahorse_iam_role_for_lambdas",
            "module.admin_lambdas.aws_iam_role_policy_attachment.create_preference_exec",
            "module.admin_lambdas.aws_iam_role_policy_attachment.delete_definition_exec",
            "module.admin_lambdas.aws_iam_role_policy_attachment.delete_preference_exec",
            "module.admin_lambdas.aws_iam_role_policy_attachment.get_definition_exec",
            "module.admin_lambdas.aws_iam_role_policy_attachment.get_preference_exec",
            "module.admin_lambdas.aws_iam_role_policy_attachment.lambda_dynamodb",
            "module.admin_lambdas.aws_iam_role_policy_attachment.register_definition_exec",
            "module.admin_lambdas.aws_lambda_alias.CreatePreferenceLambda",
            "module.admin_lambdas.aws_lambda_alias.DeletePreferenceLambda",
            "module.admin_lambdas.aws_lambda_alias.DeleteRegisteredComponent",
            "module.admin_lambdas.aws_lambda_alias.GetPreferenceLambda",
            "module.admin_lambdas.aws_lambda_alias.GetRegisteredComponents",
            "module.admin_lambdas.aws_lambda_alias.RegisterComponentLambda",
            "module.admin_lambdas.aws_lambda_function.CreatePreferenceLambda",
            "module.admin_lambdas.aws_lambda_function.DeletePreferenceLambda",
            "module.admin_lambdas.aws_lambda_function.DeleteRegisteredComponent",
            "module.admin_lambdas.aws_lambda_function.GetPreferenceLambda",
            "module.admin_lambdas.aws_lambda_function.GetRegisteredComponents",
            "module.admin_lambdas.aws_lambda_function.RegisterComponentLambda",
            "module.admin_lambdas.aws_lambda_permission.allow_cloudwatch_to_ping_delete_lambda",
            "module.admin_lambdas.aws_lambda_permission.allow_cloudwatch_to_ping_delete_preference_lambda",
            "module.admin_lambdas.aws_lambda_permission.allow_cloudwatch_to_ping_get_lambda",
            "module.admin_lambdas.aws_lambda_permission.allow_cloudwatch_to_ping_get_preference_lambda",
            "module.admin_lambdas.aws_lambda_permission.allow_cloudwatch_to_ping_preference_lambda",
            "module.admin_lambdas.aws_lambda_permission.allow_cloudwatch_to_ping_register_lambda",
            "module.admin_lambdas.aws_lambda_provisioned_concurrency_config.CreatePreferenceLambda",
            "module.admin_lambdas.aws_lambda_provisioned_concurrency_config.DeletePreferenceLambda",
            "module.admin_lambdas.aws_lambda_provisioned_concurrency_config.DeleteRegisteredComponent",
            "module.admin_lambdas.aws_lambda_provisioned_concurrency_config.GetPreferenceLambda",
            "module.admin_lambdas.aws_lambda_provisioned_concurrency_config.GetRegisteredComponents",
            "module.admin_lambdas.aws_lambda_provisioned_concurrency_config.RegisterComponentLambda",
            "module.auth.aws_cognito_identity_pool.seahorse_identity_pool",
            "module.auth.aws_cognito_identity_pool_roles_attachment.seahorse_identity_pool_roles",
            "module.auth.aws_cognito_identity_provider.identity_provider_sso",
            "module.auth.aws_cognito_user_pool.seahorse_user_pool",
            "module.auth.aws_cognito_user_pool_client.seahorse_web_client",
            "module.auth.aws_cognito_user_pool_domain.domain",
            "module.auth.aws_iam_role.auth_web_iam_role",
            "module.auth.aws_iam_role.unauth_web_iam_role",
            "module.auth.aws_iam_role_policy.web_iam_unauth_role_policy",
            "module.web_backend_api.aws_api_gateway_authorizer.web_authorizer",
            "module.web_backend_api.aws_api_gateway_method.preferences_api_get_all_method",
            "module.web_backend_api.aws_api_gateway_resource.preferences_api_app_resource",
            "module.web_backend_api.aws_api_gateway_resource.preferences_api_get_all_resource",
            "module.web_backend_api.aws_api_gateway_resource.preferences_api_path_resource",
            "module.web_backend_api.aws_api_gateway_resource.preferences_api_userid_resource",
            "module.web_backend_api.aws_api_gateway_resource.preferences_storage_path_resource",
            "module.web_backend_api.aws_api_gateway_rest_api.web_backend_api"
          ]
        }
      ]
    },
    {
      "module": "module.web_backend_api",
      "mode": "managed",
      "type": "aws_api_gateway_method_response",
      "name": "preferences_api_get_method_response",
      "provider": "provider[\"registry.terraform.io/hashicorp/aws\"]",
      "instances": [
        {
          "schema_version": 0,
          "attributes": {
            "http_method": "GET",
            "id": "agmr-1edhruxhh8-bahk9s-GET-200",
            "resource_id": "bahk9s",
            "response_models": null,
            "response_parameters": {
              "method.response.header.Access-Control-Allow-Origin": true
            },
            "rest_api_id": "1edhruxhh8",
            "status_code": "200"
          },
          "private": "bnVsbA==",
          "dependencies": [
            "module.acm.aws_acm_certificate.web_cert",
            "module.admin_lambdas.aws_cloudwatch_event_rule.app_definition_ping",
            "module.admin_lambdas.aws_cloudwatch_event_rule.user_preference_ping",
            "module.admin_lambdas.aws_cloudwatch_event_target.ping_create_preference_lambda",
            "module.admin_lambdas.aws_cloudwatch_event_target.ping_delete_lambda",
            "module.admin_lambdas.aws_cloudwatch_event_target.ping_delete_preference",
            "module.admin_lambdas.aws_cloudwatch_event_target.ping_get_lambda",
            "module.admin_lambdas.aws_cloudwatch_event_target.ping_get_preference",
            "module.admin_lambdas.aws_cloudwatch_event_target.ping_register_lambda",
            "module.admin_lambdas.aws_iam_policy.create_definition_lambdas_exec_policy",
            "module.admin_lambdas.aws_iam_policy.create_preference_lambdas_exec_policy",
            "module.admin_lambdas.aws_iam_policy.delete_definition_lambdas_exec_policy",
            "module.admin_lambdas.aws_iam_policy.delete_preference_lambdas_exec_policy",
            "module.admin_lambdas.aws_iam_policy.get_definition_lambda_exec_policy",
            "module.admin_lambdas.aws_iam_policy.get_preference_lambda_exec_policy",
            "module.admin_lambdas.aws_iam_role.seahorse_iam_role_for_lambdas",
            "module.admin_lambdas.aws_iam_role_policy_attachment.create_preference_exec",
            "module.admin_lambdas.aws_iam_role_policy_attachment.delete_definition_exec",
            "module.admin_lambdas.aws_iam_role_policy_attachment.delete_preference_exec",
            "module.admin_lambdas.aws_iam_role_policy_attachment.get_definition_exec",
            "module.admin_lambdas.aws_iam_role_policy_attachment.get_preference_exec",
            "module.admin_lambdas.aws_iam_role_policy_attachment.lambda_dynamodb",
            "module.admin_lambdas.aws_iam_role_policy_attachment.register_definition_exec",
            "module.admin_lambdas.aws_lambda_alias.CreatePreferenceLambda",
            "module.admin_lambdas.aws_lambda_alias.DeletePreferenceLambda",
            "module.admin_lambdas.aws_lambda_alias.DeleteRegisteredComponent",
            "module.admin_lambdas.aws_lambda_alias.GetPreferenceLambda",
            "module.admin_lambdas.aws_lambda_alias.GetRegisteredComponents",
            "module.admin_lambdas.aws_lambda_alias.RegisterComponentLambda",
            "module.admin_lambdas.aws_lambda_function.CreatePreferenceLambda",
            "module.admin_lambdas.aws_lambda_function.DeletePreferenceLambda",
            "module.admin_lambdas.aws_lambda_function.DeleteRegisteredComponent",
            "module.admin_lambdas.aws_lambda_function.GetPreferenceLambda",
            "module.admin_lambdas.aws_lambda_function.GetRegisteredComponents",
            "module.admin_lambdas.aws_lambda_function.RegisterComponentLambda",
            "module.admin_lambdas.aws_lambda_permission.allow_cloudwatch_to_ping_delete_lambda",
            "module.admin_lambdas.aws_lambda_permission.allow_cloudwatch_to_ping_delete_preference_lambda",
            "module.admin_lambdas.aws_lambda_permission.allow_cloudwatch_to_ping_get_lambda",
            "module.admin_lambdas.aws_lambda_permission.allow_cloudwatch_to_ping_get_preference_lambda",
            "module.admin_lambdas.aws_lambda_permission.allow_cloudwatch_to_ping_preference_lambda",
            "module.admin_lambdas.aws_lambda_permission.allow_cloudwatch_to_ping_register_lambda",
            "module.admin_lambdas.aws_lambda_provisioned_concurrency_config.CreatePreferenceLambda",
            "module.admin_lambdas.aws_lambda_provisioned_concurrency_config.DeletePreferenceLambda",
            "module.admin_lambdas.aws_lambda_provisioned_concurrency_config.DeleteRegisteredComponent",
            "module.admin_lambdas.aws_lambda_provisioned_concurrency_config.GetPreferenceLambda",
            "module.admin_lambdas.aws_lambda_provisioned_concurrency_config.GetRegisteredComponents",
            "module.admin_lambdas.aws_lambda_provisioned_concurrency_config.RegisterComponentLambda",
            "module.auth.aws_cognito_identity_pool.seahorse_identity_pool",
            "module.auth.aws_cognito_identity_pool_roles_attachment.seahorse_identity_pool_roles",
            "module.auth.aws_cognito_identity_provider.identity_provider_sso",
            "module.auth.aws_cognito_user_pool.seahorse_user_pool",
            "module.auth.aws_cognito_user_pool_client.seahorse_web_client",
            "module.auth.aws_cognito_user_pool_domain.domain",
            "module.auth.aws_iam_role.auth_web_iam_role",
            "module.auth.aws_iam_role.unauth_web_iam_role",
            "module.auth.aws_iam_role_policy.web_iam_unauth_role_policy",
            "module.web_backend_api.aws_api_gateway_authorizer.web_authorizer",
            "module.web_backend_api.aws_api_gateway_method.preferences_api_get_method",
            "module.web_backend_api.aws_api_gateway_resource.preferences_api_app_resource",
            "module.web_backend_api.aws_api_gateway_resource.preferences_api_get_all_resource",
            "module.web_backend_api.aws_api_gateway_resource.preferences_api_path_resource",
            "module.web_backend_api.aws_api_gateway_resource.preferences_api_resource",
            "module.web_backend_api.aws_api_gateway_resource.preferences_api_userid_resource",
            "module.web_backend_api.aws_api_gateway_resource.preferences_storage_path_resource",
            "module.web_backend_api.aws_api_gateway_rest_api.web_backend_api"
          ]
        }
      ]
    },
    {
      "module": "module.web_backend_api",
      "mode": "managed",
      "type": "aws_api_gateway_method_response",
      "name": "web_backend_api_get_method_response",
      "provider": "provider[\"registry.terraform.io/hashicorp/aws\"]",
      "instances": [
        {
          "schema_version": 0,
          "attributes": {
            "http_method": "GET",
            "id": "agmr-1edhruxhh8-xzb0gj-GET-200",
            "resource_id": "xzb0gj",
            "response_models": null,
            "response_parameters": {
              "method.response.header.Access-Control-Allow-Origin": true
            },
            "rest_api_id": "1edhruxhh8",
            "status_code": "200"
          },
          "private": "bnVsbA==",
          "dependencies": [
            "module.acm.aws_acm_certificate.web_cert",
            "module.admin_lambdas.aws_cloudwatch_event_rule.app_definition_ping",
            "module.admin_lambdas.aws_cloudwatch_event_rule.user_preference_ping",
            "module.admin_lambdas.aws_cloudwatch_event_target.ping_create_preference_lambda",
            "module.admin_lambdas.aws_cloudwatch_event_target.ping_delete_lambda",
            "module.admin_lambdas.aws_cloudwatch_event_target.ping_delete_preference",
            "module.admin_lambdas.aws_cloudwatch_event_target.ping_get_lambda",
            "module.admin_lambdas.aws_cloudwatch_event_target.ping_get_preference",
            "module.admin_lambdas.aws_cloudwatch_event_target.ping_register_lambda",
            "module.admin_lambdas.aws_iam_policy.create_definition_lambdas_exec_policy",
            "module.admin_lambdas.aws_iam_policy.create_preference_lambdas_exec_policy",
            "module.admin_lambdas.aws_iam_policy.delete_definition_lambdas_exec_policy",
            "module.admin_lambdas.aws_iam_policy.delete_preference_lambdas_exec_policy",
            "module.admin_lambdas.aws_iam_policy.get_definition_lambda_exec_policy",
            "module.admin_lambdas.aws_iam_policy.get_preference_lambda_exec_policy",
            "module.admin_lambdas.aws_iam_role.seahorse_iam_role_for_lambdas",
            "module.admin_lambdas.aws_iam_role_policy_attachment.create_preference_exec",
            "module.admin_lambdas.aws_iam_role_policy_attachment.delete_definition_exec",
            "module.admin_lambdas.aws_iam_role_policy_attachment.delete_preference_exec",
            "module.admin_lambdas.aws_iam_role_policy_attachment.get_definition_exec",
            "module.admin_lambdas.aws_iam_role_policy_attachment.get_preference_exec",
            "module.admin_lambdas.aws_iam_role_policy_attachment.lambda_dynamodb",
            "module.admin_lambdas.aws_iam_role_policy_attachment.register_definition_exec",
            "module.admin_lambdas.aws_lambda_alias.CreatePreferenceLambda",
            "module.admin_lambdas.aws_lambda_alias.DeletePreferenceLambda",
            "module.admin_lambdas.aws_lambda_alias.DeleteRegisteredComponent",
            "module.admin_lambdas.aws_lambda_alias.GetPreferenceLambda",
            "module.admin_lambdas.aws_lambda_alias.GetRegisteredComponents",
            "module.admin_lambdas.aws_lambda_alias.RegisterComponentLambda",
            "module.admin_lambdas.aws_lambda_function.CreatePreferenceLambda",
            "module.admin_lambdas.aws_lambda_function.DeletePreferenceLambda",
            "module.admin_lambdas.aws_lambda_function.DeleteRegisteredComponent",
            "module.admin_lambdas.aws_lambda_function.GetPreferenceLambda",
            "module.admin_lambdas.aws_lambda_function.GetRegisteredComponents",
            "module.admin_lambdas.aws_lambda_function.RegisterComponentLambda",
            "module.admin_lambdas.aws_lambda_permission.allow_cloudwatch_to_ping_delete_lambda",
            "module.admin_lambdas.aws_lambda_permission.allow_cloudwatch_to_ping_delete_preference_lambda",
            "module.admin_lambdas.aws_lambda_permission.allow_cloudwatch_to_ping_get_lambda",
            "module.admin_lambdas.aws_lambda_permission.allow_cloudwatch_to_ping_get_preference_lambda",
            "module.admin_lambdas.aws_lambda_permission.allow_cloudwatch_to_ping_preference_lambda",
            "module.admin_lambdas.aws_lambda_permission.allow_cloudwatch_to_ping_register_lambda",
            "module.admin_lambdas.aws_lambda_provisioned_concurrency_config.CreatePreferenceLambda",
            "module.admin_lambdas.aws_lambda_provisioned_concurrency_config.DeletePreferenceLambda",
            "module.admin_lambdas.aws_lambda_provisioned_concurrency_config.DeleteRegisteredComponent",
            "module.admin_lambdas.aws_lambda_provisioned_concurrency_config.GetPreferenceLambda",
            "module.admin_lambdas.aws_lambda_provisioned_concurrency_config.GetRegisteredComponents",
            "module.admin_lambdas.aws_lambda_provisioned_concurrency_config.RegisterComponentLambda",
            "module.auth.aws_cognito_identity_pool.seahorse_identity_pool",
            "module.auth.aws_cognito_identity_pool_roles_attachment.seahorse_identity_pool_roles",
            "module.auth.aws_cognito_identity_provider.identity_provider_sso",
            "module.auth.aws_cognito_user_pool.seahorse_user_pool",
            "module.auth.aws_cognito_user_pool_client.seahorse_web_client",
            "module.auth.aws_cognito_user_pool_domain.domain",
            "module.auth.aws_iam_role.auth_web_iam_role",
            "module.auth.aws_iam_role.unauth_web_iam_role",
            "module.auth.aws_iam_role_policy.web_iam_unauth_role_policy",
            "module.web_backend_api.aws_api_gateway_authorizer.web_authorizer",
            "module.web_backend_api.aws_api_gateway_method.web_backend_api_get_method",
            "module.web_backend_api.aws_api_gateway_resource.web_backend_api_resource",
            "module.web_backend_api.aws_api_gateway_rest_api.web_backend_api"
          ]
        }
      ]
    },
    {
      "module": "module.web_backend_api",
      "mode": "managed",
      "type": "aws_api_gateway_resource",
      "name": "preferences_api_app_resource",
      "provider": "provider[\"registry.terraform.io/hashicorp/aws\"]",
      "instances": [
        {
          "schema_version": 0,
          "attributes": {
            "id": "6f960s",
            "parent_id": "v74652",
            "path": "/storage/api/app",
            "path_part": "app",
            "rest_api_id": "1edhruxhh8"
          },
          "private": "bnVsbA==",
          "dependencies": [
            "module.acm.aws_acm_certificate.web_cert",
            "module.admin_lambdas.aws_cloudwatch_event_rule.app_definition_ping",
            "module.admin_lambdas.aws_cloudwatch_event_rule.user_preference_ping",
            "module.admin_lambdas.aws_cloudwatch_event_target.ping_create_preference_lambda",
            "module.admin_lambdas.aws_cloudwatch_event_target.ping_delete_lambda",
            "module.admin_lambdas.aws_cloudwatch_event_target.ping_delete_preference",
            "module.admin_lambdas.aws_cloudwatch_event_target.ping_get_lambda",
            "module.admin_lambdas.aws_cloudwatch_event_target.ping_get_preference",
            "module.admin_lambdas.aws_cloudwatch_event_target.ping_register_lambda",
            "module.admin_lambdas.aws_iam_policy.create_definition_lambdas_exec_policy",
            "module.admin_lambdas.aws_iam_policy.create_preference_lambdas_exec_policy",
            "module.admin_lambdas.aws_iam_policy.delete_definition_lambdas_exec_policy",
            "module.admin_lambdas.aws_iam_policy.delete_preference_lambdas_exec_policy",
            "module.admin_lambdas.aws_iam_policy.get_definition_lambda_exec_policy",
            "module.admin_lambdas.aws_iam_policy.get_preference_lambda_exec_policy",
            "module.admin_lambdas.aws_iam_role.seahorse_iam_role_for_lambdas",
            "module.admin_lambdas.aws_iam_role_policy_attachment.create_preference_exec",
            "module.admin_lambdas.aws_iam_role_policy_attachment.delete_definition_exec",
            "module.admin_lambdas.aws_iam_role_policy_attachment.delete_preference_exec",
            "module.admin_lambdas.aws_iam_role_policy_attachment.get_definition_exec",
            "module.admin_lambdas.aws_iam_role_policy_attachment.get_preference_exec",
            "module.admin_lambdas.aws_iam_role_policy_attachment.lambda_dynamodb",
            "module.admin_lambdas.aws_iam_role_policy_attachment.register_definition_exec",
            "module.admin_lambdas.aws_lambda_alias.CreatePreferenceLambda",
            "module.admin_lambdas.aws_lambda_alias.DeletePreferenceLambda",
            "module.admin_lambdas.aws_lambda_alias.DeleteRegisteredComponent",
            "module.admin_lambdas.aws_lambda_alias.GetPreferenceLambda",
            "module.admin_lambdas.aws_lambda_alias.GetRegisteredComponents",
            "module.admin_lambdas.aws_lambda_alias.RegisterComponentLambda",
            "module.admin_lambdas.aws_lambda_function.CreatePreferenceLambda",
            "module.admin_lambdas.aws_lambda_function.DeletePreferenceLambda",
            "module.admin_lambdas.aws_lambda_function.DeleteRegisteredComponent",
            "module.admin_lambdas.aws_lambda_function.GetPreferenceLambda",
            "module.admin_lambdas.aws_lambda_function.GetRegisteredComponents",
            "module.admin_lambdas.aws_lambda_function.RegisterComponentLambda",
            "module.admin_lambdas.aws_lambda_permission.allow_cloudwatch_to_ping_delete_lambda",
            "module.admin_lambdas.aws_lambda_permission.allow_cloudwatch_to_ping_delete_preference_lambda",
            "module.admin_lambdas.aws_lambda_permission.allow_cloudwatch_to_ping_get_lambda",
            "module.admin_lambdas.aws_lambda_permission.allow_cloudwatch_to_ping_get_preference_lambda",
            "module.admin_lambdas.aws_lambda_permission.allow_cloudwatch_to_ping_preference_lambda",
            "module.admin_lambdas.aws_lambda_permission.allow_cloudwatch_to_ping_register_lambda",
            "module.admin_lambdas.aws_lambda_provisioned_concurrency_config.CreatePreferenceLambda",
            "module.admin_lambdas.aws_lambda_provisioned_concurrency_config.DeletePreferenceLambda",
            "module.admin_lambdas.aws_lambda_provisioned_concurrency_config.DeleteRegisteredComponent",
            "module.admin_lambdas.aws_lambda_provisioned_concurrency_config.GetPreferenceLambda",
            "module.admin_lambdas.aws_lambda_provisioned_concurrency_config.GetRegisteredComponents",
            "module.admin_lambdas.aws_lambda_provisioned_concurrency_config.RegisterComponentLambda",
            "module.auth.aws_cognito_identity_pool.seahorse_identity_pool",
            "module.auth.aws_cognito_identity_pool_roles_attachment.seahorse_identity_pool_roles",
            "module.auth.aws_cognito_identity_provider.identity_provider_sso",
            "module.auth.aws_cognito_user_pool.seahorse_user_pool",
            "module.auth.aws_cognito_user_pool_client.seahorse_web_client",
            "module.auth.aws_cognito_user_pool_domain.domain",
            "module.auth.aws_iam_role.auth_web_iam_role",
            "module.auth.aws_iam_role.unauth_web_iam_role",
            "module.auth.aws_iam_role_policy.web_iam_unauth_role_policy",
            "module.web_backend_api.aws_api_gateway_resource.preferences_api_path_resource",
            "module.web_backend_api.aws_api_gateway_resource.preferences_storage_path_resource",
            "module.web_backend_api.aws_api_gateway_rest_api.web_backend_api"
          ]
        }
      ]
    },
    {
      "module": "module.web_backend_api",
      "mode": "managed",
      "type": "aws_api_gateway_resource",
      "name": "preferences_api_get_all_resource",
      "provider": "provider[\"registry.terraform.io/hashicorp/aws\"]",
      "instances": [
        {
          "schema_version": 0,
          "attributes": {
            "id": "53bgag",
            "parent_id": "736e47",
            "path": "/storage/api/app/{userId}/{app}",
            "path_part": "{app}",
            "rest_api_id": "1edhruxhh8"
          },
          "private": "bnVsbA==",
          "dependencies": [
            "module.acm.aws_acm_certificate.web_cert",
            "module.admin_lambdas.aws_cloudwatch_event_rule.app_definition_ping",
            "module.admin_lambdas.aws_cloudwatch_event_rule.user_preference_ping",
            "module.admin_lambdas.aws_cloudwatch_event_target.ping_create_preference_lambda",
            "module.admin_lambdas.aws_cloudwatch_event_target.ping_delete_lambda",
            "module.admin_lambdas.aws_cloudwatch_event_target.ping_delete_preference",
            "module.admin_lambdas.aws_cloudwatch_event_target.ping_get_lambda",
            "module.admin_lambdas.aws_cloudwatch_event_target.ping_get_preference",
            "module.admin_lambdas.aws_cloudwatch_event_target.ping_register_lambda",
            "module.admin_lambdas.aws_iam_policy.create_definition_lambdas_exec_policy",
            "module.admin_lambdas.aws_iam_policy.create_preference_lambdas_exec_policy",
            "module.admin_lambdas.aws_iam_policy.delete_definition_lambdas_exec_policy",
            "module.admin_lambdas.aws_iam_policy.delete_preference_lambdas_exec_policy",
            "module.admin_lambdas.aws_iam_policy.get_definition_lambda_exec_policy",
            "module.admin_lambdas.aws_iam_policy.get_preference_lambda_exec_policy",
            "module.admin_lambdas.aws_iam_role.seahorse_iam_role_for_lambdas",
            "module.admin_lambdas.aws_iam_role_policy_attachment.create_preference_exec",
            "module.admin_lambdas.aws_iam_role_policy_attachment.delete_definition_exec",
            "module.admin_lambdas.aws_iam_role_policy_attachment.delete_preference_exec",
            "module.admin_lambdas.aws_iam_role_policy_attachment.get_definition_exec",
            "module.admin_lambdas.aws_iam_role_policy_attachment.get_preference_exec",
            "module.admin_lambdas.aws_iam_role_policy_attachment.lambda_dynamodb",
            "module.admin_lambdas.aws_iam_role_policy_attachment.register_definition_exec",
            "module.admin_lambdas.aws_lambda_alias.CreatePreferenceLambda",
            "module.admin_lambdas.aws_lambda_alias.DeletePreferenceLambda",
            "module.admin_lambdas.aws_lambda_alias.DeleteRegisteredComponent",
            "module.admin_lambdas.aws_lambda_alias.GetPreferenceLambda",
            "module.admin_lambdas.aws_lambda_alias.GetRegisteredComponents",
            "module.admin_lambdas.aws_lambda_alias.RegisterComponentLambda",
            "module.admin_lambdas.aws_lambda_function.CreatePreferenceLambda",
            "module.admin_lambdas.aws_lambda_function.DeletePreferenceLambda",
            "module.admin_lambdas.aws_lambda_function.DeleteRegisteredComponent",
            "module.admin_lambdas.aws_lambda_function.GetPreferenceLambda",
            "module.admin_lambdas.aws_lambda_function.GetRegisteredComponents",
            "module.admin_lambdas.aws_lambda_function.RegisterComponentLambda",
            "module.admin_lambdas.aws_lambda_permission.allow_cloudwatch_to_ping_delete_lambda",
            "module.admin_lambdas.aws_lambda_permission.allow_cloudwatch_to_ping_delete_preference_lambda",
            "module.admin_lambdas.aws_lambda_permission.allow_cloudwatch_to_ping_get_lambda",
            "module.admin_lambdas.aws_lambda_permission.allow_cloudwatch_to_ping_get_preference_lambda",
            "module.admin_lambdas.aws_lambda_permission.allow_cloudwatch_to_ping_preference_lambda",
            "module.admin_lambdas.aws_lambda_permission.allow_cloudwatch_to_ping_register_lambda",
            "module.admin_lambdas.aws_lambda_provisioned_concurrency_config.CreatePreferenceLambda",
            "module.admin_lambdas.aws_lambda_provisioned_concurrency_config.DeletePreferenceLambda",
            "module.admin_lambdas.aws_lambda_provisioned_concurrency_config.DeleteRegisteredComponent",
            "module.admin_lambdas.aws_lambda_provisioned_concurrency_config.GetPreferenceLambda",
            "module.admin_lambdas.aws_lambda_provisioned_concurrency_config.GetRegisteredComponents",
            "module.admin_lambdas.aws_lambda_provisioned_concurrency_config.RegisterComponentLambda",
            "module.auth.aws_cognito_identity_pool.seahorse_identity_pool",
            "module.auth.aws_cognito_identity_pool_roles_attachment.seahorse_identity_pool_roles",
            "module.auth.aws_cognito_identity_provider.identity_provider_sso",
            "module.auth.aws_cognito_user_pool.seahorse_user_pool",
            "module.auth.aws_cognito_user_pool_client.seahorse_web_client",
            "module.auth.aws_cognito_user_pool_domain.domain",
            "module.auth.aws_iam_role.auth_web_iam_role",
            "module.auth.aws_iam_role.unauth_web_iam_role",
            "module.auth.aws_iam_role_policy.web_iam_unauth_role_policy",
            "module.web_backend_api.aws_api_gateway_resource.preferences_api_app_resource",
            "module.web_backend_api.aws_api_gateway_resource.preferences_api_path_resource",
            "module.web_backend_api.aws_api_gateway_resource.preferences_api_userid_resource",
            "module.web_backend_api.aws_api_gateway_resource.preferences_storage_path_resource",
            "module.web_backend_api.aws_api_gateway_rest_api.web_backend_api"
          ]
        }
      ]
    },
    {
      "module": "module.web_backend_api",
      "mode": "managed",
      "type": "aws_api_gateway_resource",
      "name": "preferences_api_path_resource",
      "provider": "provider[\"registry.terraform.io/hashicorp/aws\"]",
      "instances": [
        {
          "schema_version": 0,
          "attributes": {
            "id": "v74652",
            "parent_id": "71epdf",
            "path": "/storage/api",
            "path_part": "api",
            "rest_api_id": "1edhruxhh8"
          },
          "private": "bnVsbA==",
          "dependencies": [
            "module.acm.aws_acm_certificate.web_cert",
            "module.admin_lambdas.aws_cloudwatch_event_rule.app_definition_ping",
            "module.admin_lambdas.aws_cloudwatch_event_rule.user_preference_ping",
            "module.admin_lambdas.aws_cloudwatch_event_target.ping_create_preference_lambda",
            "module.admin_lambdas.aws_cloudwatch_event_target.ping_delete_lambda",
            "module.admin_lambdas.aws_cloudwatch_event_target.ping_delete_preference",
            "module.admin_lambdas.aws_cloudwatch_event_target.ping_get_lambda",
            "module.admin_lambdas.aws_cloudwatch_event_target.ping_get_preference",
            "module.admin_lambdas.aws_cloudwatch_event_target.ping_register_lambda",
            "module.admin_lambdas.aws_iam_policy.create_definition_lambdas_exec_policy",
            "module.admin_lambdas.aws_iam_policy.create_preference_lambdas_exec_policy",
            "module.admin_lambdas.aws_iam_policy.delete_definition_lambdas_exec_policy",
            "module.admin_lambdas.aws_iam_policy.delete_preference_lambdas_exec_policy",
            "module.admin_lambdas.aws_iam_policy.get_definition_lambda_exec_policy",
            "module.admin_lambdas.aws_iam_policy.get_preference_lambda_exec_policy",
            "module.admin_lambdas.aws_iam_role.seahorse_iam_role_for_lambdas",
            "module.admin_lambdas.aws_iam_role_policy_attachment.create_preference_exec",
            "module.admin_lambdas.aws_iam_role_policy_attachment.delete_definition_exec",
            "module.admin_lambdas.aws_iam_role_policy_attachment.delete_preference_exec",
            "module.admin_lambdas.aws_iam_role_policy_attachment.get_definition_exec",
            "module.admin_lambdas.aws_iam_role_policy_attachment.get_preference_exec",
            "module.admin_lambdas.aws_iam_role_policy_attachment.lambda_dynamodb",
            "module.admin_lambdas.aws_iam_role_policy_attachment.register_definition_exec",
            "module.admin_lambdas.aws_lambda_alias.CreatePreferenceLambda",
            "module.admin_lambdas.aws_lambda_alias.DeletePreferenceLambda",
            "module.admin_lambdas.aws_lambda_alias.DeleteRegisteredComponent",
            "module.admin_lambdas.aws_lambda_alias.GetPreferenceLambda",
            "module.admin_lambdas.aws_lambda_alias.GetRegisteredComponents",
            "module.admin_lambdas.aws_lambda_alias.RegisterComponentLambda",
            "module.admin_lambdas.aws_lambda_function.CreatePreferenceLambda",
            "module.admin_lambdas.aws_lambda_function.DeletePreferenceLambda",
            "module.admin_lambdas.aws_lambda_function.DeleteRegisteredComponent",
            "module.admin_lambdas.aws_lambda_function.GetPreferenceLambda",
            "module.admin_lambdas.aws_lambda_function.GetRegisteredComponents",
            "module.admin_lambdas.aws_lambda_function.RegisterComponentLambda",
            "module.admin_lambdas.aws_lambda_permission.allow_cloudwatch_to_ping_delete_lambda",
            "module.admin_lambdas.aws_lambda_permission.allow_cloudwatch_to_ping_delete_preference_lambda",
            "module.admin_lambdas.aws_lambda_permission.allow_cloudwatch_to_ping_get_lambda",
            "module.admin_lambdas.aws_lambda_permission.allow_cloudwatch_to_ping_get_preference_lambda",
            "module.admin_lambdas.aws_lambda_permission.allow_cloudwatch_to_ping_preference_lambda",
            "module.admin_lambdas.aws_lambda_permission.allow_cloudwatch_to_ping_register_lambda",
            "module.admin_lambdas.aws_lambda_provisioned_concurrency_config.CreatePreferenceLambda",
            "module.admin_lambdas.aws_lambda_provisioned_concurrency_config.DeletePreferenceLambda",
            "module.admin_lambdas.aws_lambda_provisioned_concurrency_config.DeleteRegisteredComponent",
            "module.admin_lambdas.aws_lambda_provisioned_concurrency_config.GetPreferenceLambda",
            "module.admin_lambdas.aws_lambda_provisioned_concurrency_config.GetRegisteredComponents",
            "module.admin_lambdas.aws_lambda_provisioned_concurrency_config.RegisterComponentLambda",
            "module.auth.aws_cognito_identity_pool.seahorse_identity_pool",
            "module.auth.aws_cognito_identity_pool_roles_attachment.seahorse_identity_pool_roles",
            "module.auth.aws_cognito_identity_provider.identity_provider_sso",
            "module.auth.aws_cognito_user_pool.seahorse_user_pool",
            "module.auth.aws_cognito_user_pool_client.seahorse_web_client",
            "module.auth.aws_cognito_user_pool_domain.domain",
            "module.auth.aws_iam_role.auth_web_iam_role",
            "module.auth.aws_iam_role.unauth_web_iam_role",
            "module.auth.aws_iam_role_policy.web_iam_unauth_role_policy",
            "module.web_backend_api.aws_api_gateway_resource.preferences_storage_path_resource",
            "module.web_backend_api.aws_api_gateway_rest_api.web_backend_api"
          ]
        }
      ]
    },
    {
      "module": "module.web_backend_api",
      "mode": "managed",
      "type": "aws_api_gateway_resource",
      "name": "preferences_api_resource",
      "provider": "provider[\"registry.terraform.io/hashicorp/aws\"]",
      "instances": [
        {
          "schema_version": 0,
          "attributes": {
            "id": "bahk9s",
            "parent_id": "53bgag",
            "path": "/storage/api/app/{userId}/{app}/{preferenceId}",
            "path_part": "{preferenceId}",
            "rest_api_id": "1edhruxhh8"
          },
          "private": "bnVsbA==",
          "dependencies": [
            "module.acm.aws_acm_certificate.web_cert",
            "module.admin_lambdas.aws_cloudwatch_event_rule.app_definition_ping",
            "module.admin_lambdas.aws_cloudwatch_event_rule.user_preference_ping",
            "module.admin_lambdas.aws_cloudwatch_event_target.ping_create_preference_lambda",
            "module.admin_lambdas.aws_cloudwatch_event_target.ping_delete_lambda",
            "module.admin_lambdas.aws_cloudwatch_event_target.ping_delete_preference",
            "module.admin_lambdas.aws_cloudwatch_event_target.ping_get_lambda",
            "module.admin_lambdas.aws_cloudwatch_event_target.ping_get_preference",
            "module.admin_lambdas.aws_cloudwatch_event_target.ping_register_lambda",
            "module.admin_lambdas.aws_iam_policy.create_definition_lambdas_exec_policy",
            "module.admin_lambdas.aws_iam_policy.create_preference_lambdas_exec_policy",
            "module.admin_lambdas.aws_iam_policy.delete_definition_lambdas_exec_policy",
            "module.admin_lambdas.aws_iam_policy.delete_preference_lambdas_exec_policy",
            "module.admin_lambdas.aws_iam_policy.get_definition_lambda_exec_policy",
            "module.admin_lambdas.aws_iam_policy.get_preference_lambda_exec_policy",
            "module.admin_lambdas.aws_iam_role.seahorse_iam_role_for_lambdas",
            "module.admin_lambdas.aws_iam_role_policy_attachment.create_preference_exec",
            "module.admin_lambdas.aws_iam_role_policy_attachment.delete_definition_exec",
            "module.admin_lambdas.aws_iam_role_policy_attachment.delete_preference_exec",
            "module.admin_lambdas.aws_iam_role_policy_attachment.get_definition_exec",
            "module.admin_lambdas.aws_iam_role_policy_attachment.get_preference_exec",
            "module.admin_lambdas.aws_iam_role_policy_attachment.lambda_dynamodb",
            "module.admin_lambdas.aws_iam_role_policy_attachment.register_definition_exec",
            "module.admin_lambdas.aws_lambda_alias.CreatePreferenceLambda",
            "module.admin_lambdas.aws_lambda_alias.DeletePreferenceLambda",
            "module.admin_lambdas.aws_lambda_alias.DeleteRegisteredComponent",
            "module.admin_lambdas.aws_lambda_alias.GetPreferenceLambda",
            "module.admin_lambdas.aws_lambda_alias.GetRegisteredComponents",
            "module.admin_lambdas.aws_lambda_alias.RegisterComponentLambda",
            "module.admin_lambdas.aws_lambda_function.CreatePreferenceLambda",
            "module.admin_lambdas.aws_lambda_function.DeletePreferenceLambda",
            "module.admin_lambdas.aws_lambda_function.DeleteRegisteredComponent",
            "module.admin_lambdas.aws_lambda_function.GetPreferenceLambda",
            "module.admin_lambdas.aws_lambda_function.GetRegisteredComponents",
            "module.admin_lambdas.aws_lambda_function.RegisterComponentLambda",
            "module.admin_lambdas.aws_lambda_permission.allow_cloudwatch_to_ping_delete_lambda",
            "module.admin_lambdas.aws_lambda_permission.allow_cloudwatch_to_ping_delete_preference_lambda",
            "module.admin_lambdas.aws_lambda_permission.allow_cloudwatch_to_ping_get_lambda",
            "module.admin_lambdas.aws_lambda_permission.allow_cloudwatch_to_ping_get_preference_lambda",
            "module.admin_lambdas.aws_lambda_permission.allow_cloudwatch_to_ping_preference_lambda",
            "module.admin_lambdas.aws_lambda_permission.allow_cloudwatch_to_ping_register_lambda",
            "module.admin_lambdas.aws_lambda_provisioned_concurrency_config.CreatePreferenceLambda",
            "module.admin_lambdas.aws_lambda_provisioned_concurrency_config.DeletePreferenceLambda",
            "module.admin_lambdas.aws_lambda_provisioned_concurrency_config.DeleteRegisteredComponent",
            "module.admin_lambdas.aws_lambda_provisioned_concurrency_config.GetPreferenceLambda",
            "module.admin_lambdas.aws_lambda_provisioned_concurrency_config.GetRegisteredComponents",
            "module.admin_lambdas.aws_lambda_provisioned_concurrency_config.RegisterComponentLambda",
            "module.auth.aws_cognito_identity_pool.seahorse_identity_pool",
            "module.auth.aws_cognito_identity_pool_roles_attachment.seahorse_identity_pool_roles",
            "module.auth.aws_cognito_identity_provider.identity_provider_sso",
            "module.auth.aws_cognito_user_pool.seahorse_user_pool",
            "module.auth.aws_cognito_user_pool_client.seahorse_web_client",
            "module.auth.aws_cognito_user_pool_domain.domain",
            "module.auth.aws_iam_role.auth_web_iam_role",
            "module.auth.aws_iam_role.unauth_web_iam_role",
            "module.auth.aws_iam_role_policy.web_iam_unauth_role_policy",
            "module.web_backend_api.aws_api_gateway_resource.preferences_api_app_resource",
            "module.web_backend_api.aws_api_gateway_resource.preferences_api_get_all_resource",
            "module.web_backend_api.aws_api_gateway_resource.preferences_api_path_resource",
            "module.web_backend_api.aws_api_gateway_resource.preferences_api_userid_resource",
            "module.web_backend_api.aws_api_gateway_resource.preferences_storage_path_resource",
            "module.web_backend_api.aws_api_gateway_rest_api.web_backend_api"
          ]
        }
      ]
    },
    {
      "module": "module.web_backend_api",
      "mode": "managed",
      "type": "aws_api_gateway_resource",
      "name": "preferences_api_userid_resource",
      "provider": "provider[\"registry.terraform.io/hashicorp/aws\"]",
      "instances": [
        {
          "schema_version": 0,
          "attributes": {
            "id": "736e47",
            "parent_id": "6f960s",
            "path": "/storage/api/app/{userId}",
            "path_part": "{userId}",
            "rest_api_id": "1edhruxhh8"
          },
          "private": "bnVsbA==",
          "dependencies": [
            "module.acm.aws_acm_certificate.web_cert",
            "module.admin_lambdas.aws_cloudwatch_event_rule.app_definition_ping",
            "module.admin_lambdas.aws_cloudwatch_event_rule.user_preference_ping",
            "module.admin_lambdas.aws_cloudwatch_event_target.ping_create_preference_lambda",
            "module.admin_lambdas.aws_cloudwatch_event_target.ping_delete_lambda",
            "module.admin_lambdas.aws_cloudwatch_event_target.ping_delete_preference",
            "module.admin_lambdas.aws_cloudwatch_event_target.ping_get_lambda",
            "module.admin_lambdas.aws_cloudwatch_event_target.ping_get_preference",
            "module.admin_lambdas.aws_cloudwatch_event_target.ping_register_lambda",
            "module.admin_lambdas.aws_iam_policy.create_definition_lambdas_exec_policy",
            "module.admin_lambdas.aws_iam_policy.create_preference_lambdas_exec_policy",
            "module.admin_lambdas.aws_iam_policy.delete_definition_lambdas_exec_policy",
            "module.admin_lambdas.aws_iam_policy.delete_preference_lambdas_exec_policy",
            "module.admin_lambdas.aws_iam_policy.get_definition_lambda_exec_policy",
            "module.admin_lambdas.aws_iam_policy.get_preference_lambda_exec_policy",
            "module.admin_lambdas.aws_iam_role.seahorse_iam_role_for_lambdas",
            "module.admin_lambdas.aws_iam_role_policy_attachment.create_preference_exec",
            "module.admin_lambdas.aws_iam_role_policy_attachment.delete_definition_exec",
            "module.admin_lambdas.aws_iam_role_policy_attachment.delete_preference_exec",
            "module.admin_lambdas.aws_iam_role_policy_attachment.get_definition_exec",
            "module.admin_lambdas.aws_iam_role_policy_attachment.get_preference_exec",
            "module.admin_lambdas.aws_iam_role_policy_attachment.lambda_dynamodb",
            "module.admin_lambdas.aws_iam_role_policy_attachment.register_definition_exec",
            "module.admin_lambdas.aws_lambda_alias.CreatePreferenceLambda",
            "module.admin_lambdas.aws_lambda_alias.DeletePreferenceLambda",
            "module.admin_lambdas.aws_lambda_alias.DeleteRegisteredComponent",
            "module.admin_lambdas.aws_lambda_alias.GetPreferenceLambda",
            "module.admin_lambdas.aws_lambda_alias.GetRegisteredComponents",
            "module.admin_lambdas.aws_lambda_alias.RegisterComponentLambda",
            "module.admin_lambdas.aws_lambda_function.CreatePreferenceLambda",
            "module.admin_lambdas.aws_lambda_function.DeletePreferenceLambda",
            "module.admin_lambdas.aws_lambda_function.DeleteRegisteredComponent",
            "module.admin_lambdas.aws_lambda_function.GetPreferenceLambda",
            "module.admin_lambdas.aws_lambda_function.GetRegisteredComponents",
            "module.admin_lambdas.aws_lambda_function.RegisterComponentLambda",
            "module.admin_lambdas.aws_lambda_permission.allow_cloudwatch_to_ping_delete_lambda",
            "module.admin_lambdas.aws_lambda_permission.allow_cloudwatch_to_ping_delete_preference_lambda",
            "module.admin_lambdas.aws_lambda_permission.allow_cloudwatch_to_ping_get_lambda",
            "module.admin_lambdas.aws_lambda_permission.allow_cloudwatch_to_ping_get_preference_lambda",
            "module.admin_lambdas.aws_lambda_permission.allow_cloudwatch_to_ping_preference_lambda",
            "module.admin_lambdas.aws_lambda_permission.allow_cloudwatch_to_ping_register_lambda",
            "module.admin_lambdas.aws_lambda_provisioned_concurrency_config.CreatePreferenceLambda",
            "module.admin_lambdas.aws_lambda_provisioned_concurrency_config.DeletePreferenceLambda",
            "module.admin_lambdas.aws_lambda_provisioned_concurrency_config.DeleteRegisteredComponent",
            "module.admin_lambdas.aws_lambda_provisioned_concurrency_config.GetPreferenceLambda",
            "module.admin_lambdas.aws_lambda_provisioned_concurrency_config.GetRegisteredComponents",
            "module.admin_lambdas.aws_lambda_provisioned_concurrency_config.RegisterComponentLambda",
            "module.auth.aws_cognito_identity_pool.seahorse_identity_pool",
            "module.auth.aws_cognito_identity_pool_roles_attachment.seahorse_identity_pool_roles",
            "module.auth.aws_cognito_identity_provider.identity_provider_sso",
            "module.auth.aws_cognito_user_pool.seahorse_user_pool",
            "module.auth.aws_cognito_user_pool_client.seahorse_web_client",
            "module.auth.aws_cognito_user_pool_domain.domain",
            "module.auth.aws_iam_role.auth_web_iam_role",
            "module.auth.aws_iam_role.unauth_web_iam_role",
            "module.auth.aws_iam_role_policy.web_iam_unauth_role_policy",
            "module.web_backend_api.aws_api_gateway_resource.preferences_api_app_resource",
            "module.web_backend_api.aws_api_gateway_resource.preferences_api_path_resource",
            "module.web_backend_api.aws_api_gateway_resource.preferences_storage_path_resource",
            "module.web_backend_api.aws_api_gateway_rest_api.web_backend_api"
          ]
        }
      ]
    },
    {
      "module": "module.web_backend_api",
      "mode": "managed",
      "type": "aws_api_gateway_resource",
      "name": "preferences_storage_path_resource",
      "provider": "provider[\"registry.terraform.io/hashicorp/aws\"]",
      "instances": [
        {
          "schema_version": 0,
          "attributes": {
            "id": "71epdf",
            "parent_id": "pljm3cwd4e",
            "path": "/storage",
            "path_part": "storage",
            "rest_api_id": "1edhruxhh8"
          },
          "private": "bnVsbA==",
          "dependencies": [
            "module.acm.aws_acm_certificate.web_cert",
            "module.admin_lambdas.aws_cloudwatch_event_rule.app_definition_ping",
            "module.admin_lambdas.aws_cloudwatch_event_rule.user_preference_ping",
            "module.admin_lambdas.aws_cloudwatch_event_target.ping_create_preference_lambda",
            "module.admin_lambdas.aws_cloudwatch_event_target.ping_delete_lambda",
            "module.admin_lambdas.aws_cloudwatch_event_target.ping_delete_preference",
            "module.admin_lambdas.aws_cloudwatch_event_target.ping_get_lambda",
            "module.admin_lambdas.aws_cloudwatch_event_target.ping_get_preference",
            "module.admin_lambdas.aws_cloudwatch_event_target.ping_register_lambda",
            "module.admin_lambdas.aws_iam_policy.create_definition_lambdas_exec_policy",
            "module.admin_lambdas.aws_iam_policy.create_preference_lambdas_exec_policy",
            "module.admin_lambdas.aws_iam_policy.delete_definition_lambdas_exec_policy",
            "module.admin_lambdas.aws_iam_policy.delete_preference_lambdas_exec_policy",
            "module.admin_lambdas.aws_iam_policy.get_definition_lambda_exec_policy",
            "module.admin_lambdas.aws_iam_policy.get_preference_lambda_exec_policy",
            "module.admin_lambdas.aws_iam_role.seahorse_iam_role_for_lambdas",
            "module.admin_lambdas.aws_iam_role_policy_attachment.create_preference_exec",
            "module.admin_lambdas.aws_iam_role_policy_attachment.delete_definition_exec",
            "module.admin_lambdas.aws_iam_role_policy_attachment.delete_preference_exec",
            "module.admin_lambdas.aws_iam_role_policy_attachment.get_definition_exec",
            "module.admin_lambdas.aws_iam_role_policy_attachment.get_preference_exec",
            "module.admin_lambdas.aws_iam_role_policy_attachment.lambda_dynamodb",
            "module.admin_lambdas.aws_iam_role_policy_attachment.register_definition_exec",
            "module.admin_lambdas.aws_lambda_alias.CreatePreferenceLambda",
            "module.admin_lambdas.aws_lambda_alias.DeletePreferenceLambda",
            "module.admin_lambdas.aws_lambda_alias.DeleteRegisteredComponent",
            "module.admin_lambdas.aws_lambda_alias.GetPreferenceLambda",
            "module.admin_lambdas.aws_lambda_alias.GetRegisteredComponents",
            "module.admin_lambdas.aws_lambda_alias.RegisterComponentLambda",
            "module.admin_lambdas.aws_lambda_function.CreatePreferenceLambda",
            "module.admin_lambdas.aws_lambda_function.DeletePreferenceLambda",
            "module.admin_lambdas.aws_lambda_function.DeleteRegisteredComponent",
            "module.admin_lambdas.aws_lambda_function.GetPreferenceLambda",
            "module.admin_lambdas.aws_lambda_function.GetRegisteredComponents",
            "module.admin_lambdas.aws_lambda_function.RegisterComponentLambda",
            "module.admin_lambdas.aws_lambda_permission.allow_cloudwatch_to_ping_delete_lambda",
            "module.admin_lambdas.aws_lambda_permission.allow_cloudwatch_to_ping_delete_preference_lambda",
            "module.admin_lambdas.aws_lambda_permission.allow_cloudwatch_to_ping_get_lambda",
            "module.admin_lambdas.aws_lambda_permission.allow_cloudwatch_to_ping_get_preference_lambda",
            "module.admin_lambdas.aws_lambda_permission.allow_cloudwatch_to_ping_preference_lambda",
            "module.admin_lambdas.aws_lambda_permission.allow_cloudwatch_to_ping_register_lambda",
            "module.admin_lambdas.aws_lambda_provisioned_concurrency_config.CreatePreferenceLambda",
            "module.admin_lambdas.aws_lambda_provisioned_concurrency_config.DeletePreferenceLambda",
            "module.admin_lambdas.aws_lambda_provisioned_concurrency_config.DeleteRegisteredComponent",
            "module.admin_lambdas.aws_lambda_provisioned_concurrency_config.GetPreferenceLambda",
            "module.admin_lambdas.aws_lambda_provisioned_concurrency_config.GetRegisteredComponents",
            "module.admin_lambdas.aws_lambda_provisioned_concurrency_config.RegisterComponentLambda",
            "module.auth.aws_cognito_identity_pool.seahorse_identity_pool",
            "module.auth.aws_cognito_identity_pool_roles_attachment.seahorse_identity_pool_roles",
            "module.auth.aws_cognito_identity_provider.identity_provider_sso",
            "module.auth.aws_cognito_user_pool.seahorse_user_pool",
            "module.auth.aws_cognito_user_pool_client.seahorse_web_client",
            "module.auth.aws_cognito_user_pool_domain.domain",
            "module.auth.aws_iam_role.auth_web_iam_role",
            "module.auth.aws_iam_role.unauth_web_iam_role",
            "module.auth.aws_iam_role_policy.web_iam_unauth_role_policy",
            "module.web_backend_api.aws_api_gateway_rest_api.web_backend_api"
          ]
        }
      ]
    },
    {
      "module": "module.web_backend_api",
      "mode": "managed",
      "type": "aws_api_gateway_resource",
      "name": "web_backend_api_resource",
      "provider": "provider[\"registry.terraform.io/hashicorp/aws\"]",
      "instances": [
        {
          "schema_version": 0,
          "attributes": {
            "id": "xzb0gj",
            "parent_id": "pljm3cwd4e",
            "path": "/{proxy+}",
            "path_part": "{proxy+}",
            "rest_api_id": "1edhruxhh8"
          },
          "private": "bnVsbA==",
          "dependencies": [
            "module.acm.aws_acm_certificate.web_cert",
            "module.admin_lambdas.aws_cloudwatch_event_rule.app_definition_ping",
            "module.admin_lambdas.aws_cloudwatch_event_rule.user_preference_ping",
            "module.admin_lambdas.aws_cloudwatch_event_target.ping_create_preference_lambda",
            "module.admin_lambdas.aws_cloudwatch_event_target.ping_delete_lambda",
            "module.admin_lambdas.aws_cloudwatch_event_target.ping_delete_preference",
            "module.admin_lambdas.aws_cloudwatch_event_target.ping_get_lambda",
            "module.admin_lambdas.aws_cloudwatch_event_target.ping_get_preference",
            "module.admin_lambdas.aws_cloudwatch_event_target.ping_register_lambda",
            "module.admin_lambdas.aws_iam_policy.create_definition_lambdas_exec_policy",
            "module.admin_lambdas.aws_iam_policy.create_preference_lambdas_exec_policy",
            "module.admin_lambdas.aws_iam_policy.delete_definition_lambdas_exec_policy",
            "module.admin_lambdas.aws_iam_policy.delete_preference_lambdas_exec_policy",
            "module.admin_lambdas.aws_iam_policy.get_definition_lambda_exec_policy",
            "module.admin_lambdas.aws_iam_policy.get_preference_lambda_exec_policy",
            "module.admin_lambdas.aws_iam_role.seahorse_iam_role_for_lambdas",
            "module.admin_lambdas.aws_iam_role_policy_attachment.create_preference_exec",
            "module.admin_lambdas.aws_iam_role_policy_attachment.delete_definition_exec",
            "module.admin_lambdas.aws_iam_role_policy_attachment.delete_preference_exec",
            "module.admin_lambdas.aws_iam_role_policy_attachment.get_definition_exec",
            "module.admin_lambdas.aws_iam_role_policy_attachment.get_preference_exec",
            "module.admin_lambdas.aws_iam_role_policy_attachment.lambda_dynamodb",
            "module.admin_lambdas.aws_iam_role_policy_attachment.register_definition_exec",
            "module.admin_lambdas.aws_lambda_alias.CreatePreferenceLambda",
            "module.admin_lambdas.aws_lambda_alias.DeletePreferenceLambda",
            "module.admin_lambdas.aws_lambda_alias.DeleteRegisteredComponent",
            "module.admin_lambdas.aws_lambda_alias.GetPreferenceLambda",
            "module.admin_lambdas.aws_lambda_alias.GetRegisteredComponents",
            "module.admin_lambdas.aws_lambda_alias.RegisterComponentLambda",
            "module.admin_lambdas.aws_lambda_function.CreatePreferenceLambda",
            "module.admin_lambdas.aws_lambda_function.DeletePreferenceLambda",
            "module.admin_lambdas.aws_lambda_function.DeleteRegisteredComponent",
            "module.admin_lambdas.aws_lambda_function.GetPreferenceLambda",
            "module.admin_lambdas.aws_lambda_function.GetRegisteredComponents",
            "module.admin_lambdas.aws_lambda_function.RegisterComponentLambda",
            "module.admin_lambdas.aws_lambda_permission.allow_cloudwatch_to_ping_delete_lambda",
            "module.admin_lambdas.aws_lambda_permission.allow_cloudwatch_to_ping_delete_preference_lambda",
            "module.admin_lambdas.aws_lambda_permission.allow_cloudwatch_to_ping_get_lambda",
            "module.admin_lambdas.aws_lambda_permission.allow_cloudwatch_to_ping_get_preference_lambda",
            "module.admin_lambdas.aws_lambda_permission.allow_cloudwatch_to_ping_preference_lambda",
            "module.admin_lambdas.aws_lambda_permission.allow_cloudwatch_to_ping_register_lambda",
            "module.admin_lambdas.aws_lambda_provisioned_concurrency_config.CreatePreferenceLambda",
            "module.admin_lambdas.aws_lambda_provisioned_concurrency_config.DeletePreferenceLambda",
            "module.admin_lambdas.aws_lambda_provisioned_concurrency_config.DeleteRegisteredComponent",
            "module.admin_lambdas.aws_lambda_provisioned_concurrency_config.GetPreferenceLambda",
            "module.admin_lambdas.aws_lambda_provisioned_concurrency_config.GetRegisteredComponents",
            "module.admin_lambdas.aws_lambda_provisioned_concurrency_config.RegisterComponentLambda",
            "module.auth.aws_cognito_identity_pool.seahorse_identity_pool",
            "module.auth.aws_cognito_identity_pool_roles_attachment.seahorse_identity_pool_roles",
            "module.auth.aws_cognito_identity_provider.identity_provider_sso",
            "module.auth.aws_cognito_user_pool.seahorse_user_pool",
            "module.auth.aws_cognito_user_pool_client.seahorse_web_client",
            "module.auth.aws_cognito_user_pool_domain.domain",
            "module.auth.aws_iam_role.auth_web_iam_role",
            "module.auth.aws_iam_role.unauth_web_iam_role",
            "module.auth.aws_iam_role_policy.web_iam_unauth_role_policy",
            "module.web_backend_api.aws_api_gateway_rest_api.web_backend_api"
          ]
        }
      ]
    },
    {
      "module": "module.web_backend_api",
      "mode": "managed",
      "type": "aws_api_gateway_rest_api",
      "name": "web_backend_api",
      "provider": "provider[\"registry.terraform.io/hashicorp/aws\"]",
      "instances": [
        {
          "schema_version": 0,
          "attributes": {
            "api_key_source": "HEADER",
            "arn": "arn:aws:apigateway:us-east-1::/restapis/1edhruxhh8",
            "binary_media_types": [],
            "body": null,
            "created_date": "2021-06-25T14:03:06Z",
            "description": "",
            "disable_execute_api_endpoint": false,
            "endpoint_configuration": [
              {
                "types": [
                  "EDGE"
                ],
                "vpc_endpoint_ids": []
              }
            ],
            "execution_arn": "arn:aws:execute-api:us-east-1:273259652503:1edhruxhh8",
            "id": "1edhruxhh8",
            "minimum_compression_size": -1,
            "name": "seahorse-web-backend-api",
            "parameters": null,
            "policy": "",
            "root_resource_id": "pljm3cwd4e",
            "tags": null
          },
          "private": "bnVsbA==",
          "dependencies": [
            "module.acm.aws_acm_certificate.web_cert",
            "module.admin_lambdas.aws_cloudwatch_event_rule.app_definition_ping",
            "module.admin_lambdas.aws_cloudwatch_event_rule.user_preference_ping",
            "module.admin_lambdas.aws_cloudwatch_event_target.ping_create_preference_lambda",
            "module.admin_lambdas.aws_cloudwatch_event_target.ping_delete_lambda",
            "module.admin_lambdas.aws_cloudwatch_event_target.ping_delete_preference",
            "module.admin_lambdas.aws_cloudwatch_event_target.ping_get_lambda",
            "module.admin_lambdas.aws_cloudwatch_event_target.ping_get_preference",
            "module.admin_lambdas.aws_cloudwatch_event_target.ping_register_lambda",
            "module.admin_lambdas.aws_iam_policy.create_definition_lambdas_exec_policy",
            "module.admin_lambdas.aws_iam_policy.create_preference_lambdas_exec_policy",
            "module.admin_lambdas.aws_iam_policy.delete_definition_lambdas_exec_policy",
            "module.admin_lambdas.aws_iam_policy.delete_preference_lambdas_exec_policy",
            "module.admin_lambdas.aws_iam_policy.get_definition_lambda_exec_policy",
            "module.admin_lambdas.aws_iam_policy.get_preference_lambda_exec_policy",
            "module.admin_lambdas.aws_iam_role.seahorse_iam_role_for_lambdas",
            "module.admin_lambdas.aws_iam_role_policy_attachment.create_preference_exec",
            "module.admin_lambdas.aws_iam_role_policy_attachment.delete_definition_exec",
            "module.admin_lambdas.aws_iam_role_policy_attachment.delete_preference_exec",
            "module.admin_lambdas.aws_iam_role_policy_attachment.get_definition_exec",
            "module.admin_lambdas.aws_iam_role_policy_attachment.get_preference_exec",
            "module.admin_lambdas.aws_iam_role_policy_attachment.lambda_dynamodb",
            "module.admin_lambdas.aws_iam_role_policy_attachment.register_definition_exec",
            "module.admin_lambdas.aws_lambda_alias.CreatePreferenceLambda",
            "module.admin_lambdas.aws_lambda_alias.DeletePreferenceLambda",
            "module.admin_lambdas.aws_lambda_alias.DeleteRegisteredComponent",
            "module.admin_lambdas.aws_lambda_alias.GetPreferenceLambda",
            "module.admin_lambdas.aws_lambda_alias.GetRegisteredComponents",
            "module.admin_lambdas.aws_lambda_alias.RegisterComponentLambda",
            "module.admin_lambdas.aws_lambda_function.CreatePreferenceLambda",
            "module.admin_lambdas.aws_lambda_function.DeletePreferenceLambda",
            "module.admin_lambdas.aws_lambda_function.DeleteRegisteredComponent",
            "module.admin_lambdas.aws_lambda_function.GetPreferenceLambda",
            "module.admin_lambdas.aws_lambda_function.GetRegisteredComponents",
            "module.admin_lambdas.aws_lambda_function.RegisterComponentLambda",
            "module.admin_lambdas.aws_lambda_permission.allow_cloudwatch_to_ping_delete_lambda",
            "module.admin_lambdas.aws_lambda_permission.allow_cloudwatch_to_ping_delete_preference_lambda",
            "module.admin_lambdas.aws_lambda_permission.allow_cloudwatch_to_ping_get_lambda",
            "module.admin_lambdas.aws_lambda_permission.allow_cloudwatch_to_ping_get_preference_lambda",
            "module.admin_lambdas.aws_lambda_permission.allow_cloudwatch_to_ping_preference_lambda",
            "module.admin_lambdas.aws_lambda_permission.allow_cloudwatch_to_ping_register_lambda",
            "module.admin_lambdas.aws_lambda_provisioned_concurrency_config.CreatePreferenceLambda",
            "module.admin_lambdas.aws_lambda_provisioned_concurrency_config.DeletePreferenceLambda",
            "module.admin_lambdas.aws_lambda_provisioned_concurrency_config.DeleteRegisteredComponent",
            "module.admin_lambdas.aws_lambda_provisioned_concurrency_config.GetPreferenceLambda",
            "module.admin_lambdas.aws_lambda_provisioned_concurrency_config.GetRegisteredComponents",
            "module.admin_lambdas.aws_lambda_provisioned_concurrency_config.RegisterComponentLambda",
            "module.auth.aws_cognito_identity_pool.seahorse_identity_pool",
            "module.auth.aws_cognito_identity_pool_roles_attachment.seahorse_identity_pool_roles",
            "module.auth.aws_cognito_identity_provider.identity_provider_sso",
            "module.auth.aws_cognito_user_pool.seahorse_user_pool",
            "module.auth.aws_cognito_user_pool_client.seahorse_web_client",
            "module.auth.aws_cognito_user_pool_domain.domain",
            "module.auth.aws_iam_role.auth_web_iam_role",
            "module.auth.aws_iam_role.unauth_web_iam_role",
            "module.auth.aws_iam_role_policy.web_iam_unauth_role_policy"
          ]
        }
      ]
    },
    {
      "module": "module.web_backend_api",
      "mode": "managed",
      "type": "aws_lambda_permission",
      "name": "create-preference-lambda-permission",
      "provider": "provider[\"registry.terraform.io/hashicorp/aws\"]",
      "instances": [
        {
          "schema_version": 0,
          "attributes": {
            "action": "lambda:InvokeFunction",
            "event_source_token": null,
            "function_name": "SaveUserPreference",
            "id": "AllowCreatePreference",
            "principal": "apigateway.amazonaws.com",
            "qualifier": "",
            "source_account": null,
            "source_arn": "arn:aws:execute-api:us-east-1:273259652503:1edhruxhh8/*/*/*",
            "statement_id": "AllowCreatePreference",
            "statement_id_prefix": null
          },
          "private": "bnVsbA==",
          "dependencies": [
            "module.acm.aws_acm_certificate.web_cert",
            "module.admin_lambdas.aws_cloudwatch_event_rule.app_definition_ping",
            "module.admin_lambdas.aws_cloudwatch_event_rule.user_preference_ping",
            "module.admin_lambdas.aws_cloudwatch_event_target.ping_create_preference_lambda",
            "module.admin_lambdas.aws_cloudwatch_event_target.ping_delete_lambda",
            "module.admin_lambdas.aws_cloudwatch_event_target.ping_delete_preference",
            "module.admin_lambdas.aws_cloudwatch_event_target.ping_get_lambda",
            "module.admin_lambdas.aws_cloudwatch_event_target.ping_get_preference",
            "module.admin_lambdas.aws_cloudwatch_event_target.ping_register_lambda",
            "module.admin_lambdas.aws_iam_policy.create_definition_lambdas_exec_policy",
            "module.admin_lambdas.aws_iam_policy.create_preference_lambdas_exec_policy",
            "module.admin_lambdas.aws_iam_policy.delete_definition_lambdas_exec_policy",
            "module.admin_lambdas.aws_iam_policy.delete_preference_lambdas_exec_policy",
            "module.admin_lambdas.aws_iam_policy.get_definition_lambda_exec_policy",
            "module.admin_lambdas.aws_iam_policy.get_preference_lambda_exec_policy",
            "module.admin_lambdas.aws_iam_role.seahorse_iam_role_for_lambdas",
            "module.admin_lambdas.aws_iam_role_policy_attachment.create_preference_exec",
            "module.admin_lambdas.aws_iam_role_policy_attachment.delete_definition_exec",
            "module.admin_lambdas.aws_iam_role_policy_attachment.delete_preference_exec",
            "module.admin_lambdas.aws_iam_role_policy_attachment.get_definition_exec",
            "module.admin_lambdas.aws_iam_role_policy_attachment.get_preference_exec",
            "module.admin_lambdas.aws_iam_role_policy_attachment.lambda_dynamodb",
            "module.admin_lambdas.aws_iam_role_policy_attachment.register_definition_exec",
            "module.admin_lambdas.aws_lambda_alias.CreatePreferenceLambda",
            "module.admin_lambdas.aws_lambda_alias.DeletePreferenceLambda",
            "module.admin_lambdas.aws_lambda_alias.DeleteRegisteredComponent",
            "module.admin_lambdas.aws_lambda_alias.GetPreferenceLambda",
            "module.admin_lambdas.aws_lambda_alias.GetRegisteredComponents",
            "module.admin_lambdas.aws_lambda_alias.RegisterComponentLambda",
            "module.admin_lambdas.aws_lambda_function.CreatePreferenceLambda",
            "module.admin_lambdas.aws_lambda_function.DeletePreferenceLambda",
            "module.admin_lambdas.aws_lambda_function.DeleteRegisteredComponent",
            "module.admin_lambdas.aws_lambda_function.GetPreferenceLambda",
            "module.admin_lambdas.aws_lambda_function.GetRegisteredComponents",
            "module.admin_lambdas.aws_lambda_function.RegisterComponentLambda",
            "module.admin_lambdas.aws_lambda_permission.allow_cloudwatch_to_ping_delete_lambda",
            "module.admin_lambdas.aws_lambda_permission.allow_cloudwatch_to_ping_delete_preference_lambda",
            "module.admin_lambdas.aws_lambda_permission.allow_cloudwatch_to_ping_get_lambda",
            "module.admin_lambdas.aws_lambda_permission.allow_cloudwatch_to_ping_get_preference_lambda",
            "module.admin_lambdas.aws_lambda_permission.allow_cloudwatch_to_ping_preference_lambda",
            "module.admin_lambdas.aws_lambda_permission.allow_cloudwatch_to_ping_register_lambda",
            "module.admin_lambdas.aws_lambda_provisioned_concurrency_config.CreatePreferenceLambda",
            "module.admin_lambdas.aws_lambda_provisioned_concurrency_config.DeletePreferenceLambda",
            "module.admin_lambdas.aws_lambda_provisioned_concurrency_config.DeleteRegisteredComponent",
            "module.admin_lambdas.aws_lambda_provisioned_concurrency_config.GetPreferenceLambda",
            "module.admin_lambdas.aws_lambda_provisioned_concurrency_config.GetRegisteredComponents",
            "module.admin_lambdas.aws_lambda_provisioned_concurrency_config.RegisterComponentLambda",
            "module.auth.aws_cognito_identity_pool.seahorse_identity_pool",
            "module.auth.aws_cognito_identity_pool_roles_attachment.seahorse_identity_pool_roles",
            "module.auth.aws_cognito_identity_provider.identity_provider_sso",
            "module.auth.aws_cognito_user_pool.seahorse_user_pool",
            "module.auth.aws_cognito_user_pool_client.seahorse_web_client",
            "module.auth.aws_cognito_user_pool_domain.domain",
            "module.auth.aws_iam_role.auth_web_iam_role",
            "module.auth.aws_iam_role.unauth_web_iam_role",
            "module.auth.aws_iam_role_policy.web_iam_unauth_role_policy",
            "module.web_backend_api.aws_api_gateway_rest_api.web_backend_api"
          ]
        }
      ]
    },
    {
      "module": "module.web_backend_api",
      "mode": "managed",
      "type": "aws_lambda_permission",
      "name": "delete-preference-lambda-permission",
      "provider": "provider[\"registry.terraform.io/hashicorp/aws\"]",
      "instances": [
        {
          "schema_version": 0,
          "attributes": {
            "action": "lambda:InvokeFunction",
            "event_source_token": null,
            "function_name": "DeleteUserPreference",
            "id": "AllowDeletePreference",
            "principal": "apigateway.amazonaws.com",
            "qualifier": "",
            "source_account": null,
            "source_arn": "arn:aws:execute-api:us-east-1:273259652503:1edhruxhh8/*/*/*",
            "statement_id": "AllowDeletePreference",
            "statement_id_prefix": null
          },
          "private": "bnVsbA==",
          "dependencies": [
            "module.acm.aws_acm_certificate.web_cert",
            "module.admin_lambdas.aws_cloudwatch_event_rule.app_definition_ping",
            "module.admin_lambdas.aws_cloudwatch_event_rule.user_preference_ping",
            "module.admin_lambdas.aws_cloudwatch_event_target.ping_create_preference_lambda",
            "module.admin_lambdas.aws_cloudwatch_event_target.ping_delete_lambda",
            "module.admin_lambdas.aws_cloudwatch_event_target.ping_delete_preference",
            "module.admin_lambdas.aws_cloudwatch_event_target.ping_get_lambda",
            "module.admin_lambdas.aws_cloudwatch_event_target.ping_get_preference",
            "module.admin_lambdas.aws_cloudwatch_event_target.ping_register_lambda",
            "module.admin_lambdas.aws_iam_policy.create_definition_lambdas_exec_policy",
            "module.admin_lambdas.aws_iam_policy.create_preference_lambdas_exec_policy",
            "module.admin_lambdas.aws_iam_policy.delete_definition_lambdas_exec_policy",
            "module.admin_lambdas.aws_iam_policy.delete_preference_lambdas_exec_policy",
            "module.admin_lambdas.aws_iam_policy.get_definition_lambda_exec_policy",
            "module.admin_lambdas.aws_iam_policy.get_preference_lambda_exec_policy",
            "module.admin_lambdas.aws_iam_role.seahorse_iam_role_for_lambdas",
            "module.admin_lambdas.aws_iam_role_policy_attachment.create_preference_exec",
            "module.admin_lambdas.aws_iam_role_policy_attachment.delete_definition_exec",
            "module.admin_lambdas.aws_iam_role_policy_attachment.delete_preference_exec",
            "module.admin_lambdas.aws_iam_role_policy_attachment.get_definition_exec",
            "module.admin_lambdas.aws_iam_role_policy_attachment.get_preference_exec",
            "module.admin_lambdas.aws_iam_role_policy_attachment.lambda_dynamodb",
            "module.admin_lambdas.aws_iam_role_policy_attachment.register_definition_exec",
            "module.admin_lambdas.aws_lambda_alias.CreatePreferenceLambda",
            "module.admin_lambdas.aws_lambda_alias.DeletePreferenceLambda",
            "module.admin_lambdas.aws_lambda_alias.DeleteRegisteredComponent",
            "module.admin_lambdas.aws_lambda_alias.GetPreferenceLambda",
            "module.admin_lambdas.aws_lambda_alias.GetRegisteredComponents",
            "module.admin_lambdas.aws_lambda_alias.RegisterComponentLambda",
            "module.admin_lambdas.aws_lambda_function.CreatePreferenceLambda",
            "module.admin_lambdas.aws_lambda_function.DeletePreferenceLambda",
            "module.admin_lambdas.aws_lambda_function.DeleteRegisteredComponent",
            "module.admin_lambdas.aws_lambda_function.GetPreferenceLambda",
            "module.admin_lambdas.aws_lambda_function.GetRegisteredComponents",
            "module.admin_lambdas.aws_lambda_function.RegisterComponentLambda",
            "module.admin_lambdas.aws_lambda_permission.allow_cloudwatch_to_ping_delete_lambda",
            "module.admin_lambdas.aws_lambda_permission.allow_cloudwatch_to_ping_delete_preference_lambda",
            "module.admin_lambdas.aws_lambda_permission.allow_cloudwatch_to_ping_get_lambda",
            "module.admin_lambdas.aws_lambda_permission.allow_cloudwatch_to_ping_get_preference_lambda",
            "module.admin_lambdas.aws_lambda_permission.allow_cloudwatch_to_ping_preference_lambda",
            "module.admin_lambdas.aws_lambda_permission.allow_cloudwatch_to_ping_register_lambda",
            "module.admin_lambdas.aws_lambda_provisioned_concurrency_config.CreatePreferenceLambda",
            "module.admin_lambdas.aws_lambda_provisioned_concurrency_config.DeletePreferenceLambda",
            "module.admin_lambdas.aws_lambda_provisioned_concurrency_config.DeleteRegisteredComponent",
            "module.admin_lambdas.aws_lambda_provisioned_concurrency_config.GetPreferenceLambda",
            "module.admin_lambdas.aws_lambda_provisioned_concurrency_config.GetRegisteredComponents",
            "module.admin_lambdas.aws_lambda_provisioned_concurrency_config.RegisterComponentLambda",
            "module.auth.aws_cognito_identity_pool.seahorse_identity_pool",
            "module.auth.aws_cognito_identity_pool_roles_attachment.seahorse_identity_pool_roles",
            "module.auth.aws_cognito_identity_provider.identity_provider_sso",
            "module.auth.aws_cognito_user_pool.seahorse_user_pool",
            "module.auth.aws_cognito_user_pool_client.seahorse_web_client",
            "module.auth.aws_cognito_user_pool_domain.domain",
            "module.auth.aws_iam_role.auth_web_iam_role",
            "module.auth.aws_iam_role.unauth_web_iam_role",
            "module.auth.aws_iam_role_policy.web_iam_unauth_role_policy",
            "module.web_backend_api.aws_api_gateway_rest_api.web_backend_api"
          ]
        }
      ]
    },
    {
      "module": "module.web_backend_api",
      "mode": "managed",
      "type": "aws_lambda_permission",
      "name": "get-lambda-permission",
      "provider": "provider[\"registry.terraform.io/hashicorp/aws\"]",
      "instances": [
        {
          "schema_version": 0,
          "attributes": {
            "action": "lambda:InvokeFunction",
            "event_source_token": null,
            "function_name": "GetRegisteredComponents",
            "id": "AllowGetComponent",
            "principal": "apigateway.amazonaws.com",
            "qualifier": "",
            "source_account": null,
            "source_arn": "arn:aws:execute-api:us-east-1:273259652503:1edhruxhh8/*/*/*",
            "statement_id": "AllowGetComponent",
            "statement_id_prefix": null
          },
          "private": "bnVsbA==",
          "dependencies": [
            "module.acm.aws_acm_certificate.web_cert",
            "module.admin_lambdas.aws_cloudwatch_event_rule.app_definition_ping",
            "module.admin_lambdas.aws_cloudwatch_event_rule.user_preference_ping",
            "module.admin_lambdas.aws_cloudwatch_event_target.ping_create_preference_lambda",
            "module.admin_lambdas.aws_cloudwatch_event_target.ping_delete_lambda",
            "module.admin_lambdas.aws_cloudwatch_event_target.ping_delete_preference",
            "module.admin_lambdas.aws_cloudwatch_event_target.ping_get_lambda",
            "module.admin_lambdas.aws_cloudwatch_event_target.ping_get_preference",
            "module.admin_lambdas.aws_cloudwatch_event_target.ping_register_lambda",
            "module.admin_lambdas.aws_iam_policy.create_definition_lambdas_exec_policy",
            "module.admin_lambdas.aws_iam_policy.create_preference_lambdas_exec_policy",
            "module.admin_lambdas.aws_iam_policy.delete_definition_lambdas_exec_policy",
            "module.admin_lambdas.aws_iam_policy.delete_preference_lambdas_exec_policy",
            "module.admin_lambdas.aws_iam_policy.get_definition_lambda_exec_policy",
            "module.admin_lambdas.aws_iam_policy.get_preference_lambda_exec_policy",
            "module.admin_lambdas.aws_iam_role.seahorse_iam_role_for_lambdas",
            "module.admin_lambdas.aws_iam_role_policy_attachment.create_preference_exec",
            "module.admin_lambdas.aws_iam_role_policy_attachment.delete_definition_exec",
            "module.admin_lambdas.aws_iam_role_policy_attachment.delete_preference_exec",
            "module.admin_lambdas.aws_iam_role_policy_attachment.get_definition_exec",
            "module.admin_lambdas.aws_iam_role_policy_attachment.get_preference_exec",
            "module.admin_lambdas.aws_iam_role_policy_attachment.lambda_dynamodb",
            "module.admin_lambdas.aws_iam_role_policy_attachment.register_definition_exec",
            "module.admin_lambdas.aws_lambda_alias.CreatePreferenceLambda",
            "module.admin_lambdas.aws_lambda_alias.DeletePreferenceLambda",
            "module.admin_lambdas.aws_lambda_alias.DeleteRegisteredComponent",
            "module.admin_lambdas.aws_lambda_alias.GetPreferenceLambda",
            "module.admin_lambdas.aws_lambda_alias.GetRegisteredComponents",
            "module.admin_lambdas.aws_lambda_alias.RegisterComponentLambda",
            "module.admin_lambdas.aws_lambda_function.CreatePreferenceLambda",
            "module.admin_lambdas.aws_lambda_function.DeletePreferenceLambda",
            "module.admin_lambdas.aws_lambda_function.DeleteRegisteredComponent",
            "module.admin_lambdas.aws_lambda_function.GetPreferenceLambda",
            "module.admin_lambdas.aws_lambda_function.GetRegisteredComponents",
            "module.admin_lambdas.aws_lambda_function.RegisterComponentLambda",
            "module.admin_lambdas.aws_lambda_permission.allow_cloudwatch_to_ping_delete_lambda",
            "module.admin_lambdas.aws_lambda_permission.allow_cloudwatch_to_ping_delete_preference_lambda",
            "module.admin_lambdas.aws_lambda_permission.allow_cloudwatch_to_ping_get_lambda",
            "module.admin_lambdas.aws_lambda_permission.allow_cloudwatch_to_ping_get_preference_lambda",
            "module.admin_lambdas.aws_lambda_permission.allow_cloudwatch_to_ping_preference_lambda",
            "module.admin_lambdas.aws_lambda_permission.allow_cloudwatch_to_ping_register_lambda",
            "module.admin_lambdas.aws_lambda_provisioned_concurrency_config.CreatePreferenceLambda",
            "module.admin_lambdas.aws_lambda_provisioned_concurrency_config.DeletePreferenceLambda",
            "module.admin_lambdas.aws_lambda_provisioned_concurrency_config.DeleteRegisteredComponent",
            "module.admin_lambdas.aws_lambda_provisioned_concurrency_config.GetPreferenceLambda",
            "module.admin_lambdas.aws_lambda_provisioned_concurrency_config.GetRegisteredComponents",
            "module.admin_lambdas.aws_lambda_provisioned_concurrency_config.RegisterComponentLambda",
            "module.auth.aws_cognito_identity_pool.seahorse_identity_pool",
            "module.auth.aws_cognito_identity_pool_roles_attachment.seahorse_identity_pool_roles",
            "module.auth.aws_cognito_identity_provider.identity_provider_sso",
            "module.auth.aws_cognito_user_pool.seahorse_user_pool",
            "module.auth.aws_cognito_user_pool_client.seahorse_web_client",
            "module.auth.aws_cognito_user_pool_domain.domain",
            "module.auth.aws_iam_role.auth_web_iam_role",
            "module.auth.aws_iam_role.unauth_web_iam_role",
            "module.auth.aws_iam_role_policy.web_iam_unauth_role_policy",
            "module.web_backend_api.aws_api_gateway_rest_api.web_backend_api"
          ]
        }
      ]
    },
    {
      "module": "module.web_backend_api",
      "mode": "managed",
      "type": "aws_lambda_permission",
      "name": "get-preference-lambda-permission",
      "provider": "provider[\"registry.terraform.io/hashicorp/aws\"]",
      "instances": [
        {
          "schema_version": 0,
          "attributes": {
            "action": "lambda:InvokeFunction",
            "event_source_token": null,
            "function_name": "GetUserPreference",
            "id": "AllowGetPreference",
            "principal": "apigateway.amazonaws.com",
            "qualifier": "",
            "source_account": null,
            "source_arn": "arn:aws:execute-api:us-east-1:273259652503:1edhruxhh8/*/*/*",
            "statement_id": "AllowGetPreference",
            "statement_id_prefix": null
          },
          "private": "bnVsbA==",
          "dependencies": [
            "module.acm.aws_acm_certificate.web_cert",
            "module.admin_lambdas.aws_cloudwatch_event_rule.app_definition_ping",
            "module.admin_lambdas.aws_cloudwatch_event_rule.user_preference_ping",
            "module.admin_lambdas.aws_cloudwatch_event_target.ping_create_preference_lambda",
            "module.admin_lambdas.aws_cloudwatch_event_target.ping_delete_lambda",
            "module.admin_lambdas.aws_cloudwatch_event_target.ping_delete_preference",
            "module.admin_lambdas.aws_cloudwatch_event_target.ping_get_lambda",
            "module.admin_lambdas.aws_cloudwatch_event_target.ping_get_preference",
            "module.admin_lambdas.aws_cloudwatch_event_target.ping_register_lambda",
            "module.admin_lambdas.aws_iam_policy.create_definition_lambdas_exec_policy",
            "module.admin_lambdas.aws_iam_policy.create_preference_lambdas_exec_policy",
            "module.admin_lambdas.aws_iam_policy.delete_definition_lambdas_exec_policy",
            "module.admin_lambdas.aws_iam_policy.delete_preference_lambdas_exec_policy",
            "module.admin_lambdas.aws_iam_policy.get_definition_lambda_exec_policy",
            "module.admin_lambdas.aws_iam_policy.get_preference_lambda_exec_policy",
            "module.admin_lambdas.aws_iam_role.seahorse_iam_role_for_lambdas",
            "module.admin_lambdas.aws_iam_role_policy_attachment.create_preference_exec",
            "module.admin_lambdas.aws_iam_role_policy_attachment.delete_definition_exec",
            "module.admin_lambdas.aws_iam_role_policy_attachment.delete_preference_exec",
            "module.admin_lambdas.aws_iam_role_policy_attachment.get_definition_exec",
            "module.admin_lambdas.aws_iam_role_policy_attachment.get_preference_exec",
            "module.admin_lambdas.aws_iam_role_policy_attachment.lambda_dynamodb",
            "module.admin_lambdas.aws_iam_role_policy_attachment.register_definition_exec",
            "module.admin_lambdas.aws_lambda_alias.CreatePreferenceLambda",
            "module.admin_lambdas.aws_lambda_alias.DeletePreferenceLambda",
            "module.admin_lambdas.aws_lambda_alias.DeleteRegisteredComponent",
            "module.admin_lambdas.aws_lambda_alias.GetPreferenceLambda",
            "module.admin_lambdas.aws_lambda_alias.GetRegisteredComponents",
            "module.admin_lambdas.aws_lambda_alias.RegisterComponentLambda",
            "module.admin_lambdas.aws_lambda_function.CreatePreferenceLambda",
            "module.admin_lambdas.aws_lambda_function.DeletePreferenceLambda",
            "module.admin_lambdas.aws_lambda_function.DeleteRegisteredComponent",
            "module.admin_lambdas.aws_lambda_function.GetPreferenceLambda",
            "module.admin_lambdas.aws_lambda_function.GetRegisteredComponents",
            "module.admin_lambdas.aws_lambda_function.RegisterComponentLambda",
            "module.admin_lambdas.aws_lambda_permission.allow_cloudwatch_to_ping_delete_lambda",
            "module.admin_lambdas.aws_lambda_permission.allow_cloudwatch_to_ping_delete_preference_lambda",
            "module.admin_lambdas.aws_lambda_permission.allow_cloudwatch_to_ping_get_lambda",
            "module.admin_lambdas.aws_lambda_permission.allow_cloudwatch_to_ping_get_preference_lambda",
            "module.admin_lambdas.aws_lambda_permission.allow_cloudwatch_to_ping_preference_lambda",
            "module.admin_lambdas.aws_lambda_permission.allow_cloudwatch_to_ping_register_lambda",
            "module.admin_lambdas.aws_lambda_provisioned_concurrency_config.CreatePreferenceLambda",
            "module.admin_lambdas.aws_lambda_provisioned_concurrency_config.DeletePreferenceLambda",
            "module.admin_lambdas.aws_lambda_provisioned_concurrency_config.DeleteRegisteredComponent",
            "module.admin_lambdas.aws_lambda_provisioned_concurrency_config.GetPreferenceLambda",
            "module.admin_lambdas.aws_lambda_provisioned_concurrency_config.GetRegisteredComponents",
            "module.admin_lambdas.aws_lambda_provisioned_concurrency_config.RegisterComponentLambda",
            "module.auth.aws_cognito_identity_pool.seahorse_identity_pool",
            "module.auth.aws_cognito_identity_pool_roles_attachment.seahorse_identity_pool_roles",
            "module.auth.aws_cognito_identity_provider.identity_provider_sso",
            "module.auth.aws_cognito_user_pool.seahorse_user_pool",
            "module.auth.aws_cognito_user_pool_client.seahorse_web_client",
            "module.auth.aws_cognito_user_pool_domain.domain",
            "module.auth.aws_iam_role.auth_web_iam_role",
            "module.auth.aws_iam_role.unauth_web_iam_role",
            "module.auth.aws_iam_role_policy.web_iam_unauth_role_policy",
            "module.web_backend_api.aws_api_gateway_rest_api.web_backend_api"
          ]
        }
      ]
    },
    {
      "module": "module.web_static",
      "mode": "managed",
      "type": "aws_cloudfront_distribution",
      "name": "docs_distribution",
      "provider": "provider[\"registry.terraform.io/hashicorp/aws\"]",
      "instances": [
        {
          "schema_version": 1,
          "attributes": {
            "aliases": [
              "docusaurus.seahorse-uat2.globallink.com"
            ],
            "arn": "arn:aws:cloudfront::273259652503:distribution/E2INW60EIMW9HO",
            "caller_reference": "terraform-2021062513550162650000000e",
            "comment": null,
            "custom_error_response": [],
            "default_cache_behavior": [
              {
                "allowed_methods": [
                  "DELETE",
                  "GET",
                  "HEAD",
                  "OPTIONS",
                  "PATCH",
                  "POST",
                  "PUT"
                ],
                "cache_policy_id": "",
                "cached_methods": [
                  "GET",
                  "HEAD"
                ],
                "compress": false,
                "default_ttl": 0,
                "field_level_encryption_id": "",
                "forwarded_values": [
                  {
                    "cookies": [
                      {
                        "forward": "none",
                        "whitelisted_names": []
                      }
                    ],
                    "headers": [],
                    "query_string": false,
                    "query_string_cache_keys": []
                  }
                ],
                "lambda_function_association": [],
                "max_ttl": 0,
                "min_ttl": 0,
                "origin_request_policy_id": "",
                "realtime_log_config_arn": "",
                "smooth_streaming": false,
                "target_origin_id": "uat2.seahorse.docusaurus",
                "trusted_signers": [],
                "viewer_protocol_policy": "allow-all"
              }
            ],
            "default_root_object": "index.html",
            "domain_name": "dku4mqb7qckn7.cloudfront.net",
            "enabled": true,
            "etag": "E2GXHVCLCLJ9FL",
            "hosted_zone_id": "Z2FDTNDATAQYW2",
            "http_version": "http2",
            "id": "E2INW60EIMW9HO",
            "in_progress_validation_batches": 0,
            "is_ipv6_enabled": true,
            "last_modified_time": "2021-06-25 13:55:02.921 +0000 UTC",
            "logging_config": [],
            "ordered_cache_behavior": [],
            "origin": [
              {
                "custom_header": [],
                "custom_origin_config": [],
                "domain_name": "uat2.seahorse.docusaurus.s3.amazonaws.com",
                "origin_id": "uat2.seahorse.docusaurus",
                "origin_path": "",
                "s3_origin_config": [
                  {
                    "origin_access_identity": "origin-access-identity/cloudfront/EFK47F2W0LHNI"
                  }
                ]
              }
            ],
            "origin_group": [],
            "price_class": "PriceClass_All",
            "restrictions": [
              {
                "geo_restriction": [
                  {
                    "locations": [
                      "CA",
                      "DE",
                      "GB",
                      "US"
                    ],
                    "restriction_type": "whitelist"
                  }
                ]
              }
            ],
            "retain_on_delete": false,
            "status": "Deployed",
            "tags": null,
            "trusted_signers": [
              {
                "enabled": false,
                "items": []
              }
            ],
            "viewer_certificate": [
              {
                "acm_certificate_arn": "arn:aws:acm:us-east-1:273259652503:certificate/725c90de-119b-4b35-9b3a-6bbf83897309",
                "cloudfront_default_certificate": false,
                "iam_certificate_id": "",
                "minimum_protocol_version": "TLSv1.2_2019",
                "ssl_support_method": "sni-only"
              }
            ],
            "wait_for_deployment": true,
            "web_acl_id": "9bf9998e-41ce-44a3-a0c4-6d569b770be6"
          },
          "private": "eyJzY2hlbWFfdmVyc2lvbiI6IjEifQ==",
          "dependencies": [
            "module.acm.aws_acm_certificate.web_cert",
            "module.waf.aws_waf_ipset.ipset",
            "module.waf.aws_waf_rule.wafrule",
            "module.waf.aws_waf_web_acl.waf_acl",
            "module.web_static.aws_cloudfront_origin_access_identity.docusaurus_origin_access_identity",
            "module.web_static.aws_s3_bucket.docusaurus"
          ]
        }
      ]
    },
    {
      "module": "module.web_static",
      "mode": "managed",
      "type": "aws_cloudfront_distribution",
      "name": "example_distribution",
      "provider": "provider[\"registry.terraform.io/hashicorp/aws\"]",
      "instances": [
        {
          "schema_version": 1,
          "attributes": {
            "aliases": [
              "simple-app.seahorse-uat2.globallink.com"
            ],
            "arn": "arn:aws:cloudfront::273259652503:distribution/E317VKZND3YSWW",
            "caller_reference": "terraform-2021062513552354490000000f",
            "comment": null,
            "custom_error_response": [],
            "default_cache_behavior": [
              {
                "allowed_methods": [
                  "DELETE",
                  "GET",
                  "HEAD",
                  "OPTIONS",
                  "PATCH",
                  "POST",
                  "PUT"
                ],
                "cache_policy_id": "",
                "cached_methods": [
                  "GET",
                  "HEAD"
                ],
                "compress": false,
                "default_ttl": 0,
                "field_level_encryption_id": "",
                "forwarded_values": [
                  {
                    "cookies": [
                      {
                        "forward": "none",
                        "whitelisted_names": []
                      }
                    ],
                    "headers": [],
                    "query_string": false,
                    "query_string_cache_keys": []
                  }
                ],
                "lambda_function_association": [],
                "max_ttl": 0,
                "min_ttl": 0,
                "origin_request_policy_id": "",
                "realtime_log_config_arn": "",
                "smooth_streaming": false,
                "target_origin_id": "uat2.seahorse.simple-app",
                "trusted_signers": [],
                "viewer_protocol_policy": "allow-all"
              }
            ],
            "default_root_object": "index.html",
            "domain_name": "d1o7uleha6ddtf.cloudfront.net",
            "enabled": true,
            "etag": "E3DQQW9ON0KEW6",
            "hosted_zone_id": "Z2FDTNDATAQYW2",
            "http_version": "http2",
            "id": "E317VKZND3YSWW",
            "in_progress_validation_batches": 0,
            "is_ipv6_enabled": true,
            "last_modified_time": "2021-06-25 13:55:24.816 +0000 UTC",
            "logging_config": [],
            "ordered_cache_behavior": [],
            "origin": [
              {
                "custom_header": [],
                "custom_origin_config": [],
                "domain_name": "uat2.seahorse.simple-app.s3.amazonaws.com",
                "origin_id": "uat2.seahorse.simple-app",
                "origin_path": "",
                "s3_origin_config": [
                  {
                    "origin_access_identity": "origin-access-identity/cloudfront/E3A7ASGJG4Z9CT"
                  }
                ]
              }
            ],
            "origin_group": [],
            "price_class": "PriceClass_All",
            "restrictions": [
              {
                "geo_restriction": [
                  {
                    "locations": [
                      "CA",
                      "DE",
                      "GB",
                      "US"
                    ],
                    "restriction_type": "whitelist"
                  }
                ]
              }
            ],
            "retain_on_delete": false,
            "status": "Deployed",
            "tags": null,
            "trusted_signers": [
              {
                "enabled": false,
                "items": []
              }
            ],
            "viewer_certificate": [
              {
                "acm_certificate_arn": "arn:aws:acm:us-east-1:273259652503:certificate/725c90de-119b-4b35-9b3a-6bbf83897309",
                "cloudfront_default_certificate": false,
                "iam_certificate_id": "",
                "minimum_protocol_version": "TLSv1.2_2019",
                "ssl_support_method": "sni-only"
              }
            ],
            "wait_for_deployment": true,
            "web_acl_id": "9bf9998e-41ce-44a3-a0c4-6d569b770be6"
          },
          "private": "eyJzY2hlbWFfdmVyc2lvbiI6IjEifQ==",
          "dependencies": [
            "module.acm.aws_acm_certificate.web_cert",
            "module.waf.aws_waf_ipset.ipset",
            "module.waf.aws_waf_rule.wafrule",
            "module.waf.aws_waf_web_acl.waf_acl",
            "module.web_static.aws_cloudfront_origin_access_identity.example_origin_access_identity",
            "module.web_static.aws_s3_bucket.examples"
          ]
        }
      ]
    },
    {
      "module": "module.web_static",
      "mode": "managed",
      "type": "aws_cloudfront_distribution",
      "name": "finsemble_distribution",
      "provider": "provider[\"registry.terraform.io/hashicorp/aws\"]",
      "instances": [
        {
          "schema_version": 1,
          "attributes": {
            "aliases": [
              "web.seahorse-uat2.globallink.com"
            ],
            "arn": "arn:aws:cloudfront::273259652503:distribution/ESTJUZ3271QGL",
            "caller_reference": "terraform-2021062513545717060000000d",
            "comment": null,
            "custom_error_response": [],
            "default_cache_behavior": [
              {
                "allowed_methods": [
                  "DELETE",
                  "GET",
                  "HEAD",
                  "OPTIONS",
                  "PATCH",
                  "POST",
                  "PUT"
                ],
                "cache_policy_id": "",
                "cached_methods": [
                  "GET",
                  "HEAD"
                ],
                "compress": false,
                "default_ttl": 0,
                "field_level_encryption_id": "",
                "forwarded_values": [
                  {
                    "cookies": [
                      {
                        "forward": "none",
                        "whitelisted_names": []
                      }
                    ],
                    "headers": [],
                    "query_string": false,
                    "query_string_cache_keys": []
                  }
                ],
                "lambda_function_association": [],
                "max_ttl": 0,
                "min_ttl": 0,
                "origin_request_policy_id": "",
                "realtime_log_config_arn": "",
                "smooth_streaming": false,
                "target_origin_id": "uat2.seahorse.finsemble",
                "trusted_signers": [],
                "viewer_protocol_policy": "allow-all"
              }
            ],
            "default_root_object": "index.html",
            "domain_name": "d3qruxhfy99boe.cloudfront.net",
            "enabled": true,
            "etag": "E16GL8SR1Q1QT5",
            "hosted_zone_id": "Z2FDTNDATAQYW2",
            "http_version": "http2",
            "id": "ESTJUZ3271QGL",
            "in_progress_validation_batches": 0,
            "is_ipv6_enabled": true,
            "last_modified_time": "2021-06-25 13:54:58.296 +0000 UTC",
            "logging_config": [],
            "ordered_cache_behavior": [
              {
                "allowed_methods": [
                  "GET",
                  "HEAD",
                  "OPTIONS"
                ],
                "cache_policy_id": "",
                "cached_methods": [
                  "GET",
                  "HEAD"
                ],
                "compress": true,
                "default_ttl": 0,
                "field_level_encryption_id": "",
                "forwarded_values": [
                  {
                    "cookies": [
                      {
                        "forward": "none",
                        "whitelisted_names": null
                      }
                    ],
                    "headers": [],
                    "query_string": false,
                    "query_string_cache_keys": []
                  }
                ],
                "lambda_function_association": [],
                "max_ttl": 0,
                "min_ttl": 0,
                "origin_request_policy_id": "",
                "path_pattern": "/apps/*",
                "realtime_log_config_arn": "",
                "smooth_streaming": false,
                "target_origin_id": "uat2.seahorse.apps",
                "trusted_signers": null,
                "viewer_protocol_policy": "redirect-to-https"
              }
            ],
            "origin": [
              {
                "custom_header": [],
                "custom_origin_config": [],
                "domain_name": "uat2.seahorse.apps.s3.amazonaws.com",
                "origin_id": "uat2.seahorse.apps",
                "origin_path": "",
                "s3_origin_config": [
                  {
                    "origin_access_identity": "origin-access-identity/cloudfront/E2M0NC3ZP6HGK1"
                  }
                ]
              },
              {
                "custom_header": [],
                "custom_origin_config": [],
                "domain_name": "uat2.seahorse.finsemble.s3.amazonaws.com",
                "origin_id": "uat2.seahorse.finsemble",
                "origin_path": "",
                "s3_origin_config": [
                  {
                    "origin_access_identity": "origin-access-identity/cloudfront/E2M0NC3ZP6HGK1"
                  }
                ]
              }
            ],
            "origin_group": [],
            "price_class": "PriceClass_All",
            "restrictions": [
              {
                "geo_restriction": [
                  {
                    "locations": [
                      "CA",
                      "DE",
                      "GB",
                      "US"
                    ],
                    "restriction_type": "whitelist"
                  }
                ]
              }
            ],
            "retain_on_delete": false,
            "status": "Deployed",
            "tags": null,
            "trusted_signers": [
              {
                "enabled": false,
                "items": []
              }
            ],
            "viewer_certificate": [
              {
                "acm_certificate_arn": "arn:aws:acm:us-east-1:273259652503:certificate/725c90de-119b-4b35-9b3a-6bbf83897309",
                "cloudfront_default_certificate": false,
                "iam_certificate_id": "",
                "minimum_protocol_version": "TLSv1.2_2019",
                "ssl_support_method": "sni-only"
              }
            ],
            "wait_for_deployment": true,
            "web_acl_id": "9bf9998e-41ce-44a3-a0c4-6d569b770be6"
          },
          "private": "eyJzY2hlbWFfdmVyc2lvbiI6IjEifQ==",
          "dependencies": [
            "module.acm.aws_acm_certificate.web_cert",
            "module.waf.aws_waf_ipset.ipset",
            "module.waf.aws_waf_rule.wafrule",
            "module.waf.aws_waf_web_acl.waf_acl",
            "module.web_static.aws_cloudfront_origin_access_identity.finsemble_origin_access_identity",
            "module.web_static.aws_s3_bucket.apps",
            "module.web_static.aws_s3_bucket.finsemble"
          ]
        }
      ]
    },
    {
      "module": "module.web_static",
      "mode": "managed",
      "type": "aws_cloudfront_distribution",
      "name": "storybook_distribution",
      "provider": "provider[\"registry.terraform.io/hashicorp/aws\"]",
      "instances": [
        {
          "schema_version": 1,
          "attributes": {
            "aliases": [
              "storybook.seahorse-uat2.globallink.com"
            ],
            "arn": "arn:aws:cloudfront::273259652503:distribution/EL7X4QD8WYQKG",
            "caller_reference": "terraform-2021062513545407390000000c",
            "comment": null,
            "custom_error_response": [],
            "default_cache_behavior": [
              {
                "allowed_methods": [
                  "DELETE",
                  "GET",
                  "HEAD",
                  "OPTIONS",
                  "PATCH",
                  "POST",
                  "PUT"
                ],
                "cache_policy_id": "",
                "cached_methods": [
                  "GET",
                  "HEAD"
                ],
                "compress": false,
                "default_ttl": 0,
                "field_level_encryption_id": "",
                "forwarded_values": [
                  {
                    "cookies": [
                      {
                        "forward": "none",
                        "whitelisted_names": []
                      }
                    ],
                    "headers": [],
                    "query_string": false,
                    "query_string_cache_keys": []
                  }
                ],
                "lambda_function_association": [],
                "max_ttl": 0,
                "min_ttl": 0,
                "origin_request_policy_id": "",
                "realtime_log_config_arn": "",
                "smooth_streaming": false,
                "target_origin_id": "uat2.seahorse.storybook",
                "trusted_signers": [],
                "viewer_protocol_policy": "allow-all"
              }
            ],
            "default_root_object": "index.html",
            "domain_name": "d1lvno61af6s63.cloudfront.net",
            "enabled": true,
            "etag": "EF82GVHJ0UIHG",
            "hosted_zone_id": "Z2FDTNDATAQYW2",
            "http_version": "http2",
            "id": "EL7X4QD8WYQKG",
            "in_progress_validation_batches": 0,
            "is_ipv6_enabled": true,
            "last_modified_time": "2021-06-25 13:54:55.349 +0000 UTC",
            "logging_config": [],
            "ordered_cache_behavior": [],
            "origin": [
              {
                "custom_header": [],
                "custom_origin_config": [],
                "domain_name": "uat2.seahorse.storybook.s3.amazonaws.com",
                "origin_id": "uat2.seahorse.storybook",
                "origin_path": "",
                "s3_origin_config": [
                  {
                    "origin_access_identity": "origin-access-identity/cloudfront/E1LP57SCVKXCV8"
                  }
                ]
              }
            ],
            "origin_group": [],
            "price_class": "PriceClass_All",
            "restrictions": [
              {
                "geo_restriction": [
                  {
                    "locations": [
                      "CA",
                      "DE",
                      "GB",
                      "US"
                    ],
                    "restriction_type": "whitelist"
                  }
                ]
              }
            ],
            "retain_on_delete": false,
            "status": "Deployed",
            "tags": null,
            "trusted_signers": [
              {
                "enabled": false,
                "items": []
              }
            ],
            "viewer_certificate": [
              {
                "acm_certificate_arn": "arn:aws:acm:us-east-1:273259652503:certificate/725c90de-119b-4b35-9b3a-6bbf83897309",
                "cloudfront_default_certificate": false,
                "iam_certificate_id": "",
                "minimum_protocol_version": "TLSv1.2_2019",
                "ssl_support_method": "sni-only"
              }
            ],
            "wait_for_deployment": true,
            "web_acl_id": "9bf9998e-41ce-44a3-a0c4-6d569b770be6"
          },
          "private": "eyJzY2hlbWFfdmVyc2lvbiI6IjEifQ==",
          "dependencies": [
            "module.acm.aws_acm_certificate.web_cert",
            "module.waf.aws_waf_ipset.ipset",
            "module.waf.aws_waf_rule.wafrule",
            "module.waf.aws_waf_web_acl.waf_acl",
            "module.web_static.aws_cloudfront_origin_access_identity.storybook_origin_access_identity",
            "module.web_static.aws_s3_bucket.storybook"
          ]
        }
      ]
    },
    {
      "module": "module.web_static",
      "mode": "managed",
      "type": "aws_cloudfront_origin_access_identity",
      "name": "docusaurus_origin_access_identity",
      "provider": "provider[\"registry.terraform.io/hashicorp/aws\"]",
      "instances": [
        {
          "schema_version": 0,
          "attributes": {
            "caller_reference": "terraform-20210625135418841300000001",
            "cloudfront_access_identity_path": "origin-access-identity/cloudfront/EFK47F2W0LHNI",
            "comment": "Docusaurus OAI",
            "etag": "E175JDOGIK4760",
            "iam_arn": "arn:aws:iam::cloudfront:user/CloudFront Origin Access Identity EFK47F2W0LHNI",
            "id": "EFK47F2W0LHNI",
            "s3_canonical_user_id": "751082f7ad7a08c885ece4272d9043b4fb16e2a2e719a9db05c07222d8ba5045f7b37cd624757eadeca3edd866fa5f2a"
          },
          "private": "bnVsbA=="
        }
      ]
    },
    {
      "module": "module.web_static",
      "mode": "managed",
      "type": "aws_cloudfront_origin_access_identity",
      "name": "example_origin_access_identity",
      "provider": "provider[\"registry.terraform.io/hashicorp/aws\"]",
      "instances": [
        {
          "schema_version": 0,
          "attributes": {
            "caller_reference": "terraform-20210625135423907600000004",
            "cloudfront_access_identity_path": "origin-access-identity/cloudfront/E3A7ASGJG4Z9CT",
            "comment": "Examples OAI",
            "etag": "E1JWJ8NGUD04HH",
            "iam_arn": "arn:aws:iam::cloudfront:user/CloudFront Origin Access Identity E3A7ASGJG4Z9CT",
            "id": "E3A7ASGJG4Z9CT",
            "s3_canonical_user_id": "808b62ed9ff38855a1c590d9bb13a9ad3658bfa155491649c6fae47e1cbcfe7f39b12f9ebae59563ab16c30c04865fdc"
          },
          "private": "bnVsbA=="
        }
      ]
    },
    {
      "module": "module.web_static",
      "mode": "managed",
      "type": "aws_cloudfront_origin_access_identity",
      "name": "finsemble_origin_access_identity",
      "provider": "provider[\"registry.terraform.io/hashicorp/aws\"]",
      "instances": [
        {
          "schema_version": 0,
          "attributes": {
            "caller_reference": "terraform-20210625135421803000000003",
            "cloudfront_access_identity_path": "origin-access-identity/cloudfront/E2M0NC3ZP6HGK1",
            "comment": "Finsemble OAI",
            "etag": "ESAV59YUA3HIJ",
            "iam_arn": "arn:aws:iam::cloudfront:user/CloudFront Origin Access Identity E2M0NC3ZP6HGK1",
            "id": "E2M0NC3ZP6HGK1",
            "s3_canonical_user_id": "f336e6b2554ddcfb0bd3c7016f34ba1fbe67571f1a74a10e27e4442bc4d45338864e5581a3476421cfe014ad3ecbd630"
          },
          "private": "bnVsbA=="
        }
      ]
    },
    {
      "module": "module.web_static",
      "mode": "managed",
      "type": "aws_cloudfront_origin_access_identity",
      "name": "storybook_origin_access_identity",
      "provider": "provider[\"registry.terraform.io/hashicorp/aws\"]",
      "instances": [
        {
          "schema_version": 0,
          "attributes": {
            "caller_reference": "terraform-20210625135418844700000002",
            "cloudfront_access_identity_path": "origin-access-identity/cloudfront/E1LP57SCVKXCV8",
            "comment": "StoryBook OAI",
            "etag": "E1YSP3QH8V6QO",
            "iam_arn": "arn:aws:iam::cloudfront:user/CloudFront Origin Access Identity E1LP57SCVKXCV8",
            "id": "E1LP57SCVKXCV8",
            "s3_canonical_user_id": "30a08c1e04b88fec1fce0139e3c5f37700debe6beac43468a128acf1a38a384a478e9ef4498c6af04356518da0591fd1"
          },
          "private": "bnVsbA=="
        }
      ]
    },
    {
      "module": "module.web_static",
      "mode": "managed",
      "type": "aws_s3_bucket",
      "name": "apps",
      "provider": "provider[\"registry.terraform.io/hashicorp/aws\"]",
      "instances": [
        {
          "schema_version": 0,
          "attributes": {
            "acceleration_status": "",
            "acl": "public-read",
            "arn": "arn:aws:s3:::uat2.seahorse.apps",
            "bucket": "uat2.seahorse.apps",
            "bucket_domain_name": "uat2.seahorse.apps.s3.amazonaws.com",
            "bucket_prefix": null,
            "bucket_regional_domain_name": "uat2.seahorse.apps.s3.amazonaws.com",
            "cors_rule": [],
            "force_destroy": false,
            "grant": [],
            "hosted_zone_id": "Z3AQBSTGFYJSTF",
            "id": "uat2.seahorse.apps",
            "lifecycle_rule": [],
            "logging": [],
            "object_lock_configuration": [],
            "policy": "{\"Id\":\"CloudFrontOAIOnly\",\"Statement\":[{\"Action\":\"s3:GetObject\",\"Effect\":\"Allow\",\"Principal\":{\"AWS\":\"arn:aws:iam::cloudfront:user/CloudFront Origin Access Identity E2M0NC3ZP6HGK1\"},\"Resource\":\"arn:aws:s3:::uat2.seahorse.apps/*\",\"Sid\":\"1\"}],\"Version\":\"2012-10-17\"}",
            "region": "us-east-1",
            "replication_configuration": [],
            "request_payer": "BucketOwner",
            "server_side_encryption_configuration": [],
            "tags": {
              "Environment": "SeaHorse",
              "Name": "Product"
            },
            "versioning": [
              {
                "enabled": false,
                "mfa_delete": false
              }
            ],
            "website": [
              {
                "error_document": "error.html",
                "index_document": "index.html",
                "redirect_all_requests_to": "",
                "routing_rules": ""
              }
            ],
            "website_domain": "s3-website-us-east-1.amazonaws.com",
            "website_endpoint": "uat2.seahorse.apps.s3-website-us-east-1.amazonaws.com"
          },
          "private": "bnVsbA==",
          "dependencies": [
            "module.web_static.aws_cloudfront_origin_access_identity.finsemble_origin_access_identity"
          ]
        }
      ]
    },
    {
      "module": "module.web_static",
      "mode": "managed",
      "type": "aws_s3_bucket",
      "name": "docusaurus",
      "provider": "provider[\"registry.terraform.io/hashicorp/aws\"]",
      "instances": [
        {
          "schema_version": 0,
          "attributes": {
            "acceleration_status": "",
            "acl": "public-read",
            "arn": "arn:aws:s3:::uat2.seahorse.docusaurus",
            "bucket": "uat2.seahorse.docusaurus",
            "bucket_domain_name": "uat2.seahorse.docusaurus.s3.amazonaws.com",
            "bucket_prefix": null,
            "bucket_regional_domain_name": "uat2.seahorse.docusaurus.s3.amazonaws.com",
            "cors_rule": [],
            "force_destroy": false,
            "grant": [],
            "hosted_zone_id": "Z3AQBSTGFYJSTF",
            "id": "uat2.seahorse.docusaurus",
            "lifecycle_rule": [],
            "logging": [],
            "object_lock_configuration": [],
            "policy": "{\"Id\":\"CloudFrontOAIOnly\",\"Statement\":[{\"Action\":\"s3:GetObject\",\"Effect\":\"Allow\",\"Principal\":{\"AWS\":\"arn:aws:iam::cloudfront:user/CloudFront Origin Access Identity EFK47F2W0LHNI\"},\"Resource\":\"arn:aws:s3:::uat2.seahorse.docusaurus/*\",\"Sid\":\"1\"}],\"Version\":\"2012-10-17\"}",
            "region": "us-east-1",
            "replication_configuration": [],
            "request_payer": "BucketOwner",
            "server_side_encryption_configuration": [],
            "tags": {
              "Environment": "SeaHorse",
              "Name": "Product"
            },
            "versioning": [
              {
                "enabled": false,
                "mfa_delete": false
              }
            ],
            "website": [
              {
                "error_document": "error.html",
                "index_document": "index.html",
                "redirect_all_requests_to": "",
                "routing_rules": ""
              }
            ],
            "website_domain": "s3-website-us-east-1.amazonaws.com",
            "website_endpoint": "uat2.seahorse.docusaurus.s3-website-us-east-1.amazonaws.com"
          },
          "private": "bnVsbA==",
          "dependencies": [
            "module.web_static.aws_cloudfront_origin_access_identity.docusaurus_origin_access_identity"
          ]
        }
      ]
    },
    {
      "module": "module.web_static",
      "mode": "managed",
      "type": "aws_s3_bucket",
      "name": "examples",
      "provider": "provider[\"registry.terraform.io/hashicorp/aws\"]",
      "instances": [
        {
          "schema_version": 0,
          "attributes": {
            "acceleration_status": "",
            "acl": "public-read",
            "arn": "arn:aws:s3:::uat2.seahorse.simple-app",
            "bucket": "uat2.seahorse.simple-app",
            "bucket_domain_name": "uat2.seahorse.simple-app.s3.amazonaws.com",
            "bucket_prefix": null,
            "bucket_regional_domain_name": "uat2.seahorse.simple-app.s3.amazonaws.com",
            "cors_rule": [],
            "force_destroy": false,
            "grant": [],
            "hosted_zone_id": "Z3AQBSTGFYJSTF",
            "id": "uat2.seahorse.simple-app",
            "lifecycle_rule": [],
            "logging": [],
            "object_lock_configuration": [],
            "policy": "{\"Id\":\"CloudFrontOAIOnly\",\"Statement\":[{\"Action\":\"s3:GetObject\",\"Effect\":\"Allow\",\"Principal\":{\"AWS\":\"arn:aws:iam::cloudfront:user/CloudFront Origin Access Identity E3A7ASGJG4Z9CT\"},\"Resource\":\"arn:aws:s3:::uat2.seahorse.simple-app/*\",\"Sid\":\"1\"}],\"Version\":\"2012-10-17\"}",
            "region": "us-east-1",
            "replication_configuration": [],
            "request_payer": "BucketOwner",
            "server_side_encryption_configuration": [],
            "tags": {
              "Environment": "SeaHorse",
              "Name": "Product"
            },
            "versioning": [
              {
                "enabled": false,
                "mfa_delete": false
              }
            ],
            "website": [
              {
                "error_document": "error.html",
                "index_document": "index.html",
                "redirect_all_requests_to": "",
                "routing_rules": ""
              }
            ],
            "website_domain": "s3-website-us-east-1.amazonaws.com",
            "website_endpoint": "uat2.seahorse.simple-app.s3-website-us-east-1.amazonaws.com"
          },
          "private": "bnVsbA==",
          "dependencies": [
            "module.web_static.aws_cloudfront_origin_access_identity.example_origin_access_identity"
          ]
        }
      ]
    },
    {
      "module": "module.web_static",
      "mode": "managed",
      "type": "aws_s3_bucket",
      "name": "finsemble",
      "provider": "provider[\"registry.terraform.io/hashicorp/aws\"]",
      "instances": [
        {
          "schema_version": 0,
          "attributes": {
            "acceleration_status": "",
            "acl": "public-read",
            "arn": "arn:aws:s3:::uat2.seahorse.finsemble",
            "bucket": "uat2.seahorse.finsemble",
            "bucket_domain_name": "uat2.seahorse.finsemble.s3.amazonaws.com",
            "bucket_prefix": null,
            "bucket_regional_domain_name": "uat2.seahorse.finsemble.s3.amazonaws.com",
            "cors_rule": [],
            "force_destroy": false,
            "grant": [],
            "hosted_zone_id": "Z3AQBSTGFYJSTF",
            "id": "uat2.seahorse.finsemble",
            "lifecycle_rule": [],
            "logging": [],
            "object_lock_configuration": [],
            "policy": "{\"Id\":\"CloudFrontOAIOnly\",\"Statement\":[{\"Action\":\"s3:GetObject\",\"Effect\":\"Allow\",\"Principal\":{\"AWS\":\"arn:aws:iam::cloudfront:user/CloudFront Origin Access Identity E2M0NC3ZP6HGK1\"},\"Resource\":\"arn:aws:s3:::uat2.seahorse.finsemble/*\",\"Sid\":\"1\"}],\"Version\":\"2012-10-17\"}",
            "region": "us-east-1",
            "replication_configuration": [],
            "request_payer": "BucketOwner",
            "server_side_encryption_configuration": [],
            "tags": {
              "Environment": "SeaHorse",
              "Name": "Product"
            },
            "versioning": [
              {
                "enabled": false,
                "mfa_delete": false
              }
            ],
            "website": [
              {
                "error_document": "error.html",
                "index_document": "index.html",
                "redirect_all_requests_to": "",
                "routing_rules": ""
              }
            ],
            "website_domain": "s3-website-us-east-1.amazonaws.com",
            "website_endpoint": "uat2.seahorse.finsemble.s3-website-us-east-1.amazonaws.com"
          },
          "private": "bnVsbA==",
          "dependencies": [
            "module.web_static.aws_cloudfront_origin_access_identity.finsemble_origin_access_identity"
          ]
        }
      ]
    },
    {
      "module": "module.web_static",
      "mode": "managed",
      "type": "aws_s3_bucket",
      "name": "storybook",
      "provider": "provider[\"registry.terraform.io/hashicorp/aws\"]",
      "instances": [
        {
          "schema_version": 0,
          "attributes": {
            "acceleration_status": "",
            "acl": "public-read",
            "arn": "arn:aws:s3:::uat2.seahorse.storybook",
            "bucket": "uat2.seahorse.storybook",
            "bucket_domain_name": "uat2.seahorse.storybook.s3.amazonaws.com",
            "bucket_prefix": null,
            "bucket_regional_domain_name": "uat2.seahorse.storybook.s3.amazonaws.com",
            "cors_rule": [],
            "force_destroy": false,
            "grant": [],
            "hosted_zone_id": "Z3AQBSTGFYJSTF",
            "id": "uat2.seahorse.storybook",
            "lifecycle_rule": [],
            "logging": [],
            "object_lock_configuration": [],
            "policy": "{\"Id\":\"CloudFrontOAIOnly\",\"Statement\":[{\"Action\":\"s3:GetObject\",\"Effect\":\"Allow\",\"Principal\":{\"AWS\":\"arn:aws:iam::cloudfront:user/CloudFront Origin Access Identity E1LP57SCVKXCV8\"},\"Resource\":\"arn:aws:s3:::uat2.seahorse.storybook/*\",\"Sid\":\"1\"}],\"Version\":\"2012-10-17\"}",
            "region": "us-east-1",
            "replication_configuration": [],
            "request_payer": "BucketOwner",
            "server_side_encryption_configuration": [],
            "tags": {
              "Environment": "SeaHorse",
              "Name": "Product"
            },
            "versioning": [
              {
                "enabled": false,
                "mfa_delete": false
              }
            ],
            "website": [
              {
                "error_document": "error.html",
                "index_document": "index.html",
                "redirect_all_requests_to": "",
                "routing_rules": ""
              }
            ],
            "website_domain": "s3-website-us-east-1.amazonaws.com",
            "website_endpoint": "uat2.seahorse.storybook.s3-website-us-east-1.amazonaws.com"
          },
          "private": "bnVsbA==",
          "dependencies": [
            "module.web_static.aws_cloudfront_origin_access_identity.storybook_origin_access_identity"
          ]
        }
      ]
    }
  ]
}
