{
  "version": 4,
  "terraform_version": "0.13.5",
  "serial": 77,
  "lineage": "589080ac-4c3c-5dd0-7e75-ce61fccaffda",
  "outputs": {},
  "resources": [
    {
      "module": "module.admin-api",
      "mode": "managed",
      "type": "aws_api_gateway_deployment",
      "name": "admin_api_deployment",
      "provider": "provider[\"registry.terraform.io/hashicorp/aws\"]",
      "instances": [
        {
          "schema_version": 0,
          "attributes": {
            "created_date": "2021-02-04T11:52:59Z",
            "description": "",
            "execution_arn": "arn:aws:execute-api:us-east-1:276164198880:olf4b7brbf/dev",
            "id": "tseqas",
            "invoke_url": "https://olf4b7brbf.execute-api.us-east-1.amazonaws.com/dev",
            "rest_api_id": "olf4b7brbf",
            "stage_description": null,
            "stage_name": "dev",
            "triggers": null,
            "variables": null
          },
          "private": "bnVsbA==",
          "dependencies": [
            "module.admin-api.aws_api_gateway_integration.admin_api_get_method_integration",
            "module.admin-api.aws_api_gateway_integration.admin_api_register_method_integration",
            "module.admin-api.aws_api_gateway_integration.mock_options_integration",
            "module.admin-api.aws_api_gateway_integration_response.admin_api_get_integration_response",
            "module.admin-api.aws_api_gateway_integration_response.admin_api_register_integration_response",
            "module.admin-api.aws_api_gateway_integration_response.mock_options_integration_response",
            "module.admin-api.aws_api_gateway_method.admin_api_get_method",
            "module.admin-api.aws_api_gateway_method.admin_api_register_method",
            "module.admin-api.aws_api_gateway_method.mock_options_method",
            "module.admin-api.aws_api_gateway_method_response.admin_api_get_method_response",
            "module.admin-api.aws_api_gateway_method_response.admin_api_register_method_response",
            "module.admin-api.aws_api_gateway_method_response.mock_options_response",
            "module.admin-api.aws_api_gateway_resource.admin_api_resource",
            "module.admin-api.aws_api_gateway_rest_api.admin_api"
          ]
        }
      ]
    },
    {
      "module": "module.admin-api",
      "mode": "managed",
      "type": "aws_api_gateway_integration",
      "name": "admin_api_delete_method_integration",
      "provider": "provider[\"registry.terraform.io/hashicorp/aws\"]",
      "instances": [
        {
          "schema_version": 0,
          "attributes": {
            "cache_key_parameters": [],
            "cache_namespace": "ahabxt",
            "connection_id": "",
            "connection_type": "INTERNET",
            "content_handling": "",
            "credentials": "",
            "http_method": "DELETE",
            "id": "agi-olf4b7brbf-ahabxt-DELETE",
            "integration_http_method": "POST",
            "passthrough_behavior": "WHEN_NO_MATCH",
            "request_parameters": {},
            "request_templates": {},
            "resource_id": "ahabxt",
            "rest_api_id": "olf4b7brbf",
            "timeout_milliseconds": 29000,
            "type": "AWS_PROXY",
            "uri": "arn:aws:apigateway:us-east-1:lambda:path/2015-03-31/functions/arn:aws:lambda:us-east-1:276164198880:function:DeleteRegisteredComponent/invocations"
          },
          "private": "bnVsbA==",
          "dependencies": [
            "module.admin-api.aws_api_gateway_method.admin_api_delete_method",
            "module.admin-api.aws_api_gateway_resource.admin_api_resource",
            "module.admin-api.aws_api_gateway_rest_api.admin_api"
          ]
        }
      ]
    },
    {
      "module": "module.admin-api",
      "mode": "managed",
      "type": "aws_api_gateway_integration",
      "name": "admin_api_get_method_integration",
      "provider": "provider[\"registry.terraform.io/hashicorp/aws\"]",
      "instances": [
        {
          "schema_version": 0,
          "attributes": {
            "cache_key_parameters": [],
            "cache_namespace": "ahabxt",
            "connection_id": "",
            "connection_type": "INTERNET",
            "content_handling": "",
            "credentials": "",
            "http_method": "GET",
            "id": "agi-olf4b7brbf-ahabxt-GET",
            "integration_http_method": "POST",
            "passthrough_behavior": "WHEN_NO_MATCH",
            "request_parameters": {},
            "request_templates": {},
            "resource_id": "ahabxt",
            "rest_api_id": "olf4b7brbf",
            "timeout_milliseconds": 29000,
            "type": "AWS_PROXY",
            "uri": "arn:aws:apigateway:us-east-1:lambda:path/2015-03-31/functions/arn:aws:lambda:us-east-1:276164198880:function:GetRegisteredComponents/invocations"
          },
          "private": "bnVsbA==",
          "dependencies": [
            "module.admin-api.aws_api_gateway_method.admin_api_get_method",
            "module.admin-api.aws_api_gateway_resource.admin_api_resource",
            "module.admin-api.aws_api_gateway_rest_api.admin_api"
          ]
        }
      ]
    },
    {
      "module": "module.admin-api",
      "mode": "managed",
      "type": "aws_api_gateway_integration",
      "name": "admin_api_register_method_integration",
      "provider": "provider[\"registry.terraform.io/hashicorp/aws\"]",
      "instances": [
        {
          "schema_version": 0,
          "attributes": {
            "cache_key_parameters": [],
            "cache_namespace": "ahabxt",
            "connection_id": "",
            "connection_type": "INTERNET",
            "content_handling": "",
            "credentials": "",
            "http_method": "POST",
            "id": "agi-olf4b7brbf-ahabxt-POST",
            "integration_http_method": "POST",
            "passthrough_behavior": "WHEN_NO_MATCH",
            "request_parameters": {},
            "request_templates": {},
            "resource_id": "ahabxt",
            "rest_api_id": "olf4b7brbf",
            "timeout_milliseconds": 29000,
            "type": "AWS_PROXY",
            "uri": "arn:aws:apigateway:us-east-1:lambda:path/2015-03-31/functions/arn:aws:lambda:us-east-1:276164198880:function:RegisterComponentLambda/invocations"
          },
          "private": "bnVsbA==",
          "dependencies": [
            "module.admin-api.aws_api_gateway_method.admin_api_register_method",
            "module.admin-api.aws_api_gateway_resource.admin_api_resource",
            "module.admin-api.aws_api_gateway_rest_api.admin_api"
          ]
        }
      ]
    },
    {
      "module": "module.admin-api",
      "mode": "managed",
      "type": "aws_api_gateway_integration",
      "name": "mock_options_integration",
      "provider": "provider[\"registry.terraform.io/hashicorp/aws\"]",
      "instances": [
        {
          "schema_version": 0,
          "attributes": {
            "cache_key_parameters": [],
            "cache_namespace": "ahabxt",
            "connection_id": "",
            "connection_type": "INTERNET",
            "content_handling": "",
            "credentials": "",
            "http_method": "OPTIONS",
            "id": "agi-olf4b7brbf-ahabxt-OPTIONS",
            "integration_http_method": "",
            "passthrough_behavior": "WHEN_NO_MATCH",
            "request_parameters": {},
            "request_templates": {},
            "resource_id": "ahabxt",
            "rest_api_id": "olf4b7brbf",
            "timeout_milliseconds": 29000,
            "type": "MOCK",
            "uri": ""
          },
          "private": "bnVsbA==",
          "dependencies": [
            "module.admin-api.aws_api_gateway_method.mock_options_method",
            "module.admin-api.aws_api_gateway_resource.admin_api_resource",
            "module.admin-api.aws_api_gateway_rest_api.admin_api"
          ]
        }
      ]
    },
    {
      "module": "module.admin-api",
      "mode": "managed",
      "type": "aws_api_gateway_integration_response",
      "name": "admin_api_delete_integration_response",
      "provider": "provider[\"registry.terraform.io/hashicorp/aws\"]",
      "instances": [
        {
          "schema_version": 0,
          "attributes": {
            "content_handling": "",
            "http_method": "DELETE",
            "id": "agir-olf4b7brbf-ahabxt-DELETE-200",
            "resource_id": "ahabxt",
            "response_parameters": {
              "method.response.header.Access-Control-Allow-Origin": "'*'"
            },
            "response_templates": {},
            "rest_api_id": "olf4b7brbf",
            "selection_pattern": "",
            "status_code": "200"
          },
          "private": "bnVsbA==",
          "dependencies": [
            "module.admin-api.aws_api_gateway_integration.admin_api_delete_method_integration",
            "module.admin-api.aws_api_gateway_method.admin_api_delete_method",
            "module.admin-api.aws_api_gateway_method_response.admin_api_delete_method_response",
            "module.admin-api.aws_api_gateway_resource.admin_api_resource",
            "module.admin-api.aws_api_gateway_rest_api.admin_api"
          ]
        }
      ]
    },
    {
      "module": "module.admin-api",
      "mode": "managed",
      "type": "aws_api_gateway_integration_response",
      "name": "admin_api_get_integration_response",
      "provider": "provider[\"registry.terraform.io/hashicorp/aws\"]",
      "instances": [
        {
          "schema_version": 0,
          "attributes": {
            "content_handling": "",
            "http_method": "GET",
            "id": "agir-olf4b7brbf-ahabxt-GET-200",
            "resource_id": "ahabxt",
            "response_parameters": {
              "method.response.header.Access-Control-Allow-Origin": "'*'"
            },
            "response_templates": {},
            "rest_api_id": "olf4b7brbf",
            "selection_pattern": "",
            "status_code": "200"
          },
          "private": "bnVsbA==",
          "dependencies": [
            "module.admin-api.aws_api_gateway_integration.admin_api_get_method_integration",
            "module.admin-api.aws_api_gateway_method.admin_api_get_method",
            "module.admin-api.aws_api_gateway_method_response.admin_api_get_method_response",
            "module.admin-api.aws_api_gateway_resource.admin_api_resource",
            "module.admin-api.aws_api_gateway_rest_api.admin_api"
          ]
        }
      ]
    },
    {
      "module": "module.admin-api",
      "mode": "managed",
      "type": "aws_api_gateway_integration_response",
      "name": "admin_api_register_integration_response",
      "provider": "provider[\"registry.terraform.io/hashicorp/aws\"]",
      "instances": [
        {
          "schema_version": 0,
          "attributes": {
            "content_handling": "",
            "http_method": "POST",
            "id": "agir-olf4b7brbf-ahabxt-POST-200",
            "resource_id": "ahabxt",
            "response_parameters": {
              "method.response.header.Access-Control-Allow-Origin": "'*'"
            },
            "response_templates": {},
            "rest_api_id": "olf4b7brbf",
            "selection_pattern": "",
            "status_code": "200"
          },
          "private": "bnVsbA==",
          "dependencies": [
            "module.admin-api.aws_api_gateway_integration.admin_api_register_method_integration",
            "module.admin-api.aws_api_gateway_method.admin_api_register_method",
            "module.admin-api.aws_api_gateway_method_response.admin_api_register_method_response",
            "module.admin-api.aws_api_gateway_resource.admin_api_resource",
            "module.admin-api.aws_api_gateway_rest_api.admin_api"
          ]
        }
      ]
    },
    {
      "module": "module.admin-api",
      "mode": "managed",
      "type": "aws_api_gateway_integration_response",
      "name": "mock_options_integration_response",
      "provider": "provider[\"registry.terraform.io/hashicorp/aws\"]",
      "instances": [
        {
          "schema_version": 0,
          "attributes": {
            "content_handling": "",
            "http_method": "OPTIONS",
            "id": "agir-olf4b7brbf-ahabxt-OPTIONS-200",
            "resource_id": "ahabxt",
            "response_parameters": {
              "method.response.header.Access-Control-Allow-Headers": "'Content-Type,X-Amz-Date,Authorization,X-Api-Key,X-Amz-Security-Token'",
              "method.response.header.Access-Control-Allow-Methods": "'GET, OPTIONS, POST'",
              "method.response.header.Access-Control-Allow-Origin": "'*'"
            },
            "response_templates": {},
            "rest_api_id": "olf4b7brbf",
            "selection_pattern": "",
            "status_code": "200"
          },
          "private": "bnVsbA==",
          "dependencies": [
            "module.admin-api.aws_api_gateway_integration.mock_options_integration",
            "module.admin-api.aws_api_gateway_method.mock_options_method",
            "module.admin-api.aws_api_gateway_method_response.mock_options_response",
            "module.admin-api.aws_api_gateway_resource.admin_api_resource",
            "module.admin-api.aws_api_gateway_rest_api.admin_api"
          ]
        }
      ]
    },
    {
      "module": "module.admin-api",
      "mode": "managed",
      "type": "aws_api_gateway_method",
      "name": "admin_api_delete_method",
      "provider": "provider[\"registry.terraform.io/hashicorp/aws\"]",
      "instances": [
        {
          "schema_version": 0,
          "attributes": {
            "api_key_required": false,
            "authorization": "NONE",
            "authorization_scopes": [],
            "authorizer_id": "",
            "http_method": "DELETE",
            "id": "agm-olf4b7brbf-ahabxt-DELETE",
            "request_models": {
              "application/json": "Empty"
            },
            "request_parameters": {
              "method.request.header.Content-Type": true
            },
            "request_validator_id": "",
            "resource_id": "ahabxt",
            "rest_api_id": "olf4b7brbf"
          },
          "private": "bnVsbA==",
          "dependencies": [
            "module.admin-api.aws_api_gateway_resource.admin_api_resource",
            "module.admin-api.aws_api_gateway_rest_api.admin_api"
          ]
        }
      ]
    },
    {
      "module": "module.admin-api",
      "mode": "managed",
      "type": "aws_api_gateway_method",
      "name": "admin_api_get_method",
      "provider": "provider[\"registry.terraform.io/hashicorp/aws\"]",
      "instances": [
        {
          "schema_version": 0,
          "attributes": {
            "api_key_required": false,
            "authorization": "NONE",
            "authorization_scopes": [],
            "authorizer_id": "",
            "http_method": "GET",
            "id": "agm-olf4b7brbf-ahabxt-GET",
            "request_models": {
              "application/json": "Empty"
            },
            "request_parameters": {
              "method.request.header.Content-Type": true
            },
            "request_validator_id": "",
            "resource_id": "ahabxt",
            "rest_api_id": "olf4b7brbf"
          },
          "private": "bnVsbA==",
          "dependencies": [
            "module.admin-api.aws_api_gateway_resource.admin_api_resource",
            "module.admin-api.aws_api_gateway_rest_api.admin_api"
          ]
        }
      ]
    },
    {
      "module": "module.admin-api",
      "mode": "managed",
      "type": "aws_api_gateway_method",
      "name": "admin_api_register_method",
      "provider": "provider[\"registry.terraform.io/hashicorp/aws\"]",
      "instances": [
        {
          "schema_version": 0,
          "attributes": {
            "api_key_required": false,
            "authorization": "NONE",
            "authorization_scopes": [],
            "authorizer_id": "",
            "http_method": "POST",
            "id": "agm-olf4b7brbf-ahabxt-POST",
            "request_models": {
              "application/json": "Empty"
            },
            "request_parameters": {
              "method.request.header.Content-Type": true
            },
            "request_validator_id": "",
            "resource_id": "ahabxt",
            "rest_api_id": "olf4b7brbf"
          },
          "private": "bnVsbA==",
          "dependencies": [
            "module.admin-api.aws_api_gateway_resource.admin_api_resource",
            "module.admin-api.aws_api_gateway_rest_api.admin_api"
          ]
        }
      ]
    },
    {
      "module": "module.admin-api",
      "mode": "managed",
      "type": "aws_api_gateway_method",
      "name": "mock_options_method",
      "provider": "provider[\"registry.terraform.io/hashicorp/aws\"]",
      "instances": [
        {
          "schema_version": 0,
          "attributes": {
            "api_key_required": false,
            "authorization": "NONE",
            "authorization_scopes": [],
            "authorizer_id": "",
            "http_method": "OPTIONS",
            "id": "agm-olf4b7brbf-ahabxt-OPTIONS",
            "request_models": {},
            "request_parameters": {},
            "request_validator_id": "",
            "resource_id": "ahabxt",
            "rest_api_id": "olf4b7brbf"
          },
          "private": "bnVsbA==",
          "dependencies": [
            "module.admin-api.aws_api_gateway_resource.admin_api_resource",
            "module.admin-api.aws_api_gateway_rest_api.admin_api"
          ]
        }
      ]
    },
    {
      "module": "module.admin-api",
      "mode": "managed",
      "type": "aws_api_gateway_method_response",
      "name": "admin_api_delete_method_response",
      "provider": "provider[\"registry.terraform.io/hashicorp/aws\"]",
      "instances": [
        {
          "schema_version": 0,
          "attributes": {
            "http_method": "DELETE",
            "id": "agmr-olf4b7brbf-ahabxt-DELETE-200",
            "resource_id": "ahabxt",
            "response_models": {},
            "response_parameters": {
              "method.response.header.Access-Control-Allow-Origin": true
            },
            "rest_api_id": "olf4b7brbf",
            "status_code": "200"
          },
          "private": "bnVsbA==",
          "dependencies": [
            "module.admin-api.aws_api_gateway_method.admin_api_delete_method",
            "module.admin-api.aws_api_gateway_resource.admin_api_resource",
            "module.admin-api.aws_api_gateway_rest_api.admin_api"
          ]
        }
      ]
    },
    {
      "module": "module.admin-api",
      "mode": "managed",
      "type": "aws_api_gateway_method_response",
      "name": "admin_api_get_method_response",
      "provider": "provider[\"registry.terraform.io/hashicorp/aws\"]",
      "instances": [
        {
          "schema_version": 0,
          "attributes": {
            "http_method": "GET",
            "id": "agmr-olf4b7brbf-ahabxt-GET-200",
            "resource_id": "ahabxt",
            "response_models": {},
            "response_parameters": {
              "method.response.header.Access-Control-Allow-Origin": true
            },
            "rest_api_id": "olf4b7brbf",
            "status_code": "200"
          },
          "private": "bnVsbA==",
          "dependencies": [
            "module.admin-api.aws_api_gateway_method.admin_api_get_method",
            "module.admin-api.aws_api_gateway_resource.admin_api_resource",
            "module.admin-api.aws_api_gateway_rest_api.admin_api"
          ]
        }
      ]
    },
    {
      "module": "module.admin-api",
      "mode": "managed",
      "type": "aws_api_gateway_method_response",
      "name": "admin_api_register_method_response",
      "provider": "provider[\"registry.terraform.io/hashicorp/aws\"]",
      "instances": [
        {
          "schema_version": 0,
          "attributes": {
            "http_method": "POST",
            "id": "agmr-olf4b7brbf-ahabxt-POST-200",
            "resource_id": "ahabxt",
            "response_models": {},
            "response_parameters": {
              "method.response.header.Access-Control-Allow-Origin": true
            },
            "rest_api_id": "olf4b7brbf",
            "status_code": "200"
          },
          "private": "bnVsbA==",
          "dependencies": [
            "module.admin-api.aws_api_gateway_method.admin_api_register_method",
            "module.admin-api.aws_api_gateway_resource.admin_api_resource",
            "module.admin-api.aws_api_gateway_rest_api.admin_api"
          ]
        }
      ]
    },
    {
      "module": "module.admin-api",
      "mode": "managed",
      "type": "aws_api_gateway_method_response",
      "name": "mock_options_response",
      "provider": "provider[\"registry.terraform.io/hashicorp/aws\"]",
      "instances": [
        {
          "schema_version": 0,
          "attributes": {
            "http_method": "OPTIONS",
            "id": "agmr-olf4b7brbf-ahabxt-OPTIONS-200",
            "resource_id": "ahabxt",
            "response_models": {
              "application/json": "Empty"
            },
            "response_parameters": {
              "method.response.header.Access-Control-Allow-Headers": true,
              "method.response.header.Access-Control-Allow-Methods": true,
              "method.response.header.Access-Control-Allow-Origin": true
            },
            "rest_api_id": "olf4b7brbf",
            "status_code": "200"
          },
          "private": "bnVsbA==",
          "dependencies": [
            "module.admin-api.aws_api_gateway_method.mock_options_method",
            "module.admin-api.aws_api_gateway_resource.admin_api_resource",
            "module.admin-api.aws_api_gateway_rest_api.admin_api"
          ]
        }
      ]
    },
    {
      "module": "module.admin-api",
      "mode": "managed",
      "type": "aws_api_gateway_resource",
      "name": "admin_api_resource",
      "provider": "provider[\"registry.terraform.io/hashicorp/aws\"]",
      "instances": [
        {
          "schema_version": 0,
          "attributes": {
            "id": "ahabxt",
            "parent_id": "rjv109dh3j",
            "path": "/{proxy+}",
            "path_part": "{proxy+}",
            "rest_api_id": "olf4b7brbf"
          },
          "private": "bnVsbA==",
          "dependencies": [
            "module.admin-api.aws_api_gateway_rest_api.admin_api"
          ]
        }
      ]
    },
    {
      "module": "module.admin-api",
      "mode": "managed",
      "type": "aws_api_gateway_rest_api",
      "name": "admin_api",
      "provider": "provider[\"registry.terraform.io/hashicorp/aws\"]",
      "instances": [
        {
          "schema_version": 0,
          "attributes": {
            "api_key_source": "HEADER",
            "arn": "arn:aws:apigateway:us-east-1::/restapis/olf4b7brbf",
            "binary_media_types": [],
            "body": null,
            "created_date": "2021-02-04T11:52:10Z",
            "description": "",
            "endpoint_configuration": [
              {
                "types": [
                  "REGIONAL"
                ],
                "vpc_endpoint_ids": []
              }
            ],
            "execution_arn": "arn:aws:execute-api:us-east-1:276164198880:olf4b7brbf",
            "id": "olf4b7brbf",
            "minimum_compression_size": -1,
            "name": "seahorse-admin-api",
            "policy": "",
            "root_resource_id": "rjv109dh3j",
            "tags": {}
          },
          "private": "bnVsbA=="
        }
      ]
    },
    {
      "module": "module.admin-api",
      "mode": "managed",
      "type": "aws_lambda_permission",
      "name": "admin-delete-lambda-permission",
      "provider": "provider[\"registry.terraform.io/hashicorp/aws\"]",
      "instances": [
        {
          "schema_version": 0,
          "attributes": {
            "action": "lambda:InvokeFunction",
            "event_source_token": null,
            "function_name": "DeleteRegisteredComponent",
            "id": "AllowAPIGatewayInvokeGet",
            "principal": "apigateway.amazonaws.com",
            "qualifier": "",
            "source_account": null,
            "source_arn": "arn:aws:execute-api:us-east-1:276164198880:olf4b7brbf/*/*/*",
            "statement_id": "AllowAPIGatewayInvokeGet",
            "statement_id_prefix": null
          },
          "private": "bnVsbA==",
          "dependencies": [
            "module.admin-api.aws_api_gateway_rest_api.admin_api"
          ]
        }
      ]
    },
    {
      "module": "module.admin-api",
      "mode": "managed",
      "type": "aws_lambda_permission",
      "name": "admin-get-lambda-permission",
      "provider": "provider[\"registry.terraform.io/hashicorp/aws\"]",
      "instances": [
        {
          "schema_version": 0,
          "attributes": {
            "action": "lambda:InvokeFunction",
            "event_source_token": null,
            "function_name": "GetRegisteredComponents",
            "id": "AllowAPIGatewayInvokeGet",
            "principal": "apigateway.amazonaws.com",
            "qualifier": "",
            "source_account": null,
            "source_arn": "arn:aws:execute-api:us-east-1:276164198880:olf4b7brbf/*/*/*",
            "statement_id": "AllowAPIGatewayInvokeGet",
            "statement_id_prefix": null
          },
          "private": "bnVsbA==",
          "dependencies": [
            "module.admin-api.aws_api_gateway_rest_api.admin_api"
          ]
        }
      ]
    },
    {
      "module": "module.admin-api",
      "mode": "managed",
      "type": "aws_lambda_permission",
      "name": "admin-register-lambda-permission",
      "provider": "provider[\"registry.terraform.io/hashicorp/aws\"]",
      "instances": [
        {
          "schema_version": 0,
          "attributes": {
            "action": "lambda:InvokeFunction",
            "event_source_token": null,
            "function_name": "RegisterComponentLambda",
            "id": "AllowAPIGatewayInvokePost",
            "principal": "apigateway.amazonaws.com",
            "qualifier": "",
            "source_account": null,
            "source_arn": "arn:aws:execute-api:us-east-1:276164198880:olf4b7brbf/*/*/*",
            "statement_id": "AllowAPIGatewayInvokePost",
            "statement_id_prefix": null
          },
          "private": "bnVsbA==",
          "dependencies": [
            "module.admin-api.aws_api_gateway_rest_api.admin_api"
          ]
        }
      ]
    },
    {
      "module": "module.admin_lambdas",
      "mode": "managed",
      "type": "aws_cloudwatch_event_rule",
      "name": "one_minute_ping",
      "provider": "provider[\"registry.terraform.io/hashicorp/aws\"]",
      "instances": [
        {
          "schema_version": 0,
          "attributes": {
            "arn": "arn:aws:events:us-east-1:276164198880:rule/one_minute_ping",
            "description": "Pings every one minute",
            "event_bus_name": "default",
            "event_pattern": null,
            "id": "one_minute_ping",
            "is_enabled": true,
            "name": "one_minute_ping",
            "name_prefix": "",
            "role_arn": "",
            "schedule_expression": "rate(1 minute)",
            "tags": {}
          },
          "private": "bnVsbA=="
        }
      ]
    },
    {
      "module": "module.admin_lambdas",
      "mode": "managed",
      "type": "aws_cloudwatch_event_target",
      "name": "ping_delete_lambda_every_one_minute",
      "provider": "provider[\"registry.terraform.io/hashicorp/aws\"]",
      "instances": [
        {
          "schema_version": 1,
          "attributes": {
            "arn": "arn:aws:lambda:us-east-1:276164198880:function:DeleteRegisteredComponent",
            "batch_target": [],
            "ecs_target": [],
            "event_bus_name": "default",
            "id": "one_minute_ping-delete-ping",
            "input": "",
            "input_path": "",
            "input_transformer": [],
            "kinesis_target": [],
            "role_arn": "",
            "rule": "one_minute_ping",
            "run_command_targets": [],
            "sqs_target": [],
            "target_id": "delete-ping"
          },
          "private": "eyJzY2hlbWFfdmVyc2lvbiI6IjEifQ==",
          "dependencies": [
            "module.admin_lambdas.aws_cloudwatch_event_rule.one_minute_ping",
            "module.admin_lambdas.aws_iam_role.seahorse_iam_role_for_lambdas",
            "module.admin_lambdas.aws_lambda_function.DeleteRegisteredComponent"
          ]
        }
      ]
    },
    {
      "module": "module.admin_lambdas",
      "mode": "managed",
      "type": "aws_cloudwatch_event_target",
      "name": "ping_get_lambda_every_one_minute",
      "provider": "provider[\"registry.terraform.io/hashicorp/aws\"]",
      "instances": [
        {
          "schema_version": 1,
          "attributes": {
            "arn": "arn:aws:lambda:us-east-1:276164198880:function:GetRegisteredComponents",
            "batch_target": [],
            "ecs_target": [],
            "event_bus_name": "default",
            "id": "one_minute_ping-get-ping",
            "input": "",
            "input_path": "",
            "input_transformer": [],
            "kinesis_target": [],
            "role_arn": "",
            "rule": "one_minute_ping",
            "run_command_targets": [],
            "sqs_target": [],
            "target_id": "get-ping"
          },
          "private": "eyJzY2hlbWFfdmVyc2lvbiI6IjEifQ==",
          "dependencies": [
            "module.admin_lambdas.aws_cloudwatch_event_rule.one_minute_ping",
            "module.admin_lambdas.aws_iam_role.seahorse_iam_role_for_lambdas",
            "module.admin_lambdas.aws_lambda_function.GetRegisteredComponents"
          ]
        }
      ]
    },
    {
      "module": "module.admin_lambdas",
      "mode": "managed",
      "type": "aws_cloudwatch_event_target",
      "name": "ping_register_lambda_every_one_minute",
      "provider": "provider[\"registry.terraform.io/hashicorp/aws\"]",
      "instances": [
        {
          "schema_version": 1,
          "attributes": {
            "arn": "arn:aws:lambda:us-east-1:276164198880:function:RegisterComponentLambda",
            "batch_target": [],
            "ecs_target": [],
            "event_bus_name": "default",
            "id": "one_minute_ping-register-ping",
            "input": "",
            "input_path": "",
            "input_transformer": [],
            "kinesis_target": [],
            "role_arn": "",
            "rule": "one_minute_ping",
            "run_command_targets": [],
            "sqs_target": [],
            "target_id": "register-ping"
          },
          "private": "eyJzY2hlbWFfdmVyc2lvbiI6IjEifQ==",
          "dependencies": [
            "module.admin_lambdas.aws_cloudwatch_event_rule.one_minute_ping",
            "module.admin_lambdas.aws_iam_role.seahorse_iam_role_for_lambdas",
            "module.admin_lambdas.aws_lambda_function.RegisterComponentLambda"
          ]
        }
      ]
    },
    {
      "module": "module.admin_lambdas",
      "mode": "managed",
      "type": "aws_iam_policy",
      "name": "seahorse_admin_lambdas_exec_policy",
      "provider": "provider[\"registry.terraform.io/hashicorp/aws\"]",
      "instances": [
        {
          "schema_version": 0,
          "attributes": {
            "arn": "arn:aws:iam::276164198880:policy/seahorse_admin_lambdas_exec_policy",
            "description": "",
            "id": "arn:aws:iam::276164198880:policy/seahorse_admin_lambdas_exec_policy",
            "name": "seahorse_admin_lambdas_exec_policy",
            "name_prefix": null,
            "path": "/",
            "policy": "{\n    \"Version\": \"2012-10-17\",\n    \"Statement\": [\n        {\n            \"Effect\": \"Allow\",\n            \"Action\": \"logs:CreateLogGroup\",\n            \"Resource\": \"arn:aws:logs:us-east-1:276164198880:*\"\n        },\n        {\n            \"Effect\": \"Allow\",\n            \"Action\": [\n                \"logs:CreateLogStream\",\n                \"logs:PutLogEvents\"\n            ],\n            \"Resource\": [\n                \"arn:aws:logs:us-east-1:276164198880:log-group:/aws/lambda/RegisterComponentLambda:*\"\n            ]\n        }\n    ]\n}"
          },
          "private": "bnVsbA=="
        }
      ]
    },
    {
      "module": "module.admin_lambdas",
      "mode": "managed",
      "type": "aws_iam_policy",
      "name": "seahorse_delete_lambdas_exec_policy",
      "provider": "provider[\"registry.terraform.io/hashicorp/aws\"]",
      "instances": [
        {
          "schema_version": 0,
          "attributes": {
            "arn": "arn:aws:iam::276164198880:policy/seahorse_delete_lambdas_exec_policy",
            "description": "",
            "id": "arn:aws:iam::276164198880:policy/seahorse_delete_lambdas_exec_policy",
            "name": "seahorse_delete_lambdas_exec_policy",
            "name_prefix": null,
            "path": "/",
            "policy": "{\n    \"Version\": \"2012-10-17\",\n    \"Statement\": [\n        {\n            \"Effect\": \"Allow\",\n            \"Action\": \"logs:CreateLogGroup\",\n            \"Resource\": \"arn:aws:logs:us-east-1:276164198880:*\"\n        },\n        {\n            \"Effect\": \"Allow\",\n            \"Action\": [\n                \"logs:CreateLogStream\",\n                \"logs:PutLogEvents\"\n            ],\n            \"Resource\": [\n                \"arn:aws:logs:us-east-1:276164198880:log-group:/aws/lambda/DeleteRegisteredComponent:*\"\n            ]\n        }\n    ]\n}"
          },
          "private": "bnVsbA=="
        }
      ]
    },
    {
      "module": "module.admin_lambdas",
      "mode": "managed",
      "type": "aws_iam_policy",
      "name": "seahorse_get_lambdas_exec_policy",
      "provider": "provider[\"registry.terraform.io/hashicorp/aws\"]",
      "instances": [
        {
          "schema_version": 0,
          "attributes": {
            "arn": "arn:aws:iam::276164198880:policy/seahorse_get_lambdas_exec_policy",
            "description": "",
            "id": "arn:aws:iam::276164198880:policy/seahorse_get_lambdas_exec_policy",
            "name": "seahorse_get_lambdas_exec_policy",
            "name_prefix": null,
            "path": "/",
            "policy": "{\n    \"Version\": \"2012-10-17\",\n    \"Statement\": [\n        {\n            \"Effect\": \"Allow\",\n            \"Action\": \"logs:CreateLogGroup\",\n            \"Resource\": \"arn:aws:logs:us-east-1:276164198880:*\"\n        },\n        {\n            \"Effect\": \"Allow\",\n            \"Action\": [\n                \"logs:CreateLogStream\",\n                \"logs:PutLogEvents\"\n            ],\n            \"Resource\": [\n                \"arn:aws:logs:us-east-1:276164198880:log-group:/aws/lambda/GetRegisteredComponents:*\"\n            ]\n        }\n    ]\n}"
          },
          "private": "bnVsbA=="
        }
      ]
    },
    {
      "module": "module.admin_lambdas",
      "mode": "managed",
      "type": "aws_iam_role",
      "name": "seahorse_iam_role_for_lambdas",
      "provider": "provider[\"registry.terraform.io/hashicorp/aws\"]",
      "instances": [
        {
          "schema_version": 0,
          "attributes": {
            "arn": "arn:aws:iam::276164198880:role/seahorse_iam_role_for_lambdas",
            "assume_role_policy": "{\"Version\":\"2012-10-17\",\"Statement\":[{\"Sid\":\"\",\"Effect\":\"Allow\",\"Principal\":{\"Service\":\"lambda.amazonaws.com\"},\"Action\":\"sts:AssumeRole\"}]}",
            "create_date": "2021-02-04T11:52:10Z",
            "description": "",
            "force_detach_policies": false,
            "id": "seahorse_iam_role_for_lambdas",
            "max_session_duration": 3600,
            "name": "seahorse_iam_role_for_lambdas",
            "name_prefix": null,
            "path": "/",
            "permissions_boundary": null,
            "tags": {},
            "unique_id": "AROAUATFLIHQL4UMYK3VI"
          },
          "private": "bnVsbA=="
        }
      ]
    },
    {
      "module": "module.admin_lambdas",
      "mode": "managed",
      "type": "aws_iam_role_policy_attachment",
      "name": "admin_delete_lambda_exec",
      "provider": "provider[\"registry.terraform.io/hashicorp/aws\"]",
      "instances": [
        {
          "schema_version": 0,
          "attributes": {
            "id": "seahorse_iam_role_for_lambdas-20210204120744655600000001",
            "policy_arn": "arn:aws:iam::276164198880:policy/seahorse_delete_lambdas_exec_policy",
            "role": "seahorse_iam_role_for_lambdas"
          },
          "private": "bnVsbA==",
          "dependencies": [
            "module.admin_lambdas.aws_iam_policy.seahorse_delete_lambdas_exec_policy",
            "module.admin_lambdas.aws_iam_role.seahorse_iam_role_for_lambdas"
          ]
        }
      ]
    },
    {
      "module": "module.admin_lambdas",
      "mode": "managed",
      "type": "aws_iam_role_policy_attachment",
      "name": "admin_get_lambda_exec",
      "provider": "provider[\"registry.terraform.io/hashicorp/aws\"]",
      "instances": [
        {
          "schema_version": 0,
          "attributes": {
            "id": "seahorse_iam_role_for_lambdas-20210204120744813300000003",
            "policy_arn": "arn:aws:iam::276164198880:policy/seahorse_get_lambdas_exec_policy",
            "role": "seahorse_iam_role_for_lambdas"
          },
          "private": "bnVsbA==",
          "dependencies": [
            "module.admin_lambdas.aws_iam_policy.seahorse_get_lambdas_exec_policy",
            "module.admin_lambdas.aws_iam_role.seahorse_iam_role_for_lambdas"
          ]
        }
      ]
    },
    {
      "module": "module.admin_lambdas",
      "mode": "managed",
      "type": "aws_iam_role_policy_attachment",
      "name": "admin_lambda_dynamodb",
      "provider": "provider[\"registry.terraform.io/hashicorp/aws\"]",
      "instances": [
        {
          "schema_version": 0,
          "attributes": {
            "id": "seahorse_iam_role_for_lambdas-20210204115213007700000001",
            "policy_arn": "arn:aws:iam::aws:policy/AmazonDynamoDBFullAccess",
            "role": "seahorse_iam_role_for_lambdas"
          },
          "private": "bnVsbA==",
          "dependencies": [
            "module.admin_lambdas.aws_iam_role.seahorse_iam_role_for_lambdas"
          ]
        }
      ]
    },
    {
      "module": "module.admin_lambdas",
      "mode": "managed",
      "type": "aws_iam_role_policy_attachment",
      "name": "admin_register_lambda_exec",
      "provider": "provider[\"registry.terraform.io/hashicorp/aws\"]",
      "instances": [
        {
          "schema_version": 0,
          "attributes": {
            "id": "seahorse_iam_role_for_lambdas-20210204120744684100000002",
            "policy_arn": "arn:aws:iam::276164198880:policy/seahorse_admin_lambdas_exec_policy",
            "role": "seahorse_iam_role_for_lambdas"
          },
          "private": "bnVsbA==",
          "dependencies": [
            "module.admin_lambdas.aws_iam_policy.seahorse_admin_lambdas_exec_policy",
            "module.admin_lambdas.aws_iam_role.seahorse_iam_role_for_lambdas"
          ]
        }
      ]
    },
    {
      "module": "module.admin_lambdas",
      "mode": "managed",
      "type": "aws_lambda_function",
      "name": "DeleteRegisteredComponent",
      "provider": "provider[\"registry.terraform.io/hashicorp/aws\"]",
      "instances": [
        {
          "schema_version": 0,
          "attributes": {
            "arn": "arn:aws:lambda:us-east-1:276164198880:function:DeleteRegisteredComponent",
            "code_signing_config_arn": "",
            "dead_letter_config": [],
            "description": "",
            "environment": [
              {
                "variables": {
                  "environment": "dev"
                }
              }
            ],
            "file_system_config": [],
            "filename": "../seahorse/server/app.adminservices/target/adminservices-1.0.jar",
            "function_name": "DeleteRegisteredComponent",
            "handler": "com.globallink.admin.fsbl.DeleteComponentService::handleRequest",
            "id": "DeleteRegisteredComponent",
            "image_config": [],
            "image_uri": "",
            "invoke_arn": "arn:aws:apigateway:us-east-1:lambda:path/2015-03-31/functions/arn:aws:lambda:us-east-1:276164198880:function:DeleteRegisteredComponent/invocations",
            "kms_key_arn": "",
            "last_modified": "2021-02-04T12:05:41.009+0000",
            "layers": [],
            "memory_size": 512,
            "package_type": "Zip",
            "publish": true,
            "qualified_arn": "arn:aws:lambda:us-east-1:276164198880:function:DeleteRegisteredComponent:2",
            "reserved_concurrent_executions": -1,
            "role": "arn:aws:iam::276164198880:role/seahorse_iam_role_for_lambdas",
            "runtime": "java8",
            "s3_bucket": null,
            "s3_key": null,
            "s3_object_version": null,
            "signing_job_arn": "",
            "signing_profile_version_arn": "",
            "source_code_hash": "suGDC/rIzBvMvoNsPfL4Ufp7GQdSAiWEKXozP/P9skc=",
            "source_code_size": 20359366,
            "tags": {},
            "timeout": 15,
            "timeouts": null,
            "tracing_config": [
              {
                "mode": "PassThrough"
              }
            ],
            "version": "2",
            "vpc_config": []
          },
          "private": "eyJlMmJmYjczMC1lY2FhLTExZTYtOGY4OC0zNDM2M2JjN2M0YzAiOnsiY3JlYXRlIjo2MDAwMDAwMDAwMDB9fQ==",
          "dependencies": [
            "module.admin_lambdas.aws_iam_role.seahorse_iam_role_for_lambdas"
          ]
        }
      ]
    },
    {
      "module": "module.admin_lambdas",
      "mode": "managed",
      "type": "aws_lambda_function",
      "name": "GetRegisteredComponents",
      "provider": "provider[\"registry.terraform.io/hashicorp/aws\"]",
      "instances": [
        {
          "schema_version": 0,
          "attributes": {
            "arn": "arn:aws:lambda:us-east-1:276164198880:function:GetRegisteredComponents",
            "code_signing_config_arn": "",
            "dead_letter_config": [],
            "description": "",
            "environment": [
              {
                "variables": {
                  "environment": "dev"
                }
              }
            ],
            "file_system_config": [],
            "filename": "../seahorse/server/app.adminservices/target/adminservices-1.0.jar",
            "function_name": "GetRegisteredComponents",
            "handler": "com.globallink.admin.fsbl.GetComponentService::handleRequest",
            "id": "GetRegisteredComponents",
            "image_config": [],
            "image_uri": "",
            "invoke_arn": "arn:aws:apigateway:us-east-1:lambda:path/2015-03-31/functions/arn:aws:lambda:us-east-1:276164198880:function:GetRegisteredComponents/invocations",
            "kms_key_arn": "",
            "last_modified": "2021-02-04T23:45:54.542+0000",
            "layers": [],
            "memory_size": 512,
            "package_type": "Zip",
            "publish": true,
            "qualified_arn": "arn:aws:lambda:us-east-1:276164198880:function:GetRegisteredComponents:6",
            "reserved_concurrent_executions": -1,
            "role": "arn:aws:iam::276164198880:role/seahorse_iam_role_for_lambdas",
            "runtime": "java8",
            "s3_bucket": null,
            "s3_key": null,
            "s3_object_version": null,
            "signing_job_arn": "",
            "signing_profile_version_arn": "",
            "source_code_hash": "e0C7dc662voeSm/99MW3wdHuJsJB/5mwfJlGs9VJaFo=",
            "source_code_size": 20358839,
            "tags": {},
            "timeout": 15,
            "timeouts": null,
            "tracing_config": [
              {
                "mode": "PassThrough"
              }
            ],
            "version": "6",
            "vpc_config": []
          },
          "private": "eyJlMmJmYjczMC1lY2FhLTExZTYtOGY4OC0zNDM2M2JjN2M0YzAiOnsiY3JlYXRlIjo2MDAwMDAwMDAwMDB9fQ==",
          "dependencies": [
            "module.admin_lambdas.aws_iam_role.seahorse_iam_role_for_lambdas"
          ]
        }
      ]
    },
    {
      "module": "module.admin_lambdas",
      "mode": "managed",
      "type": "aws_lambda_function",
      "name": "RegisterComponentLambda",
      "provider": "provider[\"registry.terraform.io/hashicorp/aws\"]",
      "instances": [
        {
          "schema_version": 0,
          "attributes": {
            "arn": "arn:aws:lambda:us-east-1:276164198880:function:RegisterComponentLambda",
            "code_signing_config_arn": "",
            "dead_letter_config": [],
            "description": "",
            "environment": [
              {
                "variables": {
                  "environment": "dev"
                }
              }
            ],
            "file_system_config": [],
            "filename": "../seahorse/server/app.adminservices/target/adminservices-1.0.jar",
            "function_name": "RegisterComponentLambda",
            "handler": "com.globallink.admin.fsbl.RegisterComponentService::handleRequest",
            "id": "RegisterComponentLambda",
            "image_config": [],
            "image_uri": "",
            "invoke_arn": "arn:aws:apigateway:us-east-1:lambda:path/2015-03-31/functions/arn:aws:lambda:us-east-1:276164198880:function:RegisterComponentLambda/invocations",
            "kms_key_arn": "",
            "last_modified": "2021-02-04T16:29:21.322+0000",
            "layers": [],
            "memory_size": 512,
            "package_type": "Zip",
            "publish": true,
            "qualified_arn": "arn:aws:lambda:us-east-1:276164198880:function:RegisterComponentLambda:9",
            "reserved_concurrent_executions": -1,
            "role": "arn:aws:iam::276164198880:role/seahorse_iam_role_for_lambdas",
            "runtime": "java8",
            "s3_bucket": null,
            "s3_key": null,
            "s3_object_version": null,
            "signing_job_arn": "",
            "signing_profile_version_arn": "",
            "source_code_hash": "sRq5h7DMmF2CSYl7w4akhAeI6+ChgxLoZVXXtrscvQQ=",
            "source_code_size": 20358459,
            "tags": {},
            "timeout": 15,
            "timeouts": null,
            "tracing_config": [
              {
                "mode": "PassThrough"
              }
            ],
            "version": "9",
            "vpc_config": []
          },
          "private": "eyJlMmJmYjczMC1lY2FhLTExZTYtOGY4OC0zNDM2M2JjN2M0YzAiOnsiY3JlYXRlIjo2MDAwMDAwMDAwMDB9fQ==",
          "dependencies": [
            "module.admin_lambdas.aws_iam_role.seahorse_iam_role_for_lambdas"
          ]
        }
      ]
    },
    {
      "module": "module.admin_lambdas",
      "mode": "managed",
      "type": "aws_lambda_permission",
      "name": "allow_cloudwatch_to_ping_delete_lambda",
      "provider": "provider[\"registry.terraform.io/hashicorp/aws\"]",
      "instances": [
        {
          "schema_version": 0,
          "attributes": {
            "action": "lambda:InvokeFunction",
            "event_source_token": null,
            "function_name": "DeleteRegisteredComponent",
            "id": "AllowExecutionFromCloudWatch",
            "principal": "events.amazonaws.com",
            "qualifier": "",
            "source_account": null,
            "source_arn": "arn:aws:events:us-east-1:276164198880:rule/one_minute_ping",
            "statement_id": "AllowExecutionFromCloudWatch",
            "statement_id_prefix": null
          },
          "private": "bnVsbA==",
          "dependencies": [
            "module.admin_lambdas.aws_cloudwatch_event_rule.one_minute_ping",
            "module.admin_lambdas.aws_iam_role.seahorse_iam_role_for_lambdas",
            "module.admin_lambdas.aws_lambda_function.DeleteRegisteredComponent"
          ]
        }
      ]
    },
    {
      "module": "module.admin_lambdas",
      "mode": "managed",
      "type": "aws_lambda_permission",
      "name": "allow_cloudwatch_to_ping_get_lambda",
      "provider": "provider[\"registry.terraform.io/hashicorp/aws\"]",
      "instances": [
        {
          "schema_version": 0,
          "attributes": {
            "action": "lambda:InvokeFunction",
            "event_source_token": null,
            "function_name": "GetRegisteredComponents",
            "id": "AllowExecutionFromCloudWatch",
            "principal": "events.amazonaws.com",
            "qualifier": "",
            "source_account": null,
            "source_arn": "arn:aws:events:us-east-1:276164198880:rule/one_minute_ping",
            "statement_id": "AllowExecutionFromCloudWatch",
            "statement_id_prefix": null
          },
          "private": "bnVsbA==",
          "dependencies": [
            "module.admin_lambdas.aws_cloudwatch_event_rule.one_minute_ping",
            "module.admin_lambdas.aws_iam_role.seahorse_iam_role_for_lambdas",
            "module.admin_lambdas.aws_lambda_function.GetRegisteredComponents"
          ]
        }
      ]
    },
    {
      "module": "module.admin_lambdas",
      "mode": "managed",
      "type": "aws_lambda_permission",
      "name": "allow_cloudwatch_to_ping_register_lambda",
      "provider": "provider[\"registry.terraform.io/hashicorp/aws\"]",
      "instances": [
        {
          "schema_version": 0,
          "attributes": {
            "action": "lambda:InvokeFunction",
            "event_source_token": null,
            "function_name": "RegisterComponentLambda",
            "id": "AllowExecutionFromCloudWatch",
            "principal": "events.amazonaws.com",
            "qualifier": "",
            "source_account": null,
            "source_arn": "arn:aws:events:us-east-1:276164198880:rule/one_minute_ping",
            "statement_id": "AllowExecutionFromCloudWatch",
            "statement_id_prefix": null
          },
          "private": "bnVsbA==",
          "dependencies": [
            "module.admin_lambdas.aws_cloudwatch_event_rule.one_minute_ping",
            "module.admin_lambdas.aws_iam_role.seahorse_iam_role_for_lambdas",
            "module.admin_lambdas.aws_lambda_function.RegisterComponentLambda"
          ]
        }
      ]
    },
    {
      "module": "module.dynamo_db",
      "mode": "managed",
      "type": "aws_dynamodb_table",
      "name": "component-dynamodb-table",
      "provider": "provider[\"registry.terraform.io/hashicorp/aws\"]",
      "instances": [
        {
          "schema_version": 1,
          "attributes": {
            "arn": "arn:aws:dynamodb:us-east-1:276164198880:table/FSBL_CONFIG",
            "attribute": [
              {
                "name": "APP_ID",
                "type": "S"
              }
            ],
            "billing_mode": "PROVISIONED",
            "global_secondary_index": [],
            "hash_key": "APP_ID",
            "id": "FSBL_CONFIG",
            "local_secondary_index": [],
            "name": "FSBL_CONFIG",
            "point_in_time_recovery": [
              {
                "enabled": false
              }
            ],
            "range_key": null,
            "read_capacity": 5,
            "replica": [],
            "server_side_encryption": [],
            "stream_arn": "",
            "stream_enabled": false,
            "stream_label": "",
            "stream_view_type": "",
            "tags": {
              "Environment": "dev"
            },
            "timeouts": null,
            "ttl": [
              {
                "attribute_name": "",
                "enabled": false
              }
            ],
            "write_capacity": 5
          },
          "private": "eyJlMmJmYjczMC1lY2FhLTExZTYtOGY4OC0zNDM2M2JjN2M0YzAiOnsiY3JlYXRlIjo2MDAwMDAwMDAwMDAsImRlbGV0ZSI6NjAwMDAwMDAwMDAwLCJ1cGRhdGUiOjM2MDAwMDAwMDAwMDB9LCJzY2hlbWFfdmVyc2lvbiI6IjEifQ=="
        }
      ]
    },
    {
      "module": "module.s3_buckets",
      "mode": "managed",
      "type": "aws_s3_bucket",
      "name": "docusaurus",
      "provider": "provider[\"registry.terraform.io/hashicorp/aws\"]",
      "instances": [
        {
          "schema_version": 0,
          "attributes": {
            "acceleration_status": "",
            "acl": "public-read",
            "arn": "arn:aws:s3:::dev.seahorse.test1",
            "bucket": "dev.seahorse.test1",
            "bucket_domain_name": "dev.seahorse.test1.s3.amazonaws.com",
            "bucket_prefix": null,
            "bucket_regional_domain_name": "dev.seahorse.test1.s3.amazonaws.com",
            "cors_rule": [],
            "force_destroy": false,
            "grant": [],
            "hosted_zone_id": "Z3AQBSTGFYJSTF",
            "id": "dev.seahorse.test1",
            "lifecycle_rule": [],
            "logging": [],
            "object_lock_configuration": [],
            "policy": "{\"Statement\":[{\"Action\":\"s3:GetObject\",\"Effect\":\"Allow\",\"Principal\":\"*\",\"Resource\":\"arn:aws:s3:::dev.seahorse.test1/*\",\"Sid\":\"AddPerm\"}],\"Version\":\"2012-10-17\"}",
            "region": "us-east-1",
            "replication_configuration": [],
            "request_payer": "BucketOwner",
            "server_side_encryption_configuration": [],
            "tags": {
              "Environment": "SeaHorse",
              "Name": "Product"
            },
            "versioning": [
              {
                "enabled": false,
                "mfa_delete": false
              }
            ],
            "website": [
              {
                "error_document": "error.html",
                "index_document": "index.html",
                "redirect_all_requests_to": "",
                "routing_rules": ""
              }
            ],
            "website_domain": "s3-website-us-east-1.amazonaws.com",
            "website_endpoint": "dev.seahorse.test1.s3-website-us-east-1.amazonaws.com"
          },
          "private": "bnVsbA=="
        }
      ]
    },
    {
      "module": "module.s3_buckets",
      "mode": "managed",
      "type": "aws_s3_bucket",
      "name": "finsemble",
      "provider": "provider[\"registry.terraform.io/hashicorp/aws\"]",
      "instances": [
        {
          "schema_version": 0,
          "attributes": {
            "acceleration_status": "",
            "acl": "public-read",
            "arn": "arn:aws:s3:::dev.seahorse.test",
            "bucket": "dev.seahorse.test",
            "bucket_domain_name": "dev.seahorse.test.s3.amazonaws.com",
            "bucket_prefix": null,
            "bucket_regional_domain_name": "dev.seahorse.test.s3.amazonaws.com",
            "cors_rule": [],
            "force_destroy": false,
            "grant": [],
            "hosted_zone_id": "Z3AQBSTGFYJSTF",
            "id": "dev.seahorse.test",
            "lifecycle_rule": [],
            "logging": [],
            "object_lock_configuration": [],
            "policy": "{\"Statement\":[{\"Action\":\"s3:GetObject\",\"Effect\":\"Allow\",\"Principal\":\"*\",\"Resource\":\"arn:aws:s3:::dev.seahorse.test/*\",\"Sid\":\"AddPerm\"}],\"Version\":\"2012-10-17\"}",
            "region": "us-east-1",
            "replication_configuration": [],
            "request_payer": "BucketOwner",
            "server_side_encryption_configuration": [],
            "tags": {
              "Environment": "SeaHorse",
              "Name": "Product"
            },
            "versioning": [
              {
                "enabled": false,
                "mfa_delete": false
              }
            ],
            "website": [
              {
                "error_document": "error.html",
                "index_document": "index.html",
                "redirect_all_requests_to": "",
                "routing_rules": ""
              }
            ],
            "website_domain": "s3-website-us-east-1.amazonaws.com",
            "website_endpoint": "dev.seahorse.test.s3-website-us-east-1.amazonaws.com"
          },
          "private": "bnVsbA=="
        }
      ]
    },
    {
      "module": "module.s3_buckets",
      "mode": "managed",
      "type": "aws_s3_bucket",
      "name": "storybook",
      "provider": "provider[\"registry.terraform.io/hashicorp/aws\"]",
      "instances": [
        {
          "schema_version": 0,
          "attributes": {
            "acceleration_status": "",
            "acl": "public-read",
            "arn": "arn:aws:s3:::dev.seahorse.test2",
            "bucket": "dev.seahorse.test2",
            "bucket_domain_name": "dev.seahorse.test2.s3.amazonaws.com",
            "bucket_prefix": null,
            "bucket_regional_domain_name": "dev.seahorse.test2.s3.amazonaws.com",
            "cors_rule": [],
            "force_destroy": false,
            "grant": [],
            "hosted_zone_id": "Z3AQBSTGFYJSTF",
            "id": "dev.seahorse.test2",
            "lifecycle_rule": [],
            "logging": [],
            "object_lock_configuration": [],
            "policy": "{\"Statement\":[{\"Action\":\"s3:GetObject\",\"Effect\":\"Allow\",\"Principal\":\"*\",\"Resource\":\"arn:aws:s3:::dev.seahorse.test2/*\",\"Sid\":\"AddPerm\"}],\"Version\":\"2012-10-17\"}",
            "region": "us-east-1",
            "replication_configuration": [],
            "request_payer": "BucketOwner",
            "server_side_encryption_configuration": [],
            "tags": {
              "Environment": "SeaHorse",
              "Name": "Product"
            },
            "versioning": [
              {
                "enabled": false,
                "mfa_delete": false
              }
            ],
            "website": [
              {
                "error_document": "error.html",
                "index_document": "index.html",
                "redirect_all_requests_to": "",
                "routing_rules": ""
              }
            ],
            "website_domain": "s3-website-us-east-1.amazonaws.com",
            "website_endpoint": "dev.seahorse.test2.s3-website-us-east-1.amazonaws.com"
          },
          "private": "bnVsbA=="
        }
      ]
    },
    {
      "module": "module.web-backend-api-with-existing-cognito[0]",
      "mode": "managed",
      "type": "aws_api_gateway_authorizer",
      "name": "web_authorizer",
      "provider": "provider[\"registry.terraform.io/hashicorp/aws\"]",
      "instances": [
        {
          "schema_version": 0,
          "attributes": {
            "authorizer_credentials": "",
            "authorizer_result_ttl_in_seconds": 300,
            "authorizer_uri": "",
            "id": "r7k3hx",
            "identity_source": "method.request.header.Authorization",
            "identity_validation_expression": "",
            "name": "Seahorse-Authorizer",
            "provider_arns": [
              "arn:aws:cognito-idp:us-east-1:276164198880:userpool/us-east-1_xWPX0bsC5"
            ],
            "rest_api_id": "km7mx1r075",
            "type": "COGNITO_USER_POOLS"
          },
          "private": "bnVsbA==",
          "dependencies": [
            "module.web-backend-api-with-existing-cognito.aws_api_gateway_rest_api.web_backend_api"
          ]
        }
      ]
    },
    {
      "module": "module.web-backend-api-with-existing-cognito[0]",
      "mode": "managed",
      "type": "aws_api_gateway_deployment",
      "name": "web_backend_api_deployment",
      "provider": "provider[\"registry.terraform.io/hashicorp/aws\"]",
      "instances": [
        {
          "schema_version": 0,
          "attributes": {
            "created_date": "2021-02-04T11:53:07Z",
            "description": "",
            "execution_arn": "arn:aws:execute-api:us-east-1:276164198880:km7mx1r075/dev",
            "id": "wkg2fh",
            "invoke_url": "https://km7mx1r075.execute-api.us-east-1.amazonaws.com/dev",
            "rest_api_id": "km7mx1r075",
            "stage_description": null,
            "stage_name": "dev",
            "triggers": null,
            "variables": null
          },
          "private": "bnVsbA==",
          "dependencies": [
            "module.web-backend-api-with-existing-cognito.aws_api_gateway_authorizer.web_authorizer",
            "module.web-backend-api-with-existing-cognito.aws_api_gateway_integration.mock_options_integration",
            "module.web-backend-api-with-existing-cognito.aws_api_gateway_integration.web_backend_api_get_method_integration",
            "module.web-backend-api-with-existing-cognito.aws_api_gateway_integration_response.mock_options_integration_response",
            "module.web-backend-api-with-existing-cognito.aws_api_gateway_integration_response.web_backend_api_get_integration_response",
            "module.web-backend-api-with-existing-cognito.aws_api_gateway_method.mock_options_method",
            "module.web-backend-api-with-existing-cognito.aws_api_gateway_method.web_backend_api_get_method",
            "module.web-backend-api-with-existing-cognito.aws_api_gateway_method_response.mock_options_response",
            "module.web-backend-api-with-existing-cognito.aws_api_gateway_method_response.web_backend_api_get_method_response",
            "module.web-backend-api-with-existing-cognito.aws_api_gateway_resource.web_backend_api_resource",
            "module.web-backend-api-with-existing-cognito.aws_api_gateway_rest_api.web_backend_api"
          ]
        }
      ]
    },
    {
      "module": "module.web-backend-api-with-existing-cognito[0]",
      "mode": "managed",
      "type": "aws_api_gateway_integration",
      "name": "mock_options_integration",
      "provider": "provider[\"registry.terraform.io/hashicorp/aws\"]",
      "instances": [
        {
          "schema_version": 0,
          "attributes": {
            "cache_key_parameters": [],
            "cache_namespace": "exyt5d",
            "connection_id": "",
            "connection_type": "INTERNET",
            "content_handling": "",
            "credentials": "",
            "http_method": "OPTIONS",
            "id": "agi-km7mx1r075-exyt5d-OPTIONS",
            "integration_http_method": "",
            "passthrough_behavior": "WHEN_NO_TEMPLATES",
            "request_parameters": {},
            "request_templates": {
              "application/json": "{\n    \"statusCode\" : 200\n}"
            },
            "resource_id": "exyt5d",
            "rest_api_id": "km7mx1r075",
            "timeout_milliseconds": 29000,
            "type": "MOCK",
            "uri": ""
          },
          "private": "bnVsbA==",
          "dependencies": [
            "module.web-backend-api-with-existing-cognito.aws_api_gateway_method.mock_options_method",
            "module.web-backend-api-with-existing-cognito.aws_api_gateway_resource.web_backend_api_resource",
            "module.web-backend-api-with-existing-cognito.aws_api_gateway_rest_api.web_backend_api"
          ]
        }
      ]
    },
    {
      "module": "module.web-backend-api-with-existing-cognito[0]",
      "mode": "managed",
      "type": "aws_api_gateway_integration",
      "name": "web_backend_api_get_method_integration",
      "provider": "provider[\"registry.terraform.io/hashicorp/aws\"]",
      "instances": [
        {
          "schema_version": 0,
          "attributes": {
            "cache_key_parameters": [],
            "cache_namespace": "exyt5d",
            "connection_id": "",
            "connection_type": "INTERNET",
            "content_handling": "",
            "credentials": "",
            "http_method": "GET",
            "id": "agi-km7mx1r075-exyt5d-GET",
            "integration_http_method": "POST",
            "passthrough_behavior": "WHEN_NO_MATCH",
            "request_parameters": {},
            "request_templates": {},
            "resource_id": "exyt5d",
            "rest_api_id": "km7mx1r075",
            "timeout_milliseconds": 29000,
            "type": "AWS_PROXY",
            "uri": "arn:aws:apigateway:us-east-1:lambda:path/2015-03-31/functions/arn:aws:lambda:us-east-1:276164198880:function:GetRegisteredComponents/invocations"
          },
          "private": "bnVsbA==",
          "dependencies": [
            "module.web-backend-api-with-existing-cognito.aws_api_gateway_method.web_backend_api_get_method",
            "module.web-backend-api-with-existing-cognito.aws_api_gateway_resource.web_backend_api_resource",
            "module.web-backend-api-with-existing-cognito.aws_api_gateway_rest_api.web_backend_api"
          ]
        }
      ]
    },
    {
      "module": "module.web-backend-api-with-existing-cognito[0]",
      "mode": "managed",
      "type": "aws_api_gateway_integration_response",
      "name": "mock_options_integration_response",
      "provider": "provider[\"registry.terraform.io/hashicorp/aws\"]",
      "instances": [
        {
          "schema_version": 0,
          "attributes": {
            "content_handling": "",
            "http_method": "OPTIONS",
            "id": "agir-km7mx1r075-exyt5d-OPTIONS-200",
            "resource_id": "exyt5d",
            "response_parameters": {
              "method.response.header.Access-Control-Allow-Headers": "'Content-Type,X-Amz-Date,Authorization,X-Api-Key,X-Amz-Security-Token'",
              "method.response.header.Access-Control-Allow-Methods": "'GET, OPTIONS, POST'",
              "method.response.header.Access-Control-Allow-Origin": "'*'"
            },
            "response_templates": {},
            "rest_api_id": "km7mx1r075",
            "selection_pattern": "",
            "status_code": "200"
          },
          "private": "bnVsbA==",
          "dependencies": [
            "module.web-backend-api-with-existing-cognito.aws_api_gateway_integration.mock_options_integration",
            "module.web-backend-api-with-existing-cognito.aws_api_gateway_method.mock_options_method",
            "module.web-backend-api-with-existing-cognito.aws_api_gateway_method_response.mock_options_response",
            "module.web-backend-api-with-existing-cognito.aws_api_gateway_resource.web_backend_api_resource",
            "module.web-backend-api-with-existing-cognito.aws_api_gateway_rest_api.web_backend_api"
          ]
        }
      ]
    },
    {
      "module": "module.web-backend-api-with-existing-cognito[0]",
      "mode": "managed",
      "type": "aws_api_gateway_integration_response",
      "name": "web_backend_api_get_integration_response",
      "provider": "provider[\"registry.terraform.io/hashicorp/aws\"]",
      "instances": [
        {
          "schema_version": 0,
          "attributes": {
            "content_handling": "",
            "http_method": "GET",
            "id": "agir-km7mx1r075-exyt5d-GET-200",
            "resource_id": "exyt5d",
            "response_parameters": {
              "method.response.header.Access-Control-Allow-Origin": "'*'"
            },
            "response_templates": {},
            "rest_api_id": "km7mx1r075",
            "selection_pattern": "",
            "status_code": "200"
          },
          "private": "bnVsbA==",
          "dependencies": [
            "module.web-backend-api-with-existing-cognito.aws_api_gateway_authorizer.web_authorizer",
            "module.web-backend-api-with-existing-cognito.aws_api_gateway_integration.web_backend_api_get_method_integration",
            "module.web-backend-api-with-existing-cognito.aws_api_gateway_method.web_backend_api_get_method",
            "module.web-backend-api-with-existing-cognito.aws_api_gateway_method_response.web_backend_api_get_method_response",
            "module.web-backend-api-with-existing-cognito.aws_api_gateway_resource.web_backend_api_resource",
            "module.web-backend-api-with-existing-cognito.aws_api_gateway_rest_api.web_backend_api"
          ]
        }
      ]
    },
    {
      "module": "module.web-backend-api-with-existing-cognito[0]",
      "mode": "managed",
      "type": "aws_api_gateway_method",
      "name": "mock_options_method",
      "provider": "provider[\"registry.terraform.io/hashicorp/aws\"]",
      "instances": [
        {
          "schema_version": 0,
          "attributes": {
            "api_key_required": false,
            "authorization": "NONE",
            "authorization_scopes": [],
            "authorizer_id": "",
            "http_method": "OPTIONS",
            "id": "agm-km7mx1r075-exyt5d-OPTIONS",
            "request_models": {},
            "request_parameters": {},
            "request_validator_id": "",
            "resource_id": "exyt5d",
            "rest_api_id": "km7mx1r075"
          },
          "private": "bnVsbA==",
          "dependencies": [
            "module.web-backend-api-with-existing-cognito.aws_api_gateway_resource.web_backend_api_resource",
            "module.web-backend-api-with-existing-cognito.aws_api_gateway_rest_api.web_backend_api"
          ]
        }
      ]
    },
    {
      "module": "module.web-backend-api-with-existing-cognito[0]",
      "mode": "managed",
      "type": "aws_api_gateway_method",
      "name": "web_backend_api_get_method",
      "provider": "provider[\"registry.terraform.io/hashicorp/aws\"]",
      "instances": [
        {
          "schema_version": 0,
          "attributes": {
            "api_key_required": false,
            "authorization": "COGNITO_USER_POOLS",
            "authorization_scopes": [],
            "authorizer_id": "r7k3hx",
            "http_method": "GET",
            "id": "agm-km7mx1r075-exyt5d-GET",
            "request_models": {
              "application/json": "Empty"
            },
            "request_parameters": {
              "method.request.header.Content-Type": true
            },
            "request_validator_id": "",
            "resource_id": "exyt5d",
            "rest_api_id": "km7mx1r075"
          },
          "private": "bnVsbA==",
          "dependencies": [
            "module.web-backend-api-with-existing-cognito.aws_api_gateway_authorizer.web_authorizer",
            "module.web-backend-api-with-existing-cognito.aws_api_gateway_resource.web_backend_api_resource",
            "module.web-backend-api-with-existing-cognito.aws_api_gateway_rest_api.web_backend_api"
          ]
        }
      ]
    },
    {
      "module": "module.web-backend-api-with-existing-cognito[0]",
      "mode": "managed",
      "type": "aws_api_gateway_method_response",
      "name": "mock_options_response",
      "provider": "provider[\"registry.terraform.io/hashicorp/aws\"]",
      "instances": [
        {
          "schema_version": 0,
          "attributes": {
            "http_method": "OPTIONS",
            "id": "agmr-km7mx1r075-exyt5d-OPTIONS-200",
            "resource_id": "exyt5d",
            "response_models": {
              "application/json": "Empty"
            },
            "response_parameters": {
              "method.response.header.Access-Control-Allow-Headers": true,
              "method.response.header.Access-Control-Allow-Methods": true,
              "method.response.header.Access-Control-Allow-Origin": true
            },
            "rest_api_id": "km7mx1r075",
            "status_code": "200"
          },
          "private": "bnVsbA==",
          "dependencies": [
            "module.web-backend-api-with-existing-cognito.aws_api_gateway_method.mock_options_method",
            "module.web-backend-api-with-existing-cognito.aws_api_gateway_resource.web_backend_api_resource",
            "module.web-backend-api-with-existing-cognito.aws_api_gateway_rest_api.web_backend_api"
          ]
        }
      ]
    },
    {
      "module": "module.web-backend-api-with-existing-cognito[0]",
      "mode": "managed",
      "type": "aws_api_gateway_method_response",
      "name": "web_backend_api_get_method_response",
      "provider": "provider[\"registry.terraform.io/hashicorp/aws\"]",
      "instances": [
        {
          "schema_version": 0,
          "attributes": {
            "http_method": "GET",
            "id": "agmr-km7mx1r075-exyt5d-GET-200",
            "resource_id": "exyt5d",
            "response_models": {},
            "response_parameters": {
              "method.response.header.Access-Control-Allow-Origin": true
            },
            "rest_api_id": "km7mx1r075",
            "status_code": "200"
          },
          "private": "bnVsbA==",
          "dependencies": [
            "module.web-backend-api-with-existing-cognito.aws_api_gateway_method.web_backend_api_get_method",
            "module.web-backend-api-with-existing-cognito.aws_api_gateway_resource.web_backend_api_resource",
            "module.web-backend-api-with-existing-cognito.aws_api_gateway_rest_api.web_backend_api"
          ]
        }
      ]
    },
    {
      "module": "module.web-backend-api-with-existing-cognito[0]",
      "mode": "managed",
      "type": "aws_api_gateway_resource",
      "name": "web_backend_api_resource",
      "provider": "provider[\"registry.terraform.io/hashicorp/aws\"]",
      "instances": [
        {
          "schema_version": 0,
          "attributes": {
            "id": "exyt5d",
            "parent_id": "hxsvuz1oll",
            "path": "/{proxy+}",
            "path_part": "{proxy+}",
            "rest_api_id": "km7mx1r075"
          },
          "private": "bnVsbA==",
          "dependencies": [
            "module.web-backend-api-with-existing-cognito.aws_api_gateway_rest_api.web_backend_api"
          ]
        }
      ]
    },
    {
      "module": "module.web-backend-api-with-existing-cognito[0]",
      "mode": "managed",
      "type": "aws_api_gateway_rest_api",
      "name": "web_backend_api",
      "provider": "provider[\"registry.terraform.io/hashicorp/aws\"]",
      "instances": [
        {
          "schema_version": 0,
          "attributes": {
            "api_key_source": "HEADER",
            "arn": "arn:aws:apigateway:us-east-1::/restapis/km7mx1r075",
            "binary_media_types": [],
            "body": null,
            "created_date": "2021-02-04T11:52:10Z",
            "description": "",
            "endpoint_configuration": [
              {
                "types": [
                  "REGIONAL"
                ],
                "vpc_endpoint_ids": []
              }
            ],
            "execution_arn": "arn:aws:execute-api:us-east-1:276164198880:km7mx1r075",
            "id": "km7mx1r075",
            "minimum_compression_size": -1,
            "name": "seahorse-web-backend-api",
            "policy": "",
            "root_resource_id": "hxsvuz1oll",
            "tags": {}
          },
          "private": "bnVsbA=="
        }
      ]
    },
    {
      "module": "module.web-backend-api-with-existing-cognito[0]",
      "mode": "managed",
      "type": "aws_lambda_permission",
      "name": "get-lambda-permission",
      "provider": "provider[\"registry.terraform.io/hashicorp/aws\"]",
      "instances": [
        {
          "schema_version": 0,
          "attributes": {
            "action": "lambda:InvokeFunction",
            "event_source_token": null,
            "function_name": "GetRegisteredComponents",
            "id": "AllowWebBackendAPIGatewayInvokeGet",
            "principal": "apigateway.amazonaws.com",
            "qualifier": "",
            "source_account": null,
            "source_arn": "arn:aws:execute-api:us-east-1:276164198880:km7mx1r075/*/*/*",
            "statement_id": "AllowWebBackendAPIGatewayInvokeGet",
            "statement_id_prefix": null
          },
          "private": "bnVsbA==",
          "dependencies": [
            "module.web-backend-api-with-existing-cognito.aws_api_gateway_rest_api.web_backend_api"
          ]
        }
      ]
    }
  ]
}
