{
  "version": 4,
  "terraform_version": "0.13.5",
  "serial": 140,
  "lineage": "589080ac-4c3c-5dd0-7e75-ce61fccaffda",
  "outputs": {},
  "resources": [
    {
      "module": "module.admin-api",
      "mode": "managed",
      "type": "aws_api_gateway_deployment",
      "name": "admin_api_deployment",
      "provider": "provider[\"registry.terraform.io/hashicorp/aws\"]",
      "instances": [
        {
          "schema_version": 0,
          "attributes": {
            "created_date": "2021-02-04T11:52:59Z",
            "description": "",
            "execution_arn": "arn:aws:execute-api:us-east-1:276164198880:olf4b7brbf/dev",
            "id": "tseqas",
            "invoke_url": "https://olf4b7brbf.execute-api.us-east-1.amazonaws.com/dev",
            "rest_api_id": "olf4b7brbf",
            "stage_description": null,
            "stage_name": "dev",
            "triggers": null,
            "variables": null
          },
          "private": "bnVsbA==",
          "dependencies": [
            "module.admin-api.aws_api_gateway_integration.admin_api_get_method_integration",
            "module.admin-api.aws_api_gateway_integration.admin_api_register_method_integration",
            "module.admin-api.aws_api_gateway_integration.mock_options_integration",
            "module.admin-api.aws_api_gateway_integration_response.admin_api_get_integration_response",
            "module.admin-api.aws_api_gateway_integration_response.admin_api_register_integration_response",
            "module.admin-api.aws_api_gateway_integration_response.mock_options_integration_response",
            "module.admin-api.aws_api_gateway_method.admin_api_get_method",
            "module.admin-api.aws_api_gateway_method.admin_api_register_method",
            "module.admin-api.aws_api_gateway_method.mock_options_method",
            "module.admin-api.aws_api_gateway_method_response.admin_api_get_method_response",
            "module.admin-api.aws_api_gateway_method_response.admin_api_register_method_response",
            "module.admin-api.aws_api_gateway_method_response.mock_options_response",
            "module.admin-api.aws_api_gateway_resource.admin_api_resource",
            "module.admin-api.aws_api_gateway_rest_api.admin_api"
          ]
        }
      ]
    },
    {
      "module": "module.admin-api",
      "mode": "managed",
      "type": "aws_api_gateway_integration",
      "name": "admin_api_delete_method_integration",
      "provider": "provider[\"registry.terraform.io/hashicorp/aws\"]",
      "instances": [
        {
          "schema_version": 0,
          "attributes": {
            "cache_key_parameters": [],
            "cache_namespace": "ahabxt",
            "connection_id": "",
            "connection_type": "INTERNET",
            "content_handling": "",
            "credentials": "",
            "http_method": "DELETE",
            "id": "agi-olf4b7brbf-ahabxt-DELETE",
            "integration_http_method": "POST",
            "passthrough_behavior": "WHEN_NO_MATCH",
            "request_parameters": {},
            "request_templates": {},
            "resource_id": "ahabxt",
            "rest_api_id": "olf4b7brbf",
            "timeout_milliseconds": 29000,
            "type": "AWS_PROXY",
            "uri": "arn:aws:apigateway:us-east-1:lambda:path/2015-03-31/functions/arn:aws:lambda:us-east-1:276164198880:function:DeleteRegisteredComponent/invocations"
          },
          "private": "bnVsbA==",
          "dependencies": [
            "module.admin-api.aws_api_gateway_method.admin_api_delete_method",
            "module.admin-api.aws_api_gateway_resource.admin_api_resource",
            "module.admin-api.aws_api_gateway_rest_api.admin_api"
          ]
        }
      ]
    },
    {
      "module": "module.admin-api",
      "mode": "managed",
      "type": "aws_api_gateway_integration",
      "name": "admin_api_get_method_integration",
      "provider": "provider[\"registry.terraform.io/hashicorp/aws\"]",
      "instances": [
        {
          "schema_version": 0,
          "attributes": {
            "cache_key_parameters": [],
            "cache_namespace": "ahabxt",
            "connection_id": "",
            "connection_type": "INTERNET",
            "content_handling": "",
            "credentials": "",
            "http_method": "GET",
            "id": "agi-olf4b7brbf-ahabxt-GET",
            "integration_http_method": "POST",
            "passthrough_behavior": "WHEN_NO_MATCH",
            "request_parameters": {},
            "request_templates": {},
            "resource_id": "ahabxt",
            "rest_api_id": "olf4b7brbf",
            "timeout_milliseconds": 29000,
            "type": "AWS_PROXY",
            "uri": "arn:aws:apigateway:us-east-1:lambda:path/2015-03-31/functions/arn:aws:lambda:us-east-1:276164198880:function:GetRegisteredComponents/invocations"
          },
          "private": "bnVsbA==",
          "dependencies": [
            "module.admin-api.aws_api_gateway_method.admin_api_get_method",
            "module.admin-api.aws_api_gateway_resource.admin_api_resource",
            "module.admin-api.aws_api_gateway_rest_api.admin_api"
          ]
        }
      ]
    },
    {
      "module": "module.admin-api",
      "mode": "managed",
      "type": "aws_api_gateway_integration",
      "name": "admin_api_register_method_integration",
      "provider": "provider[\"registry.terraform.io/hashicorp/aws\"]",
      "instances": [
        {
          "schema_version": 0,
          "attributes": {
            "cache_key_parameters": [],
            "cache_namespace": "ahabxt",
            "connection_id": "",
            "connection_type": "INTERNET",
            "content_handling": "",
            "credentials": "",
            "http_method": "POST",
            "id": "agi-olf4b7brbf-ahabxt-POST",
            "integration_http_method": "POST",
            "passthrough_behavior": "WHEN_NO_MATCH",
            "request_parameters": {},
            "request_templates": {},
            "resource_id": "ahabxt",
            "rest_api_id": "olf4b7brbf",
            "timeout_milliseconds": 29000,
            "type": "AWS_PROXY",
            "uri": "arn:aws:apigateway:us-east-1:lambda:path/2015-03-31/functions/arn:aws:lambda:us-east-1:276164198880:function:RegisterComponentLambda/invocations"
          },
          "private": "bnVsbA==",
          "dependencies": [
            "module.admin-api.aws_api_gateway_method.admin_api_register_method",
            "module.admin-api.aws_api_gateway_resource.admin_api_resource",
            "module.admin-api.aws_api_gateway_rest_api.admin_api"
          ]
        }
      ]
    },
    {
      "module": "module.admin-api",
      "mode": "managed",
      "type": "aws_api_gateway_integration",
      "name": "mock_options_integration",
      "provider": "provider[\"registry.terraform.io/hashicorp/aws\"]",
      "instances": [
        {
          "schema_version": 0,
          "attributes": {
            "cache_key_parameters": [],
            "cache_namespace": "ahabxt",
            "connection_id": "",
            "connection_type": "INTERNET",
            "content_handling": "",
            "credentials": "",
            "http_method": "OPTIONS",
            "id": "agi-olf4b7brbf-ahabxt-OPTIONS",
            "integration_http_method": "",
            "passthrough_behavior": "WHEN_NO_MATCH",
            "request_parameters": {},
            "request_templates": {},
            "resource_id": "ahabxt",
            "rest_api_id": "olf4b7brbf",
            "timeout_milliseconds": 29000,
            "type": "MOCK",
            "uri": ""
          },
          "private": "bnVsbA==",
          "dependencies": [
            "module.admin-api.aws_api_gateway_method.mock_options_method",
            "module.admin-api.aws_api_gateway_resource.admin_api_resource",
            "module.admin-api.aws_api_gateway_rest_api.admin_api"
          ]
        }
      ]
    },
    {
      "module": "module.admin-api",
      "mode": "managed",
      "type": "aws_api_gateway_integration_response",
      "name": "admin_api_delete_integration_response",
      "provider": "provider[\"registry.terraform.io/hashicorp/aws\"]",
      "instances": [
        {
          "schema_version": 0,
          "attributes": {
            "content_handling": "",
            "http_method": "DELETE",
            "id": "agir-olf4b7brbf-ahabxt-DELETE-200",
            "resource_id": "ahabxt",
            "response_parameters": {
              "method.response.header.Access-Control-Allow-Origin": "'*'"
            },
            "response_templates": {},
            "rest_api_id": "olf4b7brbf",
            "selection_pattern": "",
            "status_code": "200"
          },
          "private": "bnVsbA==",
          "dependencies": [
            "module.admin-api.aws_api_gateway_integration.admin_api_delete_method_integration",
            "module.admin-api.aws_api_gateway_method.admin_api_delete_method",
            "module.admin-api.aws_api_gateway_method_response.admin_api_delete_method_response",
            "module.admin-api.aws_api_gateway_resource.admin_api_resource",
            "module.admin-api.aws_api_gateway_rest_api.admin_api"
          ]
        }
      ]
    },
    {
      "module": "module.admin-api",
      "mode": "managed",
      "type": "aws_api_gateway_integration_response",
      "name": "admin_api_get_integration_response",
      "provider": "provider[\"registry.terraform.io/hashicorp/aws\"]",
      "instances": [
        {
          "schema_version": 0,
          "attributes": {
            "content_handling": "",
            "http_method": "GET",
            "id": "agir-olf4b7brbf-ahabxt-GET-200",
            "resource_id": "ahabxt",
            "response_parameters": {
              "method.response.header.Access-Control-Allow-Origin": "'*'"
            },
            "response_templates": {},
            "rest_api_id": "olf4b7brbf",
            "selection_pattern": "",
            "status_code": "200"
          },
          "private": "bnVsbA==",
          "dependencies": [
            "module.admin-api.aws_api_gateway_integration.admin_api_get_method_integration",
            "module.admin-api.aws_api_gateway_method.admin_api_get_method",
            "module.admin-api.aws_api_gateway_method_response.admin_api_get_method_response",
            "module.admin-api.aws_api_gateway_resource.admin_api_resource",
            "module.admin-api.aws_api_gateway_rest_api.admin_api"
          ]
        }
      ]
    },
    {
      "module": "module.admin-api",
      "mode": "managed",
      "type": "aws_api_gateway_integration_response",
      "name": "admin_api_register_integration_response",
      "provider": "provider[\"registry.terraform.io/hashicorp/aws\"]",
      "instances": [
        {
          "schema_version": 0,
          "attributes": {
            "content_handling": "",
            "http_method": "POST",
            "id": "agir-olf4b7brbf-ahabxt-POST-200",
            "resource_id": "ahabxt",
            "response_parameters": {
              "method.response.header.Access-Control-Allow-Origin": "'*'"
            },
            "response_templates": {},
            "rest_api_id": "olf4b7brbf",
            "selection_pattern": "",
            "status_code": "200"
          },
          "private": "bnVsbA==",
          "dependencies": [
            "module.admin-api.aws_api_gateway_integration.admin_api_register_method_integration",
            "module.admin-api.aws_api_gateway_method.admin_api_register_method",
            "module.admin-api.aws_api_gateway_method_response.admin_api_register_method_response",
            "module.admin-api.aws_api_gateway_resource.admin_api_resource",
            "module.admin-api.aws_api_gateway_rest_api.admin_api"
          ]
        }
      ]
    },
    {
      "module": "module.admin-api",
      "mode": "managed",
      "type": "aws_api_gateway_integration_response",
      "name": "mock_options_integration_response",
      "provider": "provider[\"registry.terraform.io/hashicorp/aws\"]",
      "instances": [
        {
          "schema_version": 0,
          "attributes": {
            "content_handling": "",
            "http_method": "OPTIONS",
            "id": "agir-olf4b7brbf-ahabxt-OPTIONS-200",
            "resource_id": "ahabxt",
            "response_parameters": {
              "method.response.header.Access-Control-Allow-Headers": "'Content-Type,X-Amz-Date,Authorization,X-Api-Key,X-Amz-Security-Token'",
              "method.response.header.Access-Control-Allow-Methods": "'GET, OPTIONS, POST'",
              "method.response.header.Access-Control-Allow-Origin": "'*'"
            },
            "response_templates": {},
            "rest_api_id": "olf4b7brbf",
            "selection_pattern": "",
            "status_code": "200"
          },
          "private": "bnVsbA==",
          "dependencies": [
            "module.admin-api.aws_api_gateway_integration.mock_options_integration",
            "module.admin-api.aws_api_gateway_method.mock_options_method",
            "module.admin-api.aws_api_gateway_method_response.mock_options_response",
            "module.admin-api.aws_api_gateway_resource.admin_api_resource",
            "module.admin-api.aws_api_gateway_rest_api.admin_api"
          ]
        }
      ]
    },
    {
      "module": "module.admin-api",
      "mode": "managed",
      "type": "aws_api_gateway_method",
      "name": "admin_api_delete_method",
      "provider": "provider[\"registry.terraform.io/hashicorp/aws\"]",
      "instances": [
        {
          "schema_version": 0,
          "attributes": {
            "api_key_required": false,
            "authorization": "NONE",
            "authorization_scopes": [],
            "authorizer_id": "",
            "http_method": "DELETE",
            "id": "agm-olf4b7brbf-ahabxt-DELETE",
            "request_models": {
              "application/json": "Empty"
            },
            "request_parameters": {
              "method.request.header.Content-Type": true
            },
            "request_validator_id": "",
            "resource_id": "ahabxt",
            "rest_api_id": "olf4b7brbf"
          },
          "private": "bnVsbA==",
          "dependencies": [
            "module.admin-api.aws_api_gateway_resource.admin_api_resource",
            "module.admin-api.aws_api_gateway_rest_api.admin_api"
          ]
        }
      ]
    },
    {
      "module": "module.admin-api",
      "mode": "managed",
      "type": "aws_api_gateway_method",
      "name": "admin_api_get_method",
      "provider": "provider[\"registry.terraform.io/hashicorp/aws\"]",
      "instances": [
        {
          "schema_version": 0,
          "attributes": {
            "api_key_required": false,
            "authorization": "NONE",
            "authorization_scopes": [],
            "authorizer_id": "",
            "http_method": "GET",
            "id": "agm-olf4b7brbf-ahabxt-GET",
            "request_models": {
              "application/json": "Empty"
            },
            "request_parameters": {
              "method.request.header.Content-Type": true
            },
            "request_validator_id": "",
            "resource_id": "ahabxt",
            "rest_api_id": "olf4b7brbf"
          },
          "private": "bnVsbA==",
          "dependencies": [
            "module.admin-api.aws_api_gateway_resource.admin_api_resource",
            "module.admin-api.aws_api_gateway_rest_api.admin_api"
          ]
        }
      ]
    },
    {
      "module": "module.admin-api",
      "mode": "managed",
      "type": "aws_api_gateway_method",
      "name": "admin_api_register_method",
      "provider": "provider[\"registry.terraform.io/hashicorp/aws\"]",
      "instances": [
        {
          "schema_version": 0,
          "attributes": {
            "api_key_required": false,
            "authorization": "NONE",
            "authorization_scopes": [],
            "authorizer_id": "",
            "http_method": "POST",
            "id": "agm-olf4b7brbf-ahabxt-POST",
            "request_models": {
              "application/json": "Empty"
            },
            "request_parameters": {
              "method.request.header.Content-Type": true
            },
            "request_validator_id": "",
            "resource_id": "ahabxt",
            "rest_api_id": "olf4b7brbf"
          },
          "private": "bnVsbA==",
          "dependencies": [
            "module.admin-api.aws_api_gateway_resource.admin_api_resource",
            "module.admin-api.aws_api_gateway_rest_api.admin_api"
          ]
        }
      ]
    },
    {
      "module": "module.admin-api",
      "mode": "managed",
      "type": "aws_api_gateway_method",
      "name": "mock_options_method",
      "provider": "provider[\"registry.terraform.io/hashicorp/aws\"]",
      "instances": [
        {
          "schema_version": 0,
          "attributes": {
            "api_key_required": false,
            "authorization": "NONE",
            "authorization_scopes": [],
            "authorizer_id": "",
            "http_method": "OPTIONS",
            "id": "agm-olf4b7brbf-ahabxt-OPTIONS",
            "request_models": {},
            "request_parameters": {},
            "request_validator_id": "",
            "resource_id": "ahabxt",
            "rest_api_id": "olf4b7brbf"
          },
          "private": "bnVsbA==",
          "dependencies": [
            "module.admin-api.aws_api_gateway_resource.admin_api_resource",
            "module.admin-api.aws_api_gateway_rest_api.admin_api"
          ]
        }
      ]
    },
    {
      "module": "module.admin-api",
      "mode": "managed",
      "type": "aws_api_gateway_method_response",
      "name": "admin_api_delete_method_response",
      "provider": "provider[\"registry.terraform.io/hashicorp/aws\"]",
      "instances": [
        {
          "schema_version": 0,
          "attributes": {
            "http_method": "DELETE",
            "id": "agmr-olf4b7brbf-ahabxt-DELETE-200",
            "resource_id": "ahabxt",
            "response_models": {},
            "response_parameters": {
              "method.response.header.Access-Control-Allow-Origin": true
            },
            "rest_api_id": "olf4b7brbf",
            "status_code": "200"
          },
          "private": "bnVsbA==",
          "dependencies": [
            "module.admin-api.aws_api_gateway_method.admin_api_delete_method",
            "module.admin-api.aws_api_gateway_resource.admin_api_resource",
            "module.admin-api.aws_api_gateway_rest_api.admin_api"
          ]
        }
      ]
    },
    {
      "module": "module.admin-api",
      "mode": "managed",
      "type": "aws_api_gateway_method_response",
      "name": "admin_api_get_method_response",
      "provider": "provider[\"registry.terraform.io/hashicorp/aws\"]",
      "instances": [
        {
          "schema_version": 0,
          "attributes": {
            "http_method": "GET",
            "id": "agmr-olf4b7brbf-ahabxt-GET-200",
            "resource_id": "ahabxt",
            "response_models": {},
            "response_parameters": {
              "method.response.header.Access-Control-Allow-Origin": true
            },
            "rest_api_id": "olf4b7brbf",
            "status_code": "200"
          },
          "private": "bnVsbA==",
          "dependencies": [
            "module.admin-api.aws_api_gateway_method.admin_api_get_method",
            "module.admin-api.aws_api_gateway_resource.admin_api_resource",
            "module.admin-api.aws_api_gateway_rest_api.admin_api"
          ]
        }
      ]
    },
    {
      "module": "module.admin-api",
      "mode": "managed",
      "type": "aws_api_gateway_method_response",
      "name": "admin_api_register_method_response",
      "provider": "provider[\"registry.terraform.io/hashicorp/aws\"]",
      "instances": [
        {
          "schema_version": 0,
          "attributes": {
            "http_method": "POST",
            "id": "agmr-olf4b7brbf-ahabxt-POST-200",
            "resource_id": "ahabxt",
            "response_models": {},
            "response_parameters": {
              "method.response.header.Access-Control-Allow-Origin": true
            },
            "rest_api_id": "olf4b7brbf",
            "status_code": "200"
          },
          "private": "bnVsbA==",
          "dependencies": [
            "module.admin-api.aws_api_gateway_method.admin_api_register_method",
            "module.admin-api.aws_api_gateway_resource.admin_api_resource",
            "module.admin-api.aws_api_gateway_rest_api.admin_api"
          ]
        }
      ]
    },
    {
      "module": "module.admin-api",
      "mode": "managed",
      "type": "aws_api_gateway_method_response",
      "name": "mock_options_response",
      "provider": "provider[\"registry.terraform.io/hashicorp/aws\"]",
      "instances": [
        {
          "schema_version": 0,
          "attributes": {
            "http_method": "OPTIONS",
            "id": "agmr-olf4b7brbf-ahabxt-OPTIONS-200",
            "resource_id": "ahabxt",
            "response_models": {
              "application/json": "Empty"
            },
            "response_parameters": {
              "method.response.header.Access-Control-Allow-Headers": true,
              "method.response.header.Access-Control-Allow-Methods": true,
              "method.response.header.Access-Control-Allow-Origin": true
            },
            "rest_api_id": "olf4b7brbf",
            "status_code": "200"
          },
          "private": "bnVsbA==",
          "dependencies": [
            "module.admin-api.aws_api_gateway_method.mock_options_method",
            "module.admin-api.aws_api_gateway_resource.admin_api_resource",
            "module.admin-api.aws_api_gateway_rest_api.admin_api"
          ]
        }
      ]
    },
    {
      "module": "module.admin-api",
      "mode": "managed",
      "type": "aws_api_gateway_resource",
      "name": "admin_api_resource",
      "provider": "provider[\"registry.terraform.io/hashicorp/aws\"]",
      "instances": [
        {
          "schema_version": 0,
          "attributes": {
            "id": "ahabxt",
            "parent_id": "rjv109dh3j",
            "path": "/{proxy+}",
            "path_part": "{proxy+}",
            "rest_api_id": "olf4b7brbf"
          },
          "private": "bnVsbA==",
          "dependencies": [
            "module.admin-api.aws_api_gateway_rest_api.admin_api"
          ]
        }
      ]
    },
    {
      "module": "module.admin-api",
      "mode": "managed",
      "type": "aws_api_gateway_rest_api",
      "name": "admin_api",
      "provider": "provider[\"registry.terraform.io/hashicorp/aws\"]",
      "instances": [
        {
          "schema_version": 0,
          "attributes": {
            "api_key_source": "HEADER",
            "arn": "arn:aws:apigateway:us-east-1::/restapis/olf4b7brbf",
            "binary_media_types": [],
            "body": null,
            "created_date": "2021-02-04T11:52:10Z",
            "description": "",
            "endpoint_configuration": [
              {
                "types": [
                  "REGIONAL"
                ],
                "vpc_endpoint_ids": []
              }
            ],
            "execution_arn": "arn:aws:execute-api:us-east-1:276164198880:olf4b7brbf",
            "id": "olf4b7brbf",
            "minimum_compression_size": -1,
            "name": "seahorse-admin-api",
            "policy": "",
            "root_resource_id": "rjv109dh3j",
            "tags": {}
          },
          "private": "bnVsbA=="
        }
      ]
    },
    {
      "module": "module.admin-api",
      "mode": "managed",
      "type": "aws_lambda_permission",
      "name": "admin-delete-lambda-permission",
      "provider": "provider[\"registry.terraform.io/hashicorp/aws\"]",
      "instances": [
        {
          "schema_version": 0,
          "attributes": {
            "action": "lambda:InvokeFunction",
            "event_source_token": null,
            "function_name": "DeleteRegisteredComponent",
            "id": "AllowAPIGatewayInvokeGet",
            "principal": "apigateway.amazonaws.com",
            "qualifier": "",
            "source_account": null,
            "source_arn": "arn:aws:execute-api:us-east-1:276164198880:olf4b7brbf/*/*/*",
            "statement_id": "AllowAPIGatewayInvokeGet",
            "statement_id_prefix": null
          },
          "private": "bnVsbA==",
          "dependencies": [
            "module.admin-api.aws_api_gateway_rest_api.admin_api"
          ]
        }
      ]
    },
    {
      "module": "module.admin-api",
      "mode": "managed",
      "type": "aws_lambda_permission",
      "name": "admin-get-lambda-permission",
      "provider": "provider[\"registry.terraform.io/hashicorp/aws\"]",
      "instances": [
        {
          "schema_version": 0,
          "attributes": {
            "action": "lambda:InvokeFunction",
            "event_source_token": null,
            "function_name": "GetRegisteredComponents",
            "id": "AllowAPIGatewayInvokeGet",
            "principal": "apigateway.amazonaws.com",
            "qualifier": "",
            "source_account": null,
            "source_arn": "arn:aws:execute-api:us-east-1:276164198880:olf4b7brbf/*/*/*",
            "statement_id": "AllowAPIGatewayInvokeGet",
            "statement_id_prefix": null
          },
          "private": "bnVsbA==",
          "dependencies": [
            "module.admin-api.aws_api_gateway_rest_api.admin_api"
          ]
        }
      ]
    },
    {
      "module": "module.admin-api",
      "mode": "managed",
      "type": "aws_lambda_permission",
      "name": "admin-register-lambda-permission",
      "provider": "provider[\"registry.terraform.io/hashicorp/aws\"]",
      "instances": [
        {
          "schema_version": 0,
          "attributes": {
            "action": "lambda:InvokeFunction",
            "event_source_token": null,
            "function_name": "RegisterComponentLambda",
            "id": "AllowAPIGatewayInvokePost",
            "principal": "apigateway.amazonaws.com",
            "qualifier": "",
            "source_account": null,
            "source_arn": "arn:aws:execute-api:us-east-1:276164198880:olf4b7brbf/*/*/*",
            "statement_id": "AllowAPIGatewayInvokePost",
            "statement_id_prefix": null
          },
          "private": "bnVsbA==",
          "dependencies": [
            "module.admin-api.aws_api_gateway_rest_api.admin_api"
          ]
        }
      ]
    },
    {
      "module": "module.admin_lambdas",
      "mode": "managed",
      "type": "aws_cloudwatch_event_rule",
      "name": "one_minute_ping",
      "provider": "provider[\"registry.terraform.io/hashicorp/aws\"]",
      "instances": [
        {
          "schema_version": 0,
          "attributes": {
            "arn": "arn:aws:events:us-east-1:276164198880:rule/one_minute_ping",
            "description": "Pings every one minute",
            "event_bus_name": "default",
            "event_pattern": null,
            "id": "one_minute_ping",
            "is_enabled": true,
            "name": "one_minute_ping",
            "name_prefix": "",
            "role_arn": "",
            "schedule_expression": "rate(1 minute)",
            "tags": {}
          },
          "private": "bnVsbA=="
        }
      ]
    },
    {
      "module": "module.admin_lambdas",
      "mode": "managed",
      "type": "aws_cloudwatch_event_target",
      "name": "ping_delete_lambda_every_one_minute",
      "provider": "provider[\"registry.terraform.io/hashicorp/aws\"]",
      "instances": [
        {
          "schema_version": 1,
          "attributes": {
            "arn": "arn:aws:lambda:us-east-1:276164198880:function:DeleteRegisteredComponent",
            "batch_target": [],
            "ecs_target": [],
            "event_bus_name": "default",
            "id": "one_minute_ping-delete-ping",
            "input": "",
            "input_path": "",
            "input_transformer": [],
            "kinesis_target": [],
            "role_arn": "",
            "rule": "one_minute_ping",
            "run_command_targets": [],
            "sqs_target": [],
            "target_id": "delete-ping"
          },
          "private": "eyJzY2hlbWFfdmVyc2lvbiI6IjEifQ==",
          "dependencies": [
            "module.admin_lambdas.aws_cloudwatch_event_rule.one_minute_ping",
            "module.admin_lambdas.aws_iam_role.seahorse_iam_role_for_lambdas",
            "module.admin_lambdas.aws_lambda_function.DeleteRegisteredComponent"
          ]
        }
      ]
    },
    {
      "module": "module.admin_lambdas",
      "mode": "managed",
      "type": "aws_cloudwatch_event_target",
      "name": "ping_get_lambda_every_one_minute",
      "provider": "provider[\"registry.terraform.io/hashicorp/aws\"]",
      "instances": [
        {
          "schema_version": 1,
          "attributes": {
            "arn": "arn:aws:lambda:us-east-1:276164198880:function:GetRegisteredComponents",
            "batch_target": [],
            "ecs_target": [],
            "event_bus_name": "default",
            "id": "one_minute_ping-get-ping",
            "input": "",
            "input_path": "",
            "input_transformer": [],
            "kinesis_target": [],
            "role_arn": "",
            "rule": "one_minute_ping",
            "run_command_targets": [],
            "sqs_target": [],
            "target_id": "get-ping"
          },
          "private": "eyJzY2hlbWFfdmVyc2lvbiI6IjEifQ==",
          "dependencies": [
            "module.admin_lambdas.aws_cloudwatch_event_rule.one_minute_ping",
            "module.admin_lambdas.aws_iam_role.seahorse_iam_role_for_lambdas",
            "module.admin_lambdas.aws_lambda_function.GetRegisteredComponents"
          ]
        }
      ]
    },
    {
      "module": "module.admin_lambdas",
      "mode": "managed",
      "type": "aws_cloudwatch_event_target",
      "name": "ping_register_lambda_every_one_minute",
      "provider": "provider[\"registry.terraform.io/hashicorp/aws\"]",
      "instances": [
        {
          "schema_version": 1,
          "attributes": {
            "arn": "arn:aws:lambda:us-east-1:276164198880:function:RegisterComponentLambda",
            "batch_target": [],
            "ecs_target": [],
            "event_bus_name": "default",
            "id": "one_minute_ping-register-ping",
            "input": "",
            "input_path": "",
            "input_transformer": [],
            "kinesis_target": [],
            "role_arn": "",
            "rule": "one_minute_ping",
            "run_command_targets": [],
            "sqs_target": [],
            "target_id": "register-ping"
          },
          "private": "eyJzY2hlbWFfdmVyc2lvbiI6IjEifQ==",
          "dependencies": [
            "module.admin_lambdas.aws_cloudwatch_event_rule.one_minute_ping",
            "module.admin_lambdas.aws_iam_role.seahorse_iam_role_for_lambdas",
            "module.admin_lambdas.aws_lambda_function.RegisterComponentLambda"
          ]
        }
      ]
    },
    {
      "module": "module.admin_lambdas",
      "mode": "managed",
      "type": "aws_iam_policy",
      "name": "seahorse_admin_lambdas_exec_policy",
      "provider": "provider[\"registry.terraform.io/hashicorp/aws\"]",
      "instances": [
        {
          "schema_version": 0,
          "attributes": {
            "arn": "arn:aws:iam::276164198880:policy/seahorse_admin_lambdas_exec_policy",
            "description": "",
            "id": "arn:aws:iam::276164198880:policy/seahorse_admin_lambdas_exec_policy",
            "name": "seahorse_admin_lambdas_exec_policy",
            "name_prefix": null,
            "path": "/",
            "policy": "{\n    \"Version\": \"2012-10-17\",\n    \"Statement\": [\n        {\n            \"Effect\": \"Allow\",\n            \"Action\": \"logs:CreateLogGroup\",\n            \"Resource\": \"arn:aws:logs:us-east-1:276164198880:*\"\n        },\n        {\n            \"Effect\": \"Allow\",\n            \"Action\": [\n                \"logs:CreateLogStream\",\n                \"logs:PutLogEvents\"\n            ],\n            \"Resource\": [\n                \"arn:aws:logs:us-east-1:276164198880:log-group:/aws/lambda/RegisterComponentLambda:*\"\n            ]\n        }\n    ]\n}"
          },
          "private": "bnVsbA=="
        }
      ]
    },
    {
      "module": "module.admin_lambdas",
      "mode": "managed",
      "type": "aws_iam_policy",
      "name": "seahorse_delete_lambdas_exec_policy",
      "provider": "provider[\"registry.terraform.io/hashicorp/aws\"]",
      "instances": [
        {
          "schema_version": 0,
          "attributes": {
            "arn": "arn:aws:iam::276164198880:policy/seahorse_delete_lambdas_exec_policy",
            "description": "",
            "id": "arn:aws:iam::276164198880:policy/seahorse_delete_lambdas_exec_policy",
            "name": "seahorse_delete_lambdas_exec_policy",
            "name_prefix": null,
            "path": "/",
            "policy": "{\n    \"Version\": \"2012-10-17\",\n    \"Statement\": [\n        {\n            \"Effect\": \"Allow\",\n            \"Action\": \"logs:CreateLogGroup\",\n            \"Resource\": \"arn:aws:logs:us-east-1:276164198880:*\"\n        },\n        {\n            \"Effect\": \"Allow\",\n            \"Action\": [\n                \"logs:CreateLogStream\",\n                \"logs:PutLogEvents\"\n            ],\n            \"Resource\": [\n                \"arn:aws:logs:us-east-1:276164198880:log-group:/aws/lambda/DeleteRegisteredComponent:*\"\n            ]\n        }\n    ]\n}"
          },
          "private": "bnVsbA=="
        }
      ]
    },
    {
      "module": "module.admin_lambdas",
      "mode": "managed",
      "type": "aws_iam_policy",
      "name": "seahorse_get_lambdas_exec_policy",
      "provider": "provider[\"registry.terraform.io/hashicorp/aws\"]",
      "instances": [
        {
          "schema_version": 0,
          "attributes": {
            "arn": "arn:aws:iam::276164198880:policy/seahorse_get_lambdas_exec_policy",
            "description": "",
            "id": "arn:aws:iam::276164198880:policy/seahorse_get_lambdas_exec_policy",
            "name": "seahorse_get_lambdas_exec_policy",
            "name_prefix": null,
            "path": "/",
            "policy": "{\n    \"Version\": \"2012-10-17\",\n    \"Statement\": [\n        {\n            \"Effect\": \"Allow\",\n            \"Action\": \"logs:CreateLogGroup\",\n            \"Resource\": \"arn:aws:logs:us-east-1:276164198880:*\"\n        },\n        {\n            \"Effect\": \"Allow\",\n            \"Action\": [\n                \"logs:CreateLogStream\",\n                \"logs:PutLogEvents\"\n            ],\n            \"Resource\": [\n                \"arn:aws:logs:us-east-1:276164198880:log-group:/aws/lambda/GetRegisteredComponents:*\"\n            ]\n        }\n    ]\n}"
          },
          "private": "bnVsbA=="
        }
      ]
    },
    {
      "module": "module.admin_lambdas",
      "mode": "managed",
      "type": "aws_iam_role",
      "name": "seahorse_iam_role_for_lambdas",
      "provider": "provider[\"registry.terraform.io/hashicorp/aws\"]",
      "instances": [
        {
          "schema_version": 0,
          "attributes": {
            "arn": "arn:aws:iam::276164198880:role/seahorse_iam_role_for_lambdas",
            "assume_role_policy": "{\"Version\":\"2012-10-17\",\"Statement\":[{\"Sid\":\"\",\"Effect\":\"Allow\",\"Principal\":{\"Service\":\"lambda.amazonaws.com\"},\"Action\":\"sts:AssumeRole\"}]}",
            "create_date": "2021-02-04T11:52:10Z",
            "description": "",
            "force_detach_policies": false,
            "id": "seahorse_iam_role_for_lambdas",
            "max_session_duration": 3600,
            "name": "seahorse_iam_role_for_lambdas",
            "name_prefix": null,
            "path": "/",
            "permissions_boundary": null,
            "tags": {},
            "unique_id": "AROAUATFLIHQL4UMYK3VI"
          },
          "private": "bnVsbA=="
        }
      ]
    },
    {
      "module": "module.admin_lambdas",
      "mode": "managed",
      "type": "aws_iam_role_policy_attachment",
      "name": "admin_delete_lambda_exec",
      "provider": "provider[\"registry.terraform.io/hashicorp/aws\"]",
      "instances": [
        {
          "schema_version": 0,
          "attributes": {
            "id": "seahorse_iam_role_for_lambdas-20210204120744655600000001",
            "policy_arn": "arn:aws:iam::276164198880:policy/seahorse_delete_lambdas_exec_policy",
            "role": "seahorse_iam_role_for_lambdas"
          },
          "private": "bnVsbA==",
          "dependencies": [
            "module.admin_lambdas.aws_iam_policy.seahorse_delete_lambdas_exec_policy",
            "module.admin_lambdas.aws_iam_role.seahorse_iam_role_for_lambdas"
          ]
        }
      ]
    },
    {
      "module": "module.admin_lambdas",
      "mode": "managed",
      "type": "aws_iam_role_policy_attachment",
      "name": "admin_get_lambda_exec",
      "provider": "provider[\"registry.terraform.io/hashicorp/aws\"]",
      "instances": [
        {
          "schema_version": 0,
          "attributes": {
            "id": "seahorse_iam_role_for_lambdas-20210204120744813300000003",
            "policy_arn": "arn:aws:iam::276164198880:policy/seahorse_get_lambdas_exec_policy",
            "role": "seahorse_iam_role_for_lambdas"
          },
          "private": "bnVsbA==",
          "dependencies": [
            "module.admin_lambdas.aws_iam_policy.seahorse_get_lambdas_exec_policy",
            "module.admin_lambdas.aws_iam_role.seahorse_iam_role_for_lambdas"
          ]
        }
      ]
    },
    {
      "module": "module.admin_lambdas",
      "mode": "managed",
      "type": "aws_iam_role_policy_attachment",
      "name": "admin_lambda_dynamodb",
      "provider": "provider[\"registry.terraform.io/hashicorp/aws\"]",
      "instances": [
        {
          "schema_version": 0,
          "attributes": {
            "id": "seahorse_iam_role_for_lambdas-20210204115213007700000001",
            "policy_arn": "arn:aws:iam::aws:policy/AmazonDynamoDBFullAccess",
            "role": "seahorse_iam_role_for_lambdas"
          },
          "private": "bnVsbA==",
          "dependencies": [
            "module.admin_lambdas.aws_iam_role.seahorse_iam_role_for_lambdas"
          ]
        }
      ]
    },
    {
      "module": "module.admin_lambdas",
      "mode": "managed",
      "type": "aws_iam_role_policy_attachment",
      "name": "admin_register_lambda_exec",
      "provider": "provider[\"registry.terraform.io/hashicorp/aws\"]",
      "instances": [
        {
          "schema_version": 0,
          "attributes": {
            "id": "seahorse_iam_role_for_lambdas-20210204120744684100000002",
            "policy_arn": "arn:aws:iam::276164198880:policy/seahorse_admin_lambdas_exec_policy",
            "role": "seahorse_iam_role_for_lambdas"
          },
          "private": "bnVsbA==",
          "dependencies": [
            "module.admin_lambdas.aws_iam_policy.seahorse_admin_lambdas_exec_policy",
            "module.admin_lambdas.aws_iam_role.seahorse_iam_role_for_lambdas"
          ]
        }
      ]
    },
    {
      "module": "module.admin_lambdas",
      "mode": "managed",
      "type": "aws_lambda_function",
      "name": "DeleteRegisteredComponent",
      "provider": "provider[\"registry.terraform.io/hashicorp/aws\"]",
      "instances": [
        {
          "schema_version": 0,
          "attributes": {
            "arn": "arn:aws:lambda:us-east-1:276164198880:function:DeleteRegisteredComponent",
            "code_signing_config_arn": "",
            "dead_letter_config": [],
            "description": "",
            "environment": [
              {
                "variables": {
                  "environment": "dev"
                }
              }
            ],
            "file_system_config": [],
            "filename": "../seahorse/server/app.adminservices/target/adminservices-1.0.jar",
            "function_name": "DeleteRegisteredComponent",
            "handler": "com.globallink.admin.fsbl.DeleteComponentService::handleRequest",
            "id": "DeleteRegisteredComponent",
            "image_config": [],
            "image_uri": "",
            "invoke_arn": "arn:aws:apigateway:us-east-1:lambda:path/2015-03-31/functions/arn:aws:lambda:us-east-1:276164198880:function:DeleteRegisteredComponent/invocations",
            "kms_key_arn": "",
            "last_modified": "2021-02-04T12:05:41.009+0000",
            "layers": [],
            "memory_size": 512,
            "package_type": "Zip",
            "publish": true,
            "qualified_arn": "arn:aws:lambda:us-east-1:276164198880:function:DeleteRegisteredComponent:2",
            "reserved_concurrent_executions": -1,
            "role": "arn:aws:iam::276164198880:role/seahorse_iam_role_for_lambdas",
            "runtime": "java8",
            "s3_bucket": null,
            "s3_key": null,
            "s3_object_version": null,
            "signing_job_arn": "",
            "signing_profile_version_arn": "",
            "source_code_hash": "suGDC/rIzBvMvoNsPfL4Ufp7GQdSAiWEKXozP/P9skc=",
            "source_code_size": 20359366,
            "tags": {},
            "timeout": 15,
            "timeouts": null,
            "tracing_config": [
              {
                "mode": "PassThrough"
              }
            ],
            "version": "2",
            "vpc_config": []
          },
          "private": "eyJlMmJmYjczMC1lY2FhLTExZTYtOGY4OC0zNDM2M2JjN2M0YzAiOnsiY3JlYXRlIjo2MDAwMDAwMDAwMDB9fQ==",
          "dependencies": [
            "module.admin_lambdas.aws_iam_role.seahorse_iam_role_for_lambdas"
          ]
        }
      ]
    },
    {
      "module": "module.admin_lambdas",
      "mode": "managed",
      "type": "aws_lambda_function",
      "name": "GetRegisteredComponents",
      "provider": "provider[\"registry.terraform.io/hashicorp/aws\"]",
      "instances": [
        {
          "schema_version": 0,
          "attributes": {
            "arn": "arn:aws:lambda:us-east-1:276164198880:function:GetRegisteredComponents",
            "code_signing_config_arn": "",
            "dead_letter_config": [],
            "description": "",
            "environment": [
              {
                "variables": {
                  "environment": "dev"
                }
              }
            ],
            "file_system_config": [],
            "filename": "../seahorse/server/app.adminservices/target/adminservices-1.0.jar",
            "function_name": "GetRegisteredComponents",
            "handler": "com.globallink.admin.fsbl.GetComponentService::handleRequest",
            "id": "GetRegisteredComponents",
            "image_config": [],
            "image_uri": "",
            "invoke_arn": "arn:aws:apigateway:us-east-1:lambda:path/2015-03-31/functions/arn:aws:lambda:us-east-1:276164198880:function:GetRegisteredComponents/invocations",
            "kms_key_arn": "",
            "last_modified": "2021-02-04T23:45:54.542+0000",
            "layers": [],
            "memory_size": 512,
            "package_type": "Zip",
            "publish": true,
            "qualified_arn": "arn:aws:lambda:us-east-1:276164198880:function:GetRegisteredComponents:6",
            "reserved_concurrent_executions": -1,
            "role": "arn:aws:iam::276164198880:role/seahorse_iam_role_for_lambdas",
            "runtime": "java8",
            "s3_bucket": null,
            "s3_key": null,
            "s3_object_version": null,
            "signing_job_arn": "",
            "signing_profile_version_arn": "",
            "source_code_hash": "e0C7dc662voeSm/99MW3wdHuJsJB/5mwfJlGs9VJaFo=",
            "source_code_size": 20358839,
            "tags": {},
            "timeout": 15,
            "timeouts": null,
            "tracing_config": [
              {
                "mode": "PassThrough"
              }
            ],
            "version": "6",
            "vpc_config": []
          },
          "private": "eyJlMmJmYjczMC1lY2FhLTExZTYtOGY4OC0zNDM2M2JjN2M0YzAiOnsiY3JlYXRlIjo2MDAwMDAwMDAwMDB9fQ==",
          "dependencies": [
            "module.admin_lambdas.aws_iam_role.seahorse_iam_role_for_lambdas"
          ]
        }
      ]
    },
    {
      "module": "module.admin_lambdas",
      "mode": "managed",
      "type": "aws_lambda_function",
      "name": "RegisterComponentLambda",
      "provider": "provider[\"registry.terraform.io/hashicorp/aws\"]",
      "instances": [
        {
          "schema_version": 0,
          "attributes": {
            "arn": "arn:aws:lambda:us-east-1:276164198880:function:RegisterComponentLambda",
            "code_signing_config_arn": "",
            "dead_letter_config": [],
            "description": "",
            "environment": [
              {
                "variables": {
                  "environment": "dev"
                }
              }
            ],
            "file_system_config": [],
            "filename": "../seahorse/server/app.adminservices/target/adminservices-1.0.jar",
            "function_name": "RegisterComponentLambda",
            "handler": "com.globallink.admin.fsbl.RegisterComponentService::handleRequest",
            "id": "RegisterComponentLambda",
            "image_config": [],
            "image_uri": "",
            "invoke_arn": "arn:aws:apigateway:us-east-1:lambda:path/2015-03-31/functions/arn:aws:lambda:us-east-1:276164198880:function:RegisterComponentLambda/invocations",
            "kms_key_arn": "",
            "last_modified": "2021-02-04T16:29:21.322+0000",
            "layers": [],
            "memory_size": 512,
            "package_type": "Zip",
            "publish": true,
            "qualified_arn": "arn:aws:lambda:us-east-1:276164198880:function:RegisterComponentLambda:9",
            "reserved_concurrent_executions": -1,
            "role": "arn:aws:iam::276164198880:role/seahorse_iam_role_for_lambdas",
            "runtime": "java8",
            "s3_bucket": null,
            "s3_key": null,
            "s3_object_version": null,
            "signing_job_arn": "",
            "signing_profile_version_arn": "",
            "source_code_hash": "sRq5h7DMmF2CSYl7w4akhAeI6+ChgxLoZVXXtrscvQQ=",
            "source_code_size": 20358459,
            "tags": {},
            "timeout": 15,
            "timeouts": null,
            "tracing_config": [
              {
                "mode": "PassThrough"
              }
            ],
            "version": "9",
            "vpc_config": []
          },
          "private": "eyJlMmJmYjczMC1lY2FhLTExZTYtOGY4OC0zNDM2M2JjN2M0YzAiOnsiY3JlYXRlIjo2MDAwMDAwMDAwMDB9fQ==",
          "dependencies": [
            "module.admin_lambdas.aws_iam_role.seahorse_iam_role_for_lambdas"
          ]
        }
      ]
    },
    {
      "module": "module.admin_lambdas",
      "mode": "managed",
      "type": "aws_lambda_permission",
      "name": "allow_cloudwatch_to_ping_delete_lambda",
      "provider": "provider[\"registry.terraform.io/hashicorp/aws\"]",
      "instances": [
        {
          "schema_version": 0,
          "attributes": {
            "action": "lambda:InvokeFunction",
            "event_source_token": null,
            "function_name": "DeleteRegisteredComponent",
            "id": "AllowExecutionFromCloudWatch",
            "principal": "events.amazonaws.com",
            "qualifier": "",
            "source_account": null,
            "source_arn": "arn:aws:events:us-east-1:276164198880:rule/one_minute_ping",
            "statement_id": "AllowExecutionFromCloudWatch",
            "statement_id_prefix": null
          },
          "private": "bnVsbA==",
          "dependencies": [
            "module.admin_lambdas.aws_cloudwatch_event_rule.one_minute_ping",
            "module.admin_lambdas.aws_iam_role.seahorse_iam_role_for_lambdas",
            "module.admin_lambdas.aws_lambda_function.DeleteRegisteredComponent"
          ]
        }
      ]
    },
    {
      "module": "module.admin_lambdas",
      "mode": "managed",
      "type": "aws_lambda_permission",
      "name": "allow_cloudwatch_to_ping_get_lambda",
      "provider": "provider[\"registry.terraform.io/hashicorp/aws\"]",
      "instances": [
        {
          "schema_version": 0,
          "attributes": {
            "action": "lambda:InvokeFunction",
            "event_source_token": null,
            "function_name": "GetRegisteredComponents",
            "id": "AllowExecutionFromCloudWatch",
            "principal": "events.amazonaws.com",
            "qualifier": "",
            "source_account": null,
            "source_arn": "arn:aws:events:us-east-1:276164198880:rule/one_minute_ping",
            "statement_id": "AllowExecutionFromCloudWatch",
            "statement_id_prefix": null
          },
          "private": "bnVsbA==",
          "dependencies": [
            "module.admin_lambdas.aws_cloudwatch_event_rule.one_minute_ping",
            "module.admin_lambdas.aws_iam_role.seahorse_iam_role_for_lambdas",
            "module.admin_lambdas.aws_lambda_function.GetRegisteredComponents"
          ]
        }
      ]
    },
    {
      "module": "module.admin_lambdas",
      "mode": "managed",
      "type": "aws_lambda_permission",
      "name": "allow_cloudwatch_to_ping_register_lambda",
      "provider": "provider[\"registry.terraform.io/hashicorp/aws\"]",
      "instances": [
        {
          "schema_version": 0,
          "attributes": {
            "action": "lambda:InvokeFunction",
            "event_source_token": null,
            "function_name": "RegisterComponentLambda",
            "id": "AllowExecutionFromCloudWatch",
            "principal": "events.amazonaws.com",
            "qualifier": "",
            "source_account": null,
            "source_arn": "arn:aws:events:us-east-1:276164198880:rule/one_minute_ping",
            "statement_id": "AllowExecutionFromCloudWatch",
            "statement_id_prefix": null
          },
          "private": "bnVsbA==",
          "dependencies": [
            "module.admin_lambdas.aws_cloudwatch_event_rule.one_minute_ping",
            "module.admin_lambdas.aws_iam_role.seahorse_iam_role_for_lambdas",
            "module.admin_lambdas.aws_lambda_function.RegisterComponentLambda"
          ]
        }
      ]
    },
    {
      "module": "module.docu-auth",
      "mode": "managed",
      "type": "aws_cognito_identity_pool",
      "name": "documentation_identity_pool",
      "provider": "provider[\"registry.terraform.io/hashicorp/aws\"]",
      "instances": [
        {
          "schema_version": 0,
          "attributes": {
            "allow_unauthenticated_identities": false,
            "arn": "arn:aws:cognito-identity:us-east-1:276164198880:identitypool/us-east-1:fceaa452-6a2d-49f0-bd4d-3a2fa8b79cf1",
            "cognito_identity_providers": [
              {
                "client_id": "7ib4ukdfp89ccc050plhac20i",
                "provider_name": "cognito-idp.us-east-1.amazonaws.com/us-east-1_6UjEYl6OU",
                "server_side_token_check": false
              }
            ],
            "developer_provider_name": "",
            "id": "us-east-1:fceaa452-6a2d-49f0-bd4d-3a2fa8b79cf1",
            "identity_pool_name": "Documentation Identity Pool",
            "openid_connect_provider_arns": null,
            "saml_provider_arns": null,
            "supported_login_providers": null,
            "tags": null
          },
          "private": "bnVsbA==",
          "dependencies": [
            "module.docu-auth.aws_cognito_user_pool.documentation_user_pool",
            "module.docu-auth.aws_cognito_user_pool_client.documentation_app_client"
          ]
        }
      ]
    },
    {
      "module": "module.docu-auth",
      "mode": "managed",
      "type": "aws_cognito_identity_pool_roles_attachment",
      "name": "seahorse_identity_pool_roles",
      "provider": "provider[\"registry.terraform.io/hashicorp/aws\"]",
      "instances": [
        {
          "schema_version": 0,
          "attributes": {
            "id": "us-east-1:fceaa452-6a2d-49f0-bd4d-3a2fa8b79cf1",
            "identity_pool_id": "us-east-1:fceaa452-6a2d-49f0-bd4d-3a2fa8b79cf1",
            "role_mapping": [],
            "roles": {
              "authenticated": "arn:aws:iam::276164198880:role/auth_web_iam_role",
              "unauthenticated": "arn:aws:iam::276164198880:role/unauth_web_iam_role"
            }
          },
          "private": "bnVsbA==",
          "dependencies": [
            "module.docu-auth.aws_cognito_identity_pool.documentation_identity_pool",
            "module.docu-auth.aws_cognito_user_pool.documentation_user_pool",
            "module.docu-auth.aws_cognito_user_pool_client.documentation_app_client",
            "module.docu-auth.aws_iam_role.auth_web_iam_role",
            "module.docu-auth.aws_iam_role.unauth_web_iam_role"
          ]
        }
      ]
    },
    {
      "module": "module.docu-auth",
      "mode": "managed",
      "type": "aws_cognito_user_pool",
      "name": "documentation_user_pool",
      "provider": "provider[\"registry.terraform.io/hashicorp/aws\"]",
      "instances": [
        {
          "schema_version": 0,
          "attributes": {
            "account_recovery_setting": [],
            "admin_create_user_config": [
              {
                "allow_admin_create_user_only": false,
                "invite_message_template": []
              }
            ],
            "alias_attributes": null,
            "arn": "arn:aws:cognito-idp:us-east-1:276164198880:userpool/us-east-1_6UjEYl6OU",
            "auto_verified_attributes": null,
            "creation_date": "2021-06-23T11:49:12Z",
            "device_configuration": [],
            "email_configuration": [
              {
                "email_sending_account": "COGNITO_DEFAULT",
                "from_email_address": "",
                "reply_to_email_address": "",
                "source_arn": ""
              }
            ],
            "email_verification_message": null,
            "email_verification_subject": null,
            "endpoint": "cognito-idp.us-east-1.amazonaws.com/us-east-1_6UjEYl6OU",
            "id": "us-east-1_6UjEYl6OU",
            "lambda_config": [],
            "last_modified_date": "2021-06-23T11:49:12Z",
            "mfa_configuration": "OFF",
            "name": "Documentation User Pool",
            "password_policy": [
              {
                "minimum_length": 8,
                "require_lowercase": true,
                "require_numbers": true,
                "require_symbols": true,
                "require_uppercase": true,
                "temporary_password_validity_days": 7
              }
            ],
            "schema": [
              {
                "attribute_data_type": "String",
                "developer_only_attribute": null,
                "mutable": true,
                "name": "email",
                "number_attribute_constraints": [],
                "required": true,
                "string_attribute_constraints": []
              }
            ],
            "sms_authentication_message": null,
            "sms_configuration": [],
            "sms_verification_message": null,
            "software_token_mfa_configuration": [],
            "tags": null,
            "user_pool_add_ons": [],
            "username_attributes": [
              "email"
            ],
            "username_configuration": [],
            "verification_message_template": [
              {
                "default_email_option": "CONFIRM_WITH_CODE",
                "email_message": "",
                "email_message_by_link": "",
                "email_subject": "",
                "email_subject_by_link": "",
                "sms_message": ""
              }
            ]
          },
          "private": "bnVsbA=="
        }
      ]
    },
    {
      "module": "module.docu-auth",
      "mode": "managed",
      "type": "aws_cognito_user_pool_client",
      "name": "documentation_app_client",
      "provider": "provider[\"registry.terraform.io/hashicorp/aws\"]",
      "instances": [
        {
          "schema_version": 0,
          "attributes": {
            "allowed_oauth_flows": [
              "code",
              "implicit"
            ],
            "allowed_oauth_flows_user_pool_client": true,
            "allowed_oauth_scopes": [
              "aws.cognito.signin.user.admin",
              "email",
              "openid",
              "phone",
              "profile"
            ],
            "analytics_configuration": [],
            "callback_urls": [
              "https://storybook.seahorse-dev.globallink.com,https://docusaurus.seahorse-dev.globallink.com"
            ],
            "client_secret": "",
            "default_redirect_uri": "",
            "explicit_auth_flows": [
              "ALLOW_REFRESH_TOKEN_AUTH",
              "ALLOW_USER_SRP_AUTH"
            ],
            "generate_secret": false,
            "id": "7ib4ukdfp89ccc050plhac20i",
            "logout_urls": [
              "https://storybook.seahorse-dev.globallink.com,https://docusaurus.seahorse-dev.globallink.com"
            ],
            "name": "documentation_app_client",
            "prevent_user_existence_errors": "",
            "read_attributes": null,
            "refresh_token_validity": 30,
            "supported_identity_providers": [
              "COGNITO"
            ],
            "user_pool_id": "us-east-1_6UjEYl6OU",
            "write_attributes": null
          },
          "private": "bnVsbA==",
          "dependencies": [
            "module.docu-auth.aws_cognito_user_pool.documentation_user_pool"
          ]
        }
      ]
    },
    {
      "module": "module.docu-auth",
      "mode": "managed",
      "type": "aws_cognito_user_pool_domain",
      "name": "documentation_app_client_domain",
      "provider": "provider[\"registry.terraform.io/hashicorp/aws\"]",
      "instances": [
        {
          "schema_version": 0,
          "attributes": {
            "aws_account_id": "276164198880",
            "certificate_arn": "",
            "cloudfront_distribution_arn": "d3oia8etllorh5.cloudfront.net",
            "domain": "docs-seahorse-dev",
            "id": "docs-seahorse-dev",
            "s3_bucket": "aws-cognito-prod-iad-assets",
            "user_pool_id": "us-east-1_6UjEYl6OU",
            "version": "20210623114915"
          },
          "private": "bnVsbA==",
          "dependencies": [
            "module.docu-auth.aws_cognito_user_pool.documentation_user_pool"
          ]
        }
      ]
    },
    {
      "module": "module.docu-auth",
      "mode": "managed",
      "type": "aws_cognito_user_pool_ui_customization",
      "name": "documentation_app_client_ui",
      "provider": "provider[\"registry.terraform.io/hashicorp/aws\"]",
      "instances": [
        {
          "schema_version": 0,
          "attributes": {
            "client_id": "7ib4ukdfp89ccc050plhac20i",
            "creation_date": "0001-01-01T00:00:00Z",
            "css": ".background-customizable {\n    background-color: #EBEBEB;\n}\n.banner-customizable {\n  background-color: #FFF;\n}\n.errorMessage-customizable {\n  border: 1px solid #FF5A5A;\n}\n.idpButton-customizable {\n  background-color: #0166B9;\n  color: #FFFFFF;\n  border-color: transparent;\n}\n.idpButton-customizable:hover {\n  background-color: #013E7D;\n  color: #FFFFFF;\n}\n.inputField-customizable {\n  color: #333333;\n  background-color: #ECECEC;\n  border: 1px solid #5F5F5F;\n}\n.inputField-customizable:focus {\n  border: 1px solid #A2C0D8;\n}\n.legalText-customizable {\n  color: #5F5F5F;\n}\n.submitButton-customizable {\n  background-color: #0166B9;\n  color: #FFFFFF;\n  height: 36px;\n}\n.submitButton-customizable:hover {\n  background-color: #013E7D;\n  color: #FFFFFF;\n} \n",
            "css_version": "20210623114918",
            "id": "us-east-1_6UjEYl6OU,7ib4ukdfp89ccc050plhac20i",
            "image_file": "iVBORw0KGgoAAAANSUhEUgAAAPoAAABkCAYAAACvgC0OAAAABHNCSVQICAgIfAhkiAAAF2RJREFUeF7tXQ1sZUd1nrnPb/+8m7Wfn7PL+hlMaaAUwjpFarslyTpRQxLSsEkbifRHzYYWVAlUNqpaaCVgU1o1qJWyCFBVUWADpOG3MQFKUrXCSbZKFqTEqGmAkLZO7DUB+z17492kiX3v9Jv73n2ee9/cO/f6/dz73juWIlh77vx8M9+cM2fOOcMZ/RAChEDPI8B7foQ0QEKAEGBEdFoEhEAfIEBE74NJpiESAkR0WgOEQB8gQETvg0mmIRICRHRaA4RAHyBARO+DSaYhEgJEdFoDhEAfIEBE74NJpiESAkR0WgOEQB8gQETvg0mmIRICRHRaA4RAHyBARO+DSaYhEgJEdFoDhEAfIEBE74NJbscQh/DDBnYflHVbjE3V2+B8ggsx4f1byH8zVv93WF8EY3P4bq7+HeOzjIlV+W+HsRm2sfHM6upz9b+3Y0y9XCcRvZdnt4mxeUTOgbQ1sk6iuiHB+CTnbKiJqpv7VIgZ9AeEF7MOEw+uLp3BhkA/JgSI6CaEevzvHqFdqexJY843JXTGxy81AXRxxnHY9Gp5/usZ725q3SOipwZ95xseGh2bzDnsoODWJGdiMnXp3GIIhGBQ9cUJZ2PjLlLz/eAS0Vu82LJS3dDQ/gmWyx+0uACp2VRTpBbiQTkuV2VWztFc8FmbV8/R6s/q8sJM8Hdyk0EFPpU/h38L9M8tW9MmIKEnOOevahZHkB6EX7t9FT/N1tUL3xPRe2EWMYa6tLYsqXZPxTGAueQV7Cyk+6xH4jp5Nzbm0pSKQ8XSlGIfkMeKw0mnSkp4Ltit5fL8dNJve608Eb1LZ1QS22L8MBaylNZTJgOZEOIZTPYcJOaMR2ad5M0yHCMj4zcIJkB6dkMSqY8xn6wszd+a5bG1u29E9HYj3KL6pSqey+UOCymxhVzoEZZvqNqQZrNSUttQt7uN0HEgkxLf4vwoFvAtccozx4FkP3MyVtkeLEREz/CkDo2MH7G4tIYLqOK8epYN/EDCfR8XzTMuqS0222/XTfLWwMrtPs4t/j7jVDrsxn5V44noxtXRuQKe1MZ59Ab3vyCpvfO0vE7Cf70oqbeKdlXCsxPYEF0nHv2myOagwr96q21083dE9JRnz5VI+d1S/YQa6pfaVUMZmxHMmXE4iE3OIcbZKoyOn4xU5/tUhSeiG5dOewqMjIzdopXc8nzNxDQRe+u4R5Edhrm7INWPbr327vySiN7BeZOquTWQl2fJo54xbfOMzWf69fzYjikYKZZmtFdy2EjLywtT7Wgzy3US0TswOzXpfRQLb0qq47gemuaOM2Pb9kyad9UdGHpqTbj38Jx/p6EDRPTU5qQnG3bP3gO73wdyH0VU1jOkjnd+mrVSnYje+YnoxRZdRxYBi7lgQzCukTqe4iQXiqXjcKz5sNoF4YiPVcoLx1LsVipNk+reIthdX275s27Du5riplsEa1PVaNX3Pr1LJ6I3tZTo4ywjECS6dAOuLC9MZLnP7eobEb1dyFK9qSOgIfrtIPrx1DuWQgeI6CmATk12BoFCcewY59adsjV524Gw1Yl+DVslondmzVErKSAwUhyfxlXmEbfpPvWI82AnoqewAKnJ9iMgrzdz+T0rbkuCfb28PN8QO9D+XmSnBSJ6duaCetJCBLyrNWmAczbOTfaryk4SvYWLiqrKFgI1V+PH0SvucGeKgoEARLamqHt7s2fPgWJ+u/XeiBEIWHz/0lUk2/DjhmkyFppuSXrnZSXxQpWIA5EJI4DV7R5Me/fu+7lcPv/7KmxIAHky6K/gYcCF83Zm5X7JFuKKdofy6nBX+96Gqd5SlUT0LcHW+BH82Y8yy/psWHUyeKWytKBNHtGKLpjCM7PkEaZaw7VjD5ypR0bH/gLPRPy1VxbquIA6XlDV8eBVmmPb96xUFn+nFdhG1eEz+MldPKN39UT0Fq0EE9GwBD5aXlr4QIuaa6gGZ9K5qDxqnZBucccWGllWqwA0vq2yfOaEV1+wPDbNR7FpHlLba3B37ZBPe6E4vopIxL31TSijYbBE9LirM7ocx0J7BkQbDyvWTqK5GWCZJc+koT/lpfnMzPXI6Hjk8cVmziWb5+p9g4ViHmTiA5sS3fkINoIPqYMNalSd0GC0uGfUxTYzk98s3zajxdgqdvuPNVtfku9jEO0lEE3u+i8lqTduWbMqnJ0Y7NDw0bo097upDhcPXG/x3H0qFg6zL1tZWjwVxMeV6jKHPRJiOutrx9ptadcFzdjra8PtbjfuulDL9QTRq+mY9jxez2WO97mQXOCKOIDIhSePVm5ZLs5uxUJrIhpUzQew+VwT1R/3wYWBgcaHC2I8Lhg8JwbbUVVh9XFEt1yM+oP1hfY1Bn6FkdKJqESOwQwww6OljyOttWLkFOdxBJIPQWzEmd+kZerrIcZYNEeKttphko6l94iuSTIQpaq6UoUxGSvemIARuc8d5twoo9ByAwMRxjX2oOc3XRgt3Y+Q1KvDJiJ45vTKueom50dMednr74utr+PlkcbIuOA5MdgPqQrLV1LCxgwL0oy9ce7GMEnk5bVDDnmZtFJujNE/qA91noSV/64GqTtaQhrq8ASOQQ82kOlHaPO19XoEuw/OL1Vvt9oPJOu7sMmrhjeBjf5a/LmuQblal+CuO6z3I4WBogneoMnZ5z7xFGZFDx5Bwo4LrvPOwG65lnwv1eCVm9u2IlhM8Ov+3iMSHTnP8/n/9QYo/Zory/PaFz9NEkXWUX3hw7ktyoquLMjtmPCz+Gx72AT4z5yMuQ8RWOzOugaSZOYCrpxmVRgJJoVzLHIscszY4HQZUqW2Aov3h00PROiGEHw4weetFjJme3391d5mVigcGOe53LO+og57L1JufVL9XRzJqjPWyc0I79DdaRqbbqOWc4j3ou9V+6Gzw9Qe2visuom4fvcdvt/veqIXCoULHGvnm6HIlaw8/xNInVXslMd0O6XZMr45bS7ZIx5J8BakmWhiHhJBquTu8SDORhPFe9kvZ2P9kjoZNMkV1O9N44haqM32VdatEjfpFeRwcezdFrf+Qe3jy8J53drymae839U2j+f8G23jDQe0Lp8m4b7HjnfevCepcG6T0nsobp45HTZBLbJ6x87vVdeRvGZ11s9Ndfoc39VEx0L4I0zMsytLC/9iEoq6Hdj0Tdjf1bvSkdHSHVgk7w8tq1y3GM/ytbztpnfGVAljuqpKMkaMqx7GadzAsGDlplp7vLF+vRRsT5Vypo02qPqCnF+FJPytTU3N3TRf6ZPmMSRrmCYh7QFBo512jjRXdcGNI+hPr9vU0sxA25VEHx4uXcxz7A5h8/evrMw/EWcxm+6ZJXlRj8wJbnzQT52whgkPdqamaruPMyjHi2Ax1SfbJEk9QsZRhTfHhZzxXiRXCGAq0aPGpZYzbaA+VTzkrt9LmAnbyAlFE+PYRNewiQ4qRP8UiP5utfsarBpuOHR9DCOdboNTxyvb1s2luvlq5y/l6LluI7o1PFL6U1htr1//P+fI2tqZchySG1VGJfDBREi3vdpdac2QU8EdrxZH6cGFs/yrKpXFeZNlXDVC6a5tfOp4TUswkawag72OgI6qAc90f+31wcVgYOBkGLZquuTIHOqKl1gYruHn1dLOQpE9BWhLdaLb4qZKZeFrPoleLP0QGtDr6mU0NxzBPkbFpsc5e+vWk2vwXD8/5xrdFCNvGudx3bx1DdF379534bad277m+mwvL9yKwazHIbksY5K6vuunsDTBSmPeXelwcfxmPAN0T1g/PLdX0+YRNB7GlejGcoFEiCaiJ3HqqT1yeAsW0NHw8W8+lhB6bImQdDiaXYcz+jdl/dLr1V63imfPPlsNPY0hWb1yDdpcRNhqnLO3fuNYn7TyA/f6jG4pnce7luiFwvhbWU7cjXPQJ5OmAjKRTIKiOjkYpb/isx73zGk8mwfcJk0bkyd5TccR1dofw6mH6a4k3TvzXP6gxcVkzRllIvZtgULiMI3G5LGH7xZx5HgFiP5dzP2v+KS5Jr4geMOhnf+IzcV09nYFR+AIgg19FteXEw3G25TVdRWrrEt06Voq0/V+EOrQu3D985m4Utwrl4S47iSaHDo2paTR7VXY4lqomvfHJW5VSikJE0IGK8+98k+mM7+aCNG02UBk+l4wkbgJvFAa9oprnHlQN1DtXX8Mf3TM/2mo778sHOevKuUzH1TbRZ1fBLne4f0Om4HvhqNKys10Ul451W6g1mc6e7vzE8PduF5nAsetOHg2UyazRC8Wi3scvuMr2CmvhMvjTavLiz43yLiDNkpdxdKs262D7XjqbYwJd41C4O3OeqaTUOJuuk2az91VF1HzBuZ/Y8xkI1ANfHj08TtGgkP9hSSbDAukUaP1oiz4JokOMq9ISWkjBHd1af4hBUJstOOwj2w6oegMbEmiy8LO3upVrXHDDMxxUMOIu25bXS6TRC8Uxkpw8Lgfk/gGYbOrK5X5f93qwE3SVD2XxlHzvYVpnPCatDISNxC+atyYahqFqVzQwyyO95xc0FHXde6dM5xvvLj2qKODelUWaVyMPqP/Bs7o38AJvcHtVR9Q4twajLlviC6LeMBBd/YOOl6FbpiYb2xGx4PPQKV5pZZp1X1oaOxgLm/dj07ud4T4vZXlhbu3SnL5XRIDlJE8ihHH5PbqOOLPV8oLd8S1oHtjjEtIYzkl6YJR+tes46Zy6uZh2hT99+fhbq9BB6A6DoWxQ9yyvorz+QEcK74JA+z16jrA7csHLIv/jaK21284vN8lfcAhTsipDnfTtWQWAl0yJdGl0Y3nBNwK+a7g3eVWyW4iOhbaCbgj3gUPpsNQV+sx0Lr2FOt8bLdXI9GVo4NJ+nvn6BjHBr9HWtjLorVBelgbtR8lMss0Lk/ziWtz8K4ABwcv3Ldj57Z/gk3mys05EH+MQJaPq3OyJbdXVBBGujgagn7j8GsRWkeZwPFwq2u5me8yQ3Tp5QY17e/lYEC+L0Jl+u1mBuZ9ayJ6kja885bRa0wxCpkIkeRs7ElJ47GhCuK0LfjJHBcycCYyA2oc456s0iOJzrXTh6NiZDNtXsHMO9Cq3olF+WlffY79+nJ58YfK7xo2Wl1ASaPba3iWnzhGuzhhqVXfij1IAuJLRqGNI0iy9potmwmiDxdLv2tx/oXqYMTPhP3CRZVK5flmBye/N11BxW1DvetO5vba+NCf2qbri47rGcRQR15bqQvZZFiLO6bqflB1ezVtXsnq3MwQk+AWw20CqvE9IMnNXns1S7rP7bVQKF3Dc/zbPhxrNxze73SaRJSW2GC006T+arx608f5k2ecZrU0JBZwxG+Wywu+qKAkiyxY1iRRq4sdRiZ5F8p5aHLFrbi9yrrjqNmm8QUNOq3SUtQAi1YS3Xc+N6S48rwMPQw8K3ud6I74DF4//QMVo626vUY5BJlCTpNsHFr7RcpXbalKdFjXD2Fn/necyXe6hGPin5GgoR7EYCJA3L9HSZVqYMP6cXg1TceJk07i9rq5eBvvcuP2PRgiaSKkJG/NeSM00KSGtS+KSqdy6vpY3RTZTJTffF3FN/j3y/rV67Wh0QOX5FjuMZ+kZvbNlaXFL/mIHoxp1wWdBPwhokKX4xjttK6xvpRXfrR0txdpXrWlRvRqCt9tj6lnGWeDXRw3SCUuUTZVOfhv5/KTAh5e8ndc8FnbXpuR4YJJDEZx3V6D/asmu+DHTIElHgmx600j0+mJYDijURWGKg434bmw+HMvyEXnYeg6yXDrhDonvnHIKySEAMv334PvjqvlvAVttOIHCApL+p/Bkv7RujTXZHuVMeoYm8zPV1+73g2HbzMIahIJ3V6DRrsg7lEbh+wHRa/VZgNGl1OYqbfUJydF1ca8IFv3pE8tlZPMdjLkbTr1jYeLVbZxbrYVscqu+pjLyfxpE/X6LWfOlNHE6x9yxE95cyM3Dtu2sSnSu+9JBUxWyqci0aEGvQfZOT7hA6HF2TMjo6pwHscR4RKvfVNMd5Jgj6xMLPWDEFAR6DjR3XvSXduehvK8W+3Ixsu8oEYmNTtNJvLKPGkyWyjamYoK0uhE2uBmx0rfEwImBDpOdFjB/xHHK58VVV6pwSFin6mzSf4e667ZUGFW3BeTjJvKEgI6BDpK9F3F4it28p2LwY6AUKcQmXZZK6eolnkT72OHX5mFtScNVjDWwad7frqVfeqWukZGSggHtZ8vlzmy7iy+0C39pn6GI9BRogetql63YMH8ATzhfrEdE+Vei3B2NCrSSrbrXksxPssdNt2PBIf78dXMEr+G+IKnV8sCWVyI4O1Yj2nV2VGiw0D2MBq8VDdYU7hiKwGqJel3q2z3a5ut7Hcr65JhwBts2xW4t74W1v8JbHJfhlYVmse+lW1TXZ1HoKNEh+voOTXZnzpch4nr4mRz7TxEvdLixI5C4eXLcJS5nFn816HCvBb/fZ6JjU9VKs/9V6+MksahR6BjRL/gglIhv52HJnPEufg0nDh+lSaqdQhIzQW2hqu4Ja6E15+LLewhT3DH+VvEbX+udS1RTVlHIDNEl0BBqr8NUt0XrJB1ALPUP/fqckf+GqSAejtyrl8F6b3H6x820ocEZ3cQvlmasc71pWNEl0NC4IB8USP8Gk2INYicqxDUcrpzEHR3S5Dah5HV5Gr4BVwDYtedgNxRCfFjSPC7EYb6ubNnf1p/sqq7R0y93woCHSZ6Cd5w/D3RHRXnbcGug5Hswa0MqJe/kSmvt2/PXwpHH7gOi7fAH8GXFbU6dvG04/AvC8v5isndtZexorH5Eego0U3ph9Su4crtQ7hy+0g/TxhepHkTgjxgQBOHJLnDPPhwNfiowLUgFxvfgGHtyX7GjMauR6CjRJddQBTQp/HSyjvjTIg00OHZpT9sV0RbnD50sszQ6PjlOeZcKoSU2PxSxGddoGsfm6B8xOABqOX32S+LB55/fqHSyX5SW92HQMeJXvVY2/NvcGJ5c2y4hHjcEexLOIt+fnl5vsGzLnY9GSm4d+8rh3nelhFsb4CB7GJgcTGs4ociuyfYY8h++C1YLL9dqZx5JCNDoW50CQIdJ7or1fHUMcvtesC78kmElRDfg9HpPpvZ31pdWnw80bcdLiyPKpZlXSR47uchnS9CFps3oe9vRDcMfv3iRUjt70Gyn2LcecRZz/1HKwN+OgwDNZcBBFIhenXcEztGRjf+zmycC0cJqv0CpOFpWJefBCmeQgz1U+Uy+0/GFl7sBLaDo6P7dzg7xmEAQzIEVgI58f/Z6wHqa0DoX0jQh5/inP0wyp+CC+4juHX4boJvqSghYEQgRaJX+yYf0oP1GM8V86KxtzEL1HLAyau8Rbzf/TNsBM+BeNJZ5zzU3/P4+wvI9oL/5ecdS7ykq9Zy+Dakgd6HRxSLQlgjnIsLsakUkaapiP8djwptNXXTdVoR7GH4DZxCGqtHcfX1P6Zv6O+EQDMIpE70auf3DY6MDNwER493gPDXNjOgrH0LUs8hQ8sTjuDfZ9w+zewXH1pZWTmbtX5Sf3obgYwQfRNk6So7sJ0fgcRD1Jm4ykscmfVpcHOxcf4jOPw8iX7DzZQ9US47OEZQFFjW564f+pc5ogdBHx4tvQ1n78shGQ9C2l+Ev78mnYkRL4LE87jPRqw6+2/058d4/PHpHLzPyuWf/CCdPlGrhEA8BDJPdN0whofH3wgr9hjip8dxvt+Hs+5+DGQ/CDhaTVElBkHEQXw7iL/vwv/uCIcDD0YIvgSL+BKuuso4gy/D6x6/s36C+ufEuli0bbawtnYmNCAnHtRUihBID4GuJHp6cFHLhEB3IkBE7855o14TAokQIKIngosKEwLdiQARvTvnjXpNCCRCgIieCC4qTAh0JwJE9O6cN+o1IZAIASJ6IrioMCHQnQgQ0btz3qjXhEAiBIjoieCiwoRAdyJARO/OeaNeEwKJECCiJ4KLChMC3YkAEb075416TQgkQoCIngguKkwIdCcCRPTunDfqNSGQCAEieiK4qDAh0J0I/D+Wxx8oaLDLRQAAAABJRU5ErkJggg==",
            "image_url": "https://d3oia8etllorh5.cloudfront.net/us-east-1_6UjEYl6OU/7ib4ukdfp89ccc050plhac20i/20210623114918/assets/images/image.jpg",
            "last_modified_date": "0001-01-01T00:00:00Z",
            "user_pool_id": "us-east-1_6UjEYl6OU"
          },
          "private": "bnVsbA==",
          "dependencies": [
            "module.docu-auth.aws_cognito_user_pool.documentation_user_pool",
            "module.docu-auth.aws_cognito_user_pool_client.documentation_app_client",
            "module.docu-auth.aws_cognito_user_pool_domain.documentation_app_client_domain"
          ]
        }
      ]
    },
    {
      "module": "module.docu-auth",
      "mode": "managed",
      "type": "aws_iam_role",
      "name": "auth_web_iam_role",
      "provider": "provider[\"registry.terraform.io/hashicorp/aws\"]",
      "instances": [
        {
          "schema_version": 0,
          "attributes": {
            "arn": "arn:aws:iam::276164198880:role/auth_web_iam_role",
            "assume_role_policy": "{\"Version\":\"2012-10-17\",\"Statement\":[{\"Sid\":\"\",\"Effect\":\"Allow\",\"Principal\":{\"Federated\":\"cognito-identity.amazonaws.com\"},\"Action\":\"sts:AssumeRoleWithWebIdentity\",\"Condition\":{\"StringEquals\":{\"cognito-identity.amazonaws.com:aud\":\"us-east-1:fceaa452-6a2d-49f0-bd4d-3a2fa8b79cf1\"},\"ForAnyValue:StringLike\":{\"cognito-identity.amazonaws.com:amr\":\"authenticated\"}}}]}",
            "create_date": "2021-06-23T11:49:18Z",
            "description": "",
            "force_detach_policies": false,
            "id": "auth_web_iam_role",
            "inline_policy": [
              {
                "name": "",
                "policy": ""
              }
            ],
            "managed_policy_arns": [],
            "max_session_duration": 3600,
            "name": "auth_web_iam_role",
            "name_prefix": null,
            "path": "/",
            "permissions_boundary": null,
            "tags": null,
            "unique_id": "AROAUATFLIHQJVC52XTJM"
          },
          "private": "bnVsbA==",
          "dependencies": [
            "module.docu-auth.aws_cognito_identity_pool.documentation_identity_pool",
            "module.docu-auth.aws_cognito_user_pool.documentation_user_pool",
            "module.docu-auth.aws_cognito_user_pool_client.documentation_app_client"
          ]
        }
      ]
    },
    {
      "module": "module.docu-auth",
      "mode": "managed",
      "type": "aws_iam_role",
      "name": "unauth_web_iam_role",
      "provider": "provider[\"registry.terraform.io/hashicorp/aws\"]",
      "instances": [
        {
          "schema_version": 0,
          "attributes": {
            "arn": "arn:aws:iam::276164198880:role/unauth_web_iam_role",
            "assume_role_policy": "{\"Version\":\"2012-10-17\",\"Statement\":[{\"Sid\":\"\",\"Effect\":\"Allow\",\"Principal\":{\"Federated\":\"cognito-identity.amazonaws.com\"},\"Action\":\"sts:AssumeRoleWithWebIdentity\",\"Condition\":{\"StringEquals\":{\"cognito-identity.amazonaws.com:aud\":\"us-east-1:fceaa452-6a2d-49f0-bd4d-3a2fa8b79cf1\"},\"ForAnyValue:StringLike\":{\"cognito-identity.amazonaws.com:amr\":\"unauthenticated\"}}}]}",
            "create_date": "2021-06-23T11:49:18Z",
            "description": "",
            "force_detach_policies": false,
            "id": "unauth_web_iam_role",
            "inline_policy": [
              {
                "name": "",
                "policy": ""
              }
            ],
            "managed_policy_arns": [],
            "max_session_duration": 3600,
            "name": "unauth_web_iam_role",
            "name_prefix": null,
            "path": "/",
            "permissions_boundary": null,
            "tags": null,
            "unique_id": "AROAUATFLIHQKXPJEBURZ"
          },
          "private": "bnVsbA==",
          "dependencies": [
            "module.docu-auth.aws_cognito_identity_pool.documentation_identity_pool",
            "module.docu-auth.aws_cognito_user_pool.documentation_user_pool",
            "module.docu-auth.aws_cognito_user_pool_client.documentation_app_client"
          ]
        }
      ]
    },
    {
      "module": "module.docu-auth",
      "mode": "managed",
      "type": "aws_iam_role_policy",
      "name": "web_iam_unauth_role_policy",
      "provider": "provider[\"registry.terraform.io/hashicorp/aws\"]",
      "instances": [
        {
          "schema_version": 0,
          "attributes": {
            "id": "unauth_web_iam_role:web_iam_unauth_role_policy",
            "name": "web_iam_unauth_role_policy",
            "name_prefix": null,
            "policy": "{\n    \"Version\": \"2012-10-17\",\n    \"Statement\": [\n         {\n              \"Sid\": \"\",\n              \"Action\": \"*\",\n              \"Effect\": \"Deny\",\n              \"Resource\": \"*\"\n         }\n    ]\n}",
            "role": "unauth_web_iam_role"
          },
          "private": "bnVsbA==",
          "dependencies": [
            "module.docu-auth.aws_cognito_identity_pool.documentation_identity_pool",
            "module.docu-auth.aws_cognito_user_pool.documentation_user_pool",
            "module.docu-auth.aws_cognito_user_pool_client.documentation_app_client",
            "module.docu-auth.aws_iam_role.unauth_web_iam_role"
          ]
        }
      ]
    },
    {
      "module": "module.dynamo_db",
      "mode": "managed",
      "type": "aws_dynamodb_table",
      "name": "component-dynamodb-table",
      "provider": "provider[\"registry.terraform.io/hashicorp/aws\"]",
      "instances": [
        {
          "schema_version": 1,
          "attributes": {
            "arn": "arn:aws:dynamodb:us-east-1:276164198880:table/FSBL_CONFIG",
            "attribute": [
              {
                "name": "APP_ID",
                "type": "S"
              }
            ],
            "billing_mode": "PROVISIONED",
            "global_secondary_index": [],
            "hash_key": "APP_ID",
            "id": "FSBL_CONFIG",
            "local_secondary_index": [],
            "name": "FSBL_CONFIG",
            "point_in_time_recovery": [
              {
                "enabled": false
              }
            ],
            "range_key": null,
            "read_capacity": 5,
            "replica": [],
            "server_side_encryption": [],
            "stream_arn": "",
            "stream_enabled": false,
            "stream_label": "",
            "stream_view_type": "",
            "tags": {
              "Environment": "dev"
            },
            "timeouts": null,
            "ttl": [
              {
                "attribute_name": "",
                "enabled": false
              }
            ],
            "write_capacity": 5
          },
          "private": "eyJlMmJmYjczMC1lY2FhLTExZTYtOGY4OC0zNDM2M2JjN2M0YzAiOnsiY3JlYXRlIjo2MDAwMDAwMDAwMDAsImRlbGV0ZSI6NjAwMDAwMDAwMDAwLCJ1cGRhdGUiOjM2MDAwMDAwMDAwMDB9LCJzY2hlbWFfdmVyc2lvbiI6IjEifQ=="
        }
      ]
    },
    {
      "module": "module.s3_buckets",
      "mode": "managed",
      "type": "aws_s3_bucket",
      "name": "docusaurus",
      "provider": "provider[\"registry.terraform.io/hashicorp/aws\"]",
      "instances": [
        {
          "schema_version": 0,
          "attributes": {
            "acceleration_status": "",
            "acl": "public-read",
            "arn": "arn:aws:s3:::dev.seahorse.test1",
            "bucket": "dev.seahorse.test1",
            "bucket_domain_name": "dev.seahorse.test1.s3.amazonaws.com",
            "bucket_prefix": null,
            "bucket_regional_domain_name": "dev.seahorse.test1.s3.amazonaws.com",
            "cors_rule": [],
            "force_destroy": false,
            "grant": [],
            "hosted_zone_id": "Z3AQBSTGFYJSTF",
            "id": "dev.seahorse.test1",
            "lifecycle_rule": [],
            "logging": [],
            "object_lock_configuration": [],
            "policy": "{\"Statement\":[{\"Action\":\"s3:GetObject\",\"Effect\":\"Allow\",\"Principal\":\"*\",\"Resource\":\"arn:aws:s3:::dev.seahorse.test1/*\",\"Sid\":\"AddPerm\"}],\"Version\":\"2012-10-17\"}",
            "region": "us-east-1",
            "replication_configuration": [],
            "request_payer": "BucketOwner",
            "server_side_encryption_configuration": [],
            "tags": {
              "Environment": "SeaHorse",
              "Name": "Product"
            },
            "versioning": [
              {
                "enabled": false,
                "mfa_delete": false
              }
            ],
            "website": [
              {
                "error_document": "error.html",
                "index_document": "index.html",
                "redirect_all_requests_to": "",
                "routing_rules": ""
              }
            ],
            "website_domain": "s3-website-us-east-1.amazonaws.com",
            "website_endpoint": "dev.seahorse.test1.s3-website-us-east-1.amazonaws.com"
          },
          "private": "bnVsbA=="
        }
      ]
    },
    {
      "module": "module.s3_buckets",
      "mode": "managed",
      "type": "aws_s3_bucket",
      "name": "finsemble",
      "provider": "provider[\"registry.terraform.io/hashicorp/aws\"]",
      "instances": [
        {
          "schema_version": 0,
          "attributes": {
            "acceleration_status": "",
            "acl": "public-read",
            "arn": "arn:aws:s3:::dev.seahorse.test",
            "bucket": "dev.seahorse.test",
            "bucket_domain_name": "dev.seahorse.test.s3.amazonaws.com",
            "bucket_prefix": null,
            "bucket_regional_domain_name": "dev.seahorse.test.s3.amazonaws.com",
            "cors_rule": [],
            "force_destroy": false,
            "grant": [],
            "hosted_zone_id": "Z3AQBSTGFYJSTF",
            "id": "dev.seahorse.test",
            "lifecycle_rule": [],
            "logging": [],
            "object_lock_configuration": [],
            "policy": "{\"Statement\":[{\"Action\":\"s3:GetObject\",\"Effect\":\"Allow\",\"Principal\":\"*\",\"Resource\":\"arn:aws:s3:::dev.seahorse.test/*\",\"Sid\":\"AddPerm\"}],\"Version\":\"2012-10-17\"}",
            "region": "us-east-1",
            "replication_configuration": [],
            "request_payer": "BucketOwner",
            "server_side_encryption_configuration": [],
            "tags": {
              "Environment": "SeaHorse",
              "Name": "Product"
            },
            "versioning": [
              {
                "enabled": false,
                "mfa_delete": false
              }
            ],
            "website": [
              {
                "error_document": "error.html",
                "index_document": "index.html",
                "redirect_all_requests_to": "",
                "routing_rules": ""
              }
            ],
            "website_domain": "s3-website-us-east-1.amazonaws.com",
            "website_endpoint": "dev.seahorse.test.s3-website-us-east-1.amazonaws.com"
          },
          "private": "bnVsbA=="
        }
      ]
    },
    {
      "module": "module.s3_buckets",
      "mode": "managed",
      "type": "aws_s3_bucket",
      "name": "storybook",
      "provider": "provider[\"registry.terraform.io/hashicorp/aws\"]",
      "instances": [
        {
          "schema_version": 0,
          "attributes": {
            "acceleration_status": "",
            "acl": "public-read",
            "arn": "arn:aws:s3:::dev.seahorse.test2",
            "bucket": "dev.seahorse.test2",
            "bucket_domain_name": "dev.seahorse.test2.s3.amazonaws.com",
            "bucket_prefix": null,
            "bucket_regional_domain_name": "dev.seahorse.test2.s3.amazonaws.com",
            "cors_rule": [],
            "force_destroy": false,
            "grant": [],
            "hosted_zone_id": "Z3AQBSTGFYJSTF",
            "id": "dev.seahorse.test2",
            "lifecycle_rule": [],
            "logging": [],
            "object_lock_configuration": [],
            "policy": "{\"Statement\":[{\"Action\":\"s3:GetObject\",\"Effect\":\"Allow\",\"Principal\":\"*\",\"Resource\":\"arn:aws:s3:::dev.seahorse.test2/*\",\"Sid\":\"AddPerm\"}],\"Version\":\"2012-10-17\"}",
            "region": "us-east-1",
            "replication_configuration": [],
            "request_payer": "BucketOwner",
            "server_side_encryption_configuration": [],
            "tags": {
              "Environment": "SeaHorse",
              "Name": "Product"
            },
            "versioning": [
              {
                "enabled": false,
                "mfa_delete": false
              }
            ],
            "website": [
              {
                "error_document": "error.html",
                "index_document": "index.html",
                "redirect_all_requests_to": "",
                "routing_rules": ""
              }
            ],
            "website_domain": "s3-website-us-east-1.amazonaws.com",
            "website_endpoint": "dev.seahorse.test2.s3-website-us-east-1.amazonaws.com"
          },
          "private": "bnVsbA=="
        }
      ]
    },
    {
      "module": "module.web-backend-api-with-existing-cognito[0]",
      "mode": "managed",
      "type": "aws_api_gateway_authorizer",
      "name": "web_authorizer",
      "provider": "provider[\"registry.terraform.io/hashicorp/aws\"]",
      "instances": [
        {
          "schema_version": 0,
          "attributes": {
            "authorizer_credentials": "",
            "authorizer_result_ttl_in_seconds": 300,
            "authorizer_uri": "",
            "id": "r7k3hx",
            "identity_source": "method.request.header.Authorization",
            "identity_validation_expression": "",
            "name": "Seahorse-Authorizer",
            "provider_arns": [
              "arn:aws:cognito-idp:us-east-1:276164198880:userpool/us-east-1_xWPX0bsC5"
            ],
            "rest_api_id": "km7mx1r075",
            "type": "COGNITO_USER_POOLS"
          },
          "private": "bnVsbA==",
          "dependencies": [
            "module.web-backend-api-with-existing-cognito.aws_api_gateway_rest_api.web_backend_api"
          ]
        }
      ]
    },
    {
      "module": "module.web-backend-api-with-existing-cognito[0]",
      "mode": "managed",
      "type": "aws_api_gateway_deployment",
      "name": "web_backend_api_deployment",
      "provider": "provider[\"registry.terraform.io/hashicorp/aws\"]",
      "instances": [
        {
          "schema_version": 0,
          "attributes": {
            "created_date": "2021-02-04T11:53:07Z",
            "description": "",
            "execution_arn": "arn:aws:execute-api:us-east-1:276164198880:km7mx1r075/dev",
            "id": "wkg2fh",
            "invoke_url": "https://km7mx1r075.execute-api.us-east-1.amazonaws.com/dev",
            "rest_api_id": "km7mx1r075",
            "stage_description": null,
            "stage_name": "dev",
            "triggers": null,
            "variables": null
          },
          "private": "bnVsbA==",
          "dependencies": [
            "module.web-backend-api-with-existing-cognito.aws_api_gateway_authorizer.web_authorizer",
            "module.web-backend-api-with-existing-cognito.aws_api_gateway_integration.mock_options_integration",
            "module.web-backend-api-with-existing-cognito.aws_api_gateway_integration.web_backend_api_get_method_integration",
            "module.web-backend-api-with-existing-cognito.aws_api_gateway_integration_response.mock_options_integration_response",
            "module.web-backend-api-with-existing-cognito.aws_api_gateway_integration_response.web_backend_api_get_integration_response",
            "module.web-backend-api-with-existing-cognito.aws_api_gateway_method.mock_options_method",
            "module.web-backend-api-with-existing-cognito.aws_api_gateway_method.web_backend_api_get_method",
            "module.web-backend-api-with-existing-cognito.aws_api_gateway_method_response.mock_options_response",
            "module.web-backend-api-with-existing-cognito.aws_api_gateway_method_response.web_backend_api_get_method_response",
            "module.web-backend-api-with-existing-cognito.aws_api_gateway_resource.web_backend_api_resource",
            "module.web-backend-api-with-existing-cognito.aws_api_gateway_rest_api.web_backend_api"
          ]
        }
      ]
    },
    {
      "module": "module.web-backend-api-with-existing-cognito[0]",
      "mode": "managed",
      "type": "aws_api_gateway_integration",
      "name": "mock_options_integration",
      "provider": "provider[\"registry.terraform.io/hashicorp/aws\"]",
      "instances": [
        {
          "schema_version": 0,
          "attributes": {
            "cache_key_parameters": [],
            "cache_namespace": "exyt5d",
            "connection_id": "",
            "connection_type": "INTERNET",
            "content_handling": "",
            "credentials": "",
            "http_method": "OPTIONS",
            "id": "agi-km7mx1r075-exyt5d-OPTIONS",
            "integration_http_method": "",
            "passthrough_behavior": "WHEN_NO_TEMPLATES",
            "request_parameters": {},
            "request_templates": {
              "application/json": "{\n    \"statusCode\" : 200\n}"
            },
            "resource_id": "exyt5d",
            "rest_api_id": "km7mx1r075",
            "timeout_milliseconds": 29000,
            "type": "MOCK",
            "uri": ""
          },
          "private": "bnVsbA==",
          "dependencies": [
            "module.web-backend-api-with-existing-cognito.aws_api_gateway_method.mock_options_method",
            "module.web-backend-api-with-existing-cognito.aws_api_gateway_resource.web_backend_api_resource",
            "module.web-backend-api-with-existing-cognito.aws_api_gateway_rest_api.web_backend_api"
          ]
        }
      ]
    },
    {
      "module": "module.web-backend-api-with-existing-cognito[0]",
      "mode": "managed",
      "type": "aws_api_gateway_integration",
      "name": "web_backend_api_get_method_integration",
      "provider": "provider[\"registry.terraform.io/hashicorp/aws\"]",
      "instances": [
        {
          "schema_version": 0,
          "attributes": {
            "cache_key_parameters": [],
            "cache_namespace": "exyt5d",
            "connection_id": "",
            "connection_type": "INTERNET",
            "content_handling": "",
            "credentials": "",
            "http_method": "GET",
            "id": "agi-km7mx1r075-exyt5d-GET",
            "integration_http_method": "POST",
            "passthrough_behavior": "WHEN_NO_MATCH",
            "request_parameters": {},
            "request_templates": {},
            "resource_id": "exyt5d",
            "rest_api_id": "km7mx1r075",
            "timeout_milliseconds": 29000,
            "type": "AWS_PROXY",
            "uri": "arn:aws:apigateway:us-east-1:lambda:path/2015-03-31/functions/arn:aws:lambda:us-east-1:276164198880:function:GetRegisteredComponents/invocations"
          },
          "private": "bnVsbA==",
          "dependencies": [
            "module.web-backend-api-with-existing-cognito.aws_api_gateway_method.web_backend_api_get_method",
            "module.web-backend-api-with-existing-cognito.aws_api_gateway_resource.web_backend_api_resource",
            "module.web-backend-api-with-existing-cognito.aws_api_gateway_rest_api.web_backend_api"
          ]
        }
      ]
    },
    {
      "module": "module.web-backend-api-with-existing-cognito[0]",
      "mode": "managed",
      "type": "aws_api_gateway_integration_response",
      "name": "mock_options_integration_response",
      "provider": "provider[\"registry.terraform.io/hashicorp/aws\"]",
      "instances": [
        {
          "schema_version": 0,
          "attributes": {
            "content_handling": "",
            "http_method": "OPTIONS",
            "id": "agir-km7mx1r075-exyt5d-OPTIONS-200",
            "resource_id": "exyt5d",
            "response_parameters": {
              "method.response.header.Access-Control-Allow-Headers": "'Content-Type,X-Amz-Date,Authorization,X-Api-Key,X-Amz-Security-Token'",
              "method.response.header.Access-Control-Allow-Methods": "'GET, OPTIONS, POST'",
              "method.response.header.Access-Control-Allow-Origin": "'*'"
            },
            "response_templates": {},
            "rest_api_id": "km7mx1r075",
            "selection_pattern": "",
            "status_code": "200"
          },
          "private": "bnVsbA==",
          "dependencies": [
            "module.web-backend-api-with-existing-cognito.aws_api_gateway_integration.mock_options_integration",
            "module.web-backend-api-with-existing-cognito.aws_api_gateway_method.mock_options_method",
            "module.web-backend-api-with-existing-cognito.aws_api_gateway_method_response.mock_options_response",
            "module.web-backend-api-with-existing-cognito.aws_api_gateway_resource.web_backend_api_resource",
            "module.web-backend-api-with-existing-cognito.aws_api_gateway_rest_api.web_backend_api"
          ]
        }
      ]
    },
    {
      "module": "module.web-backend-api-with-existing-cognito[0]",
      "mode": "managed",
      "type": "aws_api_gateway_integration_response",
      "name": "web_backend_api_get_integration_response",
      "provider": "provider[\"registry.terraform.io/hashicorp/aws\"]",
      "instances": [
        {
          "schema_version": 0,
          "attributes": {
            "content_handling": "",
            "http_method": "GET",
            "id": "agir-km7mx1r075-exyt5d-GET-200",
            "resource_id": "exyt5d",
            "response_parameters": {
              "method.response.header.Access-Control-Allow-Origin": "'*'"
            },
            "response_templates": {},
            "rest_api_id": "km7mx1r075",
            "selection_pattern": "",
            "status_code": "200"
          },
          "private": "bnVsbA==",
          "dependencies": [
            "module.web-backend-api-with-existing-cognito.aws_api_gateway_authorizer.web_authorizer",
            "module.web-backend-api-with-existing-cognito.aws_api_gateway_integration.web_backend_api_get_method_integration",
            "module.web-backend-api-with-existing-cognito.aws_api_gateway_method.web_backend_api_get_method",
            "module.web-backend-api-with-existing-cognito.aws_api_gateway_method_response.web_backend_api_get_method_response",
            "module.web-backend-api-with-existing-cognito.aws_api_gateway_resource.web_backend_api_resource",
            "module.web-backend-api-with-existing-cognito.aws_api_gateway_rest_api.web_backend_api"
          ]
        }
      ]
    },
    {
      "module": "module.web-backend-api-with-existing-cognito[0]",
      "mode": "managed",
      "type": "aws_api_gateway_method",
      "name": "mock_options_method",
      "provider": "provider[\"registry.terraform.io/hashicorp/aws\"]",
      "instances": [
        {
          "schema_version": 0,
          "attributes": {
            "api_key_required": false,
            "authorization": "NONE",
            "authorization_scopes": [],
            "authorizer_id": "",
            "http_method": "OPTIONS",
            "id": "agm-km7mx1r075-exyt5d-OPTIONS",
            "request_models": {},
            "request_parameters": {},
            "request_validator_id": "",
            "resource_id": "exyt5d",
            "rest_api_id": "km7mx1r075"
          },
          "private": "bnVsbA==",
          "dependencies": [
            "module.web-backend-api-with-existing-cognito.aws_api_gateway_resource.web_backend_api_resource",
            "module.web-backend-api-with-existing-cognito.aws_api_gateway_rest_api.web_backend_api"
          ]
        }
      ]
    },
    {
      "module": "module.web-backend-api-with-existing-cognito[0]",
      "mode": "managed",
      "type": "aws_api_gateway_method",
      "name": "web_backend_api_get_method",
      "provider": "provider[\"registry.terraform.io/hashicorp/aws\"]",
      "instances": [
        {
          "schema_version": 0,
          "attributes": {
            "api_key_required": false,
            "authorization": "COGNITO_USER_POOLS",
            "authorization_scopes": [],
            "authorizer_id": "r7k3hx",
            "http_method": "GET",
            "id": "agm-km7mx1r075-exyt5d-GET",
            "request_models": {
              "application/json": "Empty"
            },
            "request_parameters": {
              "method.request.header.Content-Type": true
            },
            "request_validator_id": "",
            "resource_id": "exyt5d",
            "rest_api_id": "km7mx1r075"
          },
          "private": "bnVsbA==",
          "dependencies": [
            "module.web-backend-api-with-existing-cognito.aws_api_gateway_authorizer.web_authorizer",
            "module.web-backend-api-with-existing-cognito.aws_api_gateway_resource.web_backend_api_resource",
            "module.web-backend-api-with-existing-cognito.aws_api_gateway_rest_api.web_backend_api"
          ]
        }
      ]
    },
    {
      "module": "module.web-backend-api-with-existing-cognito[0]",
      "mode": "managed",
      "type": "aws_api_gateway_method_response",
      "name": "mock_options_response",
      "provider": "provider[\"registry.terraform.io/hashicorp/aws\"]",
      "instances": [
        {
          "schema_version": 0,
          "attributes": {
            "http_method": "OPTIONS",
            "id": "agmr-km7mx1r075-exyt5d-OPTIONS-200",
            "resource_id": "exyt5d",
            "response_models": {
              "application/json": "Empty"
            },
            "response_parameters": {
              "method.response.header.Access-Control-Allow-Headers": true,
              "method.response.header.Access-Control-Allow-Methods": true,
              "method.response.header.Access-Control-Allow-Origin": true
            },
            "rest_api_id": "km7mx1r075",
            "status_code": "200"
          },
          "private": "bnVsbA==",
          "dependencies": [
            "module.web-backend-api-with-existing-cognito.aws_api_gateway_method.mock_options_method",
            "module.web-backend-api-with-existing-cognito.aws_api_gateway_resource.web_backend_api_resource",
            "module.web-backend-api-with-existing-cognito.aws_api_gateway_rest_api.web_backend_api"
          ]
        }
      ]
    },
    {
      "module": "module.web-backend-api-with-existing-cognito[0]",
      "mode": "managed",
      "type": "aws_api_gateway_method_response",
      "name": "web_backend_api_get_method_response",
      "provider": "provider[\"registry.terraform.io/hashicorp/aws\"]",
      "instances": [
        {
          "schema_version": 0,
          "attributes": {
            "http_method": "GET",
            "id": "agmr-km7mx1r075-exyt5d-GET-200",
            "resource_id": "exyt5d",
            "response_models": {},
            "response_parameters": {
              "method.response.header.Access-Control-Allow-Origin": true
            },
            "rest_api_id": "km7mx1r075",
            "status_code": "200"
          },
          "private": "bnVsbA==",
          "dependencies": [
            "module.web-backend-api-with-existing-cognito.aws_api_gateway_method.web_backend_api_get_method",
            "module.web-backend-api-with-existing-cognito.aws_api_gateway_resource.web_backend_api_resource",
            "module.web-backend-api-with-existing-cognito.aws_api_gateway_rest_api.web_backend_api"
          ]
        }
      ]
    },
    {
      "module": "module.web-backend-api-with-existing-cognito[0]",
      "mode": "managed",
      "type": "aws_api_gateway_resource",
      "name": "web_backend_api_resource",
      "provider": "provider[\"registry.terraform.io/hashicorp/aws\"]",
      "instances": [
        {
          "schema_version": 0,
          "attributes": {
            "id": "exyt5d",
            "parent_id": "hxsvuz1oll",
            "path": "/{proxy+}",
            "path_part": "{proxy+}",
            "rest_api_id": "km7mx1r075"
          },
          "private": "bnVsbA==",
          "dependencies": [
            "module.web-backend-api-with-existing-cognito.aws_api_gateway_rest_api.web_backend_api"
          ]
        }
      ]
    },
    {
      "module": "module.web-backend-api-with-existing-cognito[0]",
      "mode": "managed",
      "type": "aws_api_gateway_rest_api",
      "name": "web_backend_api",
      "provider": "provider[\"registry.terraform.io/hashicorp/aws\"]",
      "instances": [
        {
          "schema_version": 0,
          "attributes": {
            "api_key_source": "HEADER",
            "arn": "arn:aws:apigateway:us-east-1::/restapis/km7mx1r075",
            "binary_media_types": [],
            "body": null,
            "created_date": "2021-02-04T11:52:10Z",
            "description": "",
            "endpoint_configuration": [
              {
                "types": [
                  "REGIONAL"
                ],
                "vpc_endpoint_ids": []
              }
            ],
            "execution_arn": "arn:aws:execute-api:us-east-1:276164198880:km7mx1r075",
            "id": "km7mx1r075",
            "minimum_compression_size": -1,
            "name": "seahorse-web-backend-api",
            "policy": "",
            "root_resource_id": "hxsvuz1oll",
            "tags": {}
          },
          "private": "bnVsbA=="
        }
      ]
    },
    {
      "module": "module.web-backend-api-with-existing-cognito[0]",
      "mode": "managed",
      "type": "aws_lambda_permission",
      "name": "get-lambda-permission",
      "provider": "provider[\"registry.terraform.io/hashicorp/aws\"]",
      "instances": [
        {
          "schema_version": 0,
          "attributes": {
            "action": "lambda:InvokeFunction",
            "event_source_token": null,
            "function_name": "GetRegisteredComponents",
            "id": "AllowWebBackendAPIGatewayInvokeGet",
            "principal": "apigateway.amazonaws.com",
            "qualifier": "",
            "source_account": null,
            "source_arn": "arn:aws:execute-api:us-east-1:276164198880:km7mx1r075/*/*/*",
            "statement_id": "AllowWebBackendAPIGatewayInvokeGet",
            "statement_id_prefix": null
          },
          "private": "bnVsbA==",
          "dependencies": [
            "module.web-backend-api-with-existing-cognito.aws_api_gateway_rest_api.web_backend_api"
          ]
        }
      ]
    }
  ]
}
