{
  "version": 4,
  "terraform_version": "0.13.5",
  "serial": 230,
  "lineage": "13222417-cfeb-3510-4c9e-67035a156cd8",
  "outputs": {},
  "resources": [
    {
      "module": "module.admin_lambdas",
      "mode": "managed",
      "type": "aws_cloudwatch_event_rule",
      "name": "one_minute_ping",
      "provider": "provider[\"registry.terraform.io/hashicorp/aws\"]",
      "instances": [
        {
          "schema_version": 0,
          "attributes": {
            "arn": "arn:aws:events:us-east-1:154320630104:rule/one_minute_ping",
            "description": "Pings every one minute",
            "event_bus_name": "default",
            "event_pattern": null,
            "id": "one_minute_ping",
            "is_enabled": true,
            "name": "one_minute_ping",
            "name_prefix": "",
            "role_arn": "",
            "schedule_expression": "rate(1 minute)",
            "tags": {}
          },
          "private": "bnVsbA=="
        }
      ]
    },
    {
      "module": "module.admin_lambdas",
      "mode": "managed",
      "type": "aws_cloudwatch_event_target",
      "name": "ping_delete_lambda_every_one_minute",
      "provider": "provider[\"registry.terraform.io/hashicorp/aws\"]",
      "instances": [
        {
          "schema_version": 1,
          "attributes": {
            "arn": "arn:aws:lambda:us-east-1:154320630104:function:DeleteRegisteredComponent",
            "batch_target": [],
            "ecs_target": [],
            "event_bus_name": "default",
            "id": "one_minute_ping-delete-ping",
            "input": "",
            "input_path": "",
            "input_transformer": [],
            "kinesis_target": [],
            "role_arn": "",
            "rule": "one_minute_ping",
            "run_command_targets": [],
            "sqs_target": [],
            "target_id": "delete-ping"
          },
          "private": "eyJzY2hlbWFfdmVyc2lvbiI6IjEifQ==",
          "dependencies": [
            "module.admin_lambdas.aws_cloudwatch_event_rule.one_minute_ping",
            "module.admin_lambdas.aws_iam_role.seahorse_iam_role_for_lambdas",
            "module.admin_lambdas.aws_lambda_function.DeleteRegisteredComponent"
          ]
        }
      ]
    },
    {
      "module": "module.admin_lambdas",
      "mode": "managed",
      "type": "aws_cloudwatch_event_target",
      "name": "ping_get_lambda_every_one_minute",
      "provider": "provider[\"registry.terraform.io/hashicorp/aws\"]",
      "instances": [
        {
          "schema_version": 1,
          "attributes": {
            "arn": "arn:aws:lambda:us-east-1:154320630104:function:GetRegisteredComponents",
            "batch_target": [],
            "ecs_target": [],
            "event_bus_name": "default",
            "id": "one_minute_ping-get-ping",
            "input": "",
            "input_path": "",
            "input_transformer": [],
            "kinesis_target": [],
            "role_arn": "",
            "rule": "one_minute_ping",
            "run_command_targets": [],
            "sqs_target": [],
            "target_id": "get-ping"
          },
          "private": "eyJzY2hlbWFfdmVyc2lvbiI6IjEifQ==",
          "dependencies": [
            "module.admin_lambdas.aws_cloudwatch_event_rule.one_minute_ping",
            "module.admin_lambdas.aws_iam_role.seahorse_iam_role_for_lambdas",
            "module.admin_lambdas.aws_lambda_function.GetRegisteredComponents"
          ]
        }
      ]
    },
    {
      "module": "module.admin_lambdas",
      "mode": "managed",
      "type": "aws_cloudwatch_event_target",
      "name": "ping_register_lambda_every_one_minute",
      "provider": "provider[\"registry.terraform.io/hashicorp/aws\"]",
      "instances": [
        {
          "schema_version": 1,
          "attributes": {
            "arn": "arn:aws:lambda:us-east-1:154320630104:function:RegisterComponentLambda",
            "batch_target": [],
            "ecs_target": [],
            "event_bus_name": "default",
            "id": "one_minute_ping-register-ping",
            "input": "",
            "input_path": "",
            "input_transformer": [],
            "kinesis_target": [],
            "role_arn": "",
            "rule": "one_minute_ping",
            "run_command_targets": [],
            "sqs_target": [],
            "target_id": "register-ping"
          },
          "private": "eyJzY2hlbWFfdmVyc2lvbiI6IjEifQ==",
          "dependencies": [
            "module.admin_lambdas.aws_cloudwatch_event_rule.one_minute_ping",
            "module.admin_lambdas.aws_iam_role.seahorse_iam_role_for_lambdas",
            "module.admin_lambdas.aws_lambda_function.RegisterComponentLambda"
          ]
        }
      ]
    },
    {
      "module": "module.admin_lambdas",
      "mode": "managed",
      "type": "aws_iam_policy",
      "name": "seahorse_admin_lambdas_exec_policy",
      "provider": "provider[\"registry.terraform.io/hashicorp/aws\"]",
      "instances": [
        {
          "schema_version": 0,
          "attributes": {
            "arn": "arn:aws:iam::154320630104:policy/seahorse_admin_lambdas_exec_policy",
            "description": "",
            "id": "arn:aws:iam::154320630104:policy/seahorse_admin_lambdas_exec_policy",
            "name": "seahorse_admin_lambdas_exec_policy",
            "name_prefix": null,
            "path": "/",
            "policy": "{\n    \"Version\": \"2012-10-17\",\n    \"Statement\": [\n        {\n            \"Effect\": \"Allow\",\n            \"Action\": \"logs:CreateLogGroup\",\n            \"Resource\": \"arn:aws:logs:us-east-1:154320630104:*\"\n        },\n        {\n            \"Effect\": \"Allow\",\n            \"Action\": [\n                \"logs:CreateLogStream\",\n                \"logs:PutLogEvents\"\n            ],\n            \"Resource\": [\n                \"arn:aws:logs:us-east-1:154320630104:log-group:/aws/lambda/RegisterComponentLambda:*\"\n            ]\n        }\n    ]\n}"
          },
          "private": "bnVsbA=="
        }
      ]
    },
    {
      "module": "module.admin_lambdas",
      "mode": "managed",
      "type": "aws_iam_policy",
      "name": "seahorse_delete_lambdas_exec_policy",
      "provider": "provider[\"registry.terraform.io/hashicorp/aws\"]",
      "instances": [
        {
          "schema_version": 0,
          "attributes": {
            "arn": "arn:aws:iam::154320630104:policy/seahorse_delete_lambdas_exec_policy",
            "description": "",
            "id": "arn:aws:iam::154320630104:policy/seahorse_delete_lambdas_exec_policy",
            "name": "seahorse_delete_lambdas_exec_policy",
            "name_prefix": null,
            "path": "/",
            "policy": "{\n    \"Version\": \"2012-10-17\",\n    \"Statement\": [\n        {\n            \"Effect\": \"Allow\",\n            \"Action\": \"logs:CreateLogGroup\",\n            \"Resource\": \"arn:aws:logs:us-east-1:154320630104:*\"\n        },\n        {\n            \"Effect\": \"Allow\",\n            \"Action\": [\n                \"logs:CreateLogStream\",\n                \"logs:PutLogEvents\"\n            ],\n            \"Resource\": [\n                \"arn:aws:logs:us-east-1:154320630104:log-group:/aws/lambda/DeleteRegisteredComponent:*\"\n            ]\n        }\n    ]\n}"
          },
          "private": "bnVsbA=="
        }
      ]
    },
    {
      "module": "module.admin_lambdas",
      "mode": "managed",
      "type": "aws_iam_policy",
      "name": "seahorse_get_lambdas_exec_policy",
      "provider": "provider[\"registry.terraform.io/hashicorp/aws\"]",
      "instances": [
        {
          "schema_version": 0,
          "attributes": {
            "arn": "arn:aws:iam::154320630104:policy/seahorse_get_lambdas_exec_policy",
            "description": "",
            "id": "arn:aws:iam::154320630104:policy/seahorse_get_lambdas_exec_policy",
            "name": "seahorse_get_lambdas_exec_policy",
            "name_prefix": null,
            "path": "/",
            "policy": "{\n    \"Version\": \"2012-10-17\",\n    \"Statement\": [\n        {\n            \"Effect\": \"Allow\",\n            \"Action\": \"logs:CreateLogGroup\",\n            \"Resource\": \"arn:aws:logs:us-east-1:154320630104:*\"\n        },\n        {\n            \"Effect\": \"Allow\",\n            \"Action\": [\n                \"logs:CreateLogStream\",\n                \"logs:PutLogEvents\"\n            ],\n            \"Resource\": [\n                \"arn:aws:logs:us-east-1:154320630104:log-group:/aws/lambda/GetRegisteredComponents:*\"\n            ]\n        }\n    ]\n}"
          },
          "private": "bnVsbA=="
        }
      ]
    },
    {
      "module": "module.admin_lambdas",
      "mode": "managed",
      "type": "aws_iam_role",
      "name": "seahorse_iam_role_for_lambdas",
      "provider": "provider[\"registry.terraform.io/hashicorp/aws\"]",
      "instances": [
        {
          "schema_version": 0,
          "attributes": {
            "arn": "arn:aws:iam::154320630104:role/seahorse_iam_role_for_lambdas",
            "assume_role_policy": "{\"Version\":\"2012-10-17\",\"Statement\":[{\"Sid\":\"\",\"Effect\":\"Allow\",\"Principal\":{\"Service\":\"lambda.amazonaws.com\"},\"Action\":\"sts:AssumeRole\"}]}",
            "create_date": "2021-02-15T08:27:58Z",
            "description": "",
            "force_detach_policies": false,
            "id": "seahorse_iam_role_for_lambdas",
            "max_session_duration": 3600,
            "name": "seahorse_iam_role_for_lambdas",
            "name_prefix": null,
            "path": "/",
            "permissions_boundary": null,
            "tags": {},
            "unique_id": "AROASH3RZ6FMCL7YEK5UU"
          },
          "private": "bnVsbA=="
        }
      ]
    },
    {
      "module": "module.admin_lambdas",
      "mode": "managed",
      "type": "aws_iam_role_policy_attachment",
      "name": "admin_delete_lambda_exec",
      "provider": "provider[\"registry.terraform.io/hashicorp/aws\"]",
      "instances": [
        {
          "schema_version": 0,
          "attributes": {
            "id": "seahorse_iam_role_for_lambdas-20210215082813902500000002",
            "policy_arn": "arn:aws:iam::154320630104:policy/seahorse_delete_lambdas_exec_policy",
            "role": "seahorse_iam_role_for_lambdas"
          },
          "private": "bnVsbA==",
          "dependencies": [
            "module.admin_lambdas.aws_iam_policy.seahorse_delete_lambdas_exec_policy",
            "module.admin_lambdas.aws_iam_role.seahorse_iam_role_for_lambdas"
          ]
        }
      ]
    },
    {
      "module": "module.admin_lambdas",
      "mode": "managed",
      "type": "aws_iam_role_policy_attachment",
      "name": "admin_get_lambda_exec",
      "provider": "provider[\"registry.terraform.io/hashicorp/aws\"]",
      "instances": [
        {
          "schema_version": 0,
          "attributes": {
            "id": "seahorse_iam_role_for_lambdas-20210215082815518600000004",
            "policy_arn": "arn:aws:iam::154320630104:policy/seahorse_get_lambdas_exec_policy",
            "role": "seahorse_iam_role_for_lambdas"
          },
          "private": "bnVsbA==",
          "dependencies": [
            "module.admin_lambdas.aws_iam_policy.seahorse_get_lambdas_exec_policy",
            "module.admin_lambdas.aws_iam_role.seahorse_iam_role_for_lambdas"
          ]
        }
      ]
    },
    {
      "module": "module.admin_lambdas",
      "mode": "managed",
      "type": "aws_iam_role_policy_attachment",
      "name": "admin_lambda_dynamodb",
      "provider": "provider[\"registry.terraform.io/hashicorp/aws\"]",
      "instances": [
        {
          "schema_version": 0,
          "attributes": {
            "id": "seahorse_iam_role_for_lambdas-20210215082800572800000001",
            "policy_arn": "arn:aws:iam::aws:policy/AmazonDynamoDBFullAccess",
            "role": "seahorse_iam_role_for_lambdas"
          },
          "private": "bnVsbA==",
          "dependencies": [
            "module.admin_lambdas.aws_iam_role.seahorse_iam_role_for_lambdas"
          ]
        }
      ]
    },
    {
      "module": "module.admin_lambdas",
      "mode": "managed",
      "type": "aws_iam_role_policy_attachment",
      "name": "admin_register_lambda_exec",
      "provider": "provider[\"registry.terraform.io/hashicorp/aws\"]",
      "instances": [
        {
          "schema_version": 0,
          "attributes": {
            "id": "seahorse_iam_role_for_lambdas-20210215082814353700000003",
            "policy_arn": "arn:aws:iam::154320630104:policy/seahorse_admin_lambdas_exec_policy",
            "role": "seahorse_iam_role_for_lambdas"
          },
          "private": "bnVsbA==",
          "dependencies": [
            "module.admin_lambdas.aws_iam_policy.seahorse_admin_lambdas_exec_policy",
            "module.admin_lambdas.aws_iam_role.seahorse_iam_role_for_lambdas"
          ]
        }
      ]
    },
    {
      "module": "module.admin_lambdas",
      "mode": "managed",
      "type": "aws_lambda_function",
      "name": "DeleteRegisteredComponent",
      "provider": "provider[\"registry.terraform.io/hashicorp/aws\"]",
      "instances": [
        {
          "schema_version": 0,
          "attributes": {
            "arn": "arn:aws:lambda:us-east-1:154320630104:function:DeleteRegisteredComponent",
            "code_signing_config_arn": "",
            "dead_letter_config": [],
            "description": "",
            "environment": [
              {
                "variables": {
                  "environment": "dev1"
                }
              }
            ],
            "file_system_config": [],
            "filename": "../seahorse/server/app.adminservices/target/adminservices-1.0.jar",
            "function_name": "DeleteRegisteredComponent",
            "handler": "com.globallink.admin.fsbl.DeleteComponentService::handleRequest",
            "id": "DeleteRegisteredComponent",
            "image_config": [],
            "image_uri": "",
            "invoke_arn": "arn:aws:apigateway:us-east-1:lambda:path/2015-03-31/functions/arn:aws:lambda:us-east-1:154320630104:function:DeleteRegisteredComponent/invocations",
            "kms_key_arn": "",
            "last_modified": "2021-02-20T02:29:49.408+0000",
            "layers": [],
            "memory_size": 2048,
            "package_type": "Zip",
            "publish": true,
            "qualified_arn": "arn:aws:lambda:us-east-1:154320630104:function:DeleteRegisteredComponent:5",
            "reserved_concurrent_executions": -1,
            "role": "arn:aws:iam::154320630104:role/seahorse_iam_role_for_lambdas",
            "runtime": "java8",
            "s3_bucket": null,
            "s3_key": null,
            "s3_object_version": null,
            "signing_job_arn": "",
            "signing_profile_version_arn": "",
            "source_code_hash": "aif1yXxt/yssSN/audo31G7yVNHGabuNNaA7bOMtgfE=",
            "source_code_size": 20362080,
            "tags": {},
            "timeout": 15,
            "timeouts": null,
            "tracing_config": [
              {
                "mode": "PassThrough"
              }
            ],
            "version": "5",
            "vpc_config": []
          },
          "private": "eyJlMmJmYjczMC1lY2FhLTExZTYtOGY4OC0zNDM2M2JjN2M0YzAiOnsiY3JlYXRlIjo2MDAwMDAwMDAwMDB9fQ==",
          "dependencies": [
            "module.admin_lambdas.aws_iam_role.seahorse_iam_role_for_lambdas"
          ]
        }
      ]
    },
    {
      "module": "module.admin_lambdas",
      "mode": "managed",
      "type": "aws_lambda_function",
      "name": "GetRegisteredComponents",
      "provider": "provider[\"registry.terraform.io/hashicorp/aws\"]",
      "instances": [
        {
          "schema_version": 0,
          "attributes": {
            "arn": "arn:aws:lambda:us-east-1:154320630104:function:GetRegisteredComponents",
            "code_signing_config_arn": "",
            "dead_letter_config": [],
            "description": "",
            "environment": [
              {
                "variables": {
                  "environment": "dev1"
                }
              }
            ],
            "file_system_config": [],
            "filename": "../seahorse/server/app.adminservices/target/adminservices-1.0.jar",
            "function_name": "GetRegisteredComponents",
            "handler": "com.globallink.admin.fsbl.GetComponentService::handleRequest",
            "id": "GetRegisteredComponents",
            "image_config": [],
            "image_uri": "",
            "invoke_arn": "arn:aws:apigateway:us-east-1:lambda:path/2015-03-31/functions/arn:aws:lambda:us-east-1:154320630104:function:GetRegisteredComponents/invocations",
            "kms_key_arn": "",
            "last_modified": "2021-02-20T02:29:50.044+0000",
            "layers": [],
            "memory_size": 2048,
            "package_type": "Zip",
            "publish": true,
            "qualified_arn": "arn:aws:lambda:us-east-1:154320630104:function:GetRegisteredComponents:12",
            "reserved_concurrent_executions": -1,
            "role": "arn:aws:iam::154320630104:role/seahorse_iam_role_for_lambdas",
            "runtime": "java8",
            "s3_bucket": null,
            "s3_key": null,
            "s3_object_version": null,
            "signing_job_arn": "",
            "signing_profile_version_arn": "",
            "source_code_hash": "kwMBldoEVrgQLpKD8/ICxeQdEoGxoR9Bbg+cNjeSMCE=",
            "source_code_size": 20362109,
            "tags": {},
            "timeout": 15,
            "timeouts": null,
            "tracing_config": [
              {
                "mode": "PassThrough"
              }
            ],
            "version": "12",
            "vpc_config": []
          },
          "private": "eyJlMmJmYjczMC1lY2FhLTExZTYtOGY4OC0zNDM2M2JjN2M0YzAiOnsiY3JlYXRlIjo2MDAwMDAwMDAwMDB9fQ==",
          "dependencies": [
            "module.admin_lambdas.aws_iam_role.seahorse_iam_role_for_lambdas"
          ]
        }
      ]
    },
    {
      "module": "module.admin_lambdas",
      "mode": "managed",
      "type": "aws_lambda_function",
      "name": "RegisterComponentLambda",
      "provider": "provider[\"registry.terraform.io/hashicorp/aws\"]",
      "instances": [
        {
          "schema_version": 0,
          "attributes": {
            "arn": "arn:aws:lambda:us-east-1:154320630104:function:RegisterComponentLambda",
            "code_signing_config_arn": "",
            "dead_letter_config": [],
            "description": "",
            "environment": [
              {
                "variables": {
                  "environment": "dev1"
                }
              }
            ],
            "file_system_config": [],
            "filename": "../seahorse/server/app.adminservices/target/adminservices-1.0.jar",
            "function_name": "RegisterComponentLambda",
            "handler": "com.globallink.admin.fsbl.RegisterComponentService::handleRequest",
            "id": "RegisterComponentLambda",
            "image_config": [],
            "image_uri": "",
            "invoke_arn": "arn:aws:apigateway:us-east-1:lambda:path/2015-03-31/functions/arn:aws:lambda:us-east-1:154320630104:function:RegisterComponentLambda/invocations",
            "kms_key_arn": "",
            "last_modified": "2021-02-20T02:29:50.726+0000",
            "layers": [],
            "memory_size": 2048,
            "package_type": "Zip",
            "publish": true,
            "qualified_arn": "arn:aws:lambda:us-east-1:154320630104:function:RegisterComponentLambda:12",
            "reserved_concurrent_executions": -1,
            "role": "arn:aws:iam::154320630104:role/seahorse_iam_role_for_lambdas",
            "runtime": "java8",
            "s3_bucket": null,
            "s3_key": null,
            "s3_object_version": null,
            "signing_job_arn": "",
            "signing_profile_version_arn": "",
            "source_code_hash": "aif1yXxt/yssSN/audo31G7yVNHGabuNNaA7bOMtgfE=",
            "source_code_size": 20362080,
            "tags": {},
            "timeout": 15,
            "timeouts": null,
            "tracing_config": [
              {
                "mode": "PassThrough"
              }
            ],
            "version": "12",
            "vpc_config": []
          },
          "private": "eyJlMmJmYjczMC1lY2FhLTExZTYtOGY4OC0zNDM2M2JjN2M0YzAiOnsiY3JlYXRlIjo2MDAwMDAwMDAwMDB9fQ==",
          "dependencies": [
            "module.admin_lambdas.aws_iam_role.seahorse_iam_role_for_lambdas"
          ]
        }
      ]
    },
    {
      "module": "module.admin_lambdas",
      "mode": "managed",
      "type": "aws_lambda_permission",
      "name": "allow_cloudwatch_to_ping_delete_lambda",
      "provider": "provider[\"registry.terraform.io/hashicorp/aws\"]",
      "instances": [
        {
          "schema_version": 0,
          "attributes": {
            "action": "lambda:InvokeFunction",
            "event_source_token": null,
            "function_name": "DeleteRegisteredComponent",
            "id": "AllowExecutionFromCloudWatch",
            "principal": "events.amazonaws.com",
            "qualifier": "",
            "source_account": null,
            "source_arn": "arn:aws:events:us-east-1:154320630104:rule/one_minute_ping",
            "statement_id": "AllowExecutionFromCloudWatch",
            "statement_id_prefix": null
          },
          "private": "bnVsbA==",
          "dependencies": [
            "module.admin_lambdas.aws_cloudwatch_event_rule.one_minute_ping",
            "module.admin_lambdas.aws_iam_role.seahorse_iam_role_for_lambdas",
            "module.admin_lambdas.aws_lambda_function.DeleteRegisteredComponent"
          ]
        }
      ]
    },
    {
      "module": "module.admin_lambdas",
      "mode": "managed",
      "type": "aws_lambda_permission",
      "name": "allow_cloudwatch_to_ping_get_lambda",
      "provider": "provider[\"registry.terraform.io/hashicorp/aws\"]",
      "instances": [
        {
          "schema_version": 0,
          "attributes": {
            "action": "lambda:InvokeFunction",
            "event_source_token": null,
            "function_name": "GetRegisteredComponents",
            "id": "AllowExecutionFromCloudWatch",
            "principal": "events.amazonaws.com",
            "qualifier": "",
            "source_account": null,
            "source_arn": "arn:aws:events:us-east-1:154320630104:rule/one_minute_ping",
            "statement_id": "AllowExecutionFromCloudWatch",
            "statement_id_prefix": null
          },
          "private": "bnVsbA==",
          "dependencies": [
            "module.admin_lambdas.aws_cloudwatch_event_rule.one_minute_ping",
            "module.admin_lambdas.aws_iam_role.seahorse_iam_role_for_lambdas",
            "module.admin_lambdas.aws_lambda_function.GetRegisteredComponents"
          ]
        }
      ]
    },
    {
      "module": "module.admin_lambdas",
      "mode": "managed",
      "type": "aws_lambda_permission",
      "name": "allow_cloudwatch_to_ping_register_lambda",
      "provider": "provider[\"registry.terraform.io/hashicorp/aws\"]",
      "instances": [
        {
          "schema_version": 0,
          "attributes": {
            "action": "lambda:InvokeFunction",
            "event_source_token": null,
            "function_name": "RegisterComponentLambda",
            "id": "AllowExecutionFromCloudWatch",
            "principal": "events.amazonaws.com",
            "qualifier": "",
            "source_account": null,
            "source_arn": "arn:aws:events:us-east-1:154320630104:rule/one_minute_ping",
            "statement_id": "AllowExecutionFromCloudWatch",
            "statement_id_prefix": null
          },
          "private": "bnVsbA==",
          "dependencies": [
            "module.admin_lambdas.aws_cloudwatch_event_rule.one_minute_ping",
            "module.admin_lambdas.aws_iam_role.seahorse_iam_role_for_lambdas",
            "module.admin_lambdas.aws_lambda_function.RegisterComponentLambda"
          ]
        }
      ]
    },
    {
      "module": "module.auth",
      "mode": "managed",
      "type": "aws_cognito_identity_pool",
      "name": "seahorse_identity_pool",
      "provider": "provider[\"registry.terraform.io/hashicorp/aws\"]",
      "instances": [
        {
          "schema_version": 0,
          "attributes": {
            "allow_unauthenticated_identities": false,
            "arn": "arn:aws:cognito-identity:us-east-1:154320630104:identitypool/us-east-1:9aa97594-aede-47c1-a7b8-9f4d85e08105",
            "cognito_identity_providers": [
              {
                "client_id": "14tm5cm7hsb6v6n4n9nr8thbeu",
                "provider_name": "cognito-idp.us-east-1.amazonaws.com/us-east-1_I7lfFeOsW",
                "server_side_token_check": false
              }
            ],
            "developer_provider_name": "",
            "id": "us-east-1:9aa97594-aede-47c1-a7b8-9f4d85e08105",
            "identity_pool_name": "SeaHorse Identity Pool",
            "openid_connect_provider_arns": [],
            "saml_provider_arns": [],
            "supported_login_providers": {},
            "tags": {}
          },
          "private": "bnVsbA==",
          "dependencies": [
            "module.auth.aws_cognito_identity_provider.identity_provider_sso",
            "module.auth.aws_cognito_user_pool.seahorse_user_pool",
            "module.auth.aws_cognito_user_pool_client.seahorse_web_client"
          ]
        }
      ]
    },
    {
      "module": "module.auth",
      "mode": "managed",
      "type": "aws_cognito_identity_pool_roles_attachment",
      "name": "seahorse_identity_pool_roles",
      "provider": "provider[\"registry.terraform.io/hashicorp/aws\"]",
      "instances": [
        {
          "schema_version": 0,
          "attributes": {
            "id": "us-east-1:9aa97594-aede-47c1-a7b8-9f4d85e08105",
            "identity_pool_id": "us-east-1:9aa97594-aede-47c1-a7b8-9f4d85e08105",
            "role_mapping": [],
            "roles": {
              "authenticated": "arn:aws:iam::154320630104:role/auth_web_iam_role",
              "unauthenticated": "arn:aws:iam::154320630104:role/unauth_web_iam_role"
            }
          },
          "private": "bnVsbA==",
          "dependencies": [
            "module.auth.aws_cognito_identity_pool.seahorse_identity_pool",
            "module.auth.aws_cognito_identity_provider.identity_provider_sso",
            "module.auth.aws_cognito_user_pool.seahorse_user_pool",
            "module.auth.aws_cognito_user_pool_client.seahorse_web_client",
            "module.auth.aws_iam_role.auth_web_iam_role",
            "module.auth.aws_iam_role.unauth_web_iam_role"
          ]
        }
      ]
    },
    {
      "module": "module.auth",
      "mode": "managed",
      "type": "aws_cognito_identity_provider",
      "name": "identity_provider_sso",
      "provider": "provider[\"registry.terraform.io/hashicorp/aws\"]",
      "instances": [
        {
          "schema_version": 0,
          "attributes": {
            "attribute_mapping": {
              "email": "emailaddress",
              "profile": "glauth"
            },
            "id": "us-east-1_I7lfFeOsW:Globallink",
            "idp_identifiers": null,
            "provider_details": {
              "MetadataFile": "\u003cEntityDescriptor ID=\"SM131094aae28f2cb1a18f12be2be05911d7bcdbfd267\" entityID=\"https://my.qa1.globallink.com/glawssh474f5702glqa1\" xmlns=\"urn:oasis:names:tc:SAML:2.0:metadata\"\u003e\n    \u003cIDPSSODescriptor WantAuthnRequestsSigned=\"false\" ID=\"SMff3f74b5194176228fe2beaf243ad0359308102a4e\" protocolSupportEnumeration=\"urn:oasis:names:tc:SAML:2.0:protocol\"\u003e\n        \u003cKeyDescriptor use=\"signing\"\u003e\n            \u003cns1:KeyInfo Id=\"SM292c09e3a9ad4cbe7ea412aa2140efae34bdd0e88d\" xmlns:ns1=\"http://www.w3.org/2000/09/xmldsig#\"\u003e\n                \u003cns1:X509Data\u003e\n                    \u003cns1:X509IssuerSerial\u003e\n                        \u003cns1:X509IssuerName\u003eCN=glseahorsessadev1glqa1,OU=SSOProvider,O=Global Link,L=Boston,ST=Massachusetts,C=US\u003c/ns1:X509IssuerName\u003e\n                        \u003cns1:X509SerialNumber\u003e345118500\u003c/ns1:X509SerialNumber\u003e\n                    \u003c/ns1:X509IssuerSerial\u003e\n                    \u003cns1:X509Certificate\u003eMIIDhDCCAmygAwIBAgIEFJIXJDANBgkqhkiG9w0BAQsFADCBgzELMAkGA1UEBhMCVVMxFjAUBgNVBAgTDU1hc3NhY2h1c2V0dHMxDzANBgNVBAcTBkJvc3RvbjEUMBIGA1UEChMLR2xvYmFsIExpbmsxFDASBgNVBAsTC1NTT1Byb3ZpZGVyMR8wHQYDVQQDExZnbHNlYWhvcnNlc3NhZGV2MWdscWExMB4XDTIwMTIwODE4MTUwMFoXDTMwMTIwNjE4MTUwMFowgYMxCzAJBgNVBAYTAlVTMRYwFAYDVQQIEw1NYXNzYWNodXNldHRzMQ8wDQYDVQQHEwZCb3N0b24xFDASBgNVBAoTC0dsb2JhbCBMaW5rMRQwEgYDVQQLEwtTU09Qcm92aWRlcjEfMB0GA1UEAxMWZ2xzZWFob3JzZXNzYWRldjFnbHFhMTCCASIwDQYJKoZIhvcNAQEBBQADggEPADCCAQoCggEBAJzjxYsUpRc/1wnvvaz2yIPMfFHuM5mO5/wSzVHADqUuvAtCr368HAKKWQ5PxZtV+QtVJ4PzmobuNMsj+ED92gqfH5G0QclHx4EPLshI1zUkkYo2lHuFkALE/82FOaQFmcc+TYXrsfdoj0N7VIp3SuXWXjwquH0cMNSOlCUYBZViHe+aFzM9KF//qs0mV5CX+gYLgn7jT3GYymLVEFRNHX3eBSsDS9tmIw7ypQnPgQG7iLwyESlmBD2gnALPUSDpZ/guuxw27AKqiPz3MPffZFOGvyI0zS8eNL3OxbPx1fa4yx+j1gOtO6NiDJj609nO9+4xIdPJZbSrShgeCuGSvK0CAwEAATANBgkqhkiG9w0BAQsFAAOCAQEAffbmNfxsOYb6cXQIwLltI23+YuMCge9ad4I+wUizajTywIgTrn7VXeaW3Vwfj1u5L6/9YSWPO+k2xbcV4FS/YZclkNu7hY7eTuB5czJQzZuVrLQkWBnqhfzE4fZmcx522ooGJnWezBJMblO0vCQhVTWb3A3bVUQ2bVe/ymoQf5lqEITfxLBsL+c8Q1E8+jivHqcqHuL/P+McH3odhx1AWpCztU62uOgAau882FrxsvqGvtV/Jc3flNw0ijH35FH2l98lyfj30o2ZLPZlYrYgQt47YfM+GNpMgrKCaiRSyvclm+xL9GE0MNITZGcNvlkd4WvcwTCdhGtogiq5mUx48Q==\u003c/ns1:X509Certificate\u003e\n                    \u003cns1:X509SubjectName\u003eCN=glseahorsessadev1glqa1,OU=SSOProvider,O=Global Link,L=Boston,ST=Massachusetts,C=US\u003c/ns1:X509SubjectName\u003e\n                \u003c/ns1:X509Data\u003e\n            \u003c/ns1:KeyInfo\u003e\n        \u003c/KeyDescriptor\u003e\n        \u003cNameIDFormat\u003eurn:oasis:names:tc:SAML:2.0:nameid-format:persistent\u003c/NameIDFormat\u003e\n        \u003cSingleSignOnService Binding=\"urn:oasis:names:tc:SAML:2.0:bindings:HTTP-Redirect\" Location=\"https://my.qa1.globallink.com/affwebservices/public/saml2sso?SPID=https://gl-seahorse.auth.us-east-1.amazoncognito.com\"/\u003e\n        \u003cSingleSignOnService Binding=\"urn:oasis:names:tc:SAML:2.0:bindings:HTTP-POST\" Location=\"https://my.qa1.globallink.com/affwebservices/public/saml2sso?SPID=https://gl-seahorse.auth.us-east-1.amazoncognito.com\"/\u003e\n        \u003cns2:Attribute Name=\"givenname\" NameFormat=\"urn:oasis:names:tc:SAML:2.0:attrname-format:unspecified\" xmlns:ns2=\"urn:oasis:names:tc:SAML:2.0:assertion\"/\u003e\n        \u003cns3:Attribute Name=\"surname\" NameFormat=\"urn:oasis:names:tc:SAML:2.0:attrname-format:unspecified\" xmlns:ns3=\"urn:oasis:names:tc:SAML:2.0:assertion\"/\u003e\n        \u003cns4:Attribute Name=\"emailaddress\" NameFormat=\"urn:oasis:names:tc:SAML:2.0:attrname-format:unspecified\" xmlns:ns4=\"urn:oasis:names:tc:SAML:2.0:assertion\"/\u003e\n        \u003cns5:Attribute Name=\"name\" NameFormat=\"urn:oasis:names:tc:SAML:2.0:attrname-format:unspecified\" xmlns:ns5=\"urn:oasis:names:tc:SAML:2.0:assertion\"/\u003e\n    \u003c/IDPSSODescriptor\u003e\n\u003c/EntityDescriptor\u003e",
              "SSORedirectBindingURI": "https://my.qa1.globallink.com/affwebservices/public/saml2sso?SPID=https://gl-seahorse.auth.us-east-1.amazoncognito.com"
            },
            "provider_name": "Globallink",
            "provider_type": "SAML",
            "user_pool_id": "us-east-1_I7lfFeOsW"
          },
          "private": "bnVsbA==",
          "dependencies": [
            "module.auth.aws_cognito_user_pool.seahorse_user_pool"
          ]
        }
      ]
    },
    {
      "module": "module.auth",
      "mode": "managed",
      "type": "aws_cognito_user_pool",
      "name": "seahorse_user_pool",
      "provider": "provider[\"registry.terraform.io/hashicorp/aws\"]",
      "instances": [
        {
          "schema_version": 0,
          "attributes": {
            "account_recovery_setting": [],
            "admin_create_user_config": [
              {
                "allow_admin_create_user_only": false,
                "invite_message_template": []
              }
            ],
            "alias_attributes": null,
            "arn": "arn:aws:cognito-idp:us-east-1:154320630104:userpool/us-east-1_I7lfFeOsW",
            "auto_verified_attributes": null,
            "creation_date": "2021-02-20T02:40:03Z",
            "device_configuration": [],
            "email_configuration": [
              {
                "email_sending_account": "COGNITO_DEFAULT",
                "from_email_address": "",
                "reply_to_email_address": "",
                "source_arn": ""
              }
            ],
            "email_verification_message": null,
            "email_verification_subject": null,
            "endpoint": "cognito-idp.us-east-1.amazonaws.com/us-east-1_I7lfFeOsW",
            "id": "us-east-1_I7lfFeOsW",
            "lambda_config": [],
            "last_modified_date": "2021-02-20T02:40:03Z",
            "mfa_configuration": "OFF",
            "name": "SeaHorse User Pool",
            "password_policy": [
              {
                "minimum_length": 8,
                "require_lowercase": true,
                "require_numbers": true,
                "require_symbols": true,
                "require_uppercase": true,
                "temporary_password_validity_days": 7
              }
            ],
            "schema": [
              {
                "attribute_data_type": "String",
                "developer_only_attribute": null,
                "mutable": true,
                "name": "email",
                "number_attribute_constraints": [],
                "required": true,
                "string_attribute_constraints": []
              }
            ],
            "sms_authentication_message": null,
            "sms_configuration": [],
            "sms_verification_message": null,
            "software_token_mfa_configuration": [],
            "tags": null,
            "user_pool_add_ons": [],
            "username_attributes": [
              "email"
            ],
            "username_configuration": [],
            "verification_message_template": [
              {
                "default_email_option": "CONFIRM_WITH_CODE",
                "email_message": "",
                "email_message_by_link": "",
                "email_subject": "",
                "email_subject_by_link": "",
                "sms_message": ""
              }
            ]
          },
          "private": "bnVsbA=="
        }
      ]
    },
    {
      "module": "module.auth",
      "mode": "managed",
      "type": "aws_cognito_user_pool_client",
      "name": "seahorse_web_client",
      "provider": "provider[\"registry.terraform.io/hashicorp/aws\"]",
      "instances": [
        {
          "schema_version": 0,
          "attributes": {
            "allowed_oauth_flows": [
              "code",
              "implicit"
            ],
            "allowed_oauth_flows_user_pool_client": true,
            "allowed_oauth_scopes": [
              "aws.cognito.signin.user.admin",
              "email",
              "openid",
              "phone",
              "profile"
            ],
            "analytics_configuration": [],
            "callback_urls": [
              "http://localhost:3375/local.seahorse.finsemble/components/seaHorseAuthentication/SeaHorseAuthentication.html,https://s3.amazonaws.com/dev.seahorse.finsemble/components/seaHorseAuthentication/SeaHorseAuthentication.html"
            ],
            "client_secret": "",
            "default_redirect_uri": "",
            "explicit_auth_flows": [
              "ADMIN_NO_SRP_AUTH"
            ],
            "generate_secret": false,
            "id": "14tm5cm7hsb6v6n4n9nr8thbeu",
            "logout_urls": [
              "http://localhost:3375/local.seahorse.finsemble/components/seaHorseAuthentication/SeaHorseAuthentication.html,https://s3.amazonaws.com/dev.seahorse.finsemble/components/seaHorseAuthentication/SeaHorseAuthentication.html"
            ],
            "name": "seahorse_web_client",
            "prevent_user_existence_errors": "",
            "read_attributes": null,
            "refresh_token_validity": 30,
            "supported_identity_providers": [
              "COGNITO",
              "Globallink"
            ],
            "user_pool_id": "us-east-1_I7lfFeOsW",
            "write_attributes": null
          },
          "private": "bnVsbA==",
          "dependencies": [
            "module.auth.aws_cognito_identity_provider.identity_provider_sso",
            "module.auth.aws_cognito_user_pool.seahorse_user_pool"
          ]
        }
      ]
    },
    {
      "module": "module.auth",
      "mode": "managed",
      "type": "aws_cognito_user_pool_domain",
      "name": "seahorse_auth_domain",
      "provider": "provider[\"registry.terraform.io/hashicorp/aws\"]",
      "instances": [
        {
          "schema_version": 0,
          "attributes": {
            "aws_account_id": "154320630104",
            "certificate_arn": "",
            "cloudfront_distribution_arn": "d3oia8etllorh5.cloudfront.net",
            "domain": "dev1-globallink",
            "id": "dev1-globallink",
            "s3_bucket": "aws-cognito-prod-iad-assets",
            "user_pool_id": "us-east-1_I7lfFeOsW",
            "version": "20210220024006"
          },
          "private": "bnVsbA==",
          "dependencies": [
            "module.auth.aws_cognito_user_pool.seahorse_user_pool"
          ]
        }
      ]
    },
    {
      "module": "module.auth",
      "mode": "managed",
      "type": "aws_iam_role",
      "name": "auth_web_iam_role",
      "provider": "provider[\"registry.terraform.io/hashicorp/aws\"]",
      "instances": [
        {
          "schema_version": 0,
          "attributes": {
            "arn": "arn:aws:iam::154320630104:role/auth_web_iam_role",
            "assume_role_policy": "{\"Version\":\"2012-10-17\",\"Statement\":[{\"Sid\":\"\",\"Effect\":\"Allow\",\"Principal\":{\"Federated\":\"cognito-identity.amazonaws.com\"},\"Action\":\"sts:AssumeRoleWithWebIdentity\",\"Condition\":{\"StringEquals\":{\"cognito-identity.amazonaws.com:aud\":\"us-east-1:9aa97594-aede-47c1-a7b8-9f4d85e08105\"},\"ForAnyValue:StringLike\":{\"cognito-identity.amazonaws.com:amr\":\"authenticated\"}}}]}",
            "create_date": "2021-02-20T02:01:49Z",
            "description": "",
            "force_detach_policies": false,
            "id": "auth_web_iam_role",
            "max_session_duration": 3600,
            "name": "auth_web_iam_role",
            "name_prefix": null,
            "path": "/",
            "permissions_boundary": null,
            "tags": {},
            "unique_id": "AROASH3RZ6FMGM2XWJBW3"
          },
          "private": "bnVsbA==",
          "dependencies": [
            "module.auth.aws_cognito_identity_pool.seahorse_identity_pool",
            "module.auth.aws_cognito_identity_provider.identity_provider_sso",
            "module.auth.aws_cognito_user_pool.seahorse_user_pool",
            "module.auth.aws_cognito_user_pool_client.seahorse_web_client"
          ]
        }
      ]
    },
    {
      "module": "module.auth",
      "mode": "managed",
      "type": "aws_iam_role",
      "name": "unauth_web_iam_role",
      "provider": "provider[\"registry.terraform.io/hashicorp/aws\"]",
      "instances": [
        {
          "schema_version": 0,
          "attributes": {
            "arn": "arn:aws:iam::154320630104:role/unauth_web_iam_role",
            "assume_role_policy": "{\"Version\":\"2012-10-17\",\"Statement\":[{\"Sid\":\"\",\"Effect\":\"Allow\",\"Principal\":{\"Federated\":\"cognito-identity.amazonaws.com\"},\"Action\":\"sts:AssumeRoleWithWebIdentity\",\"Condition\":{\"StringEquals\":{\"cognito-identity.amazonaws.com:aud\":\"us-east-1:9aa97594-aede-47c1-a7b8-9f4d85e08105\"},\"ForAnyValue:StringLike\":{\"cognito-identity.amazonaws.com:amr\":\"unauthenticated\"}}}]}",
            "create_date": "2021-02-20T02:01:49Z",
            "description": "",
            "force_detach_policies": false,
            "id": "unauth_web_iam_role",
            "max_session_duration": 3600,
            "name": "unauth_web_iam_role",
            "name_prefix": null,
            "path": "/",
            "permissions_boundary": null,
            "tags": {},
            "unique_id": "AROASH3RZ6FMEGK3A4MSK"
          },
          "private": "bnVsbA==",
          "dependencies": [
            "module.auth.aws_cognito_identity_pool.seahorse_identity_pool",
            "module.auth.aws_cognito_identity_provider.identity_provider_sso",
            "module.auth.aws_cognito_user_pool.seahorse_user_pool",
            "module.auth.aws_cognito_user_pool_client.seahorse_web_client"
          ]
        }
      ]
    },
    {
      "module": "module.auth",
      "mode": "managed",
      "type": "aws_iam_role_policy",
      "name": "web_iam_unauth_role_policy",
      "provider": "provider[\"registry.terraform.io/hashicorp/aws\"]",
      "instances": [
        {
          "schema_version": 0,
          "attributes": {
            "id": "unauth_web_iam_role:web_iam_unauth_role_policy",
            "name": "web_iam_unauth_role_policy",
            "name_prefix": null,
            "policy": "{\n    \"Version\": \"2012-10-17\",\n    \"Statement\": [\n         {\n              \"Sid\": \"\",\n              \"Action\": \"*\",\n              \"Effect\": \"Deny\",\n              \"Resource\": \"*\"\n         }\n    ]\n}",
            "role": "unauth_web_iam_role"
          },
          "private": "bnVsbA==",
          "dependencies": [
            "module.auth.aws_cognito_identity_pool.seahorse_identity_pool",
            "module.auth.aws_cognito_identity_provider.identity_provider_sso",
            "module.auth.aws_cognito_user_pool.seahorse_user_pool",
            "module.auth.aws_cognito_user_pool_client.seahorse_web_client",
            "module.auth.aws_iam_role.unauth_web_iam_role"
          ]
        }
      ]
    },
    {
      "module": "module.dynamo_db",
      "mode": "managed",
      "type": "aws_dynamodb_table",
      "name": "component-dynamodb-table",
      "provider": "provider[\"registry.terraform.io/hashicorp/aws\"]",
      "instances": [
        {
          "schema_version": 1,
          "attributes": {
            "arn": "arn:aws:dynamodb:us-east-1:154320630104:table/FSBL_COMPONENTS",
            "attribute": [
              {
                "name": "GROUP_ID",
                "type": "S"
              }
            ],
            "billing_mode": "PROVISIONED",
            "global_secondary_index": [],
            "hash_key": "GROUP_ID",
            "id": "FSBL_COMPONENTS",
            "local_secondary_index": [],
            "name": "FSBL_COMPONENTS",
            "point_in_time_recovery": [
              {
                "enabled": false
              }
            ],
            "range_key": null,
            "read_capacity": 5,
            "replica": [],
            "server_side_encryption": [],
            "stream_arn": "",
            "stream_enabled": false,
            "stream_label": "",
            "stream_view_type": "",
            "tags": {
              "Environment": "dev1"
            },
            "timeouts": null,
            "ttl": [
              {
                "attribute_name": "",
                "enabled": false
              }
            ],
            "write_capacity": 5
          },
          "private": "eyJlMmJmYjczMC1lY2FhLTExZTYtOGY4OC0zNDM2M2JjN2M0YzAiOnsiY3JlYXRlIjo2MDAwMDAwMDAwMDAsImRlbGV0ZSI6NjAwMDAwMDAwMDAwLCJ1cGRhdGUiOjM2MDAwMDAwMDAwMDB9LCJzY2hlbWFfdmVyc2lvbiI6IjEifQ=="
        }
      ]
    },
    {
      "module": "module.waf",
      "mode": "managed",
      "type": "aws_waf_ipset",
      "name": "ipset",
      "provider": "provider[\"registry.terraform.io/hashicorp/aws\"]",
      "instances": [
        {
          "schema_version": 0,
          "attributes": {
            "arn": "arn:aws:waf::154320630104:ipset/ae5123c7-4e1b-4a17-b6bf-9b90a8747033",
            "id": "ae5123c7-4e1b-4a17-b6bf-9b90a8747033",
            "ip_set_descriptors": [
              {
                "type": "IPV4",
                "value": "10.20.54.0/24"
              },
              {
                "type": "IPV4",
                "value": "147.161.166.0/24"
              },
              {
                "type": "IPV4",
                "value": "159.18.234.12/32"
              },
              {
                "type": "IPV4",
                "value": "159.18.234.5/32"
              },
              {
                "type": "IPV4",
                "value": "165.225.220.0/24"
              },
              {
                "type": "IPV4",
                "value": "165.225.38.0/24"
              },
              {
                "type": "IPV4",
                "value": "165.225.39.0/24"
              },
              {
                "type": "IPV4",
                "value": "185.84.23.5/32"
              },
              {
                "type": "IPV4",
                "value": "208.89.236.196/32"
              },
              {
                "type": "IPV4",
                "value": "208.89.239.4/32"
              },
              {
                "type": "IPV4",
                "value": "208.89.239.5/32"
              },
              {
                "type": "IPV4",
                "value": "63.106.110.14/32"
              },
              {
                "type": "IPV4",
                "value": "63.106.110.9/32"
              },
              {
                "type": "IPV4",
                "value": "74.204.251.4/32"
              }
            ],
            "name": "dev1.seahorse.ipset"
          },
          "private": "bnVsbA=="
        }
      ]
    },
    {
      "module": "module.waf",
      "mode": "managed",
      "type": "aws_waf_rule",
      "name": "wafrule",
      "provider": "provider[\"registry.terraform.io/hashicorp/aws\"]",
      "instances": [
        {
          "schema_version": 0,
          "attributes": {
            "arn": "arn:aws:waf::154320630104:rule/3b015a7f-938e-4e77-aa8e-d908728f93cf",
            "id": "3b015a7f-938e-4e77-aa8e-d908728f93cf",
            "metric_name": "IPMatchRule",
            "name": "IPMatchRule",
            "predicates": [
              {
                "data_id": "ae5123c7-4e1b-4a17-b6bf-9b90a8747033",
                "negated": false,
                "type": "IPMatch"
              }
            ],
            "tags": {}
          },
          "private": "bnVsbA==",
          "dependencies": [
            "module.waf.aws_waf_ipset.ipset"
          ]
        }
      ]
    },
    {
      "module": "module.waf",
      "mode": "managed",
      "type": "aws_waf_web_acl",
      "name": "waf_acl",
      "provider": "provider[\"registry.terraform.io/hashicorp/aws\"]",
      "instances": [
        {
          "schema_version": 0,
          "attributes": {
            "arn": "arn:aws:waf::154320630104:webacl/33df77f5-22d6-459c-aa57-6c41eb668f94",
            "default_action": [
              {
                "type": "BLOCK"
              }
            ],
            "id": "33df77f5-22d6-459c-aa57-6c41eb668f94",
            "logging_configuration": [],
            "metric_name": "AllowSourceIPs",
            "name": "AllowSourceIPs",
            "rules": [
              {
                "action": [
                  {
                    "type": "ALLOW"
                  }
                ],
                "override_action": [],
                "priority": 1,
                "rule_id": "3b015a7f-938e-4e77-aa8e-d908728f93cf",
                "type": "REGULAR"
              }
            ],
            "tags": {}
          },
          "private": "bnVsbA==",
          "dependencies": [
            "module.waf.aws_waf_ipset.ipset",
            "module.waf.aws_waf_rule.wafrule"
          ]
        }
      ]
    },
    {
      "module": "module.web-admin-api",
      "mode": "managed",
      "type": "aws_api_gateway_deployment",
      "name": "admin_api_deployment",
      "provider": "provider[\"registry.terraform.io/hashicorp/aws\"]",
      "instances": [
        {
          "schema_version": 0,
          "attributes": {
            "created_date": "2021-02-20T02:29:58Z",
            "description": "",
            "execution_arn": "arn:aws:execute-api:us-east-1:154320630104:uprb5ozxub/dev1",
            "id": "v4cvjf",
            "invoke_url": "https://uprb5ozxub.execute-api.us-east-1.amazonaws.com/dev1",
            "rest_api_id": "uprb5ozxub",
            "stage_description": null,
            "stage_name": "dev1",
            "triggers": null,
            "variables": null
          },
          "private": "bnVsbA==",
          "dependencies": [
            "module.web-admin-api.aws_api_gateway_integration.admin_api_get_method_integration",
            "module.web-admin-api.aws_api_gateway_integration.admin_api_register_method_integration",
            "module.web-admin-api.aws_api_gateway_integration.mock_options_integration",
            "module.web-admin-api.aws_api_gateway_integration_response.admin_api_get_integration_response",
            "module.web-admin-api.aws_api_gateway_integration_response.admin_api_register_integration_response",
            "module.web-admin-api.aws_api_gateway_integration_response.mock_options_integration_response",
            "module.web-admin-api.aws_api_gateway_method.admin_api_get_method",
            "module.web-admin-api.aws_api_gateway_method.admin_api_register_method",
            "module.web-admin-api.aws_api_gateway_method.mock_options_method",
            "module.web-admin-api.aws_api_gateway_method_response.admin_api_get_method_response",
            "module.web-admin-api.aws_api_gateway_method_response.admin_api_register_method_response",
            "module.web-admin-api.aws_api_gateway_method_response.mock_options_response",
            "module.web-admin-api.aws_api_gateway_resource.admin_api_resource",
            "module.web-admin-api.aws_api_gateway_rest_api.admin_api"
          ]
        }
      ]
    },
    {
      "module": "module.web-admin-api",
      "mode": "managed",
      "type": "aws_api_gateway_integration",
      "name": "admin_api_delete_method_integration",
      "provider": "provider[\"registry.terraform.io/hashicorp/aws\"]",
      "instances": [
        {
          "schema_version": 0,
          "attributes": {
            "cache_key_parameters": [],
            "cache_namespace": "snqjzq",
            "connection_id": "",
            "connection_type": "INTERNET",
            "content_handling": "",
            "credentials": "",
            "http_method": "DELETE",
            "id": "agi-uprb5ozxub-snqjzq-DELETE",
            "integration_http_method": "POST",
            "passthrough_behavior": "WHEN_NO_MATCH",
            "request_parameters": {},
            "request_templates": {},
            "resource_id": "snqjzq",
            "rest_api_id": "uprb5ozxub",
            "timeout_milliseconds": 29000,
            "type": "AWS_PROXY",
            "uri": "arn:aws:apigateway:us-east-1:lambda:path/2015-03-31/functions/arn:aws:lambda:us-east-1:154320630104:function:DeleteRegisteredComponent/invocations"
          },
          "private": "bnVsbA==",
          "dependencies": [
            "module.web-admin-api.aws_api_gateway_method.admin_api_delete_method",
            "module.web-admin-api.aws_api_gateway_resource.admin_api_resource",
            "module.web-admin-api.aws_api_gateway_rest_api.admin_api"
          ]
        }
      ]
    },
    {
      "module": "module.web-admin-api",
      "mode": "managed",
      "type": "aws_api_gateway_integration",
      "name": "admin_api_get_method_integration",
      "provider": "provider[\"registry.terraform.io/hashicorp/aws\"]",
      "instances": [
        {
          "schema_version": 0,
          "attributes": {
            "cache_key_parameters": [],
            "cache_namespace": "snqjzq",
            "connection_id": "",
            "connection_type": "INTERNET",
            "content_handling": "",
            "credentials": "",
            "http_method": "GET",
            "id": "agi-uprb5ozxub-snqjzq-GET",
            "integration_http_method": "POST",
            "passthrough_behavior": "WHEN_NO_MATCH",
            "request_parameters": {},
            "request_templates": {},
            "resource_id": "snqjzq",
            "rest_api_id": "uprb5ozxub",
            "timeout_milliseconds": 29000,
            "type": "AWS_PROXY",
            "uri": "arn:aws:apigateway:us-east-1:lambda:path/2015-03-31/functions/arn:aws:lambda:us-east-1:154320630104:function:GetRegisteredComponents/invocations"
          },
          "private": "bnVsbA==",
          "dependencies": [
            "module.web-admin-api.aws_api_gateway_method.admin_api_get_method",
            "module.web-admin-api.aws_api_gateway_resource.admin_api_resource",
            "module.web-admin-api.aws_api_gateway_rest_api.admin_api"
          ]
        }
      ]
    },
    {
      "module": "module.web-admin-api",
      "mode": "managed",
      "type": "aws_api_gateway_integration",
      "name": "admin_api_register_method_integration",
      "provider": "provider[\"registry.terraform.io/hashicorp/aws\"]",
      "instances": [
        {
          "schema_version": 0,
          "attributes": {
            "cache_key_parameters": [],
            "cache_namespace": "snqjzq",
            "connection_id": "",
            "connection_type": "INTERNET",
            "content_handling": "",
            "credentials": "",
            "http_method": "POST",
            "id": "agi-uprb5ozxub-snqjzq-POST",
            "integration_http_method": "POST",
            "passthrough_behavior": "WHEN_NO_MATCH",
            "request_parameters": {},
            "request_templates": {},
            "resource_id": "snqjzq",
            "rest_api_id": "uprb5ozxub",
            "timeout_milliseconds": 29000,
            "type": "AWS_PROXY",
            "uri": "arn:aws:apigateway:us-east-1:lambda:path/2015-03-31/functions/arn:aws:lambda:us-east-1:154320630104:function:RegisterComponentLambda/invocations"
          },
          "private": "bnVsbA==",
          "dependencies": [
            "module.web-admin-api.aws_api_gateway_method.admin_api_register_method",
            "module.web-admin-api.aws_api_gateway_resource.admin_api_resource",
            "module.web-admin-api.aws_api_gateway_rest_api.admin_api"
          ]
        }
      ]
    },
    {
      "module": "module.web-admin-api",
      "mode": "managed",
      "type": "aws_api_gateway_integration",
      "name": "mock_options_integration",
      "provider": "provider[\"registry.terraform.io/hashicorp/aws\"]",
      "instances": [
        {
          "schema_version": 0,
          "attributes": {
            "cache_key_parameters": [],
            "cache_namespace": "snqjzq",
            "connection_id": "",
            "connection_type": "INTERNET",
            "content_handling": "",
            "credentials": "",
            "http_method": "OPTIONS",
            "id": "agi-uprb5ozxub-snqjzq-OPTIONS",
            "integration_http_method": "",
            "passthrough_behavior": "WHEN_NO_MATCH",
            "request_parameters": {},
            "request_templates": {},
            "resource_id": "snqjzq",
            "rest_api_id": "uprb5ozxub",
            "timeout_milliseconds": 29000,
            "type": "MOCK",
            "uri": ""
          },
          "private": "bnVsbA==",
          "dependencies": [
            "module.web-admin-api.aws_api_gateway_method.mock_options_method",
            "module.web-admin-api.aws_api_gateway_resource.admin_api_resource",
            "module.web-admin-api.aws_api_gateway_rest_api.admin_api"
          ]
        }
      ]
    },
    {
      "module": "module.web-admin-api",
      "mode": "managed",
      "type": "aws_api_gateway_integration_response",
      "name": "admin_api_delete_integration_response",
      "provider": "provider[\"registry.terraform.io/hashicorp/aws\"]",
      "instances": [
        {
          "schema_version": 0,
          "attributes": {
            "content_handling": "",
            "http_method": "DELETE",
            "id": "agir-uprb5ozxub-snqjzq-DELETE-200",
            "resource_id": "snqjzq",
            "response_parameters": {
              "method.response.header.Access-Control-Allow-Origin": "'*'"
            },
            "response_templates": {},
            "rest_api_id": "uprb5ozxub",
            "selection_pattern": "",
            "status_code": "200"
          },
          "private": "bnVsbA==",
          "dependencies": [
            "module.web-admin-api.aws_api_gateway_integration.admin_api_delete_method_integration",
            "module.web-admin-api.aws_api_gateway_method.admin_api_delete_method",
            "module.web-admin-api.aws_api_gateway_method_response.admin_api_delete_method_response",
            "module.web-admin-api.aws_api_gateway_resource.admin_api_resource",
            "module.web-admin-api.aws_api_gateway_rest_api.admin_api"
          ]
        }
      ]
    },
    {
      "module": "module.web-admin-api",
      "mode": "managed",
      "type": "aws_api_gateway_integration_response",
      "name": "admin_api_get_integration_response",
      "provider": "provider[\"registry.terraform.io/hashicorp/aws\"]",
      "instances": [
        {
          "schema_version": 0,
          "attributes": {
            "content_handling": "",
            "http_method": "GET",
            "id": "agir-uprb5ozxub-snqjzq-GET-200",
            "resource_id": "snqjzq",
            "response_parameters": {
              "method.response.header.Access-Control-Allow-Origin": "'*'"
            },
            "response_templates": {},
            "rest_api_id": "uprb5ozxub",
            "selection_pattern": "",
            "status_code": "200"
          },
          "private": "bnVsbA==",
          "dependencies": [
            "module.web-admin-api.aws_api_gateway_integration.admin_api_get_method_integration",
            "module.web-admin-api.aws_api_gateway_method.admin_api_get_method",
            "module.web-admin-api.aws_api_gateway_method_response.admin_api_get_method_response",
            "module.web-admin-api.aws_api_gateway_resource.admin_api_resource",
            "module.web-admin-api.aws_api_gateway_rest_api.admin_api"
          ]
        }
      ]
    },
    {
      "module": "module.web-admin-api",
      "mode": "managed",
      "type": "aws_api_gateway_integration_response",
      "name": "admin_api_register_integration_response",
      "provider": "provider[\"registry.terraform.io/hashicorp/aws\"]",
      "instances": [
        {
          "schema_version": 0,
          "attributes": {
            "content_handling": "",
            "http_method": "POST",
            "id": "agir-uprb5ozxub-snqjzq-POST-200",
            "resource_id": "snqjzq",
            "response_parameters": {
              "method.response.header.Access-Control-Allow-Origin": "'*'"
            },
            "response_templates": {},
            "rest_api_id": "uprb5ozxub",
            "selection_pattern": "",
            "status_code": "200"
          },
          "private": "bnVsbA==",
          "dependencies": [
            "module.web-admin-api.aws_api_gateway_integration.admin_api_register_method_integration",
            "module.web-admin-api.aws_api_gateway_method.admin_api_register_method",
            "module.web-admin-api.aws_api_gateway_method_response.admin_api_register_method_response",
            "module.web-admin-api.aws_api_gateway_resource.admin_api_resource",
            "module.web-admin-api.aws_api_gateway_rest_api.admin_api"
          ]
        }
      ]
    },
    {
      "module": "module.web-admin-api",
      "mode": "managed",
      "type": "aws_api_gateway_integration_response",
      "name": "mock_options_integration_response",
      "provider": "provider[\"registry.terraform.io/hashicorp/aws\"]",
      "instances": [
        {
          "schema_version": 0,
          "attributes": {
            "content_handling": "",
            "http_method": "OPTIONS",
            "id": "agir-uprb5ozxub-snqjzq-OPTIONS-200",
            "resource_id": "snqjzq",
            "response_parameters": {
              "method.response.header.Access-Control-Allow-Headers": "'Content-Type,X-Amz-Date,Authorization,X-Api-Key,X-Amz-Security-Token'",
              "method.response.header.Access-Control-Allow-Methods": "'GET, OPTIONS, POST'",
              "method.response.header.Access-Control-Allow-Origin": "'*'"
            },
            "response_templates": {},
            "rest_api_id": "uprb5ozxub",
            "selection_pattern": "",
            "status_code": "200"
          },
          "private": "bnVsbA==",
          "dependencies": [
            "module.web-admin-api.aws_api_gateway_integration.mock_options_integration",
            "module.web-admin-api.aws_api_gateway_method.mock_options_method",
            "module.web-admin-api.aws_api_gateway_method_response.mock_options_response",
            "module.web-admin-api.aws_api_gateway_resource.admin_api_resource",
            "module.web-admin-api.aws_api_gateway_rest_api.admin_api"
          ]
        }
      ]
    },
    {
      "module": "module.web-admin-api",
      "mode": "managed",
      "type": "aws_api_gateway_method",
      "name": "admin_api_delete_method",
      "provider": "provider[\"registry.terraform.io/hashicorp/aws\"]",
      "instances": [
        {
          "schema_version": 0,
          "attributes": {
            "api_key_required": false,
            "authorization": "NONE",
            "authorization_scopes": [],
            "authorizer_id": "",
            "http_method": "DELETE",
            "id": "agm-uprb5ozxub-snqjzq-DELETE",
            "request_models": {
              "application/json": "Empty"
            },
            "request_parameters": {
              "method.request.header.Content-Type": true
            },
            "request_validator_id": "",
            "resource_id": "snqjzq",
            "rest_api_id": "uprb5ozxub"
          },
          "private": "bnVsbA==",
          "dependencies": [
            "module.web-admin-api.aws_api_gateway_resource.admin_api_resource",
            "module.web-admin-api.aws_api_gateway_rest_api.admin_api"
          ]
        }
      ]
    },
    {
      "module": "module.web-admin-api",
      "mode": "managed",
      "type": "aws_api_gateway_method",
      "name": "admin_api_get_method",
      "provider": "provider[\"registry.terraform.io/hashicorp/aws\"]",
      "instances": [
        {
          "schema_version": 0,
          "attributes": {
            "api_key_required": false,
            "authorization": "NONE",
            "authorization_scopes": [],
            "authorizer_id": "",
            "http_method": "GET",
            "id": "agm-uprb5ozxub-snqjzq-GET",
            "request_models": {
              "application/json": "Empty"
            },
            "request_parameters": {
              "method.request.header.Content-Type": true
            },
            "request_validator_id": "",
            "resource_id": "snqjzq",
            "rest_api_id": "uprb5ozxub"
          },
          "private": "bnVsbA==",
          "dependencies": [
            "module.web-admin-api.aws_api_gateway_resource.admin_api_resource",
            "module.web-admin-api.aws_api_gateway_rest_api.admin_api"
          ]
        }
      ]
    },
    {
      "module": "module.web-admin-api",
      "mode": "managed",
      "type": "aws_api_gateway_method",
      "name": "admin_api_register_method",
      "provider": "provider[\"registry.terraform.io/hashicorp/aws\"]",
      "instances": [
        {
          "schema_version": 0,
          "attributes": {
            "api_key_required": false,
            "authorization": "NONE",
            "authorization_scopes": [],
            "authorizer_id": "",
            "http_method": "POST",
            "id": "agm-uprb5ozxub-snqjzq-POST",
            "request_models": {
              "application/json": "Empty"
            },
            "request_parameters": {
              "method.request.header.Content-Type": true
            },
            "request_validator_id": "",
            "resource_id": "snqjzq",
            "rest_api_id": "uprb5ozxub"
          },
          "private": "bnVsbA==",
          "dependencies": [
            "module.web-admin-api.aws_api_gateway_resource.admin_api_resource",
            "module.web-admin-api.aws_api_gateway_rest_api.admin_api"
          ]
        }
      ]
    },
    {
      "module": "module.web-admin-api",
      "mode": "managed",
      "type": "aws_api_gateway_method",
      "name": "mock_options_method",
      "provider": "provider[\"registry.terraform.io/hashicorp/aws\"]",
      "instances": [
        {
          "schema_version": 0,
          "attributes": {
            "api_key_required": false,
            "authorization": "NONE",
            "authorization_scopes": [],
            "authorizer_id": "",
            "http_method": "OPTIONS",
            "id": "agm-uprb5ozxub-snqjzq-OPTIONS",
            "request_models": {},
            "request_parameters": {},
            "request_validator_id": "",
            "resource_id": "snqjzq",
            "rest_api_id": "uprb5ozxub"
          },
          "private": "bnVsbA==",
          "dependencies": [
            "module.web-admin-api.aws_api_gateway_resource.admin_api_resource",
            "module.web-admin-api.aws_api_gateway_rest_api.admin_api"
          ]
        }
      ]
    },
    {
      "module": "module.web-admin-api",
      "mode": "managed",
      "type": "aws_api_gateway_method_response",
      "name": "admin_api_delete_method_response",
      "provider": "provider[\"registry.terraform.io/hashicorp/aws\"]",
      "instances": [
        {
          "schema_version": 0,
          "attributes": {
            "http_method": "DELETE",
            "id": "agmr-uprb5ozxub-snqjzq-DELETE-200",
            "resource_id": "snqjzq",
            "response_models": {},
            "response_parameters": {
              "method.response.header.Access-Control-Allow-Origin": true
            },
            "rest_api_id": "uprb5ozxub",
            "status_code": "200"
          },
          "private": "bnVsbA==",
          "dependencies": [
            "module.web-admin-api.aws_api_gateway_method.admin_api_delete_method",
            "module.web-admin-api.aws_api_gateway_resource.admin_api_resource",
            "module.web-admin-api.aws_api_gateway_rest_api.admin_api"
          ]
        }
      ]
    },
    {
      "module": "module.web-admin-api",
      "mode": "managed",
      "type": "aws_api_gateway_method_response",
      "name": "admin_api_get_method_response",
      "provider": "provider[\"registry.terraform.io/hashicorp/aws\"]",
      "instances": [
        {
          "schema_version": 0,
          "attributes": {
            "http_method": "GET",
            "id": "agmr-uprb5ozxub-snqjzq-GET-200",
            "resource_id": "snqjzq",
            "response_models": {},
            "response_parameters": {
              "method.response.header.Access-Control-Allow-Origin": true
            },
            "rest_api_id": "uprb5ozxub",
            "status_code": "200"
          },
          "private": "bnVsbA==",
          "dependencies": [
            "module.web-admin-api.aws_api_gateway_method.admin_api_get_method",
            "module.web-admin-api.aws_api_gateway_resource.admin_api_resource",
            "module.web-admin-api.aws_api_gateway_rest_api.admin_api"
          ]
        }
      ]
    },
    {
      "module": "module.web-admin-api",
      "mode": "managed",
      "type": "aws_api_gateway_method_response",
      "name": "admin_api_register_method_response",
      "provider": "provider[\"registry.terraform.io/hashicorp/aws\"]",
      "instances": [
        {
          "schema_version": 0,
          "attributes": {
            "http_method": "POST",
            "id": "agmr-uprb5ozxub-snqjzq-POST-200",
            "resource_id": "snqjzq",
            "response_models": {},
            "response_parameters": {
              "method.response.header.Access-Control-Allow-Origin": true
            },
            "rest_api_id": "uprb5ozxub",
            "status_code": "200"
          },
          "private": "bnVsbA==",
          "dependencies": [
            "module.web-admin-api.aws_api_gateway_method.admin_api_register_method",
            "module.web-admin-api.aws_api_gateway_resource.admin_api_resource",
            "module.web-admin-api.aws_api_gateway_rest_api.admin_api"
          ]
        }
      ]
    },
    {
      "module": "module.web-admin-api",
      "mode": "managed",
      "type": "aws_api_gateway_method_response",
      "name": "mock_options_response",
      "provider": "provider[\"registry.terraform.io/hashicorp/aws\"]",
      "instances": [
        {
          "schema_version": 0,
          "attributes": {
            "http_method": "OPTIONS",
            "id": "agmr-uprb5ozxub-snqjzq-OPTIONS-200",
            "resource_id": "snqjzq",
            "response_models": {
              "application/json": "Empty"
            },
            "response_parameters": {
              "method.response.header.Access-Control-Allow-Headers": true,
              "method.response.header.Access-Control-Allow-Methods": true,
              "method.response.header.Access-Control-Allow-Origin": true
            },
            "rest_api_id": "uprb5ozxub",
            "status_code": "200"
          },
          "private": "bnVsbA==",
          "dependencies": [
            "module.web-admin-api.aws_api_gateway_method.mock_options_method",
            "module.web-admin-api.aws_api_gateway_resource.admin_api_resource",
            "module.web-admin-api.aws_api_gateway_rest_api.admin_api"
          ]
        }
      ]
    },
    {
      "module": "module.web-admin-api",
      "mode": "managed",
      "type": "aws_api_gateway_resource",
      "name": "admin_api_resource",
      "provider": "provider[\"registry.terraform.io/hashicorp/aws\"]",
      "instances": [
        {
          "schema_version": 0,
          "attributes": {
            "id": "snqjzq",
            "parent_id": "oixlyd6opg",
            "path": "/{proxy+}",
            "path_part": "{proxy+}",
            "rest_api_id": "uprb5ozxub"
          },
          "private": "bnVsbA==",
          "dependencies": [
            "module.web-admin-api.aws_api_gateway_rest_api.admin_api"
          ]
        }
      ]
    },
    {
      "module": "module.web-admin-api",
      "mode": "managed",
      "type": "aws_api_gateway_rest_api",
      "name": "admin_api",
      "provider": "provider[\"registry.terraform.io/hashicorp/aws\"]",
      "instances": [
        {
          "schema_version": 0,
          "attributes": {
            "api_key_source": "HEADER",
            "arn": "arn:aws:apigateway:us-east-1::/restapis/uprb5ozxub",
            "binary_media_types": [],
            "body": null,
            "created_date": "2021-02-20T02:29:46Z",
            "description": "",
            "endpoint_configuration": [
              {
                "types": [
                  "REGIONAL"
                ],
                "vpc_endpoint_ids": []
              }
            ],
            "execution_arn": "arn:aws:execute-api:us-east-1:154320630104:uprb5ozxub",
            "id": "uprb5ozxub",
            "minimum_compression_size": -1,
            "name": "seahorse-admin-api",
            "policy": "{\"Version\":\"2012-10-17\",\"Statement\":[{\"Effect\":\"Allow\",\"Principal\":\"*\",\"Action\":\"execute-api:Invoke\",\"Resource\":\"arn:aws:execute-api:us-east-1:154320630104:uprb5ozxub/*/*/*\"},{\"Effect\":\"Deny\",\"Principal\":\"*\",\"Action\":\"execute-api:Invoke\",\"Resource\":\"arn:aws:execute-api:us-east-1:154320630104:uprb5ozxub/*/*/*\",\"Condition\":{\"NotIpAddress\":{\"aws:SourceIp\":[\"208.89.236.196/32\",\"74.204.251.4/32\",\"74.204.251.5/32\",\"159.18.234.5/32\",\"159.18.234.12/32\",\"208.89.239.4/32\",\"208.89.239.5/32\",\"63.106.110.9/32\",\"63.106.110.14/32\",\"185.84.23.5/32\",\"165.225.39.0/23\",\"165.225.38.0/23\",\"165.225.220.0/23\",\"147.161.166.0/23\"]}}}]}",
            "root_resource_id": "oixlyd6opg",
            "tags": {}
          },
          "private": "bnVsbA=="
        }
      ]
    },
    {
      "module": "module.web-admin-api",
      "mode": "managed",
      "type": "aws_api_gateway_rest_api_policy",
      "name": "admin_api_policy",
      "provider": "provider[\"registry.terraform.io/hashicorp/aws\"]",
      "instances": [
        {
          "schema_version": 0,
          "attributes": {
            "id": "uprb5ozxub",
            "policy": "{\"Version\":\"2012-10-17\",\"Statement\":[{\"Effect\":\"Allow\",\"Principal\":\"*\",\"Action\":\"execute-api:Invoke\",\"Resource\":\"arn:aws:execute-api:us-east-1:154320630104:uprb5ozxub/*/*/*\"},{\"Effect\":\"Deny\",\"Principal\":\"*\",\"Action\":\"execute-api:Invoke\",\"Resource\":\"arn:aws:execute-api:us-east-1:154320630104:uprb5ozxub/*/*/*\",\"Condition\":{\"NotIpAddress\":{\"aws:SourceIp\":[\"208.89.236.196/32\",\"74.204.251.4/32\",\"74.204.251.5/32\",\"159.18.234.5/32\",\"159.18.234.12/32\",\"208.89.239.4/32\",\"208.89.239.5/32\",\"63.106.110.9/32\",\"63.106.110.14/32\",\"185.84.23.5/32\",\"165.225.39.0/23\",\"165.225.38.0/23\",\"165.225.220.0/23\",\"147.161.166.0/23\"]}}}]}",
            "rest_api_id": "uprb5ozxub"
          },
          "private": "bnVsbA==",
          "dependencies": [
            "module.web-admin-api.aws_api_gateway_rest_api.admin_api"
          ]
        }
      ]
    },
    {
      "module": "module.web-admin-api",
      "mode": "managed",
      "type": "aws_lambda_permission",
      "name": "admin-delete-lambda-permission",
      "provider": "provider[\"registry.terraform.io/hashicorp/aws\"]",
      "instances": [
        {
          "schema_version": 0,
          "attributes": {
            "action": "lambda:InvokeFunction",
            "event_source_token": null,
            "function_name": "DeleteRegisteredComponent",
            "id": "AllowAPIGatewayInvokeGet",
            "principal": "apigateway.amazonaws.com",
            "qualifier": "",
            "source_account": null,
            "source_arn": "arn:aws:execute-api:us-east-1:154320630104:uprb5ozxub/*/*/*",
            "statement_id": "AllowAPIGatewayInvokeGet",
            "statement_id_prefix": null
          },
          "private": "bnVsbA==",
          "dependencies": [
            "module.web-admin-api.aws_api_gateway_rest_api.admin_api"
          ]
        }
      ]
    },
    {
      "module": "module.web-admin-api",
      "mode": "managed",
      "type": "aws_lambda_permission",
      "name": "admin-get-lambda-permission",
      "provider": "provider[\"registry.terraform.io/hashicorp/aws\"]",
      "instances": [
        {
          "schema_version": 0,
          "attributes": {
            "action": "lambda:InvokeFunction",
            "event_source_token": null,
            "function_name": "GetRegisteredComponents",
            "id": "AllowAPIGatewayInvokeGet",
            "principal": "apigateway.amazonaws.com",
            "qualifier": "",
            "source_account": null,
            "source_arn": "arn:aws:execute-api:us-east-1:154320630104:uprb5ozxub/*/*/*",
            "statement_id": "AllowAPIGatewayInvokeGet",
            "statement_id_prefix": null
          },
          "private": "bnVsbA==",
          "dependencies": [
            "module.web-admin-api.aws_api_gateway_rest_api.admin_api"
          ]
        }
      ]
    },
    {
      "module": "module.web-admin-api",
      "mode": "managed",
      "type": "aws_lambda_permission",
      "name": "admin-register-lambda-permission",
      "provider": "provider[\"registry.terraform.io/hashicorp/aws\"]",
      "instances": [
        {
          "schema_version": 0,
          "attributes": {
            "action": "lambda:InvokeFunction",
            "event_source_token": null,
            "function_name": "RegisterComponentLambda",
            "id": "AllowAPIGatewayInvokePost",
            "principal": "apigateway.amazonaws.com",
            "qualifier": "",
            "source_account": null,
            "source_arn": "arn:aws:execute-api:us-east-1:154320630104:uprb5ozxub/*/*/*",
            "statement_id": "AllowAPIGatewayInvokePost",
            "statement_id_prefix": null
          },
          "private": "bnVsbA==",
          "dependencies": [
            "module.web-admin-api.aws_api_gateway_rest_api.admin_api"
          ]
        }
      ]
    },
    {
      "module": "module.web-backend-api-with-fresh-cognito[0]",
      "mode": "managed",
      "type": "aws_api_gateway_authorizer",
      "name": "web_authorizer",
      "provider": "provider[\"registry.terraform.io/hashicorp/aws\"]",
      "instances": [
        {
          "schema_version": 0,
          "attributes": {
            "authorizer_credentials": "",
            "authorizer_result_ttl_in_seconds": 300,
            "authorizer_uri": "",
            "id": "zbihjl",
            "identity_source": "method.request.header.Authorization",
            "identity_validation_expression": "",
            "name": "Seahorse-Authorizer",
            "provider_arns": [
              "arn:aws:cognito-idp:us-east-1:154320630104:userpool/us-east-1_I7lfFeOsW"
            ],
            "rest_api_id": "erfrbt34zd",
            "type": "COGNITO_USER_POOLS"
          },
          "private": "bnVsbA==",
          "dependencies": [
            "module.auth.aws_cognito_identity_pool.seahorse_identity_pool",
            "module.auth.aws_cognito_identity_pool_roles_attachment.seahorse_identity_pool_roles",
            "module.auth.aws_cognito_identity_provider.identity_provider_sso",
            "module.auth.aws_cognito_user_pool.seahorse_user_pool",
            "module.auth.aws_cognito_user_pool_client.seahorse_web_client",
            "module.auth.aws_cognito_user_pool_domain.seahorse_auth_domain",
            "module.auth.aws_iam_role.auth_web_iam_role",
            "module.auth.aws_iam_role.unauth_web_iam_role",
            "module.auth.aws_iam_role_policy.web_iam_unauth_role_policy",
            "module.web-backend-api-with-fresh-cognito.aws_api_gateway_rest_api.web_backend_api"
          ]
        }
      ]
    },
    {
      "module": "module.web-backend-api-with-fresh-cognito[0]",
      "mode": "managed",
      "type": "aws_api_gateway_deployment",
      "name": "web_backend_api_deployment",
      "provider": "provider[\"registry.terraform.io/hashicorp/aws\"]",
      "instances": [
        {
          "schema_version": 0,
          "attributes": {
            "created_date": "2021-02-20T02:01:59Z",
            "description": "",
            "execution_arn": "arn:aws:execute-api:us-east-1:154320630104:erfrbt34zd/dev1",
            "id": "cbp3x7",
            "invoke_url": "https://erfrbt34zd.execute-api.us-east-1.amazonaws.com/dev1",
            "rest_api_id": "erfrbt34zd",
            "stage_description": null,
            "stage_name": "dev1",
            "triggers": null,
            "variables": null
          },
          "private": "bnVsbA==",
          "dependencies": [
            "module.auth.aws_cognito_identity_pool.seahorse_identity_pool",
            "module.auth.aws_cognito_identity_pool_roles_attachment.seahorse_identity_pool_roles",
            "module.auth.aws_cognito_identity_provider.identity_provider_sso",
            "module.auth.aws_cognito_user_pool.seahorse_user_pool",
            "module.auth.aws_cognito_user_pool_client.seahorse_web_client",
            "module.auth.aws_cognito_user_pool_domain.seahorse_auth_domain",
            "module.auth.aws_iam_role.auth_web_iam_role",
            "module.auth.aws_iam_role.unauth_web_iam_role",
            "module.auth.aws_iam_role_policy.web_iam_unauth_role_policy",
            "module.web-backend-api-with-fresh-cognito.aws_api_gateway_authorizer.web_authorizer",
            "module.web-backend-api-with-fresh-cognito.aws_api_gateway_integration.mock_options_integration",
            "module.web-backend-api-with-fresh-cognito.aws_api_gateway_integration.web_backend_api_get_method_integration",
            "module.web-backend-api-with-fresh-cognito.aws_api_gateway_integration_response.mock_options_integration_response",
            "module.web-backend-api-with-fresh-cognito.aws_api_gateway_integration_response.web_backend_api_get_integration_response",
            "module.web-backend-api-with-fresh-cognito.aws_api_gateway_method.mock_options_method",
            "module.web-backend-api-with-fresh-cognito.aws_api_gateway_method.web_backend_api_get_method",
            "module.web-backend-api-with-fresh-cognito.aws_api_gateway_method_response.mock_options_response",
            "module.web-backend-api-with-fresh-cognito.aws_api_gateway_method_response.web_backend_api_get_method_response",
            "module.web-backend-api-with-fresh-cognito.aws_api_gateway_resource.web_backend_api_resource",
            "module.web-backend-api-with-fresh-cognito.aws_api_gateway_rest_api.web_backend_api"
          ]
        }
      ]
    },
    {
      "module": "module.web-backend-api-with-fresh-cognito[0]",
      "mode": "managed",
      "type": "aws_api_gateway_integration",
      "name": "mock_options_integration",
      "provider": "provider[\"registry.terraform.io/hashicorp/aws\"]",
      "instances": [
        {
          "schema_version": 0,
          "attributes": {
            "cache_key_parameters": [],
            "cache_namespace": "4nn01c",
            "connection_id": "",
            "connection_type": "INTERNET",
            "content_handling": "",
            "credentials": "",
            "http_method": "OPTIONS",
            "id": "agi-erfrbt34zd-4nn01c-OPTIONS",
            "integration_http_method": "",
            "passthrough_behavior": "WHEN_NO_MATCH",
            "request_parameters": {},
            "request_templates": {
              "application/json": "{\n    \"statusCode\" : 200\n}"
            },
            "resource_id": "4nn01c",
            "rest_api_id": "erfrbt34zd",
            "timeout_milliseconds": 29000,
            "type": "MOCK",
            "uri": ""
          },
          "private": "bnVsbA==",
          "dependencies": [
            "module.auth.aws_cognito_identity_pool.seahorse_identity_pool",
            "module.auth.aws_cognito_identity_pool_roles_attachment.seahorse_identity_pool_roles",
            "module.auth.aws_cognito_identity_provider.identity_provider_sso",
            "module.auth.aws_cognito_user_pool.seahorse_user_pool",
            "module.auth.aws_cognito_user_pool_client.seahorse_web_client",
            "module.auth.aws_cognito_user_pool_domain.seahorse_auth_domain",
            "module.auth.aws_iam_role.auth_web_iam_role",
            "module.auth.aws_iam_role.unauth_web_iam_role",
            "module.auth.aws_iam_role_policy.web_iam_unauth_role_policy",
            "module.web-backend-api-with-fresh-cognito.aws_api_gateway_method.mock_options_method",
            "module.web-backend-api-with-fresh-cognito.aws_api_gateway_resource.web_backend_api_resource",
            "module.web-backend-api-with-fresh-cognito.aws_api_gateway_rest_api.web_backend_api"
          ]
        }
      ]
    },
    {
      "module": "module.web-backend-api-with-fresh-cognito[0]",
      "mode": "managed",
      "type": "aws_api_gateway_integration",
      "name": "web_backend_api_get_method_integration",
      "provider": "provider[\"registry.terraform.io/hashicorp/aws\"]",
      "instances": [
        {
          "schema_version": 0,
          "attributes": {
            "cache_key_parameters": [],
            "cache_namespace": "4nn01c",
            "connection_id": "",
            "connection_type": "INTERNET",
            "content_handling": "",
            "credentials": "",
            "http_method": "GET",
            "id": "agi-erfrbt34zd-4nn01c-GET",
            "integration_http_method": "POST",
            "passthrough_behavior": "WHEN_NO_MATCH",
            "request_parameters": {},
            "request_templates": {},
            "resource_id": "4nn01c",
            "rest_api_id": "erfrbt34zd",
            "timeout_milliseconds": 29000,
            "type": "AWS_PROXY",
            "uri": "arn:aws:apigateway:us-east-1:lambda:path/2015-03-31/functions/arn:aws:lambda:us-east-1:154320630104:function:GetRegisteredComponents/invocations"
          },
          "private": "bnVsbA==",
          "dependencies": [
            "module.auth.aws_cognito_identity_pool.seahorse_identity_pool",
            "module.auth.aws_cognito_identity_pool_roles_attachment.seahorse_identity_pool_roles",
            "module.auth.aws_cognito_identity_provider.identity_provider_sso",
            "module.auth.aws_cognito_user_pool.seahorse_user_pool",
            "module.auth.aws_cognito_user_pool_client.seahorse_web_client",
            "module.auth.aws_cognito_user_pool_domain.seahorse_auth_domain",
            "module.auth.aws_iam_role.auth_web_iam_role",
            "module.auth.aws_iam_role.unauth_web_iam_role",
            "module.auth.aws_iam_role_policy.web_iam_unauth_role_policy",
            "module.web-backend-api-with-fresh-cognito.aws_api_gateway_authorizer.web_authorizer",
            "module.web-backend-api-with-fresh-cognito.aws_api_gateway_method.web_backend_api_get_method",
            "module.web-backend-api-with-fresh-cognito.aws_api_gateway_resource.web_backend_api_resource",
            "module.web-backend-api-with-fresh-cognito.aws_api_gateway_rest_api.web_backend_api"
          ]
        }
      ]
    },
    {
      "module": "module.web-backend-api-with-fresh-cognito[0]",
      "mode": "managed",
      "type": "aws_api_gateway_integration_response",
      "name": "mock_options_integration_response",
      "provider": "provider[\"registry.terraform.io/hashicorp/aws\"]",
      "instances": [
        {
          "schema_version": 0,
          "attributes": {
            "content_handling": "",
            "http_method": "OPTIONS",
            "id": "agir-erfrbt34zd-4nn01c-OPTIONS-200",
            "resource_id": "4nn01c",
            "response_parameters": {
              "method.response.header.Access-Control-Allow-Headers": "'Content-Type,X-Amz-Date,Authorization,X-Api-Key,X-Amz-Security-Token'",
              "method.response.header.Access-Control-Allow-Methods": "'GET, OPTIONS, POST'",
              "method.response.header.Access-Control-Allow-Origin": "'*'"
            },
            "response_templates": {},
            "rest_api_id": "erfrbt34zd",
            "selection_pattern": "",
            "status_code": "200"
          },
          "private": "bnVsbA==",
          "dependencies": [
            "module.auth.aws_cognito_identity_pool.seahorse_identity_pool",
            "module.auth.aws_cognito_identity_pool_roles_attachment.seahorse_identity_pool_roles",
            "module.auth.aws_cognito_identity_provider.identity_provider_sso",
            "module.auth.aws_cognito_user_pool.seahorse_user_pool",
            "module.auth.aws_cognito_user_pool_client.seahorse_web_client",
            "module.auth.aws_cognito_user_pool_domain.seahorse_auth_domain",
            "module.auth.aws_iam_role.auth_web_iam_role",
            "module.auth.aws_iam_role.unauth_web_iam_role",
            "module.auth.aws_iam_role_policy.web_iam_unauth_role_policy",
            "module.web-backend-api-with-fresh-cognito.aws_api_gateway_integration.mock_options_integration",
            "module.web-backend-api-with-fresh-cognito.aws_api_gateway_method.mock_options_method",
            "module.web-backend-api-with-fresh-cognito.aws_api_gateway_method_response.mock_options_response",
            "module.web-backend-api-with-fresh-cognito.aws_api_gateway_resource.web_backend_api_resource",
            "module.web-backend-api-with-fresh-cognito.aws_api_gateway_rest_api.web_backend_api"
          ]
        }
      ]
    },
    {
      "module": "module.web-backend-api-with-fresh-cognito[0]",
      "mode": "managed",
      "type": "aws_api_gateway_integration_response",
      "name": "web_backend_api_get_integration_response",
      "provider": "provider[\"registry.terraform.io/hashicorp/aws\"]",
      "instances": [
        {
          "schema_version": 0,
          "attributes": {
            "content_handling": "",
            "http_method": "GET",
            "id": "agir-erfrbt34zd-4nn01c-GET-200",
            "resource_id": "4nn01c",
            "response_parameters": {
              "method.response.header.Access-Control-Allow-Origin": "'*'"
            },
            "response_templates": {},
            "rest_api_id": "erfrbt34zd",
            "selection_pattern": "",
            "status_code": "200"
          },
          "private": "bnVsbA==",
          "dependencies": [
            "module.auth.aws_cognito_identity_pool.seahorse_identity_pool",
            "module.auth.aws_cognito_identity_pool_roles_attachment.seahorse_identity_pool_roles",
            "module.auth.aws_cognito_identity_provider.identity_provider_sso",
            "module.auth.aws_cognito_user_pool.seahorse_user_pool",
            "module.auth.aws_cognito_user_pool_client.seahorse_web_client",
            "module.auth.aws_cognito_user_pool_domain.seahorse_auth_domain",
            "module.auth.aws_iam_role.auth_web_iam_role",
            "module.auth.aws_iam_role.unauth_web_iam_role",
            "module.auth.aws_iam_role_policy.web_iam_unauth_role_policy",
            "module.web-backend-api-with-fresh-cognito.aws_api_gateway_authorizer.web_authorizer",
            "module.web-backend-api-with-fresh-cognito.aws_api_gateway_integration.web_backend_api_get_method_integration",
            "module.web-backend-api-with-fresh-cognito.aws_api_gateway_method.web_backend_api_get_method",
            "module.web-backend-api-with-fresh-cognito.aws_api_gateway_method_response.web_backend_api_get_method_response",
            "module.web-backend-api-with-fresh-cognito.aws_api_gateway_resource.web_backend_api_resource",
            "module.web-backend-api-with-fresh-cognito.aws_api_gateway_rest_api.web_backend_api"
          ]
        }
      ]
    },
    {
      "module": "module.web-backend-api-with-fresh-cognito[0]",
      "mode": "managed",
      "type": "aws_api_gateway_method",
      "name": "mock_options_method",
      "provider": "provider[\"registry.terraform.io/hashicorp/aws\"]",
      "instances": [
        {
          "schema_version": 0,
          "attributes": {
            "api_key_required": false,
            "authorization": "NONE",
            "authorization_scopes": [],
            "authorizer_id": "",
            "http_method": "OPTIONS",
            "id": "agm-erfrbt34zd-4nn01c-OPTIONS",
            "request_models": {},
            "request_parameters": {},
            "request_validator_id": "",
            "resource_id": "4nn01c",
            "rest_api_id": "erfrbt34zd"
          },
          "private": "bnVsbA==",
          "dependencies": [
            "module.auth.aws_cognito_identity_pool.seahorse_identity_pool",
            "module.auth.aws_cognito_identity_pool_roles_attachment.seahorse_identity_pool_roles",
            "module.auth.aws_cognito_identity_provider.identity_provider_sso",
            "module.auth.aws_cognito_user_pool.seahorse_user_pool",
            "module.auth.aws_cognito_user_pool_client.seahorse_web_client",
            "module.auth.aws_cognito_user_pool_domain.seahorse_auth_domain",
            "module.auth.aws_iam_role.auth_web_iam_role",
            "module.auth.aws_iam_role.unauth_web_iam_role",
            "module.auth.aws_iam_role_policy.web_iam_unauth_role_policy",
            "module.web-backend-api-with-fresh-cognito.aws_api_gateway_resource.web_backend_api_resource",
            "module.web-backend-api-with-fresh-cognito.aws_api_gateway_rest_api.web_backend_api"
          ]
        }
      ]
    },
    {
      "module": "module.web-backend-api-with-fresh-cognito[0]",
      "mode": "managed",
      "type": "aws_api_gateway_method",
      "name": "web_backend_api_get_method",
      "provider": "provider[\"registry.terraform.io/hashicorp/aws\"]",
      "instances": [
        {
          "schema_version": 0,
          "attributes": {
            "api_key_required": false,
            "authorization": "COGNITO_USER_POOLS",
            "authorization_scopes": [],
            "authorizer_id": "zbihjl",
            "http_method": "GET",
            "id": "agm-erfrbt34zd-4nn01c-GET",
            "request_models": {
              "application/json": "Empty"
            },
            "request_parameters": {
              "method.request.header.Content-Type": true
            },
            "request_validator_id": "",
            "resource_id": "4nn01c",
            "rest_api_id": "erfrbt34zd"
          },
          "private": "bnVsbA==",
          "dependencies": [
            "module.auth.aws_cognito_identity_pool.seahorse_identity_pool",
            "module.auth.aws_cognito_identity_pool_roles_attachment.seahorse_identity_pool_roles",
            "module.auth.aws_cognito_identity_provider.identity_provider_sso",
            "module.auth.aws_cognito_user_pool.seahorse_user_pool",
            "module.auth.aws_cognito_user_pool_client.seahorse_web_client",
            "module.auth.aws_cognito_user_pool_domain.seahorse_auth_domain",
            "module.auth.aws_iam_role.auth_web_iam_role",
            "module.auth.aws_iam_role.unauth_web_iam_role",
            "module.auth.aws_iam_role_policy.web_iam_unauth_role_policy",
            "module.web-backend-api-with-fresh-cognito.aws_api_gateway_authorizer.web_authorizer",
            "module.web-backend-api-with-fresh-cognito.aws_api_gateway_resource.web_backend_api_resource",
            "module.web-backend-api-with-fresh-cognito.aws_api_gateway_rest_api.web_backend_api"
          ]
        }
      ]
    },
    {
      "module": "module.web-backend-api-with-fresh-cognito[0]",
      "mode": "managed",
      "type": "aws_api_gateway_method_response",
      "name": "mock_options_response",
      "provider": "provider[\"registry.terraform.io/hashicorp/aws\"]",
      "instances": [
        {
          "schema_version": 0,
          "attributes": {
            "http_method": "OPTIONS",
            "id": "agmr-erfrbt34zd-4nn01c-OPTIONS-200",
            "resource_id": "4nn01c",
            "response_models": {
              "application/json": "Empty"
            },
            "response_parameters": {
              "method.response.header.Access-Control-Allow-Headers": true,
              "method.response.header.Access-Control-Allow-Methods": true,
              "method.response.header.Access-Control-Allow-Origin": true
            },
            "rest_api_id": "erfrbt34zd",
            "status_code": "200"
          },
          "private": "bnVsbA==",
          "dependencies": [
            "module.auth.aws_cognito_identity_pool.seahorse_identity_pool",
            "module.auth.aws_cognito_identity_pool_roles_attachment.seahorse_identity_pool_roles",
            "module.auth.aws_cognito_identity_provider.identity_provider_sso",
            "module.auth.aws_cognito_user_pool.seahorse_user_pool",
            "module.auth.aws_cognito_user_pool_client.seahorse_web_client",
            "module.auth.aws_cognito_user_pool_domain.seahorse_auth_domain",
            "module.auth.aws_iam_role.auth_web_iam_role",
            "module.auth.aws_iam_role.unauth_web_iam_role",
            "module.auth.aws_iam_role_policy.web_iam_unauth_role_policy",
            "module.web-backend-api-with-fresh-cognito.aws_api_gateway_method.mock_options_method",
            "module.web-backend-api-with-fresh-cognito.aws_api_gateway_resource.web_backend_api_resource",
            "module.web-backend-api-with-fresh-cognito.aws_api_gateway_rest_api.web_backend_api"
          ]
        }
      ]
    },
    {
      "module": "module.web-backend-api-with-fresh-cognito[0]",
      "mode": "managed",
      "type": "aws_api_gateway_method_response",
      "name": "web_backend_api_get_method_response",
      "provider": "provider[\"registry.terraform.io/hashicorp/aws\"]",
      "instances": [
        {
          "schema_version": 0,
          "attributes": {
            "http_method": "GET",
            "id": "agmr-erfrbt34zd-4nn01c-GET-200",
            "resource_id": "4nn01c",
            "response_models": {},
            "response_parameters": {
              "method.response.header.Access-Control-Allow-Origin": true
            },
            "rest_api_id": "erfrbt34zd",
            "status_code": "200"
          },
          "private": "bnVsbA==",
          "dependencies": [
            "module.auth.aws_cognito_identity_pool.seahorse_identity_pool",
            "module.auth.aws_cognito_identity_pool_roles_attachment.seahorse_identity_pool_roles",
            "module.auth.aws_cognito_identity_provider.identity_provider_sso",
            "module.auth.aws_cognito_user_pool.seahorse_user_pool",
            "module.auth.aws_cognito_user_pool_client.seahorse_web_client",
            "module.auth.aws_cognito_user_pool_domain.seahorse_auth_domain",
            "module.auth.aws_iam_role.auth_web_iam_role",
            "module.auth.aws_iam_role.unauth_web_iam_role",
            "module.auth.aws_iam_role_policy.web_iam_unauth_role_policy",
            "module.web-backend-api-with-fresh-cognito.aws_api_gateway_authorizer.web_authorizer",
            "module.web-backend-api-with-fresh-cognito.aws_api_gateway_method.web_backend_api_get_method",
            "module.web-backend-api-with-fresh-cognito.aws_api_gateway_resource.web_backend_api_resource",
            "module.web-backend-api-with-fresh-cognito.aws_api_gateway_rest_api.web_backend_api"
          ]
        }
      ]
    },
    {
      "module": "module.web-backend-api-with-fresh-cognito[0]",
      "mode": "managed",
      "type": "aws_api_gateway_resource",
      "name": "web_backend_api_resource",
      "provider": "provider[\"registry.terraform.io/hashicorp/aws\"]",
      "instances": [
        {
          "schema_version": 0,
          "attributes": {
            "id": "4nn01c",
            "parent_id": "eizyygoy9a",
            "path": "/{proxy+}",
            "path_part": "{proxy+}",
            "rest_api_id": "erfrbt34zd"
          },
          "private": "bnVsbA==",
          "dependencies": [
            "module.auth.aws_cognito_identity_pool.seahorse_identity_pool",
            "module.auth.aws_cognito_identity_pool_roles_attachment.seahorse_identity_pool_roles",
            "module.auth.aws_cognito_identity_provider.identity_provider_sso",
            "module.auth.aws_cognito_user_pool.seahorse_user_pool",
            "module.auth.aws_cognito_user_pool_client.seahorse_web_client",
            "module.auth.aws_cognito_user_pool_domain.seahorse_auth_domain",
            "module.auth.aws_iam_role.auth_web_iam_role",
            "module.auth.aws_iam_role.unauth_web_iam_role",
            "module.auth.aws_iam_role_policy.web_iam_unauth_role_policy",
            "module.web-backend-api-with-fresh-cognito.aws_api_gateway_rest_api.web_backend_api"
          ]
        }
      ]
    },
    {
      "module": "module.web-backend-api-with-fresh-cognito[0]",
      "mode": "managed",
      "type": "aws_api_gateway_rest_api",
      "name": "web_backend_api",
      "provider": "provider[\"registry.terraform.io/hashicorp/aws\"]",
      "instances": [
        {
          "schema_version": 0,
          "attributes": {
            "api_key_source": "HEADER",
            "arn": "arn:aws:apigateway:us-east-1::/restapis/erfrbt34zd",
            "binary_media_types": [],
            "body": null,
            "created_date": "2021-02-20T02:01:52Z",
            "description": "",
            "endpoint_configuration": [
              {
                "types": [
                  "REGIONAL"
                ],
                "vpc_endpoint_ids": []
              }
            ],
            "execution_arn": "arn:aws:execute-api:us-east-1:154320630104:erfrbt34zd",
            "id": "erfrbt34zd",
            "minimum_compression_size": -1,
            "name": "seahorse-web-backend-api",
            "policy": "",
            "root_resource_id": "eizyygoy9a",
            "tags": {}
          },
          "private": "bnVsbA==",
          "dependencies": [
            "module.auth.aws_cognito_identity_pool.seahorse_identity_pool",
            "module.auth.aws_cognito_identity_pool_roles_attachment.seahorse_identity_pool_roles",
            "module.auth.aws_cognito_identity_provider.identity_provider_sso",
            "module.auth.aws_cognito_user_pool.seahorse_user_pool",
            "module.auth.aws_cognito_user_pool_client.seahorse_web_client",
            "module.auth.aws_cognito_user_pool_domain.seahorse_auth_domain",
            "module.auth.aws_iam_role.auth_web_iam_role",
            "module.auth.aws_iam_role.unauth_web_iam_role",
            "module.auth.aws_iam_role_policy.web_iam_unauth_role_policy"
          ]
        }
      ]
    },
    {
      "module": "module.web-backend-api-with-fresh-cognito[0]",
      "mode": "managed",
      "type": "aws_lambda_permission",
      "name": "get-lambda-permission",
      "provider": "provider[\"registry.terraform.io/hashicorp/aws\"]",
      "instances": [
        {
          "schema_version": 0,
          "attributes": {
            "action": "lambda:InvokeFunction",
            "event_source_token": null,
            "function_name": "GetRegisteredComponents",
            "id": "AllowWebBackendAPIGatewayInvokeGet",
            "principal": "apigateway.amazonaws.com",
            "qualifier": "",
            "source_account": null,
            "source_arn": "arn:aws:execute-api:us-east-1:154320630104:erfrbt34zd/*/*/*",
            "statement_id": "AllowWebBackendAPIGatewayInvokeGet",
            "statement_id_prefix": null
          },
          "private": "bnVsbA==",
          "dependencies": [
            "module.auth.aws_cognito_identity_pool.seahorse_identity_pool",
            "module.auth.aws_cognito_identity_pool_roles_attachment.seahorse_identity_pool_roles",
            "module.auth.aws_cognito_identity_provider.identity_provider_sso",
            "module.auth.aws_cognito_user_pool.seahorse_user_pool",
            "module.auth.aws_cognito_user_pool_client.seahorse_web_client",
            "module.auth.aws_cognito_user_pool_domain.seahorse_auth_domain",
            "module.auth.aws_iam_role.auth_web_iam_role",
            "module.auth.aws_iam_role.unauth_web_iam_role",
            "module.auth.aws_iam_role_policy.web_iam_unauth_role_policy",
            "module.web-backend-api-with-fresh-cognito.aws_api_gateway_rest_api.web_backend_api"
          ]
        }
      ]
    },
    {
      "module": "module.web-static",
      "mode": "managed",
      "type": "aws_cloudfront_distribution",
      "name": "docs_distribution",
      "provider": "provider[\"registry.terraform.io/hashicorp/aws\"]",
      "instances": [
        {
          "schema_version": 1,
          "attributes": {
            "aliases": [
              "docs.seahorse-dev.globallink.com"
            ],
            "arn": "arn:aws:cloudfront::154320630104:distribution/E2SCB5SKSZ94PD",
            "caller_reference": "terraform-20210220024017531800000002",
            "comment": null,
            "custom_error_response": [],
            "default_cache_behavior": [
              {
                "allowed_methods": [
                  "DELETE",
                  "GET",
                  "HEAD",
                  "OPTIONS",
                  "PATCH",
                  "POST",
                  "PUT"
                ],
                "cached_methods": [
                  "GET",
                  "HEAD"
                ],
                "compress": false,
                "default_ttl": 3600,
                "field_level_encryption_id": "",
                "forwarded_values": [
                  {
                    "cookies": [
                      {
                        "forward": "none",
                        "whitelisted_names": null
                      }
                    ],
                    "headers": null,
                    "query_string": false,
                    "query_string_cache_keys": null
                  }
                ],
                "lambda_function_association": [],
                "max_ttl": 86400,
                "min_ttl": 0,
                "smooth_streaming": false,
                "target_origin_id": "dev1.seahorse.test1",
                "trusted_signers": null,
                "viewer_protocol_policy": "allow-all"
              }
            ],
            "default_root_object": "index.html",
            "domain_name": "d3jxp54g9ytt7r.cloudfront.net",
            "enabled": true,
            "etag": "E2YMQNI37SEJ2S",
            "hosted_zone_id": "Z2FDTNDATAQYW2",
            "http_version": "http2",
            "id": "E2SCB5SKSZ94PD",
            "in_progress_validation_batches": 0,
            "is_ipv6_enabled": true,
            "last_modified_time": "2021-02-20 02:40:18.046 +0000 UTC",
            "logging_config": [],
            "ordered_cache_behavior": [],
            "origin": [
              {
                "custom_header": [],
                "custom_origin_config": [],
                "domain_name": "dev1.seahorse.test1.s3.amazonaws.com",
                "origin_id": "dev1.seahorse.test1",
                "origin_path": "",
                "s3_origin_config": []
              }
            ],
            "origin_group": [],
            "price_class": "PriceClass_All",
            "restrictions": [
              {
                "geo_restriction": [
                  {
                    "locations": [
                      "CA",
                      "DE",
                      "GB",
                      "US"
                    ],
                    "restriction_type": "whitelist"
                  }
                ]
              }
            ],
            "retain_on_delete": false,
            "status": "Deployed",
            "tags": null,
            "trusted_signers": [
              {
                "enabled": false,
                "items": []
              }
            ],
            "viewer_certificate": [
              {
                "acm_certificate_arn": "arn:aws:acm:us-east-1:154320630104:certificate/0332aaa2-2be8-4701-ade8-c530c8c02b44",
                "cloudfront_default_certificate": false,
                "iam_certificate_id": "",
                "minimum_protocol_version": "TLSv1.2_2019",
                "ssl_support_method": "sni-only"
              }
            ],
            "wait_for_deployment": true,
            "web_acl_id": "33df77f5-22d6-459c-aa57-6c41eb668f94"
          },
          "private": "eyJzY2hlbWFfdmVyc2lvbiI6IjEifQ==",
          "dependencies": [
            "module.waf.aws_waf_web_acl.waf_acl",
            "module.web-static.aws_s3_bucket.docusaurus"
          ]
        }
      ]
    },
    {
      "module": "module.web-static",
      "mode": "managed",
      "type": "aws_cloudfront_distribution",
      "name": "finsemble_distribution",
      "provider": "provider[\"registry.terraform.io/hashicorp/aws\"]",
      "instances": [
        {
          "schema_version": 1,
          "attributes": {
            "aliases": [
              "web.seahorse-dev.globallink.com"
            ],
            "arn": "arn:aws:cloudfront::154320630104:distribution/E3MHCWKFXL76O1",
            "caller_reference": "terraform-20210220024017375600000001",
            "comment": null,
            "custom_error_response": [],
            "default_cache_behavior": [
              {
                "allowed_methods": [
                  "DELETE",
                  "GET",
                  "HEAD",
                  "OPTIONS",
                  "PATCH",
                  "POST",
                  "PUT"
                ],
                "cached_methods": [
                  "GET",
                  "HEAD"
                ],
                "compress": false,
                "default_ttl": 3600,
                "field_level_encryption_id": "",
                "forwarded_values": [
                  {
                    "cookies": [
                      {
                        "forward": "none",
                        "whitelisted_names": null
                      }
                    ],
                    "headers": null,
                    "query_string": false,
                    "query_string_cache_keys": null
                  }
                ],
                "lambda_function_association": [],
                "max_ttl": 86400,
                "min_ttl": 0,
                "smooth_streaming": false,
                "target_origin_id": "dev1.seahorse.test",
                "trusted_signers": null,
                "viewer_protocol_policy": "allow-all"
              }
            ],
            "default_root_object": "index.html",
            "domain_name": "d2pya3qnktocbk.cloudfront.net",
            "enabled": true,
            "etag": "E7XEAXM3T4S55",
            "hosted_zone_id": "Z2FDTNDATAQYW2",
            "http_version": "http2",
            "id": "E3MHCWKFXL76O1",
            "in_progress_validation_batches": 0,
            "is_ipv6_enabled": true,
            "last_modified_time": "2021-02-20 02:40:17.881 +0000 UTC",
            "logging_config": [],
            "ordered_cache_behavior": [],
            "origin": [
              {
                "custom_header": [],
                "custom_origin_config": [],
                "domain_name": "dev1.seahorse.test.s3.amazonaws.com",
                "origin_id": "dev1.seahorse.test",
                "origin_path": "",
                "s3_origin_config": []
              }
            ],
            "origin_group": [],
            "price_class": "PriceClass_All",
            "restrictions": [
              {
                "geo_restriction": [
                  {
                    "locations": [
                      "CA",
                      "DE",
                      "GB",
                      "US"
                    ],
                    "restriction_type": "whitelist"
                  }
                ]
              }
            ],
            "retain_on_delete": false,
            "status": "Deployed",
            "tags": null,
            "trusted_signers": [
              {
                "enabled": false,
                "items": []
              }
            ],
            "viewer_certificate": [
              {
                "acm_certificate_arn": "arn:aws:acm:us-east-1:154320630104:certificate/0332aaa2-2be8-4701-ade8-c530c8c02b44",
                "cloudfront_default_certificate": false,
                "iam_certificate_id": "",
                "minimum_protocol_version": "TLSv1.2_2019",
                "ssl_support_method": "sni-only"
              }
            ],
            "wait_for_deployment": true,
            "web_acl_id": "33df77f5-22d6-459c-aa57-6c41eb668f94"
          },
          "private": "eyJzY2hlbWFfdmVyc2lvbiI6IjEifQ==",
          "dependencies": [
            "module.waf.aws_waf_web_acl.waf_acl",
            "module.web-static.aws_s3_bucket.finsemble"
          ]
        }
      ]
    },
    {
      "module": "module.web-static",
      "mode": "managed",
      "type": "aws_cloudfront_distribution",
      "name": "storybook_distribution",
      "provider": "provider[\"registry.terraform.io/hashicorp/aws\"]",
      "instances": [
        {
          "schema_version": 1,
          "attributes": {
            "aliases": [
              "storybook.seahorse-dev.globallink.com"
            ],
            "arn": "arn:aws:cloudfront::154320630104:distribution/E32KCZTDQS2QK8",
            "caller_reference": "terraform-20210220024018141700000003",
            "comment": null,
            "custom_error_response": [],
            "default_cache_behavior": [
              {
                "allowed_methods": [
                  "DELETE",
                  "GET",
                  "HEAD",
                  "OPTIONS",
                  "PATCH",
                  "POST",
                  "PUT"
                ],
                "cached_methods": [
                  "GET",
                  "HEAD"
                ],
                "compress": false,
                "default_ttl": 3600,
                "field_level_encryption_id": "",
                "forwarded_values": [
                  {
                    "cookies": [
                      {
                        "forward": "none",
                        "whitelisted_names": null
                      }
                    ],
                    "headers": null,
                    "query_string": false,
                    "query_string_cache_keys": null
                  }
                ],
                "lambda_function_association": [],
                "max_ttl": 86400,
                "min_ttl": 0,
                "smooth_streaming": false,
                "target_origin_id": "dev1.seahorse.test2",
                "trusted_signers": null,
                "viewer_protocol_policy": "allow-all"
              }
            ],
            "default_root_object": "index.html",
            "domain_name": "d2y4qn7mf49soa.cloudfront.net",
            "enabled": true,
            "etag": "E1XIDEIYW85GQ0",
            "hosted_zone_id": "Z2FDTNDATAQYW2",
            "http_version": "http2",
            "id": "E32KCZTDQS2QK8",
            "in_progress_validation_batches": 0,
            "is_ipv6_enabled": true,
            "last_modified_time": "2021-02-20 02:40:18.702 +0000 UTC",
            "logging_config": [],
            "ordered_cache_behavior": [],
            "origin": [
              {
                "custom_header": [],
                "custom_origin_config": [],
                "domain_name": "dev1.seahorse.test2.s3.amazonaws.com",
                "origin_id": "dev1.seahorse.test2",
                "origin_path": "",
                "s3_origin_config": []
              }
            ],
            "origin_group": [],
            "price_class": "PriceClass_All",
            "restrictions": [
              {
                "geo_restriction": [
                  {
                    "locations": [
                      "CA",
                      "DE",
                      "GB",
                      "US"
                    ],
                    "restriction_type": "whitelist"
                  }
                ]
              }
            ],
            "retain_on_delete": false,
            "status": "Deployed",
            "tags": null,
            "trusted_signers": [
              {
                "enabled": false,
                "items": []
              }
            ],
            "viewer_certificate": [
              {
                "acm_certificate_arn": "arn:aws:acm:us-east-1:154320630104:certificate/0332aaa2-2be8-4701-ade8-c530c8c02b44",
                "cloudfront_default_certificate": false,
                "iam_certificate_id": "",
                "minimum_protocol_version": "TLSv1.2_2019",
                "ssl_support_method": "sni-only"
              }
            ],
            "wait_for_deployment": true,
            "web_acl_id": "33df77f5-22d6-459c-aa57-6c41eb668f94"
          },
          "private": "eyJzY2hlbWFfdmVyc2lvbiI6IjEifQ==",
          "dependencies": [
            "module.waf.aws_waf_web_acl.waf_acl",
            "module.web-static.aws_s3_bucket.storybook"
          ]
        }
      ]
    },
    {
      "module": "module.web-static",
      "mode": "managed",
      "type": "aws_s3_bucket",
      "name": "docusaurus",
      "provider": "provider[\"registry.terraform.io/hashicorp/aws\"]",
      "instances": [
        {
          "schema_version": 0,
          "attributes": {
            "acceleration_status": "",
            "acl": "public-read",
            "arn": "arn:aws:s3:::dev1.seahorse.test1",
            "bucket": "dev1.seahorse.test1",
            "bucket_domain_name": "dev1.seahorse.test1.s3.amazonaws.com",
            "bucket_prefix": null,
            "bucket_regional_domain_name": "dev1.seahorse.test1.s3.amazonaws.com",
            "cors_rule": [],
            "force_destroy": false,
            "grant": [],
            "hosted_zone_id": "Z3AQBSTGFYJSTF",
            "id": "dev1.seahorse.test1",
            "lifecycle_rule": [],
            "logging": [],
            "object_lock_configuration": [],
            "policy": "{\"Id\":\"SourceIPAllowed\",\"Statement\":[{\"Action\":\"s3:Get*\",\"Condition\":{\"IpAddress\":{\"aws:SourceIp\":[\"208.89.236.196/32\",\"74.204.251.4/32\",\"74.204.251.5/32\",\"159.18.234.5/32\",\"159.18.234.12/32\",\"208.89.239.4/32\",\"208.89.239.5/32\",\"63.106.110.9/32\",\"63.106.110.14/32\",\"185.84.23.5/32\",\"208.89.239.4/32\",\"165.225.39.0/23\",\"165.225.38.0/23\",\"165.225.220.0/23\",\"147.161.166.0/23\"]}},\"Effect\":\"Allow\",\"Principal\":\"*\",\"Resource\":[\"arn:aws:s3:::dev1.seahorse.test1\",\"arn:aws:s3:::dev1.seahorse.test1/*\"],\"Sid\":\"VPCe and SourceIP\"},{\"Action\":\"s3:*\",\"Condition\":{\"Bool\":{\"aws:SecureTransport\":\"false\"}},\"Effect\":\"Deny\",\"Principal\":\"*\",\"Resource\":[\"arn:aws:s3:::dev1.seahorse.test1\",\"arn:aws:s3:::dev1.seahorse.test1/*\"],\"Sid\":\"AllowSSLRequestsOnly\"}],\"Version\":\"2012-10-17\"}",
            "region": "us-east-1",
            "replication_configuration": [],
            "request_payer": "BucketOwner",
            "server_side_encryption_configuration": [],
            "tags": {
              "Environment": "SeaHorse",
              "Name": "Product"
            },
            "versioning": [
              {
                "enabled": false,
                "mfa_delete": false
              }
            ],
            "website": [
              {
                "error_document": "error.html",
                "index_document": "index.html",
                "redirect_all_requests_to": "",
                "routing_rules": ""
              }
            ],
            "website_domain": "s3-website-us-east-1.amazonaws.com",
            "website_endpoint": "dev1.seahorse.test1.s3-website-us-east-1.amazonaws.com"
          },
          "private": "bnVsbA=="
        }
      ]
    },
    {
      "module": "module.web-static",
      "mode": "managed",
      "type": "aws_s3_bucket",
      "name": "finsemble",
      "provider": "provider[\"registry.terraform.io/hashicorp/aws\"]",
      "instances": [
        {
          "schema_version": 0,
          "attributes": {
            "acceleration_status": "",
            "acl": "public-read",
            "arn": "arn:aws:s3:::dev1.seahorse.test",
            "bucket": "dev1.seahorse.test",
            "bucket_domain_name": "dev1.seahorse.test.s3.amazonaws.com",
            "bucket_prefix": null,
            "bucket_regional_domain_name": "dev1.seahorse.test.s3.amazonaws.com",
            "cors_rule": [],
            "force_destroy": false,
            "grant": [],
            "hosted_zone_id": "Z3AQBSTGFYJSTF",
            "id": "dev1.seahorse.test",
            "lifecycle_rule": [],
            "logging": [],
            "object_lock_configuration": [],
            "policy": "{\"Id\":\"SourceIPAllowed\",\"Statement\":[{\"Action\":\"s3:Get*\",\"Condition\":{\"IpAddress\":{\"aws:SourceIp\":[\"208.89.236.196/32\",\"74.204.251.4/32\",\"74.204.251.5/32\",\"159.18.234.5/32\",\"159.18.234.12/32\",\"208.89.239.4/32\",\"208.89.239.5/32\",\"63.106.110.9/32\",\"63.106.110.14/32\",\"185.84.23.5/32\",\"208.89.239.4/32\",\"165.225.39.0/23\",\"165.225.38.0/23\",\"165.225.220.0/23\",\"147.161.166.0/23\"]}},\"Effect\":\"Allow\",\"Principal\":\"*\",\"Resource\":[\"arn:aws:s3:::dev1.seahorse.test\",\"arn:aws:s3:::dev1.seahorse.test/*\"],\"Sid\":\"VPCe and SourceIP\"},{\"Action\":\"s3:*\",\"Condition\":{\"Bool\":{\"aws:SecureTransport\":\"false\"}},\"Effect\":\"Deny\",\"Principal\":\"*\",\"Resource\":[\"arn:aws:s3:::dev1.seahorse.test\",\"arn:aws:s3:::dev1.seahorse.test/*\"],\"Sid\":\"AllowSSLRequestsOnly\"}],\"Version\":\"2012-10-17\"}",
            "region": "us-east-1",
            "replication_configuration": [],
            "request_payer": "BucketOwner",
            "server_side_encryption_configuration": [],
            "tags": {
              "Environment": "SeaHorse",
              "Name": "Product"
            },
            "versioning": [
              {
                "enabled": false,
                "mfa_delete": false
              }
            ],
            "website": [
              {
                "error_document": "error.html",
                "index_document": "index.html",
                "redirect_all_requests_to": "",
                "routing_rules": ""
              }
            ],
            "website_domain": "s3-website-us-east-1.amazonaws.com",
            "website_endpoint": "dev1.seahorse.test.s3-website-us-east-1.amazonaws.com"
          },
          "private": "bnVsbA=="
        }
      ]
    },
    {
      "module": "module.web-static",
      "mode": "managed",
      "type": "aws_s3_bucket",
      "name": "storybook",
      "provider": "provider[\"registry.terraform.io/hashicorp/aws\"]",
      "instances": [
        {
          "schema_version": 0,
          "attributes": {
            "acceleration_status": "",
            "acl": "public-read",
            "arn": "arn:aws:s3:::dev1.seahorse.test2",
            "bucket": "dev1.seahorse.test2",
            "bucket_domain_name": "dev1.seahorse.test2.s3.amazonaws.com",
            "bucket_prefix": null,
            "bucket_regional_domain_name": "dev1.seahorse.test2.s3.amazonaws.com",
            "cors_rule": [],
            "force_destroy": false,
            "grant": [],
            "hosted_zone_id": "Z3AQBSTGFYJSTF",
            "id": "dev1.seahorse.test2",
            "lifecycle_rule": [],
            "logging": [],
            "object_lock_configuration": [],
            "policy": "{\"Id\":\"SourceIPAllowed\",\"Statement\":[{\"Action\":\"s3:Get*\",\"Condition\":{\"IpAddress\":{\"aws:SourceIp\":[\"208.89.236.196/32\",\"74.204.251.4/32\",\"74.204.251.5/32\",\"159.18.234.5/32\",\"159.18.234.12/32\",\"208.89.239.4/32\",\"208.89.239.5/32\",\"63.106.110.9/32\",\"63.106.110.14/32\",\"185.84.23.5/32\",\"208.89.239.4/32\",\"165.225.39.0/23\",\"165.225.38.0/23\",\"165.225.220.0/23\",\"147.161.166.0/23\"]}},\"Effect\":\"Allow\",\"Principal\":\"*\",\"Resource\":[\"arn:aws:s3:::dev1.seahorse.test2\",\"arn:aws:s3:::dev1.seahorse.test2/*\"],\"Sid\":\"VPCe and SourceIP\"},{\"Action\":\"s3:*\",\"Condition\":{\"Bool\":{\"aws:SecureTransport\":\"false\"}},\"Effect\":\"Deny\",\"Principal\":\"*\",\"Resource\":[\"arn:aws:s3:::dev1.seahorse.test2\",\"arn:aws:s3:::dev1.seahorse.test2/*\"],\"Sid\":\"AllowSSLRequestsOnly\"}],\"Version\":\"2012-10-17\"}",
            "region": "us-east-1",
            "replication_configuration": [],
            "request_payer": "BucketOwner",
            "server_side_encryption_configuration": [],
            "tags": {
              "Environment": "SeaHorse",
              "Name": "Product"
            },
            "versioning": [
              {
                "enabled": false,
                "mfa_delete": false
              }
            ],
            "website": [
              {
                "error_document": "error.html",
                "index_document": "index.html",
                "redirect_all_requests_to": "",
                "routing_rules": ""
              }
            ],
            "website_domain": "s3-website-us-east-1.amazonaws.com",
            "website_endpoint": "dev1.seahorse.test2.s3-website-us-east-1.amazonaws.com"
          },
          "private": "bnVsbA=="
        }
      ]
    }
  ]
}
