{
  "version": 4,
  "terraform_version": "0.13.5",
  "serial": 586,
  "lineage": "13222417-cfeb-3510-4c9e-67035a156cd8",
  "outputs": {},
  "resources": [
    {
      "module": "module.web_admin_api",
      "mode": "managed",
      "type": "aws_api_gateway_integration",
      "name": "mock_options_integration",
      "provider": "provider[\"registry.terraform.io/hashicorp/aws\"]",
      "instances": [
        {
          "schema_version": 0,
          "attributes": {
            "cache_key_parameters": [],
            "cache_namespace": "ul2d1h",
            "connection_id": "",
            "connection_type": "INTERNET",
            "content_handling": "",
            "credentials": "",
            "http_method": "OPTIONS",
            "id": "agi-3srsu9f6x4-ul2d1h-OPTIONS",
            "integration_http_method": "",
            "passthrough_behavior": "WHEN_NO_MATCH",
            "request_parameters": {},
            "request_templates": {},
            "resource_id": "ul2d1h",
            "rest_api_id": "3srsu9f6x4",
            "timeout_milliseconds": 29000,
            "type": "MOCK",
            "uri": ""
          }
        }
      ]
    },
    {
      "module": "module.web_admin_api",
      "mode": "managed",
      "type": "aws_api_gateway_method",
      "name": "mock_options_method",
      "provider": "provider[\"registry.terraform.io/hashicorp/aws\"]",
      "instances": [
        {
          "schema_version": 0,
          "attributes": {
            "api_key_required": false,
            "authorization": "NONE",
            "authorization_scopes": [],
            "authorizer_id": "",
            "http_method": "OPTIONS",
            "id": "agm-3srsu9f6x4-ul2d1h-OPTIONS",
            "request_models": {},
            "request_parameters": {},
            "request_validator_id": "",
            "resource_id": "ul2d1h",
            "rest_api_id": "3srsu9f6x4"
          },
          "private": "bnVsbA==",
          "dependencies": [
            "module.web_admin_api.aws_api_gateway_resource.admin_api_resource",
            "module.web_admin_api.aws_api_gateway_rest_api.admin_api"
          ]
        }
      ]
    },
    {
      "module": "module.web_admin_api",
      "mode": "managed",
      "type": "aws_api_gateway_method_response",
      "name": "mock_options_response",
      "provider": "provider[\"registry.terraform.io/hashicorp/aws\"]",
      "instances": [
        {
          "schema_version": 0,
          "attributes": {
            "http_method": "OPTIONS",
            "id": "agmr-3srsu9f6x4-ul2d1h-OPTIONS-200",
            "resource_id": "ul2d1h",
            "response_models": {
              "application/json": "Empty"
            },
            "response_parameters": {
              "method.response.header.Access-Control-Allow-Headers": true,
              "method.response.header.Access-Control-Allow-Methods": true,
              "method.response.header.Access-Control-Allow-Origin": true
            },
            "rest_api_id": "3srsu9f6x4",
            "status_code": "200"
          }
        }
      ]
    },
    {
      "module": "module.web_admin_api",
      "mode": "managed",
      "type": "aws_api_gateway_resource",
      "name": "admin_api_resource",
      "provider": "provider[\"registry.terraform.io/hashicorp/aws\"]",
      "instances": [
        {
          "schema_version": 0,
          "attributes": {
            "id": "ul2d1h",
            "parent_id": "gdfl6p1d7d",
            "path": "/{proxy+}",
            "path_part": "{proxy+}",
            "rest_api_id": "3srsu9f6x4"
          },
          "private": "bnVsbA==",
          "dependencies": [
            "module.web_admin_api.aws_api_gateway_rest_api.admin_api"
          ]
        }
      ]
    },
    {
      "module": "module.web_admin_api",
      "mode": "managed",
      "type": "aws_api_gateway_rest_api",
      "name": "admin_api",
      "provider": "provider[\"registry.terraform.io/hashicorp/aws\"]",
      "instances": [
        {
          "schema_version": 0,
          "attributes": {
            "api_key_source": "HEADER",
            "arn": "arn:aws:apigateway:us-east-1::/restapis/3srsu9f6x4",
            "binary_media_types": [],
            "body": null,
            "created_date": "2021-02-21T18:51:45Z",
            "description": "",
            "endpoint_configuration": [
              {
                "types": [
                  "REGIONAL"
                ],
                "vpc_endpoint_ids": []
              }
            ],
            "execution_arn": "arn:aws:execute-api:us-east-1:154320630104:3srsu9f6x4",
            "id": "3srsu9f6x4",
            "minimum_compression_size": -1,
            "name": "seahorse-admin-api",
            "policy": "{\"Version\":\"2012-10-17\",\"Statement\":[{\"Effect\":\"Allow\",\"Principal\":\"*\",\"Action\":\"execute-api:Invoke\",\"Resource\":\"arn:aws:execute-api:us-east-1:154320630104:3srsu9f6x4/*/*/*\"},{\"Effect\":\"Deny\",\"Principal\":\"*\",\"Action\":\"execute-api:Invoke\",\"Resource\":\"arn:aws:execute-api:us-east-1:154320630104:3srsu9f6x4/*/*/*\",\"Condition\":{\"NotIpAddress\":{\"aws:SourceIp\":[\"208.89.236.196/32\",\"74.204.251.4/32\",\"74.204.251.5/32\",\"159.18.234.5/32\",\"159.18.234.12/32\",\"208.89.239.4/32\",\"208.89.239.5/32\",\"63.106.110.9/32\",\"63.106.110.14/32\",\"185.84.23.5/32\",\"165.225.39.0/23\",\"165.225.38.0/23\",\"165.225.220.0/23\",\"147.161.166.0/23\"]}}}]}",
            "root_resource_id": "gdfl6p1d7d",
            "tags": {}
          },
          "private": "bnVsbA=="
        }
      ]
    }
  ]
}
