{
  "version": 4,
  "terraform_version": "0.13.5",
  "serial": 529,
  "lineage": "13222417-cfeb-3510-4c9e-67035a156cd8",
  "outputs": {},
  "resources": [
    {
      "module": "module.acm",
      "mode": "managed",
      "type": "aws_acm_certificate",
      "name": "web_cert",
      "provider": "provider[\"registry.terraform.io/hashicorp/aws\"]",
      "instances": [
        {
          "schema_version": 0,
          "attributes": {
            "arn": "arn:aws:acm:us-east-1:154320630104:certificate/0863189c-36cf-4896-bbbf-435f78adae20",
            "certificate_authority_arn": "",
            "certificate_body": "-----BEGIN CERTIFICATE-----\r\nMIIH9TCCBt2gAwIBAgIQC9aAu/ESySw2t5NVwgdPvzANBgkqhkiG9w0BAQsFADBP\r\nMQswCQYDVQQGEwJVUzEVMBMGA1UEChMMRGlnaUNlcnQgSW5jMSkwJwYDVQQDEyBE\r\naWdpQ2VydCBUTFMgUlNBIFNIQTI1NiAyMDIwIENBMTAeFw0yMTAyMTkwMDAwMDBa\r\nFw0yMjAyMjMyMzU5NTlaMHwxCzAJBgNVBAYTAlVTMREwDwYDVQQIEwhOZXcgWW9y\r\nazERMA8GA1UEBxMITmV3IFlvcmsxITAfBgNVBAoTGFN0YXRlIFN0cmVldCBDb3Jw\r\nb3JhdGlvbjEkMCIGA1UEAxMbc2VhaG9yc2UtZGV2Lmdsb2JhbGxpbmsuY29tMIIB\r\nIjANBgkqhkiG9w0BAQEFAAOCAQ8AMIIBCgKCAQEAv/AJ9r8wUjcoBVF9Tp5g3EHS\r\nhsdZ2BB2izR6zMevM455aWL+T9iz70BXTqjXAPjfSBIuqGgFwrkXtf63XNNt3KQP\r\n9VEPcluvUfFtBifEKwN2Cq2yPicP7Otp9pccOMwlnUZ2yMknBwsBmj2Jk91ofCnW\r\nTOYH9PIyB9d0WIlmNEevZj+YAOCKMGu5NuznKF0TCVWY6lEn/1mbm6uGedAOioSN\r\nCv/Kfj6+5ZL7Fs9V0cbS70WlFQwJ72xVCmanlwRPeN3xfGax3rClH4dsEUDRXfIu\r\nmoY977UMunOoc4wOSb0atYvy6aQdrED+yet/gEtvGc93oSkjNGCt99wPgKI/owID\r\nAQABo4IEnjCCBJowHwYDVR0jBBgwFoAUt2ui6qiqhIx56rTaD5iyxZV2ufQwHQYD\r\nVR0OBBYEFLJsA1LbaLNyy/JlUJEqn4GeedljMIIBxAYDVR0RBIIBuzCCAbeCG3Nl\r\nYWhvcnNlLWRldi5nbG9iYWxsaW5rLmNvbYIlc3Rvcnlib29rLnNlYWhvcnNlLWRl\r\ndi5nbG9iYWxsaW5rLmNvbYIgZG9jcy5zZWFob3JzZS1kZXYuZ2xvYmFsbGluay5j\r\nb22CI3N0cmVhbXMuc2VhaG9yc2UtZGV2Lmdsb2JhbGxpbmsuY29tgiJ3ZWJhcGku\r\nc2VhaG9yc2UtZGV2Lmdsb2JhbGxpbmsuY29tgiVhZG1pbi1hcGkuc2VhaG9yc2Ut\r\nZGV2Lmdsb2JhbGxpbmsuY29tgiRhZG1pbmFwaS5zZWFob3JzZS1kZXYuZ2xvYmFs\r\nbGluay5jb22CI2V4YW1wbGUuc2VhaG9yc2UtZGV2Lmdsb2JhbGxpbmsuY29tgiZz\r\naW1wbGUtYXBwLnNlYWhvcnNlLWRldi5nbG9iYWxsaW5rLmNvbYIfd2ViLnNlYWhv\r\ncnNlLWRldi5nbG9iYWxsaW5rLmNvbYIjd2ViLWFwaS5zZWFob3JzZS1kZXYuZ2xv\r\nYmFsbGluay5jb22CJmRvY3VzYXVydXMuc2VhaG9yc2UtZGV2Lmdsb2JhbGxpbmsu\r\nY29tMA4GA1UdDwEB/wQEAwIFoDAdBgNVHSUEFjAUBggrBgEFBQcDAQYIKwYBBQUH\r\nAwIwgYsGA1UdHwSBgzCBgDA+oDygOoY4aHR0cDovL2NybDMuZGlnaWNlcnQuY29t\r\nL0RpZ2lDZXJ0VExTUlNBU0hBMjU2MjAyMENBMS5jcmwwPqA8oDqGOGh0dHA6Ly9j\r\ncmw0LmRpZ2ljZXJ0LmNvbS9EaWdpQ2VydFRMU1JTQVNIQTI1NjIwMjBDQTEuY3Js\r\nMD4GA1UdIAQ3MDUwMwYGZ4EMAQICMCkwJwYIKwYBBQUHAgEWG2h0dHA6Ly93d3cu\r\nZGlnaWNlcnQuY29tL0NQUzB9BggrBgEFBQcBAQRxMG8wJAYIKwYBBQUHMAGGGGh0\r\ndHA6Ly9vY3NwLmRpZ2ljZXJ0LmNvbTBHBggrBgEFBQcwAoY7aHR0cDovL2NhY2Vy\r\ndHMuZGlnaWNlcnQuY29tL0RpZ2lDZXJ0VExTUlNBU0hBMjU2MjAyMENBMS5jcnQw\r\nDAYDVR0TAQH/BAIwADCCAQQGCisGAQQB1nkCBAIEgfUEgfIA8AB2ACl5vvCeOTkh\r\n8FZzn2Old+W+V32cYAr4+U1dJlwlXceEAAABd7tHWggAAAQDAEcwRQIgJshU5EPd\r\nw8JGFBjAU89wWXDfoanHWM6G0BEGq4slpCQCIQD4eVZ8Ui5LNzcYyBuNRUcybGQX\r\ndJdAEUAGfzYiU1VuHQB2ACJFRQdZVSRWlj+hL/H3bYbgIyZjrcBLf13Gg1xu4g8C\r\nAAABd7tHWkoAAAQDAEcwRQIgfmf1s2prhlBhefGEGwhgMimI7zBGEMwyreWvZLnA\r\nHUoCIQCPzPNXcbRT54ZXqgMjdIMsTqWaMBQT5tU3p+eEEL1XezANBgkqhkiG9w0B\r\nAQsFAAOCAQEAlwnTKBXkcjCrUNfNMNmdC54AtLIf/rfSgYbJATdKeAZNOhnWDCDG\r\n+JwlV3hvMgLTdo9hG4ofOoolZyRrgiuuB3kP61IabZzhpm6RLU9jhuuDN6Sosg8y\r\n3Xh10NiQDL7O+1nRI8SR2lGYedcalemRG3nyuHvZ1z0b4Pl4wGVHfJH0mKeeh0WS\r\n4+RPR5VukSmfJgjZuD19/TzT+HuNZZ0JLT8EmW24sCF5Q89QhBVHgB+y74vjnDH8\r\n4f+Oo1ExvZm+1TfJ8oOOwTJtfBTBnpoZCK2QnCEbQd3v6gPG7ztOmHofMw7lcEnR\r\n/KJqeiw825CO7YLUsKf46h6ai5/T+ePM6A==\r\n-----END CERTIFICATE-----\r\n",
            "certificate_chain": "-----BEGIN CERTIFICATE-----\r\nMIIE6jCCA9KgAwIBAgIQCjUI1VwpKwF9+K1lwA/35DANBgkqhkiG9w0BAQsFADBh\r\nMQswCQYDVQQGEwJVUzEVMBMGA1UEChMMRGlnaUNlcnQgSW5jMRkwFwYDVQQLExB3\r\nd3cuZGlnaWNlcnQuY29tMSAwHgYDVQQDExdEaWdpQ2VydCBHbG9iYWwgUm9vdCBD\r\nQTAeFw0yMDA5MjQwMDAwMDBaFw0zMDA5MjMyMzU5NTlaME8xCzAJBgNVBAYTAlVT\r\nMRUwEwYDVQQKEwxEaWdpQ2VydCBJbmMxKTAnBgNVBAMTIERpZ2lDZXJ0IFRMUyBS\r\nU0EgU0hBMjU2IDIwMjAgQ0ExMIIBIjANBgkqhkiG9w0BAQEFAAOCAQ8AMIIBCgKC\r\nAQEAwUuzZUdwvN1PWNvsnO3DZuUfMRNUrUpmRh8sCuxkB+Uu3Ny5CiDt3+PE0J6a\r\nqXodgojlEVbbHp9YwlHnLDQNLtKS4VbL8Xlfs7uHyiUDe5pSQWYQYE9XE0nw6Ddn\r\ng9/n00tnTCJRpt8OmRDtV1F0JuJ9x8piLhMbfyOIJVNvwTRYAIuE//i+p1hJInuW\r\nraKImxW8oHzf6VGo1bDtN+I2tIJLYrVJmuzHZ9bjPvXj1hJeRPG/cUJ9WIQDgLGB\r\nAfr5yjK7tI4nhyfFK3TUqNaX3sNk+crOU6JWvHgXjkkDKa77SU+kFbnO8lwZV21r\r\neacroicgE7XQPUDTITAHk+qZ9QIDAQABo4IBrjCCAaowHQYDVR0OBBYEFLdrouqo\r\nqoSMeeq02g+YssWVdrn0MB8GA1UdIwQYMBaAFAPeUDVW0Uy7ZvCj4hsbw5eyPdFV\r\nMA4GA1UdDwEB/wQEAwIBhjAdBgNVHSUEFjAUBggrBgEFBQcDAQYIKwYBBQUHAwIw\r\nEgYDVR0TAQH/BAgwBgEB/wIBADB2BggrBgEFBQcBAQRqMGgwJAYIKwYBBQUHMAGG\r\nGGh0dHA6Ly9vY3NwLmRpZ2ljZXJ0LmNvbTBABggrBgEFBQcwAoY0aHR0cDovL2Nh\r\nY2VydHMuZGlnaWNlcnQuY29tL0RpZ2lDZXJ0R2xvYmFsUm9vdENBLmNydDB7BgNV\r\nHR8EdDByMDegNaAzhjFodHRwOi8vY3JsMy5kaWdpY2VydC5jb20vRGlnaUNlcnRH\r\nbG9iYWxSb290Q0EuY3JsMDegNaAzhjFodHRwOi8vY3JsNC5kaWdpY2VydC5jb20v\r\nRGlnaUNlcnRHbG9iYWxSb290Q0EuY3JsMDAGA1UdIAQpMCcwBwYFZ4EMAQEwCAYG\r\nZ4EMAQIBMAgGBmeBDAECAjAIBgZngQwBAgMwDQYJKoZIhvcNAQELBQADggEBAHer\r\nt3onPa679n/gWlbJhKrKW3EX3SJH/E6f7tDBpATho+vFScH90cnfjK+URSxGKqNj\r\nOSD5nkoklEHIqdninFQFBstcHL4AGw+oWv8Zu2XHFq8hVt1hBcnpj5h232sb0HIM\r\nULkwKXq/YFkQZhM6LawVEWwtIwwCPgU7/uWhnOKK24fXSuhe50gG66sSmvKvhMNb\r\ng0qZgYOrAKHKCjxMoiWJKiKnpPMzTFuMLhoClw+dj20tlQj7T9rxkTgl4ZxuYRiH\r\nas6xuwAwapu3r9rxxZf+ingkquqTgLozZXq8oXfpf2kUCwA/d5KxTVtzhwoT0JzI\r\n8ks5T1KESaZMkE4f97Q=\r\n-----END CERTIFICATE-----\r\n",
            "domain_name": "seahorse-dev.globallink.com",
            "domain_validation_options": [],
            "id": "arn:aws:acm:us-east-1:154320630104:certificate/0863189c-36cf-4896-bbbf-435f78adae20",
            "options": [
              {
                "certificate_transparency_logging_preference": "DISABLED"
              }
            ],
            "private_key": "-----BEGIN PRIVATE KEY-----\nMIIEvQIBADANBgkqhkiG9w0BAQEFAASCBKcwggSjAgEAAoIBAQC/8An2vzBSNygF\nUX1OnmDcQdKGx1nYEHaLNHrMx68zjnlpYv5P2LPvQFdOqNcA+N9IEi6oaAXCuRe1\n/rdc023cpA/1UQ9yW69R8W0GJ8QrA3YKrbI+Jw/s62n2lxw4zCWdRnbIyScHCwGa\nPYmT3Wh8KdZM5gf08jIH13RYiWY0R69mP5gA4Iowa7k27OcoXRMJVZjqUSf/WZub\nq4Z50A6KhI0K/8p+Pr7lkvsWz1XRxtLvRaUVDAnvbFUKZqeXBE943fF8ZrHesKUf\nh2wRQNFd8i6ahj3vtQy6c6hzjA5JvRq1i/LppB2sQP7J63+AS28Zz3ehKSM0YK33\n3A+Aoj+jAgMBAAECggEBALPf1tahMj26Zw0k41QMZSXFofChXnd4Zj/q/LJw6KZe\nfTXgigh2Q5qSJ8AVxvioQ0gdkhBM/CkSoT/z6A9cLXc7YaE7SEiZ1+HpaYz9M4BE\nDBnR0lsg7HHR5UotL0ujNhUAdk2RBbw5+lR8GzSxqDvEUYtbgFVzrKNgrS5UBa4z\naJiuMAuyqrDmF7+v1vNc5/+nI4fydT/Gc57sMCiMo47Axxx2JZ+Y/+AEnHwfFbhk\nCisASQsVFlni6FcdOjvaEQZoF53BnGScgUli43P8cghuQ1lMNd17miRHx8oJn3dd\nNWVTf3ei3Qx0AEypThR5Pmw8ja4nA9vj7bnkv5t2EZECgYEA3pD0BIe7eI9YqUOd\n8TCBsS1FP2ScscoexZLjmkh1wOlCKr/t6S9hXFWnRj4VI9eI+dr+lNSV9pBgHw8k\nbGv3xxFXv0UIgmgYEatTxuii+ai2fqmfnDVU0I1RlkU27JCOrDUtAIn1HmSx6GuW\nBjoHuQ/cVRLy5WQH3e7371eLAs0CgYEA3MU6VWKCO+NHOnEJ28D4oxbHuABoQSVz\nTw4kWemOmtfrTafbLUUIno3vRbQoXmEBH7eCV8WO79rA3+aLdca8ngKZnqOZ/3QX\nY3QvMKeruxgTXYvzLnAih/y9t9dP6k7IOafBmpIomsNXLk7BRH+HjF4mnLJBVkkX\nTrSxPAcnrC8CgYB9veM/E/hEeqgaqQr4kvESyoLO9+bXQ1vzP7O7HKj6Xk51nI2r\nKouVAQdKVhTXdRP8JU+jgh9fd932bjWj07PfEdtDQps2Id1HTkY8oH5DEqBYGzkD\npdXPJagsf9ox+NHCVSChp0+G5ljk+LN/vRVT5rQSlGwKUWNobXRCEnGFGQKBgHle\nYCRixJAh8Z2aWT4bh1U5h9CLQMVXzl2Ou8NGWCSeQXjup9rqUcPA6eLbGTpRf+ms\n3BZewKbyDwjIWLEF8dm4OjXxYQ8EBnuhevP3qbxwjuzlrGpCMWmrM61mzENWzlKL\n/C563aG/dCU8HJoItj8f34BTqwHBqvOU+L60fEX3AoGAZOUYRSBJUmLucSWNoaHn\nH50MhkQw3GAGMtbZW9lehmgBefqLOw91niqZlxQwlq2ZDOa8DWzk/vUnIh3L9sh7\n7NWd31bP6nQMwMjKAksnOvoPk+8YMzltR6STcQ5A15pGzSkc1HplCY0QuLdytiiR\nQI2XCDBO7Zng4ze7b/v5cB8=\n-----END PRIVATE KEY-----\n",
            "status": "ISSUED",
            "subject_alternative_names": [
              "admin-api.seahorse-dev.globallink.com",
              "adminapi.seahorse-dev.globallink.com",
              "docs.seahorse-dev.globallink.com",
              "docusaurus.seahorse-dev.globallink.com",
              "example.seahorse-dev.globallink.com",
              "simple-app.seahorse-dev.globallink.com",
              "storybook.seahorse-dev.globallink.com",
              "streams.seahorse-dev.globallink.com",
              "web-api.seahorse-dev.globallink.com",
              "web.seahorse-dev.globallink.com",
              "webapi.seahorse-dev.globallink.com"
            ],
            "tags": null,
            "validation_emails": [],
            "validation_method": "NONE"
          },
          "private": "bnVsbA=="
        }
      ]
    },
    {
      "module": "module.admin_lambdas",
      "mode": "managed",
      "type": "aws_cloudwatch_event_rule",
      "name": "one_minute_ping",
      "provider": "provider[\"registry.terraform.io/hashicorp/aws\"]",
      "instances": [
        {
          "schema_version": 0,
          "attributes": {
            "arn": "arn:aws:events:us-east-1:154320630104:rule/one_minute_ping",
            "description": "Pings every one minute",
            "event_bus_name": "default",
            "event_pattern": null,
            "id": "one_minute_ping",
            "is_enabled": true,
            "name": "one_minute_ping",
            "name_prefix": "",
            "role_arn": "",
            "schedule_expression": "rate(1 minute)",
            "tags": null
          },
          "private": "bnVsbA=="
        }
      ]
    },
    {
      "module": "module.admin_lambdas",
      "mode": "managed",
      "type": "aws_cloudwatch_event_target",
      "name": "ping_delete_lambda_every_one_minute",
      "provider": "provider[\"registry.terraform.io/hashicorp/aws\"]",
      "instances": [
        {
          "schema_version": 1,
          "attributes": {
            "arn": "arn:aws:lambda:us-east-1:154320630104:function:DeleteRegisteredComponent",
            "batch_target": [],
            "ecs_target": [],
            "event_bus_name": "default",
            "id": "one_minute_ping-delete-ping",
            "input": "",
            "input_path": "",
            "input_transformer": [],
            "kinesis_target": [],
            "role_arn": "",
            "rule": "one_minute_ping",
            "run_command_targets": [],
            "sqs_target": [],
            "target_id": "delete-ping"
          },
          "private": "eyJzY2hlbWFfdmVyc2lvbiI6IjEifQ==",
          "dependencies": [
            "module.admin_lambdas.aws_cloudwatch_event_rule.one_minute_ping",
            "module.admin_lambdas.aws_iam_role.seahorse_iam_role_for_lambdas",
            "module.admin_lambdas.aws_lambda_function.DeleteRegisteredComponent"
          ]
        }
      ]
    },
    {
      "module": "module.admin_lambdas",
      "mode": "managed",
      "type": "aws_cloudwatch_event_target",
      "name": "ping_get_lambda_every_one_minute",
      "provider": "provider[\"registry.terraform.io/hashicorp/aws\"]",
      "instances": [
        {
          "schema_version": 1,
          "attributes": {
            "arn": "arn:aws:lambda:us-east-1:154320630104:function:GetRegisteredComponents",
            "batch_target": [],
            "ecs_target": [],
            "event_bus_name": "default",
            "id": "one_minute_ping-get-ping",
            "input": "",
            "input_path": "",
            "input_transformer": [],
            "kinesis_target": [],
            "role_arn": "",
            "rule": "one_minute_ping",
            "run_command_targets": [],
            "sqs_target": [],
            "target_id": "get-ping"
          },
          "private": "eyJzY2hlbWFfdmVyc2lvbiI6IjEifQ==",
          "dependencies": [
            "module.admin_lambdas.aws_cloudwatch_event_rule.one_minute_ping",
            "module.admin_lambdas.aws_iam_role.seahorse_iam_role_for_lambdas",
            "module.admin_lambdas.aws_lambda_function.GetRegisteredComponents"
          ]
        }
      ]
    },
    {
      "module": "module.admin_lambdas",
      "mode": "managed",
      "type": "aws_cloudwatch_event_target",
      "name": "ping_register_lambda_every_one_minute",
      "provider": "provider[\"registry.terraform.io/hashicorp/aws\"]",
      "instances": [
        {
          "schema_version": 1,
          "attributes": {
            "arn": "arn:aws:lambda:us-east-1:154320630104:function:RegisterComponentLambda",
            "batch_target": [],
            "ecs_target": [],
            "event_bus_name": "default",
            "id": "one_minute_ping-register-ping",
            "input": "",
            "input_path": "",
            "input_transformer": [],
            "kinesis_target": [],
            "role_arn": "",
            "rule": "one_minute_ping",
            "run_command_targets": [],
            "sqs_target": [],
            "target_id": "register-ping"
          },
          "private": "eyJzY2hlbWFfdmVyc2lvbiI6IjEifQ==",
          "dependencies": [
            "module.admin_lambdas.aws_cloudwatch_event_rule.one_minute_ping",
            "module.admin_lambdas.aws_iam_role.seahorse_iam_role_for_lambdas",
            "module.admin_lambdas.aws_lambda_function.RegisterComponentLambda"
          ]
        }
      ]
    },
    {
      "module": "module.admin_lambdas",
      "mode": "managed",
      "type": "aws_iam_policy",
      "name": "seahorse_admin_lambdas_exec_policy",
      "provider": "provider[\"registry.terraform.io/hashicorp/aws\"]",
      "instances": [
        {
          "schema_version": 0,
          "attributes": {
            "arn": "arn:aws:iam::154320630104:policy/seahorse_admin_lambdas_exec_policy",
            "description": "",
            "id": "arn:aws:iam::154320630104:policy/seahorse_admin_lambdas_exec_policy",
            "name": "seahorse_admin_lambdas_exec_policy",
            "name_prefix": null,
            "path": "/",
            "policy": "{\n    \"Version\": \"2012-10-17\",\n    \"Statement\": [\n        {\n            \"Effect\": \"Allow\",\n            \"Action\": \"logs:CreateLogGroup\",\n            \"Resource\": \"arn:aws:logs:us-east-1:154320630104:*\"\n        },\n        {\n            \"Effect\": \"Allow\",\n            \"Action\": [\n                \"logs:CreateLogStream\",\n                \"logs:PutLogEvents\"\n            ],\n            \"Resource\": [\n                \"arn:aws:logs:us-east-1:154320630104:log-group:/aws/lambda/RegisterComponentLambda:*\"\n            ]\n        }\n    ]\n}"
          },
          "private": "bnVsbA=="
        }
      ]
    },
    {
      "module": "module.admin_lambdas",
      "mode": "managed",
      "type": "aws_iam_policy",
      "name": "seahorse_delete_lambdas_exec_policy",
      "provider": "provider[\"registry.terraform.io/hashicorp/aws\"]",
      "instances": [
        {
          "schema_version": 0,
          "attributes": {
            "arn": "arn:aws:iam::154320630104:policy/seahorse_delete_lambdas_exec_policy",
            "description": "",
            "id": "arn:aws:iam::154320630104:policy/seahorse_delete_lambdas_exec_policy",
            "name": "seahorse_delete_lambdas_exec_policy",
            "name_prefix": null,
            "path": "/",
            "policy": "{\n    \"Version\": \"2012-10-17\",\n    \"Statement\": [\n        {\n            \"Effect\": \"Allow\",\n            \"Action\": \"logs:CreateLogGroup\",\n            \"Resource\": \"arn:aws:logs:us-east-1:154320630104:*\"\n        },\n        {\n            \"Effect\": \"Allow\",\n            \"Action\": [\n                \"logs:CreateLogStream\",\n                \"logs:PutLogEvents\"\n            ],\n            \"Resource\": [\n                \"arn:aws:logs:us-east-1:154320630104:log-group:/aws/lambda/DeleteRegisteredComponent:*\"\n            ]\n        }\n    ]\n}"
          },
          "private": "bnVsbA=="
        }
      ]
    },
    {
      "module": "module.admin_lambdas",
      "mode": "managed",
      "type": "aws_iam_policy",
      "name": "seahorse_get_lambdas_exec_policy",
      "provider": "provider[\"registry.terraform.io/hashicorp/aws\"]",
      "instances": [
        {
          "schema_version": 0,
          "attributes": {
            "arn": "arn:aws:iam::154320630104:policy/seahorse_get_lambdas_exec_policy",
            "description": "",
            "id": "arn:aws:iam::154320630104:policy/seahorse_get_lambdas_exec_policy",
            "name": "seahorse_get_lambdas_exec_policy",
            "name_prefix": null,
            "path": "/",
            "policy": "{\n    \"Version\": \"2012-10-17\",\n    \"Statement\": [\n        {\n            \"Effect\": \"Allow\",\n            \"Action\": \"logs:CreateLogGroup\",\n            \"Resource\": \"arn:aws:logs:us-east-1:154320630104:*\"\n        },\n        {\n            \"Effect\": \"Allow\",\n            \"Action\": [\n                \"logs:CreateLogStream\",\n                \"logs:PutLogEvents\"\n            ],\n            \"Resource\": [\n                \"arn:aws:logs:us-east-1:154320630104:log-group:/aws/lambda/GetRegisteredComponents:*\"\n            ]\n        }\n    ]\n}"
          },
          "private": "bnVsbA=="
        }
      ]
    },
    {
      "module": "module.admin_lambdas",
      "mode": "managed",
      "type": "aws_iam_role",
      "name": "seahorse_iam_role_for_lambdas",
      "provider": "provider[\"registry.terraform.io/hashicorp/aws\"]",
      "instances": [
        {
          "schema_version": 0,
          "attributes": {
            "arn": "arn:aws:iam::154320630104:role/seahorse_iam_role_for_lambdas",
            "assume_role_policy": "{\"Version\":\"2012-10-17\",\"Statement\":[{\"Sid\":\"\",\"Effect\":\"Allow\",\"Principal\":{\"Service\":\"lambda.amazonaws.com\"},\"Action\":\"sts:AssumeRole\"}]}",
            "create_date": "2021-02-21T18:51:45Z",
            "description": "",
            "force_detach_policies": false,
            "id": "seahorse_iam_role_for_lambdas",
            "max_session_duration": 3600,
            "name": "seahorse_iam_role_for_lambdas",
            "name_prefix": null,
            "path": "/",
            "permissions_boundary": null,
            "tags": null,
            "unique_id": "AROASH3RZ6FMG42ZV6PB6"
          },
          "private": "bnVsbA=="
        }
      ]
    },
    {
      "module": "module.admin_lambdas",
      "mode": "managed",
      "type": "aws_iam_role_policy_attachment",
      "name": "admin_delete_lambda_exec",
      "provider": "provider[\"registry.terraform.io/hashicorp/aws\"]",
      "instances": [
        {
          "schema_version": 0,
          "attributes": {
            "id": "seahorse_iam_role_for_lambdas-20210221185151233400000004",
            "policy_arn": "arn:aws:iam::154320630104:policy/seahorse_delete_lambdas_exec_policy",
            "role": "seahorse_iam_role_for_lambdas"
          },
          "private": "bnVsbA==",
          "dependencies": [
            "module.admin_lambdas.aws_iam_policy.seahorse_delete_lambdas_exec_policy",
            "module.admin_lambdas.aws_iam_role.seahorse_iam_role_for_lambdas"
          ]
        }
      ]
    },
    {
      "module": "module.admin_lambdas",
      "mode": "managed",
      "type": "aws_iam_role_policy_attachment",
      "name": "admin_get_lambda_exec",
      "provider": "provider[\"registry.terraform.io/hashicorp/aws\"]",
      "instances": [
        {
          "schema_version": 0,
          "attributes": {
            "id": "seahorse_iam_role_for_lambdas-20210221185151072500000003",
            "policy_arn": "arn:aws:iam::154320630104:policy/seahorse_get_lambdas_exec_policy",
            "role": "seahorse_iam_role_for_lambdas"
          },
          "private": "bnVsbA==",
          "dependencies": [
            "module.admin_lambdas.aws_iam_policy.seahorse_get_lambdas_exec_policy",
            "module.admin_lambdas.aws_iam_role.seahorse_iam_role_for_lambdas"
          ]
        }
      ]
    },
    {
      "module": "module.admin_lambdas",
      "mode": "managed",
      "type": "aws_iam_role_policy_attachment",
      "name": "admin_lambda_dynamodb",
      "provider": "provider[\"registry.terraform.io/hashicorp/aws\"]",
      "instances": [
        {
          "schema_version": 0,
          "attributes": {
            "id": "seahorse_iam_role_for_lambdas-20210221185147784000000001",
            "policy_arn": "arn:aws:iam::aws:policy/AmazonDynamoDBFullAccess",
            "role": "seahorse_iam_role_for_lambdas"
          },
          "private": "bnVsbA==",
          "dependencies": [
            "module.admin_lambdas.aws_iam_role.seahorse_iam_role_for_lambdas"
          ]
        }
      ]
    },
    {
      "module": "module.admin_lambdas",
      "mode": "managed",
      "type": "aws_iam_role_policy_attachment",
      "name": "admin_register_lambda_exec",
      "provider": "provider[\"registry.terraform.io/hashicorp/aws\"]",
      "instances": [
        {
          "schema_version": 0,
          "attributes": {
            "id": "seahorse_iam_role_for_lambdas-20210221185149666000000002",
            "policy_arn": "arn:aws:iam::154320630104:policy/seahorse_admin_lambdas_exec_policy",
            "role": "seahorse_iam_role_for_lambdas"
          },
          "private": "bnVsbA==",
          "dependencies": [
            "module.admin_lambdas.aws_iam_policy.seahorse_admin_lambdas_exec_policy",
            "module.admin_lambdas.aws_iam_role.seahorse_iam_role_for_lambdas"
          ]
        }
      ]
    },
    {
      "module": "module.admin_lambdas",
      "mode": "managed",
      "type": "aws_lambda_function",
      "name": "DeleteRegisteredComponent",
      "provider": "provider[\"registry.terraform.io/hashicorp/aws\"]",
      "instances": [
        {
          "schema_version": 0,
          "attributes": {
            "arn": "arn:aws:lambda:us-east-1:154320630104:function:DeleteRegisteredComponent",
            "code_signing_config_arn": "",
            "dead_letter_config": [],
            "description": "",
            "environment": [
              {
                "variables": {
                  "environment": "dev1"
                }
              }
            ],
            "file_system_config": [],
            "filename": "../../seahorse/server/app.adminservices/target/adminservices-1.0.jar",
            "function_name": "DeleteRegisteredComponent",
            "handler": "com.globallink.admin.fsbl.DeleteComponentService::handleRequest",
            "id": "DeleteRegisteredComponent",
            "image_config": [],
            "image_uri": "",
            "invoke_arn": "arn:aws:apigateway:us-east-1:lambda:path/2015-03-31/functions/arn:aws:lambda:us-east-1:154320630104:function:DeleteRegisteredComponent/invocations",
            "kms_key_arn": "",
            "last_modified": "2021-02-21T18:52:56.165+0000",
            "layers": null,
            "memory_size": 4096,
            "package_type": "Zip",
            "publish": true,
            "qualified_arn": "arn:aws:lambda:us-east-1:154320630104:function:DeleteRegisteredComponent:6",
            "reserved_concurrent_executions": -1,
            "role": "arn:aws:iam::154320630104:role/seahorse_iam_role_for_lambdas",
            "runtime": "java8",
            "s3_bucket": null,
            "s3_key": null,
            "s3_object_version": null,
            "signing_job_arn": "",
            "signing_profile_version_arn": "",
            "source_code_hash": "EN/l6lTD71igJy78bDJK1ZWRDja61fld6mNXw7Dx2I8=",
            "source_code_size": 20362319,
            "tags": null,
            "timeout": 15,
            "timeouts": null,
            "tracing_config": [
              {
                "mode": "PassThrough"
              }
            ],
            "version": "6",
            "vpc_config": []
          },
          "private": "eyJlMmJmYjczMC1lY2FhLTExZTYtOGY4OC0zNDM2M2JjN2M0YzAiOnsiY3JlYXRlIjo2MDAwMDAwMDAwMDB9fQ==",
          "dependencies": [
            "module.admin_lambdas.aws_iam_role.seahorse_iam_role_for_lambdas"
          ]
        }
      ]
    },
    {
      "module": "module.admin_lambdas",
      "mode": "managed",
      "type": "aws_lambda_function",
      "name": "GetRegisteredComponents",
      "provider": "provider[\"registry.terraform.io/hashicorp/aws\"]",
      "instances": [
        {
          "schema_version": 0,
          "attributes": {
            "arn": "arn:aws:lambda:us-east-1:154320630104:function:GetRegisteredComponents",
            "code_signing_config_arn": "",
            "dead_letter_config": [],
            "description": "",
            "environment": [
              {
                "variables": {
                  "environment": "dev1"
                }
              }
            ],
            "file_system_config": [],
            "filename": "../../seahorse/server/app.adminservices/target/adminservices-1.0.jar",
            "function_name": "GetRegisteredComponents",
            "handler": "com.globallink.admin.fsbl.GetComponentService::handleRequest",
            "id": "GetRegisteredComponents",
            "image_config": [],
            "image_uri": "",
            "invoke_arn": "arn:aws:apigateway:us-east-1:lambda:path/2015-03-31/functions/arn:aws:lambda:us-east-1:154320630104:function:GetRegisteredComponents/invocations",
            "kms_key_arn": "",
            "last_modified": "2021-02-21T18:52:05.589+0000",
            "layers": null,
            "memory_size": 4096,
            "package_type": "Zip",
            "publish": true,
            "qualified_arn": "arn:aws:lambda:us-east-1:154320630104:function:GetRegisteredComponents:14",
            "reserved_concurrent_executions": -1,
            "role": "arn:aws:iam::154320630104:role/seahorse_iam_role_for_lambdas",
            "runtime": "java8",
            "s3_bucket": null,
            "s3_key": null,
            "s3_object_version": null,
            "signing_job_arn": "",
            "signing_profile_version_arn": "",
            "source_code_hash": "EN/l6lTD71igJy78bDJK1ZWRDja61fld6mNXw7Dx2I8=",
            "source_code_size": 20362319,
            "tags": null,
            "timeout": 15,
            "timeouts": null,
            "tracing_config": [
              {
                "mode": "PassThrough"
              }
            ],
            "version": "14",
            "vpc_config": []
          },
          "private": "eyJlMmJmYjczMC1lY2FhLTExZTYtOGY4OC0zNDM2M2JjN2M0YzAiOnsiY3JlYXRlIjo2MDAwMDAwMDAwMDB9fQ==",
          "dependencies": [
            "module.admin_lambdas.aws_iam_role.seahorse_iam_role_for_lambdas"
          ]
        }
      ]
    },
    {
      "module": "module.admin_lambdas",
      "mode": "managed",
      "type": "aws_lambda_function",
      "name": "RegisterComponentLambda",
      "provider": "provider[\"registry.terraform.io/hashicorp/aws\"]",
      "instances": [
        {
          "schema_version": 0,
          "attributes": {
            "arn": "arn:aws:lambda:us-east-1:154320630104:function:RegisterComponentLambda",
            "code_signing_config_arn": "",
            "dead_letter_config": [],
            "description": "",
            "environment": [
              {
                "variables": {
                  "environment": "dev1"
                }
              }
            ],
            "file_system_config": [],
            "filename": "../../seahorse/server/app.adminservices/target/adminservices-1.0.jar",
            "function_name": "RegisterComponentLambda",
            "handler": "com.globallink.admin.fsbl.RegisterComponentService::handleRequest",
            "id": "RegisterComponentLambda",
            "image_config": [],
            "image_uri": "",
            "invoke_arn": "arn:aws:apigateway:us-east-1:lambda:path/2015-03-31/functions/arn:aws:lambda:us-east-1:154320630104:function:RegisterComponentLambda/invocations",
            "kms_key_arn": "",
            "last_modified": "2021-02-21T18:52:34.962+0000",
            "layers": null,
            "memory_size": 4096,
            "package_type": "Zip",
            "publish": true,
            "qualified_arn": "arn:aws:lambda:us-east-1:154320630104:function:RegisterComponentLambda:14",
            "reserved_concurrent_executions": -1,
            "role": "arn:aws:iam::154320630104:role/seahorse_iam_role_for_lambdas",
            "runtime": "java8",
            "s3_bucket": null,
            "s3_key": null,
            "s3_object_version": null,
            "signing_job_arn": "",
            "signing_profile_version_arn": "",
            "source_code_hash": "EN/l6lTD71igJy78bDJK1ZWRDja61fld6mNXw7Dx2I8=",
            "source_code_size": 20362319,
            "tags": null,
            "timeout": 15,
            "timeouts": null,
            "tracing_config": [
              {
                "mode": "PassThrough"
              }
            ],
            "version": "14",
            "vpc_config": []
          },
          "private": "eyJlMmJmYjczMC1lY2FhLTExZTYtOGY4OC0zNDM2M2JjN2M0YzAiOnsiY3JlYXRlIjo2MDAwMDAwMDAwMDB9fQ==",
          "dependencies": [
            "module.admin_lambdas.aws_iam_role.seahorse_iam_role_for_lambdas"
          ]
        }
      ]
    },
    {
      "module": "module.admin_lambdas",
      "mode": "managed",
      "type": "aws_lambda_permission",
      "name": "allow_cloudwatch_to_ping_delete_lambda",
      "provider": "provider[\"registry.terraform.io/hashicorp/aws\"]",
      "instances": [
        {
          "schema_version": 0,
          "attributes": {
            "action": "lambda:InvokeFunction",
            "event_source_token": null,
            "function_name": "DeleteRegisteredComponent",
            "id": "AllowExecutionFromCloudWatch",
            "principal": "events.amazonaws.com",
            "qualifier": "",
            "source_account": null,
            "source_arn": "arn:aws:events:us-east-1:154320630104:rule/one_minute_ping",
            "statement_id": "AllowExecutionFromCloudWatch",
            "statement_id_prefix": null
          },
          "private": "bnVsbA==",
          "dependencies": [
            "module.admin_lambdas.aws_cloudwatch_event_rule.one_minute_ping",
            "module.admin_lambdas.aws_iam_role.seahorse_iam_role_for_lambdas",
            "module.admin_lambdas.aws_lambda_function.DeleteRegisteredComponent"
          ]
        }
      ]
    },
    {
      "module": "module.admin_lambdas",
      "mode": "managed",
      "type": "aws_lambda_permission",
      "name": "allow_cloudwatch_to_ping_get_lambda",
      "provider": "provider[\"registry.terraform.io/hashicorp/aws\"]",
      "instances": [
        {
          "schema_version": 0,
          "attributes": {
            "action": "lambda:InvokeFunction",
            "event_source_token": null,
            "function_name": "GetRegisteredComponents",
            "id": "AllowExecutionFromCloudWatch",
            "principal": "events.amazonaws.com",
            "qualifier": "",
            "source_account": null,
            "source_arn": "arn:aws:events:us-east-1:154320630104:rule/one_minute_ping",
            "statement_id": "AllowExecutionFromCloudWatch",
            "statement_id_prefix": null
          },
          "private": "bnVsbA==",
          "dependencies": [
            "module.admin_lambdas.aws_cloudwatch_event_rule.one_minute_ping",
            "module.admin_lambdas.aws_iam_role.seahorse_iam_role_for_lambdas",
            "module.admin_lambdas.aws_lambda_function.GetRegisteredComponents"
          ]
        }
      ]
    },
    {
      "module": "module.admin_lambdas",
      "mode": "managed",
      "type": "aws_lambda_permission",
      "name": "allow_cloudwatch_to_ping_register_lambda",
      "provider": "provider[\"registry.terraform.io/hashicorp/aws\"]",
      "instances": [
        {
          "schema_version": 0,
          "attributes": {
            "action": "lambda:InvokeFunction",
            "event_source_token": null,
            "function_name": "RegisterComponentLambda",
            "id": "AllowExecutionFromCloudWatch",
            "principal": "events.amazonaws.com",
            "qualifier": "",
            "source_account": null,
            "source_arn": "arn:aws:events:us-east-1:154320630104:rule/one_minute_ping",
            "statement_id": "AllowExecutionFromCloudWatch",
            "statement_id_prefix": null
          },
          "private": "bnVsbA==",
          "dependencies": [
            "module.admin_lambdas.aws_cloudwatch_event_rule.one_minute_ping",
            "module.admin_lambdas.aws_iam_role.seahorse_iam_role_for_lambdas",
            "module.admin_lambdas.aws_lambda_function.RegisterComponentLambda"
          ]
        }
      ]
    },
    {
      "module": "module.auth",
      "mode": "managed",
      "type": "aws_cognito_identity_pool",
      "name": "seahorse_identity_pool",
      "provider": "provider[\"registry.terraform.io/hashicorp/aws\"]",
      "instances": [
        {
          "index_key": 0,
          "schema_version": 0,
          "attributes": {
            "allow_unauthenticated_identities": false,
            "arn": "arn:aws:cognito-identity:us-east-1:154320630104:identitypool/us-east-1:28cef2b5-1327-43f8-901c-e8ed281678b2",
            "cognito_identity_providers": [
              {
                "client_id": "5lfvtt0h64q9rg07ihobaseqfe",
                "provider_name": "cognito-idp.us-east-1.amazonaws.com/us-east-1_VTa5nPN5Q",
                "server_side_token_check": false
              }
            ],
            "developer_provider_name": "",
            "id": "us-east-1:28cef2b5-1327-43f8-901c-e8ed281678b2",
            "identity_pool_name": "SeaHorse Identity Pool",
            "openid_connect_provider_arns": null,
            "saml_provider_arns": null,
            "supported_login_providers": null,
            "tags": null
          },
          "private": "bnVsbA==",
          "dependencies": [
            "module.auth.aws_cognito_identity_provider.identity_provider_sso",
            "module.auth.aws_cognito_user_pool.seahorse_user_pool",
            "module.auth.aws_cognito_user_pool_client.seahorse_web_client"
          ]
        }
      ]
    },
    {
      "module": "module.auth",
      "mode": "managed",
      "type": "aws_cognito_identity_pool_roles_attachment",
      "name": "seahorse_identity_pool_roles",
      "provider": "provider[\"registry.terraform.io/hashicorp/aws\"]",
      "instances": [
        {
          "index_key": 0,
          "schema_version": 0,
          "attributes": {
            "id": "us-east-1:28cef2b5-1327-43f8-901c-e8ed281678b2",
            "identity_pool_id": "us-east-1:28cef2b5-1327-43f8-901c-e8ed281678b2",
            "role_mapping": [],
            "roles": {
              "authenticated": "arn:aws:iam::154320630104:role/auth_web_iam_role",
              "unauthenticated": "arn:aws:iam::154320630104:role/unauth_web_iam_role"
            }
          },
          "private": "bnVsbA==",
          "dependencies": [
            "module.auth.aws_cognito_identity_pool.seahorse_identity_pool",
            "module.auth.aws_cognito_identity_provider.identity_provider_sso",
            "module.auth.aws_cognito_user_pool.seahorse_user_pool",
            "module.auth.aws_cognito_user_pool_client.seahorse_web_client",
            "module.auth.aws_iam_role.auth_web_iam_role",
            "module.auth.aws_iam_role.unauth_web_iam_role"
          ]
        }
      ]
    },
    {
      "module": "module.auth",
      "mode": "managed",
      "type": "aws_cognito_identity_provider",
      "name": "identity_provider_sso",
      "provider": "provider[\"registry.terraform.io/hashicorp/aws\"]",
      "instances": [
        {
          "index_key": 0,
          "schema_version": 0,
          "attributes": {
            "attribute_mapping": {
              "email": "emailaddress",
              "profile": "glauth"
            },
            "id": "us-east-1_VTa5nPN5Q:Globallink",
            "idp_identifiers": null,
            "provider_details": {
              "MetadataFile": "\u003cEntityDescriptor ID=\"SM131094aae28f2cb1a18f12be2be05911d7bcdbfd267\" entityID=\"https://my.qa1.globallink.com/glawssh474f5702glqa1\" xmlns=\"urn:oasis:names:tc:SAML:2.0:metadata\"\u003e\n    \u003cIDPSSODescriptor WantAuthnRequestsSigned=\"false\" ID=\"SMff3f74b5194176228fe2beaf243ad0359308102a4e\" protocolSupportEnumeration=\"urn:oasis:names:tc:SAML:2.0:protocol\"\u003e\n        \u003cKeyDescriptor use=\"signing\"\u003e\n            \u003cns1:KeyInfo Id=\"SM292c09e3a9ad4cbe7ea412aa2140efae34bdd0e88d\" xmlns:ns1=\"http://www.w3.org/2000/09/xmldsig#\"\u003e\n                \u003cns1:X509Data\u003e\n                    \u003cns1:X509IssuerSerial\u003e\n                        \u003cns1:X509IssuerName\u003eCN=glseahorsessadev1glqa1,OU=SSOProvider,O=Global Link,L=Boston,ST=Massachusetts,C=US\u003c/ns1:X509IssuerName\u003e\n                        \u003cns1:X509SerialNumber\u003e345118500\u003c/ns1:X509SerialNumber\u003e\n                    \u003c/ns1:X509IssuerSerial\u003e\n                    \u003cns1:X509Certificate\u003eMIIDhDCCAmygAwIBAgIEFJIXJDANBgkqhkiG9w0BAQsFADCBgzELMAkGA1UEBhMCVVMxFjAUBgNVBAgTDU1hc3NhY2h1c2V0dHMxDzANBgNVBAcTBkJvc3RvbjEUMBIGA1UEChMLR2xvYmFsIExpbmsxFDASBgNVBAsTC1NTT1Byb3ZpZGVyMR8wHQYDVQQDExZnbHNlYWhvcnNlc3NhZGV2MWdscWExMB4XDTIwMTIwODE4MTUwMFoXDTMwMTIwNjE4MTUwMFowgYMxCzAJBgNVBAYTAlVTMRYwFAYDVQQIEw1NYXNzYWNodXNldHRzMQ8wDQYDVQQHEwZCb3N0b24xFDASBgNVBAoTC0dsb2JhbCBMaW5rMRQwEgYDVQQLEwtTU09Qcm92aWRlcjEfMB0GA1UEAxMWZ2xzZWFob3JzZXNzYWRldjFnbHFhMTCCASIwDQYJKoZIhvcNAQEBBQADggEPADCCAQoCggEBAJzjxYsUpRc/1wnvvaz2yIPMfFHuM5mO5/wSzVHADqUuvAtCr368HAKKWQ5PxZtV+QtVJ4PzmobuNMsj+ED92gqfH5G0QclHx4EPLshI1zUkkYo2lHuFkALE/82FOaQFmcc+TYXrsfdoj0N7VIp3SuXWXjwquH0cMNSOlCUYBZViHe+aFzM9KF//qs0mV5CX+gYLgn7jT3GYymLVEFRNHX3eBSsDS9tmIw7ypQnPgQG7iLwyESlmBD2gnALPUSDpZ/guuxw27AKqiPz3MPffZFOGvyI0zS8eNL3OxbPx1fa4yx+j1gOtO6NiDJj609nO9+4xIdPJZbSrShgeCuGSvK0CAwEAATANBgkqhkiG9w0BAQsFAAOCAQEAffbmNfxsOYb6cXQIwLltI23+YuMCge9ad4I+wUizajTywIgTrn7VXeaW3Vwfj1u5L6/9YSWPO+k2xbcV4FS/YZclkNu7hY7eTuB5czJQzZuVrLQkWBnqhfzE4fZmcx522ooGJnWezBJMblO0vCQhVTWb3A3bVUQ2bVe/ymoQf5lqEITfxLBsL+c8Q1E8+jivHqcqHuL/P+McH3odhx1AWpCztU62uOgAau882FrxsvqGvtV/Jc3flNw0ijH35FH2l98lyfj30o2ZLPZlYrYgQt47YfM+GNpMgrKCaiRSyvclm+xL9GE0MNITZGcNvlkd4WvcwTCdhGtogiq5mUx48Q==\u003c/ns1:X509Certificate\u003e\n                    \u003cns1:X509SubjectName\u003eCN=glseahorsessadev1glqa1,OU=SSOProvider,O=Global Link,L=Boston,ST=Massachusetts,C=US\u003c/ns1:X509SubjectName\u003e\n                \u003c/ns1:X509Data\u003e\n            \u003c/ns1:KeyInfo\u003e\n        \u003c/KeyDescriptor\u003e\n        \u003cNameIDFormat\u003eurn:oasis:names:tc:SAML:2.0:nameid-format:persistent\u003c/NameIDFormat\u003e\n        \u003cSingleSignOnService Binding=\"urn:oasis:names:tc:SAML:2.0:bindings:HTTP-Redirect\" Location=\"https://my.qa1.globallink.com/affwebservices/public/saml2sso?SPID=https://gl-seahorse.auth.us-east-1.amazoncognito.com\"/\u003e\n        \u003cSingleSignOnService Binding=\"urn:oasis:names:tc:SAML:2.0:bindings:HTTP-POST\" Location=\"https://my.qa1.globallink.com/affwebservices/public/saml2sso?SPID=https://gl-seahorse.auth.us-east-1.amazoncognito.com\"/\u003e\n        \u003cns2:Attribute Name=\"givenname\" NameFormat=\"urn:oasis:names:tc:SAML:2.0:attrname-format:unspecified\" xmlns:ns2=\"urn:oasis:names:tc:SAML:2.0:assertion\"/\u003e\n        \u003cns3:Attribute Name=\"surname\" NameFormat=\"urn:oasis:names:tc:SAML:2.0:attrname-format:unspecified\" xmlns:ns3=\"urn:oasis:names:tc:SAML:2.0:assertion\"/\u003e\n        \u003cns4:Attribute Name=\"emailaddress\" NameFormat=\"urn:oasis:names:tc:SAML:2.0:attrname-format:unspecified\" xmlns:ns4=\"urn:oasis:names:tc:SAML:2.0:assertion\"/\u003e\n        \u003cns5:Attribute Name=\"name\" NameFormat=\"urn:oasis:names:tc:SAML:2.0:attrname-format:unspecified\" xmlns:ns5=\"urn:oasis:names:tc:SAML:2.0:assertion\"/\u003e\n    \u003c/IDPSSODescriptor\u003e\n\u003c/EntityDescriptor\u003e",
              "SSORedirectBindingURI": "https://my.qa1.globallink.com/affwebservices/public/saml2sso?SPID=https://gl-seahorse.auth.us-east-1.amazoncognito.com"
            },
            "provider_name": "Globallink",
            "provider_type": "SAML",
            "user_pool_id": "us-east-1_VTa5nPN5Q"
          },
          "private": "bnVsbA==",
          "dependencies": [
            "module.auth.aws_cognito_user_pool.seahorse_user_pool"
          ]
        }
      ]
    },
    {
      "module": "module.auth",
      "mode": "managed",
      "type": "aws_cognito_user_pool",
      "name": "seahorse_user_pool",
      "provider": "provider[\"registry.terraform.io/hashicorp/aws\"]",
      "instances": [
        {
          "index_key": 0,
          "schema_version": 0,
          "attributes": {
            "account_recovery_setting": [],
            "admin_create_user_config": [
              {
                "allow_admin_create_user_only": false,
                "invite_message_template": []
              }
            ],
            "alias_attributes": null,
            "arn": "arn:aws:cognito-idp:us-east-1:154320630104:userpool/us-east-1_VTa5nPN5Q",
            "auto_verified_attributes": null,
            "creation_date": "2021-02-21T18:51:47Z",
            "device_configuration": [],
            "email_configuration": [
              {
                "email_sending_account": "COGNITO_DEFAULT",
                "from_email_address": "",
                "reply_to_email_address": "",
                "source_arn": ""
              }
            ],
            "email_verification_message": null,
            "email_verification_subject": null,
            "endpoint": "cognito-idp.us-east-1.amazonaws.com/us-east-1_VTa5nPN5Q",
            "id": "us-east-1_VTa5nPN5Q",
            "lambda_config": [],
            "last_modified_date": "2021-02-21T18:51:47Z",
            "mfa_configuration": "OFF",
            "name": "SeaHorse User Pool",
            "password_policy": [
              {
                "minimum_length": 8,
                "require_lowercase": true,
                "require_numbers": true,
                "require_symbols": true,
                "require_uppercase": true,
                "temporary_password_validity_days": 7
              }
            ],
            "schema": [
              {
                "attribute_data_type": "String",
                "developer_only_attribute": null,
                "mutable": true,
                "name": "email",
                "number_attribute_constraints": [],
                "required": true,
                "string_attribute_constraints": []
              }
            ],
            "sms_authentication_message": null,
            "sms_configuration": [],
            "sms_verification_message": null,
            "software_token_mfa_configuration": [],
            "tags": null,
            "user_pool_add_ons": [],
            "username_attributes": [
              "email"
            ],
            "username_configuration": [],
            "verification_message_template": [
              {
                "default_email_option": "CONFIRM_WITH_CODE",
                "email_message": "",
                "email_message_by_link": "",
                "email_subject": "",
                "email_subject_by_link": "",
                "sms_message": ""
              }
            ]
          },
          "private": "bnVsbA=="
        }
      ]
    },
    {
      "module": "module.auth",
      "mode": "managed",
      "type": "aws_cognito_user_pool_client",
      "name": "seahorse_web_client",
      "provider": "provider[\"registry.terraform.io/hashicorp/aws\"]",
      "instances": [
        {
          "index_key": 0,
          "schema_version": 0,
          "attributes": {
            "allowed_oauth_flows": [
              "code",
              "implicit"
            ],
            "allowed_oauth_flows_user_pool_client": true,
            "allowed_oauth_scopes": [
              "aws.cognito.signin.user.admin",
              "email",
              "openid",
              "phone",
              "profile"
            ],
            "analytics_configuration": [],
            "callback_urls": [
              "http://localhost:3375/local.seahorse.finsemble/components/seaHorseAuthentication/SeaHorseAuthentication.html,https://s3.amazonaws.com/dev.seahorse.finsemble/components/seaHorseAuthentication/SeaHorseAuthentication.html"
            ],
            "client_secret": "",
            "default_redirect_uri": "",
            "explicit_auth_flows": [
              "ADMIN_NO_SRP_AUTH"
            ],
            "generate_secret": false,
            "id": "5lfvtt0h64q9rg07ihobaseqfe",
            "logout_urls": [
              "http://localhost:3375/local.seahorse.finsemble/components/seaHorseAuthentication/SeaHorseAuthentication.html,https://s3.amazonaws.com/dev.seahorse.finsemble/components/seaHorseAuthentication/SeaHorseAuthentication.html"
            ],
            "name": "seahorse_web_client",
            "prevent_user_existence_errors": "",
            "read_attributes": null,
            "refresh_token_validity": 30,
            "supported_identity_providers": [
              "COGNITO",
              "Globallink"
            ],
            "user_pool_id": "us-east-1_VTa5nPN5Q",
            "write_attributes": null
          },
          "private": "bnVsbA==",
          "dependencies": [
            "module.auth.aws_cognito_identity_provider.identity_provider_sso",
            "module.auth.aws_cognito_user_pool.seahorse_user_pool"
          ]
        }
      ]
    },
    {
      "module": "module.auth",
      "mode": "managed",
      "type": "aws_cognito_user_pool_domain",
      "name": "seahorse_auth_domain",
      "provider": "provider[\"registry.terraform.io/hashicorp/aws\"]",
      "instances": [
        {
          "index_key": 0,
          "schema_version": 0,
          "attributes": {
            "aws_account_id": "154320630104",
            "certificate_arn": "",
            "cloudfront_distribution_arn": "d3oia8etllorh5.cloudfront.net",
            "domain": "dev1-globallink",
            "id": "dev1-globallink",
            "s3_bucket": "aws-cognito-prod-iad-assets",
            "user_pool_id": "us-east-1_VTa5nPN5Q",
            "version": "20210221185152"
          },
          "private": "bnVsbA==",
          "dependencies": [
            "module.auth.aws_cognito_user_pool.seahorse_user_pool"
          ]
        }
      ]
    },
    {
      "module": "module.auth",
      "mode": "managed",
      "type": "aws_iam_role",
      "name": "auth_web_iam_role",
      "provider": "provider[\"registry.terraform.io/hashicorp/aws\"]",
      "instances": [
        {
          "index_key": 0,
          "schema_version": 0,
          "attributes": {
            "arn": "arn:aws:iam::154320630104:role/auth_web_iam_role",
            "assume_role_policy": "{\"Version\":\"2012-10-17\",\"Statement\":[{\"Sid\":\"\",\"Effect\":\"Allow\",\"Principal\":{\"Federated\":\"cognito-identity.amazonaws.com\"},\"Action\":\"sts:AssumeRoleWithWebIdentity\",\"Condition\":{\"StringEquals\":{\"cognito-identity.amazonaws.com:aud\":\"us-east-1:28cef2b5-1327-43f8-901c-e8ed281678b2\"},\"ForAnyValue:StringLike\":{\"cognito-identity.amazonaws.com:amr\":\"authenticated\"}}}]}",
            "create_date": "2021-02-21T18:52:03Z",
            "description": "",
            "force_detach_policies": false,
            "id": "auth_web_iam_role",
            "max_session_duration": 3600,
            "name": "auth_web_iam_role",
            "name_prefix": null,
            "path": "/",
            "permissions_boundary": null,
            "tags": null,
            "unique_id": "AROASH3RZ6FMO2BU7OGGO"
          },
          "private": "bnVsbA==",
          "dependencies": [
            "module.auth.aws_cognito_identity_pool.seahorse_identity_pool",
            "module.auth.aws_cognito_identity_provider.identity_provider_sso",
            "module.auth.aws_cognito_user_pool.seahorse_user_pool",
            "module.auth.aws_cognito_user_pool_client.seahorse_web_client"
          ]
        }
      ]
    },
    {
      "module": "module.auth",
      "mode": "managed",
      "type": "aws_iam_role",
      "name": "unauth_web_iam_role",
      "provider": "provider[\"registry.terraform.io/hashicorp/aws\"]",
      "instances": [
        {
          "index_key": 0,
          "schema_version": 0,
          "attributes": {
            "arn": "arn:aws:iam::154320630104:role/unauth_web_iam_role",
            "assume_role_policy": "{\"Version\":\"2012-10-17\",\"Statement\":[{\"Sid\":\"\",\"Effect\":\"Allow\",\"Principal\":{\"Federated\":\"cognito-identity.amazonaws.com\"},\"Action\":\"sts:AssumeRoleWithWebIdentity\",\"Condition\":{\"StringEquals\":{\"cognito-identity.amazonaws.com:aud\":\"us-east-1:28cef2b5-1327-43f8-901c-e8ed281678b2\"},\"ForAnyValue:StringLike\":{\"cognito-identity.amazonaws.com:amr\":\"unauthenticated\"}}}]}",
            "create_date": "2021-02-21T18:52:02Z",
            "description": "",
            "force_detach_policies": false,
            "id": "unauth_web_iam_role",
            "max_session_duration": 3600,
            "name": "unauth_web_iam_role",
            "name_prefix": null,
            "path": "/",
            "permissions_boundary": null,
            "tags": null,
            "unique_id": "AROASH3RZ6FMOOVJ5STKQ"
          },
          "private": "bnVsbA==",
          "dependencies": [
            "module.auth.aws_cognito_identity_pool.seahorse_identity_pool",
            "module.auth.aws_cognito_identity_provider.identity_provider_sso",
            "module.auth.aws_cognito_user_pool.seahorse_user_pool",
            "module.auth.aws_cognito_user_pool_client.seahorse_web_client"
          ]
        }
      ]
    },
    {
      "module": "module.auth",
      "mode": "managed",
      "type": "aws_iam_role_policy",
      "name": "web_iam_unauth_role_policy",
      "provider": "provider[\"registry.terraform.io/hashicorp/aws\"]",
      "instances": [
        {
          "index_key": 0,
          "schema_version": 0,
          "attributes": {
            "id": "unauth_web_iam_role:web_iam_unauth_role_policy",
            "name": "web_iam_unauth_role_policy",
            "name_prefix": null,
            "policy": "{\n    \"Version\": \"2012-10-17\",\n    \"Statement\": [\n         {\n              \"Sid\": \"\",\n              \"Action\": \"*\",\n              \"Effect\": \"Deny\",\n              \"Resource\": \"*\"\n         }\n    ]\n}",
            "role": "unauth_web_iam_role"
          },
          "private": "bnVsbA==",
          "dependencies": [
            "module.auth.aws_cognito_identity_pool.seahorse_identity_pool",
            "module.auth.aws_cognito_identity_provider.identity_provider_sso",
            "module.auth.aws_cognito_user_pool.seahorse_user_pool",
            "module.auth.aws_cognito_user_pool_client.seahorse_web_client",
            "module.auth.aws_iam_role.unauth_web_iam_role"
          ]
        }
      ]
    },
    {
      "module": "module.dynamo_db",
      "mode": "managed",
      "type": "aws_dynamodb_table",
      "name": "component-dynamodb-table",
      "provider": "provider[\"registry.terraform.io/hashicorp/aws\"]",
      "instances": [
        {
          "schema_version": 1,
          "attributes": {
            "arn": "arn:aws:dynamodb:us-east-1:154320630104:table/FSBL_COMPONENTS",
            "attribute": [
              {
                "name": "GROUP_ID",
                "type": "S"
              }
            ],
            "billing_mode": "PROVISIONED",
            "global_secondary_index": [],
            "hash_key": "GROUP_ID",
            "id": "FSBL_COMPONENTS",
            "local_secondary_index": [],
            "name": "FSBL_COMPONENTS",
            "point_in_time_recovery": [
              {
                "enabled": false
              }
            ],
            "range_key": null,
            "read_capacity": 5,
            "replica": [],
            "server_side_encryption": [],
            "stream_arn": "",
            "stream_enabled": false,
            "stream_label": "",
            "stream_view_type": "",
            "tags": {
              "Environment": "dev1"
            },
            "timeouts": null,
            "ttl": [
              {
                "attribute_name": "",
                "enabled": false
              }
            ],
            "write_capacity": 5
          },
          "private": "eyJlMmJmYjczMC1lY2FhLTExZTYtOGY4OC0zNDM2M2JjN2M0YzAiOnsiY3JlYXRlIjo2MDAwMDAwMDAwMDAsImRlbGV0ZSI6NjAwMDAwMDAwMDAwLCJ1cGRhdGUiOjM2MDAwMDAwMDAwMDB9LCJzY2hlbWFfdmVyc2lvbiI6IjEifQ=="
        }
      ]
    },
    {
      "module": "module.waf",
      "mode": "managed",
      "type": "aws_waf_ipset",
      "name": "ipset",
      "provider": "provider[\"registry.terraform.io/hashicorp/aws\"]",
      "instances": [
        {
          "schema_version": 0,
          "attributes": {
            "arn": "arn:aws:waf::154320630104:ipset/b31f9192-b5da-4d05-883d-c1be1421997e",
            "id": "b31f9192-b5da-4d05-883d-c1be1421997e",
            "ip_set_descriptors": [
              {
                "type": "IPV4",
                "value": "10.20.54.0/24"
              },
              {
                "type": "IPV4",
                "value": "147.161.166.0/24"
              },
              {
                "type": "IPV4",
                "value": "159.18.234.12/32"
              },
              {
                "type": "IPV4",
                "value": "159.18.234.5/32"
              },
              {
                "type": "IPV4",
                "value": "165.225.220.0/24"
              },
              {
                "type": "IPV4",
                "value": "165.225.38.0/24"
              },
              {
                "type": "IPV4",
                "value": "165.225.39.0/24"
              },
              {
                "type": "IPV4",
                "value": "185.84.23.5/32"
              },
              {
                "type": "IPV4",
                "value": "208.89.236.196/32"
              },
              {
                "type": "IPV4",
                "value": "208.89.239.4/32"
              },
              {
                "type": "IPV4",
                "value": "208.89.239.5/32"
              },
              {
                "type": "IPV4",
                "value": "63.106.110.14/32"
              },
              {
                "type": "IPV4",
                "value": "63.106.110.9/32"
              },
              {
                "type": "IPV4",
                "value": "74.204.251.4/32"
              }
            ],
            "name": "dev1.seahorse.ipset"
          },
          "private": "bnVsbA=="
        }
      ]
    },
    {
      "module": "module.waf",
      "mode": "managed",
      "type": "aws_waf_rule",
      "name": "wafrule",
      "provider": "provider[\"registry.terraform.io/hashicorp/aws\"]",
      "instances": [
        {
          "schema_version": 0,
          "attributes": {
            "arn": "arn:aws:waf::154320630104:rule/3e1c53b9-0e30-45b2-afb4-b19dac9068db",
            "id": "3e1c53b9-0e30-45b2-afb4-b19dac9068db",
            "metric_name": "IPMatchRule",
            "name": "IPMatchRule",
            "predicates": [
              {
                "data_id": "b31f9192-b5da-4d05-883d-c1be1421997e",
                "negated": false,
                "type": "IPMatch"
              }
            ],
            "tags": null
          },
          "private": "bnVsbA==",
          "dependencies": [
            "module.waf.aws_waf_ipset.ipset"
          ]
        }
      ]
    },
    {
      "module": "module.waf",
      "mode": "managed",
      "type": "aws_waf_web_acl",
      "name": "waf_acl",
      "provider": "provider[\"registry.terraform.io/hashicorp/aws\"]",
      "instances": [
        {
          "schema_version": 0,
          "attributes": {
            "arn": "arn:aws:waf::154320630104:webacl/b641856e-c38e-4c77-85b6-40ecea381b90",
            "default_action": [
              {
                "type": "BLOCK"
              }
            ],
            "id": "b641856e-c38e-4c77-85b6-40ecea381b90",
            "logging_configuration": [],
            "metric_name": "AllowSourceIPs",
            "name": "AllowSourceIPs",
            "rules": [
              {
                "action": [
                  {
                    "type": "ALLOW"
                  }
                ],
                "override_action": [],
                "priority": 1,
                "rule_id": "3e1c53b9-0e30-45b2-afb4-b19dac9068db",
                "type": "REGULAR"
              }
            ],
            "tags": null
          },
          "private": "bnVsbA==",
          "dependencies": [
            "module.waf.aws_waf_ipset.ipset",
            "module.waf.aws_waf_rule.wafrule"
          ]
        }
      ]
    },
    {
      "module": "module.web-static",
      "mode": "managed",
      "type": "aws_cloudfront_distribution",
      "name": "docs_distribution",
      "provider": "provider[\"registry.terraform.io/hashicorp/aws\"]",
      "instances": [
        {
          "schema_version": 1,
          "attributes": {
            "aliases": [
              "docs.seahorse-dev.globallink.com"
            ],
            "arn": "arn:aws:cloudfront::154320630104:distribution/E30UZPZNESGHP4",
            "caller_reference": "terraform-20210221185203763000000007",
            "comment": null,
            "custom_error_response": [],
            "default_cache_behavior": [
              {
                "allowed_methods": [
                  "DELETE",
                  "GET",
                  "HEAD",
                  "OPTIONS",
                  "PATCH",
                  "POST",
                  "PUT"
                ],
                "cached_methods": [
                  "GET",
                  "HEAD"
                ],
                "compress": false,
                "default_ttl": 3600,
                "field_level_encryption_id": "",
                "forwarded_values": [
                  {
                    "cookies": [
                      {
                        "forward": "none",
                        "whitelisted_names": null
                      }
                    ],
                    "headers": null,
                    "query_string": false,
                    "query_string_cache_keys": null
                  }
                ],
                "lambda_function_association": [],
                "max_ttl": 86400,
                "min_ttl": 0,
                "smooth_streaming": false,
                "target_origin_id": "dev1.seahorse.test1",
                "trusted_signers": null,
                "viewer_protocol_policy": "allow-all"
              }
            ],
            "default_root_object": "index.html",
            "domain_name": "d2rs6nkjrt5184.cloudfront.net",
            "enabled": true,
            "etag": "E3LK5NVE34L5JI",
            "hosted_zone_id": "Z2FDTNDATAQYW2",
            "http_version": "http2",
            "id": "E30UZPZNESGHP4",
            "in_progress_validation_batches": 0,
            "is_ipv6_enabled": true,
            "last_modified_time": "2021-02-21 18:52:04.252 +0000 UTC",
            "logging_config": [],
            "ordered_cache_behavior": [],
            "origin": [
              {
                "custom_header": [],
                "custom_origin_config": [],
                "domain_name": "dev1.seahorse.test1.s3.amazonaws.com",
                "origin_id": "dev1.seahorse.test1",
                "origin_path": "",
                "s3_origin_config": []
              }
            ],
            "origin_group": [],
            "price_class": "PriceClass_All",
            "restrictions": [
              {
                "geo_restriction": [
                  {
                    "locations": [
                      "CA",
                      "DE",
                      "GB",
                      "US"
                    ],
                    "restriction_type": "whitelist"
                  }
                ]
              }
            ],
            "retain_on_delete": false,
            "status": "Deployed",
            "tags": null,
            "trusted_signers": [
              {
                "enabled": false,
                "items": []
              }
            ],
            "viewer_certificate": [
              {
                "acm_certificate_arn": "arn:aws:acm:us-east-1:154320630104:certificate/0863189c-36cf-4896-bbbf-435f78adae20",
                "cloudfront_default_certificate": false,
                "iam_certificate_id": "",
                "minimum_protocol_version": "TLSv1.2_2019",
                "ssl_support_method": "sni-only"
              }
            ],
            "wait_for_deployment": true,
            "web_acl_id": "b641856e-c38e-4c77-85b6-40ecea381b90"
          },
          "private": "eyJzY2hlbWFfdmVyc2lvbiI6IjEifQ==",
          "dependencies": [
            "module.acm.aws_acm_certificate.web_cert",
            "module.waf.aws_waf_ipset.ipset",
            "module.waf.aws_waf_rule.wafrule",
            "module.waf.aws_waf_web_acl.waf_acl",
            "module.web-static.aws_s3_bucket.docusaurus"
          ]
        }
      ]
    },
    {
      "module": "module.web-static",
      "mode": "managed",
      "type": "aws_cloudfront_distribution",
      "name": "finsemble_distribution",
      "provider": "provider[\"registry.terraform.io/hashicorp/aws\"]",
      "instances": [
        {
          "schema_version": 1,
          "attributes": {
            "aliases": [
              "web.seahorse-dev.globallink.com"
            ],
            "arn": "arn:aws:cloudfront::154320630104:distribution/E3NOKIIL864OF1",
            "caller_reference": "terraform-20210221185203763000000006",
            "comment": null,
            "custom_error_response": [],
            "default_cache_behavior": [
              {
                "allowed_methods": [
                  "DELETE",
                  "GET",
                  "HEAD",
                  "OPTIONS",
                  "PATCH",
                  "POST",
                  "PUT"
                ],
                "cached_methods": [
                  "GET",
                  "HEAD"
                ],
                "compress": false,
                "default_ttl": 3600,
                "field_level_encryption_id": "",
                "forwarded_values": [
                  {
                    "cookies": [
                      {
                        "forward": "none",
                        "whitelisted_names": null
                      }
                    ],
                    "headers": null,
                    "query_string": false,
                    "query_string_cache_keys": null
                  }
                ],
                "lambda_function_association": [],
                "max_ttl": 86400,
                "min_ttl": 0,
                "smooth_streaming": false,
                "target_origin_id": "dev1.seahorse.test",
                "trusted_signers": null,
                "viewer_protocol_policy": "allow-all"
              }
            ],
            "default_root_object": "index.html",
            "domain_name": "d44pr175x3or0.cloudfront.net",
            "enabled": true,
            "etag": "E2IQQ4ZIAWHXX2",
            "hosted_zone_id": "Z2FDTNDATAQYW2",
            "http_version": "http2",
            "id": "E3NOKIIL864OF1",
            "in_progress_validation_batches": 0,
            "is_ipv6_enabled": true,
            "last_modified_time": "2021-02-21 18:52:04.266 +0000 UTC",
            "logging_config": [],
            "ordered_cache_behavior": [],
            "origin": [
              {
                "custom_header": [],
                "custom_origin_config": [],
                "domain_name": "dev1.seahorse.test.s3.amazonaws.com",
                "origin_id": "dev1.seahorse.test",
                "origin_path": "",
                "s3_origin_config": []
              }
            ],
            "origin_group": [],
            "price_class": "PriceClass_All",
            "restrictions": [
              {
                "geo_restriction": [
                  {
                    "locations": [
                      "CA",
                      "DE",
                      "GB",
                      "US"
                    ],
                    "restriction_type": "whitelist"
                  }
                ]
              }
            ],
            "retain_on_delete": false,
            "status": "Deployed",
            "tags": null,
            "trusted_signers": [
              {
                "enabled": false,
                "items": []
              }
            ],
            "viewer_certificate": [
              {
                "acm_certificate_arn": "arn:aws:acm:us-east-1:154320630104:certificate/0863189c-36cf-4896-bbbf-435f78adae20",
                "cloudfront_default_certificate": false,
                "iam_certificate_id": "",
                "minimum_protocol_version": "TLSv1.2_2019",
                "ssl_support_method": "sni-only"
              }
            ],
            "wait_for_deployment": true,
            "web_acl_id": "b641856e-c38e-4c77-85b6-40ecea381b90"
          },
          "private": "eyJzY2hlbWFfdmVyc2lvbiI6IjEifQ==",
          "dependencies": [
            "module.acm.aws_acm_certificate.web_cert",
            "module.waf.aws_waf_ipset.ipset",
            "module.waf.aws_waf_rule.wafrule",
            "module.waf.aws_waf_web_acl.waf_acl",
            "module.web-static.aws_s3_bucket.finsemble"
          ]
        }
      ]
    },
    {
      "module": "module.web-static",
      "mode": "managed",
      "type": "aws_cloudfront_distribution",
      "name": "storybook_distribution",
      "provider": "provider[\"registry.terraform.io/hashicorp/aws\"]",
      "instances": [
        {
          "schema_version": 1,
          "attributes": {
            "aliases": [
              "storybook.seahorse-dev.globallink.com"
            ],
            "arn": "arn:aws:cloudfront::154320630104:distribution/E38SS86UEPZN02",
            "caller_reference": "terraform-20210221185203763000000005",
            "comment": null,
            "custom_error_response": [],
            "default_cache_behavior": [
              {
                "allowed_methods": [
                  "DELETE",
                  "GET",
                  "HEAD",
                  "OPTIONS",
                  "PATCH",
                  "POST",
                  "PUT"
                ],
                "cached_methods": [
                  "GET",
                  "HEAD"
                ],
                "compress": false,
                "default_ttl": 3600,
                "field_level_encryption_id": "",
                "forwarded_values": [
                  {
                    "cookies": [
                      {
                        "forward": "none",
                        "whitelisted_names": null
                      }
                    ],
                    "headers": null,
                    "query_string": false,
                    "query_string_cache_keys": null
                  }
                ],
                "lambda_function_association": [],
                "max_ttl": 86400,
                "min_ttl": 0,
                "smooth_streaming": false,
                "target_origin_id": "dev1.seahorse.test2",
                "trusted_signers": null,
                "viewer_protocol_policy": "allow-all"
              }
            ],
            "default_root_object": "index.html",
            "domain_name": "d3hb130a1huhy1.cloudfront.net",
            "enabled": true,
            "etag": "E21KSEL7YZ59G4",
            "hosted_zone_id": "Z2FDTNDATAQYW2",
            "http_version": "http2",
            "id": "E38SS86UEPZN02",
            "in_progress_validation_batches": 0,
            "is_ipv6_enabled": true,
            "last_modified_time": "2021-02-21 18:52:04.269 +0000 UTC",
            "logging_config": [],
            "ordered_cache_behavior": [],
            "origin": [
              {
                "custom_header": [],
                "custom_origin_config": [],
                "domain_name": "dev1.seahorse.test2.s3.amazonaws.com",
                "origin_id": "dev1.seahorse.test2",
                "origin_path": "",
                "s3_origin_config": []
              }
            ],
            "origin_group": [],
            "price_class": "PriceClass_All",
            "restrictions": [
              {
                "geo_restriction": [
                  {
                    "locations": [
                      "CA",
                      "DE",
                      "GB",
                      "US"
                    ],
                    "restriction_type": "whitelist"
                  }
                ]
              }
            ],
            "retain_on_delete": false,
            "status": "Deployed",
            "tags": null,
            "trusted_signers": [
              {
                "enabled": false,
                "items": []
              }
            ],
            "viewer_certificate": [
              {
                "acm_certificate_arn": "arn:aws:acm:us-east-1:154320630104:certificate/0863189c-36cf-4896-bbbf-435f78adae20",
                "cloudfront_default_certificate": false,
                "iam_certificate_id": "",
                "minimum_protocol_version": "TLSv1.2_2019",
                "ssl_support_method": "sni-only"
              }
            ],
            "wait_for_deployment": true,
            "web_acl_id": "b641856e-c38e-4c77-85b6-40ecea381b90"
          },
          "private": "eyJzY2hlbWFfdmVyc2lvbiI6IjEifQ==",
          "dependencies": [
            "module.acm.aws_acm_certificate.web_cert",
            "module.waf.aws_waf_ipset.ipset",
            "module.waf.aws_waf_rule.wafrule",
            "module.waf.aws_waf_web_acl.waf_acl",
            "module.web-static.aws_s3_bucket.storybook"
          ]
        }
      ]
    },
    {
      "module": "module.web-static",
      "mode": "managed",
      "type": "aws_s3_bucket",
      "name": "docusaurus",
      "provider": "provider[\"registry.terraform.io/hashicorp/aws\"]",
      "instances": [
        {
          "schema_version": 0,
          "attributes": {
            "acceleration_status": "",
            "acl": "public-read",
            "arn": "arn:aws:s3:::dev1.seahorse.test1",
            "bucket": "dev1.seahorse.test1",
            "bucket_domain_name": "dev1.seahorse.test1.s3.amazonaws.com",
            "bucket_prefix": null,
            "bucket_regional_domain_name": "dev1.seahorse.test1.s3.amazonaws.com",
            "cors_rule": [],
            "force_destroy": false,
            "grant": [],
            "hosted_zone_id": "Z3AQBSTGFYJSTF",
            "id": "dev1.seahorse.test1",
            "lifecycle_rule": [],
            "logging": [],
            "object_lock_configuration": [],
            "policy": "{\"Id\":\"SourceIPAllowed\",\"Statement\":[{\"Action\":\"s3:Get*\",\"Condition\":{\"IpAddress\":{\"aws:SourceIp\":[\"208.89.236.196/32\",\"74.204.251.4/32\",\"74.204.251.5/32\",\"159.18.234.5/32\",\"159.18.234.12/32\",\"208.89.239.4/32\",\"208.89.239.5/32\",\"63.106.110.9/32\",\"63.106.110.14/32\",\"185.84.23.5/32\",\"208.89.239.4/32\",\"165.225.39.0/23\",\"165.225.38.0/23\",\"165.225.220.0/23\",\"147.161.166.0/23\"]}},\"Effect\":\"Allow\",\"Principal\":\"*\",\"Resource\":[\"arn:aws:s3:::dev1.seahorse.test1\",\"arn:aws:s3:::dev1.seahorse.test1/*\"],\"Sid\":\"VPCe and SourceIP\"},{\"Action\":\"s3:*\",\"Condition\":{\"Bool\":{\"aws:SecureTransport\":\"false\"}},\"Effect\":\"Deny\",\"Principal\":\"*\",\"Resource\":[\"arn:aws:s3:::dev1.seahorse.test1\",\"arn:aws:s3:::dev1.seahorse.test1/*\"],\"Sid\":\"AllowSSLRequestsOnly\"}],\"Version\":\"2012-10-17\"}",
            "region": "us-east-1",
            "replication_configuration": [],
            "request_payer": "BucketOwner",
            "server_side_encryption_configuration": [],
            "tags": {
              "Environment": "SeaHorse",
              "Name": "Product"
            },
            "versioning": [
              {
                "enabled": false,
                "mfa_delete": false
              }
            ],
            "website": [
              {
                "error_document": "error.html",
                "index_document": "index.html",
                "redirect_all_requests_to": "",
                "routing_rules": ""
              }
            ],
            "website_domain": "s3-website-us-east-1.amazonaws.com",
            "website_endpoint": "dev1.seahorse.test1.s3-website-us-east-1.amazonaws.com"
          },
          "private": "bnVsbA=="
        }
      ]
    },
    {
      "module": "module.web-static",
      "mode": "managed",
      "type": "aws_s3_bucket",
      "name": "finsemble",
      "provider": "provider[\"registry.terraform.io/hashicorp/aws\"]",
      "instances": [
        {
          "schema_version": 0,
          "attributes": {
            "acceleration_status": "",
            "acl": "public-read",
            "arn": "arn:aws:s3:::dev1.seahorse.test",
            "bucket": "dev1.seahorse.test",
            "bucket_domain_name": "dev1.seahorse.test.s3.amazonaws.com",
            "bucket_prefix": null,
            "bucket_regional_domain_name": "dev1.seahorse.test.s3.amazonaws.com",
            "cors_rule": [],
            "force_destroy": false,
            "grant": [],
            "hosted_zone_id": "Z3AQBSTGFYJSTF",
            "id": "dev1.seahorse.test",
            "lifecycle_rule": [],
            "logging": [],
            "object_lock_configuration": [],
            "policy": "{\"Id\":\"SourceIPAllowed\",\"Statement\":[{\"Action\":\"s3:Get*\",\"Condition\":{\"IpAddress\":{\"aws:SourceIp\":[\"208.89.236.196/32\",\"74.204.251.4/32\",\"74.204.251.5/32\",\"159.18.234.5/32\",\"159.18.234.12/32\",\"208.89.239.4/32\",\"208.89.239.5/32\",\"63.106.110.9/32\",\"63.106.110.14/32\",\"185.84.23.5/32\",\"208.89.239.4/32\",\"165.225.39.0/23\",\"165.225.38.0/23\",\"165.225.220.0/23\",\"147.161.166.0/23\"]}},\"Effect\":\"Allow\",\"Principal\":\"*\",\"Resource\":[\"arn:aws:s3:::dev1.seahorse.test\",\"arn:aws:s3:::dev1.seahorse.test/*\"],\"Sid\":\"VPCe and SourceIP\"},{\"Action\":\"s3:*\",\"Condition\":{\"Bool\":{\"aws:SecureTransport\":\"false\"}},\"Effect\":\"Deny\",\"Principal\":\"*\",\"Resource\":[\"arn:aws:s3:::dev1.seahorse.test\",\"arn:aws:s3:::dev1.seahorse.test/*\"],\"Sid\":\"AllowSSLRequestsOnly\"}],\"Version\":\"2012-10-17\"}",
            "region": "us-east-1",
            "replication_configuration": [],
            "request_payer": "BucketOwner",
            "server_side_encryption_configuration": [],
            "tags": {
              "Environment": "SeaHorse",
              "Name": "Product"
            },
            "versioning": [
              {
                "enabled": false,
                "mfa_delete": false
              }
            ],
            "website": [
              {
                "error_document": "error.html",
                "index_document": "index.html",
                "redirect_all_requests_to": "",
                "routing_rules": ""
              }
            ],
            "website_domain": "s3-website-us-east-1.amazonaws.com",
            "website_endpoint": "dev1.seahorse.test.s3-website-us-east-1.amazonaws.com"
          },
          "private": "bnVsbA=="
        }
      ]
    },
    {
      "module": "module.web-static",
      "mode": "managed",
      "type": "aws_s3_bucket",
      "name": "storybook",
      "provider": "provider[\"registry.terraform.io/hashicorp/aws\"]",
      "instances": [
        {
          "schema_version": 0,
          "attributes": {
            "acceleration_status": "",
            "acl": "public-read",
            "arn": "arn:aws:s3:::dev1.seahorse.test2",
            "bucket": "dev1.seahorse.test2",
            "bucket_domain_name": "dev1.seahorse.test2.s3.amazonaws.com",
            "bucket_prefix": null,
            "bucket_regional_domain_name": "dev1.seahorse.test2.s3.amazonaws.com",
            "cors_rule": [],
            "force_destroy": false,
            "grant": [],
            "hosted_zone_id": "Z3AQBSTGFYJSTF",
            "id": "dev1.seahorse.test2",
            "lifecycle_rule": [],
            "logging": [],
            "object_lock_configuration": [],
            "policy": "{\"Id\":\"SourceIPAllowed\",\"Statement\":[{\"Action\":\"s3:Get*\",\"Condition\":{\"IpAddress\":{\"aws:SourceIp\":[\"208.89.236.196/32\",\"74.204.251.4/32\",\"74.204.251.5/32\",\"159.18.234.5/32\",\"159.18.234.12/32\",\"208.89.239.4/32\",\"208.89.239.5/32\",\"63.106.110.9/32\",\"63.106.110.14/32\",\"185.84.23.5/32\",\"208.89.239.4/32\",\"165.225.39.0/23\",\"165.225.38.0/23\",\"165.225.220.0/23\",\"147.161.166.0/23\"]}},\"Effect\":\"Allow\",\"Principal\":\"*\",\"Resource\":[\"arn:aws:s3:::dev1.seahorse.test2\",\"arn:aws:s3:::dev1.seahorse.test2/*\"],\"Sid\":\"VPCe and SourceIP\"},{\"Action\":\"s3:*\",\"Condition\":{\"Bool\":{\"aws:SecureTransport\":\"false\"}},\"Effect\":\"Deny\",\"Principal\":\"*\",\"Resource\":[\"arn:aws:s3:::dev1.seahorse.test2\",\"arn:aws:s3:::dev1.seahorse.test2/*\"],\"Sid\":\"AllowSSLRequestsOnly\"}],\"Version\":\"2012-10-17\"}",
            "region": "us-east-1",
            "replication_configuration": [],
            "request_payer": "BucketOwner",
            "server_side_encryption_configuration": [],
            "tags": {
              "Environment": "SeaHorse",
              "Name": "Product"
            },
            "versioning": [
              {
                "enabled": false,
                "mfa_delete": false
              }
            ],
            "website": [
              {
                "error_document": "error.html",
                "index_document": "index.html",
                "redirect_all_requests_to": "",
                "routing_rules": ""
              }
            ],
            "website_domain": "s3-website-us-east-1.amazonaws.com",
            "website_endpoint": "dev1.seahorse.test2.s3-website-us-east-1.amazonaws.com"
          },
          "private": "bnVsbA=="
        }
      ]
    },
    {
      "module": "module.web_admin_api",
      "mode": "managed",
      "type": "aws_api_gateway_base_path_mapping",
      "name": "admin_api_path_mapping",
      "provider": "provider[\"registry.terraform.io/hashicorp/aws\"]",
      "instances": []
    },
    {
      "module": "module.web_admin_api",
      "mode": "managed",
      "type": "aws_api_gateway_deployment",
      "name": "admin_api_deployment",
      "provider": "provider[\"registry.terraform.io/hashicorp/aws\"]",
      "instances": [
        {
          "schema_version": 0,
          "attributes": {
            "created_date": "2021-02-21T18:52:03Z",
            "description": "",
            "execution_arn": "arn:aws:execute-api:us-east-1:154320630104:3srsu9f6x4/dev1",
            "id": "0j266z",
            "invoke_url": "https://3srsu9f6x4.execute-api.us-east-1.amazonaws.com/dev1",
            "rest_api_id": "3srsu9f6x4",
            "stage_description": null,
            "stage_name": "dev1",
            "triggers": null,
            "variables": null
          },
          "private": "bnVsbA==",
          "dependencies": [
            "module.web_admin_api.aws_api_gateway_integration.admin_api_get_method_integration",
            "module.web_admin_api.aws_api_gateway_integration.admin_api_register_method_integration",
            "module.web_admin_api.aws_api_gateway_integration.mock_options_integration",
            "module.web_admin_api.aws_api_gateway_integration_response.admin_api_get_integration_response",
            "module.web_admin_api.aws_api_gateway_integration_response.admin_api_register_integration_response",
            "module.web_admin_api.aws_api_gateway_integration_response.mock_options_integration_response",
            "module.web_admin_api.aws_api_gateway_method.admin_api_get_method",
            "module.web_admin_api.aws_api_gateway_method.admin_api_register_method",
            "module.web_admin_api.aws_api_gateway_method.mock_options_method",
            "module.web_admin_api.aws_api_gateway_method_response.admin_api_get_method_response",
            "module.web_admin_api.aws_api_gateway_method_response.admin_api_register_method_response",
            "module.web_admin_api.aws_api_gateway_method_response.mock_options_response",
            "module.web_admin_api.aws_api_gateway_resource.admin_api_resource",
            "module.web_admin_api.aws_api_gateway_rest_api.admin_api"
          ]
        }
      ]
    },
    {
      "module": "module.web_admin_api",
      "mode": "managed",
      "type": "aws_api_gateway_domain_name",
      "name": "admin_api_domain_name",
      "provider": "provider[\"registry.terraform.io/hashicorp/aws\"]",
      "instances": []
    },
    {
      "module": "module.web_admin_api",
      "mode": "managed",
      "type": "aws_api_gateway_integration",
      "name": "admin_api_delete_method_integration",
      "provider": "provider[\"registry.terraform.io/hashicorp/aws\"]",
      "instances": [
        {
          "schema_version": 0,
          "attributes": {
            "cache_key_parameters": null,
            "cache_namespace": "ul2d1h",
            "connection_id": "",
            "connection_type": "INTERNET",
            "content_handling": "",
            "credentials": "",
            "http_method": "DELETE",
            "id": "agi-3srsu9f6x4-ul2d1h-DELETE",
            "integration_http_method": "POST",
            "passthrough_behavior": "WHEN_NO_MATCH",
            "request_parameters": null,
            "request_templates": null,
            "resource_id": "ul2d1h",
            "rest_api_id": "3srsu9f6x4",
            "timeout_milliseconds": 29000,
            "type": "AWS_PROXY",
            "uri": "arn:aws:apigateway:us-east-1:lambda:path/2015-03-31/functions/arn:aws:lambda:us-east-1:154320630104:function:DeleteRegisteredComponent/invocations"
          },
          "private": "bnVsbA==",
          "dependencies": [
            "module.web_admin_api.aws_api_gateway_method.admin_api_delete_method",
            "module.web_admin_api.aws_api_gateway_resource.admin_api_resource",
            "module.web_admin_api.aws_api_gateway_rest_api.admin_api"
          ]
        }
      ]
    },
    {
      "module": "module.web_admin_api",
      "mode": "managed",
      "type": "aws_api_gateway_integration",
      "name": "admin_api_get_method_integration",
      "provider": "provider[\"registry.terraform.io/hashicorp/aws\"]",
      "instances": [
        {
          "schema_version": 0,
          "attributes": {
            "cache_key_parameters": null,
            "cache_namespace": "ul2d1h",
            "connection_id": "",
            "connection_type": "INTERNET",
            "content_handling": "",
            "credentials": "",
            "http_method": "GET",
            "id": "agi-3srsu9f6x4-ul2d1h-GET",
            "integration_http_method": "POST",
            "passthrough_behavior": "WHEN_NO_MATCH",
            "request_parameters": null,
            "request_templates": null,
            "resource_id": "ul2d1h",
            "rest_api_id": "3srsu9f6x4",
            "timeout_milliseconds": 29000,
            "type": "AWS_PROXY",
            "uri": "arn:aws:apigateway:us-east-1:lambda:path/2015-03-31/functions/arn:aws:lambda:us-east-1:154320630104:function:GetRegisteredComponents/invocations"
          },
          "private": "bnVsbA==",
          "dependencies": [
            "module.web_admin_api.aws_api_gateway_method.admin_api_get_method",
            "module.web_admin_api.aws_api_gateway_resource.admin_api_resource",
            "module.web_admin_api.aws_api_gateway_rest_api.admin_api"
          ]
        }
      ]
    },
    {
      "module": "module.web_admin_api",
      "mode": "managed",
      "type": "aws_api_gateway_integration",
      "name": "admin_api_register_method_integration",
      "provider": "provider[\"registry.terraform.io/hashicorp/aws\"]",
      "instances": [
        {
          "schema_version": 0,
          "attributes": {
            "cache_key_parameters": null,
            "cache_namespace": "ul2d1h",
            "connection_id": "",
            "connection_type": "INTERNET",
            "content_handling": "",
            "credentials": "",
            "http_method": "POST",
            "id": "agi-3srsu9f6x4-ul2d1h-POST",
            "integration_http_method": "POST",
            "passthrough_behavior": "WHEN_NO_MATCH",
            "request_parameters": null,
            "request_templates": null,
            "resource_id": "ul2d1h",
            "rest_api_id": "3srsu9f6x4",
            "timeout_milliseconds": 29000,
            "type": "AWS_PROXY",
            "uri": "arn:aws:apigateway:us-east-1:lambda:path/2015-03-31/functions/arn:aws:lambda:us-east-1:154320630104:function:RegisterComponentLambda/invocations"
          },
          "private": "bnVsbA==",
          "dependencies": [
            "module.web_admin_api.aws_api_gateway_method.admin_api_register_method",
            "module.web_admin_api.aws_api_gateway_resource.admin_api_resource",
            "module.web_admin_api.aws_api_gateway_rest_api.admin_api"
          ]
        }
      ]
    },
    {
      "module": "module.web_admin_api",
      "mode": "managed",
      "type": "aws_api_gateway_integration",
      "name": "mock_options_integration",
      "provider": "provider[\"registry.terraform.io/hashicorp/aws\"]",
      "instances": [
        {
          "schema_version": 0,
          "attributes": {
            "cache_key_parameters": null,
            "cache_namespace": "ul2d1h",
            "connection_id": "",
            "connection_type": "INTERNET",
            "content_handling": "",
            "credentials": "",
            "http_method": "OPTIONS",
            "id": "agi-3srsu9f6x4-ul2d1h-OPTIONS",
            "integration_http_method": "",
            "passthrough_behavior": "WHEN_NO_MATCH",
            "request_parameters": null,
            "request_templates": null,
            "resource_id": "ul2d1h",
            "rest_api_id": "3srsu9f6x4",
            "timeout_milliseconds": 29000,
            "type": "MOCK",
            "uri": ""
          },
          "private": "bnVsbA==",
          "dependencies": [
            "module.web_admin_api.aws_api_gateway_method.mock_options_method",
            "module.web_admin_api.aws_api_gateway_resource.admin_api_resource",
            "module.web_admin_api.aws_api_gateway_rest_api.admin_api"
          ]
        }
      ]
    },
    {
      "module": "module.web_admin_api",
      "mode": "managed",
      "type": "aws_api_gateway_integration_response",
      "name": "admin_api_delete_integration_response",
      "provider": "provider[\"registry.terraform.io/hashicorp/aws\"]",
      "instances": [
        {
          "schema_version": 0,
          "attributes": {
            "content_handling": "",
            "http_method": "DELETE",
            "id": "agir-3srsu9f6x4-ul2d1h-DELETE-200",
            "resource_id": "ul2d1h",
            "response_parameters": {
              "method.response.header.Access-Control-Allow-Origin": "'*'"
            },
            "response_templates": null,
            "rest_api_id": "3srsu9f6x4",
            "selection_pattern": "",
            "status_code": "200"
          },
          "private": "bnVsbA==",
          "dependencies": [
            "module.web_admin_api.aws_api_gateway_integration.admin_api_delete_method_integration",
            "module.web_admin_api.aws_api_gateway_method.admin_api_delete_method",
            "module.web_admin_api.aws_api_gateway_method_response.admin_api_delete_method_response",
            "module.web_admin_api.aws_api_gateway_resource.admin_api_resource",
            "module.web_admin_api.aws_api_gateway_rest_api.admin_api"
          ]
        }
      ]
    },
    {
      "module": "module.web_admin_api",
      "mode": "managed",
      "type": "aws_api_gateway_integration_response",
      "name": "admin_api_get_integration_response",
      "provider": "provider[\"registry.terraform.io/hashicorp/aws\"]",
      "instances": [
        {
          "schema_version": 0,
          "attributes": {
            "content_handling": "",
            "http_method": "GET",
            "id": "agir-3srsu9f6x4-ul2d1h-GET-200",
            "resource_id": "ul2d1h",
            "response_parameters": {
              "method.response.header.Access-Control-Allow-Origin": "'*'"
            },
            "response_templates": null,
            "rest_api_id": "3srsu9f6x4",
            "selection_pattern": "",
            "status_code": "200"
          },
          "private": "bnVsbA==",
          "dependencies": [
            "module.web_admin_api.aws_api_gateway_integration.admin_api_get_method_integration",
            "module.web_admin_api.aws_api_gateway_method.admin_api_get_method",
            "module.web_admin_api.aws_api_gateway_method_response.admin_api_get_method_response",
            "module.web_admin_api.aws_api_gateway_resource.admin_api_resource",
            "module.web_admin_api.aws_api_gateway_rest_api.admin_api"
          ]
        }
      ]
    },
    {
      "module": "module.web_admin_api",
      "mode": "managed",
      "type": "aws_api_gateway_integration_response",
      "name": "admin_api_register_integration_response",
      "provider": "provider[\"registry.terraform.io/hashicorp/aws\"]",
      "instances": [
        {
          "schema_version": 0,
          "attributes": {
            "content_handling": "",
            "http_method": "POST",
            "id": "agir-3srsu9f6x4-ul2d1h-POST-200",
            "resource_id": "ul2d1h",
            "response_parameters": {
              "method.response.header.Access-Control-Allow-Origin": "'*'"
            },
            "response_templates": null,
            "rest_api_id": "3srsu9f6x4",
            "selection_pattern": "",
            "status_code": "200"
          },
          "private": "bnVsbA==",
          "dependencies": [
            "module.web_admin_api.aws_api_gateway_integration.admin_api_register_method_integration",
            "module.web_admin_api.aws_api_gateway_method.admin_api_register_method",
            "module.web_admin_api.aws_api_gateway_method_response.admin_api_register_method_response",
            "module.web_admin_api.aws_api_gateway_resource.admin_api_resource",
            "module.web_admin_api.aws_api_gateway_rest_api.admin_api"
          ]
        }
      ]
    },
    {
      "module": "module.web_admin_api",
      "mode": "managed",
      "type": "aws_api_gateway_integration_response",
      "name": "mock_options_integration_response",
      "provider": "provider[\"registry.terraform.io/hashicorp/aws\"]",
      "instances": [
        {
          "schema_version": 0,
          "attributes": {
            "content_handling": "",
            "http_method": "OPTIONS",
            "id": "agir-3srsu9f6x4-ul2d1h-OPTIONS-200",
            "resource_id": "ul2d1h",
            "response_parameters": {
              "method.response.header.Access-Control-Allow-Headers": "'Content-Type,X-Amz-Date,Authorization,X-Api-Key,X-Amz-Security-Token'",
              "method.response.header.Access-Control-Allow-Methods": "'GET, OPTIONS, POST'",
              "method.response.header.Access-Control-Allow-Origin": "'*'"
            },
            "response_templates": null,
            "rest_api_id": "3srsu9f6x4",
            "selection_pattern": "",
            "status_code": "200"
          },
          "private": "bnVsbA==",
          "dependencies": [
            "module.web_admin_api.aws_api_gateway_integration.mock_options_integration",
            "module.web_admin_api.aws_api_gateway_method.mock_options_method",
            "module.web_admin_api.aws_api_gateway_method_response.mock_options_response",
            "module.web_admin_api.aws_api_gateway_resource.admin_api_resource",
            "module.web_admin_api.aws_api_gateway_rest_api.admin_api"
          ]
        }
      ]
    },
    {
      "module": "module.web_admin_api",
      "mode": "managed",
      "type": "aws_api_gateway_method",
      "name": "admin_api_delete_method",
      "provider": "provider[\"registry.terraform.io/hashicorp/aws\"]",
      "instances": [
        {
          "schema_version": 0,
          "attributes": {
            "api_key_required": false,
            "authorization": "NONE",
            "authorization_scopes": null,
            "authorizer_id": null,
            "http_method": "DELETE",
            "id": "agm-3srsu9f6x4-ul2d1h-DELETE",
            "request_models": {
              "application/json": "Empty"
            },
            "request_parameters": {
              "method.request.header.Content-Type": true
            },
            "request_validator_id": null,
            "resource_id": "ul2d1h",
            "rest_api_id": "3srsu9f6x4"
          },
          "private": "bnVsbA==",
          "dependencies": [
            "module.web_admin_api.aws_api_gateway_resource.admin_api_resource",
            "module.web_admin_api.aws_api_gateway_rest_api.admin_api"
          ]
        }
      ]
    },
    {
      "module": "module.web_admin_api",
      "mode": "managed",
      "type": "aws_api_gateway_method",
      "name": "admin_api_get_method",
      "provider": "provider[\"registry.terraform.io/hashicorp/aws\"]",
      "instances": [
        {
          "schema_version": 0,
          "attributes": {
            "api_key_required": false,
            "authorization": "NONE",
            "authorization_scopes": null,
            "authorizer_id": null,
            "http_method": "GET",
            "id": "agm-3srsu9f6x4-ul2d1h-GET",
            "request_models": {
              "application/json": "Empty"
            },
            "request_parameters": {
              "method.request.header.Content-Type": true
            },
            "request_validator_id": null,
            "resource_id": "ul2d1h",
            "rest_api_id": "3srsu9f6x4"
          },
          "private": "bnVsbA==",
          "dependencies": [
            "module.web_admin_api.aws_api_gateway_resource.admin_api_resource",
            "module.web_admin_api.aws_api_gateway_rest_api.admin_api"
          ]
        }
      ]
    },
    {
      "module": "module.web_admin_api",
      "mode": "managed",
      "type": "aws_api_gateway_method",
      "name": "admin_api_register_method",
      "provider": "provider[\"registry.terraform.io/hashicorp/aws\"]",
      "instances": [
        {
          "schema_version": 0,
          "attributes": {
            "api_key_required": false,
            "authorization": "NONE",
            "authorization_scopes": null,
            "authorizer_id": null,
            "http_method": "POST",
            "id": "agm-3srsu9f6x4-ul2d1h-POST",
            "request_models": {
              "application/json": "Empty"
            },
            "request_parameters": {
              "method.request.header.Content-Type": true
            },
            "request_validator_id": null,
            "resource_id": "ul2d1h",
            "rest_api_id": "3srsu9f6x4"
          },
          "private": "bnVsbA==",
          "dependencies": [
            "module.web_admin_api.aws_api_gateway_resource.admin_api_resource",
            "module.web_admin_api.aws_api_gateway_rest_api.admin_api"
          ]
        }
      ]
    },
    {
      "module": "module.web_admin_api",
      "mode": "managed",
      "type": "aws_api_gateway_method",
      "name": "mock_options_method",
      "provider": "provider[\"registry.terraform.io/hashicorp/aws\"]",
      "instances": [
        {
          "schema_version": 0,
          "attributes": {
            "api_key_required": false,
            "authorization": "NONE",
            "authorization_scopes": null,
            "authorizer_id": null,
            "http_method": "OPTIONS",
            "id": "agm-3srsu9f6x4-ul2d1h-OPTIONS",
            "request_models": null,
            "request_parameters": null,
            "request_validator_id": null,
            "resource_id": "ul2d1h",
            "rest_api_id": "3srsu9f6x4"
          },
          "private": "bnVsbA==",
          "dependencies": [
            "module.web_admin_api.aws_api_gateway_resource.admin_api_resource",
            "module.web_admin_api.aws_api_gateway_rest_api.admin_api"
          ]
        }
      ]
    },
    {
      "module": "module.web_admin_api",
      "mode": "managed",
      "type": "aws_api_gateway_method_response",
      "name": "admin_api_delete_method_response",
      "provider": "provider[\"registry.terraform.io/hashicorp/aws\"]",
      "instances": [
        {
          "schema_version": 0,
          "attributes": {
            "http_method": "DELETE",
            "id": "agmr-3srsu9f6x4-ul2d1h-DELETE-200",
            "resource_id": "ul2d1h",
            "response_models": null,
            "response_parameters": {
              "method.response.header.Access-Control-Allow-Origin": true
            },
            "rest_api_id": "3srsu9f6x4",
            "status_code": "200"
          },
          "private": "bnVsbA==",
          "dependencies": [
            "module.web_admin_api.aws_api_gateway_method.admin_api_delete_method",
            "module.web_admin_api.aws_api_gateway_resource.admin_api_resource",
            "module.web_admin_api.aws_api_gateway_rest_api.admin_api"
          ]
        }
      ]
    },
    {
      "module": "module.web_admin_api",
      "mode": "managed",
      "type": "aws_api_gateway_method_response",
      "name": "admin_api_get_method_response",
      "provider": "provider[\"registry.terraform.io/hashicorp/aws\"]",
      "instances": [
        {
          "schema_version": 0,
          "attributes": {
            "http_method": "GET",
            "id": "agmr-3srsu9f6x4-ul2d1h-GET-200",
            "resource_id": "ul2d1h",
            "response_models": null,
            "response_parameters": {
              "method.response.header.Access-Control-Allow-Origin": true
            },
            "rest_api_id": "3srsu9f6x4",
            "status_code": "200"
          },
          "private": "bnVsbA==",
          "dependencies": [
            "module.web_admin_api.aws_api_gateway_method.admin_api_get_method",
            "module.web_admin_api.aws_api_gateway_resource.admin_api_resource",
            "module.web_admin_api.aws_api_gateway_rest_api.admin_api"
          ]
        }
      ]
    },
    {
      "module": "module.web_admin_api",
      "mode": "managed",
      "type": "aws_api_gateway_method_response",
      "name": "admin_api_register_method_response",
      "provider": "provider[\"registry.terraform.io/hashicorp/aws\"]",
      "instances": [
        {
          "schema_version": 0,
          "attributes": {
            "http_method": "POST",
            "id": "agmr-3srsu9f6x4-ul2d1h-POST-200",
            "resource_id": "ul2d1h",
            "response_models": null,
            "response_parameters": {
              "method.response.header.Access-Control-Allow-Origin": true
            },
            "rest_api_id": "3srsu9f6x4",
            "status_code": "200"
          },
          "private": "bnVsbA==",
          "dependencies": [
            "module.web_admin_api.aws_api_gateway_method.admin_api_register_method",
            "module.web_admin_api.aws_api_gateway_resource.admin_api_resource",
            "module.web_admin_api.aws_api_gateway_rest_api.admin_api"
          ]
        }
      ]
    },
    {
      "module": "module.web_admin_api",
      "mode": "managed",
      "type": "aws_api_gateway_method_response",
      "name": "mock_options_response",
      "provider": "provider[\"registry.terraform.io/hashicorp/aws\"]",
      "instances": [
        {
          "schema_version": 0,
          "attributes": {
            "http_method": "OPTIONS",
            "id": "agmr-3srsu9f6x4-ul2d1h-OPTIONS-200",
            "resource_id": "ul2d1h",
            "response_models": {
              "application/json": "Empty"
            },
            "response_parameters": {
              "method.response.header.Access-Control-Allow-Headers": true,
              "method.response.header.Access-Control-Allow-Methods": true,
              "method.response.header.Access-Control-Allow-Origin": true
            },
            "rest_api_id": "3srsu9f6x4",
            "status_code": "200"
          },
          "private": "bnVsbA==",
          "dependencies": [
            "module.web_admin_api.aws_api_gateway_method.mock_options_method",
            "module.web_admin_api.aws_api_gateway_resource.admin_api_resource",
            "module.web_admin_api.aws_api_gateway_rest_api.admin_api"
          ]
        }
      ]
    },
    {
      "module": "module.web_admin_api",
      "mode": "managed",
      "type": "aws_api_gateway_resource",
      "name": "admin_api_resource",
      "provider": "provider[\"registry.terraform.io/hashicorp/aws\"]",
      "instances": [
        {
          "schema_version": 0,
          "attributes": {
            "id": "ul2d1h",
            "parent_id": "gdfl6p1d7d",
            "path": "/{proxy+}",
            "path_part": "{proxy+}",
            "rest_api_id": "3srsu9f6x4"
          },
          "private": "bnVsbA==",
          "dependencies": [
            "module.web_admin_api.aws_api_gateway_rest_api.admin_api"
          ]
        }
      ]
    },
    {
      "module": "module.web_admin_api",
      "mode": "managed",
      "type": "aws_api_gateway_rest_api",
      "name": "admin_api",
      "provider": "provider[\"registry.terraform.io/hashicorp/aws\"]",
      "instances": [
        {
          "schema_version": 0,
          "attributes": {
            "api_key_source": "HEADER",
            "arn": "arn:aws:apigateway:us-east-1::/restapis/3srsu9f6x4",
            "binary_media_types": null,
            "body": null,
            "created_date": "2021-02-21T18:51:45Z",
            "description": "",
            "endpoint_configuration": [
              {
                "types": [
                  "REGIONAL"
                ],
                "vpc_endpoint_ids": null
              }
            ],
            "execution_arn": "arn:aws:execute-api:us-east-1:154320630104:3srsu9f6x4",
            "id": "3srsu9f6x4",
            "minimum_compression_size": -1,
            "name": "seahorse-admin-api",
            "policy": "",
            "root_resource_id": "gdfl6p1d7d",
            "tags": null
          },
          "private": "bnVsbA=="
        }
      ]
    },
    {
      "module": "module.web_admin_api",
      "mode": "managed",
      "type": "aws_api_gateway_rest_api_policy",
      "name": "admin_api_policy",
      "provider": "provider[\"registry.terraform.io/hashicorp/aws\"]",
      "instances": [
        {
          "schema_version": 0,
          "attributes": {
            "id": "3srsu9f6x4",
            "policy": "{\"Version\":\"2012-10-17\",\"Statement\":[{\"Effect\":\"Allow\",\"Principal\":\"*\",\"Action\":\"execute-api:Invoke\",\"Resource\":\"arn:aws:execute-api:us-east-1:154320630104:3srsu9f6x4/*/*/*\"},{\"Effect\":\"Deny\",\"Principal\":\"*\",\"Action\":\"execute-api:Invoke\",\"Resource\":\"arn:aws:execute-api:us-east-1:154320630104:3srsu9f6x4/*/*/*\",\"Condition\":{\"NotIpAddress\":{\"aws:SourceIp\":[\"208.89.236.196/32\",\"74.204.251.4/32\",\"74.204.251.5/32\",\"159.18.234.5/32\",\"159.18.234.12/32\",\"208.89.239.4/32\",\"208.89.239.5/32\",\"63.106.110.9/32\",\"63.106.110.14/32\",\"185.84.23.5/32\",\"165.225.39.0/23\",\"165.225.38.0/23\",\"165.225.220.0/23\",\"147.161.166.0/23\"]}}}]}",
            "rest_api_id": "3srsu9f6x4"
          },
          "private": "bnVsbA==",
          "dependencies": [
            "module.web_admin_api.aws_api_gateway_rest_api.admin_api"
          ]
        }
      ]
    },
    {
      "module": "module.web_admin_api",
      "mode": "managed",
      "type": "aws_lambda_permission",
      "name": "admin-delete-lambda-permission",
      "provider": "provider[\"registry.terraform.io/hashicorp/aws\"]",
      "instances": [
        {
          "schema_version": 0,
          "attributes": {
            "action": "lambda:InvokeFunction",
            "event_source_token": null,
            "function_name": "DeleteRegisteredComponent",
            "id": "AllowAPIGatewayInvokeGet",
            "principal": "apigateway.amazonaws.com",
            "qualifier": "",
            "source_account": null,
            "source_arn": "arn:aws:execute-api:us-east-1:154320630104:3srsu9f6x4/*/*/*",
            "statement_id": "AllowAPIGatewayInvokeGet",
            "statement_id_prefix": null
          },
          "private": "bnVsbA==",
          "dependencies": [
            "module.web_admin_api.aws_api_gateway_deployment.admin_api_deployment",
            "module.web_admin_api.aws_api_gateway_integration.admin_api_get_method_integration",
            "module.web_admin_api.aws_api_gateway_integration.admin_api_register_method_integration",
            "module.web_admin_api.aws_api_gateway_integration.mock_options_integration",
            "module.web_admin_api.aws_api_gateway_integration_response.admin_api_get_integration_response",
            "module.web_admin_api.aws_api_gateway_integration_response.admin_api_register_integration_response",
            "module.web_admin_api.aws_api_gateway_integration_response.mock_options_integration_response",
            "module.web_admin_api.aws_api_gateway_method.admin_api_get_method",
            "module.web_admin_api.aws_api_gateway_method.admin_api_register_method",
            "module.web_admin_api.aws_api_gateway_method.mock_options_method",
            "module.web_admin_api.aws_api_gateway_method_response.admin_api_get_method_response",
            "module.web_admin_api.aws_api_gateway_method_response.admin_api_register_method_response",
            "module.web_admin_api.aws_api_gateway_method_response.mock_options_response",
            "module.web_admin_api.aws_api_gateway_resource.admin_api_resource",
            "module.web_admin_api.aws_api_gateway_rest_api.admin_api"
          ]
        }
      ]
    },
    {
      "module": "module.web_admin_api",
      "mode": "managed",
      "type": "aws_lambda_permission",
      "name": "admin-get-lambda-permission",
      "provider": "provider[\"registry.terraform.io/hashicorp/aws\"]",
      "instances": [
        {
          "schema_version": 0,
          "attributes": {
            "action": "lambda:InvokeFunction",
            "event_source_token": null,
            "function_name": "GetRegisteredComponents",
            "id": "AllowAPIGatewayInvokeGet",
            "principal": "apigateway.amazonaws.com",
            "qualifier": "",
            "source_account": null,
            "source_arn": "arn:aws:execute-api:us-east-1:154320630104:3srsu9f6x4/*/*/*",
            "statement_id": "AllowAPIGatewayInvokeGet",
            "statement_id_prefix": null
          },
          "private": "bnVsbA==",
          "dependencies": [
            "module.web_admin_api.aws_api_gateway_deployment.admin_api_deployment",
            "module.web_admin_api.aws_api_gateway_integration.admin_api_get_method_integration",
            "module.web_admin_api.aws_api_gateway_integration.admin_api_register_method_integration",
            "module.web_admin_api.aws_api_gateway_integration.mock_options_integration",
            "module.web_admin_api.aws_api_gateway_integration_response.admin_api_get_integration_response",
            "module.web_admin_api.aws_api_gateway_integration_response.admin_api_register_integration_response",
            "module.web_admin_api.aws_api_gateway_integration_response.mock_options_integration_response",
            "module.web_admin_api.aws_api_gateway_method.admin_api_get_method",
            "module.web_admin_api.aws_api_gateway_method.admin_api_register_method",
            "module.web_admin_api.aws_api_gateway_method.mock_options_method",
            "module.web_admin_api.aws_api_gateway_method_response.admin_api_get_method_response",
            "module.web_admin_api.aws_api_gateway_method_response.admin_api_register_method_response",
            "module.web_admin_api.aws_api_gateway_method_response.mock_options_response",
            "module.web_admin_api.aws_api_gateway_resource.admin_api_resource",
            "module.web_admin_api.aws_api_gateway_rest_api.admin_api"
          ]
        }
      ]
    },
    {
      "module": "module.web_admin_api",
      "mode": "managed",
      "type": "aws_lambda_permission",
      "name": "admin-register-lambda-permission",
      "provider": "provider[\"registry.terraform.io/hashicorp/aws\"]",
      "instances": [
        {
          "schema_version": 0,
          "attributes": {
            "action": "lambda:InvokeFunction",
            "event_source_token": null,
            "function_name": "RegisterComponentLambda",
            "id": "AllowAPIGatewayInvokePost",
            "principal": "apigateway.amazonaws.com",
            "qualifier": "",
            "source_account": null,
            "source_arn": "arn:aws:execute-api:us-east-1:154320630104:3srsu9f6x4/*/*/*",
            "statement_id": "AllowAPIGatewayInvokePost",
            "statement_id_prefix": null
          },
          "private": "bnVsbA==",
          "dependencies": [
            "module.web_admin_api.aws_api_gateway_deployment.admin_api_deployment",
            "module.web_admin_api.aws_api_gateway_integration.admin_api_get_method_integration",
            "module.web_admin_api.aws_api_gateway_integration.admin_api_register_method_integration",
            "module.web_admin_api.aws_api_gateway_integration.mock_options_integration",
            "module.web_admin_api.aws_api_gateway_integration_response.admin_api_get_integration_response",
            "module.web_admin_api.aws_api_gateway_integration_response.admin_api_register_integration_response",
            "module.web_admin_api.aws_api_gateway_integration_response.mock_options_integration_response",
            "module.web_admin_api.aws_api_gateway_method.admin_api_get_method",
            "module.web_admin_api.aws_api_gateway_method.admin_api_register_method",
            "module.web_admin_api.aws_api_gateway_method.mock_options_method",
            "module.web_admin_api.aws_api_gateway_method_response.admin_api_get_method_response",
            "module.web_admin_api.aws_api_gateway_method_response.admin_api_register_method_response",
            "module.web_admin_api.aws_api_gateway_method_response.mock_options_response",
            "module.web_admin_api.aws_api_gateway_resource.admin_api_resource",
            "module.web_admin_api.aws_api_gateway_rest_api.admin_api"
          ]
        }
      ]
    }
  ]
}
