{
  "version": 4,
  "terraform_version": "0.13.5",
  "serial": 1107,
  "lineage": "22841952-8f43-a241-3f17-833980c1b5de",
  "outputs": {},
  "resources": [
    {
      "module": "module.acm",
      "mode": "managed",
      "type": "aws_acm_certificate",
      "name": "web_cert",
      "provider": "provider[\"registry.terraform.io/hashicorp/aws\"]",
      "instances": [
        {
          "schema_version": 0,
          "attributes": {
            "arn": "arn:aws:acm:us-east-1:522478937547:certificate/b8185219-3b87-4912-bd4b-76715fe66627",
            "certificate_authority_arn": "",
            "certificate_body": "-----BEGIN CERTIFICATE-----\r\nMIIIRjCCBy6gAwIBAgIQDNAzELWl5q5lXlUTnUkQTTANBgkqhkiG9w0BAQsFADBP\r\nMQswCQYDVQQGEwJVUzEVMBMGA1UEChMMRGlnaUNlcnQgSW5jMSkwJwYDVQQDEyBE\r\naWdpQ2VydCBUTFMgUlNBIFNIQTI1NiAyMDIwIENBMTAeFw0yMTAzMTAwMDAwMDBa\r\nFw0yMjAzMTAyMzU5NTlaMH0xCzAJBgNVBAYTAlVTMREwDwYDVQQIEwhOZXcgWW9y\r\nazERMA8GA1UEBxMITmV3IFlvcmsxITAfBgNVBAoTGFN0YXRlIFN0cmVldCBDb3Jw\r\nb3JhdGlvbjElMCMGA1UEAxMcc2VhaG9yc2UtZGV2Mi5nbG9iYWxsaW5rLmNvbTCC\r\nASIwDQYJKoZIhvcNAQEBBQADggEPADCCAQoCggEBAKby/G1hrxBKqHcXd4iXV5Aj\r\nR2nhHa3w8I/SfjGWGxgB/Q1G8Z9A4UA7g5cEjJn3XWWIdnA5shK5sfIsqbNRVRly\r\nUpRAiN7wb2qUTAYNGetrPH6jiaskoMjpbmZvhv+9nfK+verZHaYW91cvQDwzVV3h\r\nhJGk8Fqeybe0qXBDV6Hr3p5c8PExT3ZYnwweULRnt2+HCPrDuZJdZVAjUt9UikCU\r\nFx6CslikK+Tp9GIT8WG8T2b86V8MgDSpYy3Kmz5r65FwZnubG1PKj22mjyduEveX\r\na+2C+mFcQuBlDBYb2Cd0cUIzFw0mw6dJ3EkWhlVf9gXXxM5xAmnzYVWojgX1wF0C\r\nAwEAAaOCBO4wggTqMB8GA1UdIwQYMBaAFLdrouqoqoSMeeq02g+YssWVdrn0MB0G\r\nA1UdDgQWBBThG5WLPSgq5ODA3npZ8as/uXYgWjCCAhYGA1UdEQSCAg0wggIJghxz\r\nZWFob3JzZS1kZXYyLmdsb2JhbGxpbmsuY29tgiZzdG9yeWJvb2suc2VhaG9yc2Ut\r\nZGV2Mi5nbG9iYWxsaW5rLmNvbYIhZG9jcy5zZWFob3JzZS1kZXYyLmdsb2JhbGxp\r\nbmsuY29tgiRzdHJlYW1zLnNlYWhvcnNlLWRldjIuZ2xvYmFsbGluay5jb22CI3dl\r\nYmFwaS5zZWFob3JzZS1kZXYyLmdsb2JhbGxpbmsuY29tgiVhZG1pbmFwaS5zZWFo\r\nb3JzZS1kZXYyLmdsb2JhbGxpbmsuY29tgiRleGFtcGxlLnNlYWhvcnNlLWRldjIu\r\nZ2xvYmFsbGluay5jb22CJ3NpbXBsZS1hcHAuc2VhaG9yc2UtZGV2Mi5nbG9iYWxs\r\naW5rLmNvbYIgd2ViLnNlYWhvcnNlLWRldjIuZ2xvYmFsbGluay5jb22CIGFwaS5z\r\nZWFob3JzZS1kZXYyLmdsb2JhbGxpbmsuY29tgidkb2N1c2F1cnVzLnNlYWhvcnNl\r\nLWRldjIuZ2xvYmFsbGluay5jb22CIWF1dGguc2VhaG9yc2UtZGV2Mi5nbG9iYWxs\r\naW5rLmNvbYIkZnhyYXRlcy5zZWFob3JzZS1kZXYyLmdsb2JhbGxpbmsuY29tgidm\r\neHJhdGVzYXBpLnNlYWhvcnNlLWRldjIuZ2xvYmFsbGluay5jb20wDgYDVR0PAQH/\r\nBAQDAgWgMB0GA1UdJQQWMBQGCCsGAQUFBwMBBggrBgEFBQcDAjCBiwYDVR0fBIGD\r\nMIGAMD6gPKA6hjhodHRwOi8vY3JsMy5kaWdpY2VydC5jb20vRGlnaUNlcnRUTFNS\r\nU0FTSEEyNTYyMDIwQ0ExLmNybDA+oDygOoY4aHR0cDovL2NybDQuZGlnaWNlcnQu\r\nY29tL0RpZ2lDZXJ0VExTUlNBU0hBMjU2MjAyMENBMS5jcmwwPgYDVR0gBDcwNTAz\r\nBgZngQwBAgIwKTAnBggrBgEFBQcCARYbaHR0cDovL3d3dy5kaWdpY2VydC5jb20v\r\nQ1BTMH0GCCsGAQUFBwEBBHEwbzAkBggrBgEFBQcwAYYYaHR0cDovL29jc3AuZGln\r\naWNlcnQuY29tMEcGCCsGAQUFBzAChjtodHRwOi8vY2FjZXJ0cy5kaWdpY2VydC5j\r\nb20vRGlnaUNlcnRUTFNSU0FTSEEyNTYyMDIwQ0ExLmNydDAMBgNVHRMBAf8EAjAA\r\nMIIBAgYKKwYBBAHWeQIEAgSB8wSB8ADuAHUAKXm+8J45OSHwVnOfY6V35b5XfZxg\r\nCvj5TV0mXCVdx4QAAAF4HoM3lwAABAMARjBEAiB4oYw9sjKAZcN8YemceMgUGRYk\r\nn4uv+JcNeRQBAb6ypwIgV6o+LLzsoSylAk7UoP2rsaY4Y6xLE+Ix/KLdSqEInUAA\r\ndQAiRUUHWVUkVpY/oS/x922G4CMmY63AS39dxoNcbuIPAgAAAXgegzdsAAAEAwBG\r\nMEQCIBEjn3CZ8i2/1p1WyKv42oUc7hlZtC5expVmZxlTL+z1AiBousZr9q4a/h7k\r\nezipeNCusSoUxf9ImIT3zXgb4Yq//TANBgkqhkiG9w0BAQsFAAOCAQEAdYZBpSa1\r\nTWQba/o4935KhmWVmKnviVk0nH9siUUehY6UciUw/Tj+Qbh3qOB/avj4+LILF6vm\r\nJvwHZXh/iRWT3rkKBZEVHMLne56DiawCeKJircsz6Y3f+uvAmLzS5Uz/pnY46I4k\r\nAHVcs6r6xcOzcCFXMi4zskKhbe99ikPsOHuAMzTkpLNGSFLVNuk3wX3Xbeue/V8q\r\n7ezW9V748sXuKQSErS1ao0MJIfatVq0uhI1Py63qwDKcIQG5RLUYmqJjKQHpXFR3\r\ng8M2+gysKI/ct5z+yidzoU2EdVPpmnlXG6fLDPUKeFH0YB3RQURzb3ovnoqK1T24\r\nsjJeuzo92Fc3Jg==\r\n-----END CERTIFICATE-----\r\n",
            "certificate_chain": "-----BEGIN CERTIFICATE-----\r\nMIIE6jCCA9KgAwIBAgIQCjUI1VwpKwF9+K1lwA/35DANBgkqhkiG9w0BAQsFADBh\r\nMQswCQYDVQQGEwJVUzEVMBMGA1UEChMMRGlnaUNlcnQgSW5jMRkwFwYDVQQLExB3\r\nd3cuZGlnaWNlcnQuY29tMSAwHgYDVQQDExdEaWdpQ2VydCBHbG9iYWwgUm9vdCBD\r\nQTAeFw0yMDA5MjQwMDAwMDBaFw0zMDA5MjMyMzU5NTlaME8xCzAJBgNVBAYTAlVT\r\nMRUwEwYDVQQKEwxEaWdpQ2VydCBJbmMxKTAnBgNVBAMTIERpZ2lDZXJ0IFRMUyBS\r\nU0EgU0hBMjU2IDIwMjAgQ0ExMIIBIjANBgkqhkiG9w0BAQEFAAOCAQ8AMIIBCgKC\r\nAQEAwUuzZUdwvN1PWNvsnO3DZuUfMRNUrUpmRh8sCuxkB+Uu3Ny5CiDt3+PE0J6a\r\nqXodgojlEVbbHp9YwlHnLDQNLtKS4VbL8Xlfs7uHyiUDe5pSQWYQYE9XE0nw6Ddn\r\ng9/n00tnTCJRpt8OmRDtV1F0JuJ9x8piLhMbfyOIJVNvwTRYAIuE//i+p1hJInuW\r\nraKImxW8oHzf6VGo1bDtN+I2tIJLYrVJmuzHZ9bjPvXj1hJeRPG/cUJ9WIQDgLGB\r\nAfr5yjK7tI4nhyfFK3TUqNaX3sNk+crOU6JWvHgXjkkDKa77SU+kFbnO8lwZV21r\r\neacroicgE7XQPUDTITAHk+qZ9QIDAQABo4IBrjCCAaowHQYDVR0OBBYEFLdrouqo\r\nqoSMeeq02g+YssWVdrn0MB8GA1UdIwQYMBaAFAPeUDVW0Uy7ZvCj4hsbw5eyPdFV\r\nMA4GA1UdDwEB/wQEAwIBhjAdBgNVHSUEFjAUBggrBgEFBQcDAQYIKwYBBQUHAwIw\r\nEgYDVR0TAQH/BAgwBgEB/wIBADB2BggrBgEFBQcBAQRqMGgwJAYIKwYBBQUHMAGG\r\nGGh0dHA6Ly9vY3NwLmRpZ2ljZXJ0LmNvbTBABggrBgEFBQcwAoY0aHR0cDovL2Nh\r\nY2VydHMuZGlnaWNlcnQuY29tL0RpZ2lDZXJ0R2xvYmFsUm9vdENBLmNydDB7BgNV\r\nHR8EdDByMDegNaAzhjFodHRwOi8vY3JsMy5kaWdpY2VydC5jb20vRGlnaUNlcnRH\r\nbG9iYWxSb290Q0EuY3JsMDegNaAzhjFodHRwOi8vY3JsNC5kaWdpY2VydC5jb20v\r\nRGlnaUNlcnRHbG9iYWxSb290Q0EuY3JsMDAGA1UdIAQpMCcwBwYFZ4EMAQEwCAYG\r\nZ4EMAQIBMAgGBmeBDAECAjAIBgZngQwBAgMwDQYJKoZIhvcNAQELBQADggEBAHer\r\nt3onPa679n/gWlbJhKrKW3EX3SJH/E6f7tDBpATho+vFScH90cnfjK+URSxGKqNj\r\nOSD5nkoklEHIqdninFQFBstcHL4AGw+oWv8Zu2XHFq8hVt1hBcnpj5h232sb0HIM\r\nULkwKXq/YFkQZhM6LawVEWwtIwwCPgU7/uWhnOKK24fXSuhe50gG66sSmvKvhMNb\r\ng0qZgYOrAKHKCjxMoiWJKiKnpPMzTFuMLhoClw+dj20tlQj7T9rxkTgl4ZxuYRiH\r\nas6xuwAwapu3r9rxxZf+ingkquqTgLozZXq8oXfpf2kUCwA/d5KxTVtzhwoT0JzI\r\n8ks5T1KESaZMkE4f97Q=\r\n-----END CERTIFICATE-----\r\n",
            "domain_name": "seahorse-dev2.globallink.com",
            "domain_validation_options": [],
            "id": "arn:aws:acm:us-east-1:522478937547:certificate/b8185219-3b87-4912-bd4b-76715fe66627",
            "options": [
              {
                "certificate_transparency_logging_preference": "DISABLED"
              }
            ],
            "private_key": "-----BEGIN PRIVATE KEY-----\nMIIEvgIBADANBgkqhkiG9w0BAQEFAASCBKgwggSkAgEAAoIBAQCm8vxtYa8QSqh3\nF3eIl1eQI0dp4R2t8PCP0n4xlhsYAf0NRvGfQOFAO4OXBIyZ911liHZwObISubHy\nLKmzUVUZclKUQIje8G9qlEwGDRnrazx+o4mrJKDI6W5mb4b/vZ3yvr3q2R2mFvdX\nL0A8M1Vd4YSRpPBansm3tKlwQ1eh696eXPDxMU92WJ8MHlC0Z7dvhwj6w7mSXWVQ\nI1LfVIpAlBcegrJYpCvk6fRiE/FhvE9m/OlfDIA0qWMtyps+a+uRcGZ7mxtTyo9t\npo8nbhL3l2vtgvphXELgZQwWG9gndHFCMxcNJsOnSdxJFoZVX/YF18TOcQJp82FV\nqI4F9cBdAgMBAAECggEBAI9N3e4KPppOa4Mmap2dwzTfg4pYCQDo46Wgul/YCFO4\nST3fWsInj/Jx44d7CTGUSuA/neLBM6CtMxi8y8I3m0OnhUjqiFJNsmWa/BLppgkV\nWK0ftalpXHZ5ISHes9PMMMtQfXccfT23UwLMdWf3bFyUmxXlrccrq9z7v8G0nIFI\nsfBuKv2URgzfd3BpYmyzMlYKQts1nAUiBX+rGIGv88+jr0xcf2CKsjMLIiMZs48u\n7aZqbsBPVXxFy4HTbeyXMGE4kWA2Jy7S9+nhDyAm8Ho507yOA1D1Mv61q96P+l5p\n8Tmgd43Mi0SL8qjZwi+rMTJhmOIRygkK6yhybkXoomUCgYEA1zbL8Zsa0r3EeCGU\n7wVRlfTHeAZubONu+Skl7tQ7k6XeGM9jGq8XsdarB1UKO1Eokdm4rYcfKDZlfbyK\nhaPuGY3g+P8bID4CJjrma9PhMBGkvUy8m5BwICVH5JRskm+Q64raqjRz06Rr3uS8\nBX4KUO0pHPjmwqt76H2U4W/oLysCgYEAxpaY8zuIhBQunX/AJUE08YXnZ1Ff9M0e\n23kdG8Gg+iM2Lrp3ZkX3HVq5NQrDaKvho+OJ2FyUb///bWV/A0AZrFBhh/VzZEnW\nc3hKPikyVWADxlcLpE429DycPUDbIeJfa+gTZjSulQv1XtLUQdyqj8vnVoc2+s0z\nu96njPdeypcCgYEAqwr775tsKA12NlvKOGUrwFh4p6XE4XmoWxIe+b9nUiNDbsh0\nZWK/HDIWX49wwE/yRGibZB693oHNC69rEGeG9nxSTtLBRlDB+IxbUVtl34RGP8Tb\nKXAUDRhUGRD1cTSGIw2KWDezzoMg0FdOL7dKj6LNSB9xl0ofAlm8l6cPC10CgYAH\nx0hQZqmPOtcklidpjidLuon40wgmJ46o3BKWzrvGcHCj3evlVqI6RR5yBGzpAaqB\n59yzW9T4mhdgKpSSBQW8aR2Y3LVbXUUIGtMVojl1fKBJOYmcMvAWGvWntI2gwyQn\nrtxrqW6ZKfG/eBSWS9Vmcn8qNXui0TzQhAUeEWZmGwKBgGR2Kyz8QXJeU+KVnK42\nTbvZ1+sNyEkB0jOvw/nz/0Th8ZrT3bNzVCXwYgEM2G8JZg9b7/kdeM8ddzlJ6oEm\nGzWZ/OBaPWZRhT9lO6rK6hpXPBlwkDzAF5ogz2Hs1ZSnlaR/uhqv5qL2kxIPXAHL\ne1+hYlShyVwV/TpKWbF0mESw\n-----END PRIVATE KEY-----\n",
            "status": "ISSUED",
            "subject_alternative_names": [
              "adminapi.seahorse-dev2.globallink.com",
              "api.seahorse-dev2.globallink.com",
              "auth.seahorse-dev2.globallink.com",
              "docs.seahorse-dev2.globallink.com",
              "docusaurus.seahorse-dev2.globallink.com",
              "example.seahorse-dev2.globallink.com",
              "fxrates.seahorse-dev2.globallink.com",
              "fxratesapi.seahorse-dev2.globallink.com",
              "simple-app.seahorse-dev2.globallink.com",
              "storybook.seahorse-dev2.globallink.com",
              "streams.seahorse-dev2.globallink.com",
              "web.seahorse-dev2.globallink.com",
              "webapi.seahorse-dev2.globallink.com"
            ],
            "tags": null,
            "validation_emails": [],
            "validation_method": "NONE"
          },
          "private": "bnVsbA=="
        }
      ]
    },
    {
      "module": "module.admin_lambdas",
      "mode": "managed",
      "type": "aws_cloudwatch_event_rule",
      "name": "one_minute_ping",
      "provider": "provider[\"registry.terraform.io/hashicorp/aws\"]",
      "instances": [
        {
          "schema_version": 0,
          "attributes": {
            "arn": "arn:aws:events:us-east-1:522478937547:rule/one_minute_ping",
            "description": "Pings every one minute",
            "event_bus_name": "default",
            "event_pattern": null,
            "id": "one_minute_ping",
            "is_enabled": true,
            "name": "one_minute_ping",
            "name_prefix": "",
            "role_arn": "",
            "schedule_expression": "rate(1 minute)",
            "tags": null
          },
          "private": "bnVsbA=="
        }
      ]
    },
    {
      "module": "module.admin_lambdas",
      "mode": "managed",
      "type": "aws_cloudwatch_event_target",
      "name": "ping_delete_lambda_every_one_minute",
      "provider": "provider[\"registry.terraform.io/hashicorp/aws\"]",
      "instances": [
        {
          "schema_version": 1,
          "attributes": {
            "arn": "arn:aws:lambda:us-east-1:522478937547:function:DeleteRegisteredComponent",
            "batch_target": [],
            "ecs_target": [],
            "event_bus_name": "default",
            "id": "one_minute_ping-delete-ping",
            "input": "",
            "input_path": "",
            "input_transformer": [],
            "kinesis_target": [],
            "role_arn": "",
            "rule": "one_minute_ping",
            "run_command_targets": [],
            "sqs_target": [],
            "target_id": "delete-ping"
          },
          "private": "eyJzY2hlbWFfdmVyc2lvbiI6IjEifQ==",
          "dependencies": [
            "module.admin_lambdas.aws_cloudwatch_event_rule.one_minute_ping",
            "module.admin_lambdas.aws_iam_role.seahorse_iam_role_for_lambdas",
            "module.admin_lambdas.aws_lambda_function.DeleteRegisteredComponent"
          ]
        }
      ]
    },
    {
      "module": "module.admin_lambdas",
      "mode": "managed",
      "type": "aws_cloudwatch_event_target",
      "name": "ping_get_lambda_every_one_minute",
      "provider": "provider[\"registry.terraform.io/hashicorp/aws\"]",
      "instances": [
        {
          "schema_version": 1,
          "attributes": {
            "arn": "arn:aws:lambda:us-east-1:522478937547:function:GetRegisteredComponents",
            "batch_target": [],
            "ecs_target": [],
            "event_bus_name": "default",
            "id": "one_minute_ping-get-ping",
            "input": "",
            "input_path": "",
            "input_transformer": [],
            "kinesis_target": [],
            "role_arn": "",
            "rule": "one_minute_ping",
            "run_command_targets": [],
            "sqs_target": [],
            "target_id": "get-ping"
          },
          "private": "eyJzY2hlbWFfdmVyc2lvbiI6IjEifQ==",
          "dependencies": [
            "module.admin_lambdas.aws_cloudwatch_event_rule.one_minute_ping",
            "module.admin_lambdas.aws_iam_role.seahorse_iam_role_for_lambdas",
            "module.admin_lambdas.aws_lambda_function.GetRegisteredComponents"
          ]
        }
      ]
    },
    {
      "module": "module.admin_lambdas",
      "mode": "managed",
      "type": "aws_cloudwatch_event_target",
      "name": "ping_register_lambda_every_one_minute",
      "provider": "provider[\"registry.terraform.io/hashicorp/aws\"]",
      "instances": [
        {
          "schema_version": 1,
          "attributes": {
            "arn": "arn:aws:lambda:us-east-1:522478937547:function:RegisterComponentLambda",
            "batch_target": [],
            "ecs_target": [],
            "event_bus_name": "default",
            "id": "one_minute_ping-register-ping",
            "input": "",
            "input_path": "",
            "input_transformer": [],
            "kinesis_target": [],
            "role_arn": "",
            "rule": "one_minute_ping",
            "run_command_targets": [],
            "sqs_target": [],
            "target_id": "register-ping"
          },
          "private": "eyJzY2hlbWFfdmVyc2lvbiI6IjEifQ==",
          "dependencies": [
            "module.admin_lambdas.aws_cloudwatch_event_rule.one_minute_ping",
            "module.admin_lambdas.aws_iam_role.seahorse_iam_role_for_lambdas",
            "module.admin_lambdas.aws_lambda_function.RegisterComponentLambda"
          ]
        }
      ]
    },
    {
      "module": "module.admin_lambdas",
      "mode": "managed",
      "type": "aws_iam_policy",
      "name": "seahorse_admin_lambdas_exec_policy",
      "provider": "provider[\"registry.terraform.io/hashicorp/aws\"]",
      "instances": [
        {
          "schema_version": 0,
          "attributes": {
            "arn": "arn:aws:iam::522478937547:policy/seahorse_admin_lambdas_exec_policy",
            "description": "",
            "id": "arn:aws:iam::522478937547:policy/seahorse_admin_lambdas_exec_policy",
            "name": "seahorse_admin_lambdas_exec_policy",
            "name_prefix": null,
            "path": "/",
            "policy": "{\n    \"Version\": \"2012-10-17\",\n    \"Statement\": [\n        {\n            \"Effect\": \"Allow\",\n            \"Action\": \"logs:CreateLogGroup\",\n            \"Resource\": \"arn:aws:logs:us-east-1:522478937547:*\"\n        },\n        {\n            \"Effect\": \"Allow\",\n            \"Action\": [\n                \"logs:CreateLogStream\",\n                \"logs:PutLogEvents\"\n            ],\n            \"Resource\": [\n                \"arn:aws:logs:us-east-1:522478937547:log-group:/aws/lambda/RegisterComponentLambda:*\"\n            ]\n        }\n    ]\n}"
          },
          "private": "bnVsbA=="
        }
      ]
    },
    {
      "module": "module.admin_lambdas",
      "mode": "managed",
      "type": "aws_iam_policy",
      "name": "seahorse_delete_lambdas_exec_policy",
      "provider": "provider[\"registry.terraform.io/hashicorp/aws\"]",
      "instances": [
        {
          "schema_version": 0,
          "attributes": {
            "arn": "arn:aws:iam::522478937547:policy/seahorse_delete_lambdas_exec_policy",
            "description": "",
            "id": "arn:aws:iam::522478937547:policy/seahorse_delete_lambdas_exec_policy",
            "name": "seahorse_delete_lambdas_exec_policy",
            "name_prefix": null,
            "path": "/",
            "policy": "{\n    \"Version\": \"2012-10-17\",\n    \"Statement\": [\n        {\n            \"Effect\": \"Allow\",\n            \"Action\": \"logs:CreateLogGroup\",\n            \"Resource\": \"arn:aws:logs:us-east-1:522478937547:*\"\n        },\n        {\n            \"Effect\": \"Allow\",\n            \"Action\": [\n                \"logs:CreateLogStream\",\n                \"logs:PutLogEvents\"\n            ],\n            \"Resource\": [\n                \"arn:aws:logs:us-east-1:522478937547:log-group:/aws/lambda/DeleteRegisteredComponent:*\"\n            ]\n        }\n    ]\n}"
          },
          "private": "bnVsbA=="
        }
      ]
    },
    {
      "module": "module.admin_lambdas",
      "mode": "managed",
      "type": "aws_iam_policy",
      "name": "seahorse_get_lambdas_exec_policy",
      "provider": "provider[\"registry.terraform.io/hashicorp/aws\"]",
      "instances": [
        {
          "schema_version": 0,
          "attributes": {
            "arn": "arn:aws:iam::522478937547:policy/seahorse_get_lambdas_exec_policy",
            "description": "",
            "id": "arn:aws:iam::522478937547:policy/seahorse_get_lambdas_exec_policy",
            "name": "seahorse_get_lambdas_exec_policy",
            "name_prefix": null,
            "path": "/",
            "policy": "{\n    \"Version\": \"2012-10-17\",\n    \"Statement\": [\n        {\n            \"Effect\": \"Allow\",\n            \"Action\": \"logs:CreateLogGroup\",\n            \"Resource\": \"arn:aws:logs:us-east-1:522478937547:*\"\n        },\n        {\n            \"Effect\": \"Allow\",\n            \"Action\": [\n                \"logs:CreateLogStream\",\n                \"logs:PutLogEvents\"\n            ],\n            \"Resource\": [\n                \"arn:aws:logs:us-east-1:522478937547:log-group:/aws/lambda/GetRegisteredComponents:*\"\n            ]\n        }\n    ]\n}"
          },
          "private": "bnVsbA=="
        }
      ]
    },
    {
      "module": "module.admin_lambdas",
      "mode": "managed",
      "type": "aws_iam_role",
      "name": "seahorse_iam_role_for_lambdas",
      "provider": "provider[\"registry.terraform.io/hashicorp/aws\"]",
      "instances": [
        {
          "schema_version": 0,
          "attributes": {
            "arn": "arn:aws:iam::522478937547:role/seahorse_iam_role_for_lambdas",
            "assume_role_policy": "{\"Version\":\"2012-10-17\",\"Statement\":[{\"Sid\":\"\",\"Effect\":\"Allow\",\"Principal\":{\"Service\":\"lambda.amazonaws.com\"},\"Action\":\"sts:AssumeRole\"}]}",
            "create_date": "2021-03-11T13:11:11Z",
            "description": "",
            "force_detach_policies": false,
            "id": "seahorse_iam_role_for_lambdas",
            "max_session_duration": 3600,
            "name": "seahorse_iam_role_for_lambdas",
            "name_prefix": null,
            "path": "/",
            "permissions_boundary": null,
            "tags": null,
            "unique_id": "AROAXTJRL4XF32Z2VGZ5I"
          },
          "private": "bnVsbA=="
        }
      ]
    },
    {
      "module": "module.admin_lambdas",
      "mode": "managed",
      "type": "aws_iam_role_policy_attachment",
      "name": "admin_delete_lambda_exec",
      "provider": "provider[\"registry.terraform.io/hashicorp/aws\"]",
      "instances": [
        {
          "schema_version": 0,
          "attributes": {
            "id": "seahorse_iam_role_for_lambdas-20210311131116449100000006",
            "policy_arn": "arn:aws:iam::522478937547:policy/seahorse_delete_lambdas_exec_policy",
            "role": "seahorse_iam_role_for_lambdas"
          },
          "private": "bnVsbA==",
          "dependencies": [
            "module.admin_lambdas.aws_iam_policy.seahorse_delete_lambdas_exec_policy",
            "module.admin_lambdas.aws_iam_role.seahorse_iam_role_for_lambdas"
          ]
        }
      ]
    },
    {
      "module": "module.admin_lambdas",
      "mode": "managed",
      "type": "aws_iam_role_policy_attachment",
      "name": "admin_get_lambda_exec",
      "provider": "provider[\"registry.terraform.io/hashicorp/aws\"]",
      "instances": [
        {
          "schema_version": 0,
          "attributes": {
            "id": "seahorse_iam_role_for_lambdas-20210311131116543200000007",
            "policy_arn": "arn:aws:iam::522478937547:policy/seahorse_get_lambdas_exec_policy",
            "role": "seahorse_iam_role_for_lambdas"
          },
          "private": "bnVsbA==",
          "dependencies": [
            "module.admin_lambdas.aws_iam_policy.seahorse_get_lambdas_exec_policy",
            "module.admin_lambdas.aws_iam_role.seahorse_iam_role_for_lambdas"
          ]
        }
      ]
    },
    {
      "module": "module.admin_lambdas",
      "mode": "managed",
      "type": "aws_iam_role_policy_attachment",
      "name": "admin_lambda_dynamodb",
      "provider": "provider[\"registry.terraform.io/hashicorp/aws\"]",
      "instances": [
        {
          "schema_version": 0,
          "attributes": {
            "id": "seahorse_iam_role_for_lambdas-20210311131113891500000005",
            "policy_arn": "arn:aws:iam::aws:policy/AmazonDynamoDBFullAccess",
            "role": "seahorse_iam_role_for_lambdas"
          },
          "private": "bnVsbA==",
          "dependencies": [
            "module.admin_lambdas.aws_iam_role.seahorse_iam_role_for_lambdas"
          ]
        }
      ]
    },
    {
      "module": "module.admin_lambdas",
      "mode": "managed",
      "type": "aws_iam_role_policy_attachment",
      "name": "admin_register_lambda_exec",
      "provider": "provider[\"registry.terraform.io/hashicorp/aws\"]",
      "instances": [
        {
          "schema_version": 0,
          "attributes": {
            "id": "seahorse_iam_role_for_lambdas-20210311131118412400000008",
            "policy_arn": "arn:aws:iam::522478937547:policy/seahorse_admin_lambdas_exec_policy",
            "role": "seahorse_iam_role_for_lambdas"
          },
          "private": "bnVsbA==",
          "dependencies": [
            "module.admin_lambdas.aws_iam_policy.seahorse_admin_lambdas_exec_policy",
            "module.admin_lambdas.aws_iam_role.seahorse_iam_role_for_lambdas"
          ]
        }
      ]
    },
    {
      "module": "module.admin_lambdas",
      "mode": "managed",
      "type": "aws_lambda_function",
      "name": "DeleteRegisteredComponent",
      "provider": "provider[\"registry.terraform.io/hashicorp/aws\"]",
      "instances": [
        {
          "schema_version": 0,
          "attributes": {
            "arn": "arn:aws:lambda:us-east-1:522478937547:function:DeleteRegisteredComponent",
            "code_signing_config_arn": "",
            "dead_letter_config": [],
            "description": "",
            "environment": [
              {
                "variables": {
                  "environment": "dev2"
                }
              }
            ],
            "file_system_config": [],
            "filename": "../../seahorse/server/app.adminservices/target/adminservices-1.0.jar",
            "function_name": "DeleteRegisteredComponent",
            "handler": "com.globallink.admin.fsbl.DeleteComponentService::handleRequest",
            "id": "DeleteRegisteredComponent",
            "image_config": [],
            "image_uri": "",
            "invoke_arn": "arn:aws:apigateway:us-east-1:lambda:path/2015-03-31/functions/arn:aws:lambda:us-east-1:522478937547:function:DeleteRegisteredComponent/invocations",
            "kms_key_arn": "",
            "last_modified": "2021-03-11T13:12:44.029+0000",
            "layers": null,
            "memory_size": 4096,
            "package_type": "Zip",
            "publish": true,
            "qualified_arn": "arn:aws:lambda:us-east-1:522478937547:function:DeleteRegisteredComponent:8",
            "reserved_concurrent_executions": -1,
            "role": "arn:aws:iam::522478937547:role/seahorse_iam_role_for_lambdas",
            "runtime": "java8",
            "s3_bucket": null,
            "s3_key": null,
            "s3_object_version": null,
            "signing_job_arn": "",
            "signing_profile_version_arn": "",
            "source_code_hash": "EN/l6lTD71igJy78bDJK1ZWRDja61fld6mNXw7Dx2I8=",
            "source_code_size": 20362319,
            "tags": null,
            "timeout": 15,
            "timeouts": null,
            "tracing_config": [
              {
                "mode": "PassThrough"
              }
            ],
            "version": "8",
            "vpc_config": []
          },
          "private": "eyJlMmJmYjczMC1lY2FhLTExZTYtOGY4OC0zNDM2M2JjN2M0YzAiOnsiY3JlYXRlIjo2MDAwMDAwMDAwMDB9fQ==",
          "dependencies": [
            "module.admin_lambdas.aws_iam_role.seahorse_iam_role_for_lambdas"
          ]
        }
      ]
    },
    {
      "module": "module.admin_lambdas",
      "mode": "managed",
      "type": "aws_lambda_function",
      "name": "GetRegisteredComponents",
      "provider": "provider[\"registry.terraform.io/hashicorp/aws\"]",
      "instances": [
        {
          "schema_version": 0,
          "attributes": {
            "arn": "arn:aws:lambda:us-east-1:522478937547:function:GetRegisteredComponents",
            "code_signing_config_arn": "",
            "dead_letter_config": [],
            "description": "",
            "environment": [
              {
                "variables": {
                  "environment": "dev2"
                }
              }
            ],
            "file_system_config": [],
            "filename": "../../seahorse/server/app.adminservices/target/adminservices-1.0.jar",
            "function_name": "GetRegisteredComponents",
            "handler": "com.globallink.admin.fsbl.GetComponentService::handleRequest",
            "id": "GetRegisteredComponents",
            "image_config": [],
            "image_uri": "",
            "invoke_arn": "arn:aws:apigateway:us-east-1:lambda:path/2015-03-31/functions/arn:aws:lambda:us-east-1:522478937547:function:GetRegisteredComponents/invocations",
            "kms_key_arn": "",
            "last_modified": "2021-03-11T13:12:04.582+0000",
            "layers": null,
            "memory_size": 4096,
            "package_type": "Zip",
            "publish": true,
            "qualified_arn": "arn:aws:lambda:us-east-1:522478937547:function:GetRegisteredComponents:8",
            "reserved_concurrent_executions": -1,
            "role": "arn:aws:iam::522478937547:role/seahorse_iam_role_for_lambdas",
            "runtime": "java8",
            "s3_bucket": null,
            "s3_key": null,
            "s3_object_version": null,
            "signing_job_arn": "",
            "signing_profile_version_arn": "",
            "source_code_hash": "EN/l6lTD71igJy78bDJK1ZWRDja61fld6mNXw7Dx2I8=",
            "source_code_size": 20362319,
            "tags": null,
            "timeout": 15,
            "timeouts": null,
            "tracing_config": [
              {
                "mode": "PassThrough"
              }
            ],
            "version": "8",
            "vpc_config": []
          },
          "private": "eyJlMmJmYjczMC1lY2FhLTExZTYtOGY4OC0zNDM2M2JjN2M0YzAiOnsiY3JlYXRlIjo2MDAwMDAwMDAwMDB9fQ==",
          "dependencies": [
            "module.admin_lambdas.aws_iam_role.seahorse_iam_role_for_lambdas"
          ]
        }
      ]
    },
    {
      "module": "module.admin_lambdas",
      "mode": "managed",
      "type": "aws_lambda_function",
      "name": "RegisterComponentLambda",
      "provider": "provider[\"registry.terraform.io/hashicorp/aws\"]",
      "instances": [
        {
          "schema_version": 0,
          "attributes": {
            "arn": "arn:aws:lambda:us-east-1:522478937547:function:RegisterComponentLambda",
            "code_signing_config_arn": "",
            "dead_letter_config": [],
            "description": "",
            "environment": [
              {
                "variables": {
                  "environment": "dev2"
                }
              }
            ],
            "file_system_config": [],
            "filename": "../../seahorse/server/app.adminservices/target/adminservices-1.0.jar",
            "function_name": "RegisterComponentLambda",
            "handler": "com.globallink.admin.fsbl.RegisterComponentService::handleRequest",
            "id": "RegisterComponentLambda",
            "image_config": [],
            "image_uri": "",
            "invoke_arn": "arn:aws:apigateway:us-east-1:lambda:path/2015-03-31/functions/arn:aws:lambda:us-east-1:522478937547:function:RegisterComponentLambda/invocations",
            "kms_key_arn": "",
            "last_modified": "2021-03-11T13:11:35.683+0000",
            "layers": null,
            "memory_size": 4096,
            "package_type": "Zip",
            "publish": true,
            "qualified_arn": "arn:aws:lambda:us-east-1:522478937547:function:RegisterComponentLambda:8",
            "reserved_concurrent_executions": -1,
            "role": "arn:aws:iam::522478937547:role/seahorse_iam_role_for_lambdas",
            "runtime": "java8",
            "s3_bucket": null,
            "s3_key": null,
            "s3_object_version": null,
            "signing_job_arn": "",
            "signing_profile_version_arn": "",
            "source_code_hash": "EN/l6lTD71igJy78bDJK1ZWRDja61fld6mNXw7Dx2I8=",
            "source_code_size": 20362319,
            "tags": null,
            "timeout": 15,
            "timeouts": null,
            "tracing_config": [
              {
                "mode": "PassThrough"
              }
            ],
            "version": "8",
            "vpc_config": []
          },
          "private": "eyJlMmJmYjczMC1lY2FhLTExZTYtOGY4OC0zNDM2M2JjN2M0YzAiOnsiY3JlYXRlIjo2MDAwMDAwMDAwMDB9fQ==",
          "dependencies": [
            "module.admin_lambdas.aws_iam_role.seahorse_iam_role_for_lambdas"
          ]
        }
      ]
    },
    {
      "module": "module.admin_lambdas",
      "mode": "managed",
      "type": "aws_lambda_permission",
      "name": "allow_cloudwatch_to_ping_delete_lambda",
      "provider": "provider[\"registry.terraform.io/hashicorp/aws\"]",
      "instances": [
        {
          "schema_version": 0,
          "attributes": {
            "action": "lambda:InvokeFunction",
            "event_source_token": null,
            "function_name": "DeleteRegisteredComponent",
            "id": "AllowExecutionFromCloudWatch",
            "principal": "events.amazonaws.com",
            "qualifier": "",
            "source_account": null,
            "source_arn": "arn:aws:events:us-east-1:522478937547:rule/one_minute_ping",
            "statement_id": "AllowExecutionFromCloudWatch",
            "statement_id_prefix": null
          },
          "private": "bnVsbA==",
          "dependencies": [
            "module.admin_lambdas.aws_cloudwatch_event_rule.one_minute_ping",
            "module.admin_lambdas.aws_iam_role.seahorse_iam_role_for_lambdas",
            "module.admin_lambdas.aws_lambda_function.DeleteRegisteredComponent"
          ]
        }
      ]
    },
    {
      "module": "module.admin_lambdas",
      "mode": "managed",
      "type": "aws_lambda_permission",
      "name": "allow_cloudwatch_to_ping_get_lambda",
      "provider": "provider[\"registry.terraform.io/hashicorp/aws\"]",
      "instances": [
        {
          "schema_version": 0,
          "attributes": {
            "action": "lambda:InvokeFunction",
            "event_source_token": null,
            "function_name": "GetRegisteredComponents",
            "id": "AllowExecutionFromCloudWatch",
            "principal": "events.amazonaws.com",
            "qualifier": "",
            "source_account": null,
            "source_arn": "arn:aws:events:us-east-1:522478937547:rule/one_minute_ping",
            "statement_id": "AllowExecutionFromCloudWatch",
            "statement_id_prefix": null
          },
          "private": "bnVsbA==",
          "dependencies": [
            "module.admin_lambdas.aws_cloudwatch_event_rule.one_minute_ping",
            "module.admin_lambdas.aws_iam_role.seahorse_iam_role_for_lambdas",
            "module.admin_lambdas.aws_lambda_function.GetRegisteredComponents"
          ]
        }
      ]
    },
    {
      "module": "module.admin_lambdas",
      "mode": "managed",
      "type": "aws_lambda_permission",
      "name": "allow_cloudwatch_to_ping_register_lambda",
      "provider": "provider[\"registry.terraform.io/hashicorp/aws\"]",
      "instances": [
        {
          "schema_version": 0,
          "attributes": {
            "action": "lambda:InvokeFunction",
            "event_source_token": null,
            "function_name": "RegisterComponentLambda",
            "id": "AllowExecutionFromCloudWatch",
            "principal": "events.amazonaws.com",
            "qualifier": "",
            "source_account": null,
            "source_arn": "arn:aws:events:us-east-1:522478937547:rule/one_minute_ping",
            "statement_id": "AllowExecutionFromCloudWatch",
            "statement_id_prefix": null
          },
          "private": "bnVsbA==",
          "dependencies": [
            "module.admin_lambdas.aws_cloudwatch_event_rule.one_minute_ping",
            "module.admin_lambdas.aws_iam_role.seahorse_iam_role_for_lambdas",
            "module.admin_lambdas.aws_lambda_function.RegisterComponentLambda"
          ]
        }
      ]
    },
    {
      "module": "module.auth",
      "mode": "managed",
      "type": "aws_cognito_identity_pool",
      "name": "seahorse_identity_pool",
      "provider": "provider[\"registry.terraform.io/hashicorp/aws\"]",
      "instances": [
        {
          "index_key": 0,
          "schema_version": 0,
          "attributes": {
            "allow_unauthenticated_identities": false,
            "arn": "arn:aws:cognito-identity:us-east-1:522478937547:identitypool/us-east-1:7fca4986-ef3a-42fa-9eb8-f9ed4f9facbc",
            "cognito_identity_providers": [
              {
                "client_id": "46spkb5f74g3etkf3eikp3jhnp",
                "provider_name": "cognito-idp.us-east-1.amazonaws.com/us-east-1_stFcSjlRj",
                "server_side_token_check": false
              }
            ],
            "developer_provider_name": "",
            "id": "us-east-1:7fca4986-ef3a-42fa-9eb8-f9ed4f9facbc",
            "identity_pool_name": "SeaHorse Identity Pool",
            "openid_connect_provider_arns": null,
            "saml_provider_arns": null,
            "supported_login_providers": null,
            "tags": null
          },
          "private": "bnVsbA==",
          "dependencies": [
            "module.auth.aws_cognito_identity_provider.identity_provider_sso",
            "module.auth.aws_cognito_user_pool.seahorse_user_pool",
            "module.auth.aws_cognito_user_pool_client.seahorse_web_client"
          ]
        }
      ]
    },
    {
      "module": "module.auth",
      "mode": "managed",
      "type": "aws_cognito_identity_pool_roles_attachment",
      "name": "seahorse_identity_pool_roles",
      "provider": "provider[\"registry.terraform.io/hashicorp/aws\"]",
      "instances": [
        {
          "index_key": 0,
          "schema_version": 0,
          "attributes": {
            "id": "us-east-1:7fca4986-ef3a-42fa-9eb8-f9ed4f9facbc",
            "identity_pool_id": "us-east-1:7fca4986-ef3a-42fa-9eb8-f9ed4f9facbc",
            "role_mapping": [],
            "roles": {
              "authenticated": "arn:aws:iam::522478937547:role/auth_web_iam_role",
              "unauthenticated": "arn:aws:iam::522478937547:role/unauth_web_iam_role"
            }
          },
          "private": "bnVsbA==",
          "dependencies": [
            "module.auth.aws_cognito_identity_pool.seahorse_identity_pool",
            "module.auth.aws_cognito_identity_provider.identity_provider_sso",
            "module.auth.aws_cognito_user_pool.seahorse_user_pool",
            "module.auth.aws_cognito_user_pool_client.seahorse_web_client",
            "module.auth.aws_iam_role.auth_web_iam_role",
            "module.auth.aws_iam_role.unauth_web_iam_role"
          ]
        }
      ]
    },
    {
      "module": "module.auth",
      "mode": "managed",
      "type": "aws_cognito_identity_provider",
      "name": "identity_provider_sso",
      "provider": "provider[\"registry.terraform.io/hashicorp/aws\"]",
      "instances": [
        {
          "index_key": 0,
          "schema_version": 0,
          "attributes": {
            "attribute_mapping": {
              "email": "emailaddress",
              "profile": "glauth"
            },
            "id": "us-east-1_stFcSjlRj:Globallink",
            "idp_identifiers": null,
            "provider_details": {
              "MetadataFile": "\u003cEntityDescriptor ID=\"SM131094aae28f2cb1a18f12be2be05911d7bcdbfd267\" entityID=\"https://my.qa1.globallink.com/glawssh474f5702glqa1\" xmlns=\"urn:oasis:names:tc:SAML:2.0:metadata\"\u003e\n    \u003cIDPSSODescriptor WantAuthnRequestsSigned=\"false\" ID=\"SMff3f74b5194176228fe2beaf243ad0359308102a4e\" protocolSupportEnumeration=\"urn:oasis:names:tc:SAML:2.0:protocol\"\u003e\n        \u003cKeyDescriptor use=\"signing\"\u003e\n            \u003cns1:KeyInfo Id=\"SM292c09e3a9ad4cbe7ea412aa2140efae34bdd0e88d\" xmlns:ns1=\"http://www.w3.org/2000/09/xmldsig#\"\u003e\n                \u003cns1:X509Data\u003e\n                    \u003cns1:X509IssuerSerial\u003e\n                        \u003cns1:X509IssuerName\u003eCN=glseahorsessadev1glqa1,OU=SSOProvider,O=Global Link,L=Boston,ST=Massachusetts,C=US\u003c/ns1:X509IssuerName\u003e\n                        \u003cns1:X509SerialNumber\u003e345118500\u003c/ns1:X509SerialNumber\u003e\n                    \u003c/ns1:X509IssuerSerial\u003e\n                    \u003cns1:X509Certificate\u003eMIIDhDCCAmygAwIBAgIEFJIXJDANBgkqhkiG9w0BAQsFADCBgzELMAkGA1UEBhMCVVMxFjAUBgNVBAgTDU1hc3NhY2h1c2V0dHMxDzANBgNVBAcTBkJvc3RvbjEUMBIGA1UEChMLR2xvYmFsIExpbmsxFDASBgNVBAsTC1NTT1Byb3ZpZGVyMR8wHQYDVQQDExZnbHNlYWhvcnNlc3NhZGV2MWdscWExMB4XDTIwMTIwODE4MTUwMFoXDTMwMTIwNjE4MTUwMFowgYMxCzAJBgNVBAYTAlVTMRYwFAYDVQQIEw1NYXNzYWNodXNldHRzMQ8wDQYDVQQHEwZCb3N0b24xFDASBgNVBAoTC0dsb2JhbCBMaW5rMRQwEgYDVQQLEwtTU09Qcm92aWRlcjEfMB0GA1UEAxMWZ2xzZWFob3JzZXNzYWRldjFnbHFhMTCCASIwDQYJKoZIhvcNAQEBBQADggEPADCCAQoCggEBAJzjxYsUpRc/1wnvvaz2yIPMfFHuM5mO5/wSzVHADqUuvAtCr368HAKKWQ5PxZtV+QtVJ4PzmobuNMsj+ED92gqfH5G0QclHx4EPLshI1zUkkYo2lHuFkALE/82FOaQFmcc+TYXrsfdoj0N7VIp3SuXWXjwquH0cMNSOlCUYBZViHe+aFzM9KF//qs0mV5CX+gYLgn7jT3GYymLVEFRNHX3eBSsDS9tmIw7ypQnPgQG7iLwyESlmBD2gnALPUSDpZ/guuxw27AKqiPz3MPffZFOGvyI0zS8eNL3OxbPx1fa4yx+j1gOtO6NiDJj609nO9+4xIdPJZbSrShgeCuGSvK0CAwEAATANBgkqhkiG9w0BAQsFAAOCAQEAffbmNfxsOYb6cXQIwLltI23+YuMCge9ad4I+wUizajTywIgTrn7VXeaW3Vwfj1u5L6/9YSWPO+k2xbcV4FS/YZclkNu7hY7eTuB5czJQzZuVrLQkWBnqhfzE4fZmcx522ooGJnWezBJMblO0vCQhVTWb3A3bVUQ2bVe/ymoQf5lqEITfxLBsL+c8Q1E8+jivHqcqHuL/P+McH3odhx1AWpCztU62uOgAau882FrxsvqGvtV/Jc3flNw0ijH35FH2l98lyfj30o2ZLPZlYrYgQt47YfM+GNpMgrKCaiRSyvclm+xL9GE0MNITZGcNvlkd4WvcwTCdhGtogiq5mUx48Q==\u003c/ns1:X509Certificate\u003e\n                    \u003cns1:X509SubjectName\u003eCN=glseahorsessadev1glqa1,OU=SSOProvider,O=Global Link,L=Boston,ST=Massachusetts,C=US\u003c/ns1:X509SubjectName\u003e\n                \u003c/ns1:X509Data\u003e\n            \u003c/ns1:KeyInfo\u003e\n        \u003c/KeyDescriptor\u003e\n        \u003cNameIDFormat\u003eurn:oasis:names:tc:SAML:2.0:nameid-format:persistent\u003c/NameIDFormat\u003e\n        \u003cSingleSignOnService Binding=\"urn:oasis:names:tc:SAML:2.0:bindings:HTTP-Redirect\" Location=\"https://my.qa1.globallink.com/affwebservices/public/saml2sso?SPID=https://gl-seahorse.auth.us-east-1.amazoncognito.com\"/\u003e\n        \u003cSingleSignOnService Binding=\"urn:oasis:names:tc:SAML:2.0:bindings:HTTP-POST\" Location=\"https://my.qa1.globallink.com/affwebservices/public/saml2sso?SPID=https://gl-seahorse.auth.us-east-1.amazoncognito.com\"/\u003e\n        \u003cns2:Attribute Name=\"givenname\" NameFormat=\"urn:oasis:names:tc:SAML:2.0:attrname-format:unspecified\" xmlns:ns2=\"urn:oasis:names:tc:SAML:2.0:assertion\"/\u003e\n        \u003cns3:Attribute Name=\"surname\" NameFormat=\"urn:oasis:names:tc:SAML:2.0:attrname-format:unspecified\" xmlns:ns3=\"urn:oasis:names:tc:SAML:2.0:assertion\"/\u003e\n        \u003cns4:Attribute Name=\"emailaddress\" NameFormat=\"urn:oasis:names:tc:SAML:2.0:attrname-format:unspecified\" xmlns:ns4=\"urn:oasis:names:tc:SAML:2.0:assertion\"/\u003e\n        \u003cns5:Attribute Name=\"name\" NameFormat=\"urn:oasis:names:tc:SAML:2.0:attrname-format:unspecified\" xmlns:ns5=\"urn:oasis:names:tc:SAML:2.0:assertion\"/\u003e\n    \u003c/IDPSSODescriptor\u003e\n\u003c/EntityDescriptor\u003e",
              "SSORedirectBindingURI": "https://my.qa1.globallink.com/affwebservices/public/saml2sso?SPID=https://gl-seahorse.auth.us-east-1.amazoncognito.com"
            },
            "provider_name": "Globallink",
            "provider_type": "SAML",
            "user_pool_id": "us-east-1_stFcSjlRj"
          },
          "private": "bnVsbA==",
          "dependencies": [
            "module.auth.aws_cognito_user_pool.seahorse_user_pool"
          ]
        }
      ]
    },
    {
      "module": "module.auth",
      "mode": "managed",
      "type": "aws_cognito_user_pool",
      "name": "seahorse_user_pool",
      "provider": "provider[\"registry.terraform.io/hashicorp/aws\"]",
      "instances": [
        {
          "index_key": 0,
          "schema_version": 0,
          "attributes": {
            "account_recovery_setting": [],
            "admin_create_user_config": [
              {
                "allow_admin_create_user_only": false,
                "invite_message_template": []
              }
            ],
            "alias_attributes": null,
            "arn": "arn:aws:cognito-idp:us-east-1:522478937547:userpool/us-east-1_stFcSjlRj",
            "auto_verified_attributes": null,
            "creation_date": "2021-03-11T13:11:13Z",
            "device_configuration": [],
            "email_configuration": [
              {
                "email_sending_account": "COGNITO_DEFAULT",
                "from_email_address": "",
                "reply_to_email_address": "",
                "source_arn": ""
              }
            ],
            "email_verification_message": null,
            "email_verification_subject": null,
            "endpoint": "cognito-idp.us-east-1.amazonaws.com/us-east-1_stFcSjlRj",
            "id": "us-east-1_stFcSjlRj",
            "lambda_config": [],
            "last_modified_date": "2021-03-11T13:11:13Z",
            "mfa_configuration": "OFF",
            "name": "SeaHorse User Pool",
            "password_policy": [
              {
                "minimum_length": 8,
                "require_lowercase": true,
                "require_numbers": true,
                "require_symbols": true,
                "require_uppercase": true,
                "temporary_password_validity_days": 7
              }
            ],
            "schema": [
              {
                "attribute_data_type": "String",
                "developer_only_attribute": null,
                "mutable": true,
                "name": "email",
                "number_attribute_constraints": [],
                "required": true,
                "string_attribute_constraints": []
              }
            ],
            "sms_authentication_message": null,
            "sms_configuration": [],
            "sms_verification_message": null,
            "software_token_mfa_configuration": [],
            "tags": null,
            "user_pool_add_ons": [],
            "username_attributes": [
              "email"
            ],
            "username_configuration": [],
            "verification_message_template": [
              {
                "default_email_option": "CONFIRM_WITH_CODE",
                "email_message": "",
                "email_message_by_link": "",
                "email_subject": "",
                "email_subject_by_link": "",
                "sms_message": ""
              }
            ]
          },
          "private": "bnVsbA=="
        }
      ]
    },
    {
      "module": "module.auth",
      "mode": "managed",
      "type": "aws_cognito_user_pool_client",
      "name": "seahorse_web_client",
      "provider": "provider[\"registry.terraform.io/hashicorp/aws\"]",
      "instances": [
        {
          "index_key": 0,
          "schema_version": 0,
          "attributes": {
            "allowed_oauth_flows": [
              "code",
              "implicit"
            ],
            "allowed_oauth_flows_user_pool_client": true,
            "allowed_oauth_scopes": [
              "aws.cognito.signin.user.admin",
              "email",
              "openid",
              "phone",
              "profile"
            ],
            "analytics_configuration": [],
            "callback_urls": [
              "https://web.seahorse-dev.globallink.com/components/seaHorseAuthentication/SeaHorseAuthentication.html"
            ],
            "client_secret": "",
            "default_redirect_uri": "",
            "explicit_auth_flows": [
              "ADMIN_NO_SRP_AUTH"
            ],
            "generate_secret": false,
            "id": "46spkb5f74g3etkf3eikp3jhnp",
            "logout_urls": [
              "https://web.seahorse-dev.globallink.com/components/seaHorseAuthentication/SeaHorseAuthentication.html"
            ],
            "name": "seahorse_web_client",
            "prevent_user_existence_errors": "",
            "read_attributes": null,
            "refresh_token_validity": 30,
            "supported_identity_providers": [
              "COGNITO",
              "Globallink"
            ],
            "user_pool_id": "us-east-1_stFcSjlRj",
            "write_attributes": null
          },
          "private": "bnVsbA==",
          "dependencies": [
            "module.auth.aws_cognito_identity_provider.identity_provider_sso",
            "module.auth.aws_cognito_user_pool.seahorse_user_pool"
          ]
        }
      ]
    },
    {
      "module": "module.auth",
      "mode": "managed",
      "type": "aws_cognito_user_pool_domain",
      "name": "domain",
      "provider": "provider[\"registry.terraform.io/hashicorp/aws\"]",
      "instances": [
        {
          "index_key": 0,
          "schema_version": 0,
          "attributes": {
            "aws_account_id": "522478937547",
            "certificate_arn": "arn:aws:acm:us-east-1:522478937547:certificate/b8185219-3b87-4912-bd4b-76715fe66627",
            "cloudfront_distribution_arn": "d14qhha1mbc1wy.cloudfront.net",
            "domain": "seahorse-dev2.globallink.com",
            "id": "seahorse-dev2.globallink.com",
            "s3_bucket": "aws-cognito-prod-iad-assets",
            "user_pool_id": "us-east-1_stFcSjlRj",
            "version": "20210311131128"
          },
          "private": "bnVsbA==",
          "dependencies": [
            "module.acm.aws_acm_certificate.web_cert",
            "module.auth.aws_cognito_identity_provider.identity_provider_sso",
            "module.auth.aws_cognito_user_pool.seahorse_user_pool"
          ]
        }
      ]
    },
    {
      "module": "module.auth",
      "mode": "managed",
      "type": "aws_iam_role",
      "name": "auth_web_iam_role",
      "provider": "provider[\"registry.terraform.io/hashicorp/aws\"]",
      "instances": [
        {
          "index_key": 0,
          "schema_version": 0,
          "attributes": {
            "arn": "arn:aws:iam::522478937547:role/auth_web_iam_role",
            "assume_role_policy": "{\"Version\":\"2012-10-17\",\"Statement\":[{\"Sid\":\"\",\"Effect\":\"Allow\",\"Principal\":{\"Federated\":\"cognito-identity.amazonaws.com\"},\"Action\":\"sts:AssumeRoleWithWebIdentity\",\"Condition\":{\"StringEquals\":{\"cognito-identity.amazonaws.com:aud\":\"us-east-1:7fca4986-ef3a-42fa-9eb8-f9ed4f9facbc\"},\"ForAnyValue:StringLike\":{\"cognito-identity.amazonaws.com:amr\":\"authenticated\"}}}]}",
            "create_date": "2021-03-11T13:11:24Z",
            "description": "",
            "force_detach_policies": false,
            "id": "auth_web_iam_role",
            "max_session_duration": 3600,
            "name": "auth_web_iam_role",
            "name_prefix": null,
            "path": "/",
            "permissions_boundary": null,
            "tags": null,
            "unique_id": "AROAXTJRL4XF4QT7KME2E"
          },
          "private": "bnVsbA==",
          "dependencies": [
            "module.auth.aws_cognito_identity_pool.seahorse_identity_pool",
            "module.auth.aws_cognito_identity_provider.identity_provider_sso",
            "module.auth.aws_cognito_user_pool.seahorse_user_pool",
            "module.auth.aws_cognito_user_pool_client.seahorse_web_client"
          ]
        }
      ]
    },
    {
      "module": "module.auth",
      "mode": "managed",
      "type": "aws_iam_role",
      "name": "unauth_web_iam_role",
      "provider": "provider[\"registry.terraform.io/hashicorp/aws\"]",
      "instances": [
        {
          "index_key": 0,
          "schema_version": 0,
          "attributes": {
            "arn": "arn:aws:iam::522478937547:role/unauth_web_iam_role",
            "assume_role_policy": "{\"Version\":\"2012-10-17\",\"Statement\":[{\"Sid\":\"\",\"Effect\":\"Allow\",\"Principal\":{\"Federated\":\"cognito-identity.amazonaws.com\"},\"Action\":\"sts:AssumeRoleWithWebIdentity\",\"Condition\":{\"StringEquals\":{\"cognito-identity.amazonaws.com:aud\":\"us-east-1:7fca4986-ef3a-42fa-9eb8-f9ed4f9facbc\"},\"ForAnyValue:StringLike\":{\"cognito-identity.amazonaws.com:amr\":\"unauthenticated\"}}}]}",
            "create_date": "2021-03-11T13:11:24Z",
            "description": "",
            "force_detach_policies": false,
            "id": "unauth_web_iam_role",
            "max_session_duration": 3600,
            "name": "unauth_web_iam_role",
            "name_prefix": null,
            "path": "/",
            "permissions_boundary": null,
            "tags": null,
            "unique_id": "AROAXTJRL4XF5MXZBYAB3"
          },
          "private": "bnVsbA==",
          "dependencies": [
            "module.auth.aws_cognito_identity_pool.seahorse_identity_pool",
            "module.auth.aws_cognito_identity_provider.identity_provider_sso",
            "module.auth.aws_cognito_user_pool.seahorse_user_pool",
            "module.auth.aws_cognito_user_pool_client.seahorse_web_client"
          ]
        }
      ]
    },
    {
      "module": "module.auth",
      "mode": "managed",
      "type": "aws_iam_role_policy",
      "name": "web_iam_unauth_role_policy",
      "provider": "provider[\"registry.terraform.io/hashicorp/aws\"]",
      "instances": [
        {
          "index_key": 0,
          "schema_version": 0,
          "attributes": {
            "id": "unauth_web_iam_role:web_iam_unauth_role_policy",
            "name": "web_iam_unauth_role_policy",
            "name_prefix": null,
            "policy": "{\n    \"Version\": \"2012-10-17\",\n    \"Statement\": [\n         {\n              \"Sid\": \"\",\n              \"Action\": \"*\",\n              \"Effect\": \"Deny\",\n              \"Resource\": \"*\"\n         }\n    ]\n}",
            "role": "unauth_web_iam_role"
          },
          "private": "bnVsbA==",
          "dependencies": [
            "module.auth.aws_cognito_identity_pool.seahorse_identity_pool",
            "module.auth.aws_cognito_identity_provider.identity_provider_sso",
            "module.auth.aws_cognito_user_pool.seahorse_user_pool",
            "module.auth.aws_cognito_user_pool_client.seahorse_web_client",
            "module.auth.aws_iam_role.unauth_web_iam_role"
          ]
        }
      ]
    },
    {
      "module": "module.dynamo_db",
      "mode": "managed",
      "type": "aws_dynamodb_table",
      "name": "component-dynamodb-table",
      "provider": "provider[\"registry.terraform.io/hashicorp/aws\"]",
      "instances": [
        {
          "schema_version": 1,
          "attributes": {
            "arn": "arn:aws:dynamodb:us-east-1:522478937547:table/FSBL_CONFIG",
            "attribute": [
              {
                "name": "GROUP_ID",
                "type": "S"
              }
            ],
            "billing_mode": "PROVISIONED",
            "global_secondary_index": [],
            "hash_key": "GROUP_ID",
            "id": "FSBL_CONFIG",
            "local_secondary_index": [],
            "name": "FSBL_CONFIG",
            "point_in_time_recovery": [
              {
                "enabled": false
              }
            ],
            "range_key": null,
            "read_capacity": 5,
            "replica": [],
            "server_side_encryption": [],
            "stream_arn": "",
            "stream_enabled": false,
            "stream_label": "",
            "stream_view_type": "",
            "tags": {
              "Environment": "dev2"
            },
            "timeouts": null,
            "ttl": [
              {
                "attribute_name": "",
                "enabled": false
              }
            ],
            "write_capacity": 5
          },
          "private": "eyJlMmJmYjczMC1lY2FhLTExZTYtOGY4OC0zNDM2M2JjN2M0YzAiOnsiY3JlYXRlIjo2MDAwMDAwMDAwMDAsImRlbGV0ZSI6NjAwMDAwMDAwMDAwLCJ1cGRhdGUiOjM2MDAwMDAwMDAwMDB9LCJzY2hlbWFfdmVyc2lvbiI6IjEifQ=="
        }
      ]
    },
    {
      "module": "module.route53_setup",
      "mode": "managed",
      "type": "aws_route53_record",
      "name": "admin-api",
      "provider": "provider[\"registry.terraform.io/hashicorp/aws\"]",
      "instances": [
        {
          "schema_version": 2,
          "attributes": {
            "alias": [
              {
                "evaluate_target_health": true,
                "name": "dp378tsmnrdmn.cloudfront.net",
                "zone_id": "Z2FDTNDATAQYW2"
              }
            ],
            "allow_overwrite": null,
            "failover_routing_policy": [],
            "fqdn": "adminapi.seahorse-dev2.globallink.com",
            "geolocation_routing_policy": [],
            "health_check_id": null,
            "id": "Z0389083286VLGKJXVSLH_adminapi.seahorse-dev2.globallink.com_A",
            "latency_routing_policy": [],
            "multivalue_answer_routing_policy": null,
            "name": "adminapi.seahorse-dev2.globallink.com",
            "records": null,
            "set_identifier": null,
            "ttl": null,
            "type": "A",
            "weighted_routing_policy": [],
            "zone_id": "Z0389083286VLGKJXVSLH"
          },
          "private": "eyJzY2hlbWFfdmVyc2lvbiI6IjIifQ==",
          "dependencies": [
            "module.acm.aws_acm_certificate.web_cert",
            "module.admin_lambdas.aws_cloudwatch_event_rule.one_minute_ping",
            "module.admin_lambdas.aws_cloudwatch_event_target.ping_delete_lambda_every_one_minute",
            "module.admin_lambdas.aws_cloudwatch_event_target.ping_get_lambda_every_one_minute",
            "module.admin_lambdas.aws_cloudwatch_event_target.ping_register_lambda_every_one_minute",
            "module.admin_lambdas.aws_iam_policy.seahorse_admin_lambdas_exec_policy",
            "module.admin_lambdas.aws_iam_policy.seahorse_delete_lambdas_exec_policy",
            "module.admin_lambdas.aws_iam_policy.seahorse_get_lambdas_exec_policy",
            "module.admin_lambdas.aws_iam_role.seahorse_iam_role_for_lambdas",
            "module.admin_lambdas.aws_iam_role_policy_attachment.admin_delete_lambda_exec",
            "module.admin_lambdas.aws_iam_role_policy_attachment.admin_get_lambda_exec",
            "module.admin_lambdas.aws_iam_role_policy_attachment.admin_lambda_dynamodb",
            "module.admin_lambdas.aws_iam_role_policy_attachment.admin_register_lambda_exec",
            "module.admin_lambdas.aws_lambda_function.DeleteRegisteredComponent",
            "module.admin_lambdas.aws_lambda_function.GetRegisteredComponents",
            "module.admin_lambdas.aws_lambda_function.RegisterComponentLambda",
            "module.admin_lambdas.aws_lambda_permission.allow_cloudwatch_to_ping_delete_lambda",
            "module.admin_lambdas.aws_lambda_permission.allow_cloudwatch_to_ping_get_lambda",
            "module.admin_lambdas.aws_lambda_permission.allow_cloudwatch_to_ping_register_lambda",
            "module.auth.aws_cognito_identity_pool.seahorse_identity_pool",
            "module.auth.aws_cognito_identity_pool_roles_attachment.seahorse_identity_pool_roles",
            "module.auth.aws_cognito_identity_provider.identity_provider_sso",
            "module.auth.aws_cognito_user_pool.seahorse_user_pool",
            "module.auth.aws_cognito_user_pool_client.seahorse_web_client",
            "module.auth.aws_cognito_user_pool_domain.domain",
            "module.auth.aws_iam_role.auth_web_iam_role",
            "module.auth.aws_iam_role.unauth_web_iam_role",
            "module.auth.aws_iam_role_policy.web_iam_unauth_role_policy",
            "module.waf.aws_waf_ipset.ipset",
            "module.waf.aws_waf_rule.wafrule",
            "module.waf.aws_waf_web_acl.waf_acl",
            "module.web_admin_api.aws_api_gateway_base_path_mapping.admin_api_path_mapping",
            "module.web_admin_api.aws_api_gateway_deployment.admin_api_deployment",
            "module.web_admin_api.aws_api_gateway_domain_name.admin_api_domain_name",
            "module.web_admin_api.aws_api_gateway_integration.admin_api_delete_method_integration",
            "module.web_admin_api.aws_api_gateway_integration.admin_api_get_method_integration",
            "module.web_admin_api.aws_api_gateway_integration.admin_api_register_method_integration",
            "module.web_admin_api.aws_api_gateway_integration.mock_options_integration",
            "module.web_admin_api.aws_api_gateway_integration_response.admin_api_delete_integration_response",
            "module.web_admin_api.aws_api_gateway_integration_response.admin_api_get_integration_response",
            "module.web_admin_api.aws_api_gateway_integration_response.admin_api_register_integration_response",
            "module.web_admin_api.aws_api_gateway_integration_response.mock_options_integration_response",
            "module.web_admin_api.aws_api_gateway_method.admin_api_delete_method",
            "module.web_admin_api.aws_api_gateway_method.admin_api_get_method",
            "module.web_admin_api.aws_api_gateway_method.admin_api_register_method",
            "module.web_admin_api.aws_api_gateway_method.mock_options_method",
            "module.web_admin_api.aws_api_gateway_method_response.admin_api_delete_method_response",
            "module.web_admin_api.aws_api_gateway_method_response.admin_api_get_method_response",
            "module.web_admin_api.aws_api_gateway_method_response.admin_api_register_method_response",
            "module.web_admin_api.aws_api_gateway_method_response.mock_options_response",
            "module.web_admin_api.aws_api_gateway_resource.admin_api_resource",
            "module.web_admin_api.aws_api_gateway_rest_api.admin_api",
            "module.web_admin_api.aws_api_gateway_rest_api_policy.admin_api_policy",
            "module.web_admin_api.aws_lambda_permission.admin-delete-lambda-permission",
            "module.web_admin_api.aws_lambda_permission.admin-get-lambda-permission",
            "module.web_admin_api.aws_lambda_permission.admin-register-lambda-permission",
            "module.web_static.aws_cloudfront_distribution.docs_distribution",
            "module.web_static.aws_cloudfront_distribution.example_distribution",
            "module.web_static.aws_cloudfront_distribution.finsemble_distribution",
            "module.web_static.aws_cloudfront_distribution.storybook_distribution",
            "module.web_static.aws_cloudfront_origin_access_identity.docusaurus_origin_access_identity",
            "module.web_static.aws_cloudfront_origin_access_identity.example_origin_access_identity",
            "module.web_static.aws_cloudfront_origin_access_identity.finsemble_origin_access_identity",
            "module.web_static.aws_cloudfront_origin_access_identity.storybook_origin_access_identity",
            "module.web_static.aws_s3_bucket.docusaurus",
            "module.web_static.aws_s3_bucket.examples",
            "module.web_static.aws_s3_bucket.finsemble",
            "module.web_static.aws_s3_bucket.storybook"
          ]
        }
      ]
    },
    {
      "module": "module.route53_setup",
      "mode": "managed",
      "type": "aws_route53_record",
      "name": "auth",
      "provider": "provider[\"registry.terraform.io/hashicorp/aws\"]",
      "instances": [
        {
          "schema_version": 2,
          "attributes": {
            "alias": [
              {
                "evaluate_target_health": true,
                "name": "d14qhha1mbc1wy.cloudfront.net",
                "zone_id": "Z2FDTNDATAQYW2"
              }
            ],
            "allow_overwrite": null,
            "failover_routing_policy": [],
            "fqdn": "auth.seahorse-dev2.globallink.com",
            "geolocation_routing_policy": [],
            "health_check_id": null,
            "id": "Z0389083286VLGKJXVSLH_auth.seahorse-dev2.globallink.com_A",
            "latency_routing_policy": [],
            "multivalue_answer_routing_policy": null,
            "name": "auth.seahorse-dev2.globallink.com",
            "records": null,
            "set_identifier": null,
            "ttl": null,
            "type": "A",
            "weighted_routing_policy": [],
            "zone_id": "Z0389083286VLGKJXVSLH"
          },
          "private": "eyJzY2hlbWFfdmVyc2lvbiI6IjIifQ==",
          "dependencies": [
            "module.acm.aws_acm_certificate.web_cert",
            "module.admin_lambdas.aws_cloudwatch_event_rule.one_minute_ping",
            "module.admin_lambdas.aws_cloudwatch_event_target.ping_delete_lambda_every_one_minute",
            "module.admin_lambdas.aws_cloudwatch_event_target.ping_get_lambda_every_one_minute",
            "module.admin_lambdas.aws_cloudwatch_event_target.ping_register_lambda_every_one_minute",
            "module.admin_lambdas.aws_iam_policy.seahorse_admin_lambdas_exec_policy",
            "module.admin_lambdas.aws_iam_policy.seahorse_delete_lambdas_exec_policy",
            "module.admin_lambdas.aws_iam_policy.seahorse_get_lambdas_exec_policy",
            "module.admin_lambdas.aws_iam_role.seahorse_iam_role_for_lambdas",
            "module.admin_lambdas.aws_iam_role_policy_attachment.admin_delete_lambda_exec",
            "module.admin_lambdas.aws_iam_role_policy_attachment.admin_get_lambda_exec",
            "module.admin_lambdas.aws_iam_role_policy_attachment.admin_lambda_dynamodb",
            "module.admin_lambdas.aws_iam_role_policy_attachment.admin_register_lambda_exec",
            "module.admin_lambdas.aws_lambda_function.DeleteRegisteredComponent",
            "module.admin_lambdas.aws_lambda_function.GetRegisteredComponents",
            "module.admin_lambdas.aws_lambda_function.RegisterComponentLambda",
            "module.admin_lambdas.aws_lambda_permission.allow_cloudwatch_to_ping_delete_lambda",
            "module.admin_lambdas.aws_lambda_permission.allow_cloudwatch_to_ping_get_lambda",
            "module.admin_lambdas.aws_lambda_permission.allow_cloudwatch_to_ping_register_lambda",
            "module.auth.aws_cognito_identity_pool.seahorse_identity_pool",
            "module.auth.aws_cognito_identity_pool_roles_attachment.seahorse_identity_pool_roles",
            "module.auth.aws_cognito_identity_provider.identity_provider_sso",
            "module.auth.aws_cognito_user_pool.seahorse_user_pool",
            "module.auth.aws_cognito_user_pool_client.seahorse_web_client",
            "module.auth.aws_cognito_user_pool_domain.domain",
            "module.auth.aws_iam_role.auth_web_iam_role",
            "module.auth.aws_iam_role.unauth_web_iam_role",
            "module.auth.aws_iam_role_policy.web_iam_unauth_role_policy",
            "module.waf.aws_waf_ipset.ipset",
            "module.waf.aws_waf_rule.wafrule",
            "module.waf.aws_waf_web_acl.waf_acl",
            "module.web_admin_api.aws_api_gateway_base_path_mapping.admin_api_path_mapping",
            "module.web_admin_api.aws_api_gateway_deployment.admin_api_deployment",
            "module.web_admin_api.aws_api_gateway_domain_name.admin_api_domain_name",
            "module.web_admin_api.aws_api_gateway_integration.admin_api_delete_method_integration",
            "module.web_admin_api.aws_api_gateway_integration.admin_api_get_method_integration",
            "module.web_admin_api.aws_api_gateway_integration.admin_api_register_method_integration",
            "module.web_admin_api.aws_api_gateway_integration.mock_options_integration",
            "module.web_admin_api.aws_api_gateway_integration_response.admin_api_delete_integration_response",
            "module.web_admin_api.aws_api_gateway_integration_response.admin_api_get_integration_response",
            "module.web_admin_api.aws_api_gateway_integration_response.admin_api_register_integration_response",
            "module.web_admin_api.aws_api_gateway_integration_response.mock_options_integration_response",
            "module.web_admin_api.aws_api_gateway_method.admin_api_delete_method",
            "module.web_admin_api.aws_api_gateway_method.admin_api_get_method",
            "module.web_admin_api.aws_api_gateway_method.admin_api_register_method",
            "module.web_admin_api.aws_api_gateway_method.mock_options_method",
            "module.web_admin_api.aws_api_gateway_method_response.admin_api_delete_method_response",
            "module.web_admin_api.aws_api_gateway_method_response.admin_api_get_method_response",
            "module.web_admin_api.aws_api_gateway_method_response.admin_api_register_method_response",
            "module.web_admin_api.aws_api_gateway_method_response.mock_options_response",
            "module.web_admin_api.aws_api_gateway_resource.admin_api_resource",
            "module.web_admin_api.aws_api_gateway_rest_api.admin_api",
            "module.web_admin_api.aws_api_gateway_rest_api_policy.admin_api_policy",
            "module.web_admin_api.aws_lambda_permission.admin-delete-lambda-permission",
            "module.web_admin_api.aws_lambda_permission.admin-get-lambda-permission",
            "module.web_admin_api.aws_lambda_permission.admin-register-lambda-permission",
            "module.web_static.aws_cloudfront_distribution.docs_distribution",
            "module.web_static.aws_cloudfront_distribution.example_distribution",
            "module.web_static.aws_cloudfront_distribution.finsemble_distribution",
            "module.web_static.aws_cloudfront_distribution.storybook_distribution",
            "module.web_static.aws_cloudfront_origin_access_identity.docusaurus_origin_access_identity",
            "module.web_static.aws_cloudfront_origin_access_identity.example_origin_access_identity",
            "module.web_static.aws_cloudfront_origin_access_identity.finsemble_origin_access_identity",
            "module.web_static.aws_cloudfront_origin_access_identity.storybook_origin_access_identity",
            "module.web_static.aws_s3_bucket.docusaurus",
            "module.web_static.aws_s3_bucket.examples",
            "module.web_static.aws_s3_bucket.finsemble",
            "module.web_static.aws_s3_bucket.storybook"
          ]
        }
      ]
    },
    {
      "module": "module.route53_setup",
      "mode": "managed",
      "type": "aws_route53_record",
      "name": "docusaurus",
      "provider": "provider[\"registry.terraform.io/hashicorp/aws\"]",
      "instances": [
        {
          "schema_version": 2,
          "attributes": {
            "alias": [
              {
                "evaluate_target_health": true,
                "name": "d1c126djf5k0fp.cloudfront.net",
                "zone_id": "Z2FDTNDATAQYW2"
              }
            ],
            "allow_overwrite": null,
            "failover_routing_policy": [],
            "fqdn": "docusaurus.d1f72rtwrq94pd.cloudfront.net.seahorse-dev2.globallink.com",
            "geolocation_routing_policy": [],
            "health_check_id": null,
            "id": "Z0389083286VLGKJXVSLH_docusaurus.d1f72rtwrq94pd.cloudfront.net_A",
            "latency_routing_policy": [],
            "multivalue_answer_routing_policy": null,
            "name": "docusaurus.d1f72rtwrq94pd.cloudfront.net",
            "records": null,
            "set_identifier": null,
            "ttl": null,
            "type": "A",
            "weighted_routing_policy": [],
            "zone_id": "Z0389083286VLGKJXVSLH"
          },
          "private": "eyJzY2hlbWFfdmVyc2lvbiI6IjIifQ==",
          "dependencies": [
            "module.acm.aws_acm_certificate.web_cert",
            "module.admin_lambdas.aws_cloudwatch_event_rule.one_minute_ping",
            "module.admin_lambdas.aws_cloudwatch_event_target.ping_delete_lambda_every_one_minute",
            "module.admin_lambdas.aws_cloudwatch_event_target.ping_get_lambda_every_one_minute",
            "module.admin_lambdas.aws_cloudwatch_event_target.ping_register_lambda_every_one_minute",
            "module.admin_lambdas.aws_iam_policy.seahorse_admin_lambdas_exec_policy",
            "module.admin_lambdas.aws_iam_policy.seahorse_delete_lambdas_exec_policy",
            "module.admin_lambdas.aws_iam_policy.seahorse_get_lambdas_exec_policy",
            "module.admin_lambdas.aws_iam_role.seahorse_iam_role_for_lambdas",
            "module.admin_lambdas.aws_iam_role_policy_attachment.admin_delete_lambda_exec",
            "module.admin_lambdas.aws_iam_role_policy_attachment.admin_get_lambda_exec",
            "module.admin_lambdas.aws_iam_role_policy_attachment.admin_lambda_dynamodb",
            "module.admin_lambdas.aws_iam_role_policy_attachment.admin_register_lambda_exec",
            "module.admin_lambdas.aws_lambda_function.DeleteRegisteredComponent",
            "module.admin_lambdas.aws_lambda_function.GetRegisteredComponents",
            "module.admin_lambdas.aws_lambda_function.RegisterComponentLambda",
            "module.admin_lambdas.aws_lambda_permission.allow_cloudwatch_to_ping_delete_lambda",
            "module.admin_lambdas.aws_lambda_permission.allow_cloudwatch_to_ping_get_lambda",
            "module.admin_lambdas.aws_lambda_permission.allow_cloudwatch_to_ping_register_lambda",
            "module.auth.aws_cognito_identity_pool.seahorse_identity_pool",
            "module.auth.aws_cognito_identity_pool_roles_attachment.seahorse_identity_pool_roles",
            "module.auth.aws_cognito_identity_provider.identity_provider_sso",
            "module.auth.aws_cognito_user_pool.seahorse_user_pool",
            "module.auth.aws_cognito_user_pool_client.seahorse_web_client",
            "module.auth.aws_cognito_user_pool_domain.domain",
            "module.auth.aws_iam_role.auth_web_iam_role",
            "module.auth.aws_iam_role.unauth_web_iam_role",
            "module.auth.aws_iam_role_policy.web_iam_unauth_role_policy",
            "module.waf.aws_waf_ipset.ipset",
            "module.waf.aws_waf_rule.wafrule",
            "module.waf.aws_waf_web_acl.waf_acl",
            "module.web_admin_api.aws_api_gateway_base_path_mapping.admin_api_path_mapping",
            "module.web_admin_api.aws_api_gateway_deployment.admin_api_deployment",
            "module.web_admin_api.aws_api_gateway_domain_name.admin_api_domain_name",
            "module.web_admin_api.aws_api_gateway_integration.admin_api_delete_method_integration",
            "module.web_admin_api.aws_api_gateway_integration.admin_api_get_method_integration",
            "module.web_admin_api.aws_api_gateway_integration.admin_api_register_method_integration",
            "module.web_admin_api.aws_api_gateway_integration.mock_options_integration",
            "module.web_admin_api.aws_api_gateway_integration_response.admin_api_delete_integration_response",
            "module.web_admin_api.aws_api_gateway_integration_response.admin_api_get_integration_response",
            "module.web_admin_api.aws_api_gateway_integration_response.admin_api_register_integration_response",
            "module.web_admin_api.aws_api_gateway_integration_response.mock_options_integration_response",
            "module.web_admin_api.aws_api_gateway_method.admin_api_delete_method",
            "module.web_admin_api.aws_api_gateway_method.admin_api_get_method",
            "module.web_admin_api.aws_api_gateway_method.admin_api_register_method",
            "module.web_admin_api.aws_api_gateway_method.mock_options_method",
            "module.web_admin_api.aws_api_gateway_method_response.admin_api_delete_method_response",
            "module.web_admin_api.aws_api_gateway_method_response.admin_api_get_method_response",
            "module.web_admin_api.aws_api_gateway_method_response.admin_api_register_method_response",
            "module.web_admin_api.aws_api_gateway_method_response.mock_options_response",
            "module.web_admin_api.aws_api_gateway_resource.admin_api_resource",
            "module.web_admin_api.aws_api_gateway_rest_api.admin_api",
            "module.web_admin_api.aws_api_gateway_rest_api_policy.admin_api_policy",
            "module.web_admin_api.aws_lambda_permission.admin-delete-lambda-permission",
            "module.web_admin_api.aws_lambda_permission.admin-get-lambda-permission",
            "module.web_admin_api.aws_lambda_permission.admin-register-lambda-permission",
            "module.web_static.aws_cloudfront_distribution.docs_distribution",
            "module.web_static.aws_cloudfront_distribution.example_distribution",
            "module.web_static.aws_cloudfront_distribution.finsemble_distribution",
            "module.web_static.aws_cloudfront_distribution.storybook_distribution",
            "module.web_static.aws_cloudfront_origin_access_identity.docusaurus_origin_access_identity",
            "module.web_static.aws_cloudfront_origin_access_identity.example_origin_access_identity",
            "module.web_static.aws_cloudfront_origin_access_identity.finsemble_origin_access_identity",
            "module.web_static.aws_cloudfront_origin_access_identity.storybook_origin_access_identity",
            "module.web_static.aws_s3_bucket.docusaurus",
            "module.web_static.aws_s3_bucket.examples",
            "module.web_static.aws_s3_bucket.finsemble",
            "module.web_static.aws_s3_bucket.storybook"
          ]
        }
      ]
    },
    {
      "module": "module.route53_setup",
      "mode": "managed",
      "type": "aws_route53_record",
      "name": "example-app",
      "provider": "provider[\"registry.terraform.io/hashicorp/aws\"]",
      "instances": [
        {
          "schema_version": 2,
          "attributes": {
            "alias": [
              {
                "evaluate_target_health": true,
                "name": "d1wpa1t3vjfxm6.cloudfront.net",
                "zone_id": "Z2FDTNDATAQYW2"
              }
            ],
            "allow_overwrite": null,
            "failover_routing_policy": [],
            "fqdn": "simple-app.seahorse-dev2.globallink.com",
            "geolocation_routing_policy": [],
            "health_check_id": null,
            "id": "Z0389083286VLGKJXVSLH_simple-app.seahorse-dev2.globallink.com_A",
            "latency_routing_policy": [],
            "multivalue_answer_routing_policy": null,
            "name": "simple-app.seahorse-dev2.globallink.com",
            "records": null,
            "set_identifier": null,
            "ttl": null,
            "type": "A",
            "weighted_routing_policy": [],
            "zone_id": "Z0389083286VLGKJXVSLH"
          },
          "private": "eyJzY2hlbWFfdmVyc2lvbiI6IjIifQ==",
          "dependencies": [
            "module.acm.aws_acm_certificate.web_cert",
            "module.admin_lambdas.aws_cloudwatch_event_rule.one_minute_ping",
            "module.admin_lambdas.aws_cloudwatch_event_target.ping_delete_lambda_every_one_minute",
            "module.admin_lambdas.aws_cloudwatch_event_target.ping_get_lambda_every_one_minute",
            "module.admin_lambdas.aws_cloudwatch_event_target.ping_register_lambda_every_one_minute",
            "module.admin_lambdas.aws_iam_policy.seahorse_admin_lambdas_exec_policy",
            "module.admin_lambdas.aws_iam_policy.seahorse_delete_lambdas_exec_policy",
            "module.admin_lambdas.aws_iam_policy.seahorse_get_lambdas_exec_policy",
            "module.admin_lambdas.aws_iam_role.seahorse_iam_role_for_lambdas",
            "module.admin_lambdas.aws_iam_role_policy_attachment.admin_delete_lambda_exec",
            "module.admin_lambdas.aws_iam_role_policy_attachment.admin_get_lambda_exec",
            "module.admin_lambdas.aws_iam_role_policy_attachment.admin_lambda_dynamodb",
            "module.admin_lambdas.aws_iam_role_policy_attachment.admin_register_lambda_exec",
            "module.admin_lambdas.aws_lambda_function.DeleteRegisteredComponent",
            "module.admin_lambdas.aws_lambda_function.GetRegisteredComponents",
            "module.admin_lambdas.aws_lambda_function.RegisterComponentLambda",
            "module.admin_lambdas.aws_lambda_permission.allow_cloudwatch_to_ping_delete_lambda",
            "module.admin_lambdas.aws_lambda_permission.allow_cloudwatch_to_ping_get_lambda",
            "module.admin_lambdas.aws_lambda_permission.allow_cloudwatch_to_ping_register_lambda",
            "module.auth.aws_cognito_identity_pool.seahorse_identity_pool",
            "module.auth.aws_cognito_identity_pool_roles_attachment.seahorse_identity_pool_roles",
            "module.auth.aws_cognito_identity_provider.identity_provider_sso",
            "module.auth.aws_cognito_user_pool.seahorse_user_pool",
            "module.auth.aws_cognito_user_pool_client.seahorse_web_client",
            "module.auth.aws_cognito_user_pool_domain.domain",
            "module.auth.aws_iam_role.auth_web_iam_role",
            "module.auth.aws_iam_role.unauth_web_iam_role",
            "module.auth.aws_iam_role_policy.web_iam_unauth_role_policy",
            "module.waf.aws_waf_ipset.ipset",
            "module.waf.aws_waf_rule.wafrule",
            "module.waf.aws_waf_web_acl.waf_acl",
            "module.web_admin_api.aws_api_gateway_base_path_mapping.admin_api_path_mapping",
            "module.web_admin_api.aws_api_gateway_deployment.admin_api_deployment",
            "module.web_admin_api.aws_api_gateway_domain_name.admin_api_domain_name",
            "module.web_admin_api.aws_api_gateway_integration.admin_api_delete_method_integration",
            "module.web_admin_api.aws_api_gateway_integration.admin_api_get_method_integration",
            "module.web_admin_api.aws_api_gateway_integration.admin_api_register_method_integration",
            "module.web_admin_api.aws_api_gateway_integration.mock_options_integration",
            "module.web_admin_api.aws_api_gateway_integration_response.admin_api_delete_integration_response",
            "module.web_admin_api.aws_api_gateway_integration_response.admin_api_get_integration_response",
            "module.web_admin_api.aws_api_gateway_integration_response.admin_api_register_integration_response",
            "module.web_admin_api.aws_api_gateway_integration_response.mock_options_integration_response",
            "module.web_admin_api.aws_api_gateway_method.admin_api_delete_method",
            "module.web_admin_api.aws_api_gateway_method.admin_api_get_method",
            "module.web_admin_api.aws_api_gateway_method.admin_api_register_method",
            "module.web_admin_api.aws_api_gateway_method.mock_options_method",
            "module.web_admin_api.aws_api_gateway_method_response.admin_api_delete_method_response",
            "module.web_admin_api.aws_api_gateway_method_response.admin_api_get_method_response",
            "module.web_admin_api.aws_api_gateway_method_response.admin_api_register_method_response",
            "module.web_admin_api.aws_api_gateway_method_response.mock_options_response",
            "module.web_admin_api.aws_api_gateway_resource.admin_api_resource",
            "module.web_admin_api.aws_api_gateway_rest_api.admin_api",
            "module.web_admin_api.aws_api_gateway_rest_api_policy.admin_api_policy",
            "module.web_admin_api.aws_lambda_permission.admin-delete-lambda-permission",
            "module.web_admin_api.aws_lambda_permission.admin-get-lambda-permission",
            "module.web_admin_api.aws_lambda_permission.admin-register-lambda-permission",
            "module.web_static.aws_cloudfront_distribution.docs_distribution",
            "module.web_static.aws_cloudfront_distribution.example_distribution",
            "module.web_static.aws_cloudfront_distribution.finsemble_distribution",
            "module.web_static.aws_cloudfront_distribution.storybook_distribution",
            "module.web_static.aws_cloudfront_origin_access_identity.docusaurus_origin_access_identity",
            "module.web_static.aws_cloudfront_origin_access_identity.example_origin_access_identity",
            "module.web_static.aws_cloudfront_origin_access_identity.finsemble_origin_access_identity",
            "module.web_static.aws_cloudfront_origin_access_identity.storybook_origin_access_identity",
            "module.web_static.aws_s3_bucket.docusaurus",
            "module.web_static.aws_s3_bucket.examples",
            "module.web_static.aws_s3_bucket.finsemble",
            "module.web_static.aws_s3_bucket.storybook"
          ]
        }
      ]
    },
    {
      "module": "module.route53_setup",
      "mode": "managed",
      "type": "aws_route53_record",
      "name": "finsemble",
      "provider": "provider[\"registry.terraform.io/hashicorp/aws\"]",
      "instances": [
        {
          "schema_version": 2,
          "attributes": {
            "alias": [
              {
                "evaluate_target_health": true,
                "name": "d1f72rtwrq94pd.cloudfront.net",
                "zone_id": "Z2FDTNDATAQYW2"
              }
            ],
            "allow_overwrite": null,
            "failover_routing_policy": [],
            "fqdn": "web.seahorse-dev2.globallink.com",
            "geolocation_routing_policy": [],
            "health_check_id": null,
            "id": "Z0389083286VLGKJXVSLH_web.seahorse-dev2.globallink.com_A",
            "latency_routing_policy": [],
            "multivalue_answer_routing_policy": null,
            "name": "web.seahorse-dev2.globallink.com",
            "records": null,
            "set_identifier": null,
            "ttl": null,
            "type": "A",
            "weighted_routing_policy": [],
            "zone_id": "Z0389083286VLGKJXVSLH"
          },
          "private": "eyJzY2hlbWFfdmVyc2lvbiI6IjIifQ==",
          "dependencies": [
            "module.acm.aws_acm_certificate.web_cert",
            "module.admin_lambdas.aws_cloudwatch_event_rule.one_minute_ping",
            "module.admin_lambdas.aws_cloudwatch_event_target.ping_delete_lambda_every_one_minute",
            "module.admin_lambdas.aws_cloudwatch_event_target.ping_get_lambda_every_one_minute",
            "module.admin_lambdas.aws_cloudwatch_event_target.ping_register_lambda_every_one_minute",
            "module.admin_lambdas.aws_iam_policy.seahorse_admin_lambdas_exec_policy",
            "module.admin_lambdas.aws_iam_policy.seahorse_delete_lambdas_exec_policy",
            "module.admin_lambdas.aws_iam_policy.seahorse_get_lambdas_exec_policy",
            "module.admin_lambdas.aws_iam_role.seahorse_iam_role_for_lambdas",
            "module.admin_lambdas.aws_iam_role_policy_attachment.admin_delete_lambda_exec",
            "module.admin_lambdas.aws_iam_role_policy_attachment.admin_get_lambda_exec",
            "module.admin_lambdas.aws_iam_role_policy_attachment.admin_lambda_dynamodb",
            "module.admin_lambdas.aws_iam_role_policy_attachment.admin_register_lambda_exec",
            "module.admin_lambdas.aws_lambda_function.DeleteRegisteredComponent",
            "module.admin_lambdas.aws_lambda_function.GetRegisteredComponents",
            "module.admin_lambdas.aws_lambda_function.RegisterComponentLambda",
            "module.admin_lambdas.aws_lambda_permission.allow_cloudwatch_to_ping_delete_lambda",
            "module.admin_lambdas.aws_lambda_permission.allow_cloudwatch_to_ping_get_lambda",
            "module.admin_lambdas.aws_lambda_permission.allow_cloudwatch_to_ping_register_lambda",
            "module.auth.aws_cognito_identity_pool.seahorse_identity_pool",
            "module.auth.aws_cognito_identity_pool_roles_attachment.seahorse_identity_pool_roles",
            "module.auth.aws_cognito_identity_provider.identity_provider_sso",
            "module.auth.aws_cognito_user_pool.seahorse_user_pool",
            "module.auth.aws_cognito_user_pool_client.seahorse_web_client",
            "module.auth.aws_cognito_user_pool_domain.domain",
            "module.auth.aws_iam_role.auth_web_iam_role",
            "module.auth.aws_iam_role.unauth_web_iam_role",
            "module.auth.aws_iam_role_policy.web_iam_unauth_role_policy",
            "module.waf.aws_waf_ipset.ipset",
            "module.waf.aws_waf_rule.wafrule",
            "module.waf.aws_waf_web_acl.waf_acl",
            "module.web_admin_api.aws_api_gateway_base_path_mapping.admin_api_path_mapping",
            "module.web_admin_api.aws_api_gateway_deployment.admin_api_deployment",
            "module.web_admin_api.aws_api_gateway_domain_name.admin_api_domain_name",
            "module.web_admin_api.aws_api_gateway_integration.admin_api_delete_method_integration",
            "module.web_admin_api.aws_api_gateway_integration.admin_api_get_method_integration",
            "module.web_admin_api.aws_api_gateway_integration.admin_api_register_method_integration",
            "module.web_admin_api.aws_api_gateway_integration.mock_options_integration",
            "module.web_admin_api.aws_api_gateway_integration_response.admin_api_delete_integration_response",
            "module.web_admin_api.aws_api_gateway_integration_response.admin_api_get_integration_response",
            "module.web_admin_api.aws_api_gateway_integration_response.admin_api_register_integration_response",
            "module.web_admin_api.aws_api_gateway_integration_response.mock_options_integration_response",
            "module.web_admin_api.aws_api_gateway_method.admin_api_delete_method",
            "module.web_admin_api.aws_api_gateway_method.admin_api_get_method",
            "module.web_admin_api.aws_api_gateway_method.admin_api_register_method",
            "module.web_admin_api.aws_api_gateway_method.mock_options_method",
            "module.web_admin_api.aws_api_gateway_method_response.admin_api_delete_method_response",
            "module.web_admin_api.aws_api_gateway_method_response.admin_api_get_method_response",
            "module.web_admin_api.aws_api_gateway_method_response.admin_api_register_method_response",
            "module.web_admin_api.aws_api_gateway_method_response.mock_options_response",
            "module.web_admin_api.aws_api_gateway_resource.admin_api_resource",
            "module.web_admin_api.aws_api_gateway_rest_api.admin_api",
            "module.web_admin_api.aws_api_gateway_rest_api_policy.admin_api_policy",
            "module.web_admin_api.aws_lambda_permission.admin-delete-lambda-permission",
            "module.web_admin_api.aws_lambda_permission.admin-get-lambda-permission",
            "module.web_admin_api.aws_lambda_permission.admin-register-lambda-permission",
            "module.web_static.aws_cloudfront_distribution.docs_distribution",
            "module.web_static.aws_cloudfront_distribution.example_distribution",
            "module.web_static.aws_cloudfront_distribution.finsemble_distribution",
            "module.web_static.aws_cloudfront_distribution.storybook_distribution",
            "module.web_static.aws_cloudfront_origin_access_identity.docusaurus_origin_access_identity",
            "module.web_static.aws_cloudfront_origin_access_identity.example_origin_access_identity",
            "module.web_static.aws_cloudfront_origin_access_identity.finsemble_origin_access_identity",
            "module.web_static.aws_cloudfront_origin_access_identity.storybook_origin_access_identity",
            "module.web_static.aws_s3_bucket.docusaurus",
            "module.web_static.aws_s3_bucket.examples",
            "module.web_static.aws_s3_bucket.finsemble",
            "module.web_static.aws_s3_bucket.storybook"
          ]
        }
      ]
    },
    {
      "module": "module.route53_setup",
      "mode": "managed",
      "type": "aws_route53_record",
      "name": "storybook",
      "provider": "provider[\"registry.terraform.io/hashicorp/aws\"]",
      "instances": [
        {
          "schema_version": 2,
          "attributes": {
            "alias": [
              {
                "evaluate_target_health": true,
                "name": "d33fu6osu9wo53.cloudfront.net",
                "zone_id": "Z2FDTNDATAQYW2"
              }
            ],
            "allow_overwrite": null,
            "failover_routing_policy": [],
            "fqdn": "storybook.seahorse-dev2.globallink.com",
            "geolocation_routing_policy": [],
            "health_check_id": null,
            "id": "Z0389083286VLGKJXVSLH_storybook.seahorse-dev2.globallink.com_A",
            "latency_routing_policy": [],
            "multivalue_answer_routing_policy": null,
            "name": "storybook.seahorse-dev2.globallink.com",
            "records": null,
            "set_identifier": null,
            "ttl": null,
            "type": "A",
            "weighted_routing_policy": [],
            "zone_id": "Z0389083286VLGKJXVSLH"
          },
          "private": "eyJzY2hlbWFfdmVyc2lvbiI6IjIifQ==",
          "dependencies": [
            "module.acm.aws_acm_certificate.web_cert",
            "module.admin_lambdas.aws_cloudwatch_event_rule.one_minute_ping",
            "module.admin_lambdas.aws_cloudwatch_event_target.ping_delete_lambda_every_one_minute",
            "module.admin_lambdas.aws_cloudwatch_event_target.ping_get_lambda_every_one_minute",
            "module.admin_lambdas.aws_cloudwatch_event_target.ping_register_lambda_every_one_minute",
            "module.admin_lambdas.aws_iam_policy.seahorse_admin_lambdas_exec_policy",
            "module.admin_lambdas.aws_iam_policy.seahorse_delete_lambdas_exec_policy",
            "module.admin_lambdas.aws_iam_policy.seahorse_get_lambdas_exec_policy",
            "module.admin_lambdas.aws_iam_role.seahorse_iam_role_for_lambdas",
            "module.admin_lambdas.aws_iam_role_policy_attachment.admin_delete_lambda_exec",
            "module.admin_lambdas.aws_iam_role_policy_attachment.admin_get_lambda_exec",
            "module.admin_lambdas.aws_iam_role_policy_attachment.admin_lambda_dynamodb",
            "module.admin_lambdas.aws_iam_role_policy_attachment.admin_register_lambda_exec",
            "module.admin_lambdas.aws_lambda_function.DeleteRegisteredComponent",
            "module.admin_lambdas.aws_lambda_function.GetRegisteredComponents",
            "module.admin_lambdas.aws_lambda_function.RegisterComponentLambda",
            "module.admin_lambdas.aws_lambda_permission.allow_cloudwatch_to_ping_delete_lambda",
            "module.admin_lambdas.aws_lambda_permission.allow_cloudwatch_to_ping_get_lambda",
            "module.admin_lambdas.aws_lambda_permission.allow_cloudwatch_to_ping_register_lambda",
            "module.auth.aws_cognito_identity_pool.seahorse_identity_pool",
            "module.auth.aws_cognito_identity_pool_roles_attachment.seahorse_identity_pool_roles",
            "module.auth.aws_cognito_identity_provider.identity_provider_sso",
            "module.auth.aws_cognito_user_pool.seahorse_user_pool",
            "module.auth.aws_cognito_user_pool_client.seahorse_web_client",
            "module.auth.aws_cognito_user_pool_domain.domain",
            "module.auth.aws_iam_role.auth_web_iam_role",
            "module.auth.aws_iam_role.unauth_web_iam_role",
            "module.auth.aws_iam_role_policy.web_iam_unauth_role_policy",
            "module.waf.aws_waf_ipset.ipset",
            "module.waf.aws_waf_rule.wafrule",
            "module.waf.aws_waf_web_acl.waf_acl",
            "module.web_admin_api.aws_api_gateway_base_path_mapping.admin_api_path_mapping",
            "module.web_admin_api.aws_api_gateway_deployment.admin_api_deployment",
            "module.web_admin_api.aws_api_gateway_domain_name.admin_api_domain_name",
            "module.web_admin_api.aws_api_gateway_integration.admin_api_delete_method_integration",
            "module.web_admin_api.aws_api_gateway_integration.admin_api_get_method_integration",
            "module.web_admin_api.aws_api_gateway_integration.admin_api_register_method_integration",
            "module.web_admin_api.aws_api_gateway_integration.mock_options_integration",
            "module.web_admin_api.aws_api_gateway_integration_response.admin_api_delete_integration_response",
            "module.web_admin_api.aws_api_gateway_integration_response.admin_api_get_integration_response",
            "module.web_admin_api.aws_api_gateway_integration_response.admin_api_register_integration_response",
            "module.web_admin_api.aws_api_gateway_integration_response.mock_options_integration_response",
            "module.web_admin_api.aws_api_gateway_method.admin_api_delete_method",
            "module.web_admin_api.aws_api_gateway_method.admin_api_get_method",
            "module.web_admin_api.aws_api_gateway_method.admin_api_register_method",
            "module.web_admin_api.aws_api_gateway_method.mock_options_method",
            "module.web_admin_api.aws_api_gateway_method_response.admin_api_delete_method_response",
            "module.web_admin_api.aws_api_gateway_method_response.admin_api_get_method_response",
            "module.web_admin_api.aws_api_gateway_method_response.admin_api_register_method_response",
            "module.web_admin_api.aws_api_gateway_method_response.mock_options_response",
            "module.web_admin_api.aws_api_gateway_resource.admin_api_resource",
            "module.web_admin_api.aws_api_gateway_rest_api.admin_api",
            "module.web_admin_api.aws_api_gateway_rest_api_policy.admin_api_policy",
            "module.web_admin_api.aws_lambda_permission.admin-delete-lambda-permission",
            "module.web_admin_api.aws_lambda_permission.admin-get-lambda-permission",
            "module.web_admin_api.aws_lambda_permission.admin-register-lambda-permission",
            "module.web_static.aws_cloudfront_distribution.docs_distribution",
            "module.web_static.aws_cloudfront_distribution.example_distribution",
            "module.web_static.aws_cloudfront_distribution.finsemble_distribution",
            "module.web_static.aws_cloudfront_distribution.storybook_distribution",
            "module.web_static.aws_cloudfront_origin_access_identity.docusaurus_origin_access_identity",
            "module.web_static.aws_cloudfront_origin_access_identity.example_origin_access_identity",
            "module.web_static.aws_cloudfront_origin_access_identity.finsemble_origin_access_identity",
            "module.web_static.aws_cloudfront_origin_access_identity.storybook_origin_access_identity",
            "module.web_static.aws_s3_bucket.docusaurus",
            "module.web_static.aws_s3_bucket.examples",
            "module.web_static.aws_s3_bucket.finsemble",
            "module.web_static.aws_s3_bucket.storybook"
          ]
        }
      ]
    },
    {
      "module": "module.route53_setup",
      "mode": "managed",
      "type": "aws_route53_record",
      "name": "web-api",
      "provider": "provider[\"registry.terraform.io/hashicorp/aws\"]",
      "instances": [
        {
          "schema_version": 2,
          "attributes": {
            "alias": [
              {
                "evaluate_target_health": true,
                "name": "d26njnwim6trtg.cloudfront.net",
                "zone_id": "Z2FDTNDATAQYW2"
              }
            ],
            "allow_overwrite": null,
            "failover_routing_policy": [],
            "fqdn": "webapi.seahorse-dev2.globallink.com",
            "geolocation_routing_policy": [],
            "health_check_id": null,
            "id": "Z0389083286VLGKJXVSLH_webapi.seahorse-dev2.globallink.com_A",
            "latency_routing_policy": [],
            "multivalue_answer_routing_policy": null,
            "name": "webapi.seahorse-dev2.globallink.com",
            "records": null,
            "set_identifier": null,
            "ttl": null,
            "type": "A",
            "weighted_routing_policy": [],
            "zone_id": "Z0389083286VLGKJXVSLH"
          },
          "private": "eyJzY2hlbWFfdmVyc2lvbiI6IjIifQ==",
          "dependencies": [
            "module.acm.aws_acm_certificate.web_cert",
            "module.admin_lambdas.aws_cloudwatch_event_rule.one_minute_ping",
            "module.admin_lambdas.aws_cloudwatch_event_target.ping_delete_lambda_every_one_minute",
            "module.admin_lambdas.aws_cloudwatch_event_target.ping_get_lambda_every_one_minute",
            "module.admin_lambdas.aws_cloudwatch_event_target.ping_register_lambda_every_one_minute",
            "module.admin_lambdas.aws_iam_policy.seahorse_admin_lambdas_exec_policy",
            "module.admin_lambdas.aws_iam_policy.seahorse_delete_lambdas_exec_policy",
            "module.admin_lambdas.aws_iam_policy.seahorse_get_lambdas_exec_policy",
            "module.admin_lambdas.aws_iam_role.seahorse_iam_role_for_lambdas",
            "module.admin_lambdas.aws_iam_role_policy_attachment.admin_delete_lambda_exec",
            "module.admin_lambdas.aws_iam_role_policy_attachment.admin_get_lambda_exec",
            "module.admin_lambdas.aws_iam_role_policy_attachment.admin_lambda_dynamodb",
            "module.admin_lambdas.aws_iam_role_policy_attachment.admin_register_lambda_exec",
            "module.admin_lambdas.aws_lambda_function.DeleteRegisteredComponent",
            "module.admin_lambdas.aws_lambda_function.GetRegisteredComponents",
            "module.admin_lambdas.aws_lambda_function.RegisterComponentLambda",
            "module.admin_lambdas.aws_lambda_permission.allow_cloudwatch_to_ping_delete_lambda",
            "module.admin_lambdas.aws_lambda_permission.allow_cloudwatch_to_ping_get_lambda",
            "module.admin_lambdas.aws_lambda_permission.allow_cloudwatch_to_ping_register_lambda",
            "module.auth.aws_cognito_identity_pool.seahorse_identity_pool",
            "module.auth.aws_cognito_identity_pool_roles_attachment.seahorse_identity_pool_roles",
            "module.auth.aws_cognito_identity_provider.identity_provider_sso",
            "module.auth.aws_cognito_user_pool.seahorse_user_pool",
            "module.auth.aws_cognito_user_pool_client.seahorse_web_client",
            "module.auth.aws_cognito_user_pool_domain.domain",
            "module.auth.aws_iam_role.auth_web_iam_role",
            "module.auth.aws_iam_role.unauth_web_iam_role",
            "module.auth.aws_iam_role_policy.web_iam_unauth_role_policy",
            "module.waf.aws_waf_ipset.ipset",
            "module.waf.aws_waf_rule.wafrule",
            "module.waf.aws_waf_web_acl.waf_acl",
            "module.web_admin_api.aws_api_gateway_base_path_mapping.admin_api_path_mapping",
            "module.web_admin_api.aws_api_gateway_deployment.admin_api_deployment",
            "module.web_admin_api.aws_api_gateway_domain_name.admin_api_domain_name",
            "module.web_admin_api.aws_api_gateway_integration.admin_api_delete_method_integration",
            "module.web_admin_api.aws_api_gateway_integration.admin_api_get_method_integration",
            "module.web_admin_api.aws_api_gateway_integration.admin_api_register_method_integration",
            "module.web_admin_api.aws_api_gateway_integration.mock_options_integration",
            "module.web_admin_api.aws_api_gateway_integration_response.admin_api_delete_integration_response",
            "module.web_admin_api.aws_api_gateway_integration_response.admin_api_get_integration_response",
            "module.web_admin_api.aws_api_gateway_integration_response.admin_api_register_integration_response",
            "module.web_admin_api.aws_api_gateway_integration_response.mock_options_integration_response",
            "module.web_admin_api.aws_api_gateway_method.admin_api_delete_method",
            "module.web_admin_api.aws_api_gateway_method.admin_api_get_method",
            "module.web_admin_api.aws_api_gateway_method.admin_api_register_method",
            "module.web_admin_api.aws_api_gateway_method.mock_options_method",
            "module.web_admin_api.aws_api_gateway_method_response.admin_api_delete_method_response",
            "module.web_admin_api.aws_api_gateway_method_response.admin_api_get_method_response",
            "module.web_admin_api.aws_api_gateway_method_response.admin_api_register_method_response",
            "module.web_admin_api.aws_api_gateway_method_response.mock_options_response",
            "module.web_admin_api.aws_api_gateway_resource.admin_api_resource",
            "module.web_admin_api.aws_api_gateway_rest_api.admin_api",
            "module.web_admin_api.aws_api_gateway_rest_api_policy.admin_api_policy",
            "module.web_admin_api.aws_lambda_permission.admin-delete-lambda-permission",
            "module.web_admin_api.aws_lambda_permission.admin-get-lambda-permission",
            "module.web_admin_api.aws_lambda_permission.admin-register-lambda-permission",
            "module.web_backend_api_with_fresh_auth_setup.aws_api_gateway_authorizer.web_authorizer",
            "module.web_backend_api_with_fresh_auth_setup.aws_api_gateway_deployment.web_backend_api_deployment",
            "module.web_backend_api_with_fresh_auth_setup.aws_api_gateway_domain_name.web_api_domain_name",
            "module.web_backend_api_with_fresh_auth_setup.aws_api_gateway_integration.mock_options_integration",
            "module.web_backend_api_with_fresh_auth_setup.aws_api_gateway_integration.web_backend_api_get_method_integration",
            "module.web_backend_api_with_fresh_auth_setup.aws_api_gateway_integration_response.mock_options_integration_response",
            "module.web_backend_api_with_fresh_auth_setup.aws_api_gateway_integration_response.web_backend_api_get_integration_response",
            "module.web_backend_api_with_fresh_auth_setup.aws_api_gateway_method.mock_options_method",
            "module.web_backend_api_with_fresh_auth_setup.aws_api_gateway_method.web_backend_api_get_method",
            "module.web_backend_api_with_fresh_auth_setup.aws_api_gateway_method_response.mock_options_response",
            "module.web_backend_api_with_fresh_auth_setup.aws_api_gateway_method_response.web_backend_api_get_method_response",
            "module.web_backend_api_with_fresh_auth_setup.aws_api_gateway_resource.web_backend_api_resource",
            "module.web_backend_api_with_fresh_auth_setup.aws_api_gateway_rest_api.web_backend_api",
            "module.web_static.aws_cloudfront_distribution.docs_distribution",
            "module.web_static.aws_cloudfront_distribution.example_distribution",
            "module.web_static.aws_cloudfront_distribution.finsemble_distribution",
            "module.web_static.aws_cloudfront_distribution.storybook_distribution",
            "module.web_static.aws_cloudfront_origin_access_identity.docusaurus_origin_access_identity",
            "module.web_static.aws_cloudfront_origin_access_identity.example_origin_access_identity",
            "module.web_static.aws_cloudfront_origin_access_identity.finsemble_origin_access_identity",
            "module.web_static.aws_cloudfront_origin_access_identity.storybook_origin_access_identity",
            "module.web_static.aws_s3_bucket.docusaurus",
            "module.web_static.aws_s3_bucket.examples",
            "module.web_static.aws_s3_bucket.finsemble",
            "module.web_static.aws_s3_bucket.storybook"
          ]
        }
      ]
    },
    {
      "module": "module.waf",
      "mode": "managed",
      "type": "aws_waf_ipset",
      "name": "ipset",
      "provider": "provider[\"registry.terraform.io/hashicorp/aws\"]",
      "instances": [
        {
          "schema_version": 0,
          "attributes": {
            "arn": "arn:aws:waf::522478937547:ipset/1ae67735-f7e9-41a9-bb45-730b99caf88d",
            "id": "1ae67735-f7e9-41a9-bb45-730b99caf88d",
            "ip_set_descriptors": [
              {
                "type": "IPV4",
                "value": "10.20.54.0/24"
              },
              {
                "type": "IPV4",
                "value": "147.161.166.0/24"
              },
              {
                "type": "IPV4",
                "value": "159.18.234.12/32"
              },
              {
                "type": "IPV4",
                "value": "159.18.234.5/32"
              },
              {
                "type": "IPV4",
                "value": "165.225.220.0/24"
              },
              {
                "type": "IPV4",
                "value": "165.225.38.0/24"
              },
              {
                "type": "IPV4",
                "value": "165.225.39.0/24"
              },
              {
                "type": "IPV4",
                "value": "185.84.23.5/32"
              },
              {
                "type": "IPV4",
                "value": "208.89.236.196/32"
              },
              {
                "type": "IPV4",
                "value": "208.89.239.4/32"
              },
              {
                "type": "IPV4",
                "value": "208.89.239.5/32"
              },
              {
                "type": "IPV4",
                "value": "213.249.226.56/32"
              },
              {
                "type": "IPV4",
                "value": "63.106.110.14/32"
              },
              {
                "type": "IPV4",
                "value": "63.106.110.9/32"
              },
              {
                "type": "IPV4",
                "value": "74.204.251.4/32"
              },
              {
                "type": "IPV4",
                "value": "80.192.239.232/32"
              }
            ],
            "name": "dev2.seahorse.ipset"
          },
          "private": "bnVsbA=="
        }
      ]
    },
    {
      "module": "module.waf",
      "mode": "managed",
      "type": "aws_waf_rule",
      "name": "wafrule",
      "provider": "provider[\"registry.terraform.io/hashicorp/aws\"]",
      "instances": [
        {
          "schema_version": 0,
          "attributes": {
            "arn": "arn:aws:waf::522478937547:rule/cc81c9ea-011b-48ce-b17a-d493ab10f99a",
            "id": "cc81c9ea-011b-48ce-b17a-d493ab10f99a",
            "metric_name": "IPMatchRule",
            "name": "IPMatchRule",
            "predicates": [
              {
                "data_id": "1ae67735-f7e9-41a9-bb45-730b99caf88d",
                "negated": false,
                "type": "IPMatch"
              }
            ],
            "tags": null
          },
          "private": "bnVsbA==",
          "dependencies": [
            "module.waf.aws_waf_ipset.ipset"
          ]
        }
      ]
    },
    {
      "module": "module.waf",
      "mode": "managed",
      "type": "aws_waf_web_acl",
      "name": "waf_acl",
      "provider": "provider[\"registry.terraform.io/hashicorp/aws\"]",
      "instances": [
        {
          "schema_version": 0,
          "attributes": {
            "arn": "arn:aws:waf::522478937547:webacl/1e65347f-2b94-4866-9c45-d52aa648a428",
            "default_action": [
              {
                "type": "BLOCK"
              }
            ],
            "id": "1e65347f-2b94-4866-9c45-d52aa648a428",
            "logging_configuration": [],
            "metric_name": "AllowSourceIPs",
            "name": "AllowSourceIPs",
            "rules": [
              {
                "action": [
                  {
                    "type": "ALLOW"
                  }
                ],
                "override_action": [],
                "priority": 1,
                "rule_id": "cc81c9ea-011b-48ce-b17a-d493ab10f99a",
                "type": "REGULAR"
              }
            ],
            "tags": null
          },
          "private": "bnVsbA==",
          "dependencies": [
            "module.waf.aws_waf_ipset.ipset",
            "module.waf.aws_waf_rule.wafrule"
          ]
        }
      ]
    },
    {
      "module": "module.web_admin_api",
      "mode": "managed",
      "type": "aws_api_gateway_base_path_mapping",
      "name": "admin_api_path_mapping",
      "provider": "provider[\"registry.terraform.io/hashicorp/aws\"]",
      "instances": [
        {
          "schema_version": 0,
          "attributes": {
            "api_id": "0r4pevmvt5",
            "base_path": "",
            "domain_name": "adminapi.seahorse-dev2.globallink.com",
            "id": "adminapi.seahorse-dev2.globallink.com/",
            "stage_name": "dev2"
          },
          "private": "bnVsbA==",
          "dependencies": [
            "module.acm.aws_acm_certificate.web_cert",
            "module.admin_lambdas.aws_cloudwatch_event_rule.one_minute_ping",
            "module.admin_lambdas.aws_cloudwatch_event_target.ping_delete_lambda_every_one_minute",
            "module.admin_lambdas.aws_cloudwatch_event_target.ping_get_lambda_every_one_minute",
            "module.admin_lambdas.aws_cloudwatch_event_target.ping_register_lambda_every_one_minute",
            "module.admin_lambdas.aws_iam_policy.seahorse_admin_lambdas_exec_policy",
            "module.admin_lambdas.aws_iam_policy.seahorse_delete_lambdas_exec_policy",
            "module.admin_lambdas.aws_iam_policy.seahorse_get_lambdas_exec_policy",
            "module.admin_lambdas.aws_iam_role.seahorse_iam_role_for_lambdas",
            "module.admin_lambdas.aws_iam_role_policy_attachment.admin_delete_lambda_exec",
            "module.admin_lambdas.aws_iam_role_policy_attachment.admin_get_lambda_exec",
            "module.admin_lambdas.aws_iam_role_policy_attachment.admin_lambda_dynamodb",
            "module.admin_lambdas.aws_iam_role_policy_attachment.admin_register_lambda_exec",
            "module.admin_lambdas.aws_lambda_function.DeleteRegisteredComponent",
            "module.admin_lambdas.aws_lambda_function.GetRegisteredComponents",
            "module.admin_lambdas.aws_lambda_function.RegisterComponentLambda",
            "module.admin_lambdas.aws_lambda_permission.allow_cloudwatch_to_ping_delete_lambda",
            "module.admin_lambdas.aws_lambda_permission.allow_cloudwatch_to_ping_get_lambda",
            "module.admin_lambdas.aws_lambda_permission.allow_cloudwatch_to_ping_register_lambda",
            "module.auth.aws_cognito_identity_pool.seahorse_identity_pool",
            "module.auth.aws_cognito_identity_pool_roles_attachment.seahorse_identity_pool_roles",
            "module.auth.aws_cognito_identity_provider.identity_provider_sso",
            "module.auth.aws_cognito_user_pool.seahorse_user_pool",
            "module.auth.aws_cognito_user_pool_client.seahorse_web_client",
            "module.auth.aws_cognito_user_pool_domain.domain",
            "module.auth.aws_iam_role.auth_web_iam_role",
            "module.auth.aws_iam_role.unauth_web_iam_role",
            "module.auth.aws_iam_role_policy.web_iam_unauth_role_policy",
            "module.web_admin_api.aws_api_gateway_deployment.admin_api_deployment",
            "module.web_admin_api.aws_api_gateway_domain_name.admin_api_domain_name",
            "module.web_admin_api.aws_api_gateway_integration.admin_api_get_method_integration",
            "module.web_admin_api.aws_api_gateway_integration.admin_api_register_method_integration",
            "module.web_admin_api.aws_api_gateway_integration.mock_options_integration",
            "module.web_admin_api.aws_api_gateway_integration_response.admin_api_get_integration_response",
            "module.web_admin_api.aws_api_gateway_integration_response.admin_api_register_integration_response",
            "module.web_admin_api.aws_api_gateway_integration_response.mock_options_integration_response",
            "module.web_admin_api.aws_api_gateway_method.admin_api_get_method",
            "module.web_admin_api.aws_api_gateway_method.admin_api_register_method",
            "module.web_admin_api.aws_api_gateway_method.mock_options_method",
            "module.web_admin_api.aws_api_gateway_method_response.admin_api_get_method_response",
            "module.web_admin_api.aws_api_gateway_method_response.admin_api_register_method_response",
            "module.web_admin_api.aws_api_gateway_method_response.mock_options_response",
            "module.web_admin_api.aws_api_gateway_resource.admin_api_resource",
            "module.web_admin_api.aws_api_gateway_rest_api.admin_api"
          ]
        }
      ]
    },
    {
      "module": "module.web_admin_api",
      "mode": "managed",
      "type": "aws_api_gateway_deployment",
      "name": "admin_api_deployment",
      "provider": "provider[\"registry.terraform.io/hashicorp/aws\"]",
      "instances": [
        {
          "schema_version": 0,
          "attributes": {
            "created_date": "2021-03-11T13:17:40Z",
            "description": "",
            "execution_arn": "arn:aws:execute-api:us-east-1:522478937547:0r4pevmvt5/dev2",
            "id": "ckfnb1",
            "invoke_url": "https://0r4pevmvt5.execute-api.us-east-1.amazonaws.com/dev2",
            "rest_api_id": "0r4pevmvt5",
            "stage_description": null,
            "stage_name": "dev2",
            "triggers": null,
            "variables": null
          },
          "private": "bnVsbA==",
          "dependencies": [
            "module.acm.aws_acm_certificate.web_cert",
            "module.admin_lambdas.aws_cloudwatch_event_rule.one_minute_ping",
            "module.admin_lambdas.aws_cloudwatch_event_target.ping_delete_lambda_every_one_minute",
            "module.admin_lambdas.aws_cloudwatch_event_target.ping_get_lambda_every_one_minute",
            "module.admin_lambdas.aws_cloudwatch_event_target.ping_register_lambda_every_one_minute",
            "module.admin_lambdas.aws_iam_policy.seahorse_admin_lambdas_exec_policy",
            "module.admin_lambdas.aws_iam_policy.seahorse_delete_lambdas_exec_policy",
            "module.admin_lambdas.aws_iam_policy.seahorse_get_lambdas_exec_policy",
            "module.admin_lambdas.aws_iam_role.seahorse_iam_role_for_lambdas",
            "module.admin_lambdas.aws_iam_role_policy_attachment.admin_delete_lambda_exec",
            "module.admin_lambdas.aws_iam_role_policy_attachment.admin_get_lambda_exec",
            "module.admin_lambdas.aws_iam_role_policy_attachment.admin_lambda_dynamodb",
            "module.admin_lambdas.aws_iam_role_policy_attachment.admin_register_lambda_exec",
            "module.admin_lambdas.aws_lambda_function.DeleteRegisteredComponent",
            "module.admin_lambdas.aws_lambda_function.GetRegisteredComponents",
            "module.admin_lambdas.aws_lambda_function.RegisterComponentLambda",
            "module.admin_lambdas.aws_lambda_permission.allow_cloudwatch_to_ping_delete_lambda",
            "module.admin_lambdas.aws_lambda_permission.allow_cloudwatch_to_ping_get_lambda",
            "module.admin_lambdas.aws_lambda_permission.allow_cloudwatch_to_ping_register_lambda",
            "module.auth.aws_cognito_identity_pool.seahorse_identity_pool",
            "module.auth.aws_cognito_identity_pool_roles_attachment.seahorse_identity_pool_roles",
            "module.auth.aws_cognito_identity_provider.identity_provider_sso",
            "module.auth.aws_cognito_user_pool.seahorse_user_pool",
            "module.auth.aws_cognito_user_pool_client.seahorse_web_client",
            "module.auth.aws_cognito_user_pool_domain.domain",
            "module.auth.aws_iam_role.auth_web_iam_role",
            "module.auth.aws_iam_role.unauth_web_iam_role",
            "module.auth.aws_iam_role_policy.web_iam_unauth_role_policy",
            "module.web_admin_api.aws_api_gateway_integration.admin_api_get_method_integration",
            "module.web_admin_api.aws_api_gateway_integration.admin_api_register_method_integration",
            "module.web_admin_api.aws_api_gateway_integration.mock_options_integration",
            "module.web_admin_api.aws_api_gateway_integration_response.admin_api_get_integration_response",
            "module.web_admin_api.aws_api_gateway_integration_response.admin_api_register_integration_response",
            "module.web_admin_api.aws_api_gateway_integration_response.mock_options_integration_response",
            "module.web_admin_api.aws_api_gateway_method.admin_api_get_method",
            "module.web_admin_api.aws_api_gateway_method.admin_api_register_method",
            "module.web_admin_api.aws_api_gateway_method.mock_options_method",
            "module.web_admin_api.aws_api_gateway_method_response.admin_api_get_method_response",
            "module.web_admin_api.aws_api_gateway_method_response.admin_api_register_method_response",
            "module.web_admin_api.aws_api_gateway_method_response.mock_options_response",
            "module.web_admin_api.aws_api_gateway_resource.admin_api_resource",
            "module.web_admin_api.aws_api_gateway_rest_api.admin_api"
          ]
        }
      ]
    },
    {
      "module": "module.web_admin_api",
      "mode": "managed",
      "type": "aws_api_gateway_domain_name",
      "name": "admin_api_domain_name",
      "provider": "provider[\"registry.terraform.io/hashicorp/aws\"]",
      "instances": [
        {
          "schema_version": 0,
          "attributes": {
            "arn": "arn:aws:apigateway:us-east-1::/domainnames/adminapi.seahorse-dev2.globallink.com",
            "certificate_arn": "arn:aws:acm:us-east-1:522478937547:certificate/b8185219-3b87-4912-bd4b-76715fe66627",
            "certificate_body": null,
            "certificate_chain": null,
            "certificate_name": "",
            "certificate_private_key": null,
            "certificate_upload_date": "2021-03-11T13:17:44Z",
            "cloudfront_domain_name": "dp378tsmnrdmn.cloudfront.net",
            "cloudfront_zone_id": "Z2FDTNDATAQYW2",
            "domain_name": "adminapi.seahorse-dev2.globallink.com",
            "endpoint_configuration": [
              {
                "types": [
                  "EDGE"
                ]
              }
            ],
            "id": "adminapi.seahorse-dev2.globallink.com",
            "regional_certificate_arn": "",
            "regional_certificate_name": "",
            "regional_domain_name": "",
            "regional_zone_id": "",
            "security_policy": "TLS_1_0",
            "tags": null
          },
          "private": "bnVsbA==",
          "dependencies": [
            "module.acm.aws_acm_certificate.web_cert",
            "module.admin_lambdas.aws_cloudwatch_event_rule.one_minute_ping",
            "module.admin_lambdas.aws_cloudwatch_event_target.ping_delete_lambda_every_one_minute",
            "module.admin_lambdas.aws_cloudwatch_event_target.ping_get_lambda_every_one_minute",
            "module.admin_lambdas.aws_cloudwatch_event_target.ping_register_lambda_every_one_minute",
            "module.admin_lambdas.aws_iam_policy.seahorse_admin_lambdas_exec_policy",
            "module.admin_lambdas.aws_iam_policy.seahorse_delete_lambdas_exec_policy",
            "module.admin_lambdas.aws_iam_policy.seahorse_get_lambdas_exec_policy",
            "module.admin_lambdas.aws_iam_role.seahorse_iam_role_for_lambdas",
            "module.admin_lambdas.aws_iam_role_policy_attachment.admin_delete_lambda_exec",
            "module.admin_lambdas.aws_iam_role_policy_attachment.admin_get_lambda_exec",
            "module.admin_lambdas.aws_iam_role_policy_attachment.admin_lambda_dynamodb",
            "module.admin_lambdas.aws_iam_role_policy_attachment.admin_register_lambda_exec",
            "module.admin_lambdas.aws_lambda_function.DeleteRegisteredComponent",
            "module.admin_lambdas.aws_lambda_function.GetRegisteredComponents",
            "module.admin_lambdas.aws_lambda_function.RegisterComponentLambda",
            "module.admin_lambdas.aws_lambda_permission.allow_cloudwatch_to_ping_delete_lambda",
            "module.admin_lambdas.aws_lambda_permission.allow_cloudwatch_to_ping_get_lambda",
            "module.admin_lambdas.aws_lambda_permission.allow_cloudwatch_to_ping_register_lambda",
            "module.auth.aws_cognito_identity_pool.seahorse_identity_pool",
            "module.auth.aws_cognito_identity_pool_roles_attachment.seahorse_identity_pool_roles",
            "module.auth.aws_cognito_identity_provider.identity_provider_sso",
            "module.auth.aws_cognito_user_pool.seahorse_user_pool",
            "module.auth.aws_cognito_user_pool_client.seahorse_web_client",
            "module.auth.aws_cognito_user_pool_domain.domain",
            "module.auth.aws_iam_role.auth_web_iam_role",
            "module.auth.aws_iam_role.unauth_web_iam_role",
            "module.auth.aws_iam_role_policy.web_iam_unauth_role_policy",
            "module.web_admin_api.aws_api_gateway_deployment.admin_api_deployment",
            "module.web_admin_api.aws_api_gateway_integration.admin_api_get_method_integration",
            "module.web_admin_api.aws_api_gateway_integration.admin_api_register_method_integration",
            "module.web_admin_api.aws_api_gateway_integration.mock_options_integration",
            "module.web_admin_api.aws_api_gateway_integration_response.admin_api_get_integration_response",
            "module.web_admin_api.aws_api_gateway_integration_response.admin_api_register_integration_response",
            "module.web_admin_api.aws_api_gateway_integration_response.mock_options_integration_response",
            "module.web_admin_api.aws_api_gateway_method.admin_api_get_method",
            "module.web_admin_api.aws_api_gateway_method.admin_api_register_method",
            "module.web_admin_api.aws_api_gateway_method.mock_options_method",
            "module.web_admin_api.aws_api_gateway_method_response.admin_api_get_method_response",
            "module.web_admin_api.aws_api_gateway_method_response.admin_api_register_method_response",
            "module.web_admin_api.aws_api_gateway_method_response.mock_options_response",
            "module.web_admin_api.aws_api_gateway_resource.admin_api_resource",
            "module.web_admin_api.aws_api_gateway_rest_api.admin_api"
          ]
        }
      ]
    },
    {
      "module": "module.web_admin_api",
      "mode": "managed",
      "type": "aws_api_gateway_integration",
      "name": "admin_api_delete_method_integration",
      "provider": "provider[\"registry.terraform.io/hashicorp/aws\"]",
      "instances": [
        {
          "schema_version": 0,
          "attributes": {
            "cache_key_parameters": null,
            "cache_namespace": "3ti1ep",
            "connection_id": "",
            "connection_type": "INTERNET",
            "content_handling": "",
            "credentials": "",
            "http_method": "DELETE",
            "id": "agi-0r4pevmvt5-3ti1ep-DELETE",
            "integration_http_method": "POST",
            "passthrough_behavior": "WHEN_NO_MATCH",
            "request_parameters": null,
            "request_templates": null,
            "resource_id": "3ti1ep",
            "rest_api_id": "0r4pevmvt5",
            "timeout_milliseconds": 29000,
            "type": "AWS_PROXY",
            "uri": "arn:aws:apigateway:us-east-1:lambda:path/2015-03-31/functions/arn:aws:lambda:us-east-1:522478937547:function:DeleteRegisteredComponent/invocations"
          },
          "private": "bnVsbA==",
          "dependencies": [
            "module.acm.aws_acm_certificate.web_cert",
            "module.admin_lambdas.aws_cloudwatch_event_rule.one_minute_ping",
            "module.admin_lambdas.aws_cloudwatch_event_target.ping_delete_lambda_every_one_minute",
            "module.admin_lambdas.aws_cloudwatch_event_target.ping_get_lambda_every_one_minute",
            "module.admin_lambdas.aws_cloudwatch_event_target.ping_register_lambda_every_one_minute",
            "module.admin_lambdas.aws_iam_policy.seahorse_admin_lambdas_exec_policy",
            "module.admin_lambdas.aws_iam_policy.seahorse_delete_lambdas_exec_policy",
            "module.admin_lambdas.aws_iam_policy.seahorse_get_lambdas_exec_policy",
            "module.admin_lambdas.aws_iam_role.seahorse_iam_role_for_lambdas",
            "module.admin_lambdas.aws_iam_role_policy_attachment.admin_delete_lambda_exec",
            "module.admin_lambdas.aws_iam_role_policy_attachment.admin_get_lambda_exec",
            "module.admin_lambdas.aws_iam_role_policy_attachment.admin_lambda_dynamodb",
            "module.admin_lambdas.aws_iam_role_policy_attachment.admin_register_lambda_exec",
            "module.admin_lambdas.aws_lambda_function.DeleteRegisteredComponent",
            "module.admin_lambdas.aws_lambda_function.GetRegisteredComponents",
            "module.admin_lambdas.aws_lambda_function.RegisterComponentLambda",
            "module.admin_lambdas.aws_lambda_permission.allow_cloudwatch_to_ping_delete_lambda",
            "module.admin_lambdas.aws_lambda_permission.allow_cloudwatch_to_ping_get_lambda",
            "module.admin_lambdas.aws_lambda_permission.allow_cloudwatch_to_ping_register_lambda",
            "module.auth.aws_cognito_identity_pool.seahorse_identity_pool",
            "module.auth.aws_cognito_identity_pool_roles_attachment.seahorse_identity_pool_roles",
            "module.auth.aws_cognito_identity_provider.identity_provider_sso",
            "module.auth.aws_cognito_user_pool.seahorse_user_pool",
            "module.auth.aws_cognito_user_pool_client.seahorse_web_client",
            "module.auth.aws_cognito_user_pool_domain.domain",
            "module.auth.aws_iam_role.auth_web_iam_role",
            "module.auth.aws_iam_role.unauth_web_iam_role",
            "module.auth.aws_iam_role_policy.web_iam_unauth_role_policy",
            "module.web_admin_api.aws_api_gateway_method.admin_api_delete_method",
            "module.web_admin_api.aws_api_gateway_resource.admin_api_resource",
            "module.web_admin_api.aws_api_gateway_rest_api.admin_api"
          ]
        }
      ]
    },
    {
      "module": "module.web_admin_api",
      "mode": "managed",
      "type": "aws_api_gateway_integration",
      "name": "admin_api_get_method_integration",
      "provider": "provider[\"registry.terraform.io/hashicorp/aws\"]",
      "instances": [
        {
          "schema_version": 0,
          "attributes": {
            "cache_key_parameters": null,
            "cache_namespace": "3ti1ep",
            "connection_id": "",
            "connection_type": "INTERNET",
            "content_handling": "",
            "credentials": "",
            "http_method": "GET",
            "id": "agi-0r4pevmvt5-3ti1ep-GET",
            "integration_http_method": "POST",
            "passthrough_behavior": "WHEN_NO_MATCH",
            "request_parameters": null,
            "request_templates": null,
            "resource_id": "3ti1ep",
            "rest_api_id": "0r4pevmvt5",
            "timeout_milliseconds": 29000,
            "type": "AWS_PROXY",
            "uri": "arn:aws:apigateway:us-east-1:lambda:path/2015-03-31/functions/arn:aws:lambda:us-east-1:522478937547:function:GetRegisteredComponents/invocations"
          },
          "private": "bnVsbA==",
          "dependencies": [
            "module.acm.aws_acm_certificate.web_cert",
            "module.admin_lambdas.aws_cloudwatch_event_rule.one_minute_ping",
            "module.admin_lambdas.aws_cloudwatch_event_target.ping_delete_lambda_every_one_minute",
            "module.admin_lambdas.aws_cloudwatch_event_target.ping_get_lambda_every_one_minute",
            "module.admin_lambdas.aws_cloudwatch_event_target.ping_register_lambda_every_one_minute",
            "module.admin_lambdas.aws_iam_policy.seahorse_admin_lambdas_exec_policy",
            "module.admin_lambdas.aws_iam_policy.seahorse_delete_lambdas_exec_policy",
            "module.admin_lambdas.aws_iam_policy.seahorse_get_lambdas_exec_policy",
            "module.admin_lambdas.aws_iam_role.seahorse_iam_role_for_lambdas",
            "module.admin_lambdas.aws_iam_role_policy_attachment.admin_delete_lambda_exec",
            "module.admin_lambdas.aws_iam_role_policy_attachment.admin_get_lambda_exec",
            "module.admin_lambdas.aws_iam_role_policy_attachment.admin_lambda_dynamodb",
            "module.admin_lambdas.aws_iam_role_policy_attachment.admin_register_lambda_exec",
            "module.admin_lambdas.aws_lambda_function.DeleteRegisteredComponent",
            "module.admin_lambdas.aws_lambda_function.GetRegisteredComponents",
            "module.admin_lambdas.aws_lambda_function.RegisterComponentLambda",
            "module.admin_lambdas.aws_lambda_permission.allow_cloudwatch_to_ping_delete_lambda",
            "module.admin_lambdas.aws_lambda_permission.allow_cloudwatch_to_ping_get_lambda",
            "module.admin_lambdas.aws_lambda_permission.allow_cloudwatch_to_ping_register_lambda",
            "module.auth.aws_cognito_identity_pool.seahorse_identity_pool",
            "module.auth.aws_cognito_identity_pool_roles_attachment.seahorse_identity_pool_roles",
            "module.auth.aws_cognito_identity_provider.identity_provider_sso",
            "module.auth.aws_cognito_user_pool.seahorse_user_pool",
            "module.auth.aws_cognito_user_pool_client.seahorse_web_client",
            "module.auth.aws_cognito_user_pool_domain.domain",
            "module.auth.aws_iam_role.auth_web_iam_role",
            "module.auth.aws_iam_role.unauth_web_iam_role",
            "module.auth.aws_iam_role_policy.web_iam_unauth_role_policy",
            "module.web_admin_api.aws_api_gateway_method.admin_api_get_method",
            "module.web_admin_api.aws_api_gateway_resource.admin_api_resource",
            "module.web_admin_api.aws_api_gateway_rest_api.admin_api"
          ]
        }
      ]
    },
    {
      "module": "module.web_admin_api",
      "mode": "managed",
      "type": "aws_api_gateway_integration",
      "name": "admin_api_register_method_integration",
      "provider": "provider[\"registry.terraform.io/hashicorp/aws\"]",
      "instances": [
        {
          "schema_version": 0,
          "attributes": {
            "cache_key_parameters": null,
            "cache_namespace": "3ti1ep",
            "connection_id": "",
            "connection_type": "INTERNET",
            "content_handling": "",
            "credentials": "",
            "http_method": "POST",
            "id": "agi-0r4pevmvt5-3ti1ep-POST",
            "integration_http_method": "POST",
            "passthrough_behavior": "WHEN_NO_MATCH",
            "request_parameters": null,
            "request_templates": null,
            "resource_id": "3ti1ep",
            "rest_api_id": "0r4pevmvt5",
            "timeout_milliseconds": 29000,
            "type": "AWS_PROXY",
            "uri": "arn:aws:apigateway:us-east-1:lambda:path/2015-03-31/functions/arn:aws:lambda:us-east-1:522478937547:function:RegisterComponentLambda/invocations"
          },
          "private": "bnVsbA==",
          "dependencies": [
            "module.acm.aws_acm_certificate.web_cert",
            "module.admin_lambdas.aws_cloudwatch_event_rule.one_minute_ping",
            "module.admin_lambdas.aws_cloudwatch_event_target.ping_delete_lambda_every_one_minute",
            "module.admin_lambdas.aws_cloudwatch_event_target.ping_get_lambda_every_one_minute",
            "module.admin_lambdas.aws_cloudwatch_event_target.ping_register_lambda_every_one_minute",
            "module.admin_lambdas.aws_iam_policy.seahorse_admin_lambdas_exec_policy",
            "module.admin_lambdas.aws_iam_policy.seahorse_delete_lambdas_exec_policy",
            "module.admin_lambdas.aws_iam_policy.seahorse_get_lambdas_exec_policy",
            "module.admin_lambdas.aws_iam_role.seahorse_iam_role_for_lambdas",
            "module.admin_lambdas.aws_iam_role_policy_attachment.admin_delete_lambda_exec",
            "module.admin_lambdas.aws_iam_role_policy_attachment.admin_get_lambda_exec",
            "module.admin_lambdas.aws_iam_role_policy_attachment.admin_lambda_dynamodb",
            "module.admin_lambdas.aws_iam_role_policy_attachment.admin_register_lambda_exec",
            "module.admin_lambdas.aws_lambda_function.DeleteRegisteredComponent",
            "module.admin_lambdas.aws_lambda_function.GetRegisteredComponents",
            "module.admin_lambdas.aws_lambda_function.RegisterComponentLambda",
            "module.admin_lambdas.aws_lambda_permission.allow_cloudwatch_to_ping_delete_lambda",
            "module.admin_lambdas.aws_lambda_permission.allow_cloudwatch_to_ping_get_lambda",
            "module.admin_lambdas.aws_lambda_permission.allow_cloudwatch_to_ping_register_lambda",
            "module.auth.aws_cognito_identity_pool.seahorse_identity_pool",
            "module.auth.aws_cognito_identity_pool_roles_attachment.seahorse_identity_pool_roles",
            "module.auth.aws_cognito_identity_provider.identity_provider_sso",
            "module.auth.aws_cognito_user_pool.seahorse_user_pool",
            "module.auth.aws_cognito_user_pool_client.seahorse_web_client",
            "module.auth.aws_cognito_user_pool_domain.domain",
            "module.auth.aws_iam_role.auth_web_iam_role",
            "module.auth.aws_iam_role.unauth_web_iam_role",
            "module.auth.aws_iam_role_policy.web_iam_unauth_role_policy",
            "module.web_admin_api.aws_api_gateway_method.admin_api_register_method",
            "module.web_admin_api.aws_api_gateway_resource.admin_api_resource",
            "module.web_admin_api.aws_api_gateway_rest_api.admin_api"
          ]
        }
      ]
    },
    {
      "module": "module.web_admin_api",
      "mode": "managed",
      "type": "aws_api_gateway_integration",
      "name": "mock_options_integration",
      "provider": "provider[\"registry.terraform.io/hashicorp/aws\"]",
      "instances": [
        {
          "schema_version": 0,
          "attributes": {
            "cache_key_parameters": null,
            "cache_namespace": "3ti1ep",
            "connection_id": "",
            "connection_type": "INTERNET",
            "content_handling": "",
            "credentials": "",
            "http_method": "OPTIONS",
            "id": "agi-0r4pevmvt5-3ti1ep-OPTIONS",
            "integration_http_method": "",
            "passthrough_behavior": "WHEN_NO_MATCH",
            "request_parameters": null,
            "request_templates": null,
            "resource_id": "3ti1ep",
            "rest_api_id": "0r4pevmvt5",
            "timeout_milliseconds": 29000,
            "type": "MOCK",
            "uri": ""
          },
          "private": "bnVsbA==",
          "dependencies": [
            "module.acm.aws_acm_certificate.web_cert",
            "module.admin_lambdas.aws_cloudwatch_event_rule.one_minute_ping",
            "module.admin_lambdas.aws_cloudwatch_event_target.ping_delete_lambda_every_one_minute",
            "module.admin_lambdas.aws_cloudwatch_event_target.ping_get_lambda_every_one_minute",
            "module.admin_lambdas.aws_cloudwatch_event_target.ping_register_lambda_every_one_minute",
            "module.admin_lambdas.aws_iam_policy.seahorse_admin_lambdas_exec_policy",
            "module.admin_lambdas.aws_iam_policy.seahorse_delete_lambdas_exec_policy",
            "module.admin_lambdas.aws_iam_policy.seahorse_get_lambdas_exec_policy",
            "module.admin_lambdas.aws_iam_role.seahorse_iam_role_for_lambdas",
            "module.admin_lambdas.aws_iam_role_policy_attachment.admin_delete_lambda_exec",
            "module.admin_lambdas.aws_iam_role_policy_attachment.admin_get_lambda_exec",
            "module.admin_lambdas.aws_iam_role_policy_attachment.admin_lambda_dynamodb",
            "module.admin_lambdas.aws_iam_role_policy_attachment.admin_register_lambda_exec",
            "module.admin_lambdas.aws_lambda_function.DeleteRegisteredComponent",
            "module.admin_lambdas.aws_lambda_function.GetRegisteredComponents",
            "module.admin_lambdas.aws_lambda_function.RegisterComponentLambda",
            "module.admin_lambdas.aws_lambda_permission.allow_cloudwatch_to_ping_delete_lambda",
            "module.admin_lambdas.aws_lambda_permission.allow_cloudwatch_to_ping_get_lambda",
            "module.admin_lambdas.aws_lambda_permission.allow_cloudwatch_to_ping_register_lambda",
            "module.auth.aws_cognito_identity_pool.seahorse_identity_pool",
            "module.auth.aws_cognito_identity_pool_roles_attachment.seahorse_identity_pool_roles",
            "module.auth.aws_cognito_identity_provider.identity_provider_sso",
            "module.auth.aws_cognito_user_pool.seahorse_user_pool",
            "module.auth.aws_cognito_user_pool_client.seahorse_web_client",
            "module.auth.aws_cognito_user_pool_domain.domain",
            "module.auth.aws_iam_role.auth_web_iam_role",
            "module.auth.aws_iam_role.unauth_web_iam_role",
            "module.auth.aws_iam_role_policy.web_iam_unauth_role_policy",
            "module.web_admin_api.aws_api_gateway_method.mock_options_method",
            "module.web_admin_api.aws_api_gateway_resource.admin_api_resource",
            "module.web_admin_api.aws_api_gateway_rest_api.admin_api"
          ]
        }
      ]
    },
    {
      "module": "module.web_admin_api",
      "mode": "managed",
      "type": "aws_api_gateway_integration_response",
      "name": "admin_api_delete_integration_response",
      "provider": "provider[\"registry.terraform.io/hashicorp/aws\"]",
      "instances": [
        {
          "schema_version": 0,
          "attributes": {
            "content_handling": "",
            "http_method": "DELETE",
            "id": "agir-0r4pevmvt5-3ti1ep-DELETE-200",
            "resource_id": "3ti1ep",
            "response_parameters": {
              "method.response.header.Access-Control-Allow-Origin": "'*'"
            },
            "response_templates": null,
            "rest_api_id": "0r4pevmvt5",
            "selection_pattern": "",
            "status_code": "200"
          },
          "private": "bnVsbA==",
          "dependencies": [
            "module.acm.aws_acm_certificate.web_cert",
            "module.admin_lambdas.aws_cloudwatch_event_rule.one_minute_ping",
            "module.admin_lambdas.aws_cloudwatch_event_target.ping_delete_lambda_every_one_minute",
            "module.admin_lambdas.aws_cloudwatch_event_target.ping_get_lambda_every_one_minute",
            "module.admin_lambdas.aws_cloudwatch_event_target.ping_register_lambda_every_one_minute",
            "module.admin_lambdas.aws_iam_policy.seahorse_admin_lambdas_exec_policy",
            "module.admin_lambdas.aws_iam_policy.seahorse_delete_lambdas_exec_policy",
            "module.admin_lambdas.aws_iam_policy.seahorse_get_lambdas_exec_policy",
            "module.admin_lambdas.aws_iam_role.seahorse_iam_role_for_lambdas",
            "module.admin_lambdas.aws_iam_role_policy_attachment.admin_delete_lambda_exec",
            "module.admin_lambdas.aws_iam_role_policy_attachment.admin_get_lambda_exec",
            "module.admin_lambdas.aws_iam_role_policy_attachment.admin_lambda_dynamodb",
            "module.admin_lambdas.aws_iam_role_policy_attachment.admin_register_lambda_exec",
            "module.admin_lambdas.aws_lambda_function.DeleteRegisteredComponent",
            "module.admin_lambdas.aws_lambda_function.GetRegisteredComponents",
            "module.admin_lambdas.aws_lambda_function.RegisterComponentLambda",
            "module.admin_lambdas.aws_lambda_permission.allow_cloudwatch_to_ping_delete_lambda",
            "module.admin_lambdas.aws_lambda_permission.allow_cloudwatch_to_ping_get_lambda",
            "module.admin_lambdas.aws_lambda_permission.allow_cloudwatch_to_ping_register_lambda",
            "module.auth.aws_cognito_identity_pool.seahorse_identity_pool",
            "module.auth.aws_cognito_identity_pool_roles_attachment.seahorse_identity_pool_roles",
            "module.auth.aws_cognito_identity_provider.identity_provider_sso",
            "module.auth.aws_cognito_user_pool.seahorse_user_pool",
            "module.auth.aws_cognito_user_pool_client.seahorse_web_client",
            "module.auth.aws_cognito_user_pool_domain.domain",
            "module.auth.aws_iam_role.auth_web_iam_role",
            "module.auth.aws_iam_role.unauth_web_iam_role",
            "module.auth.aws_iam_role_policy.web_iam_unauth_role_policy",
            "module.web_admin_api.aws_api_gateway_integration.admin_api_delete_method_integration",
            "module.web_admin_api.aws_api_gateway_method.admin_api_delete_method",
            "module.web_admin_api.aws_api_gateway_method_response.admin_api_delete_method_response",
            "module.web_admin_api.aws_api_gateway_resource.admin_api_resource",
            "module.web_admin_api.aws_api_gateway_rest_api.admin_api"
          ]
        }
      ]
    },
    {
      "module": "module.web_admin_api",
      "mode": "managed",
      "type": "aws_api_gateway_integration_response",
      "name": "admin_api_get_integration_response",
      "provider": "provider[\"registry.terraform.io/hashicorp/aws\"]",
      "instances": [
        {
          "schema_version": 0,
          "attributes": {
            "content_handling": "",
            "http_method": "GET",
            "id": "agir-0r4pevmvt5-3ti1ep-GET-200",
            "resource_id": "3ti1ep",
            "response_parameters": {
              "method.response.header.Access-Control-Allow-Origin": "'*'"
            },
            "response_templates": null,
            "rest_api_id": "0r4pevmvt5",
            "selection_pattern": "",
            "status_code": "200"
          },
          "private": "bnVsbA==",
          "dependencies": [
            "module.acm.aws_acm_certificate.web_cert",
            "module.admin_lambdas.aws_cloudwatch_event_rule.one_minute_ping",
            "module.admin_lambdas.aws_cloudwatch_event_target.ping_delete_lambda_every_one_minute",
            "module.admin_lambdas.aws_cloudwatch_event_target.ping_get_lambda_every_one_minute",
            "module.admin_lambdas.aws_cloudwatch_event_target.ping_register_lambda_every_one_minute",
            "module.admin_lambdas.aws_iam_policy.seahorse_admin_lambdas_exec_policy",
            "module.admin_lambdas.aws_iam_policy.seahorse_delete_lambdas_exec_policy",
            "module.admin_lambdas.aws_iam_policy.seahorse_get_lambdas_exec_policy",
            "module.admin_lambdas.aws_iam_role.seahorse_iam_role_for_lambdas",
            "module.admin_lambdas.aws_iam_role_policy_attachment.admin_delete_lambda_exec",
            "module.admin_lambdas.aws_iam_role_policy_attachment.admin_get_lambda_exec",
            "module.admin_lambdas.aws_iam_role_policy_attachment.admin_lambda_dynamodb",
            "module.admin_lambdas.aws_iam_role_policy_attachment.admin_register_lambda_exec",
            "module.admin_lambdas.aws_lambda_function.DeleteRegisteredComponent",
            "module.admin_lambdas.aws_lambda_function.GetRegisteredComponents",
            "module.admin_lambdas.aws_lambda_function.RegisterComponentLambda",
            "module.admin_lambdas.aws_lambda_permission.allow_cloudwatch_to_ping_delete_lambda",
            "module.admin_lambdas.aws_lambda_permission.allow_cloudwatch_to_ping_get_lambda",
            "module.admin_lambdas.aws_lambda_permission.allow_cloudwatch_to_ping_register_lambda",
            "module.auth.aws_cognito_identity_pool.seahorse_identity_pool",
            "module.auth.aws_cognito_identity_pool_roles_attachment.seahorse_identity_pool_roles",
            "module.auth.aws_cognito_identity_provider.identity_provider_sso",
            "module.auth.aws_cognito_user_pool.seahorse_user_pool",
            "module.auth.aws_cognito_user_pool_client.seahorse_web_client",
            "module.auth.aws_cognito_user_pool_domain.domain",
            "module.auth.aws_iam_role.auth_web_iam_role",
            "module.auth.aws_iam_role.unauth_web_iam_role",
            "module.auth.aws_iam_role_policy.web_iam_unauth_role_policy",
            "module.web_admin_api.aws_api_gateway_integration.admin_api_get_method_integration",
            "module.web_admin_api.aws_api_gateway_method.admin_api_get_method",
            "module.web_admin_api.aws_api_gateway_method_response.admin_api_get_method_response",
            "module.web_admin_api.aws_api_gateway_resource.admin_api_resource",
            "module.web_admin_api.aws_api_gateway_rest_api.admin_api"
          ]
        }
      ]
    },
    {
      "module": "module.web_admin_api",
      "mode": "managed",
      "type": "aws_api_gateway_integration_response",
      "name": "admin_api_register_integration_response",
      "provider": "provider[\"registry.terraform.io/hashicorp/aws\"]",
      "instances": [
        {
          "schema_version": 0,
          "attributes": {
            "content_handling": "",
            "http_method": "POST",
            "id": "agir-0r4pevmvt5-3ti1ep-POST-200",
            "resource_id": "3ti1ep",
            "response_parameters": {
              "method.response.header.Access-Control-Allow-Origin": "'*'"
            },
            "response_templates": null,
            "rest_api_id": "0r4pevmvt5",
            "selection_pattern": "",
            "status_code": "200"
          },
          "private": "bnVsbA==",
          "dependencies": [
            "module.acm.aws_acm_certificate.web_cert",
            "module.admin_lambdas.aws_cloudwatch_event_rule.one_minute_ping",
            "module.admin_lambdas.aws_cloudwatch_event_target.ping_delete_lambda_every_one_minute",
            "module.admin_lambdas.aws_cloudwatch_event_target.ping_get_lambda_every_one_minute",
            "module.admin_lambdas.aws_cloudwatch_event_target.ping_register_lambda_every_one_minute",
            "module.admin_lambdas.aws_iam_policy.seahorse_admin_lambdas_exec_policy",
            "module.admin_lambdas.aws_iam_policy.seahorse_delete_lambdas_exec_policy",
            "module.admin_lambdas.aws_iam_policy.seahorse_get_lambdas_exec_policy",
            "module.admin_lambdas.aws_iam_role.seahorse_iam_role_for_lambdas",
            "module.admin_lambdas.aws_iam_role_policy_attachment.admin_delete_lambda_exec",
            "module.admin_lambdas.aws_iam_role_policy_attachment.admin_get_lambda_exec",
            "module.admin_lambdas.aws_iam_role_policy_attachment.admin_lambda_dynamodb",
            "module.admin_lambdas.aws_iam_role_policy_attachment.admin_register_lambda_exec",
            "module.admin_lambdas.aws_lambda_function.DeleteRegisteredComponent",
            "module.admin_lambdas.aws_lambda_function.GetRegisteredComponents",
            "module.admin_lambdas.aws_lambda_function.RegisterComponentLambda",
            "module.admin_lambdas.aws_lambda_permission.allow_cloudwatch_to_ping_delete_lambda",
            "module.admin_lambdas.aws_lambda_permission.allow_cloudwatch_to_ping_get_lambda",
            "module.admin_lambdas.aws_lambda_permission.allow_cloudwatch_to_ping_register_lambda",
            "module.auth.aws_cognito_identity_pool.seahorse_identity_pool",
            "module.auth.aws_cognito_identity_pool_roles_attachment.seahorse_identity_pool_roles",
            "module.auth.aws_cognito_identity_provider.identity_provider_sso",
            "module.auth.aws_cognito_user_pool.seahorse_user_pool",
            "module.auth.aws_cognito_user_pool_client.seahorse_web_client",
            "module.auth.aws_cognito_user_pool_domain.domain",
            "module.auth.aws_iam_role.auth_web_iam_role",
            "module.auth.aws_iam_role.unauth_web_iam_role",
            "module.auth.aws_iam_role_policy.web_iam_unauth_role_policy",
            "module.web_admin_api.aws_api_gateway_integration.admin_api_register_method_integration",
            "module.web_admin_api.aws_api_gateway_method.admin_api_register_method",
            "module.web_admin_api.aws_api_gateway_method_response.admin_api_register_method_response",
            "module.web_admin_api.aws_api_gateway_resource.admin_api_resource",
            "module.web_admin_api.aws_api_gateway_rest_api.admin_api"
          ]
        }
      ]
    },
    {
      "module": "module.web_admin_api",
      "mode": "managed",
      "type": "aws_api_gateway_integration_response",
      "name": "mock_options_integration_response",
      "provider": "provider[\"registry.terraform.io/hashicorp/aws\"]",
      "instances": [
        {
          "schema_version": 0,
          "attributes": {
            "content_handling": "",
            "http_method": "OPTIONS",
            "id": "agir-0r4pevmvt5-3ti1ep-OPTIONS-200",
            "resource_id": "3ti1ep",
            "response_parameters": {
              "method.response.header.Access-Control-Allow-Headers": "'Content-Type,X-Amz-Date,Authorization,X-Api-Key,X-Amz-Security-Token'",
              "method.response.header.Access-Control-Allow-Methods": "'GET, OPTIONS, POST'",
              "method.response.header.Access-Control-Allow-Origin": "'*'"
            },
            "response_templates": null,
            "rest_api_id": "0r4pevmvt5",
            "selection_pattern": "",
            "status_code": "200"
          },
          "private": "bnVsbA==",
          "dependencies": [
            "module.acm.aws_acm_certificate.web_cert",
            "module.admin_lambdas.aws_cloudwatch_event_rule.one_minute_ping",
            "module.admin_lambdas.aws_cloudwatch_event_target.ping_delete_lambda_every_one_minute",
            "module.admin_lambdas.aws_cloudwatch_event_target.ping_get_lambda_every_one_minute",
            "module.admin_lambdas.aws_cloudwatch_event_target.ping_register_lambda_every_one_minute",
            "module.admin_lambdas.aws_iam_policy.seahorse_admin_lambdas_exec_policy",
            "module.admin_lambdas.aws_iam_policy.seahorse_delete_lambdas_exec_policy",
            "module.admin_lambdas.aws_iam_policy.seahorse_get_lambdas_exec_policy",
            "module.admin_lambdas.aws_iam_role.seahorse_iam_role_for_lambdas",
            "module.admin_lambdas.aws_iam_role_policy_attachment.admin_delete_lambda_exec",
            "module.admin_lambdas.aws_iam_role_policy_attachment.admin_get_lambda_exec",
            "module.admin_lambdas.aws_iam_role_policy_attachment.admin_lambda_dynamodb",
            "module.admin_lambdas.aws_iam_role_policy_attachment.admin_register_lambda_exec",
            "module.admin_lambdas.aws_lambda_function.DeleteRegisteredComponent",
            "module.admin_lambdas.aws_lambda_function.GetRegisteredComponents",
            "module.admin_lambdas.aws_lambda_function.RegisterComponentLambda",
            "module.admin_lambdas.aws_lambda_permission.allow_cloudwatch_to_ping_delete_lambda",
            "module.admin_lambdas.aws_lambda_permission.allow_cloudwatch_to_ping_get_lambda",
            "module.admin_lambdas.aws_lambda_permission.allow_cloudwatch_to_ping_register_lambda",
            "module.auth.aws_cognito_identity_pool.seahorse_identity_pool",
            "module.auth.aws_cognito_identity_pool_roles_attachment.seahorse_identity_pool_roles",
            "module.auth.aws_cognito_identity_provider.identity_provider_sso",
            "module.auth.aws_cognito_user_pool.seahorse_user_pool",
            "module.auth.aws_cognito_user_pool_client.seahorse_web_client",
            "module.auth.aws_cognito_user_pool_domain.domain",
            "module.auth.aws_iam_role.auth_web_iam_role",
            "module.auth.aws_iam_role.unauth_web_iam_role",
            "module.auth.aws_iam_role_policy.web_iam_unauth_role_policy",
            "module.web_admin_api.aws_api_gateway_integration.mock_options_integration",
            "module.web_admin_api.aws_api_gateway_method.mock_options_method",
            "module.web_admin_api.aws_api_gateway_method_response.mock_options_response",
            "module.web_admin_api.aws_api_gateway_resource.admin_api_resource",
            "module.web_admin_api.aws_api_gateway_rest_api.admin_api"
          ]
        }
      ]
    },
    {
      "module": "module.web_admin_api",
      "mode": "managed",
      "type": "aws_api_gateway_method",
      "name": "admin_api_delete_method",
      "provider": "provider[\"registry.terraform.io/hashicorp/aws\"]",
      "instances": [
        {
          "schema_version": 0,
          "attributes": {
            "api_key_required": false,
            "authorization": "NONE",
            "authorization_scopes": null,
            "authorizer_id": null,
            "http_method": "DELETE",
            "id": "agm-0r4pevmvt5-3ti1ep-DELETE",
            "request_models": {
              "application/json": "Empty"
            },
            "request_parameters": {
              "method.request.header.Content-Type": true
            },
            "request_validator_id": null,
            "resource_id": "3ti1ep",
            "rest_api_id": "0r4pevmvt5"
          },
          "private": "bnVsbA==",
          "dependencies": [
            "module.acm.aws_acm_certificate.web_cert",
            "module.admin_lambdas.aws_cloudwatch_event_rule.one_minute_ping",
            "module.admin_lambdas.aws_cloudwatch_event_target.ping_delete_lambda_every_one_minute",
            "module.admin_lambdas.aws_cloudwatch_event_target.ping_get_lambda_every_one_minute",
            "module.admin_lambdas.aws_cloudwatch_event_target.ping_register_lambda_every_one_minute",
            "module.admin_lambdas.aws_iam_policy.seahorse_admin_lambdas_exec_policy",
            "module.admin_lambdas.aws_iam_policy.seahorse_delete_lambdas_exec_policy",
            "module.admin_lambdas.aws_iam_policy.seahorse_get_lambdas_exec_policy",
            "module.admin_lambdas.aws_iam_role.seahorse_iam_role_for_lambdas",
            "module.admin_lambdas.aws_iam_role_policy_attachment.admin_delete_lambda_exec",
            "module.admin_lambdas.aws_iam_role_policy_attachment.admin_get_lambda_exec",
            "module.admin_lambdas.aws_iam_role_policy_attachment.admin_lambda_dynamodb",
            "module.admin_lambdas.aws_iam_role_policy_attachment.admin_register_lambda_exec",
            "module.admin_lambdas.aws_lambda_function.DeleteRegisteredComponent",
            "module.admin_lambdas.aws_lambda_function.GetRegisteredComponents",
            "module.admin_lambdas.aws_lambda_function.RegisterComponentLambda",
            "module.admin_lambdas.aws_lambda_permission.allow_cloudwatch_to_ping_delete_lambda",
            "module.admin_lambdas.aws_lambda_permission.allow_cloudwatch_to_ping_get_lambda",
            "module.admin_lambdas.aws_lambda_permission.allow_cloudwatch_to_ping_register_lambda",
            "module.auth.aws_cognito_identity_pool.seahorse_identity_pool",
            "module.auth.aws_cognito_identity_pool_roles_attachment.seahorse_identity_pool_roles",
            "module.auth.aws_cognito_identity_provider.identity_provider_sso",
            "module.auth.aws_cognito_user_pool.seahorse_user_pool",
            "module.auth.aws_cognito_user_pool_client.seahorse_web_client",
            "module.auth.aws_cognito_user_pool_domain.domain",
            "module.auth.aws_iam_role.auth_web_iam_role",
            "module.auth.aws_iam_role.unauth_web_iam_role",
            "module.auth.aws_iam_role_policy.web_iam_unauth_role_policy",
            "module.web_admin_api.aws_api_gateway_resource.admin_api_resource",
            "module.web_admin_api.aws_api_gateway_rest_api.admin_api"
          ]
        }
      ]
    },
    {
      "module": "module.web_admin_api",
      "mode": "managed",
      "type": "aws_api_gateway_method",
      "name": "admin_api_get_method",
      "provider": "provider[\"registry.terraform.io/hashicorp/aws\"]",
      "instances": [
        {
          "schema_version": 0,
          "attributes": {
            "api_key_required": false,
            "authorization": "NONE",
            "authorization_scopes": null,
            "authorizer_id": null,
            "http_method": "GET",
            "id": "agm-0r4pevmvt5-3ti1ep-GET",
            "request_models": {
              "application/json": "Empty"
            },
            "request_parameters": {
              "method.request.header.Content-Type": true
            },
            "request_validator_id": null,
            "resource_id": "3ti1ep",
            "rest_api_id": "0r4pevmvt5"
          },
          "private": "bnVsbA==",
          "dependencies": [
            "module.acm.aws_acm_certificate.web_cert",
            "module.admin_lambdas.aws_cloudwatch_event_rule.one_minute_ping",
            "module.admin_lambdas.aws_cloudwatch_event_target.ping_delete_lambda_every_one_minute",
            "module.admin_lambdas.aws_cloudwatch_event_target.ping_get_lambda_every_one_minute",
            "module.admin_lambdas.aws_cloudwatch_event_target.ping_register_lambda_every_one_minute",
            "module.admin_lambdas.aws_iam_policy.seahorse_admin_lambdas_exec_policy",
            "module.admin_lambdas.aws_iam_policy.seahorse_delete_lambdas_exec_policy",
            "module.admin_lambdas.aws_iam_policy.seahorse_get_lambdas_exec_policy",
            "module.admin_lambdas.aws_iam_role.seahorse_iam_role_for_lambdas",
            "module.admin_lambdas.aws_iam_role_policy_attachment.admin_delete_lambda_exec",
            "module.admin_lambdas.aws_iam_role_policy_attachment.admin_get_lambda_exec",
            "module.admin_lambdas.aws_iam_role_policy_attachment.admin_lambda_dynamodb",
            "module.admin_lambdas.aws_iam_role_policy_attachment.admin_register_lambda_exec",
            "module.admin_lambdas.aws_lambda_function.DeleteRegisteredComponent",
            "module.admin_lambdas.aws_lambda_function.GetRegisteredComponents",
            "module.admin_lambdas.aws_lambda_function.RegisterComponentLambda",
            "module.admin_lambdas.aws_lambda_permission.allow_cloudwatch_to_ping_delete_lambda",
            "module.admin_lambdas.aws_lambda_permission.allow_cloudwatch_to_ping_get_lambda",
            "module.admin_lambdas.aws_lambda_permission.allow_cloudwatch_to_ping_register_lambda",
            "module.auth.aws_cognito_identity_pool.seahorse_identity_pool",
            "module.auth.aws_cognito_identity_pool_roles_attachment.seahorse_identity_pool_roles",
            "module.auth.aws_cognito_identity_provider.identity_provider_sso",
            "module.auth.aws_cognito_user_pool.seahorse_user_pool",
            "module.auth.aws_cognito_user_pool_client.seahorse_web_client",
            "module.auth.aws_cognito_user_pool_domain.domain",
            "module.auth.aws_iam_role.auth_web_iam_role",
            "module.auth.aws_iam_role.unauth_web_iam_role",
            "module.auth.aws_iam_role_policy.web_iam_unauth_role_policy",
            "module.web_admin_api.aws_api_gateway_resource.admin_api_resource",
            "module.web_admin_api.aws_api_gateway_rest_api.admin_api"
          ]
        }
      ]
    },
    {
      "module": "module.web_admin_api",
      "mode": "managed",
      "type": "aws_api_gateway_method",
      "name": "admin_api_register_method",
      "provider": "provider[\"registry.terraform.io/hashicorp/aws\"]",
      "instances": [
        {
          "schema_version": 0,
          "attributes": {
            "api_key_required": false,
            "authorization": "NONE",
            "authorization_scopes": null,
            "authorizer_id": null,
            "http_method": "POST",
            "id": "agm-0r4pevmvt5-3ti1ep-POST",
            "request_models": {
              "application/json": "Empty"
            },
            "request_parameters": {
              "method.request.header.Content-Type": true
            },
            "request_validator_id": null,
            "resource_id": "3ti1ep",
            "rest_api_id": "0r4pevmvt5"
          },
          "private": "bnVsbA==",
          "dependencies": [
            "module.acm.aws_acm_certificate.web_cert",
            "module.admin_lambdas.aws_cloudwatch_event_rule.one_minute_ping",
            "module.admin_lambdas.aws_cloudwatch_event_target.ping_delete_lambda_every_one_minute",
            "module.admin_lambdas.aws_cloudwatch_event_target.ping_get_lambda_every_one_minute",
            "module.admin_lambdas.aws_cloudwatch_event_target.ping_register_lambda_every_one_minute",
            "module.admin_lambdas.aws_iam_policy.seahorse_admin_lambdas_exec_policy",
            "module.admin_lambdas.aws_iam_policy.seahorse_delete_lambdas_exec_policy",
            "module.admin_lambdas.aws_iam_policy.seahorse_get_lambdas_exec_policy",
            "module.admin_lambdas.aws_iam_role.seahorse_iam_role_for_lambdas",
            "module.admin_lambdas.aws_iam_role_policy_attachment.admin_delete_lambda_exec",
            "module.admin_lambdas.aws_iam_role_policy_attachment.admin_get_lambda_exec",
            "module.admin_lambdas.aws_iam_role_policy_attachment.admin_lambda_dynamodb",
            "module.admin_lambdas.aws_iam_role_policy_attachment.admin_register_lambda_exec",
            "module.admin_lambdas.aws_lambda_function.DeleteRegisteredComponent",
            "module.admin_lambdas.aws_lambda_function.GetRegisteredComponents",
            "module.admin_lambdas.aws_lambda_function.RegisterComponentLambda",
            "module.admin_lambdas.aws_lambda_permission.allow_cloudwatch_to_ping_delete_lambda",
            "module.admin_lambdas.aws_lambda_permission.allow_cloudwatch_to_ping_get_lambda",
            "module.admin_lambdas.aws_lambda_permission.allow_cloudwatch_to_ping_register_lambda",
            "module.auth.aws_cognito_identity_pool.seahorse_identity_pool",
            "module.auth.aws_cognito_identity_pool_roles_attachment.seahorse_identity_pool_roles",
            "module.auth.aws_cognito_identity_provider.identity_provider_sso",
            "module.auth.aws_cognito_user_pool.seahorse_user_pool",
            "module.auth.aws_cognito_user_pool_client.seahorse_web_client",
            "module.auth.aws_cognito_user_pool_domain.domain",
            "module.auth.aws_iam_role.auth_web_iam_role",
            "module.auth.aws_iam_role.unauth_web_iam_role",
            "module.auth.aws_iam_role_policy.web_iam_unauth_role_policy",
            "module.web_admin_api.aws_api_gateway_resource.admin_api_resource",
            "module.web_admin_api.aws_api_gateway_rest_api.admin_api"
          ]
        }
      ]
    },
    {
      "module": "module.web_admin_api",
      "mode": "managed",
      "type": "aws_api_gateway_method",
      "name": "mock_options_method",
      "provider": "provider[\"registry.terraform.io/hashicorp/aws\"]",
      "instances": [
        {
          "schema_version": 0,
          "attributes": {
            "api_key_required": false,
            "authorization": "NONE",
            "authorization_scopes": null,
            "authorizer_id": null,
            "http_method": "OPTIONS",
            "id": "agm-0r4pevmvt5-3ti1ep-OPTIONS",
            "request_models": null,
            "request_parameters": null,
            "request_validator_id": null,
            "resource_id": "3ti1ep",
            "rest_api_id": "0r4pevmvt5"
          },
          "private": "bnVsbA==",
          "dependencies": [
            "module.acm.aws_acm_certificate.web_cert",
            "module.admin_lambdas.aws_cloudwatch_event_rule.one_minute_ping",
            "module.admin_lambdas.aws_cloudwatch_event_target.ping_delete_lambda_every_one_minute",
            "module.admin_lambdas.aws_cloudwatch_event_target.ping_get_lambda_every_one_minute",
            "module.admin_lambdas.aws_cloudwatch_event_target.ping_register_lambda_every_one_minute",
            "module.admin_lambdas.aws_iam_policy.seahorse_admin_lambdas_exec_policy",
            "module.admin_lambdas.aws_iam_policy.seahorse_delete_lambdas_exec_policy",
            "module.admin_lambdas.aws_iam_policy.seahorse_get_lambdas_exec_policy",
            "module.admin_lambdas.aws_iam_role.seahorse_iam_role_for_lambdas",
            "module.admin_lambdas.aws_iam_role_policy_attachment.admin_delete_lambda_exec",
            "module.admin_lambdas.aws_iam_role_policy_attachment.admin_get_lambda_exec",
            "module.admin_lambdas.aws_iam_role_policy_attachment.admin_lambda_dynamodb",
            "module.admin_lambdas.aws_iam_role_policy_attachment.admin_register_lambda_exec",
            "module.admin_lambdas.aws_lambda_function.DeleteRegisteredComponent",
            "module.admin_lambdas.aws_lambda_function.GetRegisteredComponents",
            "module.admin_lambdas.aws_lambda_function.RegisterComponentLambda",
            "module.admin_lambdas.aws_lambda_permission.allow_cloudwatch_to_ping_delete_lambda",
            "module.admin_lambdas.aws_lambda_permission.allow_cloudwatch_to_ping_get_lambda",
            "module.admin_lambdas.aws_lambda_permission.allow_cloudwatch_to_ping_register_lambda",
            "module.auth.aws_cognito_identity_pool.seahorse_identity_pool",
            "module.auth.aws_cognito_identity_pool_roles_attachment.seahorse_identity_pool_roles",
            "module.auth.aws_cognito_identity_provider.identity_provider_sso",
            "module.auth.aws_cognito_user_pool.seahorse_user_pool",
            "module.auth.aws_cognito_user_pool_client.seahorse_web_client",
            "module.auth.aws_cognito_user_pool_domain.domain",
            "module.auth.aws_iam_role.auth_web_iam_role",
            "module.auth.aws_iam_role.unauth_web_iam_role",
            "module.auth.aws_iam_role_policy.web_iam_unauth_role_policy",
            "module.web_admin_api.aws_api_gateway_resource.admin_api_resource",
            "module.web_admin_api.aws_api_gateway_rest_api.admin_api"
          ]
        }
      ]
    },
    {
      "module": "module.web_admin_api",
      "mode": "managed",
      "type": "aws_api_gateway_method_response",
      "name": "admin_api_delete_method_response",
      "provider": "provider[\"registry.terraform.io/hashicorp/aws\"]",
      "instances": [
        {
          "schema_version": 0,
          "attributes": {
            "http_method": "DELETE",
            "id": "agmr-0r4pevmvt5-3ti1ep-DELETE-200",
            "resource_id": "3ti1ep",
            "response_models": null,
            "response_parameters": {
              "method.response.header.Access-Control-Allow-Origin": true
            },
            "rest_api_id": "0r4pevmvt5",
            "status_code": "200"
          },
          "private": "bnVsbA==",
          "dependencies": [
            "module.acm.aws_acm_certificate.web_cert",
            "module.admin_lambdas.aws_cloudwatch_event_rule.one_minute_ping",
            "module.admin_lambdas.aws_cloudwatch_event_target.ping_delete_lambda_every_one_minute",
            "module.admin_lambdas.aws_cloudwatch_event_target.ping_get_lambda_every_one_minute",
            "module.admin_lambdas.aws_cloudwatch_event_target.ping_register_lambda_every_one_minute",
            "module.admin_lambdas.aws_iam_policy.seahorse_admin_lambdas_exec_policy",
            "module.admin_lambdas.aws_iam_policy.seahorse_delete_lambdas_exec_policy",
            "module.admin_lambdas.aws_iam_policy.seahorse_get_lambdas_exec_policy",
            "module.admin_lambdas.aws_iam_role.seahorse_iam_role_for_lambdas",
            "module.admin_lambdas.aws_iam_role_policy_attachment.admin_delete_lambda_exec",
            "module.admin_lambdas.aws_iam_role_policy_attachment.admin_get_lambda_exec",
            "module.admin_lambdas.aws_iam_role_policy_attachment.admin_lambda_dynamodb",
            "module.admin_lambdas.aws_iam_role_policy_attachment.admin_register_lambda_exec",
            "module.admin_lambdas.aws_lambda_function.DeleteRegisteredComponent",
            "module.admin_lambdas.aws_lambda_function.GetRegisteredComponents",
            "module.admin_lambdas.aws_lambda_function.RegisterComponentLambda",
            "module.admin_lambdas.aws_lambda_permission.allow_cloudwatch_to_ping_delete_lambda",
            "module.admin_lambdas.aws_lambda_permission.allow_cloudwatch_to_ping_get_lambda",
            "module.admin_lambdas.aws_lambda_permission.allow_cloudwatch_to_ping_register_lambda",
            "module.auth.aws_cognito_identity_pool.seahorse_identity_pool",
            "module.auth.aws_cognito_identity_pool_roles_attachment.seahorse_identity_pool_roles",
            "module.auth.aws_cognito_identity_provider.identity_provider_sso",
            "module.auth.aws_cognito_user_pool.seahorse_user_pool",
            "module.auth.aws_cognito_user_pool_client.seahorse_web_client",
            "module.auth.aws_cognito_user_pool_domain.domain",
            "module.auth.aws_iam_role.auth_web_iam_role",
            "module.auth.aws_iam_role.unauth_web_iam_role",
            "module.auth.aws_iam_role_policy.web_iam_unauth_role_policy",
            "module.web_admin_api.aws_api_gateway_method.admin_api_delete_method",
            "module.web_admin_api.aws_api_gateway_resource.admin_api_resource",
            "module.web_admin_api.aws_api_gateway_rest_api.admin_api"
          ]
        }
      ]
    },
    {
      "module": "module.web_admin_api",
      "mode": "managed",
      "type": "aws_api_gateway_method_response",
      "name": "admin_api_get_method_response",
      "provider": "provider[\"registry.terraform.io/hashicorp/aws\"]",
      "instances": [
        {
          "schema_version": 0,
          "attributes": {
            "http_method": "GET",
            "id": "agmr-0r4pevmvt5-3ti1ep-GET-200",
            "resource_id": "3ti1ep",
            "response_models": null,
            "response_parameters": {
              "method.response.header.Access-Control-Allow-Origin": true
            },
            "rest_api_id": "0r4pevmvt5",
            "status_code": "200"
          },
          "private": "bnVsbA==",
          "dependencies": [
            "module.acm.aws_acm_certificate.web_cert",
            "module.admin_lambdas.aws_cloudwatch_event_rule.one_minute_ping",
            "module.admin_lambdas.aws_cloudwatch_event_target.ping_delete_lambda_every_one_minute",
            "module.admin_lambdas.aws_cloudwatch_event_target.ping_get_lambda_every_one_minute",
            "module.admin_lambdas.aws_cloudwatch_event_target.ping_register_lambda_every_one_minute",
            "module.admin_lambdas.aws_iam_policy.seahorse_admin_lambdas_exec_policy",
            "module.admin_lambdas.aws_iam_policy.seahorse_delete_lambdas_exec_policy",
            "module.admin_lambdas.aws_iam_policy.seahorse_get_lambdas_exec_policy",
            "module.admin_lambdas.aws_iam_role.seahorse_iam_role_for_lambdas",
            "module.admin_lambdas.aws_iam_role_policy_attachment.admin_delete_lambda_exec",
            "module.admin_lambdas.aws_iam_role_policy_attachment.admin_get_lambda_exec",
            "module.admin_lambdas.aws_iam_role_policy_attachment.admin_lambda_dynamodb",
            "module.admin_lambdas.aws_iam_role_policy_attachment.admin_register_lambda_exec",
            "module.admin_lambdas.aws_lambda_function.DeleteRegisteredComponent",
            "module.admin_lambdas.aws_lambda_function.GetRegisteredComponents",
            "module.admin_lambdas.aws_lambda_function.RegisterComponentLambda",
            "module.admin_lambdas.aws_lambda_permission.allow_cloudwatch_to_ping_delete_lambda",
            "module.admin_lambdas.aws_lambda_permission.allow_cloudwatch_to_ping_get_lambda",
            "module.admin_lambdas.aws_lambda_permission.allow_cloudwatch_to_ping_register_lambda",
            "module.auth.aws_cognito_identity_pool.seahorse_identity_pool",
            "module.auth.aws_cognito_identity_pool_roles_attachment.seahorse_identity_pool_roles",
            "module.auth.aws_cognito_identity_provider.identity_provider_sso",
            "module.auth.aws_cognito_user_pool.seahorse_user_pool",
            "module.auth.aws_cognito_user_pool_client.seahorse_web_client",
            "module.auth.aws_cognito_user_pool_domain.domain",
            "module.auth.aws_iam_role.auth_web_iam_role",
            "module.auth.aws_iam_role.unauth_web_iam_role",
            "module.auth.aws_iam_role_policy.web_iam_unauth_role_policy",
            "module.web_admin_api.aws_api_gateway_method.admin_api_get_method",
            "module.web_admin_api.aws_api_gateway_resource.admin_api_resource",
            "module.web_admin_api.aws_api_gateway_rest_api.admin_api"
          ]
        }
      ]
    },
    {
      "module": "module.web_admin_api",
      "mode": "managed",
      "type": "aws_api_gateway_method_response",
      "name": "admin_api_register_method_response",
      "provider": "provider[\"registry.terraform.io/hashicorp/aws\"]",
      "instances": [
        {
          "schema_version": 0,
          "attributes": {
            "http_method": "POST",
            "id": "agmr-0r4pevmvt5-3ti1ep-POST-200",
            "resource_id": "3ti1ep",
            "response_models": null,
            "response_parameters": {
              "method.response.header.Access-Control-Allow-Origin": true
            },
            "rest_api_id": "0r4pevmvt5",
            "status_code": "200"
          },
          "private": "bnVsbA==",
          "dependencies": [
            "module.acm.aws_acm_certificate.web_cert",
            "module.admin_lambdas.aws_cloudwatch_event_rule.one_minute_ping",
            "module.admin_lambdas.aws_cloudwatch_event_target.ping_delete_lambda_every_one_minute",
            "module.admin_lambdas.aws_cloudwatch_event_target.ping_get_lambda_every_one_minute",
            "module.admin_lambdas.aws_cloudwatch_event_target.ping_register_lambda_every_one_minute",
            "module.admin_lambdas.aws_iam_policy.seahorse_admin_lambdas_exec_policy",
            "module.admin_lambdas.aws_iam_policy.seahorse_delete_lambdas_exec_policy",
            "module.admin_lambdas.aws_iam_policy.seahorse_get_lambdas_exec_policy",
            "module.admin_lambdas.aws_iam_role.seahorse_iam_role_for_lambdas",
            "module.admin_lambdas.aws_iam_role_policy_attachment.admin_delete_lambda_exec",
            "module.admin_lambdas.aws_iam_role_policy_attachment.admin_get_lambda_exec",
            "module.admin_lambdas.aws_iam_role_policy_attachment.admin_lambda_dynamodb",
            "module.admin_lambdas.aws_iam_role_policy_attachment.admin_register_lambda_exec",
            "module.admin_lambdas.aws_lambda_function.DeleteRegisteredComponent",
            "module.admin_lambdas.aws_lambda_function.GetRegisteredComponents",
            "module.admin_lambdas.aws_lambda_function.RegisterComponentLambda",
            "module.admin_lambdas.aws_lambda_permission.allow_cloudwatch_to_ping_delete_lambda",
            "module.admin_lambdas.aws_lambda_permission.allow_cloudwatch_to_ping_get_lambda",
            "module.admin_lambdas.aws_lambda_permission.allow_cloudwatch_to_ping_register_lambda",
            "module.auth.aws_cognito_identity_pool.seahorse_identity_pool",
            "module.auth.aws_cognito_identity_pool_roles_attachment.seahorse_identity_pool_roles",
            "module.auth.aws_cognito_identity_provider.identity_provider_sso",
            "module.auth.aws_cognito_user_pool.seahorse_user_pool",
            "module.auth.aws_cognito_user_pool_client.seahorse_web_client",
            "module.auth.aws_cognito_user_pool_domain.domain",
            "module.auth.aws_iam_role.auth_web_iam_role",
            "module.auth.aws_iam_role.unauth_web_iam_role",
            "module.auth.aws_iam_role_policy.web_iam_unauth_role_policy",
            "module.web_admin_api.aws_api_gateway_method.admin_api_register_method",
            "module.web_admin_api.aws_api_gateway_resource.admin_api_resource",
            "module.web_admin_api.aws_api_gateway_rest_api.admin_api"
          ]
        }
      ]
    },
    {
      "module": "module.web_admin_api",
      "mode": "managed",
      "type": "aws_api_gateway_method_response",
      "name": "mock_options_response",
      "provider": "provider[\"registry.terraform.io/hashicorp/aws\"]",
      "instances": [
        {
          "schema_version": 0,
          "attributes": {
            "http_method": "OPTIONS",
            "id": "agmr-0r4pevmvt5-3ti1ep-OPTIONS-200",
            "resource_id": "3ti1ep",
            "response_models": {
              "application/json": "Empty"
            },
            "response_parameters": {
              "method.response.header.Access-Control-Allow-Headers": true,
              "method.response.header.Access-Control-Allow-Methods": true,
              "method.response.header.Access-Control-Allow-Origin": true
            },
            "rest_api_id": "0r4pevmvt5",
            "status_code": "200"
          },
          "private": "bnVsbA==",
          "dependencies": [
            "module.acm.aws_acm_certificate.web_cert",
            "module.admin_lambdas.aws_cloudwatch_event_rule.one_minute_ping",
            "module.admin_lambdas.aws_cloudwatch_event_target.ping_delete_lambda_every_one_minute",
            "module.admin_lambdas.aws_cloudwatch_event_target.ping_get_lambda_every_one_minute",
            "module.admin_lambdas.aws_cloudwatch_event_target.ping_register_lambda_every_one_minute",
            "module.admin_lambdas.aws_iam_policy.seahorse_admin_lambdas_exec_policy",
            "module.admin_lambdas.aws_iam_policy.seahorse_delete_lambdas_exec_policy",
            "module.admin_lambdas.aws_iam_policy.seahorse_get_lambdas_exec_policy",
            "module.admin_lambdas.aws_iam_role.seahorse_iam_role_for_lambdas",
            "module.admin_lambdas.aws_iam_role_policy_attachment.admin_delete_lambda_exec",
            "module.admin_lambdas.aws_iam_role_policy_attachment.admin_get_lambda_exec",
            "module.admin_lambdas.aws_iam_role_policy_attachment.admin_lambda_dynamodb",
            "module.admin_lambdas.aws_iam_role_policy_attachment.admin_register_lambda_exec",
            "module.admin_lambdas.aws_lambda_function.DeleteRegisteredComponent",
            "module.admin_lambdas.aws_lambda_function.GetRegisteredComponents",
            "module.admin_lambdas.aws_lambda_function.RegisterComponentLambda",
            "module.admin_lambdas.aws_lambda_permission.allow_cloudwatch_to_ping_delete_lambda",
            "module.admin_lambdas.aws_lambda_permission.allow_cloudwatch_to_ping_get_lambda",
            "module.admin_lambdas.aws_lambda_permission.allow_cloudwatch_to_ping_register_lambda",
            "module.auth.aws_cognito_identity_pool.seahorse_identity_pool",
            "module.auth.aws_cognito_identity_pool_roles_attachment.seahorse_identity_pool_roles",
            "module.auth.aws_cognito_identity_provider.identity_provider_sso",
            "module.auth.aws_cognito_user_pool.seahorse_user_pool",
            "module.auth.aws_cognito_user_pool_client.seahorse_web_client",
            "module.auth.aws_cognito_user_pool_domain.domain",
            "module.auth.aws_iam_role.auth_web_iam_role",
            "module.auth.aws_iam_role.unauth_web_iam_role",
            "module.auth.aws_iam_role_policy.web_iam_unauth_role_policy",
            "module.web_admin_api.aws_api_gateway_method.mock_options_method",
            "module.web_admin_api.aws_api_gateway_resource.admin_api_resource",
            "module.web_admin_api.aws_api_gateway_rest_api.admin_api"
          ]
        }
      ]
    },
    {
      "module": "module.web_admin_api",
      "mode": "managed",
      "type": "aws_api_gateway_resource",
      "name": "admin_api_resource",
      "provider": "provider[\"registry.terraform.io/hashicorp/aws\"]",
      "instances": [
        {
          "schema_version": 0,
          "attributes": {
            "id": "3ti1ep",
            "parent_id": "yn3z83ojec",
            "path": "/{proxy+}",
            "path_part": "{proxy+}",
            "rest_api_id": "0r4pevmvt5"
          },
          "private": "bnVsbA==",
          "dependencies": [
            "module.acm.aws_acm_certificate.web_cert",
            "module.admin_lambdas.aws_cloudwatch_event_rule.one_minute_ping",
            "module.admin_lambdas.aws_cloudwatch_event_target.ping_delete_lambda_every_one_minute",
            "module.admin_lambdas.aws_cloudwatch_event_target.ping_get_lambda_every_one_minute",
            "module.admin_lambdas.aws_cloudwatch_event_target.ping_register_lambda_every_one_minute",
            "module.admin_lambdas.aws_iam_policy.seahorse_admin_lambdas_exec_policy",
            "module.admin_lambdas.aws_iam_policy.seahorse_delete_lambdas_exec_policy",
            "module.admin_lambdas.aws_iam_policy.seahorse_get_lambdas_exec_policy",
            "module.admin_lambdas.aws_iam_role.seahorse_iam_role_for_lambdas",
            "module.admin_lambdas.aws_iam_role_policy_attachment.admin_delete_lambda_exec",
            "module.admin_lambdas.aws_iam_role_policy_attachment.admin_get_lambda_exec",
            "module.admin_lambdas.aws_iam_role_policy_attachment.admin_lambda_dynamodb",
            "module.admin_lambdas.aws_iam_role_policy_attachment.admin_register_lambda_exec",
            "module.admin_lambdas.aws_lambda_function.DeleteRegisteredComponent",
            "module.admin_lambdas.aws_lambda_function.GetRegisteredComponents",
            "module.admin_lambdas.aws_lambda_function.RegisterComponentLambda",
            "module.admin_lambdas.aws_lambda_permission.allow_cloudwatch_to_ping_delete_lambda",
            "module.admin_lambdas.aws_lambda_permission.allow_cloudwatch_to_ping_get_lambda",
            "module.admin_lambdas.aws_lambda_permission.allow_cloudwatch_to_ping_register_lambda",
            "module.auth.aws_cognito_identity_pool.seahorse_identity_pool",
            "module.auth.aws_cognito_identity_pool_roles_attachment.seahorse_identity_pool_roles",
            "module.auth.aws_cognito_identity_provider.identity_provider_sso",
            "module.auth.aws_cognito_user_pool.seahorse_user_pool",
            "module.auth.aws_cognito_user_pool_client.seahorse_web_client",
            "module.auth.aws_cognito_user_pool_domain.domain",
            "module.auth.aws_iam_role.auth_web_iam_role",
            "module.auth.aws_iam_role.unauth_web_iam_role",
            "module.auth.aws_iam_role_policy.web_iam_unauth_role_policy",
            "module.web_admin_api.aws_api_gateway_rest_api.admin_api"
          ]
        }
      ]
    },
    {
      "module": "module.web_admin_api",
      "mode": "managed",
      "type": "aws_api_gateway_rest_api",
      "name": "admin_api",
      "provider": "provider[\"registry.terraform.io/hashicorp/aws\"]",
      "instances": [
        {
          "schema_version": 0,
          "attributes": {
            "api_key_source": "HEADER",
            "arn": "arn:aws:apigateway:us-east-1::/restapis/0r4pevmvt5",
            "binary_media_types": null,
            "body": null,
            "created_date": "2021-03-11T13:17:30Z",
            "description": "",
            "endpoint_configuration": [
              {
                "types": [
                  "REGIONAL"
                ],
                "vpc_endpoint_ids": null
              }
            ],
            "execution_arn": "arn:aws:execute-api:us-east-1:522478937547:0r4pevmvt5",
            "id": "0r4pevmvt5",
            "minimum_compression_size": -1,
            "name": "seahorse-admin-api",
            "policy": "",
            "root_resource_id": "yn3z83ojec",
            "tags": null
          },
          "private": "bnVsbA==",
          "dependencies": [
            "module.acm.aws_acm_certificate.web_cert",
            "module.admin_lambdas.aws_cloudwatch_event_rule.one_minute_ping",
            "module.admin_lambdas.aws_cloudwatch_event_target.ping_delete_lambda_every_one_minute",
            "module.admin_lambdas.aws_cloudwatch_event_target.ping_get_lambda_every_one_minute",
            "module.admin_lambdas.aws_cloudwatch_event_target.ping_register_lambda_every_one_minute",
            "module.admin_lambdas.aws_iam_policy.seahorse_admin_lambdas_exec_policy",
            "module.admin_lambdas.aws_iam_policy.seahorse_delete_lambdas_exec_policy",
            "module.admin_lambdas.aws_iam_policy.seahorse_get_lambdas_exec_policy",
            "module.admin_lambdas.aws_iam_role.seahorse_iam_role_for_lambdas",
            "module.admin_lambdas.aws_iam_role_policy_attachment.admin_delete_lambda_exec",
            "module.admin_lambdas.aws_iam_role_policy_attachment.admin_get_lambda_exec",
            "module.admin_lambdas.aws_iam_role_policy_attachment.admin_lambda_dynamodb",
            "module.admin_lambdas.aws_iam_role_policy_attachment.admin_register_lambda_exec",
            "module.admin_lambdas.aws_lambda_function.DeleteRegisteredComponent",
            "module.admin_lambdas.aws_lambda_function.GetRegisteredComponents",
            "module.admin_lambdas.aws_lambda_function.RegisterComponentLambda",
            "module.admin_lambdas.aws_lambda_permission.allow_cloudwatch_to_ping_delete_lambda",
            "module.admin_lambdas.aws_lambda_permission.allow_cloudwatch_to_ping_get_lambda",
            "module.admin_lambdas.aws_lambda_permission.allow_cloudwatch_to_ping_register_lambda",
            "module.auth.aws_cognito_identity_pool.seahorse_identity_pool",
            "module.auth.aws_cognito_identity_pool_roles_attachment.seahorse_identity_pool_roles",
            "module.auth.aws_cognito_identity_provider.identity_provider_sso",
            "module.auth.aws_cognito_user_pool.seahorse_user_pool",
            "module.auth.aws_cognito_user_pool_client.seahorse_web_client",
            "module.auth.aws_cognito_user_pool_domain.domain",
            "module.auth.aws_iam_role.auth_web_iam_role",
            "module.auth.aws_iam_role.unauth_web_iam_role",
            "module.auth.aws_iam_role_policy.web_iam_unauth_role_policy"
          ]
        }
      ]
    },
    {
      "module": "module.web_admin_api",
      "mode": "managed",
      "type": "aws_api_gateway_rest_api_policy",
      "name": "admin_api_policy",
      "provider": "provider[\"registry.terraform.io/hashicorp/aws\"]",
      "instances": [
        {
          "schema_version": 0,
          "attributes": {
            "id": "0r4pevmvt5",
            "policy": "{\"Version\":\"2012-10-17\",\"Statement\":[{\"Effect\":\"Allow\",\"Principal\":\"*\",\"Action\":\"execute-api:Invoke\",\"Resource\":\"arn:aws:execute-api:us-east-1:522478937547:0r4pevmvt5/*/*/*\"},{\"Effect\":\"Deny\",\"Principal\":\"*\",\"Action\":\"execute-api:Invoke\",\"Resource\":\"arn:aws:execute-api:us-east-1:522478937547:0r4pevmvt5/*/*/*\",\"Condition\":{\"NotIpAddress\":{\"aws:SourceIp\":[\"208.89.236.196/32\",\"74.204.251.4/32\",\"74.204.251.5/32\",\"159.18.234.5/32\",\"159.18.234.12/32\",\"208.89.239.4/32\",\"208.89.239.5/32\",\"63.106.110.9/32\",\"63.106.110.14/32\",\"185.84.23.5/32\",\"165.225.39.0/23\",\"165.225.38.0/23\",\"165.225.220.0/23\",\"147.161.166.0/23\"]}}}]}",
            "rest_api_id": "0r4pevmvt5"
          },
          "private": "bnVsbA==",
          "dependencies": [
            "module.acm.aws_acm_certificate.web_cert",
            "module.admin_lambdas.aws_cloudwatch_event_rule.one_minute_ping",
            "module.admin_lambdas.aws_cloudwatch_event_target.ping_delete_lambda_every_one_minute",
            "module.admin_lambdas.aws_cloudwatch_event_target.ping_get_lambda_every_one_minute",
            "module.admin_lambdas.aws_cloudwatch_event_target.ping_register_lambda_every_one_minute",
            "module.admin_lambdas.aws_iam_policy.seahorse_admin_lambdas_exec_policy",
            "module.admin_lambdas.aws_iam_policy.seahorse_delete_lambdas_exec_policy",
            "module.admin_lambdas.aws_iam_policy.seahorse_get_lambdas_exec_policy",
            "module.admin_lambdas.aws_iam_role.seahorse_iam_role_for_lambdas",
            "module.admin_lambdas.aws_iam_role_policy_attachment.admin_delete_lambda_exec",
            "module.admin_lambdas.aws_iam_role_policy_attachment.admin_get_lambda_exec",
            "module.admin_lambdas.aws_iam_role_policy_attachment.admin_lambda_dynamodb",
            "module.admin_lambdas.aws_iam_role_policy_attachment.admin_register_lambda_exec",
            "module.admin_lambdas.aws_lambda_function.DeleteRegisteredComponent",
            "module.admin_lambdas.aws_lambda_function.GetRegisteredComponents",
            "module.admin_lambdas.aws_lambda_function.RegisterComponentLambda",
            "module.admin_lambdas.aws_lambda_permission.allow_cloudwatch_to_ping_delete_lambda",
            "module.admin_lambdas.aws_lambda_permission.allow_cloudwatch_to_ping_get_lambda",
            "module.admin_lambdas.aws_lambda_permission.allow_cloudwatch_to_ping_register_lambda",
            "module.auth.aws_cognito_identity_pool.seahorse_identity_pool",
            "module.auth.aws_cognito_identity_pool_roles_attachment.seahorse_identity_pool_roles",
            "module.auth.aws_cognito_identity_provider.identity_provider_sso",
            "module.auth.aws_cognito_user_pool.seahorse_user_pool",
            "module.auth.aws_cognito_user_pool_client.seahorse_web_client",
            "module.auth.aws_cognito_user_pool_domain.domain",
            "module.auth.aws_iam_role.auth_web_iam_role",
            "module.auth.aws_iam_role.unauth_web_iam_role",
            "module.auth.aws_iam_role_policy.web_iam_unauth_role_policy",
            "module.web_admin_api.aws_api_gateway_rest_api.admin_api"
          ]
        }
      ]
    },
    {
      "module": "module.web_admin_api",
      "mode": "managed",
      "type": "aws_lambda_permission",
      "name": "admin-delete-lambda-permission",
      "provider": "provider[\"registry.terraform.io/hashicorp/aws\"]",
      "instances": [
        {
          "schema_version": 0,
          "attributes": {
            "action": "lambda:InvokeFunction",
            "event_source_token": null,
            "function_name": "DeleteRegisteredComponent",
            "id": "AllowAPIGatewayInvokeGet",
            "principal": "apigateway.amazonaws.com",
            "qualifier": "",
            "source_account": null,
            "source_arn": "arn:aws:execute-api:us-east-1:522478937547:0r4pevmvt5/*/*/*",
            "statement_id": "AllowAPIGatewayInvokeGet",
            "statement_id_prefix": null
          },
          "private": "bnVsbA==",
          "dependencies": [
            "module.acm.aws_acm_certificate.web_cert",
            "module.admin_lambdas.aws_cloudwatch_event_rule.one_minute_ping",
            "module.admin_lambdas.aws_cloudwatch_event_target.ping_delete_lambda_every_one_minute",
            "module.admin_lambdas.aws_cloudwatch_event_target.ping_get_lambda_every_one_minute",
            "module.admin_lambdas.aws_cloudwatch_event_target.ping_register_lambda_every_one_minute",
            "module.admin_lambdas.aws_iam_policy.seahorse_admin_lambdas_exec_policy",
            "module.admin_lambdas.aws_iam_policy.seahorse_delete_lambdas_exec_policy",
            "module.admin_lambdas.aws_iam_policy.seahorse_get_lambdas_exec_policy",
            "module.admin_lambdas.aws_iam_role.seahorse_iam_role_for_lambdas",
            "module.admin_lambdas.aws_iam_role_policy_attachment.admin_delete_lambda_exec",
            "module.admin_lambdas.aws_iam_role_policy_attachment.admin_get_lambda_exec",
            "module.admin_lambdas.aws_iam_role_policy_attachment.admin_lambda_dynamodb",
            "module.admin_lambdas.aws_iam_role_policy_attachment.admin_register_lambda_exec",
            "module.admin_lambdas.aws_lambda_function.DeleteRegisteredComponent",
            "module.admin_lambdas.aws_lambda_function.GetRegisteredComponents",
            "module.admin_lambdas.aws_lambda_function.RegisterComponentLambda",
            "module.admin_lambdas.aws_lambda_permission.allow_cloudwatch_to_ping_delete_lambda",
            "module.admin_lambdas.aws_lambda_permission.allow_cloudwatch_to_ping_get_lambda",
            "module.admin_lambdas.aws_lambda_permission.allow_cloudwatch_to_ping_register_lambda",
            "module.auth.aws_cognito_identity_pool.seahorse_identity_pool",
            "module.auth.aws_cognito_identity_pool_roles_attachment.seahorse_identity_pool_roles",
            "module.auth.aws_cognito_identity_provider.identity_provider_sso",
            "module.auth.aws_cognito_user_pool.seahorse_user_pool",
            "module.auth.aws_cognito_user_pool_client.seahorse_web_client",
            "module.auth.aws_cognito_user_pool_domain.domain",
            "module.auth.aws_iam_role.auth_web_iam_role",
            "module.auth.aws_iam_role.unauth_web_iam_role",
            "module.auth.aws_iam_role_policy.web_iam_unauth_role_policy",
            "module.web_admin_api.aws_api_gateway_deployment.admin_api_deployment",
            "module.web_admin_api.aws_api_gateway_integration.admin_api_get_method_integration",
            "module.web_admin_api.aws_api_gateway_integration.admin_api_register_method_integration",
            "module.web_admin_api.aws_api_gateway_integration.mock_options_integration",
            "module.web_admin_api.aws_api_gateway_integration_response.admin_api_get_integration_response",
            "module.web_admin_api.aws_api_gateway_integration_response.admin_api_register_integration_response",
            "module.web_admin_api.aws_api_gateway_integration_response.mock_options_integration_response",
            "module.web_admin_api.aws_api_gateway_method.admin_api_get_method",
            "module.web_admin_api.aws_api_gateway_method.admin_api_register_method",
            "module.web_admin_api.aws_api_gateway_method.mock_options_method",
            "module.web_admin_api.aws_api_gateway_method_response.admin_api_get_method_response",
            "module.web_admin_api.aws_api_gateway_method_response.admin_api_register_method_response",
            "module.web_admin_api.aws_api_gateway_method_response.mock_options_response",
            "module.web_admin_api.aws_api_gateway_resource.admin_api_resource",
            "module.web_admin_api.aws_api_gateway_rest_api.admin_api"
          ]
        }
      ]
    },
    {
      "module": "module.web_admin_api",
      "mode": "managed",
      "type": "aws_lambda_permission",
      "name": "admin-get-lambda-permission",
      "provider": "provider[\"registry.terraform.io/hashicorp/aws\"]",
      "instances": [
        {
          "schema_version": 0,
          "attributes": {
            "action": "lambda:InvokeFunction",
            "event_source_token": null,
            "function_name": "GetRegisteredComponents",
            "id": "AllowAPIGatewayInvokeGet",
            "principal": "apigateway.amazonaws.com",
            "qualifier": "",
            "source_account": null,
            "source_arn": "arn:aws:execute-api:us-east-1:522478937547:0r4pevmvt5/*/*/*",
            "statement_id": "AllowAPIGatewayInvokeGet",
            "statement_id_prefix": null
          },
          "private": "bnVsbA==",
          "dependencies": [
            "module.acm.aws_acm_certificate.web_cert",
            "module.admin_lambdas.aws_cloudwatch_event_rule.one_minute_ping",
            "module.admin_lambdas.aws_cloudwatch_event_target.ping_delete_lambda_every_one_minute",
            "module.admin_lambdas.aws_cloudwatch_event_target.ping_get_lambda_every_one_minute",
            "module.admin_lambdas.aws_cloudwatch_event_target.ping_register_lambda_every_one_minute",
            "module.admin_lambdas.aws_iam_policy.seahorse_admin_lambdas_exec_policy",
            "module.admin_lambdas.aws_iam_policy.seahorse_delete_lambdas_exec_policy",
            "module.admin_lambdas.aws_iam_policy.seahorse_get_lambdas_exec_policy",
            "module.admin_lambdas.aws_iam_role.seahorse_iam_role_for_lambdas",
            "module.admin_lambdas.aws_iam_role_policy_attachment.admin_delete_lambda_exec",
            "module.admin_lambdas.aws_iam_role_policy_attachment.admin_get_lambda_exec",
            "module.admin_lambdas.aws_iam_role_policy_attachment.admin_lambda_dynamodb",
            "module.admin_lambdas.aws_iam_role_policy_attachment.admin_register_lambda_exec",
            "module.admin_lambdas.aws_lambda_function.DeleteRegisteredComponent",
            "module.admin_lambdas.aws_lambda_function.GetRegisteredComponents",
            "module.admin_lambdas.aws_lambda_function.RegisterComponentLambda",
            "module.admin_lambdas.aws_lambda_permission.allow_cloudwatch_to_ping_delete_lambda",
            "module.admin_lambdas.aws_lambda_permission.allow_cloudwatch_to_ping_get_lambda",
            "module.admin_lambdas.aws_lambda_permission.allow_cloudwatch_to_ping_register_lambda",
            "module.auth.aws_cognito_identity_pool.seahorse_identity_pool",
            "module.auth.aws_cognito_identity_pool_roles_attachment.seahorse_identity_pool_roles",
            "module.auth.aws_cognito_identity_provider.identity_provider_sso",
            "module.auth.aws_cognito_user_pool.seahorse_user_pool",
            "module.auth.aws_cognito_user_pool_client.seahorse_web_client",
            "module.auth.aws_cognito_user_pool_domain.domain",
            "module.auth.aws_iam_role.auth_web_iam_role",
            "module.auth.aws_iam_role.unauth_web_iam_role",
            "module.auth.aws_iam_role_policy.web_iam_unauth_role_policy",
            "module.web_admin_api.aws_api_gateway_deployment.admin_api_deployment",
            "module.web_admin_api.aws_api_gateway_integration.admin_api_get_method_integration",
            "module.web_admin_api.aws_api_gateway_integration.admin_api_register_method_integration",
            "module.web_admin_api.aws_api_gateway_integration.mock_options_integration",
            "module.web_admin_api.aws_api_gateway_integration_response.admin_api_get_integration_response",
            "module.web_admin_api.aws_api_gateway_integration_response.admin_api_register_integration_response",
            "module.web_admin_api.aws_api_gateway_integration_response.mock_options_integration_response",
            "module.web_admin_api.aws_api_gateway_method.admin_api_get_method",
            "module.web_admin_api.aws_api_gateway_method.admin_api_register_method",
            "module.web_admin_api.aws_api_gateway_method.mock_options_method",
            "module.web_admin_api.aws_api_gateway_method_response.admin_api_get_method_response",
            "module.web_admin_api.aws_api_gateway_method_response.admin_api_register_method_response",
            "module.web_admin_api.aws_api_gateway_method_response.mock_options_response",
            "module.web_admin_api.aws_api_gateway_resource.admin_api_resource",
            "module.web_admin_api.aws_api_gateway_rest_api.admin_api"
          ]
        }
      ]
    },
    {
      "module": "module.web_admin_api",
      "mode": "managed",
      "type": "aws_lambda_permission",
      "name": "admin-register-lambda-permission",
      "provider": "provider[\"registry.terraform.io/hashicorp/aws\"]",
      "instances": [
        {
          "schema_version": 0,
          "attributes": {
            "action": "lambda:InvokeFunction",
            "event_source_token": null,
            "function_name": "RegisterComponentLambda",
            "id": "AllowAPIGatewayInvokePost",
            "principal": "apigateway.amazonaws.com",
            "qualifier": "",
            "source_account": null,
            "source_arn": "arn:aws:execute-api:us-east-1:522478937547:0r4pevmvt5/*/*/*",
            "statement_id": "AllowAPIGatewayInvokePost",
            "statement_id_prefix": null
          },
          "private": "bnVsbA==",
          "dependencies": [
            "module.acm.aws_acm_certificate.web_cert",
            "module.admin_lambdas.aws_cloudwatch_event_rule.one_minute_ping",
            "module.admin_lambdas.aws_cloudwatch_event_target.ping_delete_lambda_every_one_minute",
            "module.admin_lambdas.aws_cloudwatch_event_target.ping_get_lambda_every_one_minute",
            "module.admin_lambdas.aws_cloudwatch_event_target.ping_register_lambda_every_one_minute",
            "module.admin_lambdas.aws_iam_policy.seahorse_admin_lambdas_exec_policy",
            "module.admin_lambdas.aws_iam_policy.seahorse_delete_lambdas_exec_policy",
            "module.admin_lambdas.aws_iam_policy.seahorse_get_lambdas_exec_policy",
            "module.admin_lambdas.aws_iam_role.seahorse_iam_role_for_lambdas",
            "module.admin_lambdas.aws_iam_role_policy_attachment.admin_delete_lambda_exec",
            "module.admin_lambdas.aws_iam_role_policy_attachment.admin_get_lambda_exec",
            "module.admin_lambdas.aws_iam_role_policy_attachment.admin_lambda_dynamodb",
            "module.admin_lambdas.aws_iam_role_policy_attachment.admin_register_lambda_exec",
            "module.admin_lambdas.aws_lambda_function.DeleteRegisteredComponent",
            "module.admin_lambdas.aws_lambda_function.GetRegisteredComponents",
            "module.admin_lambdas.aws_lambda_function.RegisterComponentLambda",
            "module.admin_lambdas.aws_lambda_permission.allow_cloudwatch_to_ping_delete_lambda",
            "module.admin_lambdas.aws_lambda_permission.allow_cloudwatch_to_ping_get_lambda",
            "module.admin_lambdas.aws_lambda_permission.allow_cloudwatch_to_ping_register_lambda",
            "module.auth.aws_cognito_identity_pool.seahorse_identity_pool",
            "module.auth.aws_cognito_identity_pool_roles_attachment.seahorse_identity_pool_roles",
            "module.auth.aws_cognito_identity_provider.identity_provider_sso",
            "module.auth.aws_cognito_user_pool.seahorse_user_pool",
            "module.auth.aws_cognito_user_pool_client.seahorse_web_client",
            "module.auth.aws_cognito_user_pool_domain.domain",
            "module.auth.aws_iam_role.auth_web_iam_role",
            "module.auth.aws_iam_role.unauth_web_iam_role",
            "module.auth.aws_iam_role_policy.web_iam_unauth_role_policy",
            "module.web_admin_api.aws_api_gateway_deployment.admin_api_deployment",
            "module.web_admin_api.aws_api_gateway_integration.admin_api_get_method_integration",
            "module.web_admin_api.aws_api_gateway_integration.admin_api_register_method_integration",
            "module.web_admin_api.aws_api_gateway_integration.mock_options_integration",
            "module.web_admin_api.aws_api_gateway_integration_response.admin_api_get_integration_response",
            "module.web_admin_api.aws_api_gateway_integration_response.admin_api_register_integration_response",
            "module.web_admin_api.aws_api_gateway_integration_response.mock_options_integration_response",
            "module.web_admin_api.aws_api_gateway_method.admin_api_get_method",
            "module.web_admin_api.aws_api_gateway_method.admin_api_register_method",
            "module.web_admin_api.aws_api_gateway_method.mock_options_method",
            "module.web_admin_api.aws_api_gateway_method_response.admin_api_get_method_response",
            "module.web_admin_api.aws_api_gateway_method_response.admin_api_register_method_response",
            "module.web_admin_api.aws_api_gateway_method_response.mock_options_response",
            "module.web_admin_api.aws_api_gateway_resource.admin_api_resource",
            "module.web_admin_api.aws_api_gateway_rest_api.admin_api"
          ]
        }
      ]
    },
    {
      "module": "module.web_backend_api_with_fresh_auth_setup",
      "mode": "managed",
      "type": "aws_api_gateway_authorizer",
      "name": "web_authorizer",
      "provider": "provider[\"registry.terraform.io/hashicorp/aws\"]",
      "instances": [
        {
          "schema_version": 0,
          "attributes": {
            "authorizer_credentials": "",
            "authorizer_result_ttl_in_seconds": 300,
            "authorizer_uri": "",
            "id": "si7zef",
            "identity_source": "method.request.header.Authorization",
            "identity_validation_expression": "",
            "name": "Seahorse-Authorizer",
            "provider_arns": [
              "arn:aws:cognito-idp:us-east-1:522478937547:userpool/us-east-1_stFcSjlRj"
            ],
            "rest_api_id": "ee2r4lr7q4",
            "type": "COGNITO_USER_POOLS"
          },
          "private": "bnVsbA==",
          "dependencies": [
            "module.acm.aws_acm_certificate.web_cert",
            "module.admin_lambdas.aws_cloudwatch_event_rule.one_minute_ping",
            "module.admin_lambdas.aws_cloudwatch_event_target.ping_delete_lambda_every_one_minute",
            "module.admin_lambdas.aws_cloudwatch_event_target.ping_get_lambda_every_one_minute",
            "module.admin_lambdas.aws_cloudwatch_event_target.ping_register_lambda_every_one_minute",
            "module.admin_lambdas.aws_iam_policy.seahorse_admin_lambdas_exec_policy",
            "module.admin_lambdas.aws_iam_policy.seahorse_delete_lambdas_exec_policy",
            "module.admin_lambdas.aws_iam_policy.seahorse_get_lambdas_exec_policy",
            "module.admin_lambdas.aws_iam_role.seahorse_iam_role_for_lambdas",
            "module.admin_lambdas.aws_iam_role_policy_attachment.admin_delete_lambda_exec",
            "module.admin_lambdas.aws_iam_role_policy_attachment.admin_get_lambda_exec",
            "module.admin_lambdas.aws_iam_role_policy_attachment.admin_lambda_dynamodb",
            "module.admin_lambdas.aws_iam_role_policy_attachment.admin_register_lambda_exec",
            "module.admin_lambdas.aws_lambda_function.DeleteRegisteredComponent",
            "module.admin_lambdas.aws_lambda_function.GetRegisteredComponents",
            "module.admin_lambdas.aws_lambda_function.RegisterComponentLambda",
            "module.admin_lambdas.aws_lambda_permission.allow_cloudwatch_to_ping_delete_lambda",
            "module.admin_lambdas.aws_lambda_permission.allow_cloudwatch_to_ping_get_lambda",
            "module.admin_lambdas.aws_lambda_permission.allow_cloudwatch_to_ping_register_lambda",
            "module.auth.aws_cognito_identity_pool.seahorse_identity_pool",
            "module.auth.aws_cognito_identity_pool_roles_attachment.seahorse_identity_pool_roles",
            "module.auth.aws_cognito_identity_provider.identity_provider_sso",
            "module.auth.aws_cognito_user_pool.seahorse_user_pool",
            "module.auth.aws_cognito_user_pool_client.seahorse_web_client",
            "module.auth.aws_cognito_user_pool_domain.domain",
            "module.auth.aws_iam_role.auth_web_iam_role",
            "module.auth.aws_iam_role.unauth_web_iam_role",
            "module.auth.aws_iam_role_policy.web_iam_unauth_role_policy",
            "module.web_backend_api_with_fresh_auth_setup.aws_api_gateway_rest_api.web_backend_api"
          ]
        }
      ]
    },
    {
      "module": "module.web_backend_api_with_fresh_auth_setup",
      "mode": "managed",
      "type": "aws_api_gateway_base_path_mapping",
      "name": "web_api_path_mapping",
      "provider": "provider[\"registry.terraform.io/hashicorp/aws\"]",
      "instances": [
        {
          "schema_version": 0,
          "attributes": {
            "api_id": "ee2r4lr7q4",
            "base_path": "",
            "domain_name": "webapi.seahorse-dev2.globallink.com",
            "id": "webapi.seahorse-dev2.globallink.com/",
            "stage_name": "dev2"
          },
          "private": "bnVsbA==",
          "dependencies": [
            "module.acm.aws_acm_certificate.web_cert",
            "module.admin_lambdas.aws_cloudwatch_event_rule.one_minute_ping",
            "module.admin_lambdas.aws_cloudwatch_event_target.ping_delete_lambda_every_one_minute",
            "module.admin_lambdas.aws_cloudwatch_event_target.ping_get_lambda_every_one_minute",
            "module.admin_lambdas.aws_cloudwatch_event_target.ping_register_lambda_every_one_minute",
            "module.admin_lambdas.aws_iam_policy.seahorse_admin_lambdas_exec_policy",
            "module.admin_lambdas.aws_iam_policy.seahorse_delete_lambdas_exec_policy",
            "module.admin_lambdas.aws_iam_policy.seahorse_get_lambdas_exec_policy",
            "module.admin_lambdas.aws_iam_role.seahorse_iam_role_for_lambdas",
            "module.admin_lambdas.aws_iam_role_policy_attachment.admin_delete_lambda_exec",
            "module.admin_lambdas.aws_iam_role_policy_attachment.admin_get_lambda_exec",
            "module.admin_lambdas.aws_iam_role_policy_attachment.admin_lambda_dynamodb",
            "module.admin_lambdas.aws_iam_role_policy_attachment.admin_register_lambda_exec",
            "module.admin_lambdas.aws_lambda_function.DeleteRegisteredComponent",
            "module.admin_lambdas.aws_lambda_function.GetRegisteredComponents",
            "module.admin_lambdas.aws_lambda_function.RegisterComponentLambda",
            "module.admin_lambdas.aws_lambda_permission.allow_cloudwatch_to_ping_delete_lambda",
            "module.admin_lambdas.aws_lambda_permission.allow_cloudwatch_to_ping_get_lambda",
            "module.admin_lambdas.aws_lambda_permission.allow_cloudwatch_to_ping_register_lambda",
            "module.auth.aws_cognito_identity_pool.seahorse_identity_pool",
            "module.auth.aws_cognito_identity_pool_roles_attachment.seahorse_identity_pool_roles",
            "module.auth.aws_cognito_identity_provider.identity_provider_sso",
            "module.auth.aws_cognito_user_pool.seahorse_user_pool",
            "module.auth.aws_cognito_user_pool_client.seahorse_web_client",
            "module.auth.aws_cognito_user_pool_domain.domain",
            "module.auth.aws_iam_role.auth_web_iam_role",
            "module.auth.aws_iam_role.unauth_web_iam_role",
            "module.auth.aws_iam_role_policy.web_iam_unauth_role_policy",
            "module.web_backend_api_with_fresh_auth_setup.aws_api_gateway_authorizer.web_authorizer",
            "module.web_backend_api_with_fresh_auth_setup.aws_api_gateway_deployment.web_backend_api_deployment",
            "module.web_backend_api_with_fresh_auth_setup.aws_api_gateway_domain_name.web_api_domain_name",
            "module.web_backend_api_with_fresh_auth_setup.aws_api_gateway_integration.mock_options_integration",
            "module.web_backend_api_with_fresh_auth_setup.aws_api_gateway_integration.web_backend_api_get_method_integration",
            "module.web_backend_api_with_fresh_auth_setup.aws_api_gateway_integration_response.mock_options_integration_response",
            "module.web_backend_api_with_fresh_auth_setup.aws_api_gateway_integration_response.web_backend_api_get_integration_response",
            "module.web_backend_api_with_fresh_auth_setup.aws_api_gateway_method.mock_options_method",
            "module.web_backend_api_with_fresh_auth_setup.aws_api_gateway_method.web_backend_api_get_method",
            "module.web_backend_api_with_fresh_auth_setup.aws_api_gateway_method_response.mock_options_response",
            "module.web_backend_api_with_fresh_auth_setup.aws_api_gateway_method_response.web_backend_api_get_method_response",
            "module.web_backend_api_with_fresh_auth_setup.aws_api_gateway_resource.web_backend_api_resource",
            "module.web_backend_api_with_fresh_auth_setup.aws_api_gateway_rest_api.web_backend_api"
          ]
        }
      ]
    },
    {
      "module": "module.web_backend_api_with_fresh_auth_setup",
      "mode": "managed",
      "type": "aws_api_gateway_deployment",
      "name": "web_backend_api_deployment",
      "provider": "provider[\"registry.terraform.io/hashicorp/aws\"]",
      "instances": [
        {
          "schema_version": 0,
          "attributes": {
            "created_date": "2021-03-11T13:17:48Z",
            "description": "",
            "execution_arn": "arn:aws:execute-api:us-east-1:522478937547:ee2r4lr7q4/dev2",
            "id": "hukfre",
            "invoke_url": "https://ee2r4lr7q4.execute-api.us-east-1.amazonaws.com/dev2",
            "rest_api_id": "ee2r4lr7q4",
            "stage_description": null,
            "stage_name": "dev2",
            "triggers": null,
            "variables": null
          },
          "private": "bnVsbA==",
          "dependencies": [
            "module.acm.aws_acm_certificate.web_cert",
            "module.admin_lambdas.aws_cloudwatch_event_rule.one_minute_ping",
            "module.admin_lambdas.aws_cloudwatch_event_target.ping_delete_lambda_every_one_minute",
            "module.admin_lambdas.aws_cloudwatch_event_target.ping_get_lambda_every_one_minute",
            "module.admin_lambdas.aws_cloudwatch_event_target.ping_register_lambda_every_one_minute",
            "module.admin_lambdas.aws_iam_policy.seahorse_admin_lambdas_exec_policy",
            "module.admin_lambdas.aws_iam_policy.seahorse_delete_lambdas_exec_policy",
            "module.admin_lambdas.aws_iam_policy.seahorse_get_lambdas_exec_policy",
            "module.admin_lambdas.aws_iam_role.seahorse_iam_role_for_lambdas",
            "module.admin_lambdas.aws_iam_role_policy_attachment.admin_delete_lambda_exec",
            "module.admin_lambdas.aws_iam_role_policy_attachment.admin_get_lambda_exec",
            "module.admin_lambdas.aws_iam_role_policy_attachment.admin_lambda_dynamodb",
            "module.admin_lambdas.aws_iam_role_policy_attachment.admin_register_lambda_exec",
            "module.admin_lambdas.aws_lambda_function.DeleteRegisteredComponent",
            "module.admin_lambdas.aws_lambda_function.GetRegisteredComponents",
            "module.admin_lambdas.aws_lambda_function.RegisterComponentLambda",
            "module.admin_lambdas.aws_lambda_permission.allow_cloudwatch_to_ping_delete_lambda",
            "module.admin_lambdas.aws_lambda_permission.allow_cloudwatch_to_ping_get_lambda",
            "module.admin_lambdas.aws_lambda_permission.allow_cloudwatch_to_ping_register_lambda",
            "module.auth.aws_cognito_identity_pool.seahorse_identity_pool",
            "module.auth.aws_cognito_identity_pool_roles_attachment.seahorse_identity_pool_roles",
            "module.auth.aws_cognito_identity_provider.identity_provider_sso",
            "module.auth.aws_cognito_user_pool.seahorse_user_pool",
            "module.auth.aws_cognito_user_pool_client.seahorse_web_client",
            "module.auth.aws_cognito_user_pool_domain.domain",
            "module.auth.aws_iam_role.auth_web_iam_role",
            "module.auth.aws_iam_role.unauth_web_iam_role",
            "module.auth.aws_iam_role_policy.web_iam_unauth_role_policy",
            "module.web_backend_api_with_fresh_auth_setup.aws_api_gateway_authorizer.web_authorizer",
            "module.web_backend_api_with_fresh_auth_setup.aws_api_gateway_integration.mock_options_integration",
            "module.web_backend_api_with_fresh_auth_setup.aws_api_gateway_integration.web_backend_api_get_method_integration",
            "module.web_backend_api_with_fresh_auth_setup.aws_api_gateway_integration_response.mock_options_integration_response",
            "module.web_backend_api_with_fresh_auth_setup.aws_api_gateway_integration_response.web_backend_api_get_integration_response",
            "module.web_backend_api_with_fresh_auth_setup.aws_api_gateway_method.mock_options_method",
            "module.web_backend_api_with_fresh_auth_setup.aws_api_gateway_method.web_backend_api_get_method",
            "module.web_backend_api_with_fresh_auth_setup.aws_api_gateway_method_response.mock_options_response",
            "module.web_backend_api_with_fresh_auth_setup.aws_api_gateway_method_response.web_backend_api_get_method_response",
            "module.web_backend_api_with_fresh_auth_setup.aws_api_gateway_resource.web_backend_api_resource",
            "module.web_backend_api_with_fresh_auth_setup.aws_api_gateway_rest_api.web_backend_api"
          ]
        }
      ]
    },
    {
      "module": "module.web_backend_api_with_fresh_auth_setup",
      "mode": "managed",
      "type": "aws_api_gateway_domain_name",
      "name": "web_api_domain_name",
      "provider": "provider[\"registry.terraform.io/hashicorp/aws\"]",
      "instances": [
        {
          "schema_version": 0,
          "attributes": {
            "arn": "arn:aws:apigateway:us-east-1::/domainnames/webapi.seahorse-dev2.globallink.com",
            "certificate_arn": "arn:aws:acm:us-east-1:522478937547:certificate/b8185219-3b87-4912-bd4b-76715fe66627",
            "certificate_body": null,
            "certificate_chain": null,
            "certificate_name": "",
            "certificate_private_key": null,
            "certificate_upload_date": "2021-03-11T13:18:18Z",
            "cloudfront_domain_name": "d26njnwim6trtg.cloudfront.net",
            "cloudfront_zone_id": "Z2FDTNDATAQYW2",
            "domain_name": "webapi.seahorse-dev2.globallink.com",
            "endpoint_configuration": [
              {
                "types": [
                  "EDGE"
                ]
              }
            ],
            "id": "webapi.seahorse-dev2.globallink.com",
            "regional_certificate_arn": "",
            "regional_certificate_name": "",
            "regional_domain_name": "",
            "regional_zone_id": "",
            "security_policy": "TLS_1_0",
            "tags": null
          },
          "private": "bnVsbA==",
          "dependencies": [
            "module.acm.aws_acm_certificate.web_cert",
            "module.admin_lambdas.aws_cloudwatch_event_rule.one_minute_ping",
            "module.admin_lambdas.aws_cloudwatch_event_target.ping_delete_lambda_every_one_minute",
            "module.admin_lambdas.aws_cloudwatch_event_target.ping_get_lambda_every_one_minute",
            "module.admin_lambdas.aws_cloudwatch_event_target.ping_register_lambda_every_one_minute",
            "module.admin_lambdas.aws_iam_policy.seahorse_admin_lambdas_exec_policy",
            "module.admin_lambdas.aws_iam_policy.seahorse_delete_lambdas_exec_policy",
            "module.admin_lambdas.aws_iam_policy.seahorse_get_lambdas_exec_policy",
            "module.admin_lambdas.aws_iam_role.seahorse_iam_role_for_lambdas",
            "module.admin_lambdas.aws_iam_role_policy_attachment.admin_delete_lambda_exec",
            "module.admin_lambdas.aws_iam_role_policy_attachment.admin_get_lambda_exec",
            "module.admin_lambdas.aws_iam_role_policy_attachment.admin_lambda_dynamodb",
            "module.admin_lambdas.aws_iam_role_policy_attachment.admin_register_lambda_exec",
            "module.admin_lambdas.aws_lambda_function.DeleteRegisteredComponent",
            "module.admin_lambdas.aws_lambda_function.GetRegisteredComponents",
            "module.admin_lambdas.aws_lambda_function.RegisterComponentLambda",
            "module.admin_lambdas.aws_lambda_permission.allow_cloudwatch_to_ping_delete_lambda",
            "module.admin_lambdas.aws_lambda_permission.allow_cloudwatch_to_ping_get_lambda",
            "module.admin_lambdas.aws_lambda_permission.allow_cloudwatch_to_ping_register_lambda",
            "module.auth.aws_cognito_identity_pool.seahorse_identity_pool",
            "module.auth.aws_cognito_identity_pool_roles_attachment.seahorse_identity_pool_roles",
            "module.auth.aws_cognito_identity_provider.identity_provider_sso",
            "module.auth.aws_cognito_user_pool.seahorse_user_pool",
            "module.auth.aws_cognito_user_pool_client.seahorse_web_client",
            "module.auth.aws_cognito_user_pool_domain.domain",
            "module.auth.aws_iam_role.auth_web_iam_role",
            "module.auth.aws_iam_role.unauth_web_iam_role",
            "module.auth.aws_iam_role_policy.web_iam_unauth_role_policy",
            "module.web_backend_api_with_fresh_auth_setup.aws_api_gateway_authorizer.web_authorizer",
            "module.web_backend_api_with_fresh_auth_setup.aws_api_gateway_deployment.web_backend_api_deployment",
            "module.web_backend_api_with_fresh_auth_setup.aws_api_gateway_integration.mock_options_integration",
            "module.web_backend_api_with_fresh_auth_setup.aws_api_gateway_integration.web_backend_api_get_method_integration",
            "module.web_backend_api_with_fresh_auth_setup.aws_api_gateway_integration_response.mock_options_integration_response",
            "module.web_backend_api_with_fresh_auth_setup.aws_api_gateway_integration_response.web_backend_api_get_integration_response",
            "module.web_backend_api_with_fresh_auth_setup.aws_api_gateway_method.mock_options_method",
            "module.web_backend_api_with_fresh_auth_setup.aws_api_gateway_method.web_backend_api_get_method",
            "module.web_backend_api_with_fresh_auth_setup.aws_api_gateway_method_response.mock_options_response",
            "module.web_backend_api_with_fresh_auth_setup.aws_api_gateway_method_response.web_backend_api_get_method_response",
            "module.web_backend_api_with_fresh_auth_setup.aws_api_gateway_resource.web_backend_api_resource",
            "module.web_backend_api_with_fresh_auth_setup.aws_api_gateway_rest_api.web_backend_api"
          ]
        }
      ]
    },
    {
      "module": "module.web_backend_api_with_fresh_auth_setup",
      "mode": "managed",
      "type": "aws_api_gateway_integration",
      "name": "mock_options_integration",
      "provider": "provider[\"registry.terraform.io/hashicorp/aws\"]",
      "instances": [
        {
          "schema_version": 0,
          "attributes": {
            "cache_key_parameters": null,
            "cache_namespace": "tk8dq9",
            "connection_id": "",
            "connection_type": "INTERNET",
            "content_handling": "",
            "credentials": "",
            "http_method": "OPTIONS",
            "id": "agi-ee2r4lr7q4-tk8dq9-OPTIONS",
            "integration_http_method": "",
            "passthrough_behavior": "WHEN_NO_MATCH",
            "request_parameters": null,
            "request_templates": {
              "application/json": "{\n    \"statusCode\" : 200\n}"
            },
            "resource_id": "tk8dq9",
            "rest_api_id": "ee2r4lr7q4",
            "timeout_milliseconds": 29000,
            "type": "MOCK",
            "uri": ""
          },
          "private": "bnVsbA==",
          "dependencies": [
            "module.acm.aws_acm_certificate.web_cert",
            "module.admin_lambdas.aws_cloudwatch_event_rule.one_minute_ping",
            "module.admin_lambdas.aws_cloudwatch_event_target.ping_delete_lambda_every_one_minute",
            "module.admin_lambdas.aws_cloudwatch_event_target.ping_get_lambda_every_one_minute",
            "module.admin_lambdas.aws_cloudwatch_event_target.ping_register_lambda_every_one_minute",
            "module.admin_lambdas.aws_iam_policy.seahorse_admin_lambdas_exec_policy",
            "module.admin_lambdas.aws_iam_policy.seahorse_delete_lambdas_exec_policy",
            "module.admin_lambdas.aws_iam_policy.seahorse_get_lambdas_exec_policy",
            "module.admin_lambdas.aws_iam_role.seahorse_iam_role_for_lambdas",
            "module.admin_lambdas.aws_iam_role_policy_attachment.admin_delete_lambda_exec",
            "module.admin_lambdas.aws_iam_role_policy_attachment.admin_get_lambda_exec",
            "module.admin_lambdas.aws_iam_role_policy_attachment.admin_lambda_dynamodb",
            "module.admin_lambdas.aws_iam_role_policy_attachment.admin_register_lambda_exec",
            "module.admin_lambdas.aws_lambda_function.DeleteRegisteredComponent",
            "module.admin_lambdas.aws_lambda_function.GetRegisteredComponents",
            "module.admin_lambdas.aws_lambda_function.RegisterComponentLambda",
            "module.admin_lambdas.aws_lambda_permission.allow_cloudwatch_to_ping_delete_lambda",
            "module.admin_lambdas.aws_lambda_permission.allow_cloudwatch_to_ping_get_lambda",
            "module.admin_lambdas.aws_lambda_permission.allow_cloudwatch_to_ping_register_lambda",
            "module.auth.aws_cognito_identity_pool.seahorse_identity_pool",
            "module.auth.aws_cognito_identity_pool_roles_attachment.seahorse_identity_pool_roles",
            "module.auth.aws_cognito_identity_provider.identity_provider_sso",
            "module.auth.aws_cognito_user_pool.seahorse_user_pool",
            "module.auth.aws_cognito_user_pool_client.seahorse_web_client",
            "module.auth.aws_cognito_user_pool_domain.domain",
            "module.auth.aws_iam_role.auth_web_iam_role",
            "module.auth.aws_iam_role.unauth_web_iam_role",
            "module.auth.aws_iam_role_policy.web_iam_unauth_role_policy",
            "module.web_backend_api_with_fresh_auth_setup.aws_api_gateway_method.mock_options_method",
            "module.web_backend_api_with_fresh_auth_setup.aws_api_gateway_resource.web_backend_api_resource",
            "module.web_backend_api_with_fresh_auth_setup.aws_api_gateway_rest_api.web_backend_api"
          ]
        }
      ]
    },
    {
      "module": "module.web_backend_api_with_fresh_auth_setup",
      "mode": "managed",
      "type": "aws_api_gateway_integration",
      "name": "web_backend_api_get_method_integration",
      "provider": "provider[\"registry.terraform.io/hashicorp/aws\"]",
      "instances": [
        {
          "schema_version": 0,
          "attributes": {
            "cache_key_parameters": null,
            "cache_namespace": "tk8dq9",
            "connection_id": "",
            "connection_type": "INTERNET",
            "content_handling": "",
            "credentials": "",
            "http_method": "GET",
            "id": "agi-ee2r4lr7q4-tk8dq9-GET",
            "integration_http_method": "POST",
            "passthrough_behavior": "WHEN_NO_MATCH",
            "request_parameters": null,
            "request_templates": null,
            "resource_id": "tk8dq9",
            "rest_api_id": "ee2r4lr7q4",
            "timeout_milliseconds": 29000,
            "type": "AWS_PROXY",
            "uri": "arn:aws:apigateway:us-east-1:lambda:path/2015-03-31/functions/arn:aws:lambda:us-east-1:522478937547:function:GetRegisteredComponents/invocations"
          },
          "private": "bnVsbA==",
          "dependencies": [
            "module.acm.aws_acm_certificate.web_cert",
            "module.admin_lambdas.aws_cloudwatch_event_rule.one_minute_ping",
            "module.admin_lambdas.aws_cloudwatch_event_target.ping_delete_lambda_every_one_minute",
            "module.admin_lambdas.aws_cloudwatch_event_target.ping_get_lambda_every_one_minute",
            "module.admin_lambdas.aws_cloudwatch_event_target.ping_register_lambda_every_one_minute",
            "module.admin_lambdas.aws_iam_policy.seahorse_admin_lambdas_exec_policy",
            "module.admin_lambdas.aws_iam_policy.seahorse_delete_lambdas_exec_policy",
            "module.admin_lambdas.aws_iam_policy.seahorse_get_lambdas_exec_policy",
            "module.admin_lambdas.aws_iam_role.seahorse_iam_role_for_lambdas",
            "module.admin_lambdas.aws_iam_role_policy_attachment.admin_delete_lambda_exec",
            "module.admin_lambdas.aws_iam_role_policy_attachment.admin_get_lambda_exec",
            "module.admin_lambdas.aws_iam_role_policy_attachment.admin_lambda_dynamodb",
            "module.admin_lambdas.aws_iam_role_policy_attachment.admin_register_lambda_exec",
            "module.admin_lambdas.aws_lambda_function.DeleteRegisteredComponent",
            "module.admin_lambdas.aws_lambda_function.GetRegisteredComponents",
            "module.admin_lambdas.aws_lambda_function.RegisterComponentLambda",
            "module.admin_lambdas.aws_lambda_permission.allow_cloudwatch_to_ping_delete_lambda",
            "module.admin_lambdas.aws_lambda_permission.allow_cloudwatch_to_ping_get_lambda",
            "module.admin_lambdas.aws_lambda_permission.allow_cloudwatch_to_ping_register_lambda",
            "module.auth.aws_cognito_identity_pool.seahorse_identity_pool",
            "module.auth.aws_cognito_identity_pool_roles_attachment.seahorse_identity_pool_roles",
            "module.auth.aws_cognito_identity_provider.identity_provider_sso",
            "module.auth.aws_cognito_user_pool.seahorse_user_pool",
            "module.auth.aws_cognito_user_pool_client.seahorse_web_client",
            "module.auth.aws_cognito_user_pool_domain.domain",
            "module.auth.aws_iam_role.auth_web_iam_role",
            "module.auth.aws_iam_role.unauth_web_iam_role",
            "module.auth.aws_iam_role_policy.web_iam_unauth_role_policy",
            "module.web_backend_api_with_fresh_auth_setup.aws_api_gateway_authorizer.web_authorizer",
            "module.web_backend_api_with_fresh_auth_setup.aws_api_gateway_method.web_backend_api_get_method",
            "module.web_backend_api_with_fresh_auth_setup.aws_api_gateway_resource.web_backend_api_resource",
            "module.web_backend_api_with_fresh_auth_setup.aws_api_gateway_rest_api.web_backend_api"
          ]
        }
      ]
    },
    {
      "module": "module.web_backend_api_with_fresh_auth_setup",
      "mode": "managed",
      "type": "aws_api_gateway_integration_response",
      "name": "mock_options_integration_response",
      "provider": "provider[\"registry.terraform.io/hashicorp/aws\"]",
      "instances": [
        {
          "schema_version": 0,
          "attributes": {
            "content_handling": "",
            "http_method": "OPTIONS",
            "id": "agir-ee2r4lr7q4-tk8dq9-OPTIONS-200",
            "resource_id": "tk8dq9",
            "response_parameters": {
              "method.response.header.Access-Control-Allow-Headers": "'Content-Type,X-Amz-Date,Authorization,X-Api-Key,X-Amz-Security-Token'",
              "method.response.header.Access-Control-Allow-Methods": "'GET, OPTIONS, POST'",
              "method.response.header.Access-Control-Allow-Origin": "'*'"
            },
            "response_templates": null,
            "rest_api_id": "ee2r4lr7q4",
            "selection_pattern": "",
            "status_code": "200"
          },
          "private": "bnVsbA==",
          "dependencies": [
            "module.acm.aws_acm_certificate.web_cert",
            "module.admin_lambdas.aws_cloudwatch_event_rule.one_minute_ping",
            "module.admin_lambdas.aws_cloudwatch_event_target.ping_delete_lambda_every_one_minute",
            "module.admin_lambdas.aws_cloudwatch_event_target.ping_get_lambda_every_one_minute",
            "module.admin_lambdas.aws_cloudwatch_event_target.ping_register_lambda_every_one_minute",
            "module.admin_lambdas.aws_iam_policy.seahorse_admin_lambdas_exec_policy",
            "module.admin_lambdas.aws_iam_policy.seahorse_delete_lambdas_exec_policy",
            "module.admin_lambdas.aws_iam_policy.seahorse_get_lambdas_exec_policy",
            "module.admin_lambdas.aws_iam_role.seahorse_iam_role_for_lambdas",
            "module.admin_lambdas.aws_iam_role_policy_attachment.admin_delete_lambda_exec",
            "module.admin_lambdas.aws_iam_role_policy_attachment.admin_get_lambda_exec",
            "module.admin_lambdas.aws_iam_role_policy_attachment.admin_lambda_dynamodb",
            "module.admin_lambdas.aws_iam_role_policy_attachment.admin_register_lambda_exec",
            "module.admin_lambdas.aws_lambda_function.DeleteRegisteredComponent",
            "module.admin_lambdas.aws_lambda_function.GetRegisteredComponents",
            "module.admin_lambdas.aws_lambda_function.RegisterComponentLambda",
            "module.admin_lambdas.aws_lambda_permission.allow_cloudwatch_to_ping_delete_lambda",
            "module.admin_lambdas.aws_lambda_permission.allow_cloudwatch_to_ping_get_lambda",
            "module.admin_lambdas.aws_lambda_permission.allow_cloudwatch_to_ping_register_lambda",
            "module.auth.aws_cognito_identity_pool.seahorse_identity_pool",
            "module.auth.aws_cognito_identity_pool_roles_attachment.seahorse_identity_pool_roles",
            "module.auth.aws_cognito_identity_provider.identity_provider_sso",
            "module.auth.aws_cognito_user_pool.seahorse_user_pool",
            "module.auth.aws_cognito_user_pool_client.seahorse_web_client",
            "module.auth.aws_cognito_user_pool_domain.domain",
            "module.auth.aws_iam_role.auth_web_iam_role",
            "module.auth.aws_iam_role.unauth_web_iam_role",
            "module.auth.aws_iam_role_policy.web_iam_unauth_role_policy",
            "module.web_backend_api_with_fresh_auth_setup.aws_api_gateway_integration.mock_options_integration",
            "module.web_backend_api_with_fresh_auth_setup.aws_api_gateway_method.mock_options_method",
            "module.web_backend_api_with_fresh_auth_setup.aws_api_gateway_method_response.mock_options_response",
            "module.web_backend_api_with_fresh_auth_setup.aws_api_gateway_resource.web_backend_api_resource",
            "module.web_backend_api_with_fresh_auth_setup.aws_api_gateway_rest_api.web_backend_api"
          ]
        }
      ]
    },
    {
      "module": "module.web_backend_api_with_fresh_auth_setup",
      "mode": "managed",
      "type": "aws_api_gateway_integration_response",
      "name": "web_backend_api_get_integration_response",
      "provider": "provider[\"registry.terraform.io/hashicorp/aws\"]",
      "instances": [
        {
          "schema_version": 0,
          "attributes": {
            "content_handling": "",
            "http_method": "GET",
            "id": "agir-ee2r4lr7q4-tk8dq9-GET-200",
            "resource_id": "tk8dq9",
            "response_parameters": {
              "method.response.header.Access-Control-Allow-Origin": "'*'"
            },
            "response_templates": null,
            "rest_api_id": "ee2r4lr7q4",
            "selection_pattern": "",
            "status_code": "200"
          },
          "private": "bnVsbA==",
          "dependencies": [
            "module.acm.aws_acm_certificate.web_cert",
            "module.admin_lambdas.aws_cloudwatch_event_rule.one_minute_ping",
            "module.admin_lambdas.aws_cloudwatch_event_target.ping_delete_lambda_every_one_minute",
            "module.admin_lambdas.aws_cloudwatch_event_target.ping_get_lambda_every_one_minute",
            "module.admin_lambdas.aws_cloudwatch_event_target.ping_register_lambda_every_one_minute",
            "module.admin_lambdas.aws_iam_policy.seahorse_admin_lambdas_exec_policy",
            "module.admin_lambdas.aws_iam_policy.seahorse_delete_lambdas_exec_policy",
            "module.admin_lambdas.aws_iam_policy.seahorse_get_lambdas_exec_policy",
            "module.admin_lambdas.aws_iam_role.seahorse_iam_role_for_lambdas",
            "module.admin_lambdas.aws_iam_role_policy_attachment.admin_delete_lambda_exec",
            "module.admin_lambdas.aws_iam_role_policy_attachment.admin_get_lambda_exec",
            "module.admin_lambdas.aws_iam_role_policy_attachment.admin_lambda_dynamodb",
            "module.admin_lambdas.aws_iam_role_policy_attachment.admin_register_lambda_exec",
            "module.admin_lambdas.aws_lambda_function.DeleteRegisteredComponent",
            "module.admin_lambdas.aws_lambda_function.GetRegisteredComponents",
            "module.admin_lambdas.aws_lambda_function.RegisterComponentLambda",
            "module.admin_lambdas.aws_lambda_permission.allow_cloudwatch_to_ping_delete_lambda",
            "module.admin_lambdas.aws_lambda_permission.allow_cloudwatch_to_ping_get_lambda",
            "module.admin_lambdas.aws_lambda_permission.allow_cloudwatch_to_ping_register_lambda",
            "module.auth.aws_cognito_identity_pool.seahorse_identity_pool",
            "module.auth.aws_cognito_identity_pool_roles_attachment.seahorse_identity_pool_roles",
            "module.auth.aws_cognito_identity_provider.identity_provider_sso",
            "module.auth.aws_cognito_user_pool.seahorse_user_pool",
            "module.auth.aws_cognito_user_pool_client.seahorse_web_client",
            "module.auth.aws_cognito_user_pool_domain.domain",
            "module.auth.aws_iam_role.auth_web_iam_role",
            "module.auth.aws_iam_role.unauth_web_iam_role",
            "module.auth.aws_iam_role_policy.web_iam_unauth_role_policy",
            "module.web_backend_api_with_fresh_auth_setup.aws_api_gateway_authorizer.web_authorizer",
            "module.web_backend_api_with_fresh_auth_setup.aws_api_gateway_integration.web_backend_api_get_method_integration",
            "module.web_backend_api_with_fresh_auth_setup.aws_api_gateway_method.web_backend_api_get_method",
            "module.web_backend_api_with_fresh_auth_setup.aws_api_gateway_method_response.web_backend_api_get_method_response",
            "module.web_backend_api_with_fresh_auth_setup.aws_api_gateway_resource.web_backend_api_resource",
            "module.web_backend_api_with_fresh_auth_setup.aws_api_gateway_rest_api.web_backend_api"
          ]
        }
      ]
    },
    {
      "module": "module.web_backend_api_with_fresh_auth_setup",
      "mode": "managed",
      "type": "aws_api_gateway_method",
      "name": "mock_options_method",
      "provider": "provider[\"registry.terraform.io/hashicorp/aws\"]",
      "instances": [
        {
          "schema_version": 0,
          "attributes": {
            "api_key_required": false,
            "authorization": "NONE",
            "authorization_scopes": null,
            "authorizer_id": null,
            "http_method": "OPTIONS",
            "id": "agm-ee2r4lr7q4-tk8dq9-OPTIONS",
            "request_models": null,
            "request_parameters": null,
            "request_validator_id": null,
            "resource_id": "tk8dq9",
            "rest_api_id": "ee2r4lr7q4"
          },
          "private": "bnVsbA==",
          "dependencies": [
            "module.acm.aws_acm_certificate.web_cert",
            "module.admin_lambdas.aws_cloudwatch_event_rule.one_minute_ping",
            "module.admin_lambdas.aws_cloudwatch_event_target.ping_delete_lambda_every_one_minute",
            "module.admin_lambdas.aws_cloudwatch_event_target.ping_get_lambda_every_one_minute",
            "module.admin_lambdas.aws_cloudwatch_event_target.ping_register_lambda_every_one_minute",
            "module.admin_lambdas.aws_iam_policy.seahorse_admin_lambdas_exec_policy",
            "module.admin_lambdas.aws_iam_policy.seahorse_delete_lambdas_exec_policy",
            "module.admin_lambdas.aws_iam_policy.seahorse_get_lambdas_exec_policy",
            "module.admin_lambdas.aws_iam_role.seahorse_iam_role_for_lambdas",
            "module.admin_lambdas.aws_iam_role_policy_attachment.admin_delete_lambda_exec",
            "module.admin_lambdas.aws_iam_role_policy_attachment.admin_get_lambda_exec",
            "module.admin_lambdas.aws_iam_role_policy_attachment.admin_lambda_dynamodb",
            "module.admin_lambdas.aws_iam_role_policy_attachment.admin_register_lambda_exec",
            "module.admin_lambdas.aws_lambda_function.DeleteRegisteredComponent",
            "module.admin_lambdas.aws_lambda_function.GetRegisteredComponents",
            "module.admin_lambdas.aws_lambda_function.RegisterComponentLambda",
            "module.admin_lambdas.aws_lambda_permission.allow_cloudwatch_to_ping_delete_lambda",
            "module.admin_lambdas.aws_lambda_permission.allow_cloudwatch_to_ping_get_lambda",
            "module.admin_lambdas.aws_lambda_permission.allow_cloudwatch_to_ping_register_lambda",
            "module.auth.aws_cognito_identity_pool.seahorse_identity_pool",
            "module.auth.aws_cognito_identity_pool_roles_attachment.seahorse_identity_pool_roles",
            "module.auth.aws_cognito_identity_provider.identity_provider_sso",
            "module.auth.aws_cognito_user_pool.seahorse_user_pool",
            "module.auth.aws_cognito_user_pool_client.seahorse_web_client",
            "module.auth.aws_cognito_user_pool_domain.domain",
            "module.auth.aws_iam_role.auth_web_iam_role",
            "module.auth.aws_iam_role.unauth_web_iam_role",
            "module.auth.aws_iam_role_policy.web_iam_unauth_role_policy",
            "module.web_backend_api_with_fresh_auth_setup.aws_api_gateway_resource.web_backend_api_resource",
            "module.web_backend_api_with_fresh_auth_setup.aws_api_gateway_rest_api.web_backend_api"
          ]
        }
      ]
    },
    {
      "module": "module.web_backend_api_with_fresh_auth_setup",
      "mode": "managed",
      "type": "aws_api_gateway_method",
      "name": "web_backend_api_get_method",
      "provider": "provider[\"registry.terraform.io/hashicorp/aws\"]",
      "instances": [
        {
          "schema_version": 0,
          "attributes": {
            "api_key_required": false,
            "authorization": "COGNITO_USER_POOLS",
            "authorization_scopes": null,
            "authorizer_id": "si7zef",
            "http_method": "GET",
            "id": "agm-ee2r4lr7q4-tk8dq9-GET",
            "request_models": {
              "application/json": "Empty"
            },
            "request_parameters": {
              "method.request.header.Content-Type": true
            },
            "request_validator_id": null,
            "resource_id": "tk8dq9",
            "rest_api_id": "ee2r4lr7q4"
          },
          "private": "bnVsbA==",
          "dependencies": [
            "module.acm.aws_acm_certificate.web_cert",
            "module.admin_lambdas.aws_cloudwatch_event_rule.one_minute_ping",
            "module.admin_lambdas.aws_cloudwatch_event_target.ping_delete_lambda_every_one_minute",
            "module.admin_lambdas.aws_cloudwatch_event_target.ping_get_lambda_every_one_minute",
            "module.admin_lambdas.aws_cloudwatch_event_target.ping_register_lambda_every_one_minute",
            "module.admin_lambdas.aws_iam_policy.seahorse_admin_lambdas_exec_policy",
            "module.admin_lambdas.aws_iam_policy.seahorse_delete_lambdas_exec_policy",
            "module.admin_lambdas.aws_iam_policy.seahorse_get_lambdas_exec_policy",
            "module.admin_lambdas.aws_iam_role.seahorse_iam_role_for_lambdas",
            "module.admin_lambdas.aws_iam_role_policy_attachment.admin_delete_lambda_exec",
            "module.admin_lambdas.aws_iam_role_policy_attachment.admin_get_lambda_exec",
            "module.admin_lambdas.aws_iam_role_policy_attachment.admin_lambda_dynamodb",
            "module.admin_lambdas.aws_iam_role_policy_attachment.admin_register_lambda_exec",
            "module.admin_lambdas.aws_lambda_function.DeleteRegisteredComponent",
            "module.admin_lambdas.aws_lambda_function.GetRegisteredComponents",
            "module.admin_lambdas.aws_lambda_function.RegisterComponentLambda",
            "module.admin_lambdas.aws_lambda_permission.allow_cloudwatch_to_ping_delete_lambda",
            "module.admin_lambdas.aws_lambda_permission.allow_cloudwatch_to_ping_get_lambda",
            "module.admin_lambdas.aws_lambda_permission.allow_cloudwatch_to_ping_register_lambda",
            "module.auth.aws_cognito_identity_pool.seahorse_identity_pool",
            "module.auth.aws_cognito_identity_pool_roles_attachment.seahorse_identity_pool_roles",
            "module.auth.aws_cognito_identity_provider.identity_provider_sso",
            "module.auth.aws_cognito_user_pool.seahorse_user_pool",
            "module.auth.aws_cognito_user_pool_client.seahorse_web_client",
            "module.auth.aws_cognito_user_pool_domain.domain",
            "module.auth.aws_iam_role.auth_web_iam_role",
            "module.auth.aws_iam_role.unauth_web_iam_role",
            "module.auth.aws_iam_role_policy.web_iam_unauth_role_policy",
            "module.web_backend_api_with_fresh_auth_setup.aws_api_gateway_authorizer.web_authorizer",
            "module.web_backend_api_with_fresh_auth_setup.aws_api_gateway_resource.web_backend_api_resource",
            "module.web_backend_api_with_fresh_auth_setup.aws_api_gateway_rest_api.web_backend_api"
          ]
        }
      ]
    },
    {
      "module": "module.web_backend_api_with_fresh_auth_setup",
      "mode": "managed",
      "type": "aws_api_gateway_method_response",
      "name": "mock_options_response",
      "provider": "provider[\"registry.terraform.io/hashicorp/aws\"]",
      "instances": [
        {
          "schema_version": 0,
          "attributes": {
            "http_method": "OPTIONS",
            "id": "agmr-ee2r4lr7q4-tk8dq9-OPTIONS-200",
            "resource_id": "tk8dq9",
            "response_models": {
              "application/json": "Empty"
            },
            "response_parameters": {
              "method.response.header.Access-Control-Allow-Headers": true,
              "method.response.header.Access-Control-Allow-Methods": true,
              "method.response.header.Access-Control-Allow-Origin": true
            },
            "rest_api_id": "ee2r4lr7q4",
            "status_code": "200"
          },
          "private": "bnVsbA==",
          "dependencies": [
            "module.acm.aws_acm_certificate.web_cert",
            "module.admin_lambdas.aws_cloudwatch_event_rule.one_minute_ping",
            "module.admin_lambdas.aws_cloudwatch_event_target.ping_delete_lambda_every_one_minute",
            "module.admin_lambdas.aws_cloudwatch_event_target.ping_get_lambda_every_one_minute",
            "module.admin_lambdas.aws_cloudwatch_event_target.ping_register_lambda_every_one_minute",
            "module.admin_lambdas.aws_iam_policy.seahorse_admin_lambdas_exec_policy",
            "module.admin_lambdas.aws_iam_policy.seahorse_delete_lambdas_exec_policy",
            "module.admin_lambdas.aws_iam_policy.seahorse_get_lambdas_exec_policy",
            "module.admin_lambdas.aws_iam_role.seahorse_iam_role_for_lambdas",
            "module.admin_lambdas.aws_iam_role_policy_attachment.admin_delete_lambda_exec",
            "module.admin_lambdas.aws_iam_role_policy_attachment.admin_get_lambda_exec",
            "module.admin_lambdas.aws_iam_role_policy_attachment.admin_lambda_dynamodb",
            "module.admin_lambdas.aws_iam_role_policy_attachment.admin_register_lambda_exec",
            "module.admin_lambdas.aws_lambda_function.DeleteRegisteredComponent",
            "module.admin_lambdas.aws_lambda_function.GetRegisteredComponents",
            "module.admin_lambdas.aws_lambda_function.RegisterComponentLambda",
            "module.admin_lambdas.aws_lambda_permission.allow_cloudwatch_to_ping_delete_lambda",
            "module.admin_lambdas.aws_lambda_permission.allow_cloudwatch_to_ping_get_lambda",
            "module.admin_lambdas.aws_lambda_permission.allow_cloudwatch_to_ping_register_lambda",
            "module.auth.aws_cognito_identity_pool.seahorse_identity_pool",
            "module.auth.aws_cognito_identity_pool_roles_attachment.seahorse_identity_pool_roles",
            "module.auth.aws_cognito_identity_provider.identity_provider_sso",
            "module.auth.aws_cognito_user_pool.seahorse_user_pool",
            "module.auth.aws_cognito_user_pool_client.seahorse_web_client",
            "module.auth.aws_cognito_user_pool_domain.domain",
            "module.auth.aws_iam_role.auth_web_iam_role",
            "module.auth.aws_iam_role.unauth_web_iam_role",
            "module.auth.aws_iam_role_policy.web_iam_unauth_role_policy",
            "module.web_backend_api_with_fresh_auth_setup.aws_api_gateway_method.mock_options_method",
            "module.web_backend_api_with_fresh_auth_setup.aws_api_gateway_resource.web_backend_api_resource",
            "module.web_backend_api_with_fresh_auth_setup.aws_api_gateway_rest_api.web_backend_api"
          ]
        }
      ]
    },
    {
      "module": "module.web_backend_api_with_fresh_auth_setup",
      "mode": "managed",
      "type": "aws_api_gateway_method_response",
      "name": "web_backend_api_get_method_response",
      "provider": "provider[\"registry.terraform.io/hashicorp/aws\"]",
      "instances": [
        {
          "schema_version": 0,
          "attributes": {
            "http_method": "GET",
            "id": "agmr-ee2r4lr7q4-tk8dq9-GET-200",
            "resource_id": "tk8dq9",
            "response_models": null,
            "response_parameters": {
              "method.response.header.Access-Control-Allow-Origin": true
            },
            "rest_api_id": "ee2r4lr7q4",
            "status_code": "200"
          },
          "private": "bnVsbA==",
          "dependencies": [
            "module.acm.aws_acm_certificate.web_cert",
            "module.admin_lambdas.aws_cloudwatch_event_rule.one_minute_ping",
            "module.admin_lambdas.aws_cloudwatch_event_target.ping_delete_lambda_every_one_minute",
            "module.admin_lambdas.aws_cloudwatch_event_target.ping_get_lambda_every_one_minute",
            "module.admin_lambdas.aws_cloudwatch_event_target.ping_register_lambda_every_one_minute",
            "module.admin_lambdas.aws_iam_policy.seahorse_admin_lambdas_exec_policy",
            "module.admin_lambdas.aws_iam_policy.seahorse_delete_lambdas_exec_policy",
            "module.admin_lambdas.aws_iam_policy.seahorse_get_lambdas_exec_policy",
            "module.admin_lambdas.aws_iam_role.seahorse_iam_role_for_lambdas",
            "module.admin_lambdas.aws_iam_role_policy_attachment.admin_delete_lambda_exec",
            "module.admin_lambdas.aws_iam_role_policy_attachment.admin_get_lambda_exec",
            "module.admin_lambdas.aws_iam_role_policy_attachment.admin_lambda_dynamodb",
            "module.admin_lambdas.aws_iam_role_policy_attachment.admin_register_lambda_exec",
            "module.admin_lambdas.aws_lambda_function.DeleteRegisteredComponent",
            "module.admin_lambdas.aws_lambda_function.GetRegisteredComponents",
            "module.admin_lambdas.aws_lambda_function.RegisterComponentLambda",
            "module.admin_lambdas.aws_lambda_permission.allow_cloudwatch_to_ping_delete_lambda",
            "module.admin_lambdas.aws_lambda_permission.allow_cloudwatch_to_ping_get_lambda",
            "module.admin_lambdas.aws_lambda_permission.allow_cloudwatch_to_ping_register_lambda",
            "module.auth.aws_cognito_identity_pool.seahorse_identity_pool",
            "module.auth.aws_cognito_identity_pool_roles_attachment.seahorse_identity_pool_roles",
            "module.auth.aws_cognito_identity_provider.identity_provider_sso",
            "module.auth.aws_cognito_user_pool.seahorse_user_pool",
            "module.auth.aws_cognito_user_pool_client.seahorse_web_client",
            "module.auth.aws_cognito_user_pool_domain.domain",
            "module.auth.aws_iam_role.auth_web_iam_role",
            "module.auth.aws_iam_role.unauth_web_iam_role",
            "module.auth.aws_iam_role_policy.web_iam_unauth_role_policy",
            "module.web_backend_api_with_fresh_auth_setup.aws_api_gateway_authorizer.web_authorizer",
            "module.web_backend_api_with_fresh_auth_setup.aws_api_gateway_method.web_backend_api_get_method",
            "module.web_backend_api_with_fresh_auth_setup.aws_api_gateway_resource.web_backend_api_resource",
            "module.web_backend_api_with_fresh_auth_setup.aws_api_gateway_rest_api.web_backend_api"
          ]
        }
      ]
    },
    {
      "module": "module.web_backend_api_with_fresh_auth_setup",
      "mode": "managed",
      "type": "aws_api_gateway_resource",
      "name": "web_backend_api_resource",
      "provider": "provider[\"registry.terraform.io/hashicorp/aws\"]",
      "instances": [
        {
          "schema_version": 0,
          "attributes": {
            "id": "tk8dq9",
            "parent_id": "5a149p1rna",
            "path": "/{proxy+}",
            "path_part": "{proxy+}",
            "rest_api_id": "ee2r4lr7q4"
          },
          "private": "bnVsbA==",
          "dependencies": [
            "module.acm.aws_acm_certificate.web_cert",
            "module.admin_lambdas.aws_cloudwatch_event_rule.one_minute_ping",
            "module.admin_lambdas.aws_cloudwatch_event_target.ping_delete_lambda_every_one_minute",
            "module.admin_lambdas.aws_cloudwatch_event_target.ping_get_lambda_every_one_minute",
            "module.admin_lambdas.aws_cloudwatch_event_target.ping_register_lambda_every_one_minute",
            "module.admin_lambdas.aws_iam_policy.seahorse_admin_lambdas_exec_policy",
            "module.admin_lambdas.aws_iam_policy.seahorse_delete_lambdas_exec_policy",
            "module.admin_lambdas.aws_iam_policy.seahorse_get_lambdas_exec_policy",
            "module.admin_lambdas.aws_iam_role.seahorse_iam_role_for_lambdas",
            "module.admin_lambdas.aws_iam_role_policy_attachment.admin_delete_lambda_exec",
            "module.admin_lambdas.aws_iam_role_policy_attachment.admin_get_lambda_exec",
            "module.admin_lambdas.aws_iam_role_policy_attachment.admin_lambda_dynamodb",
            "module.admin_lambdas.aws_iam_role_policy_attachment.admin_register_lambda_exec",
            "module.admin_lambdas.aws_lambda_function.DeleteRegisteredComponent",
            "module.admin_lambdas.aws_lambda_function.GetRegisteredComponents",
            "module.admin_lambdas.aws_lambda_function.RegisterComponentLambda",
            "module.admin_lambdas.aws_lambda_permission.allow_cloudwatch_to_ping_delete_lambda",
            "module.admin_lambdas.aws_lambda_permission.allow_cloudwatch_to_ping_get_lambda",
            "module.admin_lambdas.aws_lambda_permission.allow_cloudwatch_to_ping_register_lambda",
            "module.auth.aws_cognito_identity_pool.seahorse_identity_pool",
            "module.auth.aws_cognito_identity_pool_roles_attachment.seahorse_identity_pool_roles",
            "module.auth.aws_cognito_identity_provider.identity_provider_sso",
            "module.auth.aws_cognito_user_pool.seahorse_user_pool",
            "module.auth.aws_cognito_user_pool_client.seahorse_web_client",
            "module.auth.aws_cognito_user_pool_domain.domain",
            "module.auth.aws_iam_role.auth_web_iam_role",
            "module.auth.aws_iam_role.unauth_web_iam_role",
            "module.auth.aws_iam_role_policy.web_iam_unauth_role_policy",
            "module.web_backend_api_with_fresh_auth_setup.aws_api_gateway_rest_api.web_backend_api"
          ]
        }
      ]
    },
    {
      "module": "module.web_backend_api_with_fresh_auth_setup",
      "mode": "managed",
      "type": "aws_api_gateway_rest_api",
      "name": "web_backend_api",
      "provider": "provider[\"registry.terraform.io/hashicorp/aws\"]",
      "instances": [
        {
          "schema_version": 0,
          "attributes": {
            "api_key_source": "HEADER",
            "arn": "arn:aws:apigateway:us-east-1::/restapis/ee2r4lr7q4",
            "binary_media_types": null,
            "body": null,
            "created_date": "2021-03-11T13:17:30Z",
            "description": "",
            "endpoint_configuration": [
              {
                "types": [
                  "REGIONAL"
                ],
                "vpc_endpoint_ids": null
              }
            ],
            "execution_arn": "arn:aws:execute-api:us-east-1:522478937547:ee2r4lr7q4",
            "id": "ee2r4lr7q4",
            "minimum_compression_size": -1,
            "name": "seahorse-web-backend-api",
            "policy": "",
            "root_resource_id": "5a149p1rna",
            "tags": null
          },
          "private": "bnVsbA==",
          "dependencies": [
            "module.acm.aws_acm_certificate.web_cert",
            "module.admin_lambdas.aws_cloudwatch_event_rule.one_minute_ping",
            "module.admin_lambdas.aws_cloudwatch_event_target.ping_delete_lambda_every_one_minute",
            "module.admin_lambdas.aws_cloudwatch_event_target.ping_get_lambda_every_one_minute",
            "module.admin_lambdas.aws_cloudwatch_event_target.ping_register_lambda_every_one_minute",
            "module.admin_lambdas.aws_iam_policy.seahorse_admin_lambdas_exec_policy",
            "module.admin_lambdas.aws_iam_policy.seahorse_delete_lambdas_exec_policy",
            "module.admin_lambdas.aws_iam_policy.seahorse_get_lambdas_exec_policy",
            "module.admin_lambdas.aws_iam_role.seahorse_iam_role_for_lambdas",
            "module.admin_lambdas.aws_iam_role_policy_attachment.admin_delete_lambda_exec",
            "module.admin_lambdas.aws_iam_role_policy_attachment.admin_get_lambda_exec",
            "module.admin_lambdas.aws_iam_role_policy_attachment.admin_lambda_dynamodb",
            "module.admin_lambdas.aws_iam_role_policy_attachment.admin_register_lambda_exec",
            "module.admin_lambdas.aws_lambda_function.DeleteRegisteredComponent",
            "module.admin_lambdas.aws_lambda_function.GetRegisteredComponents",
            "module.admin_lambdas.aws_lambda_function.RegisterComponentLambda",
            "module.admin_lambdas.aws_lambda_permission.allow_cloudwatch_to_ping_delete_lambda",
            "module.admin_lambdas.aws_lambda_permission.allow_cloudwatch_to_ping_get_lambda",
            "module.admin_lambdas.aws_lambda_permission.allow_cloudwatch_to_ping_register_lambda",
            "module.auth.aws_cognito_identity_pool.seahorse_identity_pool",
            "module.auth.aws_cognito_identity_pool_roles_attachment.seahorse_identity_pool_roles",
            "module.auth.aws_cognito_identity_provider.identity_provider_sso",
            "module.auth.aws_cognito_user_pool.seahorse_user_pool",
            "module.auth.aws_cognito_user_pool_client.seahorse_web_client",
            "module.auth.aws_cognito_user_pool_domain.domain",
            "module.auth.aws_iam_role.auth_web_iam_role",
            "module.auth.aws_iam_role.unauth_web_iam_role",
            "module.auth.aws_iam_role_policy.web_iam_unauth_role_policy"
          ]
        }
      ]
    },
    {
      "module": "module.web_backend_api_with_fresh_auth_setup",
      "mode": "managed",
      "type": "aws_lambda_permission",
      "name": "get-lambda-permission",
      "provider": "provider[\"registry.terraform.io/hashicorp/aws\"]",
      "instances": [
        {
          "schema_version": 0,
          "attributes": {
            "action": "lambda:InvokeFunction",
            "event_source_token": null,
            "function_name": "GetRegisteredComponents",
            "id": "AllowWebBackendAPIGatewayInvokeGet",
            "principal": "apigateway.amazonaws.com",
            "qualifier": "",
            "source_account": null,
            "source_arn": "arn:aws:execute-api:us-east-1:522478937547:ee2r4lr7q4/*/*/*",
            "statement_id": "AllowWebBackendAPIGatewayInvokeGet",
            "statement_id_prefix": null
          },
          "private": "bnVsbA==",
          "dependencies": [
            "module.acm.aws_acm_certificate.web_cert",
            "module.admin_lambdas.aws_cloudwatch_event_rule.one_minute_ping",
            "module.admin_lambdas.aws_cloudwatch_event_target.ping_delete_lambda_every_one_minute",
            "module.admin_lambdas.aws_cloudwatch_event_target.ping_get_lambda_every_one_minute",
            "module.admin_lambdas.aws_cloudwatch_event_target.ping_register_lambda_every_one_minute",
            "module.admin_lambdas.aws_iam_policy.seahorse_admin_lambdas_exec_policy",
            "module.admin_lambdas.aws_iam_policy.seahorse_delete_lambdas_exec_policy",
            "module.admin_lambdas.aws_iam_policy.seahorse_get_lambdas_exec_policy",
            "module.admin_lambdas.aws_iam_role.seahorse_iam_role_for_lambdas",
            "module.admin_lambdas.aws_iam_role_policy_attachment.admin_delete_lambda_exec",
            "module.admin_lambdas.aws_iam_role_policy_attachment.admin_get_lambda_exec",
            "module.admin_lambdas.aws_iam_role_policy_attachment.admin_lambda_dynamodb",
            "module.admin_lambdas.aws_iam_role_policy_attachment.admin_register_lambda_exec",
            "module.admin_lambdas.aws_lambda_function.DeleteRegisteredComponent",
            "module.admin_lambdas.aws_lambda_function.GetRegisteredComponents",
            "module.admin_lambdas.aws_lambda_function.RegisterComponentLambda",
            "module.admin_lambdas.aws_lambda_permission.allow_cloudwatch_to_ping_delete_lambda",
            "module.admin_lambdas.aws_lambda_permission.allow_cloudwatch_to_ping_get_lambda",
            "module.admin_lambdas.aws_lambda_permission.allow_cloudwatch_to_ping_register_lambda",
            "module.auth.aws_cognito_identity_pool.seahorse_identity_pool",
            "module.auth.aws_cognito_identity_pool_roles_attachment.seahorse_identity_pool_roles",
            "module.auth.aws_cognito_identity_provider.identity_provider_sso",
            "module.auth.aws_cognito_user_pool.seahorse_user_pool",
            "module.auth.aws_cognito_user_pool_client.seahorse_web_client",
            "module.auth.aws_cognito_user_pool_domain.domain",
            "module.auth.aws_iam_role.auth_web_iam_role",
            "module.auth.aws_iam_role.unauth_web_iam_role",
            "module.auth.aws_iam_role_policy.web_iam_unauth_role_policy",
            "module.web_backend_api_with_fresh_auth_setup.aws_api_gateway_rest_api.web_backend_api"
          ]
        }
      ]
    },
    {
      "module": "module.web_static",
      "mode": "managed",
      "type": "aws_cloudfront_distribution",
      "name": "docs_distribution",
      "provider": "provider[\"registry.terraform.io/hashicorp/aws\"]",
      "instances": [
        {
          "schema_version": 1,
          "attributes": {
            "aliases": [
              "docusaurus.seahorse-dev2.globallink.com"
            ],
            "arn": "arn:aws:cloudfront::522478937547:distribution/E3TP2V6O0J9DJI",
            "caller_reference": "terraform-2021031113114135480000000c",
            "comment": null,
            "custom_error_response": [],
            "default_cache_behavior": [
              {
                "allowed_methods": [
                  "DELETE",
                  "GET",
                  "HEAD",
                  "OPTIONS",
                  "PATCH",
                  "POST",
                  "PUT"
                ],
                "cached_methods": [
                  "GET",
                  "HEAD"
                ],
                "compress": false,
                "default_ttl": 3600,
                "field_level_encryption_id": "",
                "forwarded_values": [
                  {
                    "cookies": [
                      {
                        "forward": "none",
                        "whitelisted_names": null
                      }
                    ],
                    "headers": null,
                    "query_string": false,
                    "query_string_cache_keys": null
                  }
                ],
                "lambda_function_association": [],
                "max_ttl": 86400,
                "min_ttl": 0,
                "smooth_streaming": false,
                "target_origin_id": "dev2.seahorse.docusaurus",
                "trusted_signers": null,
                "viewer_protocol_policy": "allow-all"
              }
            ],
            "default_root_object": "index.html",
            "domain_name": "d1c126djf5k0fp.cloudfront.net",
            "enabled": true,
            "etag": "E2PN3CXCPA11TN",
            "hosted_zone_id": "Z2FDTNDATAQYW2",
            "http_version": "http2",
            "id": "E3TP2V6O0J9DJI",
            "in_progress_validation_batches": 0,
            "is_ipv6_enabled": true,
            "last_modified_time": "2021-03-11 13:11:42.165 +0000 UTC",
            "logging_config": [],
            "ordered_cache_behavior": [],
            "origin": [
              {
                "custom_header": [],
                "custom_origin_config": [],
                "domain_name": "dev2.seahorse.docusaurus.s3.amazonaws.com",
                "origin_id": "dev2.seahorse.docusaurus",
                "origin_path": "",
                "s3_origin_config": [
                  {
                    "origin_access_identity": "origin-access-identity/cloudfront/E1CGW2JONGH1E6"
                  }
                ]
              }
            ],
            "origin_group": [],
            "price_class": "PriceClass_All",
            "restrictions": [
              {
                "geo_restriction": [
                  {
                    "locations": [
                      "CA",
                      "DE",
                      "GB",
                      "US"
                    ],
                    "restriction_type": "whitelist"
                  }
                ]
              }
            ],
            "retain_on_delete": false,
            "status": "Deployed",
            "tags": null,
            "trusted_signers": [
              {
                "enabled": false,
                "items": []
              }
            ],
            "viewer_certificate": [
              {
                "acm_certificate_arn": "arn:aws:acm:us-east-1:522478937547:certificate/b8185219-3b87-4912-bd4b-76715fe66627",
                "cloudfront_default_certificate": false,
                "iam_certificate_id": "",
                "minimum_protocol_version": "TLSv1.2_2019",
                "ssl_support_method": "sni-only"
              }
            ],
            "wait_for_deployment": true,
            "web_acl_id": "1e65347f-2b94-4866-9c45-d52aa648a428"
          },
          "private": "eyJzY2hlbWFfdmVyc2lvbiI6IjEifQ==",
          "dependencies": [
            "module.acm.aws_acm_certificate.web_cert",
            "module.waf.aws_waf_ipset.ipset",
            "module.waf.aws_waf_rule.wafrule",
            "module.waf.aws_waf_web_acl.waf_acl",
            "module.web_static.aws_cloudfront_origin_access_identity.docusaurus_origin_access_identity",
            "module.web_static.aws_s3_bucket.docusaurus"
          ]
        }
      ]
    },
    {
      "module": "module.web_static",
      "mode": "managed",
      "type": "aws_cloudfront_distribution",
      "name": "example_distribution",
      "provider": "provider[\"registry.terraform.io/hashicorp/aws\"]",
      "instances": [
        {
          "schema_version": 1,
          "attributes": {
            "aliases": [
              "simple-app.seahorse-dev2.globallink.com"
            ],
            "arn": "arn:aws:cloudfront::522478937547:distribution/E3TVZGJCK0TOWS",
            "caller_reference": "terraform-20210311131136636800000009",
            "comment": null,
            "custom_error_response": [],
            "default_cache_behavior": [
              {
                "allowed_methods": [
                  "DELETE",
                  "GET",
                  "HEAD",
                  "OPTIONS",
                  "PATCH",
                  "POST",
                  "PUT"
                ],
                "cached_methods": [
                  "GET",
                  "HEAD"
                ],
                "compress": false,
                "default_ttl": 3600,
                "field_level_encryption_id": "",
                "forwarded_values": [
                  {
                    "cookies": [
                      {
                        "forward": "none",
                        "whitelisted_names": null
                      }
                    ],
                    "headers": null,
                    "query_string": false,
                    "query_string_cache_keys": null
                  }
                ],
                "lambda_function_association": [],
                "max_ttl": 86400,
                "min_ttl": 0,
                "smooth_streaming": false,
                "target_origin_id": "dev2.seahorse.simple-app",
                "trusted_signers": null,
                "viewer_protocol_policy": "allow-all"
              }
            ],
            "default_root_object": "index.html",
            "domain_name": "d1wpa1t3vjfxm6.cloudfront.net",
            "enabled": true,
            "etag": "ELZQF4I75GPME",
            "hosted_zone_id": "Z2FDTNDATAQYW2",
            "http_version": "http2",
            "id": "E3TVZGJCK0TOWS",
            "in_progress_validation_batches": 0,
            "is_ipv6_enabled": true,
            "last_modified_time": "2021-03-11 13:11:37.591 +0000 UTC",
            "logging_config": [],
            "ordered_cache_behavior": [],
            "origin": [
              {
                "custom_header": [],
                "custom_origin_config": [],
                "domain_name": "dev2.seahorse.finsemble.s3.amazonaws.com",
                "origin_id": "dev2.seahorse.simple-app",
                "origin_path": "",
                "s3_origin_config": [
                  {
                    "origin_access_identity": "origin-access-identity/cloudfront/E2M376BDS1KJH7"
                  }
                ]
              }
            ],
            "origin_group": [],
            "price_class": "PriceClass_All",
            "restrictions": [
              {
                "geo_restriction": [
                  {
                    "locations": [
                      "CA",
                      "DE",
                      "GB",
                      "US"
                    ],
                    "restriction_type": "whitelist"
                  }
                ]
              }
            ],
            "retain_on_delete": false,
            "status": "Deployed",
            "tags": null,
            "trusted_signers": [
              {
                "enabled": false,
                "items": []
              }
            ],
            "viewer_certificate": [
              {
                "acm_certificate_arn": "arn:aws:acm:us-east-1:522478937547:certificate/b8185219-3b87-4912-bd4b-76715fe66627",
                "cloudfront_default_certificate": false,
                "iam_certificate_id": "",
                "minimum_protocol_version": "TLSv1.2_2019",
                "ssl_support_method": "sni-only"
              }
            ],
            "wait_for_deployment": true,
            "web_acl_id": "1e65347f-2b94-4866-9c45-d52aa648a428"
          },
          "private": "eyJzY2hlbWFfdmVyc2lvbiI6IjEifQ==",
          "dependencies": [
            "module.acm.aws_acm_certificate.web_cert",
            "module.waf.aws_waf_ipset.ipset",
            "module.waf.aws_waf_rule.wafrule",
            "module.waf.aws_waf_web_acl.waf_acl",
            "module.web_static.aws_cloudfront_origin_access_identity.example_origin_access_identity",
            "module.web_static.aws_cloudfront_origin_access_identity.finsemble_origin_access_identity",
            "module.web_static.aws_s3_bucket.finsemble"
          ]
        }
      ]
    },
    {
      "module": "module.web_static",
      "mode": "managed",
      "type": "aws_cloudfront_distribution",
      "name": "finsemble_distribution",
      "provider": "provider[\"registry.terraform.io/hashicorp/aws\"]",
      "instances": [
        {
          "schema_version": 1,
          "attributes": {
            "aliases": [
              "web.seahorse-dev2.globallink.com"
            ],
            "arn": "arn:aws:cloudfront::522478937547:distribution/E1TS2NXQSO2SSL",
            "caller_reference": "terraform-2021031113113663690000000a",
            "comment": null,
            "custom_error_response": [],
            "default_cache_behavior": [
              {
                "allowed_methods": [
                  "DELETE",
                  "GET",
                  "HEAD",
                  "OPTIONS",
                  "PATCH",
                  "POST",
                  "PUT"
                ],
                "cached_methods": [
                  "GET",
                  "HEAD"
                ],
                "compress": false,
                "default_ttl": 3600,
                "field_level_encryption_id": "",
                "forwarded_values": [
                  {
                    "cookies": [
                      {
                        "forward": "none",
                        "whitelisted_names": null
                      }
                    ],
                    "headers": null,
                    "query_string": false,
                    "query_string_cache_keys": null
                  }
                ],
                "lambda_function_association": [],
                "max_ttl": 10800,
                "min_ttl": 0,
                "smooth_streaming": false,
                "target_origin_id": "dev2.seahorse.finsemble",
                "trusted_signers": null,
                "viewer_protocol_policy": "allow-all"
              }
            ],
            "default_root_object": "index.html",
            "domain_name": "d1f72rtwrq94pd.cloudfront.net",
            "enabled": true,
            "etag": "E2ZXCA0L75HWYF",
            "hosted_zone_id": "Z2FDTNDATAQYW2",
            "http_version": "http2",
            "id": "E1TS2NXQSO2SSL",
            "in_progress_validation_batches": 0,
            "is_ipv6_enabled": true,
            "last_modified_time": "2021-03-11 13:11:37.653 +0000 UTC",
            "logging_config": [],
            "ordered_cache_behavior": [],
            "origin": [
              {
                "custom_header": [],
                "custom_origin_config": [],
                "domain_name": "dev2.seahorse.finsemble.s3.amazonaws.com",
                "origin_id": "dev2.seahorse.finsemble",
                "origin_path": "",
                "s3_origin_config": [
                  {
                    "origin_access_identity": "origin-access-identity/cloudfront/EK8FSMG74O8GT"
                  }
                ]
              }
            ],
            "origin_group": [],
            "price_class": "PriceClass_All",
            "restrictions": [
              {
                "geo_restriction": [
                  {
                    "locations": [
                      "CA",
                      "DE",
                      "GB",
                      "US"
                    ],
                    "restriction_type": "whitelist"
                  }
                ]
              }
            ],
            "retain_on_delete": false,
            "status": "Deployed",
            "tags": null,
            "trusted_signers": [
              {
                "enabled": false,
                "items": []
              }
            ],
            "viewer_certificate": [
              {
                "acm_certificate_arn": "arn:aws:acm:us-east-1:522478937547:certificate/b8185219-3b87-4912-bd4b-76715fe66627",
                "cloudfront_default_certificate": false,
                "iam_certificate_id": "",
                "minimum_protocol_version": "TLSv1.2_2019",
                "ssl_support_method": "sni-only"
              }
            ],
            "wait_for_deployment": true,
            "web_acl_id": "1e65347f-2b94-4866-9c45-d52aa648a428"
          },
          "private": "eyJzY2hlbWFfdmVyc2lvbiI6IjEifQ==",
          "dependencies": [
            "module.acm.aws_acm_certificate.web_cert",
            "module.waf.aws_waf_ipset.ipset",
            "module.waf.aws_waf_rule.wafrule",
            "module.waf.aws_waf_web_acl.waf_acl",
            "module.web_static.aws_cloudfront_origin_access_identity.finsemble_origin_access_identity",
            "module.web_static.aws_s3_bucket.finsemble"
          ]
        }
      ]
    },
    {
      "module": "module.web_static",
      "mode": "managed",
      "type": "aws_cloudfront_distribution",
      "name": "storybook_distribution",
      "provider": "provider[\"registry.terraform.io/hashicorp/aws\"]",
      "instances": [
        {
          "schema_version": 1,
          "attributes": {
            "aliases": [
              "storybook.seahorse-dev2.globallink.com"
            ],
            "arn": "arn:aws:cloudfront::522478937547:distribution/E35HNXBLCDSSW6",
            "caller_reference": "terraform-2021031113113990080000000b",
            "comment": null,
            "custom_error_response": [],
            "default_cache_behavior": [
              {
                "allowed_methods": [
                  "DELETE",
                  "GET",
                  "HEAD",
                  "OPTIONS",
                  "PATCH",
                  "POST",
                  "PUT"
                ],
                "cached_methods": [
                  "GET",
                  "HEAD"
                ],
                "compress": false,
                "default_ttl": 3600,
                "field_level_encryption_id": "",
                "forwarded_values": [
                  {
                    "cookies": [
                      {
                        "forward": "none",
                        "whitelisted_names": null
                      }
                    ],
                    "headers": null,
                    "query_string": false,
                    "query_string_cache_keys": null
                  }
                ],
                "lambda_function_association": [],
                "max_ttl": 86400,
                "min_ttl": 0,
                "smooth_streaming": false,
                "target_origin_id": "dev2.seahorse.storybook",
                "trusted_signers": null,
                "viewer_protocol_policy": "allow-all"
              }
            ],
            "default_root_object": "index.html",
            "domain_name": "d33fu6osu9wo53.cloudfront.net",
            "enabled": true,
            "etag": "E273SE2K70C0WF",
            "hosted_zone_id": "Z2FDTNDATAQYW2",
            "http_version": "http2",
            "id": "E35HNXBLCDSSW6",
            "in_progress_validation_batches": 0,
            "is_ipv6_enabled": true,
            "last_modified_time": "2021-03-11 13:11:40.728 +0000 UTC",
            "logging_config": [],
            "ordered_cache_behavior": [],
            "origin": [
              {
                "custom_header": [],
                "custom_origin_config": [],
                "domain_name": "dev2.seahorse.storybook.s3.amazonaws.com",
                "origin_id": "dev2.seahorse.storybook",
                "origin_path": "",
                "s3_origin_config": [
                  {
                    "origin_access_identity": "origin-access-identity/cloudfront/E3LP3VP1TAIMVC"
                  }
                ]
              }
            ],
            "origin_group": [],
            "price_class": "PriceClass_All",
            "restrictions": [
              {
                "geo_restriction": [
                  {
                    "locations": [
                      "CA",
                      "DE",
                      "GB",
                      "US"
                    ],
                    "restriction_type": "whitelist"
                  }
                ]
              }
            ],
            "retain_on_delete": false,
            "status": "Deployed",
            "tags": null,
            "trusted_signers": [
              {
                "enabled": false,
                "items": []
              }
            ],
            "viewer_certificate": [
              {
                "acm_certificate_arn": "arn:aws:acm:us-east-1:522478937547:certificate/b8185219-3b87-4912-bd4b-76715fe66627",
                "cloudfront_default_certificate": false,
                "iam_certificate_id": "",
                "minimum_protocol_version": "TLSv1.2_2019",
                "ssl_support_method": "sni-only"
              }
            ],
            "wait_for_deployment": true,
            "web_acl_id": "1e65347f-2b94-4866-9c45-d52aa648a428"
          },
          "private": "eyJzY2hlbWFfdmVyc2lvbiI6IjEifQ==",
          "dependencies": [
            "module.acm.aws_acm_certificate.web_cert",
            "module.waf.aws_waf_ipset.ipset",
            "module.waf.aws_waf_rule.wafrule",
            "module.waf.aws_waf_web_acl.waf_acl",
            "module.web_static.aws_cloudfront_origin_access_identity.storybook_origin_access_identity",
            "module.web_static.aws_s3_bucket.storybook"
          ]
        }
      ]
    },
    {
      "module": "module.web_static",
      "mode": "managed",
      "type": "aws_cloudfront_origin_access_identity",
      "name": "docusaurus_origin_access_identity",
      "provider": "provider[\"registry.terraform.io/hashicorp/aws\"]",
      "instances": [
        {
          "schema_version": 0,
          "attributes": {
            "caller_reference": "terraform-20210311131110207900000003",
            "cloudfront_access_identity_path": "origin-access-identity/cloudfront/E1CGW2JONGH1E6",
            "comment": "Docusaurus OAI",
            "etag": "E17NHI3WSMASKY",
            "iam_arn": "arn:aws:iam::cloudfront:user/CloudFront Origin Access Identity E1CGW2JONGH1E6",
            "id": "E1CGW2JONGH1E6",
            "s3_canonical_user_id": "3e6349c6e8642e6e964b5dfb8057d16ed08f612fa62369a22ef2ed0a9f3c648a4da3079afbc6e9e13aed27cb56f52481"
          },
          "private": "bnVsbA=="
        }
      ]
    },
    {
      "module": "module.web_static",
      "mode": "managed",
      "type": "aws_cloudfront_origin_access_identity",
      "name": "example_origin_access_identity",
      "provider": "provider[\"registry.terraform.io/hashicorp/aws\"]",
      "instances": [
        {
          "schema_version": 0,
          "attributes": {
            "caller_reference": "terraform-20210311131110207900000002",
            "cloudfront_access_identity_path": "origin-access-identity/cloudfront/E2M376BDS1KJH7",
            "comment": "Examples OAI",
            "etag": "E6D0YGCO8ZNSX",
            "iam_arn": "arn:aws:iam::cloudfront:user/CloudFront Origin Access Identity E2M376BDS1KJH7",
            "id": "E2M376BDS1KJH7",
            "s3_canonical_user_id": "64771b7638729440b901cb51ea5f4d723cb473d6df05d3dc0fef98096c2fae9c2de891b189c56eabe0f2ef95be282561"
          },
          "private": "bnVsbA=="
        }
      ]
    },
    {
      "module": "module.web_static",
      "mode": "managed",
      "type": "aws_cloudfront_origin_access_identity",
      "name": "finsemble_origin_access_identity",
      "provider": "provider[\"registry.terraform.io/hashicorp/aws\"]",
      "instances": [
        {
          "schema_version": 0,
          "attributes": {
            "caller_reference": "terraform-20210311131110207400000001",
            "cloudfront_access_identity_path": "origin-access-identity/cloudfront/EK8FSMG74O8GT",
            "comment": "Finsemble OAI",
            "etag": "E2OZ681HNL7SZC",
            "iam_arn": "arn:aws:iam::cloudfront:user/CloudFront Origin Access Identity EK8FSMG74O8GT",
            "id": "EK8FSMG74O8GT",
            "s3_canonical_user_id": "d3be758678649826a3030555bee881eb2e23edeaf3a70ac5a105b5890bd0cbf5c89ea50ea4b1ab7241888c29025cd318"
          },
          "private": "bnVsbA=="
        }
      ]
    },
    {
      "module": "module.web_static",
      "mode": "managed",
      "type": "aws_cloudfront_origin_access_identity",
      "name": "storybook_origin_access_identity",
      "provider": "provider[\"registry.terraform.io/hashicorp/aws\"]",
      "instances": [
        {
          "schema_version": 0,
          "attributes": {
            "caller_reference": "terraform-20210311131112603400000004",
            "cloudfront_access_identity_path": "origin-access-identity/cloudfront/E3LP3VP1TAIMVC",
            "comment": "StoryBook OAI",
            "etag": "E11TIAM46OF8C7",
            "iam_arn": "arn:aws:iam::cloudfront:user/CloudFront Origin Access Identity E3LP3VP1TAIMVC",
            "id": "E3LP3VP1TAIMVC",
            "s3_canonical_user_id": "9093685cfdc2713e080e1e09f94a58fe1b6f9905aa32c6ec56a270ee198b33aab3883b05af25744d41962726fe6968cb"
          },
          "private": "bnVsbA=="
        }
      ]
    },
    {
      "module": "module.web_static",
      "mode": "managed",
      "type": "aws_s3_bucket",
      "name": "docusaurus",
      "provider": "provider[\"registry.terraform.io/hashicorp/aws\"]",
      "instances": [
        {
          "schema_version": 0,
          "attributes": {
            "acceleration_status": "",
            "acl": "public-read",
            "arn": "arn:aws:s3:::dev2.seahorse.docusaurus",
            "bucket": "dev2.seahorse.docusaurus",
            "bucket_domain_name": "dev2.seahorse.docusaurus.s3.amazonaws.com",
            "bucket_prefix": null,
            "bucket_regional_domain_name": "dev2.seahorse.docusaurus.s3.amazonaws.com",
            "cors_rule": [],
            "force_destroy": false,
            "grant": [],
            "hosted_zone_id": "Z3AQBSTGFYJSTF",
            "id": "dev2.seahorse.docusaurus",
            "lifecycle_rule": [],
            "logging": [],
            "object_lock_configuration": [],
            "policy": "{\"Id\":\"CloudFrontOAIOnly\",\"Statement\":[{\"Action\":\"s3:GetObject\",\"Effect\":\"Allow\",\"Principal\":{\"AWS\":\"arn:aws:iam::cloudfront:user/CloudFront Origin Access Identity E1CGW2JONGH1E6\"},\"Resource\":\"arn:aws:s3:::dev2.seahorse.docusaurus/*\",\"Sid\":\"1\"}],\"Version\":\"2012-10-17\"}",
            "region": "us-east-1",
            "replication_configuration": [],
            "request_payer": "BucketOwner",
            "server_side_encryption_configuration": [],
            "tags": {
              "Environment": "SeaHorse",
              "Name": "Product"
            },
            "versioning": [
              {
                "enabled": false,
                "mfa_delete": false
              }
            ],
            "website": [
              {
                "error_document": "error.html",
                "index_document": "index.html",
                "redirect_all_requests_to": "",
                "routing_rules": ""
              }
            ],
            "website_domain": "s3-website-us-east-1.amazonaws.com",
            "website_endpoint": "dev2.seahorse.docusaurus.s3-website-us-east-1.amazonaws.com"
          },
          "private": "bnVsbA==",
          "dependencies": [
            "module.web_static.aws_cloudfront_origin_access_identity.docusaurus_origin_access_identity"
          ]
        }
      ]
    },
    {
      "module": "module.web_static",
      "mode": "managed",
      "type": "aws_s3_bucket",
      "name": "examples",
      "provider": "provider[\"registry.terraform.io/hashicorp/aws\"]",
      "instances": [
        {
          "schema_version": 0,
          "attributes": {
            "acceleration_status": "",
            "acl": "public-read",
            "arn": "arn:aws:s3:::dev2.seahorse.simple-app",
            "bucket": "dev2.seahorse.simple-app",
            "bucket_domain_name": "dev2.seahorse.simple-app.s3.amazonaws.com",
            "bucket_prefix": null,
            "bucket_regional_domain_name": "dev2.seahorse.simple-app.s3.amazonaws.com",
            "cors_rule": [],
            "force_destroy": false,
            "grant": [],
            "hosted_zone_id": "Z3AQBSTGFYJSTF",
            "id": "dev2.seahorse.simple-app",
            "lifecycle_rule": [],
            "logging": [],
            "object_lock_configuration": [],
            "policy": "{\"Id\":\"CloudFrontOAIOnly\",\"Statement\":[{\"Action\":\"s3:GetObject\",\"Effect\":\"Allow\",\"Principal\":{\"AWS\":\"arn:aws:iam::cloudfront:user/CloudFront Origin Access Identity E2M376BDS1KJH7\"},\"Resource\":\"arn:aws:s3:::dev2.seahorse.simple-app/*\",\"Sid\":\"1\"}],\"Version\":\"2012-10-17\"}",
            "region": "us-east-1",
            "replication_configuration": [],
            "request_payer": "BucketOwner",
            "server_side_encryption_configuration": [],
            "tags": {
              "Environment": "SeaHorse",
              "Name": "Product"
            },
            "versioning": [
              {
                "enabled": false,
                "mfa_delete": false
              }
            ],
            "website": [
              {
                "error_document": "error.html",
                "index_document": "index.html",
                "redirect_all_requests_to": "",
                "routing_rules": ""
              }
            ],
            "website_domain": "s3-website-us-east-1.amazonaws.com",
            "website_endpoint": "dev2.seahorse.simple-app.s3-website-us-east-1.amazonaws.com"
          },
          "private": "bnVsbA==",
          "dependencies": [
            "module.web_static.aws_cloudfront_origin_access_identity.example_origin_access_identity"
          ]
        }
      ]
    },
    {
      "module": "module.web_static",
      "mode": "managed",
      "type": "aws_s3_bucket",
      "name": "finsemble",
      "provider": "provider[\"registry.terraform.io/hashicorp/aws\"]",
      "instances": [
        {
          "schema_version": 0,
          "attributes": {
            "acceleration_status": "",
            "acl": "public-read",
            "arn": "arn:aws:s3:::dev2.seahorse.finsemble",
            "bucket": "dev2.seahorse.finsemble",
            "bucket_domain_name": "dev2.seahorse.finsemble.s3.amazonaws.com",
            "bucket_prefix": null,
            "bucket_regional_domain_name": "dev2.seahorse.finsemble.s3.amazonaws.com",
            "cors_rule": [],
            "force_destroy": false,
            "grant": [],
            "hosted_zone_id": "Z3AQBSTGFYJSTF",
            "id": "dev2.seahorse.finsemble",
            "lifecycle_rule": [],
            "logging": [],
            "object_lock_configuration": [],
            "policy": "{\"Id\":\"CloudFrontOAIOnly\",\"Statement\":[{\"Action\":\"s3:GetObject\",\"Effect\":\"Allow\",\"Principal\":{\"AWS\":\"arn:aws:iam::cloudfront:user/CloudFront Origin Access Identity EK8FSMG74O8GT\"},\"Resource\":\"arn:aws:s3:::dev2.seahorse.finsemble/*\",\"Sid\":\"1\"}],\"Version\":\"2012-10-17\"}",
            "region": "us-east-1",
            "replication_configuration": [],
            "request_payer": "BucketOwner",
            "server_side_encryption_configuration": [],
            "tags": {
              "Environment": "SeaHorse",
              "Name": "Product"
            },
            "versioning": [
              {
                "enabled": false,
                "mfa_delete": false
              }
            ],
            "website": [
              {
                "error_document": "error.html",
                "index_document": "index.html",
                "redirect_all_requests_to": "",
                "routing_rules": ""
              }
            ],
            "website_domain": "s3-website-us-east-1.amazonaws.com",
            "website_endpoint": "dev2.seahorse.finsemble.s3-website-us-east-1.amazonaws.com"
          },
          "private": "bnVsbA==",
          "dependencies": [
            "module.web_static.aws_cloudfront_origin_access_identity.finsemble_origin_access_identity"
          ]
        }
      ]
    },
    {
      "module": "module.web_static",
      "mode": "managed",
      "type": "aws_s3_bucket",
      "name": "storybook",
      "provider": "provider[\"registry.terraform.io/hashicorp/aws\"]",
      "instances": [
        {
          "schema_version": 0,
          "attributes": {
            "acceleration_status": "",
            "acl": "public-read",
            "arn": "arn:aws:s3:::dev2.seahorse.storybook",
            "bucket": "dev2.seahorse.storybook",
            "bucket_domain_name": "dev2.seahorse.storybook.s3.amazonaws.com",
            "bucket_prefix": null,
            "bucket_regional_domain_name": "dev2.seahorse.storybook.s3.amazonaws.com",
            "cors_rule": [],
            "force_destroy": false,
            "grant": [],
            "hosted_zone_id": "Z3AQBSTGFYJSTF",
            "id": "dev2.seahorse.storybook",
            "lifecycle_rule": [],
            "logging": [],
            "object_lock_configuration": [],
            "policy": "{\"Id\":\"CloudFrontOAIOnly\",\"Statement\":[{\"Action\":\"s3:GetObject\",\"Effect\":\"Allow\",\"Principal\":{\"AWS\":\"arn:aws:iam::cloudfront:user/CloudFront Origin Access Identity E3LP3VP1TAIMVC\"},\"Resource\":\"arn:aws:s3:::dev2.seahorse.storybook/*\",\"Sid\":\"1\"}],\"Version\":\"2012-10-17\"}",
            "region": "us-east-1",
            "replication_configuration": [],
            "request_payer": "BucketOwner",
            "server_side_encryption_configuration": [],
            "tags": {
              "Environment": "SeaHorse",
              "Name": "Product"
            },
            "versioning": [
              {
                "enabled": false,
                "mfa_delete": false
              }
            ],
            "website": [
              {
                "error_document": "error.html",
                "index_document": "index.html",
                "redirect_all_requests_to": "",
                "routing_rules": ""
              }
            ],
            "website_domain": "s3-website-us-east-1.amazonaws.com",
            "website_endpoint": "dev2.seahorse.storybook.s3-website-us-east-1.amazonaws.com"
          },
          "private": "bnVsbA==",
          "dependencies": [
            "module.web_static.aws_cloudfront_origin_access_identity.storybook_origin_access_identity"
          ]
        }
      ]
    }
  ]
}
