{
  "version": 4,
  "terraform_version": "0.13.5",
  "serial": 90,
  "lineage": "8d073479-a2f1-bc3c-7b07-1fd3fa4a77c1",
  "outputs": {},
  "resources": [
    {
      "module": "module.acm",
      "mode": "managed",
      "type": "aws_acm_certificate",
      "name": "web_cert",
      "provider": "provider[\"registry.terraform.io/hashicorp/aws\"]",
      "instances": [
        {
          "schema_version": 0,
          "attributes": {
            "arn": "arn:aws:acm:us-east-1:073724527903:certificate/dc18ba4a-0f70-4033-9c0d-9d7255a16b90",
            "certificate_authority_arn": "",
            "certificate_body": "-----BEGIN CERTIFICATE-----\r\nMIIIcTCCB1mgAwIBAgIQAZtDBsgagDDcKEpDYffNnzANBgkqhkiG9w0BAQsFADBP\r\nMQswCQYDVQQGEwJVUzEVMBMGA1UEChMMRGlnaUNlcnQgSW5jMSkwJwYDVQQDEyBE\r\naWdpQ2VydCBUTFMgUlNBIFNIQTI1NiAyMDIwIENBMTAeFw0yMTA0MDEwMDAwMDBa\r\nFw0yMjA0MDYyMzU5NTlaMH0xCzAJBgNVBAYTAlVTMREwDwYDVQQIEwhOZXcgWW9y\r\nazERMA8GA1UEBxMITmV3IFlvcmsxITAfBgNVBAoTGFN0YXRlIFN0cmVldCBDb3Jw\r\nb3JhdGlvbjElMCMGA1UEAxMcc2VhaG9yc2UtZGV2My5nbG9iYWxsaW5rLmNvbTCC\r\nASIwDQYJKoZIhvcNAQEBBQADggEPADCCAQoCggEBAKiPMT65lvrJoLgmVWI+dCeu\r\nPR9fDdNXrVuc3xCkezN2mPIDa7qnDlKSjWnmMLd6Djh4lvijcS6v3kTAyCVGwaTa\r\nzsg6tPmdh9fChHBSi2KUHA2VPVmgxel148+yRAINRU0PGj/AjGPV3j4ECkXp+KwQ\r\nhQvKZz4IMllLXJmcqbup+iFApO2/ax0Qd1GIdhD6IFl060P3moEQLgHJSXDw8unb\r\nAikjbZdBC4P4mzyR1zZFeDB8DGA1sahmBVnPEq2vac8E9J5HUhpAl/6Pav7i35xA\r\nmVRu68JCbTQEZCNDODt/M9aH252IzN2yOFETcVgN3YMBAayxAYE+jkHrxdK5dusC\r\nAwEAAaOCBRkwggUVMB8GA1UdIwQYMBaAFLdrouqoqoSMeeq02g+YssWVdrn0MB0G\r\nA1UdDgQWBBQ3Zq/vZ3OvMLQG4z1b30A/tdrdbDCCAj4GA1UdEQSCAjUwggIxghxz\r\nZWFob3JzZS1kZXYzLmdsb2JhbGxpbmsuY29tgiZzdG9yeWJvb2suc2VhaG9yc2Ut\r\nZGV2My5nbG9iYWxsaW5rLmNvbYIhZG9jcy5zZWFob3JzZS1kZXYzLmdsb2JhbGxp\r\nbmsuY29tgiZjb250YWluZXIuc2VhaG9yc2UtZGV2My5nbG9iYWxsaW5rLmNvbYIk\r\nc3RyZWFtcy5zZWFob3JzZS1kZXYzLmdsb2JhbGxpbmsuY29tgiN3ZWJhcGkuc2Vh\r\naG9yc2UtZGV2My5nbG9iYWxsaW5rLmNvbYIlYWRtaW5hcGkuc2VhaG9yc2UtZGV2\r\nMy5nbG9iYWxsaW5rLmNvbYIkZXhhbXBsZS5zZWFob3JzZS1kZXYzLmdsb2JhbGxp\r\nbmsuY29tgidzaW1wbGUtYXBwLnNlYWhvcnNlLWRldjMuZ2xvYmFsbGluay5jb22C\r\nIWF1dGguc2VhaG9yc2UtZGV2My5nbG9iYWxsaW5rLmNvbYIgd2ViLnNlYWhvcnNl\r\nLWRldjMuZ2xvYmFsbGluay5jb22CIGFwaS5zZWFob3JzZS1kZXYzLmdsb2JhbGxp\r\nbmsuY29tgidkb2N1c2F1cnVzLnNlYWhvcnNlLWRldjMuZ2xvYmFsbGluay5jb22C\r\nJGZ4cmF0ZXMuc2VhaG9yc2UtZGV2My5nbG9iYWxsaW5rLmNvbYInZnhyYXRlc2Fw\r\naS5zZWFob3JzZS1kZXYzLmdsb2JhbGxpbmsuY29tMA4GA1UdDwEB/wQEAwIFoDAd\r\nBgNVHSUEFjAUBggrBgEFBQcDAQYIKwYBBQUHAwIwgYsGA1UdHwSBgzCBgDA+oDyg\r\nOoY4aHR0cDovL2NybDMuZGlnaWNlcnQuY29tL0RpZ2lDZXJ0VExTUlNBU0hBMjU2\r\nMjAyMENBMS5jcmwwPqA8oDqGOGh0dHA6Ly9jcmw0LmRpZ2ljZXJ0LmNvbS9EaWdp\r\nQ2VydFRMU1JTQVNIQTI1NjIwMjBDQTEuY3JsMD4GA1UdIAQ3MDUwMwYGZ4EMAQIC\r\nMCkwJwYIKwYBBQUHAgEWG2h0dHA6Ly93d3cuZGlnaWNlcnQuY29tL0NQUzB9Bggr\r\nBgEFBQcBAQRxMG8wJAYIKwYBBQUHMAGGGGh0dHA6Ly9vY3NwLmRpZ2ljZXJ0LmNv\r\nbTBHBggrBgEFBQcwAoY7aHR0cDovL2NhY2VydHMuZGlnaWNlcnQuY29tL0RpZ2lD\r\nZXJ0VExTUlNBU0hBMjU2MjAyMENBMS5jcnQwDAYDVR0TAQH/BAIwADCCAQUGCisG\r\nAQQB1nkCBAIEgfYEgfMA8QB2ACl5vvCeOTkh8FZzn2Old+W+V32cYAr4+U1dJlwl\r\nXceEAAABeI7J0bQAAAQDAEcwRQIgGS0cbKWiap+6zzzbNTwygNbavVO/jkn4pUkJ\r\n4xy/afcCIQCvvAEcEz8gs4O6k+cMeUdNiz75b2Z5AoyPqcLc6XKN4gB3ACJFRQdZ\r\nVSRWlj+hL/H3bYbgIyZjrcBLf13Gg1xu4g8CAAABeI7J0XAAAAQDAEgwRgIhAL7P\r\nw8xeErjjIC7GUWAqyukaI+nOwliqZA1Ef/5Os7wiAiEAm8F/l+A0y1Zril21jvmM\r\nA4JpHLJUiURh+motBbO/GNUwDQYJKoZIhvcNAQELBQADggEBACV5FfC5X58U7PeG\r\nmHICVuEt7/VfD2x7eo1UPchq6w3BC52FNGutwH8Nuvnnq6sOAoQTt/maOOnZdM4k\r\nmWO+IyDyFbzREusGCaxXLY/PY0JGiT1Kq7EFoF+gd0vCEJe7IXTnXe7Ji9wDJuqu\r\nHrAPE2J9girANrNsmQZ26UPIMWQK51d69eonAVHoa/27vS5IAAkt/y2aBL8XzdL1\r\nyxv0RyOpCnj9+XI4NQvux99ApKOSfjL4iuN87WasZRwyp0cysD12htBJrlymFcBO\r\nvV6PwhC2ooITbtigfvWrI7tim0j4kMaWZljlJzsGBM/79dQmgJU5iQx8+NEfDjO+\r\niJNsGQk=\r\n-----END CERTIFICATE-----\r\n",
            "certificate_chain": "-----BEGIN CERTIFICATE-----\r\nMIIE6jCCA9KgAwIBAgIQCjUI1VwpKwF9+K1lwA/35DANBgkqhkiG9w0BAQsFADBh\r\nMQswCQYDVQQGEwJVUzEVMBMGA1UEChMMRGlnaUNlcnQgSW5jMRkwFwYDVQQLExB3\r\nd3cuZGlnaWNlcnQuY29tMSAwHgYDVQQDExdEaWdpQ2VydCBHbG9iYWwgUm9vdCBD\r\nQTAeFw0yMDA5MjQwMDAwMDBaFw0zMDA5MjMyMzU5NTlaME8xCzAJBgNVBAYTAlVT\r\nMRUwEwYDVQQKEwxEaWdpQ2VydCBJbmMxKTAnBgNVBAMTIERpZ2lDZXJ0IFRMUyBS\r\nU0EgU0hBMjU2IDIwMjAgQ0ExMIIBIjANBgkqhkiG9w0BAQEFAAOCAQ8AMIIBCgKC\r\nAQEAwUuzZUdwvN1PWNvsnO3DZuUfMRNUrUpmRh8sCuxkB+Uu3Ny5CiDt3+PE0J6a\r\nqXodgojlEVbbHp9YwlHnLDQNLtKS4VbL8Xlfs7uHyiUDe5pSQWYQYE9XE0nw6Ddn\r\ng9/n00tnTCJRpt8OmRDtV1F0JuJ9x8piLhMbfyOIJVNvwTRYAIuE//i+p1hJInuW\r\nraKImxW8oHzf6VGo1bDtN+I2tIJLYrVJmuzHZ9bjPvXj1hJeRPG/cUJ9WIQDgLGB\r\nAfr5yjK7tI4nhyfFK3TUqNaX3sNk+crOU6JWvHgXjkkDKa77SU+kFbnO8lwZV21r\r\neacroicgE7XQPUDTITAHk+qZ9QIDAQABo4IBrjCCAaowHQYDVR0OBBYEFLdrouqo\r\nqoSMeeq02g+YssWVdrn0MB8GA1UdIwQYMBaAFAPeUDVW0Uy7ZvCj4hsbw5eyPdFV\r\nMA4GA1UdDwEB/wQEAwIBhjAdBgNVHSUEFjAUBggrBgEFBQcDAQYIKwYBBQUHAwIw\r\nEgYDVR0TAQH/BAgwBgEB/wIBADB2BggrBgEFBQcBAQRqMGgwJAYIKwYBBQUHMAGG\r\nGGh0dHA6Ly9vY3NwLmRpZ2ljZXJ0LmNvbTBABggrBgEFBQcwAoY0aHR0cDovL2Nh\r\nY2VydHMuZGlnaWNlcnQuY29tL0RpZ2lDZXJ0R2xvYmFsUm9vdENBLmNydDB7BgNV\r\nHR8EdDByMDegNaAzhjFodHRwOi8vY3JsMy5kaWdpY2VydC5jb20vRGlnaUNlcnRH\r\nbG9iYWxSb290Q0EuY3JsMDegNaAzhjFodHRwOi8vY3JsNC5kaWdpY2VydC5jb20v\r\nRGlnaUNlcnRHbG9iYWxSb290Q0EuY3JsMDAGA1UdIAQpMCcwBwYFZ4EMAQEwCAYG\r\nZ4EMAQIBMAgGBmeBDAECAjAIBgZngQwBAgMwDQYJKoZIhvcNAQELBQADggEBAHer\r\nt3onPa679n/gWlbJhKrKW3EX3SJH/E6f7tDBpATho+vFScH90cnfjK+URSxGKqNj\r\nOSD5nkoklEHIqdninFQFBstcHL4AGw+oWv8Zu2XHFq8hVt1hBcnpj5h232sb0HIM\r\nULkwKXq/YFkQZhM6LawVEWwtIwwCPgU7/uWhnOKK24fXSuhe50gG66sSmvKvhMNb\r\ng0qZgYOrAKHKCjxMoiWJKiKnpPMzTFuMLhoClw+dj20tlQj7T9rxkTgl4ZxuYRiH\r\nas6xuwAwapu3r9rxxZf+ingkquqTgLozZXq8oXfpf2kUCwA/d5KxTVtzhwoT0JzI\r\n8ks5T1KESaZMkE4f97Q=\r\n-----END CERTIFICATE-----\r\n",
            "domain_name": "seahorse-dev3.globallink.com",
            "domain_validation_options": [],
            "id": "arn:aws:acm:us-east-1:073724527903:certificate/dc18ba4a-0f70-4033-9c0d-9d7255a16b90",
            "options": [
              {
                "certificate_transparency_logging_preference": "DISABLED"
              }
            ],
            "private_key": "-----BEGIN PRIVATE KEY-----\nMIIEvwIBADANBgkqhkiG9w0BAQEFAASCBKkwggSlAgEAAoIBAQCojzE+uZb6yaC4\nJlViPnQnrj0fXw3TV61bnN8QpHszdpjyA2u6pw5Sko1p5jC3eg44eJb4o3Eur95E\nwMglRsGk2s7IOrT5nYfXwoRwUotilBwNlT1ZoMXpdePPskQCDUVNDxo/wIxj1d4+\nBApF6fisEIULymc+CDJZS1yZnKm7qfohQKTtv2sdEHdRiHYQ+iBZdOtD95qBEC4B\nyUlw8PLp2wIpI22XQQuD+Js8kdc2RXgwfAxgNbGoZgVZzxKtr2nPBPSeR1IaQJf+\nj2r+4t+cQJlUbuvCQm00BGQjQzg7fzPWh9udiMzdsjhRE3FYDd2DAQGssQGBPo5B\n68XSuXbrAgMBAAECggEBAKP54RM/IpRIT7S1ffy7+u2bQFTjeKSvt7LW0d3z1PKE\nnldZYpTK7VEAxtdNmvjyoSDolx28il+7sQO7czloMvt37Q+2pNXsHPmVfpdyhaxZ\nn0zLcUpe8AmkqQElT6mbVV6YoZWBcFGy/afg8EmBSmvBCl0lAvjCqpBZkvTRBgHL\nzf3eaODHQHLyAHfyc/si8tKiDlEHYHvYknL3j6jB9aJcOtPVsCVMVsDbGEfP8d8g\naen2PLpZfjiswTmrSjya3DK58nWspswQdPjjwiu7qkHttRZtMCVgWXcKKJ/tu4qJ\nmuS9w2F5ETl8HF2bHqLcgQD2OhC/dtAbGpNuMJeRzYECgYEA2789LUkfiCYh5LRF\nE+udexTpXteC40jjr6Ph2ma1mToU6vBQ8v7vGpJOIVSQ/NfuBpGgHe53xzluaWWH\nSsEGIsklvYQfZC1bugVe0qaCn2ta+sE2/iIsMi9Cv8UX+nG7Y7xvOzsGwAYd38wJ\nT0qv81vnfvIAfmz7iBbOQtFfq0ECgYEAxF4Z2JXeF4A7UiPDLUf9oUg8WHTVTauk\nw81uUdGe4sQexwfdXVja7ex1ZoU6cl242TpIDv+i256+AUzs+UUQMjqfDII1uWzv\nZjWkby6CI/j8sAugVWeELAsvwL+GMAjPRWKyC5ov9xOamjI8lc6yycE9pRbBfaPa\nEU0HsS7Z8ysCgYEAg7Trhej97SxtxBYIERh3Gv49oYqp+HAHh45CIBTPYzdcsjO3\nUO1bgiGOkouNGv6Qu38s6MO1JsNVWfZwUG3Ar7i/1gcKiZBmGeh+HOOQBtzhesmz\nnD3/H1UUPLx00ra4Cd83C9klApKn9SrlqZCqRMIgzgVeJmhLmhWRKpszLAECgYBv\njT2Fim2mUBRi7yn7WUA+FPkjDwv1maJ6EQOwuzJVhDAvxMn+M3H7Yy62VM0FFzTh\nQniY/KQZuy4ZMwgT+yXeQusDghze/4FoQOTuvC72HIX/xDsLCUlOc/RmvOaP9xE4\nS371lFvXMm3LVuqP9+IdNwe79xdoNmK1HVtXTlRGDQKBgQCJY/ANVNorEkgPFe+o\nzb3qbjKKynp8HZjCA+XiuxvZ3ekTdBQ7Q1IBVRmFCKwACmTd53W+Jh2wCalhae6n\nQDXDSxQZ7Z0uPkImRYuARqquXVM13HTTDTjoU6PJS3n8LL1zcW5VJY3I6eYYV5r1\nYUikMea19vJoTTVZ6lgB05X/wg==\n-----END PRIVATE KEY-----\n",
            "status": "ISSUED",
            "subject_alternative_names": [
              "adminapi.seahorse-dev3.globallink.com",
              "api.seahorse-dev3.globallink.com",
              "auth.seahorse-dev3.globallink.com",
              "container.seahorse-dev3.globallink.com",
              "docs.seahorse-dev3.globallink.com",
              "docusaurus.seahorse-dev3.globallink.com",
              "example.seahorse-dev3.globallink.com",
              "fxrates.seahorse-dev3.globallink.com",
              "fxratesapi.seahorse-dev3.globallink.com",
              "simple-app.seahorse-dev3.globallink.com",
              "storybook.seahorse-dev3.globallink.com",
              "streams.seahorse-dev3.globallink.com",
              "web.seahorse-dev3.globallink.com",
              "webapi.seahorse-dev3.globallink.com"
            ],
            "tags": {},
            "validation_emails": [],
            "validation_method": "NONE"
          },
          "private": "bnVsbA=="
        }
      ]
    },
    {
      "module": "module.admin_lambdas",
      "mode": "managed",
      "type": "aws_cloudwatch_event_rule",
      "name": "one_minute_ping",
      "provider": "provider[\"registry.terraform.io/hashicorp/aws\"]",
      "instances": [
        {
          "schema_version": 0,
          "attributes": {
            "arn": "arn:aws:events:us-east-1:073724527903:rule/one_minute_ping",
            "description": "Pings every one minute",
            "event_bus_name": "default",
            "event_pattern": null,
            "id": "one_minute_ping",
            "is_enabled": true,
            "name": "one_minute_ping",
            "name_prefix": "",
            "role_arn": "",
            "schedule_expression": "rate(1 minute)",
            "tags": {}
          },
          "private": "bnVsbA=="
        }
      ]
    },
    {
      "module": "module.admin_lambdas",
      "mode": "managed",
      "type": "aws_cloudwatch_event_target",
      "name": "ping_delete_lambda_every_one_minute",
      "provider": "provider[\"registry.terraform.io/hashicorp/aws\"]",
      "instances": [
        {
          "schema_version": 1,
          "attributes": {
            "arn": "arn:aws:lambda:us-east-1:073724527903:function:DeleteRegisteredComponent",
            "batch_target": [],
            "ecs_target": [],
            "event_bus_name": "default",
            "id": "one_minute_ping-delete-ping",
            "input": "",
            "input_path": "",
            "input_transformer": [],
            "kinesis_target": [],
            "role_arn": "",
            "rule": "one_minute_ping",
            "run_command_targets": [],
            "sqs_target": [],
            "target_id": "delete-ping"
          },
          "private": "eyJzY2hlbWFfdmVyc2lvbiI6IjEifQ==",
          "dependencies": [
            "module.admin_lambdas.aws_cloudwatch_event_rule.one_minute_ping",
            "module.admin_lambdas.aws_iam_role.seahorse_iam_role_for_lambdas",
            "module.admin_lambdas.aws_lambda_function.DeleteRegisteredComponent"
          ]
        }
      ]
    },
    {
      "module": "module.admin_lambdas",
      "mode": "managed",
      "type": "aws_cloudwatch_event_target",
      "name": "ping_get_lambda_every_one_minute",
      "provider": "provider[\"registry.terraform.io/hashicorp/aws\"]",
      "instances": [
        {
          "schema_version": 1,
          "attributes": {
            "arn": "arn:aws:lambda:us-east-1:073724527903:function:GetRegisteredComponents",
            "batch_target": [],
            "ecs_target": [],
            "event_bus_name": "default",
            "id": "one_minute_ping-get-ping",
            "input": "",
            "input_path": "",
            "input_transformer": [],
            "kinesis_target": [],
            "role_arn": "",
            "rule": "one_minute_ping",
            "run_command_targets": [],
            "sqs_target": [],
            "target_id": "get-ping"
          },
          "private": "eyJzY2hlbWFfdmVyc2lvbiI6IjEifQ==",
          "dependencies": [
            "module.admin_lambdas.aws_cloudwatch_event_rule.one_minute_ping",
            "module.admin_lambdas.aws_iam_role.seahorse_iam_role_for_lambdas",
            "module.admin_lambdas.aws_lambda_function.GetRegisteredComponents"
          ]
        }
      ]
    },
    {
      "module": "module.admin_lambdas",
      "mode": "managed",
      "type": "aws_cloudwatch_event_target",
      "name": "ping_register_lambda_every_one_minute",
      "provider": "provider[\"registry.terraform.io/hashicorp/aws\"]",
      "instances": [
        {
          "schema_version": 1,
          "attributes": {
            "arn": "arn:aws:lambda:us-east-1:073724527903:function:RegisterComponentLambda",
            "batch_target": [],
            "ecs_target": [],
            "event_bus_name": "default",
            "id": "one_minute_ping-register-ping",
            "input": "",
            "input_path": "",
            "input_transformer": [],
            "kinesis_target": [],
            "role_arn": "",
            "rule": "one_minute_ping",
            "run_command_targets": [],
            "sqs_target": [],
            "target_id": "register-ping"
          },
          "private": "eyJzY2hlbWFfdmVyc2lvbiI6IjEifQ==",
          "dependencies": [
            "module.admin_lambdas.aws_cloudwatch_event_rule.one_minute_ping",
            "module.admin_lambdas.aws_iam_role.seahorse_iam_role_for_lambdas",
            "module.admin_lambdas.aws_lambda_function.RegisterComponentLambda"
          ]
        }
      ]
    },
    {
      "module": "module.admin_lambdas",
      "mode": "managed",
      "type": "aws_iam_policy",
      "name": "seahorse_admin_lambdas_exec_policy",
      "provider": "provider[\"registry.terraform.io/hashicorp/aws\"]",
      "instances": [
        {
          "schema_version": 0,
          "attributes": {
            "arn": "arn:aws:iam::073724527903:policy/seahorse_admin_lambdas_exec_policy",
            "description": "",
            "id": "arn:aws:iam::073724527903:policy/seahorse_admin_lambdas_exec_policy",
            "name": "seahorse_admin_lambdas_exec_policy",
            "name_prefix": null,
            "path": "/",
            "policy": "{\n    \"Version\": \"2012-10-17\",\n    \"Statement\": [\n        {\n            \"Effect\": \"Allow\",\n            \"Action\": \"logs:CreateLogGroup\",\n            \"Resource\": \"arn:aws:logs:us-east-1:073724527903:*\"\n        },\n        {\n            \"Effect\": \"Allow\",\n            \"Action\": [\n                \"logs:CreateLogStream\",\n                \"logs:PutLogEvents\"\n            ],\n            \"Resource\": [\n                \"arn:aws:logs:us-east-1:073724527903:log-group:/aws/lambda/RegisterComponentLambda:*\"\n            ]\n        }\n    ]\n}"
          },
          "private": "bnVsbA=="
        }
      ]
    },
    {
      "module": "module.admin_lambdas",
      "mode": "managed",
      "type": "aws_iam_policy",
      "name": "seahorse_delete_lambdas_exec_policy",
      "provider": "provider[\"registry.terraform.io/hashicorp/aws\"]",
      "instances": [
        {
          "schema_version": 0,
          "attributes": {
            "arn": "arn:aws:iam::073724527903:policy/seahorse_delete_lambdas_exec_policy",
            "description": "",
            "id": "arn:aws:iam::073724527903:policy/seahorse_delete_lambdas_exec_policy",
            "name": "seahorse_delete_lambdas_exec_policy",
            "name_prefix": null,
            "path": "/",
            "policy": "{\n    \"Version\": \"2012-10-17\",\n    \"Statement\": [\n        {\n            \"Effect\": \"Allow\",\n            \"Action\": \"logs:CreateLogGroup\",\n            \"Resource\": \"arn:aws:logs:us-east-1:073724527903:*\"\n        },\n        {\n            \"Effect\": \"Allow\",\n            \"Action\": [\n                \"logs:CreateLogStream\",\n                \"logs:PutLogEvents\"\n            ],\n            \"Resource\": [\n                \"arn:aws:logs:us-east-1:073724527903:log-group:/aws/lambda/DeleteRegisteredComponent:*\"\n            ]\n        }\n    ]\n}"
          },
          "private": "bnVsbA=="
        }
      ]
    },
    {
      "module": "module.admin_lambdas",
      "mode": "managed",
      "type": "aws_iam_policy",
      "name": "seahorse_get_lambdas_exec_policy",
      "provider": "provider[\"registry.terraform.io/hashicorp/aws\"]",
      "instances": [
        {
          "schema_version": 0,
          "attributes": {
            "arn": "arn:aws:iam::073724527903:policy/seahorse_get_lambdas_exec_policy",
            "description": "",
            "id": "arn:aws:iam::073724527903:policy/seahorse_get_lambdas_exec_policy",
            "name": "seahorse_get_lambdas_exec_policy",
            "name_prefix": null,
            "path": "/",
            "policy": "{\n    \"Version\": \"2012-10-17\",\n    \"Statement\": [\n        {\n            \"Effect\": \"Allow\",\n            \"Action\": \"logs:CreateLogGroup\",\n            \"Resource\": \"arn:aws:logs:us-east-1:073724527903:*\"\n        },\n        {\n            \"Effect\": \"Allow\",\n            \"Action\": [\n                \"logs:CreateLogStream\",\n                \"logs:PutLogEvents\"\n            ],\n            \"Resource\": [\n                \"arn:aws:logs:us-east-1:073724527903:log-group:/aws/lambda/GetRegisteredComponents:*\"\n            ]\n        }\n    ]\n}"
          },
          "private": "bnVsbA=="
        }
      ]
    },
    {
      "module": "module.admin_lambdas",
      "mode": "managed",
      "type": "aws_iam_role",
      "name": "seahorse_iam_role_for_lambdas",
      "provider": "provider[\"registry.terraform.io/hashicorp/aws\"]",
      "instances": [
        {
          "schema_version": 0,
          "attributes": {
            "arn": "arn:aws:iam::073724527903:role/seahorse_iam_role_for_lambdas",
            "assume_role_policy": "{\"Version\":\"2012-10-17\",\"Statement\":[{\"Sid\":\"\",\"Effect\":\"Allow\",\"Principal\":{\"Service\":\"lambda.amazonaws.com\"},\"Action\":\"sts:AssumeRole\"}]}",
            "create_date": "2021-04-04T22:40:40Z",
            "description": "",
            "force_detach_policies": false,
            "id": "seahorse_iam_role_for_lambdas",
            "max_session_duration": 3600,
            "name": "seahorse_iam_role_for_lambdas",
            "name_prefix": null,
            "path": "/",
            "permissions_boundary": null,
            "tags": {},
            "unique_id": "AROARCKSTAUP3VGHPUTQC"
          },
          "private": "bnVsbA=="
        }
      ]
    },
    {
      "module": "module.admin_lambdas",
      "mode": "managed",
      "type": "aws_iam_role_policy_attachment",
      "name": "admin_delete_lambda_exec",
      "provider": "provider[\"registry.terraform.io/hashicorp/aws\"]",
      "instances": [
        {
          "schema_version": 0,
          "attributes": {
            "id": "seahorse_iam_role_for_lambdas-20210404224044232100000007",
            "policy_arn": "arn:aws:iam::073724527903:policy/seahorse_delete_lambdas_exec_policy",
            "role": "seahorse_iam_role_for_lambdas"
          },
          "private": "bnVsbA==",
          "dependencies": [
            "module.admin_lambdas.aws_iam_policy.seahorse_delete_lambdas_exec_policy",
            "module.admin_lambdas.aws_iam_role.seahorse_iam_role_for_lambdas"
          ]
        }
      ]
    },
    {
      "module": "module.admin_lambdas",
      "mode": "managed",
      "type": "aws_iam_role_policy_attachment",
      "name": "admin_get_lambda_exec",
      "provider": "provider[\"registry.terraform.io/hashicorp/aws\"]",
      "instances": [
        {
          "schema_version": 0,
          "attributes": {
            "id": "seahorse_iam_role_for_lambdas-20210404224044884000000008",
            "policy_arn": "arn:aws:iam::073724527903:policy/seahorse_get_lambdas_exec_policy",
            "role": "seahorse_iam_role_for_lambdas"
          },
          "private": "bnVsbA==",
          "dependencies": [
            "module.admin_lambdas.aws_iam_policy.seahorse_get_lambdas_exec_policy",
            "module.admin_lambdas.aws_iam_role.seahorse_iam_role_for_lambdas"
          ]
        }
      ]
    },
    {
      "module": "module.admin_lambdas",
      "mode": "managed",
      "type": "aws_iam_role_policy_attachment",
      "name": "admin_lambda_dynamodb",
      "provider": "provider[\"registry.terraform.io/hashicorp/aws\"]",
      "instances": [
        {
          "schema_version": 0,
          "attributes": {
            "id": "seahorse_iam_role_for_lambdas-20210404224042670500000004",
            "policy_arn": "arn:aws:iam::aws:policy/AmazonDynamoDBFullAccess",
            "role": "seahorse_iam_role_for_lambdas"
          },
          "private": "bnVsbA==",
          "dependencies": [
            "module.admin_lambdas.aws_iam_role.seahorse_iam_role_for_lambdas"
          ]
        }
      ]
    },
    {
      "module": "module.admin_lambdas",
      "mode": "managed",
      "type": "aws_iam_role_policy_attachment",
      "name": "admin_register_lambda_exec",
      "provider": "provider[\"registry.terraform.io/hashicorp/aws\"]",
      "instances": [
        {
          "schema_version": 0,
          "attributes": {
            "id": "seahorse_iam_role_for_lambdas-20210404224043386500000006",
            "policy_arn": "arn:aws:iam::073724527903:policy/seahorse_admin_lambdas_exec_policy",
            "role": "seahorse_iam_role_for_lambdas"
          },
          "private": "bnVsbA==",
          "dependencies": [
            "module.admin_lambdas.aws_iam_policy.seahorse_admin_lambdas_exec_policy",
            "module.admin_lambdas.aws_iam_role.seahorse_iam_role_for_lambdas"
          ]
        }
      ]
    },
    {
      "module": "module.admin_lambdas",
      "mode": "managed",
      "type": "aws_lambda_function",
      "name": "DeleteRegisteredComponent",
      "provider": "provider[\"registry.terraform.io/hashicorp/aws\"]",
      "instances": [
        {
          "schema_version": 0,
          "attributes": {
            "arn": "arn:aws:lambda:us-east-1:073724527903:function:DeleteRegisteredComponent",
            "code_signing_config_arn": "",
            "dead_letter_config": [],
            "description": "",
            "environment": [
              {
                "variables": {
                  "environment": "dev3"
                }
              }
            ],
            "file_system_config": [],
            "filename": "../../seahorse/server/app.adminservices/target/adminservices-1.0.jar",
            "function_name": "DeleteRegisteredComponent",
            "handler": "com.globallink.admin.fsbl.DeleteComponentService::handleRequest",
            "id": "DeleteRegisteredComponent",
            "image_config": [],
            "image_uri": "",
            "invoke_arn": "arn:aws:apigateway:us-east-1:lambda:path/2015-03-31/functions/arn:aws:lambda:us-east-1:073724527903:function:DeleteRegisteredComponent/invocations",
            "kms_key_arn": "",
            "last_modified": "2021-04-04T22:46:33.184+0000",
            "layers": [],
            "memory_size": 4096,
            "package_type": "Zip",
            "publish": true,
            "qualified_arn": "arn:aws:lambda:us-east-1:073724527903:function:DeleteRegisteredComponent:1",
            "reserved_concurrent_executions": -1,
            "role": "arn:aws:iam::073724527903:role/seahorse_iam_role_for_lambdas",
            "runtime": "java8",
            "s3_bucket": null,
            "s3_key": null,
            "s3_object_version": null,
            "signing_job_arn": "",
            "signing_profile_version_arn": "",
            "source_code_hash": "3Ho13Cgf9VZMSOu5PFph4taxLs7x4BdvE/c5e4fvGvo=",
            "source_code_size": 20346330,
            "tags": {},
            "timeout": 15,
            "timeouts": null,
            "tracing_config": [
              {
                "mode": "PassThrough"
              }
            ],
            "version": "1",
            "vpc_config": []
          },
          "private": "eyJlMmJmYjczMC1lY2FhLTExZTYtOGY4OC0zNDM2M2JjN2M0YzAiOnsiY3JlYXRlIjo2MDAwMDAwMDAwMDB9fQ==",
          "dependencies": [
            "module.admin_lambdas.aws_iam_role.seahorse_iam_role_for_lambdas"
          ]
        }
      ]
    },
    {
      "module": "module.admin_lambdas",
      "mode": "managed",
      "type": "aws_lambda_function",
      "name": "GetRegisteredComponents",
      "provider": "provider[\"registry.terraform.io/hashicorp/aws\"]",
      "instances": [
        {
          "schema_version": 0,
          "attributes": {
            "arn": "arn:aws:lambda:us-east-1:073724527903:function:GetRegisteredComponents",
            "code_signing_config_arn": "",
            "dead_letter_config": [],
            "description": "",
            "environment": [
              {
                "variables": {
                  "environment": "dev3"
                }
              }
            ],
            "file_system_config": [],
            "filename": "../../seahorse/server/app.adminservices/target/adminservices-1.0.jar",
            "function_name": "GetRegisteredComponents",
            "handler": "com.globallink.admin.fsbl.GetComponentService::handleRequest",
            "id": "GetRegisteredComponents",
            "image_config": [],
            "image_uri": "",
            "invoke_arn": "arn:aws:apigateway:us-east-1:lambda:path/2015-03-31/functions/arn:aws:lambda:us-east-1:073724527903:function:GetRegisteredComponents/invocations",
            "kms_key_arn": "",
            "last_modified": "2021-04-04T22:46:37.762+0000",
            "layers": [],
            "memory_size": 4096,
            "package_type": "Zip",
            "publish": true,
            "qualified_arn": "arn:aws:lambda:us-east-1:073724527903:function:GetRegisteredComponents:1",
            "reserved_concurrent_executions": -1,
            "role": "arn:aws:iam::073724527903:role/seahorse_iam_role_for_lambdas",
            "runtime": "java8",
            "s3_bucket": null,
            "s3_key": null,
            "s3_object_version": null,
            "signing_job_arn": "",
            "signing_profile_version_arn": "",
            "source_code_hash": "3Ho13Cgf9VZMSOu5PFph4taxLs7x4BdvE/c5e4fvGvo=",
            "source_code_size": 20346330,
            "tags": {},
            "timeout": 15,
            "timeouts": null,
            "tracing_config": [
              {
                "mode": "PassThrough"
              }
            ],
            "version": "1",
            "vpc_config": []
          },
          "private": "eyJlMmJmYjczMC1lY2FhLTExZTYtOGY4OC0zNDM2M2JjN2M0YzAiOnsiY3JlYXRlIjo2MDAwMDAwMDAwMDB9fQ==",
          "dependencies": [
            "module.admin_lambdas.aws_iam_role.seahorse_iam_role_for_lambdas"
          ]
        }
      ]
    },
    {
      "module": "module.admin_lambdas",
      "mode": "managed",
      "type": "aws_lambda_function",
      "name": "RegisterComponentLambda",
      "provider": "provider[\"registry.terraform.io/hashicorp/aws\"]",
      "instances": [
        {
          "schema_version": 0,
          "attributes": {
            "arn": "arn:aws:lambda:us-east-1:073724527903:function:RegisterComponentLambda",
            "code_signing_config_arn": "",
            "dead_letter_config": [],
            "description": "",
            "environment": [
              {
                "variables": {
                  "environment": "dev3"
                }
              }
            ],
            "file_system_config": [],
            "filename": "../../seahorse/server/app.adminservices/target/adminservices-1.0.jar",
            "function_name": "RegisterComponentLambda",
            "handler": "com.globallink.admin.fsbl.RegisterComponentService::handleRequest",
            "id": "RegisterComponentLambda",
            "image_config": [],
            "image_uri": "",
            "invoke_arn": "arn:aws:apigateway:us-east-1:lambda:path/2015-03-31/functions/arn:aws:lambda:us-east-1:073724527903:function:RegisterComponentLambda/invocations",
            "kms_key_arn": "",
            "last_modified": "2021-04-04T22:46:33.194+0000",
            "layers": [],
            "memory_size": 4096,
            "package_type": "Zip",
            "publish": true,
            "qualified_arn": "arn:aws:lambda:us-east-1:073724527903:function:RegisterComponentLambda:1",
            "reserved_concurrent_executions": -1,
            "role": "arn:aws:iam::073724527903:role/seahorse_iam_role_for_lambdas",
            "runtime": "java8",
            "s3_bucket": null,
            "s3_key": null,
            "s3_object_version": null,
            "signing_job_arn": "",
            "signing_profile_version_arn": "",
            "source_code_hash": "3Ho13Cgf9VZMSOu5PFph4taxLs7x4BdvE/c5e4fvGvo=",
            "source_code_size": 20346330,
            "tags": {},
            "timeout": 15,
            "timeouts": null,
            "tracing_config": [
              {
                "mode": "PassThrough"
              }
            ],
            "version": "1",
            "vpc_config": []
          },
          "private": "eyJlMmJmYjczMC1lY2FhLTExZTYtOGY4OC0zNDM2M2JjN2M0YzAiOnsiY3JlYXRlIjo2MDAwMDAwMDAwMDB9fQ==",
          "dependencies": [
            "module.admin_lambdas.aws_iam_role.seahorse_iam_role_for_lambdas"
          ]
        }
      ]
    },
    {
      "module": "module.admin_lambdas",
      "mode": "managed",
      "type": "aws_lambda_permission",
      "name": "allow_cloudwatch_to_ping_delete_lambda",
      "provider": "provider[\"registry.terraform.io/hashicorp/aws\"]",
      "instances": [
        {
          "schema_version": 0,
          "attributes": {
            "action": "lambda:InvokeFunction",
            "event_source_token": null,
            "function_name": "DeleteRegisteredComponent",
            "id": "AllowExecutionFromCloudWatch",
            "principal": "events.amazonaws.com",
            "qualifier": "",
            "source_account": null,
            "source_arn": "arn:aws:events:us-east-1:073724527903:rule/one_minute_ping",
            "statement_id": "AllowExecutionFromCloudWatch",
            "statement_id_prefix": null
          },
          "private": "bnVsbA==",
          "dependencies": [
            "module.admin_lambdas.aws_cloudwatch_event_rule.one_minute_ping",
            "module.admin_lambdas.aws_iam_role.seahorse_iam_role_for_lambdas",
            "module.admin_lambdas.aws_lambda_function.DeleteRegisteredComponent"
          ]
        }
      ]
    },
    {
      "module": "module.admin_lambdas",
      "mode": "managed",
      "type": "aws_lambda_permission",
      "name": "allow_cloudwatch_to_ping_get_lambda",
      "provider": "provider[\"registry.terraform.io/hashicorp/aws\"]",
      "instances": [
        {
          "schema_version": 0,
          "attributes": {
            "action": "lambda:InvokeFunction",
            "event_source_token": null,
            "function_name": "GetRegisteredComponents",
            "id": "AllowExecutionFromCloudWatch",
            "principal": "events.amazonaws.com",
            "qualifier": "",
            "source_account": null,
            "source_arn": "arn:aws:events:us-east-1:073724527903:rule/one_minute_ping",
            "statement_id": "AllowExecutionFromCloudWatch",
            "statement_id_prefix": null
          },
          "private": "bnVsbA==",
          "dependencies": [
            "module.admin_lambdas.aws_cloudwatch_event_rule.one_minute_ping",
            "module.admin_lambdas.aws_iam_role.seahorse_iam_role_for_lambdas",
            "module.admin_lambdas.aws_lambda_function.GetRegisteredComponents"
          ]
        }
      ]
    },
    {
      "module": "module.admin_lambdas",
      "mode": "managed",
      "type": "aws_lambda_permission",
      "name": "allow_cloudwatch_to_ping_register_lambda",
      "provider": "provider[\"registry.terraform.io/hashicorp/aws\"]",
      "instances": [
        {
          "schema_version": 0,
          "attributes": {
            "action": "lambda:InvokeFunction",
            "event_source_token": null,
            "function_name": "RegisterComponentLambda",
            "id": "AllowExecutionFromCloudWatch",
            "principal": "events.amazonaws.com",
            "qualifier": "",
            "source_account": null,
            "source_arn": "arn:aws:events:us-east-1:073724527903:rule/one_minute_ping",
            "statement_id": "AllowExecutionFromCloudWatch",
            "statement_id_prefix": null
          },
          "private": "bnVsbA==",
          "dependencies": [
            "module.admin_lambdas.aws_cloudwatch_event_rule.one_minute_ping",
            "module.admin_lambdas.aws_iam_role.seahorse_iam_role_for_lambdas",
            "module.admin_lambdas.aws_lambda_function.RegisterComponentLambda"
          ]
        }
      ]
    },
    {
      "module": "module.auth",
      "mode": "managed",
      "type": "aws_cognito_identity_pool",
      "name": "seahorse_identity_pool",
      "provider": "provider[\"registry.terraform.io/hashicorp/aws\"]",
      "instances": [
        {
          "index_key": 0,
          "schema_version": 0,
          "attributes": {
            "allow_unauthenticated_identities": false,
            "arn": "arn:aws:cognito-identity:us-east-1:073724527903:identitypool/us-east-1:f4419544-d42b-4c10-a0fb-8b878caea9bb",
            "cognito_identity_providers": [
              {
                "client_id": "2soakpmli5vi9aav9d5jk6olt6",
                "provider_name": "cognito-idp.us-east-1.amazonaws.com/us-east-1_5VhOWee4v",
                "server_side_token_check": false
              }
            ],
            "developer_provider_name": "",
            "id": "us-east-1:f4419544-d42b-4c10-a0fb-8b878caea9bb",
            "identity_pool_name": "SeaHorse Identity Pool",
            "openid_connect_provider_arns": [],
            "saml_provider_arns": [],
            "supported_login_providers": {},
            "tags": {}
          },
          "private": "bnVsbA==",
          "dependencies": [
            "module.auth.aws_cognito_identity_provider.identity_provider_sso",
            "module.auth.aws_cognito_user_pool.seahorse_user_pool",
            "module.auth.aws_cognito_user_pool_client.seahorse_web_client"
          ]
        }
      ]
    },
    {
      "module": "module.auth",
      "mode": "managed",
      "type": "aws_cognito_identity_pool_roles_attachment",
      "name": "seahorse_identity_pool_roles",
      "provider": "provider[\"registry.terraform.io/hashicorp/aws\"]",
      "instances": [
        {
          "index_key": 0,
          "schema_version": 0,
          "attributes": {
            "id": "us-east-1:f4419544-d42b-4c10-a0fb-8b878caea9bb",
            "identity_pool_id": "us-east-1:f4419544-d42b-4c10-a0fb-8b878caea9bb",
            "role_mapping": [],
            "roles": {
              "authenticated": "arn:aws:iam::073724527903:role/auth_web_iam_role",
              "unauthenticated": "arn:aws:iam::073724527903:role/unauth_web_iam_role"
            }
          },
          "private": "bnVsbA==",
          "dependencies": [
            "module.auth.aws_cognito_identity_pool.seahorse_identity_pool",
            "module.auth.aws_cognito_identity_provider.identity_provider_sso",
            "module.auth.aws_cognito_user_pool.seahorse_user_pool",
            "module.auth.aws_cognito_user_pool_client.seahorse_web_client",
            "module.auth.aws_iam_role.auth_web_iam_role",
            "module.auth.aws_iam_role.unauth_web_iam_role"
          ]
        }
      ]
    },
    {
      "module": "module.auth",
      "mode": "managed",
      "type": "aws_cognito_identity_provider",
      "name": "identity_provider_sso",
      "provider": "provider[\"registry.terraform.io/hashicorp/aws\"]",
      "instances": [
        {
          "index_key": 0,
          "schema_version": 0,
          "attributes": {
            "attribute_mapping": {
              "email": "emailaddress",
              "profile": "glauth"
            },
            "id": "us-east-1_5VhOWee4v:Globallink",
            "idp_identifiers": null,
            "provider_details": {
              "MetadataFile": "\u003cEntityDescriptor ID=\"SM131094aae28f2cb1a18f12be2be05911d7bcdbfd267\" entityID=\"https://my.qa1.globallink.com/glawssh474f5702glqa1\" xmlns=\"urn:oasis:names:tc:SAML:2.0:metadata\"\u003e\n    \u003cIDPSSODescriptor WantAuthnRequestsSigned=\"false\" ID=\"SMff3f74b5194176228fe2beaf243ad0359308102a4e\" protocolSupportEnumeration=\"urn:oasis:names:tc:SAML:2.0:protocol\"\u003e\n        \u003cKeyDescriptor use=\"signing\"\u003e\n            \u003cns1:KeyInfo Id=\"SM292c09e3a9ad4cbe7ea412aa2140efae34bdd0e88d\" xmlns:ns1=\"http://www.w3.org/2000/09/xmldsig#\"\u003e\n                \u003cns1:X509Data\u003e\n                    \u003cns1:X509IssuerSerial\u003e\n                        \u003cns1:X509IssuerName\u003eCN=glseahorsessadev1glqa1,OU=SSOProvider,O=Global Link,L=Boston,ST=Massachusetts,C=US\u003c/ns1:X509IssuerName\u003e\n                        \u003cns1:X509SerialNumber\u003e345118500\u003c/ns1:X509SerialNumber\u003e\n                    \u003c/ns1:X509IssuerSerial\u003e\n                    \u003cns1:X509Certificate\u003eMIIDhDCCAmygAwIBAgIEFJIXJDANBgkqhkiG9w0BAQsFADCBgzELMAkGA1UEBhMCVVMxFjAUBgNVBAgTDU1hc3NhY2h1c2V0dHMxDzANBgNVBAcTBkJvc3RvbjEUMBIGA1UEChMLR2xvYmFsIExpbmsxFDASBgNVBAsTC1NTT1Byb3ZpZGVyMR8wHQYDVQQDExZnbHNlYWhvcnNlc3NhZGV2MWdscWExMB4XDTIwMTIwODE4MTUwMFoXDTMwMTIwNjE4MTUwMFowgYMxCzAJBgNVBAYTAlVTMRYwFAYDVQQIEw1NYXNzYWNodXNldHRzMQ8wDQYDVQQHEwZCb3N0b24xFDASBgNVBAoTC0dsb2JhbCBMaW5rMRQwEgYDVQQLEwtTU09Qcm92aWRlcjEfMB0GA1UEAxMWZ2xzZWFob3JzZXNzYWRldjFnbHFhMTCCASIwDQYJKoZIhvcNAQEBBQADggEPADCCAQoCggEBAJzjxYsUpRc/1wnvvaz2yIPMfFHuM5mO5/wSzVHADqUuvAtCr368HAKKWQ5PxZtV+QtVJ4PzmobuNMsj+ED92gqfH5G0QclHx4EPLshI1zUkkYo2lHuFkALE/82FOaQFmcc+TYXrsfdoj0N7VIp3SuXWXjwquH0cMNSOlCUYBZViHe+aFzM9KF//qs0mV5CX+gYLgn7jT3GYymLVEFRNHX3eBSsDS9tmIw7ypQnPgQG7iLwyESlmBD2gnALPUSDpZ/guuxw27AKqiPz3MPffZFOGvyI0zS8eNL3OxbPx1fa4yx+j1gOtO6NiDJj609nO9+4xIdPJZbSrShgeCuGSvK0CAwEAATANBgkqhkiG9w0BAQsFAAOCAQEAffbmNfxsOYb6cXQIwLltI23+YuMCge9ad4I+wUizajTywIgTrn7VXeaW3Vwfj1u5L6/9YSWPO+k2xbcV4FS/YZclkNu7hY7eTuB5czJQzZuVrLQkWBnqhfzE4fZmcx522ooGJnWezBJMblO0vCQhVTWb3A3bVUQ2bVe/ymoQf5lqEITfxLBsL+c8Q1E8+jivHqcqHuL/P+McH3odhx1AWpCztU62uOgAau882FrxsvqGvtV/Jc3flNw0ijH35FH2l98lyfj30o2ZLPZlYrYgQt47YfM+GNpMgrKCaiRSyvclm+xL9GE0MNITZGcNvlkd4WvcwTCdhGtogiq5mUx48Q==\u003c/ns1:X509Certificate\u003e\n                    \u003cns1:X509SubjectName\u003eCN=glseahorsessadev1glqa1,OU=SSOProvider,O=Global Link,L=Boston,ST=Massachusetts,C=US\u003c/ns1:X509SubjectName\u003e\n                \u003c/ns1:X509Data\u003e\n            \u003c/ns1:KeyInfo\u003e\n        \u003c/KeyDescriptor\u003e\n        \u003cNameIDFormat\u003eurn:oasis:names:tc:SAML:2.0:nameid-format:persistent\u003c/NameIDFormat\u003e\n        \u003cSingleSignOnService Binding=\"urn:oasis:names:tc:SAML:2.0:bindings:HTTP-Redirect\" Location=\"https://my.qa1.globallink.com/affwebservices/public/saml2sso?SPID=https://gl-seahorse.auth.us-east-1.amazoncognito.com\"/\u003e\n        \u003cSingleSignOnService Binding=\"urn:oasis:names:tc:SAML:2.0:bindings:HTTP-POST\" Location=\"https://my.qa1.globallink.com/affwebservices/public/saml2sso?SPID=https://gl-seahorse.auth.us-east-1.amazoncognito.com\"/\u003e\n        \u003cns2:Attribute Name=\"givenname\" NameFormat=\"urn:oasis:names:tc:SAML:2.0:attrname-format:unspecified\" xmlns:ns2=\"urn:oasis:names:tc:SAML:2.0:assertion\"/\u003e\n        \u003cns3:Attribute Name=\"surname\" NameFormat=\"urn:oasis:names:tc:SAML:2.0:attrname-format:unspecified\" xmlns:ns3=\"urn:oasis:names:tc:SAML:2.0:assertion\"/\u003e\n        \u003cns4:Attribute Name=\"emailaddress\" NameFormat=\"urn:oasis:names:tc:SAML:2.0:attrname-format:unspecified\" xmlns:ns4=\"urn:oasis:names:tc:SAML:2.0:assertion\"/\u003e\n        \u003cns5:Attribute Name=\"name\" NameFormat=\"urn:oasis:names:tc:SAML:2.0:attrname-format:unspecified\" xmlns:ns5=\"urn:oasis:names:tc:SAML:2.0:assertion\"/\u003e\n    \u003c/IDPSSODescriptor\u003e\n\u003c/EntityDescriptor\u003e",
              "SSORedirectBindingURI": "https://my.qa1.globallink.com/affwebservices/public/saml2sso?SPID=https://gl-seahorse.auth.us-east-1.amazoncognito.com"
            },
            "provider_name": "Globallink",
            "provider_type": "SAML",
            "user_pool_id": "us-east-1_5VhOWee4v"
          },
          "private": "bnVsbA==",
          "dependencies": [
            "module.auth.aws_cognito_user_pool.seahorse_user_pool"
          ]
        }
      ]
    },
    {
      "module": "module.auth",
      "mode": "managed",
      "type": "aws_cognito_user_pool",
      "name": "seahorse_user_pool",
      "provider": "provider[\"registry.terraform.io/hashicorp/aws\"]",
      "instances": [
        {
          "index_key": 0,
          "schema_version": 0,
          "attributes": {
            "account_recovery_setting": [],
            "admin_create_user_config": [
              {
                "allow_admin_create_user_only": false,
                "invite_message_template": []
              }
            ],
            "alias_attributes": null,
            "arn": "arn:aws:cognito-idp:us-east-1:073724527903:userpool/us-east-1_5VhOWee4v",
            "auto_verified_attributes": null,
            "creation_date": "2021-04-04T22:57:23Z",
            "device_configuration": [],
            "email_configuration": [
              {
                "email_sending_account": "COGNITO_DEFAULT",
                "from_email_address": "",
                "reply_to_email_address": "",
                "source_arn": ""
              }
            ],
            "email_verification_message": null,
            "email_verification_subject": null,
            "endpoint": "cognito-idp.us-east-1.amazonaws.com/us-east-1_5VhOWee4v",
            "id": "us-east-1_5VhOWee4v",
            "lambda_config": [],
            "last_modified_date": "2021-04-04T22:57:23Z",
            "mfa_configuration": "OFF",
            "name": "SeaHorse User Pool",
            "password_policy": [
              {
                "minimum_length": 8,
                "require_lowercase": true,
                "require_numbers": true,
                "require_symbols": true,
                "require_uppercase": true,
                "temporary_password_validity_days": 7
              }
            ],
            "schema": [
              {
                "attribute_data_type": "String",
                "developer_only_attribute": null,
                "mutable": true,
                "name": "email",
                "number_attribute_constraints": [],
                "required": true,
                "string_attribute_constraints": []
              }
            ],
            "sms_authentication_message": null,
            "sms_configuration": [],
            "sms_verification_message": null,
            "software_token_mfa_configuration": [],
            "tags": null,
            "user_pool_add_ons": [],
            "username_attributes": [
              "email"
            ],
            "username_configuration": [],
            "verification_message_template": [
              {
                "default_email_option": "CONFIRM_WITH_CODE",
                "email_message": "",
                "email_message_by_link": "",
                "email_subject": "",
                "email_subject_by_link": "",
                "sms_message": ""
              }
            ]
          },
          "private": "bnVsbA=="
        }
      ]
    },
    {
      "module": "module.auth",
      "mode": "managed",
      "type": "aws_cognito_user_pool_client",
      "name": "seahorse_web_client",
      "provider": "provider[\"registry.terraform.io/hashicorp/aws\"]",
      "instances": [
        {
          "index_key": 0,
          "schema_version": 0,
          "attributes": {
            "allowed_oauth_flows": [
              "code",
              "implicit"
            ],
            "allowed_oauth_flows_user_pool_client": true,
            "allowed_oauth_scopes": [
              "aws.cognito.signin.user.admin",
              "email",
              "openid",
              "phone",
              "profile"
            ],
            "analytics_configuration": [],
            "callback_urls": [
              "https://web.seahorse-dev.globallink.com/components/seaHorseAuthentication/SeaHorseAuthentication.html"
            ],
            "client_secret": "",
            "default_redirect_uri": "",
            "explicit_auth_flows": [
              "ADMIN_NO_SRP_AUTH"
            ],
            "generate_secret": false,
            "id": "2soakpmli5vi9aav9d5jk6olt6",
            "logout_urls": [
              "https://web.seahorse-dev.globallink.com/components/seaHorseAuthentication/SeaHorseAuthentication.html"
            ],
            "name": "seahorse_web_client",
            "prevent_user_existence_errors": "",
            "read_attributes": null,
            "refresh_token_validity": 30,
            "supported_identity_providers": [
              "COGNITO",
              "Globallink"
            ],
            "user_pool_id": "us-east-1_5VhOWee4v",
            "write_attributes": null
          },
          "private": "bnVsbA==",
          "dependencies": [
            "module.auth.aws_cognito_identity_provider.identity_provider_sso",
            "module.auth.aws_cognito_user_pool.seahorse_user_pool"
          ]
        }
      ]
    },
    {
      "module": "module.auth",
      "mode": "managed",
      "type": "aws_iam_role",
      "name": "auth_web_iam_role",
      "provider": "provider[\"registry.terraform.io/hashicorp/aws\"]",
      "instances": [
        {
          "index_key": 0,
          "schema_version": 0,
          "attributes": {
            "arn": "arn:aws:iam::073724527903:role/auth_web_iam_role",
            "assume_role_policy": "{\"Version\":\"2012-10-17\",\"Statement\":[{\"Sid\":\"\",\"Effect\":\"Allow\",\"Principal\":{\"Federated\":\"cognito-identity.amazonaws.com\"},\"Action\":\"sts:AssumeRoleWithWebIdentity\",\"Condition\":{\"StringEquals\":{\"cognito-identity.amazonaws.com:aud\":\"us-east-1:f4419544-d42b-4c10-a0fb-8b878caea9bb\"},\"ForAnyValue:StringLike\":{\"cognito-identity.amazonaws.com:amr\":\"authenticated\"}}}]}",
            "create_date": "2021-04-04T22:40:54Z",
            "description": "",
            "force_detach_policies": false,
            "id": "auth_web_iam_role",
            "max_session_duration": 3600,
            "name": "auth_web_iam_role",
            "name_prefix": null,
            "path": "/",
            "permissions_boundary": null,
            "tags": {},
            "unique_id": "AROARCKSTAUP6DHQGDPD6"
          },
          "private": "bnVsbA==",
          "dependencies": [
            "module.auth.aws_cognito_identity_pool.seahorse_identity_pool",
            "module.auth.aws_cognito_identity_provider.identity_provider_sso",
            "module.auth.aws_cognito_user_pool.seahorse_user_pool",
            "module.auth.aws_cognito_user_pool_client.seahorse_web_client"
          ]
        }
      ]
    },
    {
      "module": "module.auth",
      "mode": "managed",
      "type": "aws_iam_role",
      "name": "unauth_web_iam_role",
      "provider": "provider[\"registry.terraform.io/hashicorp/aws\"]",
      "instances": [
        {
          "index_key": 0,
          "schema_version": 0,
          "attributes": {
            "arn": "arn:aws:iam::073724527903:role/unauth_web_iam_role",
            "assume_role_policy": "{\"Version\":\"2012-10-17\",\"Statement\":[{\"Sid\":\"\",\"Effect\":\"Allow\",\"Principal\":{\"Federated\":\"cognito-identity.amazonaws.com\"},\"Action\":\"sts:AssumeRoleWithWebIdentity\",\"Condition\":{\"StringEquals\":{\"cognito-identity.amazonaws.com:aud\":\"us-east-1:f4419544-d42b-4c10-a0fb-8b878caea9bb\"},\"ForAnyValue:StringLike\":{\"cognito-identity.amazonaws.com:amr\":\"unauthenticated\"}}}]}",
            "create_date": "2021-04-04T22:40:53Z",
            "description": "",
            "force_detach_policies": false,
            "id": "unauth_web_iam_role",
            "max_session_duration": 3600,
            "name": "unauth_web_iam_role",
            "name_prefix": null,
            "path": "/",
            "permissions_boundary": null,
            "tags": {},
            "unique_id": "AROARCKSTAUP2RNWGWK4S"
          },
          "private": "bnVsbA==",
          "dependencies": [
            "module.auth.aws_cognito_identity_pool.seahorse_identity_pool",
            "module.auth.aws_cognito_identity_provider.identity_provider_sso",
            "module.auth.aws_cognito_user_pool.seahorse_user_pool",
            "module.auth.aws_cognito_user_pool_client.seahorse_web_client"
          ]
        }
      ]
    },
    {
      "module": "module.auth",
      "mode": "managed",
      "type": "aws_iam_role_policy",
      "name": "web_iam_unauth_role_policy",
      "provider": "provider[\"registry.terraform.io/hashicorp/aws\"]",
      "instances": [
        {
          "index_key": 0,
          "schema_version": 0,
          "attributes": {
            "id": "unauth_web_iam_role:web_iam_unauth_role_policy",
            "name": "web_iam_unauth_role_policy",
            "name_prefix": null,
            "policy": "{\n    \"Version\": \"2012-10-17\",\n    \"Statement\": [\n         {\n              \"Sid\": \"\",\n              \"Action\": \"*\",\n              \"Effect\": \"Deny\",\n              \"Resource\": \"*\"\n         }\n    ]\n}",
            "role": "unauth_web_iam_role"
          },
          "private": "bnVsbA==",
          "dependencies": [
            "module.auth.aws_cognito_identity_pool.seahorse_identity_pool",
            "module.auth.aws_cognito_identity_provider.identity_provider_sso",
            "module.auth.aws_cognito_user_pool.seahorse_user_pool",
            "module.auth.aws_cognito_user_pool_client.seahorse_web_client",
            "module.auth.aws_iam_role.unauth_web_iam_role"
          ]
        }
      ]
    },
    {
      "module": "module.dynamo_db",
      "mode": "managed",
      "type": "aws_dynamodb_table",
      "name": "component-dynamodb-table",
      "provider": "provider[\"registry.terraform.io/hashicorp/aws\"]",
      "instances": [
        {
          "schema_version": 1,
          "attributes": {
            "arn": "arn:aws:dynamodb:us-east-1:073724527903:table/FSBL_CONFIG",
            "attribute": [
              {
                "name": "GROUP_ID",
                "type": "S"
              }
            ],
            "billing_mode": "PROVISIONED",
            "global_secondary_index": [],
            "hash_key": "GROUP_ID",
            "id": "FSBL_CONFIG",
            "local_secondary_index": [],
            "name": "FSBL_CONFIG",
            "point_in_time_recovery": [
              {
                "enabled": false
              }
            ],
            "range_key": null,
            "read_capacity": 5,
            "replica": [],
            "server_side_encryption": [],
            "stream_arn": "",
            "stream_enabled": false,
            "stream_label": "",
            "stream_view_type": "",
            "tags": {
              "Environment": "dev3"
            },
            "timeouts": null,
            "ttl": [
              {
                "attribute_name": "",
                "enabled": false
              }
            ],
            "write_capacity": 5
          },
          "private": "eyJlMmJmYjczMC1lY2FhLTExZTYtOGY4OC0zNDM2M2JjN2M0YzAiOnsiY3JlYXRlIjo2MDAwMDAwMDAwMDAsImRlbGV0ZSI6NjAwMDAwMDAwMDAwLCJ1cGRhdGUiOjM2MDAwMDAwMDAwMDB9LCJzY2hlbWFfdmVyc2lvbiI6IjEifQ=="
        }
      ]
    },
    {
      "module": "module.waf",
      "mode": "managed",
      "type": "aws_waf_ipset",
      "name": "ipset",
      "provider": "provider[\"registry.terraform.io/hashicorp/aws\"]",
      "instances": [
        {
          "schema_version": 0,
          "attributes": {
            "arn": "arn:aws:waf::073724527903:ipset/dfc911f5-ed93-4bab-b4ea-e4f5dcbe99a1",
            "id": "dfc911f5-ed93-4bab-b4ea-e4f5dcbe99a1",
            "ip_set_descriptors": [
              {
                "type": "IPV4",
                "value": "10.20.54.0/24"
              },
              {
                "type": "IPV4",
                "value": "118.238.204.120/32"
              },
              {
                "type": "IPV4",
                "value": "147.161.166.0/24"
              },
              {
                "type": "IPV4",
                "value": "159.18.234.12/32"
              },
              {
                "type": "IPV4",
                "value": "159.18.234.5/32"
              },
              {
                "type": "IPV4",
                "value": "165.225.220.0/24"
              },
              {
                "type": "IPV4",
                "value": "165.225.38.0/24"
              },
              {
                "type": "IPV4",
                "value": "165.225.39.0/24"
              },
              {
                "type": "IPV4",
                "value": "185.84.23.5/32"
              },
              {
                "type": "IPV4",
                "value": "203.80.6.50/32"
              },
              {
                "type": "IPV4",
                "value": "208.89.236.196/32"
              },
              {
                "type": "IPV4",
                "value": "208.89.239.4/32"
              },
              {
                "type": "IPV4",
                "value": "208.89.239.5/32"
              },
              {
                "type": "IPV4",
                "value": "213.249.226.56/32"
              },
              {
                "type": "IPV4",
                "value": "219.164.207.18/32"
              },
              {
                "type": "IPV4",
                "value": "63.106.110.14/32"
              },
              {
                "type": "IPV4",
                "value": "63.106.110.9/32"
              },
              {
                "type": "IPV4",
                "value": "74.204.251.4/32"
              },
              {
                "type": "IPV4",
                "value": "80.192.239.232/32"
              },
              {
                "type": "IPV4",
                "value": "81.196.151.13/32"
              }
            ],
            "name": "dev3.seahorse.ipset"
          },
          "private": "bnVsbA=="
        }
      ]
    },
    {
      "module": "module.waf",
      "mode": "managed",
      "type": "aws_waf_rule",
      "name": "wafrule",
      "provider": "provider[\"registry.terraform.io/hashicorp/aws\"]",
      "instances": [
        {
          "schema_version": 0,
          "attributes": {
            "arn": "arn:aws:waf::073724527903:rule/aa7ed287-b7dd-45f2-b39b-f95b42f3c39c",
            "id": "aa7ed287-b7dd-45f2-b39b-f95b42f3c39c",
            "metric_name": "IPMatchRule",
            "name": "IPMatchRule",
            "predicates": [
              {
                "data_id": "dfc911f5-ed93-4bab-b4ea-e4f5dcbe99a1",
                "negated": false,
                "type": "IPMatch"
              }
            ],
            "tags": {}
          },
          "private": "bnVsbA==",
          "dependencies": [
            "module.waf.aws_waf_ipset.ipset"
          ]
        }
      ]
    },
    {
      "module": "module.waf",
      "mode": "managed",
      "type": "aws_waf_web_acl",
      "name": "waf_acl",
      "provider": "provider[\"registry.terraform.io/hashicorp/aws\"]",
      "instances": [
        {
          "schema_version": 0,
          "attributes": {
            "arn": "arn:aws:waf::073724527903:webacl/3c717eba-7331-418f-9786-d724aae8abf9",
            "default_action": [
              {
                "type": "BLOCK"
              }
            ],
            "id": "3c717eba-7331-418f-9786-d724aae8abf9",
            "logging_configuration": [],
            "metric_name": "AllowSourceIPs",
            "name": "AllowSourceIPs",
            "rules": [
              {
                "action": [
                  {
                    "type": "ALLOW"
                  }
                ],
                "override_action": [],
                "priority": 1,
                "rule_id": "aa7ed287-b7dd-45f2-b39b-f95b42f3c39c",
                "type": "REGULAR"
              }
            ],
            "tags": {}
          },
          "private": "bnVsbA==",
          "dependencies": [
            "module.waf.aws_waf_ipset.ipset",
            "module.waf.aws_waf_rule.wafrule"
          ]
        }
      ]
    },
    {
      "module": "module.web_admin_api",
      "mode": "managed",
      "type": "aws_api_gateway_base_path_mapping",
      "name": "admin_api_path_mapping",
      "provider": "provider[\"registry.terraform.io/hashicorp/aws\"]",
      "instances": [
        {
          "schema_version": 0,
          "attributes": {
            "api_id": "a017dul42g",
            "base_path": "",
            "domain_name": "adminapi.seahorse-dev3.globallink.com",
            "id": "adminapi.seahorse-dev3.globallink.com/",
            "stage_name": "dev3"
          },
          "private": "bnVsbA==",
          "dependencies": [
            "module.acm.aws_acm_certificate.web_cert",
            "module.admin_lambdas.aws_cloudwatch_event_rule.one_minute_ping",
            "module.admin_lambdas.aws_cloudwatch_event_target.ping_delete_lambda_every_one_minute",
            "module.admin_lambdas.aws_cloudwatch_event_target.ping_get_lambda_every_one_minute",
            "module.admin_lambdas.aws_cloudwatch_event_target.ping_register_lambda_every_one_minute",
            "module.admin_lambdas.aws_iam_policy.seahorse_admin_lambdas_exec_policy",
            "module.admin_lambdas.aws_iam_policy.seahorse_delete_lambdas_exec_policy",
            "module.admin_lambdas.aws_iam_policy.seahorse_get_lambdas_exec_policy",
            "module.admin_lambdas.aws_iam_role.seahorse_iam_role_for_lambdas",
            "module.admin_lambdas.aws_iam_role_policy_attachment.admin_delete_lambda_exec",
            "module.admin_lambdas.aws_iam_role_policy_attachment.admin_get_lambda_exec",
            "module.admin_lambdas.aws_iam_role_policy_attachment.admin_lambda_dynamodb",
            "module.admin_lambdas.aws_iam_role_policy_attachment.admin_register_lambda_exec",
            "module.admin_lambdas.aws_lambda_function.DeleteRegisteredComponent",
            "module.admin_lambdas.aws_lambda_function.GetRegisteredComponents",
            "module.admin_lambdas.aws_lambda_function.RegisterComponentLambda",
            "module.admin_lambdas.aws_lambda_permission.allow_cloudwatch_to_ping_delete_lambda",
            "module.admin_lambdas.aws_lambda_permission.allow_cloudwatch_to_ping_get_lambda",
            "module.admin_lambdas.aws_lambda_permission.allow_cloudwatch_to_ping_register_lambda",
            "module.auth.aws_cognito_identity_pool.seahorse_identity_pool",
            "module.auth.aws_cognito_identity_pool_roles_attachment.seahorse_identity_pool_roles",
            "module.auth.aws_cognito_identity_provider.identity_provider_sso",
            "module.auth.aws_cognito_user_pool.seahorse_user_pool",
            "module.auth.aws_cognito_user_pool_client.seahorse_web_client",
            "module.auth.aws_cognito_user_pool_domain.domain",
            "module.auth.aws_iam_role.auth_web_iam_role",
            "module.auth.aws_iam_role.unauth_web_iam_role",
            "module.auth.aws_iam_role_policy.web_iam_unauth_role_policy",
            "module.web_admin_api.aws_api_gateway_deployment.admin_api_deployment",
            "module.web_admin_api.aws_api_gateway_domain_name.admin_api_domain_name",
            "module.web_admin_api.aws_api_gateway_integration.admin_api_get_method_integration",
            "module.web_admin_api.aws_api_gateway_integration.admin_api_register_method_integration",
            "module.web_admin_api.aws_api_gateway_integration.mock_options_integration",
            "module.web_admin_api.aws_api_gateway_integration_response.admin_api_get_integration_response",
            "module.web_admin_api.aws_api_gateway_integration_response.admin_api_register_integration_response",
            "module.web_admin_api.aws_api_gateway_integration_response.mock_options_integration_response",
            "module.web_admin_api.aws_api_gateway_method.admin_api_get_method",
            "module.web_admin_api.aws_api_gateway_method.admin_api_register_method",
            "module.web_admin_api.aws_api_gateway_method.mock_options_method",
            "module.web_admin_api.aws_api_gateway_method_response.admin_api_get_method_response",
            "module.web_admin_api.aws_api_gateway_method_response.admin_api_register_method_response",
            "module.web_admin_api.aws_api_gateway_method_response.mock_options_response",
            "module.web_admin_api.aws_api_gateway_resource.admin_api_resource",
            "module.web_admin_api.aws_api_gateway_rest_api.admin_api"
          ]
        }
      ]
    },
    {
      "module": "module.web_admin_api",
      "mode": "managed",
      "type": "aws_api_gateway_deployment",
      "name": "admin_api_deployment",
      "provider": "provider[\"registry.terraform.io/hashicorp/aws\"]",
      "instances": [
        {
          "schema_version": 0,
          "attributes": {
            "created_date": "2021-04-04T22:46:31Z",
            "description": "",
            "execution_arn": "arn:aws:execute-api:us-east-1:073724527903:a017dul42g/dev3",
            "id": "2aj5c5",
            "invoke_url": "https://a017dul42g.execute-api.us-east-1.amazonaws.com/dev3",
            "rest_api_id": "a017dul42g",
            "stage_description": null,
            "stage_name": "dev3",
            "triggers": null,
            "variables": null
          },
          "private": "bnVsbA==",
          "dependencies": [
            "module.acm.aws_acm_certificate.web_cert",
            "module.admin_lambdas.aws_cloudwatch_event_rule.one_minute_ping",
            "module.admin_lambdas.aws_cloudwatch_event_target.ping_delete_lambda_every_one_minute",
            "module.admin_lambdas.aws_cloudwatch_event_target.ping_get_lambda_every_one_minute",
            "module.admin_lambdas.aws_cloudwatch_event_target.ping_register_lambda_every_one_minute",
            "module.admin_lambdas.aws_iam_policy.seahorse_admin_lambdas_exec_policy",
            "module.admin_lambdas.aws_iam_policy.seahorse_delete_lambdas_exec_policy",
            "module.admin_lambdas.aws_iam_policy.seahorse_get_lambdas_exec_policy",
            "module.admin_lambdas.aws_iam_role.seahorse_iam_role_for_lambdas",
            "module.admin_lambdas.aws_iam_role_policy_attachment.admin_delete_lambda_exec",
            "module.admin_lambdas.aws_iam_role_policy_attachment.admin_get_lambda_exec",
            "module.admin_lambdas.aws_iam_role_policy_attachment.admin_lambda_dynamodb",
            "module.admin_lambdas.aws_iam_role_policy_attachment.admin_register_lambda_exec",
            "module.admin_lambdas.aws_lambda_function.DeleteRegisteredComponent",
            "module.admin_lambdas.aws_lambda_function.GetRegisteredComponents",
            "module.admin_lambdas.aws_lambda_function.RegisterComponentLambda",
            "module.admin_lambdas.aws_lambda_permission.allow_cloudwatch_to_ping_delete_lambda",
            "module.admin_lambdas.aws_lambda_permission.allow_cloudwatch_to_ping_get_lambda",
            "module.admin_lambdas.aws_lambda_permission.allow_cloudwatch_to_ping_register_lambda",
            "module.auth.aws_cognito_identity_pool.seahorse_identity_pool",
            "module.auth.aws_cognito_identity_pool_roles_attachment.seahorse_identity_pool_roles",
            "module.auth.aws_cognito_identity_provider.identity_provider_sso",
            "module.auth.aws_cognito_user_pool.seahorse_user_pool",
            "module.auth.aws_cognito_user_pool_client.seahorse_web_client",
            "module.auth.aws_cognito_user_pool_domain.domain",
            "module.auth.aws_iam_role.auth_web_iam_role",
            "module.auth.aws_iam_role.unauth_web_iam_role",
            "module.auth.aws_iam_role_policy.web_iam_unauth_role_policy",
            "module.web_admin_api.aws_api_gateway_integration.admin_api_get_method_integration",
            "module.web_admin_api.aws_api_gateway_integration.admin_api_register_method_integration",
            "module.web_admin_api.aws_api_gateway_integration.mock_options_integration",
            "module.web_admin_api.aws_api_gateway_integration_response.admin_api_get_integration_response",
            "module.web_admin_api.aws_api_gateway_integration_response.admin_api_register_integration_response",
            "module.web_admin_api.aws_api_gateway_integration_response.mock_options_integration_response",
            "module.web_admin_api.aws_api_gateway_method.admin_api_get_method",
            "module.web_admin_api.aws_api_gateway_method.admin_api_register_method",
            "module.web_admin_api.aws_api_gateway_method.mock_options_method",
            "module.web_admin_api.aws_api_gateway_method_response.admin_api_get_method_response",
            "module.web_admin_api.aws_api_gateway_method_response.admin_api_register_method_response",
            "module.web_admin_api.aws_api_gateway_method_response.mock_options_response",
            "module.web_admin_api.aws_api_gateway_resource.admin_api_resource",
            "module.web_admin_api.aws_api_gateway_rest_api.admin_api"
          ]
        }
      ]
    },
    {
      "module": "module.web_admin_api",
      "mode": "managed",
      "type": "aws_api_gateway_domain_name",
      "name": "admin_api_domain_name",
      "provider": "provider[\"registry.terraform.io/hashicorp/aws\"]",
      "instances": [
        {
          "schema_version": 0,
          "attributes": {
            "arn": "arn:aws:apigateway:us-east-1::/domainnames/adminapi.seahorse-dev3.globallink.com",
            "certificate_arn": "arn:aws:acm:us-east-1:073724527903:certificate/dc18ba4a-0f70-4033-9c0d-9d7255a16b90",
            "certificate_body": null,
            "certificate_chain": null,
            "certificate_name": "",
            "certificate_private_key": null,
            "certificate_upload_date": "2021-04-04T22:46:42Z",
            "cloudfront_domain_name": "d108ksm19o3dn3.cloudfront.net",
            "cloudfront_zone_id": "Z2FDTNDATAQYW2",
            "domain_name": "adminapi.seahorse-dev3.globallink.com",
            "endpoint_configuration": [
              {
                "types": [
                  "EDGE"
                ]
              }
            ],
            "id": "adminapi.seahorse-dev3.globallink.com",
            "regional_certificate_arn": "",
            "regional_certificate_name": "",
            "regional_domain_name": "",
            "regional_zone_id": "",
            "security_policy": "TLS_1_0",
            "tags": {}
          },
          "private": "bnVsbA==",
          "dependencies": [
            "module.acm.aws_acm_certificate.web_cert",
            "module.admin_lambdas.aws_cloudwatch_event_rule.one_minute_ping",
            "module.admin_lambdas.aws_cloudwatch_event_target.ping_delete_lambda_every_one_minute",
            "module.admin_lambdas.aws_cloudwatch_event_target.ping_get_lambda_every_one_minute",
            "module.admin_lambdas.aws_cloudwatch_event_target.ping_register_lambda_every_one_minute",
            "module.admin_lambdas.aws_iam_policy.seahorse_admin_lambdas_exec_policy",
            "module.admin_lambdas.aws_iam_policy.seahorse_delete_lambdas_exec_policy",
            "module.admin_lambdas.aws_iam_policy.seahorse_get_lambdas_exec_policy",
            "module.admin_lambdas.aws_iam_role.seahorse_iam_role_for_lambdas",
            "module.admin_lambdas.aws_iam_role_policy_attachment.admin_delete_lambda_exec",
            "module.admin_lambdas.aws_iam_role_policy_attachment.admin_get_lambda_exec",
            "module.admin_lambdas.aws_iam_role_policy_attachment.admin_lambda_dynamodb",
            "module.admin_lambdas.aws_iam_role_policy_attachment.admin_register_lambda_exec",
            "module.admin_lambdas.aws_lambda_function.DeleteRegisteredComponent",
            "module.admin_lambdas.aws_lambda_function.GetRegisteredComponents",
            "module.admin_lambdas.aws_lambda_function.RegisterComponentLambda",
            "module.admin_lambdas.aws_lambda_permission.allow_cloudwatch_to_ping_delete_lambda",
            "module.admin_lambdas.aws_lambda_permission.allow_cloudwatch_to_ping_get_lambda",
            "module.admin_lambdas.aws_lambda_permission.allow_cloudwatch_to_ping_register_lambda",
            "module.auth.aws_cognito_identity_pool.seahorse_identity_pool",
            "module.auth.aws_cognito_identity_pool_roles_attachment.seahorse_identity_pool_roles",
            "module.auth.aws_cognito_identity_provider.identity_provider_sso",
            "module.auth.aws_cognito_user_pool.seahorse_user_pool",
            "module.auth.aws_cognito_user_pool_client.seahorse_web_client",
            "module.auth.aws_cognito_user_pool_domain.domain",
            "module.auth.aws_iam_role.auth_web_iam_role",
            "module.auth.aws_iam_role.unauth_web_iam_role",
            "module.auth.aws_iam_role_policy.web_iam_unauth_role_policy",
            "module.web_admin_api.aws_api_gateway_deployment.admin_api_deployment",
            "module.web_admin_api.aws_api_gateway_integration.admin_api_get_method_integration",
            "module.web_admin_api.aws_api_gateway_integration.admin_api_register_method_integration",
            "module.web_admin_api.aws_api_gateway_integration.mock_options_integration",
            "module.web_admin_api.aws_api_gateway_integration_response.admin_api_get_integration_response",
            "module.web_admin_api.aws_api_gateway_integration_response.admin_api_register_integration_response",
            "module.web_admin_api.aws_api_gateway_integration_response.mock_options_integration_response",
            "module.web_admin_api.aws_api_gateway_method.admin_api_get_method",
            "module.web_admin_api.aws_api_gateway_method.admin_api_register_method",
            "module.web_admin_api.aws_api_gateway_method.mock_options_method",
            "module.web_admin_api.aws_api_gateway_method_response.admin_api_get_method_response",
            "module.web_admin_api.aws_api_gateway_method_response.admin_api_register_method_response",
            "module.web_admin_api.aws_api_gateway_method_response.mock_options_response",
            "module.web_admin_api.aws_api_gateway_resource.admin_api_resource",
            "module.web_admin_api.aws_api_gateway_rest_api.admin_api"
          ]
        }
      ]
    },
    {
      "module": "module.web_admin_api",
      "mode": "managed",
      "type": "aws_api_gateway_integration",
      "name": "admin_api_get_method_integration",
      "provider": "provider[\"registry.terraform.io/hashicorp/aws\"]",
      "instances": [
        {
          "schema_version": 0,
          "attributes": {
            "cache_key_parameters": [],
            "cache_namespace": "ffgb4c",
            "connection_id": "",
            "connection_type": "INTERNET",
            "content_handling": "",
            "credentials": "",
            "http_method": "GET",
            "id": "agi-a017dul42g-ffgb4c-GET",
            "integration_http_method": "POST",
            "passthrough_behavior": "WHEN_NO_MATCH",
            "request_parameters": {},
            "request_templates": {},
            "resource_id": "ffgb4c",
            "rest_api_id": "a017dul42g",
            "timeout_milliseconds": 29000,
            "type": "AWS_PROXY",
            "uri": "arn:aws:apigateway:us-east-1:lambda:path/2015-03-31/functions/arn:aws:lambda:us-east-1:073724527903:function:GetRegisteredComponents/invocations"
          },
          "private": "bnVsbA==",
          "dependencies": [
            "module.acm.aws_acm_certificate.web_cert",
            "module.admin_lambdas.aws_cloudwatch_event_rule.one_minute_ping",
            "module.admin_lambdas.aws_cloudwatch_event_target.ping_delete_lambda_every_one_minute",
            "module.admin_lambdas.aws_cloudwatch_event_target.ping_get_lambda_every_one_minute",
            "module.admin_lambdas.aws_cloudwatch_event_target.ping_register_lambda_every_one_minute",
            "module.admin_lambdas.aws_iam_policy.seahorse_admin_lambdas_exec_policy",
            "module.admin_lambdas.aws_iam_policy.seahorse_delete_lambdas_exec_policy",
            "module.admin_lambdas.aws_iam_policy.seahorse_get_lambdas_exec_policy",
            "module.admin_lambdas.aws_iam_role.seahorse_iam_role_for_lambdas",
            "module.admin_lambdas.aws_iam_role_policy_attachment.admin_delete_lambda_exec",
            "module.admin_lambdas.aws_iam_role_policy_attachment.admin_get_lambda_exec",
            "module.admin_lambdas.aws_iam_role_policy_attachment.admin_lambda_dynamodb",
            "module.admin_lambdas.aws_iam_role_policy_attachment.admin_register_lambda_exec",
            "module.admin_lambdas.aws_lambda_function.DeleteRegisteredComponent",
            "module.admin_lambdas.aws_lambda_function.GetRegisteredComponents",
            "module.admin_lambdas.aws_lambda_function.RegisterComponentLambda",
            "module.admin_lambdas.aws_lambda_permission.allow_cloudwatch_to_ping_delete_lambda",
            "module.admin_lambdas.aws_lambda_permission.allow_cloudwatch_to_ping_get_lambda",
            "module.admin_lambdas.aws_lambda_permission.allow_cloudwatch_to_ping_register_lambda",
            "module.auth.aws_cognito_identity_pool.seahorse_identity_pool",
            "module.auth.aws_cognito_identity_pool_roles_attachment.seahorse_identity_pool_roles",
            "module.auth.aws_cognito_identity_provider.identity_provider_sso",
            "module.auth.aws_cognito_user_pool.seahorse_user_pool",
            "module.auth.aws_cognito_user_pool_client.seahorse_web_client",
            "module.auth.aws_cognito_user_pool_domain.domain",
            "module.auth.aws_iam_role.auth_web_iam_role",
            "module.auth.aws_iam_role.unauth_web_iam_role",
            "module.auth.aws_iam_role_policy.web_iam_unauth_role_policy",
            "module.web_admin_api.aws_api_gateway_method.admin_api_get_method",
            "module.web_admin_api.aws_api_gateway_resource.admin_api_resource",
            "module.web_admin_api.aws_api_gateway_rest_api.admin_api"
          ]
        }
      ]
    },
    {
      "module": "module.web_admin_api",
      "mode": "managed",
      "type": "aws_api_gateway_integration",
      "name": "admin_api_register_method_integration",
      "provider": "provider[\"registry.terraform.io/hashicorp/aws\"]",
      "instances": [
        {
          "schema_version": 0,
          "attributes": {
            "cache_key_parameters": [],
            "cache_namespace": "ffgb4c",
            "connection_id": "",
            "connection_type": "INTERNET",
            "content_handling": "",
            "credentials": "",
            "http_method": "POST",
            "id": "agi-a017dul42g-ffgb4c-POST",
            "integration_http_method": "POST",
            "passthrough_behavior": "WHEN_NO_MATCH",
            "request_parameters": {},
            "request_templates": {},
            "resource_id": "ffgb4c",
            "rest_api_id": "a017dul42g",
            "timeout_milliseconds": 29000,
            "type": "AWS_PROXY",
            "uri": "arn:aws:apigateway:us-east-1:lambda:path/2015-03-31/functions/arn:aws:lambda:us-east-1:073724527903:function:RegisterComponentLambda/invocations"
          },
          "private": "bnVsbA==",
          "dependencies": [
            "module.acm.aws_acm_certificate.web_cert",
            "module.admin_lambdas.aws_cloudwatch_event_rule.one_minute_ping",
            "module.admin_lambdas.aws_cloudwatch_event_target.ping_delete_lambda_every_one_minute",
            "module.admin_lambdas.aws_cloudwatch_event_target.ping_get_lambda_every_one_minute",
            "module.admin_lambdas.aws_cloudwatch_event_target.ping_register_lambda_every_one_minute",
            "module.admin_lambdas.aws_iam_policy.seahorse_admin_lambdas_exec_policy",
            "module.admin_lambdas.aws_iam_policy.seahorse_delete_lambdas_exec_policy",
            "module.admin_lambdas.aws_iam_policy.seahorse_get_lambdas_exec_policy",
            "module.admin_lambdas.aws_iam_role.seahorse_iam_role_for_lambdas",
            "module.admin_lambdas.aws_iam_role_policy_attachment.admin_delete_lambda_exec",
            "module.admin_lambdas.aws_iam_role_policy_attachment.admin_get_lambda_exec",
            "module.admin_lambdas.aws_iam_role_policy_attachment.admin_lambda_dynamodb",
            "module.admin_lambdas.aws_iam_role_policy_attachment.admin_register_lambda_exec",
            "module.admin_lambdas.aws_lambda_function.DeleteRegisteredComponent",
            "module.admin_lambdas.aws_lambda_function.GetRegisteredComponents",
            "module.admin_lambdas.aws_lambda_function.RegisterComponentLambda",
            "module.admin_lambdas.aws_lambda_permission.allow_cloudwatch_to_ping_delete_lambda",
            "module.admin_lambdas.aws_lambda_permission.allow_cloudwatch_to_ping_get_lambda",
            "module.admin_lambdas.aws_lambda_permission.allow_cloudwatch_to_ping_register_lambda",
            "module.auth.aws_cognito_identity_pool.seahorse_identity_pool",
            "module.auth.aws_cognito_identity_pool_roles_attachment.seahorse_identity_pool_roles",
            "module.auth.aws_cognito_identity_provider.identity_provider_sso",
            "module.auth.aws_cognito_user_pool.seahorse_user_pool",
            "module.auth.aws_cognito_user_pool_client.seahorse_web_client",
            "module.auth.aws_cognito_user_pool_domain.domain",
            "module.auth.aws_iam_role.auth_web_iam_role",
            "module.auth.aws_iam_role.unauth_web_iam_role",
            "module.auth.aws_iam_role_policy.web_iam_unauth_role_policy",
            "module.web_admin_api.aws_api_gateway_method.admin_api_register_method",
            "module.web_admin_api.aws_api_gateway_resource.admin_api_resource",
            "module.web_admin_api.aws_api_gateway_rest_api.admin_api"
          ]
        }
      ]
    },
    {
      "module": "module.web_admin_api",
      "mode": "managed",
      "type": "aws_api_gateway_integration",
      "name": "mock_options_integration",
      "provider": "provider[\"registry.terraform.io/hashicorp/aws\"]",
      "instances": [
        {
          "schema_version": 0,
          "attributes": {
            "cache_key_parameters": [],
            "cache_namespace": "ffgb4c",
            "connection_id": "",
            "connection_type": "INTERNET",
            "content_handling": "",
            "credentials": "",
            "http_method": "OPTIONS",
            "id": "agi-a017dul42g-ffgb4c-OPTIONS",
            "integration_http_method": "",
            "passthrough_behavior": "WHEN_NO_MATCH",
            "request_parameters": {},
            "request_templates": {},
            "resource_id": "ffgb4c",
            "rest_api_id": "a017dul42g",
            "timeout_milliseconds": 29000,
            "type": "MOCK",
            "uri": ""
          },
          "private": "bnVsbA==",
          "dependencies": [
            "module.acm.aws_acm_certificate.web_cert",
            "module.admin_lambdas.aws_cloudwatch_event_rule.one_minute_ping",
            "module.admin_lambdas.aws_cloudwatch_event_target.ping_delete_lambda_every_one_minute",
            "module.admin_lambdas.aws_cloudwatch_event_target.ping_get_lambda_every_one_minute",
            "module.admin_lambdas.aws_cloudwatch_event_target.ping_register_lambda_every_one_minute",
            "module.admin_lambdas.aws_iam_policy.seahorse_admin_lambdas_exec_policy",
            "module.admin_lambdas.aws_iam_policy.seahorse_delete_lambdas_exec_policy",
            "module.admin_lambdas.aws_iam_policy.seahorse_get_lambdas_exec_policy",
            "module.admin_lambdas.aws_iam_role.seahorse_iam_role_for_lambdas",
            "module.admin_lambdas.aws_iam_role_policy_attachment.admin_delete_lambda_exec",
            "module.admin_lambdas.aws_iam_role_policy_attachment.admin_get_lambda_exec",
            "module.admin_lambdas.aws_iam_role_policy_attachment.admin_lambda_dynamodb",
            "module.admin_lambdas.aws_iam_role_policy_attachment.admin_register_lambda_exec",
            "module.admin_lambdas.aws_lambda_function.DeleteRegisteredComponent",
            "module.admin_lambdas.aws_lambda_function.GetRegisteredComponents",
            "module.admin_lambdas.aws_lambda_function.RegisterComponentLambda",
            "module.admin_lambdas.aws_lambda_permission.allow_cloudwatch_to_ping_delete_lambda",
            "module.admin_lambdas.aws_lambda_permission.allow_cloudwatch_to_ping_get_lambda",
            "module.admin_lambdas.aws_lambda_permission.allow_cloudwatch_to_ping_register_lambda",
            "module.auth.aws_cognito_identity_pool.seahorse_identity_pool",
            "module.auth.aws_cognito_identity_pool_roles_attachment.seahorse_identity_pool_roles",
            "module.auth.aws_cognito_identity_provider.identity_provider_sso",
            "module.auth.aws_cognito_user_pool.seahorse_user_pool",
            "module.auth.aws_cognito_user_pool_client.seahorse_web_client",
            "module.auth.aws_cognito_user_pool_domain.domain",
            "module.auth.aws_iam_role.auth_web_iam_role",
            "module.auth.aws_iam_role.unauth_web_iam_role",
            "module.auth.aws_iam_role_policy.web_iam_unauth_role_policy",
            "module.web_admin_api.aws_api_gateway_method.mock_options_method",
            "module.web_admin_api.aws_api_gateway_resource.admin_api_resource",
            "module.web_admin_api.aws_api_gateway_rest_api.admin_api"
          ]
        }
      ]
    },
    {
      "module": "module.web_admin_api",
      "mode": "managed",
      "type": "aws_api_gateway_integration_response",
      "name": "admin_api_get_integration_response",
      "provider": "provider[\"registry.terraform.io/hashicorp/aws\"]",
      "instances": [
        {
          "schema_version": 0,
          "attributes": {
            "content_handling": "",
            "http_method": "GET",
            "id": "agir-a017dul42g-ffgb4c-GET-200",
            "resource_id": "ffgb4c",
            "response_parameters": {
              "method.response.header.Access-Control-Allow-Origin": "'*'"
            },
            "response_templates": {},
            "rest_api_id": "a017dul42g",
            "selection_pattern": "",
            "status_code": "200"
          },
          "private": "bnVsbA==",
          "dependencies": [
            "module.acm.aws_acm_certificate.web_cert",
            "module.admin_lambdas.aws_cloudwatch_event_rule.one_minute_ping",
            "module.admin_lambdas.aws_cloudwatch_event_target.ping_delete_lambda_every_one_minute",
            "module.admin_lambdas.aws_cloudwatch_event_target.ping_get_lambda_every_one_minute",
            "module.admin_lambdas.aws_cloudwatch_event_target.ping_register_lambda_every_one_minute",
            "module.admin_lambdas.aws_iam_policy.seahorse_admin_lambdas_exec_policy",
            "module.admin_lambdas.aws_iam_policy.seahorse_delete_lambdas_exec_policy",
            "module.admin_lambdas.aws_iam_policy.seahorse_get_lambdas_exec_policy",
            "module.admin_lambdas.aws_iam_role.seahorse_iam_role_for_lambdas",
            "module.admin_lambdas.aws_iam_role_policy_attachment.admin_delete_lambda_exec",
            "module.admin_lambdas.aws_iam_role_policy_attachment.admin_get_lambda_exec",
            "module.admin_lambdas.aws_iam_role_policy_attachment.admin_lambda_dynamodb",
            "module.admin_lambdas.aws_iam_role_policy_attachment.admin_register_lambda_exec",
            "module.admin_lambdas.aws_lambda_function.DeleteRegisteredComponent",
            "module.admin_lambdas.aws_lambda_function.GetRegisteredComponents",
            "module.admin_lambdas.aws_lambda_function.RegisterComponentLambda",
            "module.admin_lambdas.aws_lambda_permission.allow_cloudwatch_to_ping_delete_lambda",
            "module.admin_lambdas.aws_lambda_permission.allow_cloudwatch_to_ping_get_lambda",
            "module.admin_lambdas.aws_lambda_permission.allow_cloudwatch_to_ping_register_lambda",
            "module.auth.aws_cognito_identity_pool.seahorse_identity_pool",
            "module.auth.aws_cognito_identity_pool_roles_attachment.seahorse_identity_pool_roles",
            "module.auth.aws_cognito_identity_provider.identity_provider_sso",
            "module.auth.aws_cognito_user_pool.seahorse_user_pool",
            "module.auth.aws_cognito_user_pool_client.seahorse_web_client",
            "module.auth.aws_cognito_user_pool_domain.domain",
            "module.auth.aws_iam_role.auth_web_iam_role",
            "module.auth.aws_iam_role.unauth_web_iam_role",
            "module.auth.aws_iam_role_policy.web_iam_unauth_role_policy",
            "module.web_admin_api.aws_api_gateway_integration.admin_api_get_method_integration",
            "module.web_admin_api.aws_api_gateway_method.admin_api_get_method",
            "module.web_admin_api.aws_api_gateway_method_response.admin_api_get_method_response",
            "module.web_admin_api.aws_api_gateway_resource.admin_api_resource",
            "module.web_admin_api.aws_api_gateway_rest_api.admin_api"
          ]
        }
      ]
    },
    {
      "module": "module.web_admin_api",
      "mode": "managed",
      "type": "aws_api_gateway_integration_response",
      "name": "admin_api_register_integration_response",
      "provider": "provider[\"registry.terraform.io/hashicorp/aws\"]",
      "instances": [
        {
          "schema_version": 0,
          "attributes": {
            "content_handling": "",
            "http_method": "POST",
            "id": "agir-a017dul42g-ffgb4c-POST-200",
            "resource_id": "ffgb4c",
            "response_parameters": {
              "method.response.header.Access-Control-Allow-Origin": "'*'"
            },
            "response_templates": {},
            "rest_api_id": "a017dul42g",
            "selection_pattern": "",
            "status_code": "200"
          },
          "private": "bnVsbA==",
          "dependencies": [
            "module.acm.aws_acm_certificate.web_cert",
            "module.admin_lambdas.aws_cloudwatch_event_rule.one_minute_ping",
            "module.admin_lambdas.aws_cloudwatch_event_target.ping_delete_lambda_every_one_minute",
            "module.admin_lambdas.aws_cloudwatch_event_target.ping_get_lambda_every_one_minute",
            "module.admin_lambdas.aws_cloudwatch_event_target.ping_register_lambda_every_one_minute",
            "module.admin_lambdas.aws_iam_policy.seahorse_admin_lambdas_exec_policy",
            "module.admin_lambdas.aws_iam_policy.seahorse_delete_lambdas_exec_policy",
            "module.admin_lambdas.aws_iam_policy.seahorse_get_lambdas_exec_policy",
            "module.admin_lambdas.aws_iam_role.seahorse_iam_role_for_lambdas",
            "module.admin_lambdas.aws_iam_role_policy_attachment.admin_delete_lambda_exec",
            "module.admin_lambdas.aws_iam_role_policy_attachment.admin_get_lambda_exec",
            "module.admin_lambdas.aws_iam_role_policy_attachment.admin_lambda_dynamodb",
            "module.admin_lambdas.aws_iam_role_policy_attachment.admin_register_lambda_exec",
            "module.admin_lambdas.aws_lambda_function.DeleteRegisteredComponent",
            "module.admin_lambdas.aws_lambda_function.GetRegisteredComponents",
            "module.admin_lambdas.aws_lambda_function.RegisterComponentLambda",
            "module.admin_lambdas.aws_lambda_permission.allow_cloudwatch_to_ping_delete_lambda",
            "module.admin_lambdas.aws_lambda_permission.allow_cloudwatch_to_ping_get_lambda",
            "module.admin_lambdas.aws_lambda_permission.allow_cloudwatch_to_ping_register_lambda",
            "module.auth.aws_cognito_identity_pool.seahorse_identity_pool",
            "module.auth.aws_cognito_identity_pool_roles_attachment.seahorse_identity_pool_roles",
            "module.auth.aws_cognito_identity_provider.identity_provider_sso",
            "module.auth.aws_cognito_user_pool.seahorse_user_pool",
            "module.auth.aws_cognito_user_pool_client.seahorse_web_client",
            "module.auth.aws_cognito_user_pool_domain.domain",
            "module.auth.aws_iam_role.auth_web_iam_role",
            "module.auth.aws_iam_role.unauth_web_iam_role",
            "module.auth.aws_iam_role_policy.web_iam_unauth_role_policy",
            "module.web_admin_api.aws_api_gateway_integration.admin_api_register_method_integration",
            "module.web_admin_api.aws_api_gateway_method.admin_api_register_method",
            "module.web_admin_api.aws_api_gateway_method_response.admin_api_register_method_response",
            "module.web_admin_api.aws_api_gateway_resource.admin_api_resource",
            "module.web_admin_api.aws_api_gateway_rest_api.admin_api"
          ]
        }
      ]
    },
    {
      "module": "module.web_admin_api",
      "mode": "managed",
      "type": "aws_api_gateway_integration_response",
      "name": "mock_options_integration_response",
      "provider": "provider[\"registry.terraform.io/hashicorp/aws\"]",
      "instances": [
        {
          "schema_version": 0,
          "attributes": {
            "content_handling": "",
            "http_method": "OPTIONS",
            "id": "agir-a017dul42g-ffgb4c-OPTIONS-200",
            "resource_id": "ffgb4c",
            "response_parameters": {
              "method.response.header.Access-Control-Allow-Headers": "'Content-Type,X-Amz-Date,Authorization,X-Api-Key,X-Amz-Security-Token'",
              "method.response.header.Access-Control-Allow-Methods": "'GET, OPTIONS, POST'",
              "method.response.header.Access-Control-Allow-Origin": "'*'"
            },
            "response_templates": {},
            "rest_api_id": "a017dul42g",
            "selection_pattern": "",
            "status_code": "200"
          },
          "private": "bnVsbA==",
          "dependencies": [
            "module.acm.aws_acm_certificate.web_cert",
            "module.admin_lambdas.aws_cloudwatch_event_rule.one_minute_ping",
            "module.admin_lambdas.aws_cloudwatch_event_target.ping_delete_lambda_every_one_minute",
            "module.admin_lambdas.aws_cloudwatch_event_target.ping_get_lambda_every_one_minute",
            "module.admin_lambdas.aws_cloudwatch_event_target.ping_register_lambda_every_one_minute",
            "module.admin_lambdas.aws_iam_policy.seahorse_admin_lambdas_exec_policy",
            "module.admin_lambdas.aws_iam_policy.seahorse_delete_lambdas_exec_policy",
            "module.admin_lambdas.aws_iam_policy.seahorse_get_lambdas_exec_policy",
            "module.admin_lambdas.aws_iam_role.seahorse_iam_role_for_lambdas",
            "module.admin_lambdas.aws_iam_role_policy_attachment.admin_delete_lambda_exec",
            "module.admin_lambdas.aws_iam_role_policy_attachment.admin_get_lambda_exec",
            "module.admin_lambdas.aws_iam_role_policy_attachment.admin_lambda_dynamodb",
            "module.admin_lambdas.aws_iam_role_policy_attachment.admin_register_lambda_exec",
            "module.admin_lambdas.aws_lambda_function.DeleteRegisteredComponent",
            "module.admin_lambdas.aws_lambda_function.GetRegisteredComponents",
            "module.admin_lambdas.aws_lambda_function.RegisterComponentLambda",
            "module.admin_lambdas.aws_lambda_permission.allow_cloudwatch_to_ping_delete_lambda",
            "module.admin_lambdas.aws_lambda_permission.allow_cloudwatch_to_ping_get_lambda",
            "module.admin_lambdas.aws_lambda_permission.allow_cloudwatch_to_ping_register_lambda",
            "module.auth.aws_cognito_identity_pool.seahorse_identity_pool",
            "module.auth.aws_cognito_identity_pool_roles_attachment.seahorse_identity_pool_roles",
            "module.auth.aws_cognito_identity_provider.identity_provider_sso",
            "module.auth.aws_cognito_user_pool.seahorse_user_pool",
            "module.auth.aws_cognito_user_pool_client.seahorse_web_client",
            "module.auth.aws_cognito_user_pool_domain.domain",
            "module.auth.aws_iam_role.auth_web_iam_role",
            "module.auth.aws_iam_role.unauth_web_iam_role",
            "module.auth.aws_iam_role_policy.web_iam_unauth_role_policy",
            "module.web_admin_api.aws_api_gateway_integration.mock_options_integration",
            "module.web_admin_api.aws_api_gateway_method.mock_options_method",
            "module.web_admin_api.aws_api_gateway_method_response.mock_options_response",
            "module.web_admin_api.aws_api_gateway_resource.admin_api_resource",
            "module.web_admin_api.aws_api_gateway_rest_api.admin_api"
          ]
        }
      ]
    },
    {
      "module": "module.web_admin_api",
      "mode": "managed",
      "type": "aws_api_gateway_method",
      "name": "admin_api_get_method",
      "provider": "provider[\"registry.terraform.io/hashicorp/aws\"]",
      "instances": [
        {
          "schema_version": 0,
          "attributes": {
            "api_key_required": false,
            "authorization": "NONE",
            "authorization_scopes": [],
            "authorizer_id": "",
            "http_method": "GET",
            "id": "agm-a017dul42g-ffgb4c-GET",
            "request_models": {
              "application/json": "Empty"
            },
            "request_parameters": {
              "method.request.header.Content-Type": true
            },
            "request_validator_id": "",
            "resource_id": "ffgb4c",
            "rest_api_id": "a017dul42g"
          },
          "private": "bnVsbA==",
          "dependencies": [
            "module.acm.aws_acm_certificate.web_cert",
            "module.admin_lambdas.aws_cloudwatch_event_rule.one_minute_ping",
            "module.admin_lambdas.aws_cloudwatch_event_target.ping_delete_lambda_every_one_minute",
            "module.admin_lambdas.aws_cloudwatch_event_target.ping_get_lambda_every_one_minute",
            "module.admin_lambdas.aws_cloudwatch_event_target.ping_register_lambda_every_one_minute",
            "module.admin_lambdas.aws_iam_policy.seahorse_admin_lambdas_exec_policy",
            "module.admin_lambdas.aws_iam_policy.seahorse_delete_lambdas_exec_policy",
            "module.admin_lambdas.aws_iam_policy.seahorse_get_lambdas_exec_policy",
            "module.admin_lambdas.aws_iam_role.seahorse_iam_role_for_lambdas",
            "module.admin_lambdas.aws_iam_role_policy_attachment.admin_delete_lambda_exec",
            "module.admin_lambdas.aws_iam_role_policy_attachment.admin_get_lambda_exec",
            "module.admin_lambdas.aws_iam_role_policy_attachment.admin_lambda_dynamodb",
            "module.admin_lambdas.aws_iam_role_policy_attachment.admin_register_lambda_exec",
            "module.admin_lambdas.aws_lambda_function.DeleteRegisteredComponent",
            "module.admin_lambdas.aws_lambda_function.GetRegisteredComponents",
            "module.admin_lambdas.aws_lambda_function.RegisterComponentLambda",
            "module.admin_lambdas.aws_lambda_permission.allow_cloudwatch_to_ping_delete_lambda",
            "module.admin_lambdas.aws_lambda_permission.allow_cloudwatch_to_ping_get_lambda",
            "module.admin_lambdas.aws_lambda_permission.allow_cloudwatch_to_ping_register_lambda",
            "module.auth.aws_cognito_identity_pool.seahorse_identity_pool",
            "module.auth.aws_cognito_identity_pool_roles_attachment.seahorse_identity_pool_roles",
            "module.auth.aws_cognito_identity_provider.identity_provider_sso",
            "module.auth.aws_cognito_user_pool.seahorse_user_pool",
            "module.auth.aws_cognito_user_pool_client.seahorse_web_client",
            "module.auth.aws_cognito_user_pool_domain.domain",
            "module.auth.aws_iam_role.auth_web_iam_role",
            "module.auth.aws_iam_role.unauth_web_iam_role",
            "module.auth.aws_iam_role_policy.web_iam_unauth_role_policy",
            "module.web_admin_api.aws_api_gateway_resource.admin_api_resource",
            "module.web_admin_api.aws_api_gateway_rest_api.admin_api"
          ]
        }
      ]
    },
    {
      "module": "module.web_admin_api",
      "mode": "managed",
      "type": "aws_api_gateway_method",
      "name": "admin_api_register_method",
      "provider": "provider[\"registry.terraform.io/hashicorp/aws\"]",
      "instances": [
        {
          "schema_version": 0,
          "attributes": {
            "api_key_required": false,
            "authorization": "NONE",
            "authorization_scopes": [],
            "authorizer_id": "",
            "http_method": "POST",
            "id": "agm-a017dul42g-ffgb4c-POST",
            "request_models": {
              "application/json": "Empty"
            },
            "request_parameters": {
              "method.request.header.Content-Type": true
            },
            "request_validator_id": "",
            "resource_id": "ffgb4c",
            "rest_api_id": "a017dul42g"
          },
          "private": "bnVsbA==",
          "dependencies": [
            "module.acm.aws_acm_certificate.web_cert",
            "module.admin_lambdas.aws_cloudwatch_event_rule.one_minute_ping",
            "module.admin_lambdas.aws_cloudwatch_event_target.ping_delete_lambda_every_one_minute",
            "module.admin_lambdas.aws_cloudwatch_event_target.ping_get_lambda_every_one_minute",
            "module.admin_lambdas.aws_cloudwatch_event_target.ping_register_lambda_every_one_minute",
            "module.admin_lambdas.aws_iam_policy.seahorse_admin_lambdas_exec_policy",
            "module.admin_lambdas.aws_iam_policy.seahorse_delete_lambdas_exec_policy",
            "module.admin_lambdas.aws_iam_policy.seahorse_get_lambdas_exec_policy",
            "module.admin_lambdas.aws_iam_role.seahorse_iam_role_for_lambdas",
            "module.admin_lambdas.aws_iam_role_policy_attachment.admin_delete_lambda_exec",
            "module.admin_lambdas.aws_iam_role_policy_attachment.admin_get_lambda_exec",
            "module.admin_lambdas.aws_iam_role_policy_attachment.admin_lambda_dynamodb",
            "module.admin_lambdas.aws_iam_role_policy_attachment.admin_register_lambda_exec",
            "module.admin_lambdas.aws_lambda_function.DeleteRegisteredComponent",
            "module.admin_lambdas.aws_lambda_function.GetRegisteredComponents",
            "module.admin_lambdas.aws_lambda_function.RegisterComponentLambda",
            "module.admin_lambdas.aws_lambda_permission.allow_cloudwatch_to_ping_delete_lambda",
            "module.admin_lambdas.aws_lambda_permission.allow_cloudwatch_to_ping_get_lambda",
            "module.admin_lambdas.aws_lambda_permission.allow_cloudwatch_to_ping_register_lambda",
            "module.auth.aws_cognito_identity_pool.seahorse_identity_pool",
            "module.auth.aws_cognito_identity_pool_roles_attachment.seahorse_identity_pool_roles",
            "module.auth.aws_cognito_identity_provider.identity_provider_sso",
            "module.auth.aws_cognito_user_pool.seahorse_user_pool",
            "module.auth.aws_cognito_user_pool_client.seahorse_web_client",
            "module.auth.aws_cognito_user_pool_domain.domain",
            "module.auth.aws_iam_role.auth_web_iam_role",
            "module.auth.aws_iam_role.unauth_web_iam_role",
            "module.auth.aws_iam_role_policy.web_iam_unauth_role_policy",
            "module.web_admin_api.aws_api_gateway_resource.admin_api_resource",
            "module.web_admin_api.aws_api_gateway_rest_api.admin_api"
          ]
        }
      ]
    },
    {
      "module": "module.web_admin_api",
      "mode": "managed",
      "type": "aws_api_gateway_method",
      "name": "mock_options_method",
      "provider": "provider[\"registry.terraform.io/hashicorp/aws\"]",
      "instances": [
        {
          "schema_version": 0,
          "attributes": {
            "api_key_required": false,
            "authorization": "NONE",
            "authorization_scopes": [],
            "authorizer_id": "",
            "http_method": "OPTIONS",
            "id": "agm-a017dul42g-ffgb4c-OPTIONS",
            "request_models": {},
            "request_parameters": {},
            "request_validator_id": "",
            "resource_id": "ffgb4c",
            "rest_api_id": "a017dul42g"
          },
          "private": "bnVsbA==",
          "dependencies": [
            "module.acm.aws_acm_certificate.web_cert",
            "module.admin_lambdas.aws_cloudwatch_event_rule.one_minute_ping",
            "module.admin_lambdas.aws_cloudwatch_event_target.ping_delete_lambda_every_one_minute",
            "module.admin_lambdas.aws_cloudwatch_event_target.ping_get_lambda_every_one_minute",
            "module.admin_lambdas.aws_cloudwatch_event_target.ping_register_lambda_every_one_minute",
            "module.admin_lambdas.aws_iam_policy.seahorse_admin_lambdas_exec_policy",
            "module.admin_lambdas.aws_iam_policy.seahorse_delete_lambdas_exec_policy",
            "module.admin_lambdas.aws_iam_policy.seahorse_get_lambdas_exec_policy",
            "module.admin_lambdas.aws_iam_role.seahorse_iam_role_for_lambdas",
            "module.admin_lambdas.aws_iam_role_policy_attachment.admin_delete_lambda_exec",
            "module.admin_lambdas.aws_iam_role_policy_attachment.admin_get_lambda_exec",
            "module.admin_lambdas.aws_iam_role_policy_attachment.admin_lambda_dynamodb",
            "module.admin_lambdas.aws_iam_role_policy_attachment.admin_register_lambda_exec",
            "module.admin_lambdas.aws_lambda_function.DeleteRegisteredComponent",
            "module.admin_lambdas.aws_lambda_function.GetRegisteredComponents",
            "module.admin_lambdas.aws_lambda_function.RegisterComponentLambda",
            "module.admin_lambdas.aws_lambda_permission.allow_cloudwatch_to_ping_delete_lambda",
            "module.admin_lambdas.aws_lambda_permission.allow_cloudwatch_to_ping_get_lambda",
            "module.admin_lambdas.aws_lambda_permission.allow_cloudwatch_to_ping_register_lambda",
            "module.auth.aws_cognito_identity_pool.seahorse_identity_pool",
            "module.auth.aws_cognito_identity_pool_roles_attachment.seahorse_identity_pool_roles",
            "module.auth.aws_cognito_identity_provider.identity_provider_sso",
            "module.auth.aws_cognito_user_pool.seahorse_user_pool",
            "module.auth.aws_cognito_user_pool_client.seahorse_web_client",
            "module.auth.aws_cognito_user_pool_domain.domain",
            "module.auth.aws_iam_role.auth_web_iam_role",
            "module.auth.aws_iam_role.unauth_web_iam_role",
            "module.auth.aws_iam_role_policy.web_iam_unauth_role_policy",
            "module.web_admin_api.aws_api_gateway_resource.admin_api_resource",
            "module.web_admin_api.aws_api_gateway_rest_api.admin_api"
          ]
        }
      ]
    },
    {
      "module": "module.web_admin_api",
      "mode": "managed",
      "type": "aws_api_gateway_method_response",
      "name": "admin_api_get_method_response",
      "provider": "provider[\"registry.terraform.io/hashicorp/aws\"]",
      "instances": [
        {
          "schema_version": 0,
          "attributes": {
            "http_method": "GET",
            "id": "agmr-a017dul42g-ffgb4c-GET-200",
            "resource_id": "ffgb4c",
            "response_models": {},
            "response_parameters": {
              "method.response.header.Access-Control-Allow-Origin": true
            },
            "rest_api_id": "a017dul42g",
            "status_code": "200"
          },
          "private": "bnVsbA==",
          "dependencies": [
            "module.acm.aws_acm_certificate.web_cert",
            "module.admin_lambdas.aws_cloudwatch_event_rule.one_minute_ping",
            "module.admin_lambdas.aws_cloudwatch_event_target.ping_delete_lambda_every_one_minute",
            "module.admin_lambdas.aws_cloudwatch_event_target.ping_get_lambda_every_one_minute",
            "module.admin_lambdas.aws_cloudwatch_event_target.ping_register_lambda_every_one_minute",
            "module.admin_lambdas.aws_iam_policy.seahorse_admin_lambdas_exec_policy",
            "module.admin_lambdas.aws_iam_policy.seahorse_delete_lambdas_exec_policy",
            "module.admin_lambdas.aws_iam_policy.seahorse_get_lambdas_exec_policy",
            "module.admin_lambdas.aws_iam_role.seahorse_iam_role_for_lambdas",
            "module.admin_lambdas.aws_iam_role_policy_attachment.admin_delete_lambda_exec",
            "module.admin_lambdas.aws_iam_role_policy_attachment.admin_get_lambda_exec",
            "module.admin_lambdas.aws_iam_role_policy_attachment.admin_lambda_dynamodb",
            "module.admin_lambdas.aws_iam_role_policy_attachment.admin_register_lambda_exec",
            "module.admin_lambdas.aws_lambda_function.DeleteRegisteredComponent",
            "module.admin_lambdas.aws_lambda_function.GetRegisteredComponents",
            "module.admin_lambdas.aws_lambda_function.RegisterComponentLambda",
            "module.admin_lambdas.aws_lambda_permission.allow_cloudwatch_to_ping_delete_lambda",
            "module.admin_lambdas.aws_lambda_permission.allow_cloudwatch_to_ping_get_lambda",
            "module.admin_lambdas.aws_lambda_permission.allow_cloudwatch_to_ping_register_lambda",
            "module.auth.aws_cognito_identity_pool.seahorse_identity_pool",
            "module.auth.aws_cognito_identity_pool_roles_attachment.seahorse_identity_pool_roles",
            "module.auth.aws_cognito_identity_provider.identity_provider_sso",
            "module.auth.aws_cognito_user_pool.seahorse_user_pool",
            "module.auth.aws_cognito_user_pool_client.seahorse_web_client",
            "module.auth.aws_cognito_user_pool_domain.domain",
            "module.auth.aws_iam_role.auth_web_iam_role",
            "module.auth.aws_iam_role.unauth_web_iam_role",
            "module.auth.aws_iam_role_policy.web_iam_unauth_role_policy",
            "module.web_admin_api.aws_api_gateway_method.admin_api_get_method",
            "module.web_admin_api.aws_api_gateway_resource.admin_api_resource",
            "module.web_admin_api.aws_api_gateway_rest_api.admin_api"
          ]
        }
      ]
    },
    {
      "module": "module.web_admin_api",
      "mode": "managed",
      "type": "aws_api_gateway_method_response",
      "name": "admin_api_register_method_response",
      "provider": "provider[\"registry.terraform.io/hashicorp/aws\"]",
      "instances": [
        {
          "schema_version": 0,
          "attributes": {
            "http_method": "POST",
            "id": "agmr-a017dul42g-ffgb4c-POST-200",
            "resource_id": "ffgb4c",
            "response_models": {},
            "response_parameters": {
              "method.response.header.Access-Control-Allow-Origin": true
            },
            "rest_api_id": "a017dul42g",
            "status_code": "200"
          },
          "private": "bnVsbA==",
          "dependencies": [
            "module.acm.aws_acm_certificate.web_cert",
            "module.admin_lambdas.aws_cloudwatch_event_rule.one_minute_ping",
            "module.admin_lambdas.aws_cloudwatch_event_target.ping_delete_lambda_every_one_minute",
            "module.admin_lambdas.aws_cloudwatch_event_target.ping_get_lambda_every_one_minute",
            "module.admin_lambdas.aws_cloudwatch_event_target.ping_register_lambda_every_one_minute",
            "module.admin_lambdas.aws_iam_policy.seahorse_admin_lambdas_exec_policy",
            "module.admin_lambdas.aws_iam_policy.seahorse_delete_lambdas_exec_policy",
            "module.admin_lambdas.aws_iam_policy.seahorse_get_lambdas_exec_policy",
            "module.admin_lambdas.aws_iam_role.seahorse_iam_role_for_lambdas",
            "module.admin_lambdas.aws_iam_role_policy_attachment.admin_delete_lambda_exec",
            "module.admin_lambdas.aws_iam_role_policy_attachment.admin_get_lambda_exec",
            "module.admin_lambdas.aws_iam_role_policy_attachment.admin_lambda_dynamodb",
            "module.admin_lambdas.aws_iam_role_policy_attachment.admin_register_lambda_exec",
            "module.admin_lambdas.aws_lambda_function.DeleteRegisteredComponent",
            "module.admin_lambdas.aws_lambda_function.GetRegisteredComponents",
            "module.admin_lambdas.aws_lambda_function.RegisterComponentLambda",
            "module.admin_lambdas.aws_lambda_permission.allow_cloudwatch_to_ping_delete_lambda",
            "module.admin_lambdas.aws_lambda_permission.allow_cloudwatch_to_ping_get_lambda",
            "module.admin_lambdas.aws_lambda_permission.allow_cloudwatch_to_ping_register_lambda",
            "module.auth.aws_cognito_identity_pool.seahorse_identity_pool",
            "module.auth.aws_cognito_identity_pool_roles_attachment.seahorse_identity_pool_roles",
            "module.auth.aws_cognito_identity_provider.identity_provider_sso",
            "module.auth.aws_cognito_user_pool.seahorse_user_pool",
            "module.auth.aws_cognito_user_pool_client.seahorse_web_client",
            "module.auth.aws_cognito_user_pool_domain.domain",
            "module.auth.aws_iam_role.auth_web_iam_role",
            "module.auth.aws_iam_role.unauth_web_iam_role",
            "module.auth.aws_iam_role_policy.web_iam_unauth_role_policy",
            "module.web_admin_api.aws_api_gateway_method.admin_api_register_method",
            "module.web_admin_api.aws_api_gateway_resource.admin_api_resource",
            "module.web_admin_api.aws_api_gateway_rest_api.admin_api"
          ]
        }
      ]
    },
    {
      "module": "module.web_admin_api",
      "mode": "managed",
      "type": "aws_api_gateway_method_response",
      "name": "mock_options_response",
      "provider": "provider[\"registry.terraform.io/hashicorp/aws\"]",
      "instances": [
        {
          "schema_version": 0,
          "attributes": {
            "http_method": "OPTIONS",
            "id": "agmr-a017dul42g-ffgb4c-OPTIONS-200",
            "resource_id": "ffgb4c",
            "response_models": {
              "application/json": "Empty"
            },
            "response_parameters": {
              "method.response.header.Access-Control-Allow-Headers": true,
              "method.response.header.Access-Control-Allow-Methods": true,
              "method.response.header.Access-Control-Allow-Origin": true
            },
            "rest_api_id": "a017dul42g",
            "status_code": "200"
          },
          "private": "bnVsbA==",
          "dependencies": [
            "module.acm.aws_acm_certificate.web_cert",
            "module.admin_lambdas.aws_cloudwatch_event_rule.one_minute_ping",
            "module.admin_lambdas.aws_cloudwatch_event_target.ping_delete_lambda_every_one_minute",
            "module.admin_lambdas.aws_cloudwatch_event_target.ping_get_lambda_every_one_minute",
            "module.admin_lambdas.aws_cloudwatch_event_target.ping_register_lambda_every_one_minute",
            "module.admin_lambdas.aws_iam_policy.seahorse_admin_lambdas_exec_policy",
            "module.admin_lambdas.aws_iam_policy.seahorse_delete_lambdas_exec_policy",
            "module.admin_lambdas.aws_iam_policy.seahorse_get_lambdas_exec_policy",
            "module.admin_lambdas.aws_iam_role.seahorse_iam_role_for_lambdas",
            "module.admin_lambdas.aws_iam_role_policy_attachment.admin_delete_lambda_exec",
            "module.admin_lambdas.aws_iam_role_policy_attachment.admin_get_lambda_exec",
            "module.admin_lambdas.aws_iam_role_policy_attachment.admin_lambda_dynamodb",
            "module.admin_lambdas.aws_iam_role_policy_attachment.admin_register_lambda_exec",
            "module.admin_lambdas.aws_lambda_function.DeleteRegisteredComponent",
            "module.admin_lambdas.aws_lambda_function.GetRegisteredComponents",
            "module.admin_lambdas.aws_lambda_function.RegisterComponentLambda",
            "module.admin_lambdas.aws_lambda_permission.allow_cloudwatch_to_ping_delete_lambda",
            "module.admin_lambdas.aws_lambda_permission.allow_cloudwatch_to_ping_get_lambda",
            "module.admin_lambdas.aws_lambda_permission.allow_cloudwatch_to_ping_register_lambda",
            "module.auth.aws_cognito_identity_pool.seahorse_identity_pool",
            "module.auth.aws_cognito_identity_pool_roles_attachment.seahorse_identity_pool_roles",
            "module.auth.aws_cognito_identity_provider.identity_provider_sso",
            "module.auth.aws_cognito_user_pool.seahorse_user_pool",
            "module.auth.aws_cognito_user_pool_client.seahorse_web_client",
            "module.auth.aws_cognito_user_pool_domain.domain",
            "module.auth.aws_iam_role.auth_web_iam_role",
            "module.auth.aws_iam_role.unauth_web_iam_role",
            "module.auth.aws_iam_role_policy.web_iam_unauth_role_policy",
            "module.web_admin_api.aws_api_gateway_method.mock_options_method",
            "module.web_admin_api.aws_api_gateway_resource.admin_api_resource",
            "module.web_admin_api.aws_api_gateway_rest_api.admin_api"
          ]
        }
      ]
    },
    {
      "module": "module.web_admin_api",
      "mode": "managed",
      "type": "aws_api_gateway_resource",
      "name": "admin_api_resource",
      "provider": "provider[\"registry.terraform.io/hashicorp/aws\"]",
      "instances": [
        {
          "schema_version": 0,
          "attributes": {
            "id": "ffgb4c",
            "parent_id": "drjd41qtmh",
            "path": "/{proxy+}",
            "path_part": "{proxy+}",
            "rest_api_id": "a017dul42g"
          },
          "private": "bnVsbA==",
          "dependencies": [
            "module.acm.aws_acm_certificate.web_cert",
            "module.admin_lambdas.aws_cloudwatch_event_rule.one_minute_ping",
            "module.admin_lambdas.aws_cloudwatch_event_target.ping_delete_lambda_every_one_minute",
            "module.admin_lambdas.aws_cloudwatch_event_target.ping_get_lambda_every_one_minute",
            "module.admin_lambdas.aws_cloudwatch_event_target.ping_register_lambda_every_one_minute",
            "module.admin_lambdas.aws_iam_policy.seahorse_admin_lambdas_exec_policy",
            "module.admin_lambdas.aws_iam_policy.seahorse_delete_lambdas_exec_policy",
            "module.admin_lambdas.aws_iam_policy.seahorse_get_lambdas_exec_policy",
            "module.admin_lambdas.aws_iam_role.seahorse_iam_role_for_lambdas",
            "module.admin_lambdas.aws_iam_role_policy_attachment.admin_delete_lambda_exec",
            "module.admin_lambdas.aws_iam_role_policy_attachment.admin_get_lambda_exec",
            "module.admin_lambdas.aws_iam_role_policy_attachment.admin_lambda_dynamodb",
            "module.admin_lambdas.aws_iam_role_policy_attachment.admin_register_lambda_exec",
            "module.admin_lambdas.aws_lambda_function.DeleteRegisteredComponent",
            "module.admin_lambdas.aws_lambda_function.GetRegisteredComponents",
            "module.admin_lambdas.aws_lambda_function.RegisterComponentLambda",
            "module.admin_lambdas.aws_lambda_permission.allow_cloudwatch_to_ping_delete_lambda",
            "module.admin_lambdas.aws_lambda_permission.allow_cloudwatch_to_ping_get_lambda",
            "module.admin_lambdas.aws_lambda_permission.allow_cloudwatch_to_ping_register_lambda",
            "module.auth.aws_cognito_identity_pool.seahorse_identity_pool",
            "module.auth.aws_cognito_identity_pool_roles_attachment.seahorse_identity_pool_roles",
            "module.auth.aws_cognito_identity_provider.identity_provider_sso",
            "module.auth.aws_cognito_user_pool.seahorse_user_pool",
            "module.auth.aws_cognito_user_pool_client.seahorse_web_client",
            "module.auth.aws_cognito_user_pool_domain.domain",
            "module.auth.aws_iam_role.auth_web_iam_role",
            "module.auth.aws_iam_role.unauth_web_iam_role",
            "module.auth.aws_iam_role_policy.web_iam_unauth_role_policy",
            "module.web_admin_api.aws_api_gateway_rest_api.admin_api"
          ]
        }
      ]
    },
    {
      "module": "module.web_admin_api",
      "mode": "managed",
      "type": "aws_api_gateway_rest_api",
      "name": "admin_api",
      "provider": "provider[\"registry.terraform.io/hashicorp/aws\"]",
      "instances": [
        {
          "schema_version": 0,
          "attributes": {
            "api_key_source": "HEADER",
            "arn": "arn:aws:apigateway:us-east-1::/restapis/a017dul42g",
            "binary_media_types": [],
            "body": null,
            "created_date": "2021-04-04T22:46:24Z",
            "description": "",
            "endpoint_configuration": [
              {
                "types": [
                  "REGIONAL"
                ],
                "vpc_endpoint_ids": []
              }
            ],
            "execution_arn": "arn:aws:execute-api:us-east-1:073724527903:a017dul42g",
            "id": "a017dul42g",
            "minimum_compression_size": -1,
            "name": "seahorse-admin-api",
            "policy": "{\"Version\":\"2012-10-17\",\"Statement\":[{\"Effect\":\"Allow\",\"Principal\":\"*\",\"Action\":\"execute-api:Invoke\",\"Resource\":\"arn:aws:execute-api:us-east-1:073724527903:a017dul42g/*/*/*\"},{\"Effect\":\"Deny\",\"Principal\":\"*\",\"Action\":\"execute-api:Invoke\",\"Resource\":\"arn:aws:execute-api:us-east-1:073724527903:a017dul42g/*/*/*\",\"Condition\":{\"NotIpAddress\":{\"aws:SourceIp\":[\"208.89.236.196/32\",\"74.204.251.4/32\",\"74.204.251.5/32\",\"159.18.234.5/32\",\"159.18.234.12/32\",\"208.89.239.4/32\",\"208.89.239.5/32\",\"63.106.110.9/32\",\"63.106.110.14/32\",\"185.84.23.5/32\",\"165.225.39.0/23\",\"165.225.38.0/23\",\"165.225.220.0/23\",\"147.161.166.0/23\"]}}}]}",
            "root_resource_id": "drjd41qtmh",
            "tags": {}
          },
          "private": "bnVsbA==",
          "dependencies": [
            "module.acm.aws_acm_certificate.web_cert",
            "module.admin_lambdas.aws_cloudwatch_event_rule.one_minute_ping",
            "module.admin_lambdas.aws_cloudwatch_event_target.ping_delete_lambda_every_one_minute",
            "module.admin_lambdas.aws_cloudwatch_event_target.ping_get_lambda_every_one_minute",
            "module.admin_lambdas.aws_cloudwatch_event_target.ping_register_lambda_every_one_minute",
            "module.admin_lambdas.aws_iam_policy.seahorse_admin_lambdas_exec_policy",
            "module.admin_lambdas.aws_iam_policy.seahorse_delete_lambdas_exec_policy",
            "module.admin_lambdas.aws_iam_policy.seahorse_get_lambdas_exec_policy",
            "module.admin_lambdas.aws_iam_role.seahorse_iam_role_for_lambdas",
            "module.admin_lambdas.aws_iam_role_policy_attachment.admin_delete_lambda_exec",
            "module.admin_lambdas.aws_iam_role_policy_attachment.admin_get_lambda_exec",
            "module.admin_lambdas.aws_iam_role_policy_attachment.admin_lambda_dynamodb",
            "module.admin_lambdas.aws_iam_role_policy_attachment.admin_register_lambda_exec",
            "module.admin_lambdas.aws_lambda_function.DeleteRegisteredComponent",
            "module.admin_lambdas.aws_lambda_function.GetRegisteredComponents",
            "module.admin_lambdas.aws_lambda_function.RegisterComponentLambda",
            "module.admin_lambdas.aws_lambda_permission.allow_cloudwatch_to_ping_delete_lambda",
            "module.admin_lambdas.aws_lambda_permission.allow_cloudwatch_to_ping_get_lambda",
            "module.admin_lambdas.aws_lambda_permission.allow_cloudwatch_to_ping_register_lambda",
            "module.auth.aws_cognito_identity_pool.seahorse_identity_pool",
            "module.auth.aws_cognito_identity_pool_roles_attachment.seahorse_identity_pool_roles",
            "module.auth.aws_cognito_identity_provider.identity_provider_sso",
            "module.auth.aws_cognito_user_pool.seahorse_user_pool",
            "module.auth.aws_cognito_user_pool_client.seahorse_web_client",
            "module.auth.aws_cognito_user_pool_domain.domain",
            "module.auth.aws_iam_role.auth_web_iam_role",
            "module.auth.aws_iam_role.unauth_web_iam_role",
            "module.auth.aws_iam_role_policy.web_iam_unauth_role_policy"
          ]
        }
      ]
    },
    {
      "module": "module.web_admin_api",
      "mode": "managed",
      "type": "aws_api_gateway_rest_api_policy",
      "name": "admin_api_policy",
      "provider": "provider[\"registry.terraform.io/hashicorp/aws\"]",
      "instances": [
        {
          "schema_version": 0,
          "attributes": {
            "id": "a017dul42g",
            "policy": "{\"Version\":\"2012-10-17\",\"Statement\":[{\"Effect\":\"Allow\",\"Principal\":\"*\",\"Action\":\"execute-api:Invoke\",\"Resource\":\"arn:aws:execute-api:us-east-1:073724527903:a017dul42g/*/*/*\"},{\"Effect\":\"Deny\",\"Principal\":\"*\",\"Action\":\"execute-api:Invoke\",\"Resource\":\"arn:aws:execute-api:us-east-1:073724527903:a017dul42g/*/*/*\",\"Condition\":{\"NotIpAddress\":{\"aws:SourceIp\":[\"208.89.236.196/32\",\"74.204.251.4/32\",\"74.204.251.5/32\",\"159.18.234.5/32\",\"159.18.234.12/32\",\"208.89.239.4/32\",\"208.89.239.5/32\",\"63.106.110.9/32\",\"63.106.110.14/32\",\"185.84.23.5/32\",\"165.225.39.0/23\",\"165.225.38.0/23\",\"165.225.220.0/23\",\"147.161.166.0/23\"]}}}]}",
            "rest_api_id": "a017dul42g"
          },
          "private": "bnVsbA==",
          "dependencies": [
            "module.acm.aws_acm_certificate.web_cert",
            "module.admin_lambdas.aws_cloudwatch_event_rule.one_minute_ping",
            "module.admin_lambdas.aws_cloudwatch_event_target.ping_delete_lambda_every_one_minute",
            "module.admin_lambdas.aws_cloudwatch_event_target.ping_get_lambda_every_one_minute",
            "module.admin_lambdas.aws_cloudwatch_event_target.ping_register_lambda_every_one_minute",
            "module.admin_lambdas.aws_iam_policy.seahorse_admin_lambdas_exec_policy",
            "module.admin_lambdas.aws_iam_policy.seahorse_delete_lambdas_exec_policy",
            "module.admin_lambdas.aws_iam_policy.seahorse_get_lambdas_exec_policy",
            "module.admin_lambdas.aws_iam_role.seahorse_iam_role_for_lambdas",
            "module.admin_lambdas.aws_iam_role_policy_attachment.admin_delete_lambda_exec",
            "module.admin_lambdas.aws_iam_role_policy_attachment.admin_get_lambda_exec",
            "module.admin_lambdas.aws_iam_role_policy_attachment.admin_lambda_dynamodb",
            "module.admin_lambdas.aws_iam_role_policy_attachment.admin_register_lambda_exec",
            "module.admin_lambdas.aws_lambda_function.DeleteRegisteredComponent",
            "module.admin_lambdas.aws_lambda_function.GetRegisteredComponents",
            "module.admin_lambdas.aws_lambda_function.RegisterComponentLambda",
            "module.admin_lambdas.aws_lambda_permission.allow_cloudwatch_to_ping_delete_lambda",
            "module.admin_lambdas.aws_lambda_permission.allow_cloudwatch_to_ping_get_lambda",
            "module.admin_lambdas.aws_lambda_permission.allow_cloudwatch_to_ping_register_lambda",
            "module.auth.aws_cognito_identity_pool.seahorse_identity_pool",
            "module.auth.aws_cognito_identity_pool_roles_attachment.seahorse_identity_pool_roles",
            "module.auth.aws_cognito_identity_provider.identity_provider_sso",
            "module.auth.aws_cognito_user_pool.seahorse_user_pool",
            "module.auth.aws_cognito_user_pool_client.seahorse_web_client",
            "module.auth.aws_cognito_user_pool_domain.domain",
            "module.auth.aws_iam_role.auth_web_iam_role",
            "module.auth.aws_iam_role.unauth_web_iam_role",
            "module.auth.aws_iam_role_policy.web_iam_unauth_role_policy",
            "module.web_admin_api.aws_api_gateway_rest_api.admin_api"
          ]
        }
      ]
    },
    {
      "module": "module.web_admin_api",
      "mode": "managed",
      "type": "aws_lambda_permission",
      "name": "admin-delete-lambda-permission",
      "provider": "provider[\"registry.terraform.io/hashicorp/aws\"]",
      "instances": [
        {
          "schema_version": 0,
          "attributes": {
            "action": "lambda:InvokeFunction",
            "event_source_token": null,
            "function_name": "DeleteRegisteredComponent",
            "id": "AllowAPIGatewayInvokeGet",
            "principal": "apigateway.amazonaws.com",
            "qualifier": "",
            "source_account": null,
            "source_arn": "arn:aws:execute-api:us-east-1:073724527903:a017dul42g/*/*/*",
            "statement_id": "AllowAPIGatewayInvokeGet",
            "statement_id_prefix": null
          },
          "private": "bnVsbA==",
          "dependencies": [
            "module.acm.aws_acm_certificate.web_cert",
            "module.admin_lambdas.aws_cloudwatch_event_rule.one_minute_ping",
            "module.admin_lambdas.aws_cloudwatch_event_target.ping_delete_lambda_every_one_minute",
            "module.admin_lambdas.aws_cloudwatch_event_target.ping_get_lambda_every_one_minute",
            "module.admin_lambdas.aws_cloudwatch_event_target.ping_register_lambda_every_one_minute",
            "module.admin_lambdas.aws_iam_policy.seahorse_admin_lambdas_exec_policy",
            "module.admin_lambdas.aws_iam_policy.seahorse_delete_lambdas_exec_policy",
            "module.admin_lambdas.aws_iam_policy.seahorse_get_lambdas_exec_policy",
            "module.admin_lambdas.aws_iam_role.seahorse_iam_role_for_lambdas",
            "module.admin_lambdas.aws_iam_role_policy_attachment.admin_delete_lambda_exec",
            "module.admin_lambdas.aws_iam_role_policy_attachment.admin_get_lambda_exec",
            "module.admin_lambdas.aws_iam_role_policy_attachment.admin_lambda_dynamodb",
            "module.admin_lambdas.aws_iam_role_policy_attachment.admin_register_lambda_exec",
            "module.admin_lambdas.aws_lambda_function.DeleteRegisteredComponent",
            "module.admin_lambdas.aws_lambda_function.GetRegisteredComponents",
            "module.admin_lambdas.aws_lambda_function.RegisterComponentLambda",
            "module.admin_lambdas.aws_lambda_permission.allow_cloudwatch_to_ping_delete_lambda",
            "module.admin_lambdas.aws_lambda_permission.allow_cloudwatch_to_ping_get_lambda",
            "module.admin_lambdas.aws_lambda_permission.allow_cloudwatch_to_ping_register_lambda",
            "module.auth.aws_cognito_identity_pool.seahorse_identity_pool",
            "module.auth.aws_cognito_identity_pool_roles_attachment.seahorse_identity_pool_roles",
            "module.auth.aws_cognito_identity_provider.identity_provider_sso",
            "module.auth.aws_cognito_user_pool.seahorse_user_pool",
            "module.auth.aws_cognito_user_pool_client.seahorse_web_client",
            "module.auth.aws_cognito_user_pool_domain.domain",
            "module.auth.aws_iam_role.auth_web_iam_role",
            "module.auth.aws_iam_role.unauth_web_iam_role",
            "module.auth.aws_iam_role_policy.web_iam_unauth_role_policy",
            "module.web_admin_api.aws_api_gateway_deployment.admin_api_deployment",
            "module.web_admin_api.aws_api_gateway_integration.admin_api_get_method_integration",
            "module.web_admin_api.aws_api_gateway_integration.admin_api_register_method_integration",
            "module.web_admin_api.aws_api_gateway_integration.mock_options_integration",
            "module.web_admin_api.aws_api_gateway_integration_response.admin_api_get_integration_response",
            "module.web_admin_api.aws_api_gateway_integration_response.admin_api_register_integration_response",
            "module.web_admin_api.aws_api_gateway_integration_response.mock_options_integration_response",
            "module.web_admin_api.aws_api_gateway_method.admin_api_get_method",
            "module.web_admin_api.aws_api_gateway_method.admin_api_register_method",
            "module.web_admin_api.aws_api_gateway_method.mock_options_method",
            "module.web_admin_api.aws_api_gateway_method_response.admin_api_get_method_response",
            "module.web_admin_api.aws_api_gateway_method_response.admin_api_register_method_response",
            "module.web_admin_api.aws_api_gateway_method_response.mock_options_response",
            "module.web_admin_api.aws_api_gateway_resource.admin_api_resource",
            "module.web_admin_api.aws_api_gateway_rest_api.admin_api"
          ]
        }
      ]
    },
    {
      "module": "module.web_admin_api",
      "mode": "managed",
      "type": "aws_lambda_permission",
      "name": "admin-get-lambda-permission",
      "provider": "provider[\"registry.terraform.io/hashicorp/aws\"]",
      "instances": [
        {
          "schema_version": 0,
          "attributes": {
            "action": "lambda:InvokeFunction",
            "event_source_token": null,
            "function_name": "GetRegisteredComponents",
            "id": "AllowAPIGatewayInvokeGet",
            "principal": "apigateway.amazonaws.com",
            "qualifier": "",
            "source_account": null,
            "source_arn": "arn:aws:execute-api:us-east-1:073724527903:a017dul42g/*/*/*",
            "statement_id": "AllowAPIGatewayInvokeGet",
            "statement_id_prefix": null
          },
          "private": "bnVsbA==",
          "dependencies": [
            "module.acm.aws_acm_certificate.web_cert",
            "module.admin_lambdas.aws_cloudwatch_event_rule.one_minute_ping",
            "module.admin_lambdas.aws_cloudwatch_event_target.ping_delete_lambda_every_one_minute",
            "module.admin_lambdas.aws_cloudwatch_event_target.ping_get_lambda_every_one_minute",
            "module.admin_lambdas.aws_cloudwatch_event_target.ping_register_lambda_every_one_minute",
            "module.admin_lambdas.aws_iam_policy.seahorse_admin_lambdas_exec_policy",
            "module.admin_lambdas.aws_iam_policy.seahorse_delete_lambdas_exec_policy",
            "module.admin_lambdas.aws_iam_policy.seahorse_get_lambdas_exec_policy",
            "module.admin_lambdas.aws_iam_role.seahorse_iam_role_for_lambdas",
            "module.admin_lambdas.aws_iam_role_policy_attachment.admin_delete_lambda_exec",
            "module.admin_lambdas.aws_iam_role_policy_attachment.admin_get_lambda_exec",
            "module.admin_lambdas.aws_iam_role_policy_attachment.admin_lambda_dynamodb",
            "module.admin_lambdas.aws_iam_role_policy_attachment.admin_register_lambda_exec",
            "module.admin_lambdas.aws_lambda_function.DeleteRegisteredComponent",
            "module.admin_lambdas.aws_lambda_function.GetRegisteredComponents",
            "module.admin_lambdas.aws_lambda_function.RegisterComponentLambda",
            "module.admin_lambdas.aws_lambda_permission.allow_cloudwatch_to_ping_delete_lambda",
            "module.admin_lambdas.aws_lambda_permission.allow_cloudwatch_to_ping_get_lambda",
            "module.admin_lambdas.aws_lambda_permission.allow_cloudwatch_to_ping_register_lambda",
            "module.auth.aws_cognito_identity_pool.seahorse_identity_pool",
            "module.auth.aws_cognito_identity_pool_roles_attachment.seahorse_identity_pool_roles",
            "module.auth.aws_cognito_identity_provider.identity_provider_sso",
            "module.auth.aws_cognito_user_pool.seahorse_user_pool",
            "module.auth.aws_cognito_user_pool_client.seahorse_web_client",
            "module.auth.aws_cognito_user_pool_domain.domain",
            "module.auth.aws_iam_role.auth_web_iam_role",
            "module.auth.aws_iam_role.unauth_web_iam_role",
            "module.auth.aws_iam_role_policy.web_iam_unauth_role_policy",
            "module.web_admin_api.aws_api_gateway_deployment.admin_api_deployment",
            "module.web_admin_api.aws_api_gateway_integration.admin_api_get_method_integration",
            "module.web_admin_api.aws_api_gateway_integration.admin_api_register_method_integration",
            "module.web_admin_api.aws_api_gateway_integration.mock_options_integration",
            "module.web_admin_api.aws_api_gateway_integration_response.admin_api_get_integration_response",
            "module.web_admin_api.aws_api_gateway_integration_response.admin_api_register_integration_response",
            "module.web_admin_api.aws_api_gateway_integration_response.mock_options_integration_response",
            "module.web_admin_api.aws_api_gateway_method.admin_api_get_method",
            "module.web_admin_api.aws_api_gateway_method.admin_api_register_method",
            "module.web_admin_api.aws_api_gateway_method.mock_options_method",
            "module.web_admin_api.aws_api_gateway_method_response.admin_api_get_method_response",
            "module.web_admin_api.aws_api_gateway_method_response.admin_api_register_method_response",
            "module.web_admin_api.aws_api_gateway_method_response.mock_options_response",
            "module.web_admin_api.aws_api_gateway_resource.admin_api_resource",
            "module.web_admin_api.aws_api_gateway_rest_api.admin_api"
          ]
        }
      ]
    },
    {
      "module": "module.web_admin_api",
      "mode": "managed",
      "type": "aws_lambda_permission",
      "name": "admin-register-lambda-permission",
      "provider": "provider[\"registry.terraform.io/hashicorp/aws\"]",
      "instances": [
        {
          "schema_version": 0,
          "attributes": {
            "action": "lambda:InvokeFunction",
            "event_source_token": null,
            "function_name": "RegisterComponentLambda",
            "id": "AllowAPIGatewayInvokePost",
            "principal": "apigateway.amazonaws.com",
            "qualifier": "",
            "source_account": null,
            "source_arn": "arn:aws:execute-api:us-east-1:073724527903:a017dul42g/*/*/*",
            "statement_id": "AllowAPIGatewayInvokePost",
            "statement_id_prefix": null
          },
          "private": "bnVsbA==",
          "dependencies": [
            "module.acm.aws_acm_certificate.web_cert",
            "module.admin_lambdas.aws_cloudwatch_event_rule.one_minute_ping",
            "module.admin_lambdas.aws_cloudwatch_event_target.ping_delete_lambda_every_one_minute",
            "module.admin_lambdas.aws_cloudwatch_event_target.ping_get_lambda_every_one_minute",
            "module.admin_lambdas.aws_cloudwatch_event_target.ping_register_lambda_every_one_minute",
            "module.admin_lambdas.aws_iam_policy.seahorse_admin_lambdas_exec_policy",
            "module.admin_lambdas.aws_iam_policy.seahorse_delete_lambdas_exec_policy",
            "module.admin_lambdas.aws_iam_policy.seahorse_get_lambdas_exec_policy",
            "module.admin_lambdas.aws_iam_role.seahorse_iam_role_for_lambdas",
            "module.admin_lambdas.aws_iam_role_policy_attachment.admin_delete_lambda_exec",
            "module.admin_lambdas.aws_iam_role_policy_attachment.admin_get_lambda_exec",
            "module.admin_lambdas.aws_iam_role_policy_attachment.admin_lambda_dynamodb",
            "module.admin_lambdas.aws_iam_role_policy_attachment.admin_register_lambda_exec",
            "module.admin_lambdas.aws_lambda_function.DeleteRegisteredComponent",
            "module.admin_lambdas.aws_lambda_function.GetRegisteredComponents",
            "module.admin_lambdas.aws_lambda_function.RegisterComponentLambda",
            "module.admin_lambdas.aws_lambda_permission.allow_cloudwatch_to_ping_delete_lambda",
            "module.admin_lambdas.aws_lambda_permission.allow_cloudwatch_to_ping_get_lambda",
            "module.admin_lambdas.aws_lambda_permission.allow_cloudwatch_to_ping_register_lambda",
            "module.auth.aws_cognito_identity_pool.seahorse_identity_pool",
            "module.auth.aws_cognito_identity_pool_roles_attachment.seahorse_identity_pool_roles",
            "module.auth.aws_cognito_identity_provider.identity_provider_sso",
            "module.auth.aws_cognito_user_pool.seahorse_user_pool",
            "module.auth.aws_cognito_user_pool_client.seahorse_web_client",
            "module.auth.aws_cognito_user_pool_domain.domain",
            "module.auth.aws_iam_role.auth_web_iam_role",
            "module.auth.aws_iam_role.unauth_web_iam_role",
            "module.auth.aws_iam_role_policy.web_iam_unauth_role_policy",
            "module.web_admin_api.aws_api_gateway_deployment.admin_api_deployment",
            "module.web_admin_api.aws_api_gateway_integration.admin_api_get_method_integration",
            "module.web_admin_api.aws_api_gateway_integration.admin_api_register_method_integration",
            "module.web_admin_api.aws_api_gateway_integration.mock_options_integration",
            "module.web_admin_api.aws_api_gateway_integration_response.admin_api_get_integration_response",
            "module.web_admin_api.aws_api_gateway_integration_response.admin_api_register_integration_response",
            "module.web_admin_api.aws_api_gateway_integration_response.mock_options_integration_response",
            "module.web_admin_api.aws_api_gateway_method.admin_api_get_method",
            "module.web_admin_api.aws_api_gateway_method.admin_api_register_method",
            "module.web_admin_api.aws_api_gateway_method.mock_options_method",
            "module.web_admin_api.aws_api_gateway_method_response.admin_api_get_method_response",
            "module.web_admin_api.aws_api_gateway_method_response.admin_api_register_method_response",
            "module.web_admin_api.aws_api_gateway_method_response.mock_options_response",
            "module.web_admin_api.aws_api_gateway_resource.admin_api_resource",
            "module.web_admin_api.aws_api_gateway_rest_api.admin_api"
          ]
        }
      ]
    },
    {
      "module": "module.web_backend_api_with_fresh_auth_setup",
      "mode": "managed",
      "type": "aws_api_gateway_authorizer",
      "name": "web_authorizer",
      "provider": "provider[\"registry.terraform.io/hashicorp/aws\"]",
      "instances": [
        {
          "schema_version": 0,
          "attributes": {
            "authorizer_credentials": "",
            "authorizer_result_ttl_in_seconds": 300,
            "authorizer_uri": "",
            "id": "hr3ghk",
            "identity_source": "method.request.header.Authorization",
            "identity_validation_expression": "",
            "name": "Seahorse-Authorizer",
            "provider_arns": [
              "arn:aws:cognito-idp:us-east-1:073724527903:userpool/us-east-1_02OHodA2S"
            ],
            "rest_api_id": "nnc6w2s8gi",
            "type": "COGNITO_USER_POOLS"
          },
          "private": "bnVsbA==",
          "dependencies": [
            "module.acm.aws_acm_certificate.web_cert",
            "module.admin_lambdas.aws_cloudwatch_event_rule.one_minute_ping",
            "module.admin_lambdas.aws_cloudwatch_event_target.ping_delete_lambda_every_one_minute",
            "module.admin_lambdas.aws_cloudwatch_event_target.ping_get_lambda_every_one_minute",
            "module.admin_lambdas.aws_cloudwatch_event_target.ping_register_lambda_every_one_minute",
            "module.admin_lambdas.aws_iam_policy.seahorse_admin_lambdas_exec_policy",
            "module.admin_lambdas.aws_iam_policy.seahorse_delete_lambdas_exec_policy",
            "module.admin_lambdas.aws_iam_policy.seahorse_get_lambdas_exec_policy",
            "module.admin_lambdas.aws_iam_role.seahorse_iam_role_for_lambdas",
            "module.admin_lambdas.aws_iam_role_policy_attachment.admin_delete_lambda_exec",
            "module.admin_lambdas.aws_iam_role_policy_attachment.admin_get_lambda_exec",
            "module.admin_lambdas.aws_iam_role_policy_attachment.admin_lambda_dynamodb",
            "module.admin_lambdas.aws_iam_role_policy_attachment.admin_register_lambda_exec",
            "module.admin_lambdas.aws_lambda_function.DeleteRegisteredComponent",
            "module.admin_lambdas.aws_lambda_function.GetRegisteredComponents",
            "module.admin_lambdas.aws_lambda_function.RegisterComponentLambda",
            "module.admin_lambdas.aws_lambda_permission.allow_cloudwatch_to_ping_delete_lambda",
            "module.admin_lambdas.aws_lambda_permission.allow_cloudwatch_to_ping_get_lambda",
            "module.admin_lambdas.aws_lambda_permission.allow_cloudwatch_to_ping_register_lambda",
            "module.auth.aws_cognito_identity_pool.seahorse_identity_pool",
            "module.auth.aws_cognito_identity_pool_roles_attachment.seahorse_identity_pool_roles",
            "module.auth.aws_cognito_identity_provider.identity_provider_sso",
            "module.auth.aws_cognito_user_pool.seahorse_user_pool",
            "module.auth.aws_cognito_user_pool_client.seahorse_web_client",
            "module.auth.aws_cognito_user_pool_domain.domain",
            "module.auth.aws_iam_role.auth_web_iam_role",
            "module.auth.aws_iam_role.unauth_web_iam_role",
            "module.auth.aws_iam_role_policy.web_iam_unauth_role_policy",
            "module.web_backend_api_with_fresh_auth_setup.aws_api_gateway_rest_api.web_backend_api"
          ]
        }
      ]
    },
    {
      "module": "module.web_backend_api_with_fresh_auth_setup",
      "mode": "managed",
      "type": "aws_api_gateway_base_path_mapping",
      "name": "web_api_path_mapping",
      "provider": "provider[\"registry.terraform.io/hashicorp/aws\"]",
      "instances": [
        {
          "schema_version": 0,
          "attributes": {
            "api_id": "nnc6w2s8gi",
            "base_path": "",
            "domain_name": "webapi.seahorse-dev3.globallink.com",
            "id": "webapi.seahorse-dev3.globallink.com/",
            "stage_name": "dev3"
          },
          "private": "bnVsbA==",
          "dependencies": [
            "module.acm.aws_acm_certificate.web_cert",
            "module.admin_lambdas.aws_cloudwatch_event_rule.one_minute_ping",
            "module.admin_lambdas.aws_cloudwatch_event_target.ping_delete_lambda_every_one_minute",
            "module.admin_lambdas.aws_cloudwatch_event_target.ping_get_lambda_every_one_minute",
            "module.admin_lambdas.aws_cloudwatch_event_target.ping_register_lambda_every_one_minute",
            "module.admin_lambdas.aws_iam_policy.seahorse_admin_lambdas_exec_policy",
            "module.admin_lambdas.aws_iam_policy.seahorse_delete_lambdas_exec_policy",
            "module.admin_lambdas.aws_iam_policy.seahorse_get_lambdas_exec_policy",
            "module.admin_lambdas.aws_iam_role.seahorse_iam_role_for_lambdas",
            "module.admin_lambdas.aws_iam_role_policy_attachment.admin_delete_lambda_exec",
            "module.admin_lambdas.aws_iam_role_policy_attachment.admin_get_lambda_exec",
            "module.admin_lambdas.aws_iam_role_policy_attachment.admin_lambda_dynamodb",
            "module.admin_lambdas.aws_iam_role_policy_attachment.admin_register_lambda_exec",
            "module.admin_lambdas.aws_lambda_function.DeleteRegisteredComponent",
            "module.admin_lambdas.aws_lambda_function.GetRegisteredComponents",
            "module.admin_lambdas.aws_lambda_function.RegisterComponentLambda",
            "module.admin_lambdas.aws_lambda_permission.allow_cloudwatch_to_ping_delete_lambda",
            "module.admin_lambdas.aws_lambda_permission.allow_cloudwatch_to_ping_get_lambda",
            "module.admin_lambdas.aws_lambda_permission.allow_cloudwatch_to_ping_register_lambda",
            "module.auth.aws_cognito_identity_pool.seahorse_identity_pool",
            "module.auth.aws_cognito_identity_pool_roles_attachment.seahorse_identity_pool_roles",
            "module.auth.aws_cognito_identity_provider.identity_provider_sso",
            "module.auth.aws_cognito_user_pool.seahorse_user_pool",
            "module.auth.aws_cognito_user_pool_client.seahorse_web_client",
            "module.auth.aws_cognito_user_pool_domain.domain",
            "module.auth.aws_iam_role.auth_web_iam_role",
            "module.auth.aws_iam_role.unauth_web_iam_role",
            "module.auth.aws_iam_role_policy.web_iam_unauth_role_policy",
            "module.web_backend_api_with_fresh_auth_setup.aws_api_gateway_authorizer.web_authorizer",
            "module.web_backend_api_with_fresh_auth_setup.aws_api_gateway_deployment.web_backend_api_deployment",
            "module.web_backend_api_with_fresh_auth_setup.aws_api_gateway_domain_name.web_api_domain_name",
            "module.web_backend_api_with_fresh_auth_setup.aws_api_gateway_integration.mock_options_integration",
            "module.web_backend_api_with_fresh_auth_setup.aws_api_gateway_integration.web_backend_api_get_method_integration",
            "module.web_backend_api_with_fresh_auth_setup.aws_api_gateway_integration_response.mock_options_integration_response",
            "module.web_backend_api_with_fresh_auth_setup.aws_api_gateway_integration_response.web_backend_api_get_integration_response",
            "module.web_backend_api_with_fresh_auth_setup.aws_api_gateway_method.mock_options_method",
            "module.web_backend_api_with_fresh_auth_setup.aws_api_gateway_method.web_backend_api_get_method",
            "module.web_backend_api_with_fresh_auth_setup.aws_api_gateway_method_response.mock_options_response",
            "module.web_backend_api_with_fresh_auth_setup.aws_api_gateway_method_response.web_backend_api_get_method_response",
            "module.web_backend_api_with_fresh_auth_setup.aws_api_gateway_resource.web_backend_api_resource",
            "module.web_backend_api_with_fresh_auth_setup.aws_api_gateway_rest_api.web_backend_api"
          ]
        }
      ]
    },
    {
      "module": "module.web_backend_api_with_fresh_auth_setup",
      "mode": "managed",
      "type": "aws_api_gateway_deployment",
      "name": "web_backend_api_deployment",
      "provider": "provider[\"registry.terraform.io/hashicorp/aws\"]",
      "instances": [
        {
          "schema_version": 0,
          "attributes": {
            "created_date": "2021-04-04T22:46:42Z",
            "description": "",
            "execution_arn": "arn:aws:execute-api:us-east-1:073724527903:nnc6w2s8gi/dev3",
            "id": "vc0djg",
            "invoke_url": "https://nnc6w2s8gi.execute-api.us-east-1.amazonaws.com/dev3",
            "rest_api_id": "nnc6w2s8gi",
            "stage_description": null,
            "stage_name": "dev3",
            "triggers": null,
            "variables": null
          },
          "private": "bnVsbA==",
          "dependencies": [
            "module.acm.aws_acm_certificate.web_cert",
            "module.admin_lambdas.aws_cloudwatch_event_rule.one_minute_ping",
            "module.admin_lambdas.aws_cloudwatch_event_target.ping_delete_lambda_every_one_minute",
            "module.admin_lambdas.aws_cloudwatch_event_target.ping_get_lambda_every_one_minute",
            "module.admin_lambdas.aws_cloudwatch_event_target.ping_register_lambda_every_one_minute",
            "module.admin_lambdas.aws_iam_policy.seahorse_admin_lambdas_exec_policy",
            "module.admin_lambdas.aws_iam_policy.seahorse_delete_lambdas_exec_policy",
            "module.admin_lambdas.aws_iam_policy.seahorse_get_lambdas_exec_policy",
            "module.admin_lambdas.aws_iam_role.seahorse_iam_role_for_lambdas",
            "module.admin_lambdas.aws_iam_role_policy_attachment.admin_delete_lambda_exec",
            "module.admin_lambdas.aws_iam_role_policy_attachment.admin_get_lambda_exec",
            "module.admin_lambdas.aws_iam_role_policy_attachment.admin_lambda_dynamodb",
            "module.admin_lambdas.aws_iam_role_policy_attachment.admin_register_lambda_exec",
            "module.admin_lambdas.aws_lambda_function.DeleteRegisteredComponent",
            "module.admin_lambdas.aws_lambda_function.GetRegisteredComponents",
            "module.admin_lambdas.aws_lambda_function.RegisterComponentLambda",
            "module.admin_lambdas.aws_lambda_permission.allow_cloudwatch_to_ping_delete_lambda",
            "module.admin_lambdas.aws_lambda_permission.allow_cloudwatch_to_ping_get_lambda",
            "module.admin_lambdas.aws_lambda_permission.allow_cloudwatch_to_ping_register_lambda",
            "module.auth.aws_cognito_identity_pool.seahorse_identity_pool",
            "module.auth.aws_cognito_identity_pool_roles_attachment.seahorse_identity_pool_roles",
            "module.auth.aws_cognito_identity_provider.identity_provider_sso",
            "module.auth.aws_cognito_user_pool.seahorse_user_pool",
            "module.auth.aws_cognito_user_pool_client.seahorse_web_client",
            "module.auth.aws_cognito_user_pool_domain.domain",
            "module.auth.aws_iam_role.auth_web_iam_role",
            "module.auth.aws_iam_role.unauth_web_iam_role",
            "module.auth.aws_iam_role_policy.web_iam_unauth_role_policy",
            "module.web_backend_api_with_fresh_auth_setup.aws_api_gateway_authorizer.web_authorizer",
            "module.web_backend_api_with_fresh_auth_setup.aws_api_gateway_integration.mock_options_integration",
            "module.web_backend_api_with_fresh_auth_setup.aws_api_gateway_integration.web_backend_api_get_method_integration",
            "module.web_backend_api_with_fresh_auth_setup.aws_api_gateway_integration_response.mock_options_integration_response",
            "module.web_backend_api_with_fresh_auth_setup.aws_api_gateway_integration_response.web_backend_api_get_integration_response",
            "module.web_backend_api_with_fresh_auth_setup.aws_api_gateway_method.mock_options_method",
            "module.web_backend_api_with_fresh_auth_setup.aws_api_gateway_method.web_backend_api_get_method",
            "module.web_backend_api_with_fresh_auth_setup.aws_api_gateway_method_response.mock_options_response",
            "module.web_backend_api_with_fresh_auth_setup.aws_api_gateway_method_response.web_backend_api_get_method_response",
            "module.web_backend_api_with_fresh_auth_setup.aws_api_gateway_resource.web_backend_api_resource",
            "module.web_backend_api_with_fresh_auth_setup.aws_api_gateway_rest_api.web_backend_api"
          ]
        }
      ]
    },
    {
      "module": "module.web_backend_api_with_fresh_auth_setup",
      "mode": "managed",
      "type": "aws_api_gateway_domain_name",
      "name": "web_api_domain_name",
      "provider": "provider[\"registry.terraform.io/hashicorp/aws\"]",
      "instances": [
        {
          "schema_version": 0,
          "attributes": {
            "arn": "arn:aws:apigateway:us-east-1::/domainnames/webapi.seahorse-dev3.globallink.com",
            "certificate_arn": "arn:aws:acm:us-east-1:073724527903:certificate/dc18ba4a-0f70-4033-9c0d-9d7255a16b90",
            "certificate_body": null,
            "certificate_chain": null,
            "certificate_name": "",
            "certificate_private_key": null,
            "certificate_upload_date": "2021-04-04T22:47:09Z",
            "cloudfront_domain_name": "d3s7j21i59v09c.cloudfront.net",
            "cloudfront_zone_id": "Z2FDTNDATAQYW2",
            "domain_name": "webapi.seahorse-dev3.globallink.com",
            "endpoint_configuration": [
              {
                "types": [
                  "EDGE"
                ]
              }
            ],
            "id": "webapi.seahorse-dev3.globallink.com",
            "regional_certificate_arn": "",
            "regional_certificate_name": "",
            "regional_domain_name": "",
            "regional_zone_id": "",
            "security_policy": "TLS_1_0",
            "tags": {}
          },
          "private": "bnVsbA==",
          "dependencies": [
            "module.acm.aws_acm_certificate.web_cert",
            "module.admin_lambdas.aws_cloudwatch_event_rule.one_minute_ping",
            "module.admin_lambdas.aws_cloudwatch_event_target.ping_delete_lambda_every_one_minute",
            "module.admin_lambdas.aws_cloudwatch_event_target.ping_get_lambda_every_one_minute",
            "module.admin_lambdas.aws_cloudwatch_event_target.ping_register_lambda_every_one_minute",
            "module.admin_lambdas.aws_iam_policy.seahorse_admin_lambdas_exec_policy",
            "module.admin_lambdas.aws_iam_policy.seahorse_delete_lambdas_exec_policy",
            "module.admin_lambdas.aws_iam_policy.seahorse_get_lambdas_exec_policy",
            "module.admin_lambdas.aws_iam_role.seahorse_iam_role_for_lambdas",
            "module.admin_lambdas.aws_iam_role_policy_attachment.admin_delete_lambda_exec",
            "module.admin_lambdas.aws_iam_role_policy_attachment.admin_get_lambda_exec",
            "module.admin_lambdas.aws_iam_role_policy_attachment.admin_lambda_dynamodb",
            "module.admin_lambdas.aws_iam_role_policy_attachment.admin_register_lambda_exec",
            "module.admin_lambdas.aws_lambda_function.DeleteRegisteredComponent",
            "module.admin_lambdas.aws_lambda_function.GetRegisteredComponents",
            "module.admin_lambdas.aws_lambda_function.RegisterComponentLambda",
            "module.admin_lambdas.aws_lambda_permission.allow_cloudwatch_to_ping_delete_lambda",
            "module.admin_lambdas.aws_lambda_permission.allow_cloudwatch_to_ping_get_lambda",
            "module.admin_lambdas.aws_lambda_permission.allow_cloudwatch_to_ping_register_lambda",
            "module.auth.aws_cognito_identity_pool.seahorse_identity_pool",
            "module.auth.aws_cognito_identity_pool_roles_attachment.seahorse_identity_pool_roles",
            "module.auth.aws_cognito_identity_provider.identity_provider_sso",
            "module.auth.aws_cognito_user_pool.seahorse_user_pool",
            "module.auth.aws_cognito_user_pool_client.seahorse_web_client",
            "module.auth.aws_cognito_user_pool_domain.domain",
            "module.auth.aws_iam_role.auth_web_iam_role",
            "module.auth.aws_iam_role.unauth_web_iam_role",
            "module.auth.aws_iam_role_policy.web_iam_unauth_role_policy",
            "module.web_backend_api_with_fresh_auth_setup.aws_api_gateway_authorizer.web_authorizer",
            "module.web_backend_api_with_fresh_auth_setup.aws_api_gateway_deployment.web_backend_api_deployment",
            "module.web_backend_api_with_fresh_auth_setup.aws_api_gateway_integration.mock_options_integration",
            "module.web_backend_api_with_fresh_auth_setup.aws_api_gateway_integration.web_backend_api_get_method_integration",
            "module.web_backend_api_with_fresh_auth_setup.aws_api_gateway_integration_response.mock_options_integration_response",
            "module.web_backend_api_with_fresh_auth_setup.aws_api_gateway_integration_response.web_backend_api_get_integration_response",
            "module.web_backend_api_with_fresh_auth_setup.aws_api_gateway_method.mock_options_method",
            "module.web_backend_api_with_fresh_auth_setup.aws_api_gateway_method.web_backend_api_get_method",
            "module.web_backend_api_with_fresh_auth_setup.aws_api_gateway_method_response.mock_options_response",
            "module.web_backend_api_with_fresh_auth_setup.aws_api_gateway_method_response.web_backend_api_get_method_response",
            "module.web_backend_api_with_fresh_auth_setup.aws_api_gateway_resource.web_backend_api_resource",
            "module.web_backend_api_with_fresh_auth_setup.aws_api_gateway_rest_api.web_backend_api"
          ]
        }
      ]
    },
    {
      "module": "module.web_backend_api_with_fresh_auth_setup",
      "mode": "managed",
      "type": "aws_api_gateway_integration",
      "name": "mock_options_integration",
      "provider": "provider[\"registry.terraform.io/hashicorp/aws\"]",
      "instances": [
        {
          "schema_version": 0,
          "attributes": {
            "cache_key_parameters": [],
            "cache_namespace": "st8xw2",
            "connection_id": "",
            "connection_type": "INTERNET",
            "content_handling": "",
            "credentials": "",
            "http_method": "OPTIONS",
            "id": "agi-nnc6w2s8gi-st8xw2-OPTIONS",
            "integration_http_method": "",
            "passthrough_behavior": "WHEN_NO_MATCH",
            "request_parameters": {},
            "request_templates": {
              "application/json": "{\n    \"statusCode\" : 200\n}"
            },
            "resource_id": "st8xw2",
            "rest_api_id": "nnc6w2s8gi",
            "timeout_milliseconds": 29000,
            "type": "MOCK",
            "uri": ""
          },
          "private": "bnVsbA==",
          "dependencies": [
            "module.acm.aws_acm_certificate.web_cert",
            "module.admin_lambdas.aws_cloudwatch_event_rule.one_minute_ping",
            "module.admin_lambdas.aws_cloudwatch_event_target.ping_delete_lambda_every_one_minute",
            "module.admin_lambdas.aws_cloudwatch_event_target.ping_get_lambda_every_one_minute",
            "module.admin_lambdas.aws_cloudwatch_event_target.ping_register_lambda_every_one_minute",
            "module.admin_lambdas.aws_iam_policy.seahorse_admin_lambdas_exec_policy",
            "module.admin_lambdas.aws_iam_policy.seahorse_delete_lambdas_exec_policy",
            "module.admin_lambdas.aws_iam_policy.seahorse_get_lambdas_exec_policy",
            "module.admin_lambdas.aws_iam_role.seahorse_iam_role_for_lambdas",
            "module.admin_lambdas.aws_iam_role_policy_attachment.admin_delete_lambda_exec",
            "module.admin_lambdas.aws_iam_role_policy_attachment.admin_get_lambda_exec",
            "module.admin_lambdas.aws_iam_role_policy_attachment.admin_lambda_dynamodb",
            "module.admin_lambdas.aws_iam_role_policy_attachment.admin_register_lambda_exec",
            "module.admin_lambdas.aws_lambda_function.DeleteRegisteredComponent",
            "module.admin_lambdas.aws_lambda_function.GetRegisteredComponents",
            "module.admin_lambdas.aws_lambda_function.RegisterComponentLambda",
            "module.admin_lambdas.aws_lambda_permission.allow_cloudwatch_to_ping_delete_lambda",
            "module.admin_lambdas.aws_lambda_permission.allow_cloudwatch_to_ping_get_lambda",
            "module.admin_lambdas.aws_lambda_permission.allow_cloudwatch_to_ping_register_lambda",
            "module.auth.aws_cognito_identity_pool.seahorse_identity_pool",
            "module.auth.aws_cognito_identity_pool_roles_attachment.seahorse_identity_pool_roles",
            "module.auth.aws_cognito_identity_provider.identity_provider_sso",
            "module.auth.aws_cognito_user_pool.seahorse_user_pool",
            "module.auth.aws_cognito_user_pool_client.seahorse_web_client",
            "module.auth.aws_cognito_user_pool_domain.domain",
            "module.auth.aws_iam_role.auth_web_iam_role",
            "module.auth.aws_iam_role.unauth_web_iam_role",
            "module.auth.aws_iam_role_policy.web_iam_unauth_role_policy",
            "module.web_backend_api_with_fresh_auth_setup.aws_api_gateway_method.mock_options_method",
            "module.web_backend_api_with_fresh_auth_setup.aws_api_gateway_resource.web_backend_api_resource",
            "module.web_backend_api_with_fresh_auth_setup.aws_api_gateway_rest_api.web_backend_api"
          ]
        }
      ]
    },
    {
      "module": "module.web_backend_api_with_fresh_auth_setup",
      "mode": "managed",
      "type": "aws_api_gateway_integration",
      "name": "web_backend_api_get_method_integration",
      "provider": "provider[\"registry.terraform.io/hashicorp/aws\"]",
      "instances": [
        {
          "schema_version": 0,
          "attributes": {
            "cache_key_parameters": [],
            "cache_namespace": "st8xw2",
            "connection_id": "",
            "connection_type": "INTERNET",
            "content_handling": "",
            "credentials": "",
            "http_method": "GET",
            "id": "agi-nnc6w2s8gi-st8xw2-GET",
            "integration_http_method": "POST",
            "passthrough_behavior": "WHEN_NO_MATCH",
            "request_parameters": {},
            "request_templates": {},
            "resource_id": "st8xw2",
            "rest_api_id": "nnc6w2s8gi",
            "timeout_milliseconds": 29000,
            "type": "AWS_PROXY",
            "uri": "arn:aws:apigateway:us-east-1:lambda:path/2015-03-31/functions/arn:aws:lambda:us-east-1:073724527903:function:GetRegisteredComponents/invocations"
          },
          "private": "bnVsbA==",
          "dependencies": [
            "module.acm.aws_acm_certificate.web_cert",
            "module.admin_lambdas.aws_cloudwatch_event_rule.one_minute_ping",
            "module.admin_lambdas.aws_cloudwatch_event_target.ping_delete_lambda_every_one_minute",
            "module.admin_lambdas.aws_cloudwatch_event_target.ping_get_lambda_every_one_minute",
            "module.admin_lambdas.aws_cloudwatch_event_target.ping_register_lambda_every_one_minute",
            "module.admin_lambdas.aws_iam_policy.seahorse_admin_lambdas_exec_policy",
            "module.admin_lambdas.aws_iam_policy.seahorse_delete_lambdas_exec_policy",
            "module.admin_lambdas.aws_iam_policy.seahorse_get_lambdas_exec_policy",
            "module.admin_lambdas.aws_iam_role.seahorse_iam_role_for_lambdas",
            "module.admin_lambdas.aws_iam_role_policy_attachment.admin_delete_lambda_exec",
            "module.admin_lambdas.aws_iam_role_policy_attachment.admin_get_lambda_exec",
            "module.admin_lambdas.aws_iam_role_policy_attachment.admin_lambda_dynamodb",
            "module.admin_lambdas.aws_iam_role_policy_attachment.admin_register_lambda_exec",
            "module.admin_lambdas.aws_lambda_function.DeleteRegisteredComponent",
            "module.admin_lambdas.aws_lambda_function.GetRegisteredComponents",
            "module.admin_lambdas.aws_lambda_function.RegisterComponentLambda",
            "module.admin_lambdas.aws_lambda_permission.allow_cloudwatch_to_ping_delete_lambda",
            "module.admin_lambdas.aws_lambda_permission.allow_cloudwatch_to_ping_get_lambda",
            "module.admin_lambdas.aws_lambda_permission.allow_cloudwatch_to_ping_register_lambda",
            "module.auth.aws_cognito_identity_pool.seahorse_identity_pool",
            "module.auth.aws_cognito_identity_pool_roles_attachment.seahorse_identity_pool_roles",
            "module.auth.aws_cognito_identity_provider.identity_provider_sso",
            "module.auth.aws_cognito_user_pool.seahorse_user_pool",
            "module.auth.aws_cognito_user_pool_client.seahorse_web_client",
            "module.auth.aws_cognito_user_pool_domain.domain",
            "module.auth.aws_iam_role.auth_web_iam_role",
            "module.auth.aws_iam_role.unauth_web_iam_role",
            "module.auth.aws_iam_role_policy.web_iam_unauth_role_policy",
            "module.web_backend_api_with_fresh_auth_setup.aws_api_gateway_authorizer.web_authorizer",
            "module.web_backend_api_with_fresh_auth_setup.aws_api_gateway_method.web_backend_api_get_method",
            "module.web_backend_api_with_fresh_auth_setup.aws_api_gateway_resource.web_backend_api_resource",
            "module.web_backend_api_with_fresh_auth_setup.aws_api_gateway_rest_api.web_backend_api"
          ]
        }
      ]
    },
    {
      "module": "module.web_backend_api_with_fresh_auth_setup",
      "mode": "managed",
      "type": "aws_api_gateway_integration_response",
      "name": "mock_options_integration_response",
      "provider": "provider[\"registry.terraform.io/hashicorp/aws\"]",
      "instances": [
        {
          "schema_version": 0,
          "attributes": {
            "content_handling": "",
            "http_method": "OPTIONS",
            "id": "agir-nnc6w2s8gi-st8xw2-OPTIONS-200",
            "resource_id": "st8xw2",
            "response_parameters": {
              "method.response.header.Access-Control-Allow-Headers": "'Content-Type,X-Amz-Date,Authorization,X-Api-Key,X-Amz-Security-Token'",
              "method.response.header.Access-Control-Allow-Methods": "'GET, OPTIONS, POST'",
              "method.response.header.Access-Control-Allow-Origin": "'*'"
            },
            "response_templates": {},
            "rest_api_id": "nnc6w2s8gi",
            "selection_pattern": "",
            "status_code": "200"
          },
          "private": "bnVsbA==",
          "dependencies": [
            "module.acm.aws_acm_certificate.web_cert",
            "module.admin_lambdas.aws_cloudwatch_event_rule.one_minute_ping",
            "module.admin_lambdas.aws_cloudwatch_event_target.ping_delete_lambda_every_one_minute",
            "module.admin_lambdas.aws_cloudwatch_event_target.ping_get_lambda_every_one_minute",
            "module.admin_lambdas.aws_cloudwatch_event_target.ping_register_lambda_every_one_minute",
            "module.admin_lambdas.aws_iam_policy.seahorse_admin_lambdas_exec_policy",
            "module.admin_lambdas.aws_iam_policy.seahorse_delete_lambdas_exec_policy",
            "module.admin_lambdas.aws_iam_policy.seahorse_get_lambdas_exec_policy",
            "module.admin_lambdas.aws_iam_role.seahorse_iam_role_for_lambdas",
            "module.admin_lambdas.aws_iam_role_policy_attachment.admin_delete_lambda_exec",
            "module.admin_lambdas.aws_iam_role_policy_attachment.admin_get_lambda_exec",
            "module.admin_lambdas.aws_iam_role_policy_attachment.admin_lambda_dynamodb",
            "module.admin_lambdas.aws_iam_role_policy_attachment.admin_register_lambda_exec",
            "module.admin_lambdas.aws_lambda_function.DeleteRegisteredComponent",
            "module.admin_lambdas.aws_lambda_function.GetRegisteredComponents",
            "module.admin_lambdas.aws_lambda_function.RegisterComponentLambda",
            "module.admin_lambdas.aws_lambda_permission.allow_cloudwatch_to_ping_delete_lambda",
            "module.admin_lambdas.aws_lambda_permission.allow_cloudwatch_to_ping_get_lambda",
            "module.admin_lambdas.aws_lambda_permission.allow_cloudwatch_to_ping_register_lambda",
            "module.auth.aws_cognito_identity_pool.seahorse_identity_pool",
            "module.auth.aws_cognito_identity_pool_roles_attachment.seahorse_identity_pool_roles",
            "module.auth.aws_cognito_identity_provider.identity_provider_sso",
            "module.auth.aws_cognito_user_pool.seahorse_user_pool",
            "module.auth.aws_cognito_user_pool_client.seahorse_web_client",
            "module.auth.aws_cognito_user_pool_domain.domain",
            "module.auth.aws_iam_role.auth_web_iam_role",
            "module.auth.aws_iam_role.unauth_web_iam_role",
            "module.auth.aws_iam_role_policy.web_iam_unauth_role_policy",
            "module.web_backend_api_with_fresh_auth_setup.aws_api_gateway_integration.mock_options_integration",
            "module.web_backend_api_with_fresh_auth_setup.aws_api_gateway_method.mock_options_method",
            "module.web_backend_api_with_fresh_auth_setup.aws_api_gateway_method_response.mock_options_response",
            "module.web_backend_api_with_fresh_auth_setup.aws_api_gateway_resource.web_backend_api_resource",
            "module.web_backend_api_with_fresh_auth_setup.aws_api_gateway_rest_api.web_backend_api"
          ]
        }
      ]
    },
    {
      "module": "module.web_backend_api_with_fresh_auth_setup",
      "mode": "managed",
      "type": "aws_api_gateway_integration_response",
      "name": "web_backend_api_get_integration_response",
      "provider": "provider[\"registry.terraform.io/hashicorp/aws\"]",
      "instances": [
        {
          "schema_version": 0,
          "attributes": {
            "content_handling": "",
            "http_method": "GET",
            "id": "agir-nnc6w2s8gi-st8xw2-GET-200",
            "resource_id": "st8xw2",
            "response_parameters": {
              "method.response.header.Access-Control-Allow-Origin": "'*'"
            },
            "response_templates": {},
            "rest_api_id": "nnc6w2s8gi",
            "selection_pattern": "",
            "status_code": "200"
          },
          "private": "bnVsbA==",
          "dependencies": [
            "module.acm.aws_acm_certificate.web_cert",
            "module.admin_lambdas.aws_cloudwatch_event_rule.one_minute_ping",
            "module.admin_lambdas.aws_cloudwatch_event_target.ping_delete_lambda_every_one_minute",
            "module.admin_lambdas.aws_cloudwatch_event_target.ping_get_lambda_every_one_minute",
            "module.admin_lambdas.aws_cloudwatch_event_target.ping_register_lambda_every_one_minute",
            "module.admin_lambdas.aws_iam_policy.seahorse_admin_lambdas_exec_policy",
            "module.admin_lambdas.aws_iam_policy.seahorse_delete_lambdas_exec_policy",
            "module.admin_lambdas.aws_iam_policy.seahorse_get_lambdas_exec_policy",
            "module.admin_lambdas.aws_iam_role.seahorse_iam_role_for_lambdas",
            "module.admin_lambdas.aws_iam_role_policy_attachment.admin_delete_lambda_exec",
            "module.admin_lambdas.aws_iam_role_policy_attachment.admin_get_lambda_exec",
            "module.admin_lambdas.aws_iam_role_policy_attachment.admin_lambda_dynamodb",
            "module.admin_lambdas.aws_iam_role_policy_attachment.admin_register_lambda_exec",
            "module.admin_lambdas.aws_lambda_function.DeleteRegisteredComponent",
            "module.admin_lambdas.aws_lambda_function.GetRegisteredComponents",
            "module.admin_lambdas.aws_lambda_function.RegisterComponentLambda",
            "module.admin_lambdas.aws_lambda_permission.allow_cloudwatch_to_ping_delete_lambda",
            "module.admin_lambdas.aws_lambda_permission.allow_cloudwatch_to_ping_get_lambda",
            "module.admin_lambdas.aws_lambda_permission.allow_cloudwatch_to_ping_register_lambda",
            "module.auth.aws_cognito_identity_pool.seahorse_identity_pool",
            "module.auth.aws_cognito_identity_pool_roles_attachment.seahorse_identity_pool_roles",
            "module.auth.aws_cognito_identity_provider.identity_provider_sso",
            "module.auth.aws_cognito_user_pool.seahorse_user_pool",
            "module.auth.aws_cognito_user_pool_client.seahorse_web_client",
            "module.auth.aws_cognito_user_pool_domain.domain",
            "module.auth.aws_iam_role.auth_web_iam_role",
            "module.auth.aws_iam_role.unauth_web_iam_role",
            "module.auth.aws_iam_role_policy.web_iam_unauth_role_policy",
            "module.web_backend_api_with_fresh_auth_setup.aws_api_gateway_authorizer.web_authorizer",
            "module.web_backend_api_with_fresh_auth_setup.aws_api_gateway_integration.web_backend_api_get_method_integration",
            "module.web_backend_api_with_fresh_auth_setup.aws_api_gateway_method.web_backend_api_get_method",
            "module.web_backend_api_with_fresh_auth_setup.aws_api_gateway_method_response.web_backend_api_get_method_response",
            "module.web_backend_api_with_fresh_auth_setup.aws_api_gateway_resource.web_backend_api_resource",
            "module.web_backend_api_with_fresh_auth_setup.aws_api_gateway_rest_api.web_backend_api"
          ]
        }
      ]
    },
    {
      "module": "module.web_backend_api_with_fresh_auth_setup",
      "mode": "managed",
      "type": "aws_api_gateway_method",
      "name": "mock_options_method",
      "provider": "provider[\"registry.terraform.io/hashicorp/aws\"]",
      "instances": [
        {
          "schema_version": 0,
          "attributes": {
            "api_key_required": false,
            "authorization": "NONE",
            "authorization_scopes": [],
            "authorizer_id": "",
            "http_method": "OPTIONS",
            "id": "agm-nnc6w2s8gi-st8xw2-OPTIONS",
            "request_models": {},
            "request_parameters": {},
            "request_validator_id": "",
            "resource_id": "st8xw2",
            "rest_api_id": "nnc6w2s8gi"
          },
          "private": "bnVsbA==",
          "dependencies": [
            "module.acm.aws_acm_certificate.web_cert",
            "module.admin_lambdas.aws_cloudwatch_event_rule.one_minute_ping",
            "module.admin_lambdas.aws_cloudwatch_event_target.ping_delete_lambda_every_one_minute",
            "module.admin_lambdas.aws_cloudwatch_event_target.ping_get_lambda_every_one_minute",
            "module.admin_lambdas.aws_cloudwatch_event_target.ping_register_lambda_every_one_minute",
            "module.admin_lambdas.aws_iam_policy.seahorse_admin_lambdas_exec_policy",
            "module.admin_lambdas.aws_iam_policy.seahorse_delete_lambdas_exec_policy",
            "module.admin_lambdas.aws_iam_policy.seahorse_get_lambdas_exec_policy",
            "module.admin_lambdas.aws_iam_role.seahorse_iam_role_for_lambdas",
            "module.admin_lambdas.aws_iam_role_policy_attachment.admin_delete_lambda_exec",
            "module.admin_lambdas.aws_iam_role_policy_attachment.admin_get_lambda_exec",
            "module.admin_lambdas.aws_iam_role_policy_attachment.admin_lambda_dynamodb",
            "module.admin_lambdas.aws_iam_role_policy_attachment.admin_register_lambda_exec",
            "module.admin_lambdas.aws_lambda_function.DeleteRegisteredComponent",
            "module.admin_lambdas.aws_lambda_function.GetRegisteredComponents",
            "module.admin_lambdas.aws_lambda_function.RegisterComponentLambda",
            "module.admin_lambdas.aws_lambda_permission.allow_cloudwatch_to_ping_delete_lambda",
            "module.admin_lambdas.aws_lambda_permission.allow_cloudwatch_to_ping_get_lambda",
            "module.admin_lambdas.aws_lambda_permission.allow_cloudwatch_to_ping_register_lambda",
            "module.auth.aws_cognito_identity_pool.seahorse_identity_pool",
            "module.auth.aws_cognito_identity_pool_roles_attachment.seahorse_identity_pool_roles",
            "module.auth.aws_cognito_identity_provider.identity_provider_sso",
            "module.auth.aws_cognito_user_pool.seahorse_user_pool",
            "module.auth.aws_cognito_user_pool_client.seahorse_web_client",
            "module.auth.aws_cognito_user_pool_domain.domain",
            "module.auth.aws_iam_role.auth_web_iam_role",
            "module.auth.aws_iam_role.unauth_web_iam_role",
            "module.auth.aws_iam_role_policy.web_iam_unauth_role_policy",
            "module.web_backend_api_with_fresh_auth_setup.aws_api_gateway_resource.web_backend_api_resource",
            "module.web_backend_api_with_fresh_auth_setup.aws_api_gateway_rest_api.web_backend_api"
          ]
        }
      ]
    },
    {
      "module": "module.web_backend_api_with_fresh_auth_setup",
      "mode": "managed",
      "type": "aws_api_gateway_method",
      "name": "web_backend_api_get_method",
      "provider": "provider[\"registry.terraform.io/hashicorp/aws\"]",
      "instances": [
        {
          "schema_version": 0,
          "attributes": {
            "api_key_required": false,
            "authorization": "COGNITO_USER_POOLS",
            "authorization_scopes": [],
            "authorizer_id": "hr3ghk",
            "http_method": "GET",
            "id": "agm-nnc6w2s8gi-st8xw2-GET",
            "request_models": {
              "application/json": "Empty"
            },
            "request_parameters": {
              "method.request.header.Content-Type": true
            },
            "request_validator_id": "",
            "resource_id": "st8xw2",
            "rest_api_id": "nnc6w2s8gi"
          },
          "private": "bnVsbA==",
          "dependencies": [
            "module.acm.aws_acm_certificate.web_cert",
            "module.admin_lambdas.aws_cloudwatch_event_rule.one_minute_ping",
            "module.admin_lambdas.aws_cloudwatch_event_target.ping_delete_lambda_every_one_minute",
            "module.admin_lambdas.aws_cloudwatch_event_target.ping_get_lambda_every_one_minute",
            "module.admin_lambdas.aws_cloudwatch_event_target.ping_register_lambda_every_one_minute",
            "module.admin_lambdas.aws_iam_policy.seahorse_admin_lambdas_exec_policy",
            "module.admin_lambdas.aws_iam_policy.seahorse_delete_lambdas_exec_policy",
            "module.admin_lambdas.aws_iam_policy.seahorse_get_lambdas_exec_policy",
            "module.admin_lambdas.aws_iam_role.seahorse_iam_role_for_lambdas",
            "module.admin_lambdas.aws_iam_role_policy_attachment.admin_delete_lambda_exec",
            "module.admin_lambdas.aws_iam_role_policy_attachment.admin_get_lambda_exec",
            "module.admin_lambdas.aws_iam_role_policy_attachment.admin_lambda_dynamodb",
            "module.admin_lambdas.aws_iam_role_policy_attachment.admin_register_lambda_exec",
            "module.admin_lambdas.aws_lambda_function.DeleteRegisteredComponent",
            "module.admin_lambdas.aws_lambda_function.GetRegisteredComponents",
            "module.admin_lambdas.aws_lambda_function.RegisterComponentLambda",
            "module.admin_lambdas.aws_lambda_permission.allow_cloudwatch_to_ping_delete_lambda",
            "module.admin_lambdas.aws_lambda_permission.allow_cloudwatch_to_ping_get_lambda",
            "module.admin_lambdas.aws_lambda_permission.allow_cloudwatch_to_ping_register_lambda",
            "module.auth.aws_cognito_identity_pool.seahorse_identity_pool",
            "module.auth.aws_cognito_identity_pool_roles_attachment.seahorse_identity_pool_roles",
            "module.auth.aws_cognito_identity_provider.identity_provider_sso",
            "module.auth.aws_cognito_user_pool.seahorse_user_pool",
            "module.auth.aws_cognito_user_pool_client.seahorse_web_client",
            "module.auth.aws_cognito_user_pool_domain.domain",
            "module.auth.aws_iam_role.auth_web_iam_role",
            "module.auth.aws_iam_role.unauth_web_iam_role",
            "module.auth.aws_iam_role_policy.web_iam_unauth_role_policy",
            "module.web_backend_api_with_fresh_auth_setup.aws_api_gateway_authorizer.web_authorizer",
            "module.web_backend_api_with_fresh_auth_setup.aws_api_gateway_resource.web_backend_api_resource",
            "module.web_backend_api_with_fresh_auth_setup.aws_api_gateway_rest_api.web_backend_api"
          ]
        }
      ]
    },
    {
      "module": "module.web_backend_api_with_fresh_auth_setup",
      "mode": "managed",
      "type": "aws_api_gateway_method_response",
      "name": "mock_options_response",
      "provider": "provider[\"registry.terraform.io/hashicorp/aws\"]",
      "instances": [
        {
          "schema_version": 0,
          "attributes": {
            "http_method": "OPTIONS",
            "id": "agmr-nnc6w2s8gi-st8xw2-OPTIONS-200",
            "resource_id": "st8xw2",
            "response_models": {
              "application/json": "Empty"
            },
            "response_parameters": {
              "method.response.header.Access-Control-Allow-Headers": true,
              "method.response.header.Access-Control-Allow-Methods": true,
              "method.response.header.Access-Control-Allow-Origin": true
            },
            "rest_api_id": "nnc6w2s8gi",
            "status_code": "200"
          },
          "private": "bnVsbA==",
          "dependencies": [
            "module.acm.aws_acm_certificate.web_cert",
            "module.admin_lambdas.aws_cloudwatch_event_rule.one_minute_ping",
            "module.admin_lambdas.aws_cloudwatch_event_target.ping_delete_lambda_every_one_minute",
            "module.admin_lambdas.aws_cloudwatch_event_target.ping_get_lambda_every_one_minute",
            "module.admin_lambdas.aws_cloudwatch_event_target.ping_register_lambda_every_one_minute",
            "module.admin_lambdas.aws_iam_policy.seahorse_admin_lambdas_exec_policy",
            "module.admin_lambdas.aws_iam_policy.seahorse_delete_lambdas_exec_policy",
            "module.admin_lambdas.aws_iam_policy.seahorse_get_lambdas_exec_policy",
            "module.admin_lambdas.aws_iam_role.seahorse_iam_role_for_lambdas",
            "module.admin_lambdas.aws_iam_role_policy_attachment.admin_delete_lambda_exec",
            "module.admin_lambdas.aws_iam_role_policy_attachment.admin_get_lambda_exec",
            "module.admin_lambdas.aws_iam_role_policy_attachment.admin_lambda_dynamodb",
            "module.admin_lambdas.aws_iam_role_policy_attachment.admin_register_lambda_exec",
            "module.admin_lambdas.aws_lambda_function.DeleteRegisteredComponent",
            "module.admin_lambdas.aws_lambda_function.GetRegisteredComponents",
            "module.admin_lambdas.aws_lambda_function.RegisterComponentLambda",
            "module.admin_lambdas.aws_lambda_permission.allow_cloudwatch_to_ping_delete_lambda",
            "module.admin_lambdas.aws_lambda_permission.allow_cloudwatch_to_ping_get_lambda",
            "module.admin_lambdas.aws_lambda_permission.allow_cloudwatch_to_ping_register_lambda",
            "module.auth.aws_cognito_identity_pool.seahorse_identity_pool",
            "module.auth.aws_cognito_identity_pool_roles_attachment.seahorse_identity_pool_roles",
            "module.auth.aws_cognito_identity_provider.identity_provider_sso",
            "module.auth.aws_cognito_user_pool.seahorse_user_pool",
            "module.auth.aws_cognito_user_pool_client.seahorse_web_client",
            "module.auth.aws_cognito_user_pool_domain.domain",
            "module.auth.aws_iam_role.auth_web_iam_role",
            "module.auth.aws_iam_role.unauth_web_iam_role",
            "module.auth.aws_iam_role_policy.web_iam_unauth_role_policy",
            "module.web_backend_api_with_fresh_auth_setup.aws_api_gateway_method.mock_options_method",
            "module.web_backend_api_with_fresh_auth_setup.aws_api_gateway_resource.web_backend_api_resource",
            "module.web_backend_api_with_fresh_auth_setup.aws_api_gateway_rest_api.web_backend_api"
          ]
        }
      ]
    },
    {
      "module": "module.web_backend_api_with_fresh_auth_setup",
      "mode": "managed",
      "type": "aws_api_gateway_method_response",
      "name": "web_backend_api_get_method_response",
      "provider": "provider[\"registry.terraform.io/hashicorp/aws\"]",
      "instances": [
        {
          "schema_version": 0,
          "attributes": {
            "http_method": "GET",
            "id": "agmr-nnc6w2s8gi-st8xw2-GET-200",
            "resource_id": "st8xw2",
            "response_models": {},
            "response_parameters": {
              "method.response.header.Access-Control-Allow-Origin": true
            },
            "rest_api_id": "nnc6w2s8gi",
            "status_code": "200"
          },
          "private": "bnVsbA==",
          "dependencies": [
            "module.acm.aws_acm_certificate.web_cert",
            "module.admin_lambdas.aws_cloudwatch_event_rule.one_minute_ping",
            "module.admin_lambdas.aws_cloudwatch_event_target.ping_delete_lambda_every_one_minute",
            "module.admin_lambdas.aws_cloudwatch_event_target.ping_get_lambda_every_one_minute",
            "module.admin_lambdas.aws_cloudwatch_event_target.ping_register_lambda_every_one_minute",
            "module.admin_lambdas.aws_iam_policy.seahorse_admin_lambdas_exec_policy",
            "module.admin_lambdas.aws_iam_policy.seahorse_delete_lambdas_exec_policy",
            "module.admin_lambdas.aws_iam_policy.seahorse_get_lambdas_exec_policy",
            "module.admin_lambdas.aws_iam_role.seahorse_iam_role_for_lambdas",
            "module.admin_lambdas.aws_iam_role_policy_attachment.admin_delete_lambda_exec",
            "module.admin_lambdas.aws_iam_role_policy_attachment.admin_get_lambda_exec",
            "module.admin_lambdas.aws_iam_role_policy_attachment.admin_lambda_dynamodb",
            "module.admin_lambdas.aws_iam_role_policy_attachment.admin_register_lambda_exec",
            "module.admin_lambdas.aws_lambda_function.DeleteRegisteredComponent",
            "module.admin_lambdas.aws_lambda_function.GetRegisteredComponents",
            "module.admin_lambdas.aws_lambda_function.RegisterComponentLambda",
            "module.admin_lambdas.aws_lambda_permission.allow_cloudwatch_to_ping_delete_lambda",
            "module.admin_lambdas.aws_lambda_permission.allow_cloudwatch_to_ping_get_lambda",
            "module.admin_lambdas.aws_lambda_permission.allow_cloudwatch_to_ping_register_lambda",
            "module.auth.aws_cognito_identity_pool.seahorse_identity_pool",
            "module.auth.aws_cognito_identity_pool_roles_attachment.seahorse_identity_pool_roles",
            "module.auth.aws_cognito_identity_provider.identity_provider_sso",
            "module.auth.aws_cognito_user_pool.seahorse_user_pool",
            "module.auth.aws_cognito_user_pool_client.seahorse_web_client",
            "module.auth.aws_cognito_user_pool_domain.domain",
            "module.auth.aws_iam_role.auth_web_iam_role",
            "module.auth.aws_iam_role.unauth_web_iam_role",
            "module.auth.aws_iam_role_policy.web_iam_unauth_role_policy",
            "module.web_backend_api_with_fresh_auth_setup.aws_api_gateway_authorizer.web_authorizer",
            "module.web_backend_api_with_fresh_auth_setup.aws_api_gateway_method.web_backend_api_get_method",
            "module.web_backend_api_with_fresh_auth_setup.aws_api_gateway_resource.web_backend_api_resource",
            "module.web_backend_api_with_fresh_auth_setup.aws_api_gateway_rest_api.web_backend_api"
          ]
        }
      ]
    },
    {
      "module": "module.web_backend_api_with_fresh_auth_setup",
      "mode": "managed",
      "type": "aws_api_gateway_resource",
      "name": "web_backend_api_resource",
      "provider": "provider[\"registry.terraform.io/hashicorp/aws\"]",
      "instances": [
        {
          "schema_version": 0,
          "attributes": {
            "id": "st8xw2",
            "parent_id": "w7cesfc0g4",
            "path": "/{proxy+}",
            "path_part": "{proxy+}",
            "rest_api_id": "nnc6w2s8gi"
          },
          "private": "bnVsbA==",
          "dependencies": [
            "module.acm.aws_acm_certificate.web_cert",
            "module.admin_lambdas.aws_cloudwatch_event_rule.one_minute_ping",
            "module.admin_lambdas.aws_cloudwatch_event_target.ping_delete_lambda_every_one_minute",
            "module.admin_lambdas.aws_cloudwatch_event_target.ping_get_lambda_every_one_minute",
            "module.admin_lambdas.aws_cloudwatch_event_target.ping_register_lambda_every_one_minute",
            "module.admin_lambdas.aws_iam_policy.seahorse_admin_lambdas_exec_policy",
            "module.admin_lambdas.aws_iam_policy.seahorse_delete_lambdas_exec_policy",
            "module.admin_lambdas.aws_iam_policy.seahorse_get_lambdas_exec_policy",
            "module.admin_lambdas.aws_iam_role.seahorse_iam_role_for_lambdas",
            "module.admin_lambdas.aws_iam_role_policy_attachment.admin_delete_lambda_exec",
            "module.admin_lambdas.aws_iam_role_policy_attachment.admin_get_lambda_exec",
            "module.admin_lambdas.aws_iam_role_policy_attachment.admin_lambda_dynamodb",
            "module.admin_lambdas.aws_iam_role_policy_attachment.admin_register_lambda_exec",
            "module.admin_lambdas.aws_lambda_function.DeleteRegisteredComponent",
            "module.admin_lambdas.aws_lambda_function.GetRegisteredComponents",
            "module.admin_lambdas.aws_lambda_function.RegisterComponentLambda",
            "module.admin_lambdas.aws_lambda_permission.allow_cloudwatch_to_ping_delete_lambda",
            "module.admin_lambdas.aws_lambda_permission.allow_cloudwatch_to_ping_get_lambda",
            "module.admin_lambdas.aws_lambda_permission.allow_cloudwatch_to_ping_register_lambda",
            "module.auth.aws_cognito_identity_pool.seahorse_identity_pool",
            "module.auth.aws_cognito_identity_pool_roles_attachment.seahorse_identity_pool_roles",
            "module.auth.aws_cognito_identity_provider.identity_provider_sso",
            "module.auth.aws_cognito_user_pool.seahorse_user_pool",
            "module.auth.aws_cognito_user_pool_client.seahorse_web_client",
            "module.auth.aws_cognito_user_pool_domain.domain",
            "module.auth.aws_iam_role.auth_web_iam_role",
            "module.auth.aws_iam_role.unauth_web_iam_role",
            "module.auth.aws_iam_role_policy.web_iam_unauth_role_policy",
            "module.web_backend_api_with_fresh_auth_setup.aws_api_gateway_rest_api.web_backend_api"
          ]
        }
      ]
    },
    {
      "module": "module.web_backend_api_with_fresh_auth_setup",
      "mode": "managed",
      "type": "aws_api_gateway_rest_api",
      "name": "web_backend_api",
      "provider": "provider[\"registry.terraform.io/hashicorp/aws\"]",
      "instances": [
        {
          "schema_version": 0,
          "attributes": {
            "api_key_source": "HEADER",
            "arn": "arn:aws:apigateway:us-east-1::/restapis/nnc6w2s8gi",
            "binary_media_types": [],
            "body": null,
            "created_date": "2021-04-04T22:46:35Z",
            "description": "",
            "endpoint_configuration": [
              {
                "types": [
                  "REGIONAL"
                ],
                "vpc_endpoint_ids": []
              }
            ],
            "execution_arn": "arn:aws:execute-api:us-east-1:073724527903:nnc6w2s8gi",
            "id": "nnc6w2s8gi",
            "minimum_compression_size": -1,
            "name": "seahorse-web-backend-api",
            "policy": "",
            "root_resource_id": "w7cesfc0g4",
            "tags": {}
          },
          "private": "bnVsbA==",
          "dependencies": [
            "module.acm.aws_acm_certificate.web_cert",
            "module.admin_lambdas.aws_cloudwatch_event_rule.one_minute_ping",
            "module.admin_lambdas.aws_cloudwatch_event_target.ping_delete_lambda_every_one_minute",
            "module.admin_lambdas.aws_cloudwatch_event_target.ping_get_lambda_every_one_minute",
            "module.admin_lambdas.aws_cloudwatch_event_target.ping_register_lambda_every_one_minute",
            "module.admin_lambdas.aws_iam_policy.seahorse_admin_lambdas_exec_policy",
            "module.admin_lambdas.aws_iam_policy.seahorse_delete_lambdas_exec_policy",
            "module.admin_lambdas.aws_iam_policy.seahorse_get_lambdas_exec_policy",
            "module.admin_lambdas.aws_iam_role.seahorse_iam_role_for_lambdas",
            "module.admin_lambdas.aws_iam_role_policy_attachment.admin_delete_lambda_exec",
            "module.admin_lambdas.aws_iam_role_policy_attachment.admin_get_lambda_exec",
            "module.admin_lambdas.aws_iam_role_policy_attachment.admin_lambda_dynamodb",
            "module.admin_lambdas.aws_iam_role_policy_attachment.admin_register_lambda_exec",
            "module.admin_lambdas.aws_lambda_function.DeleteRegisteredComponent",
            "module.admin_lambdas.aws_lambda_function.GetRegisteredComponents",
            "module.admin_lambdas.aws_lambda_function.RegisterComponentLambda",
            "module.admin_lambdas.aws_lambda_permission.allow_cloudwatch_to_ping_delete_lambda",
            "module.admin_lambdas.aws_lambda_permission.allow_cloudwatch_to_ping_get_lambda",
            "module.admin_lambdas.aws_lambda_permission.allow_cloudwatch_to_ping_register_lambda",
            "module.auth.aws_cognito_identity_pool.seahorse_identity_pool",
            "module.auth.aws_cognito_identity_pool_roles_attachment.seahorse_identity_pool_roles",
            "module.auth.aws_cognito_identity_provider.identity_provider_sso",
            "module.auth.aws_cognito_user_pool.seahorse_user_pool",
            "module.auth.aws_cognito_user_pool_client.seahorse_web_client",
            "module.auth.aws_cognito_user_pool_domain.domain",
            "module.auth.aws_iam_role.auth_web_iam_role",
            "module.auth.aws_iam_role.unauth_web_iam_role",
            "module.auth.aws_iam_role_policy.web_iam_unauth_role_policy"
          ]
        }
      ]
    },
    {
      "module": "module.web_backend_api_with_fresh_auth_setup",
      "mode": "managed",
      "type": "aws_lambda_permission",
      "name": "get-lambda-permission",
      "provider": "provider[\"registry.terraform.io/hashicorp/aws\"]",
      "instances": [
        {
          "schema_version": 0,
          "attributes": {
            "action": "lambda:InvokeFunction",
            "event_source_token": null,
            "function_name": "GetRegisteredComponents",
            "id": "AllowWebBackendAPIGatewayInvokeGet",
            "principal": "apigateway.amazonaws.com",
            "qualifier": "",
            "source_account": null,
            "source_arn": "arn:aws:execute-api:us-east-1:073724527903:nnc6w2s8gi/*/*/*",
            "statement_id": "AllowWebBackendAPIGatewayInvokeGet",
            "statement_id_prefix": null
          },
          "private": "bnVsbA==",
          "dependencies": [
            "module.acm.aws_acm_certificate.web_cert",
            "module.admin_lambdas.aws_cloudwatch_event_rule.one_minute_ping",
            "module.admin_lambdas.aws_cloudwatch_event_target.ping_delete_lambda_every_one_minute",
            "module.admin_lambdas.aws_cloudwatch_event_target.ping_get_lambda_every_one_minute",
            "module.admin_lambdas.aws_cloudwatch_event_target.ping_register_lambda_every_one_minute",
            "module.admin_lambdas.aws_iam_policy.seahorse_admin_lambdas_exec_policy",
            "module.admin_lambdas.aws_iam_policy.seahorse_delete_lambdas_exec_policy",
            "module.admin_lambdas.aws_iam_policy.seahorse_get_lambdas_exec_policy",
            "module.admin_lambdas.aws_iam_role.seahorse_iam_role_for_lambdas",
            "module.admin_lambdas.aws_iam_role_policy_attachment.admin_delete_lambda_exec",
            "module.admin_lambdas.aws_iam_role_policy_attachment.admin_get_lambda_exec",
            "module.admin_lambdas.aws_iam_role_policy_attachment.admin_lambda_dynamodb",
            "module.admin_lambdas.aws_iam_role_policy_attachment.admin_register_lambda_exec",
            "module.admin_lambdas.aws_lambda_function.DeleteRegisteredComponent",
            "module.admin_lambdas.aws_lambda_function.GetRegisteredComponents",
            "module.admin_lambdas.aws_lambda_function.RegisterComponentLambda",
            "module.admin_lambdas.aws_lambda_permission.allow_cloudwatch_to_ping_delete_lambda",
            "module.admin_lambdas.aws_lambda_permission.allow_cloudwatch_to_ping_get_lambda",
            "module.admin_lambdas.aws_lambda_permission.allow_cloudwatch_to_ping_register_lambda",
            "module.auth.aws_cognito_identity_pool.seahorse_identity_pool",
            "module.auth.aws_cognito_identity_pool_roles_attachment.seahorse_identity_pool_roles",
            "module.auth.aws_cognito_identity_provider.identity_provider_sso",
            "module.auth.aws_cognito_user_pool.seahorse_user_pool",
            "module.auth.aws_cognito_user_pool_client.seahorse_web_client",
            "module.auth.aws_cognito_user_pool_domain.domain",
            "module.auth.aws_iam_role.auth_web_iam_role",
            "module.auth.aws_iam_role.unauth_web_iam_role",
            "module.auth.aws_iam_role_policy.web_iam_unauth_role_policy",
            "module.web_backend_api_with_fresh_auth_setup.aws_api_gateway_rest_api.web_backend_api"
          ]
        }
      ]
    },
    {
      "module": "module.web_static",
      "mode": "managed",
      "type": "aws_cloudfront_distribution",
      "name": "docs_distribution",
      "provider": "provider[\"registry.terraform.io/hashicorp/aws\"]",
      "instances": [
        {
          "schema_version": 1,
          "attributes": {
            "aliases": [
              "docusaurus.seahorse-dev3.globallink.com"
            ],
            "arn": "arn:aws:cloudfront::073724527903:distribution/E3AKOL8KEW1PP5",
            "caller_reference": "terraform-2021040422410283890000000b",
            "comment": null,
            "custom_error_response": [],
            "default_cache_behavior": [
              {
                "allowed_methods": [
                  "DELETE",
                  "GET",
                  "HEAD",
                  "OPTIONS",
                  "PATCH",
                  "POST",
                  "PUT"
                ],
                "cached_methods": [
                  "GET",
                  "HEAD"
                ],
                "compress": false,
                "default_ttl": 3600,
                "field_level_encryption_id": "",
                "forwarded_values": [
                  {
                    "cookies": [
                      {
                        "forward": "none",
                        "whitelisted_names": []
                      }
                    ],
                    "headers": [],
                    "query_string": false,
                    "query_string_cache_keys": []
                  }
                ],
                "lambda_function_association": [],
                "max_ttl": 86400,
                "min_ttl": 0,
                "smooth_streaming": false,
                "target_origin_id": "dev3.seahorse.docusaurus",
                "trusted_signers": [],
                "viewer_protocol_policy": "allow-all"
              }
            ],
            "default_root_object": "index.html",
            "domain_name": "d278pr4ergmbjm.cloudfront.net",
            "enabled": true,
            "etag": "EN88BLM77V0EE",
            "hosted_zone_id": "Z2FDTNDATAQYW2",
            "http_version": "http2",
            "id": "E3AKOL8KEW1PP5",
            "in_progress_validation_batches": 0,
            "is_ipv6_enabled": true,
            "last_modified_time": "2021-04-04 22:41:03.469 +0000 UTC",
            "logging_config": [],
            "ordered_cache_behavior": [],
            "origin": [
              {
                "custom_header": [],
                "custom_origin_config": [],
                "domain_name": "dev3.seahorse.docusaurus.s3.amazonaws.com",
                "origin_id": "dev3.seahorse.docusaurus",
                "origin_path": "",
                "s3_origin_config": [
                  {
                    "origin_access_identity": "origin-access-identity/cloudfront/E2ITBHEK5063XZ"
                  }
                ]
              }
            ],
            "origin_group": [],
            "price_class": "PriceClass_All",
            "restrictions": [
              {
                "geo_restriction": [
                  {
                    "locations": [
                      "CA",
                      "DE",
                      "GB",
                      "US"
                    ],
                    "restriction_type": "whitelist"
                  }
                ]
              }
            ],
            "retain_on_delete": false,
            "status": "Deployed",
            "tags": {},
            "trusted_signers": [
              {
                "enabled": false,
                "items": []
              }
            ],
            "viewer_certificate": [
              {
                "acm_certificate_arn": "arn:aws:acm:us-east-1:073724527903:certificate/dc18ba4a-0f70-4033-9c0d-9d7255a16b90",
                "cloudfront_default_certificate": false,
                "iam_certificate_id": "",
                "minimum_protocol_version": "TLSv1.2_2019",
                "ssl_support_method": "sni-only"
              }
            ],
            "wait_for_deployment": true,
            "web_acl_id": "3c717eba-7331-418f-9786-d724aae8abf9"
          },
          "private": "eyJzY2hlbWFfdmVyc2lvbiI6IjEifQ==",
          "dependencies": [
            "module.acm.aws_acm_certificate.web_cert",
            "module.waf.aws_waf_ipset.ipset",
            "module.waf.aws_waf_rule.wafrule",
            "module.waf.aws_waf_web_acl.waf_acl",
            "module.web_static.aws_cloudfront_origin_access_identity.docusaurus_origin_access_identity",
            "module.web_static.aws_s3_bucket.docusaurus"
          ]
        }
      ]
    },
    {
      "module": "module.web_static",
      "mode": "managed",
      "type": "aws_cloudfront_distribution",
      "name": "example_distribution",
      "provider": "provider[\"registry.terraform.io/hashicorp/aws\"]",
      "instances": [
        {
          "schema_version": 1,
          "attributes": {
            "aliases": [
              "simple-app.seahorse-dev3.globallink.com"
            ],
            "arn": "arn:aws:cloudfront::073724527903:distribution/EK1RGKGBM96C0",
            "caller_reference": "terraform-2021040422410268790000000a",
            "comment": null,
            "custom_error_response": [],
            "default_cache_behavior": [
              {
                "allowed_methods": [
                  "DELETE",
                  "GET",
                  "HEAD",
                  "OPTIONS",
                  "PATCH",
                  "POST",
                  "PUT"
                ],
                "cached_methods": [
                  "GET",
                  "HEAD"
                ],
                "compress": false,
                "default_ttl": 3600,
                "field_level_encryption_id": "",
                "forwarded_values": [
                  {
                    "cookies": [
                      {
                        "forward": "none",
                        "whitelisted_names": []
                      }
                    ],
                    "headers": [],
                    "query_string": false,
                    "query_string_cache_keys": []
                  }
                ],
                "lambda_function_association": [],
                "max_ttl": 86400,
                "min_ttl": 0,
                "smooth_streaming": false,
                "target_origin_id": "dev3.seahorse.simple-app",
                "trusted_signers": [],
                "viewer_protocol_policy": "allow-all"
              }
            ],
            "default_root_object": "index.html",
            "domain_name": "d3gu13ii8uzl59.cloudfront.net",
            "enabled": true,
            "etag": "E2LG95V5GH3RR7",
            "hosted_zone_id": "Z2FDTNDATAQYW2",
            "http_version": "http2",
            "id": "EK1RGKGBM96C0",
            "in_progress_validation_batches": 0,
            "is_ipv6_enabled": true,
            "last_modified_time": "2021-04-04 22:41:03.331 +0000 UTC",
            "logging_config": [],
            "ordered_cache_behavior": [],
            "origin": [
              {
                "custom_header": [],
                "custom_origin_config": [],
                "domain_name": "dev3.seahorse.finsemble.s3.amazonaws.com",
                "origin_id": "dev3.seahorse.simple-app",
                "origin_path": "",
                "s3_origin_config": [
                  {
                    "origin_access_identity": "origin-access-identity/cloudfront/EA1NHKMRRTPYG"
                  }
                ]
              }
            ],
            "origin_group": [],
            "price_class": "PriceClass_All",
            "restrictions": [
              {
                "geo_restriction": [
                  {
                    "locations": [
                      "CA",
                      "DE",
                      "GB",
                      "US"
                    ],
                    "restriction_type": "whitelist"
                  }
                ]
              }
            ],
            "retain_on_delete": false,
            "status": "Deployed",
            "tags": {},
            "trusted_signers": [
              {
                "enabled": false,
                "items": []
              }
            ],
            "viewer_certificate": [
              {
                "acm_certificate_arn": "arn:aws:acm:us-east-1:073724527903:certificate/dc18ba4a-0f70-4033-9c0d-9d7255a16b90",
                "cloudfront_default_certificate": false,
                "iam_certificate_id": "",
                "minimum_protocol_version": "TLSv1.2_2019",
                "ssl_support_method": "sni-only"
              }
            ],
            "wait_for_deployment": true,
            "web_acl_id": "3c717eba-7331-418f-9786-d724aae8abf9"
          },
          "private": "eyJzY2hlbWFfdmVyc2lvbiI6IjEifQ==",
          "dependencies": [
            "module.acm.aws_acm_certificate.web_cert",
            "module.waf.aws_waf_ipset.ipset",
            "module.waf.aws_waf_rule.wafrule",
            "module.waf.aws_waf_web_acl.waf_acl",
            "module.web_static.aws_cloudfront_origin_access_identity.example_origin_access_identity",
            "module.web_static.aws_cloudfront_origin_access_identity.finsemble_origin_access_identity",
            "module.web_static.aws_s3_bucket.finsemble"
          ]
        }
      ]
    },
    {
      "module": "module.web_static",
      "mode": "managed",
      "type": "aws_cloudfront_distribution",
      "name": "finsemble_distribution",
      "provider": "provider[\"registry.terraform.io/hashicorp/aws\"]",
      "instances": [
        {
          "schema_version": 1,
          "attributes": {
            "aliases": [
              "web.seahorse-dev3.globallink.com"
            ],
            "arn": "arn:aws:cloudfront::073724527903:distribution/EWAB3EPBRAOW1",
            "caller_reference": "terraform-20210404224102687900000009",
            "comment": null,
            "custom_error_response": [],
            "default_cache_behavior": [
              {
                "allowed_methods": [
                  "DELETE",
                  "GET",
                  "HEAD",
                  "OPTIONS",
                  "PATCH",
                  "POST",
                  "PUT"
                ],
                "cached_methods": [
                  "GET",
                  "HEAD"
                ],
                "compress": false,
                "default_ttl": 3600,
                "field_level_encryption_id": "",
                "forwarded_values": [
                  {
                    "cookies": [
                      {
                        "forward": "none",
                        "whitelisted_names": []
                      }
                    ],
                    "headers": [],
                    "query_string": false,
                    "query_string_cache_keys": []
                  }
                ],
                "lambda_function_association": [],
                "max_ttl": 10800,
                "min_ttl": 0,
                "smooth_streaming": false,
                "target_origin_id": "dev3.seahorse.finsemble",
                "trusted_signers": [],
                "viewer_protocol_policy": "allow-all"
              }
            ],
            "default_root_object": "index.html",
            "domain_name": "d19vlbsgy93tk1.cloudfront.net",
            "enabled": true,
            "etag": "E1BTUFHMOOBHGW",
            "hosted_zone_id": "Z2FDTNDATAQYW2",
            "http_version": "http2",
            "id": "EWAB3EPBRAOW1",
            "in_progress_validation_batches": 0,
            "is_ipv6_enabled": true,
            "last_modified_time": "2021-04-04 22:41:03.336 +0000 UTC",
            "logging_config": [],
            "ordered_cache_behavior": [],
            "origin": [
              {
                "custom_header": [],
                "custom_origin_config": [],
                "domain_name": "dev3.seahorse.finsemble.s3.amazonaws.com",
                "origin_id": "dev3.seahorse.finsemble",
                "origin_path": "",
                "s3_origin_config": [
                  {
                    "origin_access_identity": "origin-access-identity/cloudfront/E39UO2K4TYCG3R"
                  }
                ]
              }
            ],
            "origin_group": [],
            "price_class": "PriceClass_All",
            "restrictions": [
              {
                "geo_restriction": [
                  {
                    "locations": [
                      "CA",
                      "DE",
                      "GB",
                      "US"
                    ],
                    "restriction_type": "whitelist"
                  }
                ]
              }
            ],
            "retain_on_delete": false,
            "status": "Deployed",
            "tags": {},
            "trusted_signers": [
              {
                "enabled": false,
                "items": []
              }
            ],
            "viewer_certificate": [
              {
                "acm_certificate_arn": "arn:aws:acm:us-east-1:073724527903:certificate/dc18ba4a-0f70-4033-9c0d-9d7255a16b90",
                "cloudfront_default_certificate": false,
                "iam_certificate_id": "",
                "minimum_protocol_version": "TLSv1.2_2019",
                "ssl_support_method": "sni-only"
              }
            ],
            "wait_for_deployment": true,
            "web_acl_id": "3c717eba-7331-418f-9786-d724aae8abf9"
          },
          "private": "eyJzY2hlbWFfdmVyc2lvbiI6IjEifQ==",
          "dependencies": [
            "module.acm.aws_acm_certificate.web_cert",
            "module.waf.aws_waf_ipset.ipset",
            "module.waf.aws_waf_rule.wafrule",
            "module.waf.aws_waf_web_acl.waf_acl",
            "module.web_static.aws_cloudfront_origin_access_identity.finsemble_origin_access_identity",
            "module.web_static.aws_s3_bucket.finsemble"
          ]
        }
      ]
    },
    {
      "module": "module.web_static",
      "mode": "managed",
      "type": "aws_cloudfront_distribution",
      "name": "storybook_distribution",
      "provider": "provider[\"registry.terraform.io/hashicorp/aws\"]",
      "instances": [
        {
          "schema_version": 1,
          "attributes": {
            "aliases": [
              "storybook.seahorse-dev3.globallink.com"
            ],
            "arn": "arn:aws:cloudfront::073724527903:distribution/E1YLJ3C5BOZ551",
            "caller_reference": "terraform-2021040422410451200000000c",
            "comment": null,
            "custom_error_response": [],
            "default_cache_behavior": [
              {
                "allowed_methods": [
                  "DELETE",
                  "GET",
                  "HEAD",
                  "OPTIONS",
                  "PATCH",
                  "POST",
                  "PUT"
                ],
                "cached_methods": [
                  "GET",
                  "HEAD"
                ],
                "compress": false,
                "default_ttl": 3600,
                "field_level_encryption_id": "",
                "forwarded_values": [
                  {
                    "cookies": [
                      {
                        "forward": "none",
                        "whitelisted_names": []
                      }
                    ],
                    "headers": [],
                    "query_string": false,
                    "query_string_cache_keys": []
                  }
                ],
                "lambda_function_association": [],
                "max_ttl": 86400,
                "min_ttl": 0,
                "smooth_streaming": false,
                "target_origin_id": "dev3.seahorse.storybook",
                "trusted_signers": [],
                "viewer_protocol_policy": "allow-all"
              }
            ],
            "default_root_object": "index.html",
            "domain_name": "d305pqrldyrf86.cloudfront.net",
            "enabled": true,
            "etag": "E6CL1DDUNSIRE",
            "hosted_zone_id": "Z2FDTNDATAQYW2",
            "http_version": "http2",
            "id": "E1YLJ3C5BOZ551",
            "in_progress_validation_batches": 0,
            "is_ipv6_enabled": true,
            "last_modified_time": "2021-04-04 22:41:08.518 +0000 UTC",
            "logging_config": [],
            "ordered_cache_behavior": [],
            "origin": [
              {
                "custom_header": [],
                "custom_origin_config": [],
                "domain_name": "dev3.seahorse.storybook.s3.amazonaws.com",
                "origin_id": "dev3.seahorse.storybook",
                "origin_path": "",
                "s3_origin_config": [
                  {
                    "origin_access_identity": "origin-access-identity/cloudfront/E1OA0IAA35DJ5Z"
                  }
                ]
              }
            ],
            "origin_group": [],
            "price_class": "PriceClass_All",
            "restrictions": [
              {
                "geo_restriction": [
                  {
                    "locations": [
                      "CA",
                      "DE",
                      "GB",
                      "US"
                    ],
                    "restriction_type": "whitelist"
                  }
                ]
              }
            ],
            "retain_on_delete": false,
            "status": "Deployed",
            "tags": {},
            "trusted_signers": [
              {
                "enabled": false,
                "items": []
              }
            ],
            "viewer_certificate": [
              {
                "acm_certificate_arn": "arn:aws:acm:us-east-1:073724527903:certificate/dc18ba4a-0f70-4033-9c0d-9d7255a16b90",
                "cloudfront_default_certificate": false,
                "iam_certificate_id": "",
                "minimum_protocol_version": "TLSv1.2_2019",
                "ssl_support_method": "sni-only"
              }
            ],
            "wait_for_deployment": true,
            "web_acl_id": "3c717eba-7331-418f-9786-d724aae8abf9"
          },
          "private": "eyJzY2hlbWFfdmVyc2lvbiI6IjEifQ==",
          "dependencies": [
            "module.acm.aws_acm_certificate.web_cert",
            "module.waf.aws_waf_ipset.ipset",
            "module.waf.aws_waf_rule.wafrule",
            "module.waf.aws_waf_web_acl.waf_acl",
            "module.web_static.aws_cloudfront_origin_access_identity.storybook_origin_access_identity",
            "module.web_static.aws_s3_bucket.storybook"
          ]
        }
      ]
    },
    {
      "module": "module.web_static",
      "mode": "managed",
      "type": "aws_cloudfront_origin_access_identity",
      "name": "docusaurus_origin_access_identity",
      "provider": "provider[\"registry.terraform.io/hashicorp/aws\"]",
      "instances": [
        {
          "schema_version": 0,
          "attributes": {
            "caller_reference": "terraform-20210404224040061700000002",
            "cloudfront_access_identity_path": "origin-access-identity/cloudfront/E2ITBHEK5063XZ",
            "comment": "Docusaurus OAI",
            "etag": "EFKIL9JYS4R7G",
            "iam_arn": "arn:aws:iam::cloudfront:user/CloudFront Origin Access Identity E2ITBHEK5063XZ",
            "id": "E2ITBHEK5063XZ",
            "s3_canonical_user_id": "21e63219bdc5e87a30ea1635aa04376483d05f116c05986373df0a67e8a11187437cb5bd265bbfedf4e5cf18f78de726"
          },
          "private": "bnVsbA=="
        }
      ]
    },
    {
      "module": "module.web_static",
      "mode": "managed",
      "type": "aws_cloudfront_origin_access_identity",
      "name": "example_origin_access_identity",
      "provider": "provider[\"registry.terraform.io/hashicorp/aws\"]",
      "instances": [
        {
          "schema_version": 0,
          "attributes": {
            "caller_reference": "terraform-20210404224040061400000001",
            "cloudfront_access_identity_path": "origin-access-identity/cloudfront/EA1NHKMRRTPYG",
            "comment": "Examples OAI",
            "etag": "E3LL214DL1XG53",
            "iam_arn": "arn:aws:iam::cloudfront:user/CloudFront Origin Access Identity EA1NHKMRRTPYG",
            "id": "EA1NHKMRRTPYG",
            "s3_canonical_user_id": "3b9b69f755e4d0f8bba8888bac2c27e74be2aef6d3c768d3d0b82b1c312f0b5cdbab499a78aa7b290cc74506883de040"
          },
          "private": "bnVsbA=="
        }
      ]
    },
    {
      "module": "module.web_static",
      "mode": "managed",
      "type": "aws_cloudfront_origin_access_identity",
      "name": "finsemble_origin_access_identity",
      "provider": "provider[\"registry.terraform.io/hashicorp/aws\"]",
      "instances": [
        {
          "schema_version": 0,
          "attributes": {
            "caller_reference": "terraform-20210404224041994500000003",
            "cloudfront_access_identity_path": "origin-access-identity/cloudfront/E39UO2K4TYCG3R",
            "comment": "Finsemble OAI",
            "etag": "E2UAKBS13EDGOF",
            "iam_arn": "arn:aws:iam::cloudfront:user/CloudFront Origin Access Identity E39UO2K4TYCG3R",
            "id": "E39UO2K4TYCG3R",
            "s3_canonical_user_id": "5affd63023efb026602028f55194c4ee1eb0a58774bfae08c02fff7c1928ce2104e38135421607fa3d5c5f31351189a7"
          },
          "private": "bnVsbA=="
        }
      ]
    },
    {
      "module": "module.web_static",
      "mode": "managed",
      "type": "aws_cloudfront_origin_access_identity",
      "name": "storybook_origin_access_identity",
      "provider": "provider[\"registry.terraform.io/hashicorp/aws\"]",
      "instances": [
        {
          "schema_version": 0,
          "attributes": {
            "caller_reference": "terraform-20210404224043151800000005",
            "cloudfront_access_identity_path": "origin-access-identity/cloudfront/E1OA0IAA35DJ5Z",
            "comment": "StoryBook OAI",
            "etag": "E3YGE4E5FEWFI",
            "iam_arn": "arn:aws:iam::cloudfront:user/CloudFront Origin Access Identity E1OA0IAA35DJ5Z",
            "id": "E1OA0IAA35DJ5Z",
            "s3_canonical_user_id": "9d579d6eddaca468d2c07d6f862a0cdda38b94b7520dc6b4b75fcc3b769a070493e12d88a91309ac83ea84b5e8ecd9c4"
          },
          "private": "bnVsbA=="
        }
      ]
    },
    {
      "module": "module.web_static",
      "mode": "managed",
      "type": "aws_s3_bucket",
      "name": "docusaurus",
      "provider": "provider[\"registry.terraform.io/hashicorp/aws\"]",
      "instances": [
        {
          "schema_version": 0,
          "attributes": {
            "acceleration_status": "",
            "acl": "public-read",
            "arn": "arn:aws:s3:::dev3.seahorse.docusaurus",
            "bucket": "dev3.seahorse.docusaurus",
            "bucket_domain_name": "dev3.seahorse.docusaurus.s3.amazonaws.com",
            "bucket_prefix": null,
            "bucket_regional_domain_name": "dev3.seahorse.docusaurus.s3.amazonaws.com",
            "cors_rule": [],
            "force_destroy": false,
            "grant": [],
            "hosted_zone_id": "Z3AQBSTGFYJSTF",
            "id": "dev3.seahorse.docusaurus",
            "lifecycle_rule": [],
            "logging": [],
            "object_lock_configuration": [],
            "policy": "{\"Id\":\"CloudFrontOAIOnly\",\"Statement\":[{\"Action\":\"s3:GetObject\",\"Effect\":\"Allow\",\"Principal\":{\"AWS\":\"arn:aws:iam::cloudfront:user/CloudFront Origin Access Identity E2ITBHEK5063XZ\"},\"Resource\":\"arn:aws:s3:::dev3.seahorse.docusaurus/*\",\"Sid\":\"1\"}],\"Version\":\"2012-10-17\"}",
            "region": "us-east-1",
            "replication_configuration": [],
            "request_payer": "BucketOwner",
            "server_side_encryption_configuration": [],
            "tags": {
              "Environment": "SeaHorse",
              "Name": "Product"
            },
            "versioning": [
              {
                "enabled": false,
                "mfa_delete": false
              }
            ],
            "website": [
              {
                "error_document": "error.html",
                "index_document": "index.html",
                "redirect_all_requests_to": "",
                "routing_rules": ""
              }
            ],
            "website_domain": "s3-website-us-east-1.amazonaws.com",
            "website_endpoint": "dev3.seahorse.docusaurus.s3-website-us-east-1.amazonaws.com"
          },
          "private": "bnVsbA==",
          "dependencies": [
            "module.web_static.aws_cloudfront_origin_access_identity.docusaurus_origin_access_identity"
          ]
        }
      ]
    },
    {
      "module": "module.web_static",
      "mode": "managed",
      "type": "aws_s3_bucket",
      "name": "examples",
      "provider": "provider[\"registry.terraform.io/hashicorp/aws\"]",
      "instances": [
        {
          "schema_version": 0,
          "attributes": {
            "acceleration_status": "",
            "acl": "public-read",
            "arn": "arn:aws:s3:::dev3.seahorse.simple-app",
            "bucket": "dev3.seahorse.simple-app",
            "bucket_domain_name": "dev3.seahorse.simple-app.s3.amazonaws.com",
            "bucket_prefix": null,
            "bucket_regional_domain_name": "dev3.seahorse.simple-app.s3.amazonaws.com",
            "cors_rule": [],
            "force_destroy": false,
            "grant": [],
            "hosted_zone_id": "Z3AQBSTGFYJSTF",
            "id": "dev3.seahorse.simple-app",
            "lifecycle_rule": [],
            "logging": [],
            "object_lock_configuration": [],
            "policy": "{\"Id\":\"CloudFrontOAIOnly\",\"Statement\":[{\"Action\":\"s3:GetObject\",\"Effect\":\"Allow\",\"Principal\":{\"AWS\":\"arn:aws:iam::cloudfront:user/CloudFront Origin Access Identity EA1NHKMRRTPYG\"},\"Resource\":\"arn:aws:s3:::dev3.seahorse.simple-app/*\",\"Sid\":\"1\"}],\"Version\":\"2012-10-17\"}",
            "region": "us-east-1",
            "replication_configuration": [],
            "request_payer": "BucketOwner",
            "server_side_encryption_configuration": [],
            "tags": {
              "Environment": "SeaHorse",
              "Name": "Product"
            },
            "versioning": [
              {
                "enabled": false,
                "mfa_delete": false
              }
            ],
            "website": [
              {
                "error_document": "error.html",
                "index_document": "index.html",
                "redirect_all_requests_to": "",
                "routing_rules": ""
              }
            ],
            "website_domain": "s3-website-us-east-1.amazonaws.com",
            "website_endpoint": "dev3.seahorse.simple-app.s3-website-us-east-1.amazonaws.com"
          },
          "private": "bnVsbA==",
          "dependencies": [
            "module.web_static.aws_cloudfront_origin_access_identity.example_origin_access_identity"
          ]
        }
      ]
    },
    {
      "module": "module.web_static",
      "mode": "managed",
      "type": "aws_s3_bucket",
      "name": "finsemble",
      "provider": "provider[\"registry.terraform.io/hashicorp/aws\"]",
      "instances": [
        {
          "schema_version": 0,
          "attributes": {
            "acceleration_status": "",
            "acl": "public-read",
            "arn": "arn:aws:s3:::dev3.seahorse.finsemble",
            "bucket": "dev3.seahorse.finsemble",
            "bucket_domain_name": "dev3.seahorse.finsemble.s3.amazonaws.com",
            "bucket_prefix": null,
            "bucket_regional_domain_name": "dev3.seahorse.finsemble.s3.amazonaws.com",
            "cors_rule": [],
            "force_destroy": false,
            "grant": [],
            "hosted_zone_id": "Z3AQBSTGFYJSTF",
            "id": "dev3.seahorse.finsemble",
            "lifecycle_rule": [],
            "logging": [],
            "object_lock_configuration": [],
            "policy": "{\"Id\":\"CloudFrontOAIOnly\",\"Statement\":[{\"Action\":\"s3:GetObject\",\"Effect\":\"Allow\",\"Principal\":{\"AWS\":\"arn:aws:iam::cloudfront:user/CloudFront Origin Access Identity E39UO2K4TYCG3R\"},\"Resource\":\"arn:aws:s3:::dev3.seahorse.finsemble/*\",\"Sid\":\"1\"}],\"Version\":\"2012-10-17\"}",
            "region": "us-east-1",
            "replication_configuration": [],
            "request_payer": "BucketOwner",
            "server_side_encryption_configuration": [],
            "tags": {
              "Environment": "SeaHorse",
              "Name": "Product"
            },
            "versioning": [
              {
                "enabled": false,
                "mfa_delete": false
              }
            ],
            "website": [
              {
                "error_document": "error.html",
                "index_document": "index.html",
                "redirect_all_requests_to": "",
                "routing_rules": ""
              }
            ],
            "website_domain": "s3-website-us-east-1.amazonaws.com",
            "website_endpoint": "dev3.seahorse.finsemble.s3-website-us-east-1.amazonaws.com"
          },
          "private": "bnVsbA==",
          "dependencies": [
            "module.web_static.aws_cloudfront_origin_access_identity.finsemble_origin_access_identity"
          ]
        }
      ]
    },
    {
      "module": "module.web_static",
      "mode": "managed",
      "type": "aws_s3_bucket",
      "name": "storybook",
      "provider": "provider[\"registry.terraform.io/hashicorp/aws\"]",
      "instances": [
        {
          "schema_version": 0,
          "attributes": {
            "acceleration_status": "",
            "acl": "public-read",
            "arn": "arn:aws:s3:::dev3.seahorse.storybook",
            "bucket": "dev3.seahorse.storybook",
            "bucket_domain_name": "dev3.seahorse.storybook.s3.amazonaws.com",
            "bucket_prefix": null,
            "bucket_regional_domain_name": "dev3.seahorse.storybook.s3.amazonaws.com",
            "cors_rule": [],
            "force_destroy": false,
            "grant": [],
            "hosted_zone_id": "Z3AQBSTGFYJSTF",
            "id": "dev3.seahorse.storybook",
            "lifecycle_rule": [],
            "logging": [],
            "object_lock_configuration": [],
            "policy": "{\"Id\":\"CloudFrontOAIOnly\",\"Statement\":[{\"Action\":\"s3:GetObject\",\"Effect\":\"Allow\",\"Principal\":{\"AWS\":\"arn:aws:iam::cloudfront:user/CloudFront Origin Access Identity E1OA0IAA35DJ5Z\"},\"Resource\":\"arn:aws:s3:::dev3.seahorse.storybook/*\",\"Sid\":\"1\"}],\"Version\":\"2012-10-17\"}",
            "region": "us-east-1",
            "replication_configuration": [],
            "request_payer": "BucketOwner",
            "server_side_encryption_configuration": [],
            "tags": {
              "Environment": "SeaHorse",
              "Name": "Product"
            },
            "versioning": [
              {
                "enabled": false,
                "mfa_delete": false
              }
            ],
            "website": [
              {
                "error_document": "error.html",
                "index_document": "index.html",
                "redirect_all_requests_to": "",
                "routing_rules": ""
              }
            ],
            "website_domain": "s3-website-us-east-1.amazonaws.com",
            "website_endpoint": "dev3.seahorse.storybook.s3-website-us-east-1.amazonaws.com"
          },
          "private": "bnVsbA==",
          "dependencies": [
            "module.web_static.aws_cloudfront_origin_access_identity.storybook_origin_access_identity"
          ]
        }
      ]
    }
  ]
}
